{
  "version": 4,
  "terraform_version": "1.15.5",
  "serial": 3172,
  "lineage": "645f21b4-d321-9e67-e502-7c2a41b4e239",
  "outputs": {
    "alb_arn": {
      "value": "arn:aws:elasticloadbalancing:us-east-1:762595429056:loadbalancer/app/learn-patch-asg-ad-alb/3544791534e33a81",
      "type": "string"
    },
    "alb_dns_name": {
      "value": "internal-learn-patch-asg-ad-alb-222584933.us-east-1.elb.amazonaws.com",
      "type": "string"
    },
    "alb_target_group_arn": {
      "value": "arn:aws:elasticloadbalancing:us-east-1:762595429056:targetgroup/learn-patch-asg-ad-tg/3024a8e8c108e32c",
      "type": "string"
    },
    "ami_id": {
      "value": "ami-0ca7038e6ff499fc0",
      "type": "string"
    },
    "asg_name": {
      "value": "learn-patch-asg-ad-windows-asg",
      "type": "string"
    },
    "maintenance_window_id": {
      "value": "mw-023a720f3ed9390ae",
      "type": "string"
    },
    "managed_ad_dns_ips": {
      "value": [
        "172.16.2.162",
        "172.16.4.101"
      ],
      "type": [
        "set",
        "string"
      ]
    },
    "managed_ad_id": {
      "value": "d-9066715f5b",
      "type": "string"
    },
    "patch_baseline_id": {
      "value": "pb-09ed5afcc3e29d3a0",
      "type": "string"
    },
    "vpc_id": {
      "value": "vpc-0ed5e41d616634cd3",
      "type": "string"
    }
  },
  "resources": [
    {
      "mode": "managed",
      "type": "aws_autoscaling_attachment",
      "name": "alb",
      "provider": "provider[\"registry.terraform.io/hashicorp/aws\"]",
      "instances": [
        {
          "schema_version": 0,
          "attributes": {
            "autoscaling_group_name": "learn-patch-asg-ad-windows-asg",
            "elb": null,
            "id": "learn-patch-asg-ad-windows-asg-20260602095652160700000001",
            "lb_target_group_arn": "arn:aws:elasticloadbalancing:us-east-1:762595429056:targetgroup/learn-patch-asg-ad-tg/3024a8e8c108e32c",
            "region": "us-east-1"
          },
          "sensitive_attributes": [],
          "identity_schema_version": 0,
          "private": "bnVsbA==",
          "dependencies": [
            "aws_autoscaling_group.windows",
            "aws_directory_service_directory.managed_ad",
            "aws_eip.nat",
            "aws_iam_instance_profile.ec2_ssm_ad",
            "aws_iam_role.ec2_ssm_ad",
            "aws_internet_gateway.igw",
            "aws_launch_template.windows",
            "aws_lb_target_group.windows",
            "aws_nat_gateway.nat",
            "aws_security_group.alb",
            "aws_security_group.windows_asg",
            "aws_ssm_association.ad_join",
            "aws_ssm_document.ad_join",
            "aws_subnet.private",
            "aws_subnet.public",
            "aws_vpc.main",
            "data.aws_ami.windows_2019",
            "data.aws_vpc.existing"
          ]
        }
      ]
    },
    {
      "mode": "managed",
      "type": "aws_autoscaling_group",
      "name": "windows",
      "provider": "provider[\"registry.terraform.io/hashicorp/aws\"]",
      "instances": [
        {
          "schema_version": 1,
          "attributes": {
            "arn": "arn:aws:autoscaling:us-east-1:762595429056:autoScalingGroup:b7dab34e-2057-4802-8f1f-d528f11f6cff:autoScalingGroupName/learn-patch-asg-ad-windows-asg",
            "availability_zone_distribution": [
              {
                "capacity_distribution_strategy": "balanced-best-effort"
              }
            ],
            "availability_zones": [
              "us-east-1a",
              "us-east-1b"
            ],
            "capacity_rebalance": false,
            "capacity_reservation_specification": [
              {
                "capacity_reservation_preference": "default",
                "capacity_reservation_target": []
              }
            ],
            "context": "",
            "default_cooldown": 300,
            "default_instance_warmup": 0,
            "desired_capacity": 2,
            "desired_capacity_type": "",
            "enabled_metrics": null,
            "force_delete": false,
            "force_delete_warm_pool": false,
            "health_check_grace_period": 300,
            "health_check_type": "EC2",
            "id": "learn-patch-asg-ad-windows-asg",
            "ignore_failed_scaling_activities": false,
            "initial_lifecycle_hook": [],
            "instance_maintenance_policy": [],
            "instance_refresh": [
              {
                "preferences": [
                  {
                    "alarm_specification": [],
                    "auto_rollback": false,
                    "checkpoint_delay": "",
                    "checkpoint_percentages": null,
                    "instance_warmup": "",
                    "max_healthy_percentage": 100,
                    "min_healthy_percentage": 50,
                    "scale_in_protected_instances": "Ignore",
                    "skip_matching": false,
                    "standby_instances": "Ignore"
                  }
                ],
                "strategy": "Rolling",
                "triggers": null
              }
            ],
            "launch_configuration": "",
            "launch_template": [
              {
                "id": "lt-0119b9edb0091bd98",
                "name": "learn-patch-asg-ad-win-20260602093159451100000002",
                "version": "$Latest"
              }
            ],
            "load_balancers": [],
            "max_instance_lifetime": 0,
            "max_size": 4,
            "metrics_granularity": "1Minute",
            "min_elb_capacity": null,
            "min_size": 1,
            "mixed_instances_policy": [],
            "name": "learn-patch-asg-ad-windows-asg",
            "name_prefix": "",
            "placement_group": "",
            "predicted_capacity": 0,
            "protect_from_scale_in": false,
            "region": "us-east-1",
            "service_linked_role_arn": "arn:aws:iam::762595429056:role/aws-service-role/autoscaling.amazonaws.com/AWSServiceRoleForAutoScaling",
            "suspended_processes": null,
            "tag": [
              {
                "key": "ADJoin",
                "propagate_at_launch": true,
                "value": "true"
              },
              {
                "key": "Name",
                "propagate_at_launch": true,
                "value": "learn-patch-asg-ad-win-asg"
              },
              {
                "key": "PatchGroup",
                "propagate_at_launch": true,
                "value": "Windows-Production"
              },
              {
                "key": "auto-delete",
                "propagate_at_launch": true,
                "value": "no"
              }
            ],
            "target_group_arns": [],
            "termination_policies": null,
            "timeouts": null,
            "traffic_source": [],
            "vpc_zone_identifier": [
              "subnet-06a2e05ddfee15374",
              "subnet-0cc4ef269d76110ea"
            ],
            "wait_for_capacity_timeout": "15m",
            "wait_for_elb_capacity": null,
            "warm_pool": [],
            "warm_pool_size": 0
          },
          "sensitive_attributes": [],
          "identity_schema_version": 0,
          "identity": {
            "account_id": "762595429056",
            "name": "learn-patch-asg-ad-windows-asg",
            "region": "us-east-1"
          },
          "private": "eyJlMmJmYjczMC1lY2FhLTExZTYtOGY4OC0zNDM2M2JjN2M0YzAiOnsiZGVsZXRlIjo2MDAwMDAwMDAwMDAsInVwZGF0ZSI6NjAwMDAwMDAwMDAwfSwic2NoZW1hX3ZlcnNpb24iOiIxIn0=",
          "dependencies": [
            "aws_directory_service_directory.managed_ad",
            "aws_eip.nat",
            "aws_iam_instance_profile.ec2_ssm_ad",
            "aws_iam_role.ec2_ssm_ad",
            "aws_internet_gateway.igw",
            "aws_launch_template.windows",
            "aws_nat_gateway.nat",
            "aws_security_group.alb",
            "aws_security_group.windows_asg",
            "aws_ssm_association.ad_join",
            "aws_ssm_document.ad_join",
            "aws_subnet.private",
            "aws_subnet.public",
            "aws_vpc.main",
            "data.aws_ami.windows_2019",
            "data.aws_vpc.existing"
          ]
        }
      ]
    },
    {
      "mode": "managed",
      "type": "aws_directory_service_directory",
      "name": "managed_ad",
      "provider": "provider[\"registry.terraform.io/hashicorp/aws\"]",
      "instances": [
        {
          "schema_version": 0,
          "attributes": {
            "access_url": "d-9066715f5b.awsapps.com",
            "alias": "d-9066715f5b",
            "connect_settings": [],
            "description": "",
            "desired_number_of_domain_controllers": 2,
            "dns_ip_addresses": [
              "172.16.2.162",
              "172.16.4.101"
            ],
            "edition": "Standard",
            "enable_directory_data_access": false,
            "enable_sso": false,
            "id": "d-9066715f5b",
            "name": "corp.learn-patch.local",
            "password": "YourP@ssw0rd!",
            "region": "us-east-1",
            "security_group_id": "sg-06875b4745437e1b2",
            "short_name": "corp",
            "size": "Small",
            "tags": {
              "Name": "learn-patch-asg-ad-managed-ad",
              "auto-delete": "no"
            },
            "tags_all": {
              "Name": "learn-patch-asg-ad-managed-ad",
              "auto-delete": "no"
            },
            "timeouts": null,
            "type": "MicrosoftAD",
            "vpc_settings": [
              {
                "availability_zones": [
                  "us-east-1a",
                  "us-east-1b"
                ],
                "subnet_ids": [
                  "subnet-06a2e05ddfee15374",
                  "subnet-0cc4ef269d76110ea"
                ],
                "vpc_id": "vpc-0ed5e41d616634cd3"
              }
            ]
          },
          "sensitive_attributes": [
            [
              {
                "type": "get_attr",
                "value": "password"
              }
            ]
          ],
          "identity_schema_version": 0,
          "private": "eyJlMmJmYjczMC1lY2FhLTExZTYtOGY4OC0zNDM2M2JjN2M0YzAiOnsiY3JlYXRlIjozNjAwMDAwMDAwMDAwLCJkZWxldGUiOjM2MDAwMDAwMDAwMDAsInVwZGF0ZSI6MzYwMDAwMDAwMDAwMH19",
          "dependencies": [
            "aws_subnet.private",
            "aws_vpc.main",
            "data.aws_vpc.existing"
          ]
        }
      ]
    },
    {
      "mode": "managed",
      "type": "aws_eip",
      "name": "nat",
      "provider": "provider[\"registry.terraform.io/hashicorp/aws\"]",
      "instances": [
        {
          "index_key": 0,
          "schema_version": 0,
          "attributes": {
            "address": null,
            "allocation_id": "eipalloc-0fbd5b89fd015ec90",
            "arn": "arn:aws:ec2:us-east-1:762595429056:elastic-ip/eipalloc-0fbd5b89fd015ec90",
            "associate_with_private_ip": null,
            "association_id": "",
            "carrier_ip": "",
            "customer_owned_ip": "",
            "customer_owned_ipv4_pool": "",
            "domain": "vpc",
            "id": "eipalloc-0fbd5b89fd015ec90",
            "instance": "",
            "ipam_pool_id": "",
            "network_border_group": "us-east-1",
            "network_interface": "",
            "private_dns": "",
            "private_ip": "",
            "ptr_record": "",
            "public_dns": "ec2-35-169-199-71.compute-1.amazonaws.com",
            "public_ip": "35.169.199.71",
            "public_ipv4_pool": "amazon",
            "region": "us-east-1",
            "tags": {
              "Name": "learn-patch-asg-ad-nat-eip"
            },
            "tags_all": {
              "Name": "learn-patch-asg-ad-nat-eip"
            },
            "timeouts": null
          },
          "sensitive_attributes": [],
          "identity_schema_version": 0,
          "identity": {
            "account_id": "762595429056",
            "id": "eipalloc-0fbd5b89fd015ec90",
            "region": "us-east-1"
          },
          "private": "eyJlMmJmYjczMC1lY2FhLTExZTYtOGY4OC0zNDM2M2JjN2M0YzAiOnsiZGVsZXRlIjoxODAwMDAwMDAwMDAsInJlYWQiOjkwMDAwMDAwMDAwMCwidXBkYXRlIjozMDAwMDAwMDAwMDB9fQ=="
        }
      ]
    },
    {
      "mode": "managed",
      "type": "aws_iam_instance_profile",
      "name": "ec2_ssm_ad",
      "provider": "provider[\"registry.terraform.io/hashicorp/aws\"]",
      "instances": [
        {
          "schema_version": 0,
          "attributes": {
            "arn": "arn:aws:iam::762595429056:instance-profile/learn-patch-asg-ad-ec2-ssm-ad-profile",
            "create_date": "2026-06-02T09:31:53Z",
            "id": "learn-patch-asg-ad-ec2-ssm-ad-profile",
            "name": "learn-patch-asg-ad-ec2-ssm-ad-profile",
            "name_prefix": "",
            "path": "/",
            "role": "learn-patch-asg-ad-ec2-ssm-ad-role",
            "tags": null,
            "tags_all": {},
            "unique_id": "AIPA3DDR2ZLAH43E2WT2Z"
          },
          "sensitive_attributes": [],
          "identity_schema_version": 0,
          "identity": {
            "account_id": "762595429056",
            "name": "learn-patch-asg-ad-ec2-ssm-ad-profile"
          },
          "private": "bnVsbA==",
          "dependencies": [
            "aws_iam_role.ec2_ssm_ad"
          ],
          "create_before_destroy": true
        }
      ]
    },
    {
      "mode": "managed",
      "type": "aws_iam_role",
      "name": "ec2_ssm_ad",
      "provider": "provider[\"registry.terraform.io/hashicorp/aws\"]",
      "instances": [
        {
          "schema_version": 0,
          "attributes": {
            "arn": "arn:aws:iam::762595429056:role/learn-patch-asg-ad-ec2-ssm-ad-role",
            "assume_role_policy": "{\"Statement\":[{\"Action\":\"sts:AssumeRole\",\"Effect\":\"Allow\",\"Principal\":{\"Service\":\"ec2.amazonaws.com\"}}],\"Version\":\"2012-10-17\"}",
            "create_date": "2026-06-02T09:31:52Z",
            "description": "",
            "force_detach_policies": false,
            "id": "learn-patch-asg-ad-ec2-ssm-ad-role",
            "inline_policy": [],
            "managed_policy_arns": [],
            "max_session_duration": 3600,
            "name": "learn-patch-asg-ad-ec2-ssm-ad-role",
            "name_prefix": "",
            "path": "/",
            "permissions_boundary": "",
            "tags": {
              "Name": "learn-patch-asg-ad-ec2-ssm-ad-role"
            },
            "tags_all": {
              "Name": "learn-patch-asg-ad-ec2-ssm-ad-role"
            },
            "unique_id": "AROA3DDR2ZLAKAAL7I4RJ"
          },
          "sensitive_attributes": [],
          "identity_schema_version": 0,
          "identity": {
            "account_id": "762595429056",
            "name": "learn-patch-asg-ad-ec2-ssm-ad-role"
          },
          "private": "bnVsbA==",
          "create_before_destroy": true
        }
      ]
    },
    {
      "mode": "managed",
      "type": "aws_iam_role_policy_attachment",
      "name": "ssm_core",
      "provider": "provider[\"registry.terraform.io/hashicorp/aws\"]",
      "instances": [
        {
          "schema_version": 0,
          "attributes": {
            "id": "learn-patch-asg-ad-ec2-ssm-ad-role/arn:aws:iam::aws:policy/AmazonSSMManagedInstanceCore",
            "policy_arn": "arn:aws:iam::aws:policy/AmazonSSMManagedInstanceCore",
            "role": "learn-patch-asg-ad-ec2-ssm-ad-role"
          },
          "sensitive_attributes": [],
          "identity_schema_version": 0,
          "identity": {
            "account_id": "762595429056",
            "policy_arn": "arn:aws:iam::aws:policy/AmazonSSMManagedInstanceCore",
            "role": "learn-patch-asg-ad-ec2-ssm-ad-role"
          },
          "private": "bnVsbA==",
          "dependencies": [
            "aws_iam_role.ec2_ssm_ad"
          ]
        }
      ]
    },
    {
      "mode": "managed",
      "type": "aws_iam_role_policy_attachment",
      "name": "ssm_directory",
      "provider": "provider[\"registry.terraform.io/hashicorp/aws\"]",
      "instances": [
        {
          "schema_version": 0,
          "attributes": {
            "id": "learn-patch-asg-ad-ec2-ssm-ad-role/arn:aws:iam::aws:policy/AmazonSSMDirectoryServiceAccess",
            "policy_arn": "arn:aws:iam::aws:policy/AmazonSSMDirectoryServiceAccess",
            "role": "learn-patch-asg-ad-ec2-ssm-ad-role"
          },
          "sensitive_attributes": [],
          "identity_schema_version": 0,
          "identity": {
            "account_id": "762595429056",
            "policy_arn": "arn:aws:iam::aws:policy/AmazonSSMDirectoryServiceAccess",
            "role": "learn-patch-asg-ad-ec2-ssm-ad-role"
          },
          "private": "bnVsbA==",
          "dependencies": [
            "aws_iam_role.ec2_ssm_ad"
          ]
        }
      ]
    },
    {
      "mode": "managed",
      "type": "aws_internet_gateway",
      "name": "igw",
      "provider": "provider[\"registry.terraform.io/hashicorp/aws\"]",
      "instances": [
        {
          "index_key": 0,
          "schema_version": 0,
          "attributes": {
            "arn": "arn:aws:ec2:us-east-1:762595429056:internet-gateway/igw-0637c7f8b22f04b01",
            "id": "igw-0637c7f8b22f04b01",
            "owner_id": "762595429056",
            "region": "us-east-1",
            "tags": {
              "Name": "learn-patch-asg-ad-igw"
            },
            "tags_all": {
              "Name": "learn-patch-asg-ad-igw"
            },
            "timeouts": null,
            "vpc_id": "vpc-0ed5e41d616634cd3"
          },
          "sensitive_attributes": [],
          "identity_schema_version": 0,
          "identity": {
            "account_id": "762595429056",
            "id": "igw-0637c7f8b22f04b01",
            "region": "us-east-1"
          },
          "private": "eyJlMmJmYjczMC1lY2FhLTExZTYtOGY4OC0zNDM2M2JjN2M0YzAiOnsiY3JlYXRlIjoxMjAwMDAwMDAwMDAwLCJkZWxldGUiOjEyMDAwMDAwMDAwMDAsInVwZGF0ZSI6MTIwMDAwMDAwMDAwMH19",
          "dependencies": [
            "aws_vpc.main",
            "data.aws_vpc.existing"
          ]
        }
      ]
    },
    {
      "mode": "managed",
      "type": "aws_launch_template",
      "name": "windows",
      "provider": "provider[\"registry.terraform.io/hashicorp/aws\"]",
      "instances": [
        {
          "schema_version": 1,
          "attributes": {
            "arn": "arn:aws:ec2:us-east-1:762595429056:launch-template/lt-0119b9edb0091bd98",
            "block_device_mappings": [],
            "capacity_reservation_specification": [],
            "cpu_options": [],
            "credit_specification": [],
            "default_version": 1,
            "description": "",
            "disable_api_stop": false,
            "disable_api_termination": false,
            "ebs_optimized": "",
            "enclave_options": [],
            "hibernation_options": [],
            "iam_instance_profile": [
              {
                "arn": "",
                "name": "learn-patch-asg-ad-ec2-ssm-ad-profile"
              }
            ],
            "id": "lt-0119b9edb0091bd98",
            "image_id": "ami-0ca7038e6ff499fc0",
            "instance_initiated_shutdown_behavior": "",
            "instance_market_options": [],
            "instance_requirements": [],
            "instance_type": "t3.medium",
            "kernel_id": "",
            "key_name": "",
            "latest_version": 1,
            "license_specification": [],
            "maintenance_options": [],
            "metadata_options": [
              {
                "http_endpoint": "enabled",
                "http_protocol_ipv6": "",
                "http_put_response_hop_limit": 2,
                "http_tokens": "required",
                "instance_metadata_tags": ""
              }
            ],
            "monitoring": [],
            "name": "learn-patch-asg-ad-win-20260602093159451100000002",
            "name_prefix": "learn-patch-asg-ad-win-",
            "network_interfaces": [],
            "network_performance_options": [],
            "placement": [],
            "private_dns_name_options": [],
            "ram_disk_id": "",
            "region": "us-east-1",
            "secondary_interfaces": [],
            "security_group_names": null,
            "tag_specifications": [
              {
                "resource_type": "instance",
                "tags": {
                  "ADJoin": "true",
                  "Name": "learn-patch-asg-ad-win-asg",
                  "OS": "Windows Server 2019",
                  "PatchGroup": "Windows-Production",
                  "auto-delete": "no"
                }
              },
              {
                "resource_type": "volume",
                "tags": {
                  "Name": "learn-patch-asg-ad-win-vol"
                }
              }
            ],
            "tags": {
              "Name": "learn-patch-asg-ad-win-launch-template"
            },
            "tags_all": {
              "Name": "learn-patch-asg-ad-win-launch-template"
            },
            "update_default_version": null,
            "user_data": "PHBvd2Vyc2hlbGw+CiMgLS0tLSBTU00gQWdlbnQgLS0tLQpTdGFydC1TZXJ2aWNlIEFtYXpvblNTTUFnZW50ClNldC1TZXJ2aWNlIEFtYXpvblNTTUFnZW50IC1TdGFydHVwVHlwZSBBdXRvbWF0aWMKCiMgLS0tLSBJbnN0YWxsIElJUyAtLS0tCkluc3RhbGwtV2luZG93c0ZlYXR1cmUgLU5hbWUgV2ViLVNlcnZlciAtSW5jbHVkZU1hbmFnZW1lbnRUb29scwpTdGFydC1TZXJ2aWNlIFczU1ZDClNldC1TZXJ2aWNlIFczU1ZDIC1TdGFydHVwVHlwZSBBdXRvbWF0aWMKCiMgLS0tLSBEZXBsb3kgZGVmYXVsdCBoZWFsdGgtY2hlY2sgcGFnZSAtLS0tCiRodG1sID0gQCIKPGh0bWw+CjxoZWFkPjx0aXRsZT5IZWFsdGggQ2hlY2s8L3RpdGxlPjwvaGVhZD4KPGJvZHk+CjxoMT5IZWFsdGh5PC9oMT4KPHA+SW5zdGFuY2U6ICQoJGVudjpDT01QVVRFUk5BTUUpPC9wPgo8cD5UaW1lOiAkKEdldC1EYXRlIC1Gb3JtYXQgJ3l5eXktTU0tZGQgSEg6bW06c3MgVVRDJyAtQXNVVEMpPC9wPgo8L2JvZHk+CjwvaHRtbD4KIkAKU2V0LUNvbnRlbnQgLVBhdGggIkM6XGluZXRwdWJcd3d3cm9vdFxpbmRleC5odG1sIiAtVmFsdWUgJGh0bWwKCiMgLS0tLSBGaXJld2FsbCBydWxlIGZvciBIVFRQIC0tLS0KTmV3LU5ldEZpcmV3YWxsUnVsZSAtRGlzcGxheU5hbWUgIkFsbG93IEhUVFAgSW5ib3VuZCIgLURpcmVjdGlvbiBJbmJvdW5kIC1Qb3J0IDgwIC1Qcm90b2NvbCBUQ1AgLUFjdGlvbiBBbGxvdyAtRXJyb3JBY3Rpb24gU2lsZW50bHlDb250aW51ZQoKV3JpdGUtT3V0cHV0ICJCb290c3RyYXAgY29tcGxldGUuIElJUyBpbnN0YWxsZWQgYW5kIHJ1bm5pbmcuIEFEIGpvaW4gaGFuZGxlZCBieSBTU00gQXNzb2NpYXRpb24uIgo8L3Bvd2Vyc2hlbGw+Cg==",
            "vpc_security_group_ids": [
              "sg-0600df6532f6da5e9"
            ]
          },
          "sensitive_attributes": [],
          "identity_schema_version": 0,
          "identity": {
            "account_id": "762595429056",
            "id": "lt-0119b9edb0091bd98",
            "region": "us-east-1"
          },
          "private": "eyJzY2hlbWFfdmVyc2lvbiI6IjEifQ==",
          "dependencies": [
            "aws_iam_instance_profile.ec2_ssm_ad",
            "aws_iam_role.ec2_ssm_ad",
            "aws_security_group.alb",
            "aws_security_group.windows_asg",
            "aws_vpc.main",
            "data.aws_ami.windows_2019",
            "data.aws_vpc.existing"
          ],
          "create_before_destroy": true
        }
      ]
    },
    {
      "mode": "managed",
      "type": "aws_lb",
      "name": "main",
      "provider": "provider[\"registry.terraform.io/hashicorp/aws\"]",
      "instances": [
        {
          "schema_version": 0,
          "attributes": {
            "access_logs": [
              {
                "bucket": "",
                "enabled": false,
                "prefix": ""
              }
            ],
            "arn": "arn:aws:elasticloadbalancing:us-east-1:762595429056:loadbalancer/app/learn-patch-asg-ad-alb/3544791534e33a81",
            "arn_suffix": "app/learn-patch-asg-ad-alb/3544791534e33a81",
            "client_keep_alive": 3600,
            "connection_logs": [
              {
                "bucket": "",
                "enabled": false,
                "prefix": ""
              }
            ],
            "customer_owned_ipv4_pool": "",
            "desync_mitigation_mode": "defensive",
            "dns_name": "internal-learn-patch-asg-ad-alb-222584933.us-east-1.elb.amazonaws.com",
            "dns_record_client_routing_policy": null,
            "drop_invalid_header_fields": false,
            "enable_cross_zone_load_balancing": true,
            "enable_deletion_protection": false,
            "enable_http2": true,
            "enable_tls_version_and_cipher_suite_headers": false,
            "enable_waf_fail_open": false,
            "enable_xff_client_port": false,
            "enable_zonal_shift": false,
            "enforce_security_group_inbound_rules_on_private_link_traffic": "",
            "health_check_logs": [
              {
                "bucket": "",
                "enabled": false,
                "prefix": ""
              }
            ],
            "id": "arn:aws:elasticloadbalancing:us-east-1:762595429056:loadbalancer/app/learn-patch-asg-ad-alb/3544791534e33a81",
            "idle_timeout": 60,
            "internal": true,
            "ip_address_type": "ipv4",
            "ipam_pools": [],
            "load_balancer_type": "application",
            "minimum_load_balancer_capacity": [],
            "name": "learn-patch-asg-ad-alb",
            "name_prefix": "",
            "preserve_host_header": false,
            "region": "us-east-1",
            "secondary_ips_auto_assigned_per_subnet": null,
            "security_groups": [
              "sg-0dcc66b1fc996f197"
            ],
            "subnet_mapping": [
              {
                "allocation_id": "",
                "ipv6_address": "",
                "outpost_id": "",
                "private_ipv4_address": "",
                "subnet_id": "subnet-02ec57dd41384032f"
              },
              {
                "allocation_id": "",
                "ipv6_address": "",
                "outpost_id": "",
                "private_ipv4_address": "",
                "subnet_id": "subnet-0e945f9a2b780a596"
              }
            ],
            "subnets": [
              "subnet-02ec57dd41384032f",
              "subnet-0e945f9a2b780a596"
            ],
            "tags": {
              "Name": "learn-patch-asg-ad-alb",
              "auto-delete": "no"
            },
            "tags_all": {
              "Name": "learn-patch-asg-ad-alb",
              "auto-delete": "no"
            },
            "timeouts": null,
            "vpc_id": "vpc-0ed5e41d616634cd3",
            "xff_header_processing_mode": "append",
            "zone_id": "Z35SXDOTRQ7X7K"
          },
          "sensitive_attributes": [],
          "identity_schema_version": 0,
          "identity": {
            "arn": "arn:aws:elasticloadbalancing:us-east-1:762595429056:loadbalancer/app/learn-patch-asg-ad-alb/3544791534e33a81"
          },
          "private": "eyJlMmJmYjczMC1lY2FhLTExZTYtOGY4OC0zNDM2M2JjN2M0YzAiOnsiY3JlYXRlIjo2MDAwMDAwMDAwMDAsImRlbGV0ZSI6NjAwMDAwMDAwMDAwLCJ1cGRhdGUiOjYwMDAwMDAwMDAwMH19",
          "dependencies": [
            "aws_security_group.alb",
            "aws_subnet.public",
            "aws_vpc.main",
            "data.aws_vpc.existing"
          ]
        }
      ]
    },
    {
      "mode": "managed",
      "type": "aws_lb_listener",
      "name": "http",
      "provider": "provider[\"registry.terraform.io/hashicorp/aws\"]",
      "instances": [
        {
          "schema_version": 0,
          "attributes": {
            "alpn_policy": null,
            "arn": "arn:aws:elasticloadbalancing:us-east-1:762595429056:listener/app/learn-patch-asg-ad-alb/3544791534e33a81/c92e02f57405a510",
            "certificate_arn": null,
            "default_action": [
              {
                "authenticate_cognito": [],
                "authenticate_oidc": [],
                "fixed_response": [],
                "forward": [],
                "jwt_validation": [],
                "order": 1,
                "redirect": [],
                "target_group_arn": "arn:aws:elasticloadbalancing:us-east-1:762595429056:targetgroup/learn-patch-asg-ad-tg/3024a8e8c108e32c",
                "type": "forward"
              }
            ],
            "id": "arn:aws:elasticloadbalancing:us-east-1:762595429056:listener/app/learn-patch-asg-ad-alb/3544791534e33a81/c92e02f57405a510",
            "load_balancer_arn": "arn:aws:elasticloadbalancing:us-east-1:762595429056:loadbalancer/app/learn-patch-asg-ad-alb/3544791534e33a81",
            "mutual_authentication": [],
            "port": 80,
            "protocol": "HTTP",
            "region": "us-east-1",
            "routing_http_request_x_amzn_mtls_clientcert_header_name": null,
            "routing_http_request_x_amzn_mtls_clientcert_issuer_header_name": null,
            "routing_http_request_x_amzn_mtls_clientcert_leaf_header_name": null,
            "routing_http_request_x_amzn_mtls_clientcert_serial_number_header_name": null,
            "routing_http_request_x_amzn_mtls_clientcert_subject_header_name": null,
            "routing_http_request_x_amzn_mtls_clientcert_validity_header_name": null,
            "routing_http_request_x_amzn_tls_cipher_suite_header_name": null,
            "routing_http_request_x_amzn_tls_version_header_name": null,
            "routing_http_response_access_control_allow_credentials_header_value": "",
            "routing_http_response_access_control_allow_headers_header_value": "",
            "routing_http_response_access_control_allow_methods_header_value": "",
            "routing_http_response_access_control_allow_origin_header_value": "",
            "routing_http_response_access_control_expose_headers_header_value": "",
            "routing_http_response_access_control_max_age_header_value": "",
            "routing_http_response_content_security_policy_header_value": "",
            "routing_http_response_server_enabled": true,
            "routing_http_response_strict_transport_security_header_value": "",
            "routing_http_response_x_content_type_options_header_value": "",
            "routing_http_response_x_frame_options_header_value": "",
            "ssl_policy": "",
            "tags": null,
            "tags_all": {},
            "tcp_idle_timeout_seconds": null,
            "timeouts": null
          },
          "sensitive_attributes": [],
          "identity_schema_version": 0,
          "identity": {
            "arn": "arn:aws:elasticloadbalancing:us-east-1:762595429056:listener/app/learn-patch-asg-ad-alb/3544791534e33a81/c92e02f57405a510"
          },
          "private": "eyJlMmJmYjczMC1lY2FhLTExZTYtOGY4OC0zNDM2M2JjN2M0YzAiOnsiY3JlYXRlIjozMDAwMDAwMDAwMDAsInVwZGF0ZSI6MzAwMDAwMDAwMDAwfX0=",
          "dependencies": [
            "aws_lb.main",
            "aws_lb_target_group.windows",
            "aws_security_group.alb",
            "aws_subnet.public",
            "aws_vpc.main",
            "data.aws_vpc.existing"
          ]
        }
      ]
    },
    {
      "mode": "managed",
      "type": "aws_lb_target_group",
      "name": "windows",
      "provider": "provider[\"registry.terraform.io/hashicorp/aws\"]",
      "instances": [
        {
          "schema_version": 0,
          "attributes": {
            "arn": "arn:aws:elasticloadbalancing:us-east-1:762595429056:targetgroup/learn-patch-asg-ad-tg/3024a8e8c108e32c",
            "arn_suffix": "targetgroup/learn-patch-asg-ad-tg/3024a8e8c108e32c",
            "connection_termination": null,
            "deregistration_delay": "300",
            "health_check": [
              {
                "enabled": true,
                "healthy_threshold": 3,
                "interval": 30,
                "matcher": "200-399",
                "path": "/",
                "port": "traffic-port",
                "protocol": "HTTP",
                "timeout": 5,
                "unhealthy_threshold": 3
              }
            ],
            "id": "arn:aws:elasticloadbalancing:us-east-1:762595429056:targetgroup/learn-patch-asg-ad-tg/3024a8e8c108e32c",
            "ip_address_type": "ipv4",
            "lambda_multi_value_headers_enabled": false,
            "load_balancer_arns": [],
            "load_balancing_algorithm_type": "round_robin",
            "load_balancing_anomaly_mitigation": "off",
            "load_balancing_cross_zone_enabled": "use_load_balancer_configuration",
            "name": "learn-patch-asg-ad-tg",
            "name_prefix": "",
            "port": 80,
            "preserve_client_ip": null,
            "protocol": "HTTP",
            "protocol_version": "HTTP1",
            "proxy_protocol_v2": false,
            "region": "us-east-1",
            "slow_start": 0,
            "stickiness": [
              {
                "cookie_duration": 86400,
                "cookie_name": "",
                "enabled": false,
                "type": "lb_cookie"
              }
            ],
            "tags": {
              "Name": "learn-patch-asg-ad-tg"
            },
            "tags_all": {
              "Name": "learn-patch-asg-ad-tg"
            },
            "target_control_port": 0,
            "target_failover": [
              {
                "on_deregistration": null,
                "on_unhealthy": null
              }
            ],
            "target_group_health": [
              {
                "dns_failover": [
                  {
                    "minimum_healthy_targets_count": "1",
                    "minimum_healthy_targets_percentage": "off"
                  }
                ],
                "unhealthy_state_routing": [
                  {
                    "minimum_healthy_targets_count": 1,
                    "minimum_healthy_targets_percentage": "off"
                  }
                ]
              }
            ],
            "target_health_state": [
              {
                "enable_unhealthy_connection_termination": null,
                "unhealthy_draining_interval": null
              }
            ],
            "target_type": "instance",
            "vpc_id": "vpc-0ed5e41d616634cd3"
          },
          "sensitive_attributes": [],
          "identity_schema_version": 0,
          "identity": {
            "arn": "arn:aws:elasticloadbalancing:us-east-1:762595429056:targetgroup/learn-patch-asg-ad-tg/3024a8e8c108e32c"
          },
          "private": "bnVsbA==",
          "dependencies": [
            "aws_vpc.main",
            "data.aws_vpc.existing"
          ]
        }
      ]
    },
    {
      "mode": "managed",
      "type": "aws_nat_gateway",
      "name": "nat",
      "provider": "provider[\"registry.terraform.io/hashicorp/aws\"]",
      "instances": [
        {
          "index_key": 0,
          "schema_version": 0,
          "attributes": {
            "allocation_id": "eipalloc-0fbd5b89fd015ec90",
            "association_id": "eipassoc-0434a297db4de796e",
            "auto_provision_zones": null,
            "auto_scaling_ips": null,
            "availability_mode": "zonal",
            "availability_zone_address": [],
            "connectivity_type": "public",
            "id": "nat-0943532b864e65210",
            "network_interface_id": "eni-04e90d76a1eaef85d",
            "private_ip": "172.16.1.75",
            "public_ip": "35.169.199.71",
            "region": "us-east-1",
            "regional_nat_gateway_address": [],
            "regional_nat_gateway_auto_mode": null,
            "route_table_id": null,
            "secondary_allocation_ids": [],
            "secondary_private_ip_address_count": 0,
            "secondary_private_ip_addresses": [],
            "subnet_id": "subnet-0e945f9a2b780a596",
            "tags": {
              "Name": "learn-patch-asg-ad-nat-gw",
              "auto-delete": "no"
            },
            "tags_all": {
              "Name": "learn-patch-asg-ad-nat-gw",
              "auto-delete": "no"
            },
            "timeouts": null,
            "vpc_id": "vpc-0ed5e41d616634cd3"
          },
          "sensitive_attributes": [],
          "identity_schema_version": 0,
          "identity": {
            "account_id": "762595429056",
            "id": "nat-0943532b864e65210",
            "region": "us-east-1"
          },
          "private": "eyJlMmJmYjczMC1lY2FhLTExZTYtOGY4OC0zNDM2M2JjN2M0YzAiOnsiY3JlYXRlIjo2MDAwMDAwMDAwMDAsImRlbGV0ZSI6MTgwMDAwMDAwMDAwMCwidXBkYXRlIjo2MDAwMDAwMDAwMDB9fQ==",
          "dependencies": [
            "aws_eip.nat",
            "aws_internet_gateway.igw",
            "aws_subnet.public",
            "aws_vpc.main",
            "data.aws_vpc.existing"
          ]
        }
      ]
    },
    {
      "mode": "managed",
      "type": "aws_route_table",
      "name": "private",
      "provider": "provider[\"registry.terraform.io/hashicorp/aws\"]",
      "instances": [
        {
          "index_key": 0,
          "schema_version": 0,
          "attributes": {
            "arn": "arn:aws:ec2:us-east-1:762595429056:route-table/rtb-08413134b7d65cbff",
            "id": "rtb-08413134b7d65cbff",
            "owner_id": "762595429056",
            "propagating_vgws": [],
            "region": "us-east-1",
            "route": [
              {
                "carrier_gateway_id": "",
                "cidr_block": "0.0.0.0/0",
                "core_network_arn": "",
                "destination_prefix_list_id": "",
                "egress_only_gateway_id": "",
                "gateway_id": "",
                "ipv6_cidr_block": "",
                "local_gateway_id": "",
                "nat_gateway_id": "nat-0943532b864e65210",
                "network_interface_id": "",
                "odb_network_arn": "",
                "transit_gateway_id": "",
                "vpc_endpoint_id": "",
                "vpc_peering_connection_id": ""
              }
            ],
            "tags": {
              "Name": "learn-patch-asg-ad-private-rt"
            },
            "tags_all": {
              "Name": "learn-patch-asg-ad-private-rt"
            },
            "timeouts": null,
            "vpc_id": "vpc-0ed5e41d616634cd3"
          },
          "sensitive_attributes": [],
          "identity_schema_version": 0,
          "identity": {
            "account_id": "762595429056",
            "id": "rtb-08413134b7d65cbff",
            "region": "us-east-1"
          },
          "private": "eyJlMmJmYjczMC1lY2FhLTExZTYtOGY4OC0zNDM2M2JjN2M0YzAiOnsiY3JlYXRlIjozMDAwMDAwMDAwMDAsImRlbGV0ZSI6MzAwMDAwMDAwMDAwLCJ1cGRhdGUiOjEyMDAwMDAwMDAwMH19",
          "dependencies": [
            "aws_eip.nat",
            "aws_internet_gateway.igw",
            "aws_nat_gateway.nat",
            "aws_subnet.public",
            "aws_vpc.main",
            "data.aws_vpc.existing"
          ]
        }
      ]
    },
    {
      "mode": "managed",
      "type": "aws_route_table",
      "name": "public",
      "provider": "provider[\"registry.terraform.io/hashicorp/aws\"]",
      "instances": [
        {
          "index_key": 0,
          "schema_version": 0,
          "attributes": {
            "arn": "arn:aws:ec2:us-east-1:762595429056:route-table/rtb-03f79083b3043379f",
            "id": "rtb-03f79083b3043379f",
            "owner_id": "762595429056",
            "propagating_vgws": [],
            "region": "us-east-1",
            "route": [
              {
                "carrier_gateway_id": "",
                "cidr_block": "0.0.0.0/0",
                "core_network_arn": "",
                "destination_prefix_list_id": "",
                "egress_only_gateway_id": "",
                "gateway_id": "igw-0637c7f8b22f04b01",
                "ipv6_cidr_block": "",
                "local_gateway_id": "",
                "nat_gateway_id": "",
                "network_interface_id": "",
                "odb_network_arn": "",
                "transit_gateway_id": "",
                "vpc_endpoint_id": "",
                "vpc_peering_connection_id": ""
              }
            ],
            "tags": {
              "Name": "learn-patch-asg-ad-public-rt"
            },
            "tags_all": {
              "Name": "learn-patch-asg-ad-public-rt"
            },
            "timeouts": null,
            "vpc_id": "vpc-0ed5e41d616634cd3"
          },
          "sensitive_attributes": [],
          "identity_schema_version": 0,
          "identity": {
            "account_id": "762595429056",
            "id": "rtb-03f79083b3043379f",
            "region": "us-east-1"
          },
          "private": "eyJlMmJmYjczMC1lY2FhLTExZTYtOGY4OC0zNDM2M2JjN2M0YzAiOnsiY3JlYXRlIjozMDAwMDAwMDAwMDAsImRlbGV0ZSI6MzAwMDAwMDAwMDAwLCJ1cGRhdGUiOjEyMDAwMDAwMDAwMH19",
          "dependencies": [
            "aws_internet_gateway.igw",
            "aws_vpc.main",
            "data.aws_vpc.existing"
          ]
        }
      ]
    },
    {
      "mode": "managed",
      "type": "aws_route_table_association",
      "name": "private",
      "provider": "provider[\"registry.terraform.io/hashicorp/aws\"]",
      "instances": [
        {
          "index_key": 0,
          "schema_version": 0,
          "attributes": {
            "gateway_id": "",
            "id": "rtbassoc-0ab9800d3ec436429",
            "region": "us-east-1",
            "route_table_id": "rtb-08413134b7d65cbff",
            "subnet_id": "subnet-0cc4ef269d76110ea",
            "timeouts": null
          },
          "sensitive_attributes": [],
          "identity_schema_version": 0,
          "identity": {
            "account_id": "762595429056",
            "id": "rtbassoc-0ab9800d3ec436429",
            "region": "us-east-1"
          },
          "private": "eyJlMmJmYjczMC1lY2FhLTExZTYtOGY4OC0zNDM2M2JjN2M0YzAiOnsiY3JlYXRlIjozMDAwMDAwMDAwMDAsImRlbGV0ZSI6MzAwMDAwMDAwMDAwLCJ1cGRhdGUiOjEyMDAwMDAwMDAwMH19",
          "dependencies": [
            "aws_eip.nat",
            "aws_internet_gateway.igw",
            "aws_nat_gateway.nat",
            "aws_route_table.private",
            "aws_subnet.private",
            "aws_subnet.public",
            "aws_vpc.main",
            "data.aws_vpc.existing"
          ]
        },
        {
          "index_key": 1,
          "schema_version": 0,
          "attributes": {
            "gateway_id": "",
            "id": "rtbassoc-03c1aeb06e44e65a3",
            "region": "us-east-1",
            "route_table_id": "rtb-08413134b7d65cbff",
            "subnet_id": "subnet-06a2e05ddfee15374",
            "timeouts": null
          },
          "sensitive_attributes": [],
          "identity_schema_version": 0,
          "identity": {
            "account_id": "762595429056",
            "id": "rtbassoc-03c1aeb06e44e65a3",
            "region": "us-east-1"
          },
          "private": "eyJlMmJmYjczMC1lY2FhLTExZTYtOGY4OC0zNDM2M2JjN2M0YzAiOnsiY3JlYXRlIjozMDAwMDAwMDAwMDAsImRlbGV0ZSI6MzAwMDAwMDAwMDAwLCJ1cGRhdGUiOjEyMDAwMDAwMDAwMH19",
          "dependencies": [
            "aws_eip.nat",
            "aws_internet_gateway.igw",
            "aws_nat_gateway.nat",
            "aws_route_table.private",
            "aws_subnet.private",
            "aws_subnet.public",
            "aws_vpc.main",
            "data.aws_vpc.existing"
          ]
        }
      ]
    },
    {
      "mode": "managed",
      "type": "aws_route_table_association",
      "name": "public",
      "provider": "provider[\"registry.terraform.io/hashicorp/aws\"]",
      "instances": [
        {
          "index_key": 0,
          "schema_version": 0,
          "attributes": {
            "gateway_id": "",
            "id": "rtbassoc-043a09ef0ffbb3aff",
            "region": "us-east-1",
            "route_table_id": "rtb-03f79083b3043379f",
            "subnet_id": "subnet-0e945f9a2b780a596",
            "timeouts": null
          },
          "sensitive_attributes": [],
          "identity_schema_version": 0,
          "identity": {
            "account_id": "762595429056",
            "id": "rtbassoc-043a09ef0ffbb3aff",
            "region": "us-east-1"
          },
          "private": "eyJlMmJmYjczMC1lY2FhLTExZTYtOGY4OC0zNDM2M2JjN2M0YzAiOnsiY3JlYXRlIjozMDAwMDAwMDAwMDAsImRlbGV0ZSI6MzAwMDAwMDAwMDAwLCJ1cGRhdGUiOjEyMDAwMDAwMDAwMH19",
          "dependencies": [
            "aws_internet_gateway.igw",
            "aws_route_table.public",
            "aws_subnet.public",
            "aws_vpc.main",
            "data.aws_vpc.existing"
          ]
        },
        {
          "index_key": 1,
          "schema_version": 0,
          "attributes": {
            "gateway_id": "",
            "id": "rtbassoc-0ac7dcc81669289bb",
            "region": "us-east-1",
            "route_table_id": "rtb-03f79083b3043379f",
            "subnet_id": "subnet-02ec57dd41384032f",
            "timeouts": null
          },
          "sensitive_attributes": [],
          "identity_schema_version": 0,
          "identity": {
            "account_id": "762595429056",
            "id": "rtbassoc-0ac7dcc81669289bb",
            "region": "us-east-1"
          },
          "private": "eyJlMmJmYjczMC1lY2FhLTExZTYtOGY4OC0zNDM2M2JjN2M0YzAiOnsiY3JlYXRlIjozMDAwMDAwMDAwMDAsImRlbGV0ZSI6MzAwMDAwMDAwMDAwLCJ1cGRhdGUiOjEyMDAwMDAwMDAwMH19",
          "dependencies": [
            "aws_internet_gateway.igw",
            "aws_route_table.public",
            "aws_subnet.public",
            "aws_vpc.main",
            "data.aws_vpc.existing"
          ]
        }
      ]
    },
    {
      "mode": "managed",
      "type": "aws_security_group",
      "name": "alb",
      "provider": "provider[\"registry.terraform.io/hashicorp/aws\"]",
      "instances": [
        {
          "schema_version": 1,
          "attributes": {
            "arn": "arn:aws:ec2:us-east-1:762595429056:security-group/sg-0dcc66b1fc996f197",
            "description": "ALB security group - allows HTTP/HTTPS from VPC CIDR",
            "egress": [
              {
                "cidr_blocks": [
                  "0.0.0.0/0"
                ],
                "description": "All outbound",
                "from_port": 0,
                "ipv6_cidr_blocks": [],
                "prefix_list_ids": [],
                "protocol": "-1",
                "security_groups": [],
                "self": false,
                "to_port": 0
              }
            ],
            "id": "sg-0dcc66b1fc996f197",
            "ingress": [
              {
                "cidr_blocks": [
                  "172.16.0.0/16"
                ],
                "description": "HTTP from VPC",
                "from_port": 80,
                "ipv6_cidr_blocks": [],
                "prefix_list_ids": [],
                "protocol": "tcp",
                "security_groups": [],
                "self": false,
                "to_port": 80
              },
              {
                "cidr_blocks": [
                  "172.16.0.0/16"
                ],
                "description": "HTTPS from VPC",
                "from_port": 443,
                "ipv6_cidr_blocks": [],
                "prefix_list_ids": [],
                "protocol": "tcp",
                "security_groups": [],
                "self": false,
                "to_port": 443
              }
            ],
            "name": "learn-patch-asg-ad-alb-sg",
            "name_prefix": "",
            "owner_id": "762595429056",
            "region": "us-east-1",
            "revoke_rules_on_delete": false,
            "tags": {
              "Name": "learn-patch-asg-ad-alb-sg"
            },
            "tags_all": {
              "Name": "learn-patch-asg-ad-alb-sg"
            },
            "timeouts": null,
            "vpc_id": "vpc-0ed5e41d616634cd3"
          },
          "sensitive_attributes": [],
          "identity_schema_version": 0,
          "identity": {
            "account_id": "762595429056",
            "id": "sg-0dcc66b1fc996f197",
            "region": "us-east-1"
          },
          "private": "eyJlMmJmYjczMC1lY2FhLTExZTYtOGY4OC0zNDM2M2JjN2M0YzAiOnsiY3JlYXRlIjo2MDAwMDAwMDAwMDAsImRlbGV0ZSI6OTAwMDAwMDAwMDAwfSwic2NoZW1hX3ZlcnNpb24iOiIxIn0=",
          "dependencies": [
            "aws_vpc.main",
            "data.aws_vpc.existing"
          ],
          "create_before_destroy": true
        }
      ]
    },
    {
      "mode": "managed",
      "type": "aws_security_group",
      "name": "windows_asg",
      "provider": "provider[\"registry.terraform.io/hashicorp/aws\"]",
      "instances": [
        {
          "schema_version": 1,
          "attributes": {
            "arn": "arn:aws:ec2:us-east-1:762595429056:security-group/sg-0600df6532f6da5e9",
            "description": "Windows ASG instances: AD-joined, SSM patching",
            "egress": [
              {
                "cidr_blocks": [
                  "0.0.0.0/0"
                ],
                "description": "",
                "from_port": 0,
                "ipv6_cidr_blocks": [],
                "prefix_list_ids": [],
                "protocol": "-1",
                "security_groups": [],
                "self": false,
                "to_port": 0
              }
            ],
            "id": "sg-0600df6532f6da5e9",
            "ingress": [
              {
                "cidr_blocks": [
                  "172.16.0.0/16"
                ],
                "description": "DNS TCP",
                "from_port": 53,
                "ipv6_cidr_blocks": [],
                "prefix_list_ids": [],
                "protocol": "tcp",
                "security_groups": [],
                "self": false,
                "to_port": 53
              },
              {
                "cidr_blocks": [
                  "172.16.0.0/16"
                ],
                "description": "DNS UDP",
                "from_port": 53,
                "ipv6_cidr_blocks": [],
                "prefix_list_ids": [],
                "protocol": "udp",
                "security_groups": [],
                "self": false,
                "to_port": 53
              },
              {
                "cidr_blocks": [
                  "172.16.0.0/16"
                ],
                "description": "Kerberos",
                "from_port": 88,
                "ipv6_cidr_blocks": [],
                "prefix_list_ids": [],
                "protocol": "tcp",
                "security_groups": [],
                "self": false,
                "to_port": 88
              },
              {
                "cidr_blocks": [
                  "172.16.0.0/16"
                ],
                "description": "LDAP",
                "from_port": 389,
                "ipv6_cidr_blocks": [],
                "prefix_list_ids": [],
                "protocol": "tcp",
                "security_groups": [],
                "self": false,
                "to_port": 389
              },
              {
                "cidr_blocks": [
                  "172.16.0.0/16"
                ],
                "description": "LDAPS",
                "from_port": 636,
                "ipv6_cidr_blocks": [],
                "prefix_list_ids": [],
                "protocol": "tcp",
                "security_groups": [],
                "self": false,
                "to_port": 636
              },
              {
                "cidr_blocks": [
                  "172.16.0.0/16"
                ],
                "description": "RDP from VPC",
                "from_port": 3389,
                "ipv6_cidr_blocks": [],
                "prefix_list_ids": [],
                "protocol": "tcp",
                "security_groups": [],
                "self": false,
                "to_port": 3389
              },
              {
                "cidr_blocks": [
                  "172.16.0.0/16"
                ],
                "description": "SMB",
                "from_port": 445,
                "ipv6_cidr_blocks": [],
                "prefix_list_ids": [],
                "protocol": "tcp",
                "security_groups": [],
                "self": false,
                "to_port": 445
              },
              {
                "cidr_blocks": [
                  "172.16.0.0/16"
                ],
                "description": "WinRM",
                "from_port": 5985,
                "ipv6_cidr_blocks": [],
                "prefix_list_ids": [],
                "protocol": "tcp",
                "security_groups": [],
                "self": false,
                "to_port": 5986
              },
              {
                "cidr_blocks": [],
                "description": "HTTP from ALB",
                "from_port": 80,
                "ipv6_cidr_blocks": [],
                "prefix_list_ids": [],
                "protocol": "tcp",
                "security_groups": [
                  "sg-0dcc66b1fc996f197"
                ],
                "self": false,
                "to_port": 80
              }
            ],
            "name": "learn-patch-asg-ad-windows-asg-sg",
            "name_prefix": "",
            "owner_id": "762595429056",
            "region": "us-east-1",
            "revoke_rules_on_delete": false,
            "tags": {
              "Name": "learn-patch-asg-ad-windows-asg-sg"
            },
            "tags_all": {
              "Name": "learn-patch-asg-ad-windows-asg-sg"
            },
            "timeouts": null,
            "vpc_id": "vpc-0ed5e41d616634cd3"
          },
          "sensitive_attributes": [],
          "identity_schema_version": 0,
          "identity": {
            "account_id": "762595429056",
            "id": "sg-0600df6532f6da5e9",
            "region": "us-east-1"
          },
          "private": "eyJlMmJmYjczMC1lY2FhLTExZTYtOGY4OC0zNDM2M2JjN2M0YzAiOnsiY3JlYXRlIjo2MDAwMDAwMDAwMDAsImRlbGV0ZSI6OTAwMDAwMDAwMDAwfSwic2NoZW1hX3ZlcnNpb24iOiIxIn0=",
          "dependencies": [
            "aws_security_group.alb",
            "aws_vpc.main",
            "data.aws_vpc.existing"
          ],
          "create_before_destroy": true
        }
      ]
    },
    {
      "mode": "managed",
      "type": "aws_ssm_association",
      "name": "ad_join",
      "provider": "provider[\"registry.terraform.io/hashicorp/aws\"]",
      "instances": [
        {
          "schema_version": 1,
          "attributes": {
            "apply_only_at_cron_interval": false,
            "arn": "arn:aws:ssm:us-east-1:762595429056:association/791ce91f-0457-4dc3-ad0c-d052e4033234",
            "association_id": "791ce91f-0457-4dc3-ad0c-d052e4033234",
            "association_name": "",
            "automation_target_parameter_name": "",
            "calendar_names": null,
            "compliance_severity": "",
            "document_version": "$DEFAULT",
            "id": "791ce91f-0457-4dc3-ad0c-d052e4033234",
            "max_concurrency": "",
            "max_errors": "",
            "name": "learn-patch-asg-ad-ad-domain-join",
            "output_location": [],
            "parameters": {},
            "region": "us-east-1",
            "schedule_expression": "",
            "sync_compliance": "",
            "tags": null,
            "tags_all": {},
            "targets": [
              {
                "key": "tag:ADJoin",
                "values": [
                  "true"
                ]
              }
            ],
            "wait_for_success_timeout_seconds": null
          },
          "sensitive_attributes": [],
          "identity_schema_version": 0,
          "identity": {
            "account_id": "762595429056",
            "association_id": "791ce91f-0457-4dc3-ad0c-d052e4033234",
            "region": "us-east-1"
          },
          "private": "eyJzY2hlbWFfdmVyc2lvbiI6IjEifQ==",
          "dependencies": [
            "aws_directory_service_directory.managed_ad",
            "aws_ssm_document.ad_join",
            "aws_subnet.private",
            "aws_vpc.main",
            "data.aws_vpc.existing"
          ]
        }
      ]
    },
    {
      "mode": "managed",
      "type": "aws_ssm_document",
      "name": "ad_join",
      "provider": "provider[\"registry.terraform.io/hashicorp/aws\"]",
      "instances": [
        {
          "schema_version": 0,
          "attributes": {
            "arn": "arn:aws:ssm:us-east-1:762595429056:document/learn-patch-asg-ad-ad-domain-join",
            "attachments_source": [],
            "content": "{\"description\":\"Join Windows instance to AWS Managed AD\",\"mainSteps\":[{\"action\":\"aws:domainJoin\",\"inputs\":{\"directoryId\":\"d-9066715f5b\",\"directoryName\":\"corp.learn-patch.local\",\"dnsIpAddresses\":[\"172.16.2.162\",\"172.16.4.101\"]},\"name\":\"domainJoin\"}],\"schemaVersion\":\"2.2\"}",
            "created_date": "2026-06-02T09:56:36Z",
            "default_version": "1",
            "description": "Join Windows instance to AWS Managed AD",
            "document_format": "JSON",
            "document_type": "Command",
            "document_version": "1",
            "hash": "c18d176b992dc510d34a995818decff784019e656c6c87eb0bcf268efc7dd649",
            "hash_type": "Sha256",
            "id": "learn-patch-asg-ad-ad-domain-join",
            "latest_version": "1",
            "name": "learn-patch-asg-ad-ad-domain-join",
            "owner": "762595429056",
            "parameter": [],
            "permissions": null,
            "platform_types": [
              "Windows",
              "Linux"
            ],
            "region": "us-east-1",
            "schema_version": "2.2",
            "status": "Active",
            "tags": {
              "Name": "learn-patch-asg-ad-ad-join-doc"
            },
            "tags_all": {
              "Name": "learn-patch-asg-ad-ad-join-doc"
            },
            "target_type": "",
            "version_name": ""
          },
          "sensitive_attributes": [],
          "identity_schema_version": 0,
          "identity": {
            "account_id": "762595429056",
            "name": "learn-patch-asg-ad-ad-domain-join",
            "region": "us-east-1"
          },
          "private": "bnVsbA==",
          "dependencies": [
            "aws_directory_service_directory.managed_ad",
            "aws_subnet.private",
            "aws_vpc.main",
            "data.aws_vpc.existing"
          ]
        }
      ]
    },
    {
      "mode": "managed",
      "type": "aws_ssm_maintenance_window",
      "name": "patch",
      "provider": "provider[\"registry.terraform.io/hashicorp/aws\"]",
      "instances": [
        {
          "schema_version": 0,
          "attributes": {
            "allow_unassociated_targets": false,
            "cutoff": 1,
            "description": "",
            "duration": 3,
            "enabled": true,
            "end_date": "",
            "id": "mw-023a720f3ed9390ae",
            "name": "learn-patch-asg-ad-patch-window",
            "region": "us-east-1",
            "schedule": "cron(0 2 ? * SUN *)",
            "schedule_offset": 0,
            "schedule_timezone": "",
            "start_date": "",
            "tags": {
              "Name": "learn-patch-asg-ad-patch-window"
            },
            "tags_all": {
              "Name": "learn-patch-asg-ad-patch-window"
            }
          },
          "sensitive_attributes": [],
          "identity_schema_version": 0,
          "identity": {
            "account_id": "762595429056",
            "id": "mw-023a720f3ed9390ae",
            "region": "us-east-1"
          },
          "private": "bnVsbA=="
        }
      ]
    },
    {
      "mode": "managed",
      "type": "aws_ssm_maintenance_window_target",
      "name": "patch",
      "provider": "provider[\"registry.terraform.io/hashicorp/aws\"]",
      "instances": [
        {
          "schema_version": 0,
          "attributes": {
            "description": "",
            "id": "68de50db-dd29-4228-8e54-e45f867f9dc0",
            "name": "learn-patch-asg-ad-patch-targets",
            "owner_information": "",
            "region": "us-east-1",
            "resource_type": "INSTANCE",
            "targets": [
              {
                "key": "tag:PatchGroup",
                "values": [
                  "Windows-Production"
                ]
              }
            ],
            "window_id": "mw-023a720f3ed9390ae"
          },
          "sensitive_attributes": [],
          "identity_schema_version": 0,
          "identity": {
            "account_id": "762595429056",
            "id": "68de50db-dd29-4228-8e54-e45f867f9dc0",
            "region": "us-east-1",
            "window_id": "mw-023a720f3ed9390ae"
          },
          "private": "bnVsbA==",
          "dependencies": [
            "aws_ssm_maintenance_window.patch"
          ]
        }
      ]
    },
    {
      "mode": "managed",
      "type": "aws_ssm_maintenance_window_task",
      "name": "patch",
      "provider": "provider[\"registry.terraform.io/hashicorp/aws\"]",
      "instances": [
        {
          "schema_version": 0,
          "attributes": {
            "arn": "arn:aws:ssm:us-east-1:762595429056:windowtask/241e2ccf-df37-4d6d-94ab-23e4050a614f",
            "cutoff_behavior": "",
            "description": "",
            "id": "241e2ccf-df37-4d6d-94ab-23e4050a614f",
            "max_concurrency": "50%",
            "max_errors": "25%",
            "name": "learn-patch-asg-ad-run-patch-baseline",
            "priority": 1,
            "region": "us-east-1",
            "service_role_arn": "arn:aws:iam::762595429056:role/aws-service-role/ssm.amazonaws.com/AWSServiceRoleForAmazonSSM",
            "targets": [
              {
                "key": "WindowTargetIds",
                "values": [
                  "68de50db-dd29-4228-8e54-e45f867f9dc0"
                ]
              }
            ],
            "task_arn": "AWS-RunPatchBaseline",
            "task_invocation_parameters": [
              {
                "automation_parameters": [],
                "lambda_parameters": [],
                "run_command_parameters": [
                  {
                    "cloudwatch_config": [],
                    "comment": "",
                    "document_hash": "",
                    "document_hash_type": "",
                    "document_version": "",
                    "notification_config": [],
                    "output_s3_bucket": "",
                    "output_s3_key_prefix": "",
                    "parameter": [
                      {
                        "name": "Operation",
                        "values": [
                          "Install"
                        ]
                      },
                      {
                        "name": "RebootOption",
                        "values": [
                          "RebootIfNeeded"
                        ]
                      }
                    ],
                    "service_role_arn": "",
                    "timeout_seconds": 3600
                  }
                ],
                "step_functions_parameters": []
              }
            ],
            "task_type": "RUN_COMMAND",
            "window_id": "mw-023a720f3ed9390ae",
            "window_task_id": "241e2ccf-df37-4d6d-94ab-23e4050a614f"
          },
          "sensitive_attributes": [],
          "identity_schema_version": 0,
          "identity": {
            "account_id": "762595429056",
            "id": "241e2ccf-df37-4d6d-94ab-23e4050a614f",
            "region": "us-east-1",
            "window_id": "mw-023a720f3ed9390ae"
          },
          "private": "bnVsbA==",
          "dependencies": [
            "aws_ssm_maintenance_window.patch",
            "aws_ssm_maintenance_window_target.patch"
          ]
        }
      ]
    },
    {
      "mode": "managed",
      "type": "aws_ssm_patch_baseline",
      "name": "windows",
      "provider": "provider[\"registry.terraform.io/hashicorp/aws\"]",
      "instances": [
        {
          "schema_version": 0,
          "attributes": {
            "approval_rule": [
              {
                "approve_after_days": 7,
                "approve_until_date": "",
                "compliance_level": "CRITICAL",
                "enable_non_security": false,
                "patch_filter": [
                  {
                    "key": "CLASSIFICATION",
                    "values": [
                      "CriticalUpdates",
                      "SecurityUpdates"
                    ]
                  },
                  {
                    "key": "MSRC_SEVERITY",
                    "values": [
                      "Critical",
                      "Important"
                    ]
                  }
                ]
              },
              {
                "approve_after_days": 14,
                "approve_until_date": "",
                "compliance_level": "HIGH",
                "enable_non_security": false,
                "patch_filter": [
                  {
                    "key": "CLASSIFICATION",
                    "values": [
                      "UpdateRollups",
                      "Updates"
                    ]
                  }
                ]
              }
            ],
            "approved_patches": null,
            "approved_patches_compliance_level": "UNSPECIFIED",
            "approved_patches_enable_non_security": false,
            "arn": "arn:aws:ssm:us-east-1:762595429056:patchbaseline/pb-09ed5afcc3e29d3a0",
            "available_security_updates_compliance_status": "NON_COMPLIANT",
            "description": "",
            "global_filter": [],
            "id": "pb-09ed5afcc3e29d3a0",
            "json": "{\"ApprovalRules\":{\"PatchRules\":[{\"PatchFilterGroup\":{\"PatchFilters\":[{\"Key\":\"CLASSIFICATION\",\"Values\":[\"CriticalUpdates\",\"SecurityUpdates\"]},{\"Key\":\"MSRC_SEVERITY\",\"Values\":[\"Critical\",\"Important\"]}]},\"ApproveAfterDays\":7,\"ComplianceLevel\":\"CRITICAL\",\"EnableNonSecurity\":false},{\"PatchFilterGroup\":{\"PatchFilters\":[{\"Key\":\"CLASSIFICATION\",\"Values\":[\"UpdateRollups\",\"Updates\"]}]},\"ApproveAfterDays\":14,\"ComplianceLevel\":\"HIGH\",\"EnableNonSecurity\":false}]},\"ApprovedPatchesComplianceLevel\":\"UNSPECIFIED\",\"ApprovedPatchesEnableNonSecurity\":false,\"AvailableSecurityUpdatesComplianceStatus\":\"NON_COMPLIANT\",\"BaselineId\":\"pb-09ed5afcc3e29d3a0\",\"CreatedDate\":\"2026-06-02T09:31:52.967Z\",\"ModifiedDate\":\"2026-06-02T09:31:52.967Z\",\"Name\":\"learn-patch-asg-ad-windows-baseline\",\"OperatingSystem\":\"WINDOWS\",\"RejectedPatchesAction\":\"ALLOW_AS_DEPENDENCY\"}",
            "name": "learn-patch-asg-ad-windows-baseline",
            "operating_system": "WINDOWS",
            "region": "us-east-1",
            "rejected_patches": null,
            "rejected_patches_action": "ALLOW_AS_DEPENDENCY",
            "source": [],
            "tags": {
              "Name": "learn-patch-asg-ad-windows-patch-baseline"
            },
            "tags_all": {
              "Name": "learn-patch-asg-ad-windows-patch-baseline"
            }
          },
          "sensitive_attributes": [],
          "identity_schema_version": 0,
          "identity": {
            "account_id": "762595429056",
            "id": "pb-09ed5afcc3e29d3a0",
            "region": "us-east-1"
          },
          "private": "bnVsbA=="
        }
      ]
    },
    {
      "mode": "managed",
      "type": "aws_ssm_patch_group",
      "name": "windows",
      "provider": "provider[\"registry.terraform.io/hashicorp/aws\"]",
      "instances": [
        {
          "schema_version": 1,
          "attributes": {
            "baseline_id": "pb-09ed5afcc3e29d3a0",
            "id": "Windows-Production,pb-09ed5afcc3e29d3a0",
            "patch_group": "Windows-Production",
            "region": "us-east-1"
          },
          "sensitive_attributes": [],
          "identity_schema_version": 0,
          "identity": {
            "account_id": "762595429056",
            "baseline_id": "pb-09ed5afcc3e29d3a0",
            "patch_group": "Windows-Production",
            "region": "us-east-1"
          },
          "private": "eyJzY2hlbWFfdmVyc2lvbiI6IjEifQ==",
          "dependencies": [
            "aws_ssm_patch_baseline.windows"
          ]
        }
      ]
    },
    {
      "mode": "managed",
      "type": "aws_subnet",
      "name": "private",
      "provider": "provider[\"registry.terraform.io/hashicorp/aws\"]",
      "instances": [
        {
          "index_key": 0,
          "schema_version": 1,
          "attributes": {
            "arn": "arn:aws:ec2:us-east-1:762595429056:subnet/subnet-0cc4ef269d76110ea",
            "assign_ipv6_address_on_creation": false,
            "availability_zone": "us-east-1a",
            "availability_zone_id": "use1-az6",
            "cidr_block": "172.16.2.0/24",
            "customer_owned_ipv4_pool": "",
            "enable_dns64": false,
            "enable_lni_at_device_index": 0,
            "enable_resource_name_dns_a_record_on_launch": false,
            "enable_resource_name_dns_aaaa_record_on_launch": false,
            "id": "subnet-0cc4ef269d76110ea",
            "ipv4_ipam_pool_id": null,
            "ipv4_netmask_length": null,
            "ipv6_cidr_block": "",
            "ipv6_cidr_block_association_id": "",
            "ipv6_ipam_pool_id": null,
            "ipv6_native": false,
            "ipv6_netmask_length": null,
            "map_customer_owned_ip_on_launch": false,
            "map_public_ip_on_launch": false,
            "outpost_arn": "",
            "owner_id": "762595429056",
            "private_dns_hostname_type_on_launch": "ip-name",
            "region": "us-east-1",
            "tags": {
              "Name": "learn-patch-asg-ad-private-us-east-1a"
            },
            "tags_all": {
              "Name": "learn-patch-asg-ad-private-us-east-1a"
            },
            "timeouts": null,
            "vpc_id": "vpc-0ed5e41d616634cd3"
          },
          "sensitive_attributes": [],
          "identity_schema_version": 0,
          "identity": {
            "account_id": "762595429056",
            "id": "subnet-0cc4ef269d76110ea",
            "region": "us-east-1"
          },
          "private": "eyJlMmJmYjczMC1lY2FhLTExZTYtOGY4OC0zNDM2M2JjN2M0YzAiOnsiY3JlYXRlIjo2MDAwMDAwMDAwMDAsImRlbGV0ZSI6MTIwMDAwMDAwMDAwMH0sInNjaGVtYV92ZXJzaW9uIjoiMSJ9",
          "dependencies": [
            "aws_vpc.main",
            "data.aws_vpc.existing"
          ]
        },
        {
          "index_key": 1,
          "schema_version": 1,
          "attributes": {
            "arn": "arn:aws:ec2:us-east-1:762595429056:subnet/subnet-06a2e05ddfee15374",
            "assign_ipv6_address_on_creation": false,
            "availability_zone": "us-east-1b",
            "availability_zone_id": "use1-az1",
            "cidr_block": "172.16.4.0/24",
            "customer_owned_ipv4_pool": "",
            "enable_dns64": false,
            "enable_lni_at_device_index": 0,
            "enable_resource_name_dns_a_record_on_launch": false,
            "enable_resource_name_dns_aaaa_record_on_launch": false,
            "id": "subnet-06a2e05ddfee15374",
            "ipv4_ipam_pool_id": null,
            "ipv4_netmask_length": null,
            "ipv6_cidr_block": "",
            "ipv6_cidr_block_association_id": "",
            "ipv6_ipam_pool_id": null,
            "ipv6_native": false,
            "ipv6_netmask_length": null,
            "map_customer_owned_ip_on_launch": false,
            "map_public_ip_on_launch": false,
            "outpost_arn": "",
            "owner_id": "762595429056",
            "private_dns_hostname_type_on_launch": "ip-name",
            "region": "us-east-1",
            "tags": {
              "Name": "learn-patch-asg-ad-private-us-east-1b"
            },
            "tags_all": {
              "Name": "learn-patch-asg-ad-private-us-east-1b"
            },
            "timeouts": null,
            "vpc_id": "vpc-0ed5e41d616634cd3"
          },
          "sensitive_attributes": [],
          "identity_schema_version": 0,
          "identity": {
            "account_id": "762595429056",
            "id": "subnet-06a2e05ddfee15374",
            "region": "us-east-1"
          },
          "private": "eyJlMmJmYjczMC1lY2FhLTExZTYtOGY4OC0zNDM2M2JjN2M0YzAiOnsiY3JlYXRlIjo2MDAwMDAwMDAwMDAsImRlbGV0ZSI6MTIwMDAwMDAwMDAwMH0sInNjaGVtYV92ZXJzaW9uIjoiMSJ9",
          "dependencies": [
            "aws_vpc.main",
            "data.aws_vpc.existing"
          ]
        }
      ]
    },
    {
      "mode": "managed",
      "type": "aws_subnet",
      "name": "public",
      "provider": "provider[\"registry.terraform.io/hashicorp/aws\"]",
      "instances": [
        {
          "index_key": 0,
          "schema_version": 1,
          "attributes": {
            "arn": "arn:aws:ec2:us-east-1:762595429056:subnet/subnet-0e945f9a2b780a596",
            "assign_ipv6_address_on_creation": false,
            "availability_zone": "us-east-1a",
            "availability_zone_id": "use1-az6",
            "cidr_block": "172.16.1.0/24",
            "customer_owned_ipv4_pool": "",
            "enable_dns64": false,
            "enable_lni_at_device_index": 0,
            "enable_resource_name_dns_a_record_on_launch": false,
            "enable_resource_name_dns_aaaa_record_on_launch": false,
            "id": "subnet-0e945f9a2b780a596",
            "ipv4_ipam_pool_id": null,
            "ipv4_netmask_length": null,
            "ipv6_cidr_block": "",
            "ipv6_cidr_block_association_id": "",
            "ipv6_ipam_pool_id": null,
            "ipv6_native": false,
            "ipv6_netmask_length": null,
            "map_customer_owned_ip_on_launch": false,
            "map_public_ip_on_launch": true,
            "outpost_arn": "",
            "owner_id": "762595429056",
            "private_dns_hostname_type_on_launch": "ip-name",
            "region": "us-east-1",
            "tags": {
              "Name": "learn-patch-asg-ad-public-us-east-1a"
            },
            "tags_all": {
              "Name": "learn-patch-asg-ad-public-us-east-1a"
            },
            "timeouts": null,
            "vpc_id": "vpc-0ed5e41d616634cd3"
          },
          "sensitive_attributes": [],
          "identity_schema_version": 0,
          "identity": {
            "account_id": "762595429056",
            "id": "subnet-0e945f9a2b780a596",
            "region": "us-east-1"
          },
          "private": "eyJlMmJmYjczMC1lY2FhLTExZTYtOGY4OC0zNDM2M2JjN2M0YzAiOnsiY3JlYXRlIjo2MDAwMDAwMDAwMDAsImRlbGV0ZSI6MTIwMDAwMDAwMDAwMH0sInNjaGVtYV92ZXJzaW9uIjoiMSJ9",
          "dependencies": [
            "aws_vpc.main",
            "data.aws_vpc.existing"
          ]
        },
        {
          "index_key": 1,
          "schema_version": 1,
          "attributes": {
            "arn": "arn:aws:ec2:us-east-1:762595429056:subnet/subnet-02ec57dd41384032f",
            "assign_ipv6_address_on_creation": false,
            "availability_zone": "us-east-1b",
            "availability_zone_id": "use1-az1",
            "cidr_block": "172.16.3.0/24",
            "customer_owned_ipv4_pool": "",
            "enable_dns64": false,
            "enable_lni_at_device_index": 0,
            "enable_resource_name_dns_a_record_on_launch": false,
            "enable_resource_name_dns_aaaa_record_on_launch": false,
            "id": "subnet-02ec57dd41384032f",
            "ipv4_ipam_pool_id": null,
            "ipv4_netmask_length": null,
            "ipv6_cidr_block": "",
            "ipv6_cidr_block_association_id": "",
            "ipv6_ipam_pool_id": null,
            "ipv6_native": false,
            "ipv6_netmask_length": null,
            "map_customer_owned_ip_on_launch": false,
            "map_public_ip_on_launch": true,
            "outpost_arn": "",
            "owner_id": "762595429056",
            "private_dns_hostname_type_on_launch": "ip-name",
            "region": "us-east-1",
            "tags": {
              "Name": "learn-patch-asg-ad-public-us-east-1b"
            },
            "tags_all": {
              "Name": "learn-patch-asg-ad-public-us-east-1b"
            },
            "timeouts": null,
            "vpc_id": "vpc-0ed5e41d616634cd3"
          },
          "sensitive_attributes": [],
          "identity_schema_version": 0,
          "identity": {
            "account_id": "762595429056",
            "id": "subnet-02ec57dd41384032f",
            "region": "us-east-1"
          },
          "private": "eyJlMmJmYjczMC1lY2FhLTExZTYtOGY4OC0zNDM2M2JjN2M0YzAiOnsiY3JlYXRlIjo2MDAwMDAwMDAwMDAsImRlbGV0ZSI6MTIwMDAwMDAwMDAwMH0sInNjaGVtYV92ZXJzaW9uIjoiMSJ9",
          "dependencies": [
            "aws_vpc.main",
            "data.aws_vpc.existing"
          ]
        }
      ]
    },
    {
      "mode": "managed",
      "type": "aws_vpc",
      "name": "main",
      "provider": "provider[\"registry.terraform.io/hashicorp/aws\"]",
      "instances": [
        {
          "index_key": 0,
          "schema_version": 1,
          "attributes": {
            "arn": "arn:aws:ec2:us-east-1:762595429056:vpc/vpc-0ed5e41d616634cd3",
            "assign_generated_ipv6_cidr_block": false,
            "cidr_block": "172.16.0.0/16",
            "default_network_acl_id": "acl-0df1da607e05fbeaf",
            "default_route_table_id": "rtb-05ea4debd402ad252",
            "default_security_group_id": "sg-088ebe9b8fb19c597",
            "dhcp_options_id": "dopt-015d302a35bf5e9c7",
            "enable_dns_hostnames": true,
            "enable_dns_support": true,
            "enable_network_address_usage_metrics": false,
            "id": "vpc-0ed5e41d616634cd3",
            "instance_tenancy": "default",
            "ipv4_ipam_pool_id": null,
            "ipv4_netmask_length": null,
            "ipv6_association_id": "",
            "ipv6_cidr_block": "",
            "ipv6_cidr_block_network_border_group": "",
            "ipv6_ipam_pool_id": "",
            "ipv6_netmask_length": 0,
            "main_route_table_id": "rtb-05ea4debd402ad252",
            "owner_id": "762595429056",
            "region": "us-east-1",
            "tags": {
              "Name": "learn-patch-asg-ad"
            },
            "tags_all": {
              "Name": "learn-patch-asg-ad"
            }
          },
          "sensitive_attributes": [],
          "identity_schema_version": 0,
          "identity": {
            "account_id": "762595429056",
            "id": "vpc-0ed5e41d616634cd3",
            "region": "us-east-1"
          },
          "private": "eyJzY2hlbWFfdmVyc2lvbiI6IjEifQ==",
          "create_before_destroy": true
        }
      ]
    },
    {
      "mode": "managed",
      "type": "aws_vpc_dhcp_options",
      "name": "ad_dns",
      "provider": "provider[\"registry.terraform.io/hashicorp/aws\"]",
      "instances": [
        {
          "schema_version": 0,
          "attributes": {
            "arn": "arn:aws:ec2:us-east-1:762595429056:dhcp-options/dopt-0b4ec6abda3c1665e",
            "domain_name": "corp.learn-patch.local",
            "domain_name_servers": [
              "172.16.2.162",
              "172.16.4.101"
            ],
            "id": "dopt-0b4ec6abda3c1665e",
            "ipv6_address_preferred_lease_time": "",
            "netbios_name_servers": null,
            "netbios_node_type": "",
            "ntp_servers": null,
            "owner_id": "762595429056",
            "region": "us-east-1",
            "tags": {
              "Name": "learn-patch-asg-ad-ad-dhcp"
            },
            "tags_all": {
              "Name": "learn-patch-asg-ad-ad-dhcp"
            }
          },
          "sensitive_attributes": [],
          "identity_schema_version": 0,
          "private": "bnVsbA==",
          "dependencies": [
            "aws_directory_service_directory.managed_ad",
            "aws_subnet.private",
            "aws_vpc.main",
            "data.aws_vpc.existing"
          ]
        }
      ]
    },
    {
      "mode": "managed",
      "type": "aws_vpc_dhcp_options_association",
      "name": "ad_dns",
      "provider": "provider[\"registry.terraform.io/hashicorp/aws\"]",
      "instances": [
        {
          "schema_version": 0,
          "attributes": {
            "dhcp_options_id": "dopt-0b4ec6abda3c1665e",
            "id": "dopt-0b4ec6abda3c1665e-vpc-0ed5e41d616634cd3",
            "region": "us-east-1",
            "vpc_id": "vpc-0ed5e41d616634cd3"
          },
          "sensitive_attributes": [],
          "identity_schema_version": 0,
          "private": "bnVsbA==",
          "dependencies": [
            "aws_directory_service_directory.managed_ad",
            "aws_subnet.private",
            "aws_vpc.main",
            "aws_vpc_dhcp_options.ad_dns",
            "data.aws_vpc.existing"
          ]
        }
      ]
    }
  ],
  "check_results": null
}
