{
  "version": 4,
  "terraform_version": "1.15.5",
  "serial": 3313,
  "lineage": "645f21b4-d321-9e67-e502-7c2a41b4e239",
  "outputs": {
    "alb_dns_name": {
      "value": "jenkins-prod-alb-591334353.us-east-1.elb.amazonaws.com",
      "type": "string"
    },
    "asg_name": {
      "value": "jenkins-prod-agents-asg",
      "type": "string"
    },
    "cloudfront_domain": {
      "value": "d2o34yb4eednc5.cloudfront.net",
      "type": "string"
    },
    "efs_id": {
      "value": "fs-04107675d986de79e",
      "type": "string"
    },
    "efs_samba_private_ip": {
      "value": "172.168.11.26",
      "type": "string"
    },
    "jenkins_url": {
      "value": "https://d2o34yb4eednc5.cloudfront.net",
      "type": "string"
    },
    "s3_bucket": {
      "value": "jenkins-prod-artifacts-762595429056",
      "type": "string"
    },
    "vpc_id": {
      "value": "vpc-06f35da97bb2a5b83",
      "type": "string"
    }
  },
  "resources": [
    {
      "mode": "data",
      "type": "aws_ami",
      "name": "ubuntu",
      "provider": "provider[\"registry.terraform.io/hashicorp/aws\"]",
      "instances": [
        {
          "schema_version": 0,
          "attributes": {
            "architecture": "x86_64",
            "arn": "arn:aws:ec2:us-east-1::image/ami-0fbcf351e82d18381",
            "block_device_mappings": [
              {
                "device_name": "/dev/sda1",
                "ebs": {
                  "delete_on_termination": "true",
                  "encrypted": "false",
                  "iops": "0",
                  "snapshot_id": "snap-055f07a6d70cb61f0",
                  "throughput": "0",
                  "volume_initialization_rate": "0",
                  "volume_size": "8",
                  "volume_type": "gp3"
                },
                "no_device": "",
                "virtual_name": ""
              },
              {
                "device_name": "/dev/sdb",
                "ebs": {},
                "no_device": "",
                "virtual_name": "ephemeral0"
              },
              {
                "device_name": "/dev/sdc",
                "ebs": {},
                "no_device": "",
                "virtual_name": "ephemeral1"
              }
            ],
            "boot_mode": "uefi-preferred",
            "creation_date": "2026-05-29T10:50:41.000Z",
            "deprecation_time": "2028-05-29T10:50:41.000Z",
            "description": "Canonical, Ubuntu, 24.04, amd64 noble image",
            "ena_support": true,
            "executable_users": null,
            "filter": [
              {
                "name": "name",
                "values": [
                  "ubuntu/images/hvm-ssd-gp3/ubuntu-noble-24.04-amd64-server-*"
                ]
              },
              {
                "name": "virtualization-type",
                "values": [
                  "hvm"
                ]
              }
            ],
            "hypervisor": "xen",
            "id": "ami-0fbcf351e82d18381",
            "image_id": "ami-0fbcf351e82d18381",
            "image_location": "amazon/ubuntu/images/hvm-ssd-gp3/ubuntu-noble-24.04-amd64-server-20260529",
            "image_owner_alias": "amazon",
            "image_type": "machine",
            "imds_support": "v2.0",
            "include_deprecated": false,
            "kernel_id": "",
            "last_launched_time": "",
            "most_recent": true,
            "name": "ubuntu/images/hvm-ssd-gp3/ubuntu-noble-24.04-amd64-server-20260529",
            "name_regex": null,
            "owner_id": "099720109477",
            "owners": [
              "099720109477"
            ],
            "platform": "",
            "platform_details": "Linux/UNIX",
            "product_codes": [],
            "public": true,
            "ramdisk_id": "",
            "root_device_name": "/dev/sda1",
            "root_device_type": "ebs",
            "root_snapshot_id": "snap-055f07a6d70cb61f0",
            "sriov_net_support": "simple",
            "state": "available",
            "state_reason": {
              "code": "UNSET",
              "message": "UNSET"
            },
            "tags": {},
            "timeouts": null,
            "tpm_support": "",
            "uefi_data": null,
            "usage_operation": "RunInstances",
            "virtualization_type": "hvm"
          },
          "sensitive_attributes": [],
          "identity_schema_version": 0
        }
      ]
    },
    {
      "mode": "data",
      "type": "aws_caller_identity",
      "name": "current",
      "provider": "provider[\"registry.terraform.io/hashicorp/aws\"]",
      "instances": [
        {
          "schema_version": 0,
          "attributes": {
            "account_id": "762595429056",
            "arn": "arn:aws:sts::762595429056:assumed-role/GithubActions/GitHub_to_AWS_via_FederatedOIDC",
            "id": "762595429056",
            "user_id": "AROA3DDR2ZLANB76U6HNV:GitHub_to_AWS_via_FederatedOIDC"
          },
          "sensitive_attributes": [],
          "identity_schema_version": 0
        }
      ]
    },
    {
      "mode": "data",
      "type": "aws_iam_instance_profile",
      "name": "jenkins_agent",
      "provider": "provider[\"registry.terraform.io/hashicorp/aws\"]",
      "instances": [
        {
          "index_key": 0,
          "schema_version": 0,
          "attributes": {
            "arn": "arn:aws:iam::762595429056:instance-profile/jenkins-prod-profile-agent",
            "create_date": "2026-05-24 03:32:28 +0000 UTC",
            "id": "AIPA3DDR2ZLAKFNPPS42O",
            "name": "jenkins-prod-profile-agent",
            "path": "/",
            "role_arn": "arn:aws:iam::762595429056:role/jenkins-prod-role-agent",
            "role_id": "AROA3DDR2ZLACX3H4W2G2",
            "role_name": "jenkins-prod-role-agent"
          },
          "sensitive_attributes": [],
          "identity_schema_version": 0
        }
      ]
    },
    {
      "mode": "data",
      "type": "aws_iam_instance_profile",
      "name": "jenkins_controller",
      "provider": "provider[\"registry.terraform.io/hashicorp/aws\"]",
      "instances": [
        {
          "index_key": 0,
          "schema_version": 0,
          "attributes": {
            "arn": "arn:aws:iam::762595429056:instance-profile/jenkins-prod-profile-controller",
            "create_date": "2026-05-24 03:32:28 +0000 UTC",
            "id": "AIPA3DDR2ZLACICVCIUT6",
            "name": "jenkins-prod-profile-controller",
            "path": "/",
            "role_arn": "arn:aws:iam::762595429056:role/jenkins-prod-role-controller",
            "role_id": "AROA3DDR2ZLAEK4K34YP6",
            "role_name": "jenkins-prod-role-controller"
          },
          "sensitive_attributes": [],
          "identity_schema_version": 0
        }
      ]
    },
    {
      "mode": "data",
      "type": "aws_iam_policy_document",
      "name": "ec2_assume_role",
      "provider": "provider[\"registry.terraform.io/hashicorp/aws\"]",
      "instances": [
        {
          "schema_version": 0,
          "attributes": {
            "id": "2851119427",
            "json": "{\n  \"Version\": \"2012-10-17\",\n  \"Statement\": [\n    {\n      \"Effect\": \"Allow\",\n      \"Action\": \"sts:AssumeRole\",\n      \"Principal\": {\n        \"Service\": \"ec2.amazonaws.com\"\n      }\n    }\n  ]\n}",
            "minified_json": "{\"Version\":\"2012-10-17\",\"Statement\":[{\"Effect\":\"Allow\",\"Action\":\"sts:AssumeRole\",\"Principal\":{\"Service\":\"ec2.amazonaws.com\"}}]}",
            "override_json": null,
            "override_policy_documents": null,
            "policy_id": null,
            "source_json": null,
            "source_policy_documents": null,
            "statement": [
              {
                "actions": [
                  "sts:AssumeRole"
                ],
                "condition": [],
                "effect": "Allow",
                "not_actions": [],
                "not_principals": [],
                "not_resources": [],
                "principals": [
                  {
                    "identifiers": [
                      "ec2.amazonaws.com"
                    ],
                    "type": "Service"
                  }
                ],
                "resources": [],
                "sid": ""
              }
            ],
            "version": "2012-10-17"
          },
          "sensitive_attributes": [],
          "identity_schema_version": 0
        }
      ]
    },
    {
      "mode": "data",
      "type": "aws_iam_role",
      "name": "jenkins_agent",
      "provider": "provider[\"registry.terraform.io/hashicorp/aws\"]",
      "instances": [
        {
          "index_key": 0,
          "schema_version": 0,
          "attributes": {
            "arn": "arn:aws:iam::762595429056:role/jenkins-prod-role-agent",
            "assume_role_policy": "{\"Version\":\"2012-10-17\",\"Statement\":[{\"Effect\":\"Allow\",\"Principal\":{\"Service\":\"ec2.amazonaws.com\"},\"Action\":\"sts:AssumeRole\"}]}",
            "create_date": "2026-05-24T03:32:27Z",
            "description": "",
            "id": "jenkins-prod-role-agent",
            "max_session_duration": 3600,
            "name": "jenkins-prod-role-agent",
            "path": "/",
            "permissions_boundary": "",
            "role_last_used": [
              {
                "last_used_date": "2026-05-31T07:31:27Z",
                "region": "us-east-1"
              }
            ],
            "tags": {
              "Environment": "prod",
              "ManagedBy": "Terraform",
              "Project": "jenkins",
              "auto-delete": "no"
            },
            "unique_id": "AROA3DDR2ZLACX3H4W2G2"
          },
          "sensitive_attributes": [],
          "identity_schema_version": 0
        }
      ]
    },
    {
      "mode": "data",
      "type": "aws_iam_role",
      "name": "jenkins_controller",
      "provider": "provider[\"registry.terraform.io/hashicorp/aws\"]",
      "instances": [
        {
          "index_key": 0,
          "schema_version": 0,
          "attributes": {
            "arn": "arn:aws:iam::762595429056:role/jenkins-prod-role-controller",
            "assume_role_policy": "{\"Version\":\"2012-10-17\",\"Statement\":[{\"Effect\":\"Allow\",\"Principal\":{\"Service\":\"ec2.amazonaws.com\"},\"Action\":\"sts:AssumeRole\"}]}",
            "create_date": "2026-05-24T03:32:27Z",
            "description": "",
            "id": "jenkins-prod-role-controller",
            "max_session_duration": 3600,
            "name": "jenkins-prod-role-controller",
            "path": "/",
            "permissions_boundary": "",
            "role_last_used": [
              {
                "last_used_date": "2026-05-31T07:36:44Z",
                "region": "us-east-1"
              }
            ],
            "tags": {
              "Environment": "prod",
              "ManagedBy": "Terraform",
              "Project": "jenkins",
              "auto-delete": "no"
            },
            "unique_id": "AROA3DDR2ZLAEK4K34YP6"
          },
          "sensitive_attributes": [],
          "identity_schema_version": 0
        }
      ]
    },
    {
      "mode": "data",
      "type": "aws_s3_bucket",
      "name": "jenkins_artifacts",
      "provider": "provider[\"registry.terraform.io/hashicorp/aws\"]",
      "instances": [
        {
          "index_key": 0,
          "schema_version": 0,
          "attributes": {
            "arn": "arn:aws:s3:::jenkins-prod-artifacts-762595429056",
            "bucket": "jenkins-prod-artifacts-762595429056",
            "bucket_domain_name": "jenkins-prod-artifacts-762595429056.s3.amazonaws.com",
            "bucket_regional_domain_name": "jenkins-prod-artifacts-762595429056.s3.us-east-1.amazonaws.com",
            "hosted_zone_id": "Z3AQBSTGFYJSTF",
            "id": "jenkins-prod-artifacts-762595429056",
            "region": "us-east-1",
            "website_domain": null,
            "website_endpoint": null
          },
          "sensitive_attributes": [],
          "identity_schema_version": 0
        }
      ]
    },
    {
      "mode": "managed",
      "type": "aws_autoscaling_group",
      "name": "jenkins_agents",
      "provider": "provider[\"registry.terraform.io/hashicorp/aws\"]",
      "instances": [
        {
          "schema_version": 1,
          "attributes": {
            "arn": "arn:aws:autoscaling:us-east-1:762595429056:autoScalingGroup:167d65fc-7b48-4314-932f-ff9dde4eb5e3:autoScalingGroupName/jenkins-prod-agents-asg",
            "availability_zone_distribution": [
              {
                "capacity_distribution_strategy": "balanced-best-effort"
              }
            ],
            "availability_zones": [
              "us-east-1a",
              "us-east-1b"
            ],
            "capacity_rebalance": false,
            "capacity_reservation_specification": [
              {
                "capacity_reservation_preference": "default",
                "capacity_reservation_target": []
              }
            ],
            "context": "",
            "default_cooldown": 300,
            "default_instance_warmup": 0,
            "desired_capacity": 2,
            "desired_capacity_type": "",
            "enabled_metrics": [],
            "force_delete": false,
            "force_delete_warm_pool": false,
            "health_check_grace_period": 300,
            "health_check_type": "EC2",
            "id": "jenkins-prod-agents-asg",
            "ignore_failed_scaling_activities": false,
            "initial_lifecycle_hook": [],
            "instance_maintenance_policy": [],
            "instance_refresh": [
              {
                "preferences": [
                  {
                    "alarm_specification": [],
                    "auto_rollback": false,
                    "checkpoint_delay": "",
                    "checkpoint_percentages": [],
                    "instance_warmup": "",
                    "max_healthy_percentage": 100,
                    "min_healthy_percentage": 50,
                    "scale_in_protected_instances": "Ignore",
                    "skip_matching": false,
                    "standby_instances": "Ignore"
                  }
                ],
                "strategy": "Rolling",
                "triggers": []
              }
            ],
            "launch_configuration": "",
            "launch_template": [
              {
                "id": "lt-098ef8ff99c330292",
                "name": "jenkins-prod-agent-20260531072150641700000005",
                "version": "$Latest"
              }
            ],
            "load_balancers": [],
            "max_instance_lifetime": 0,
            "max_size": 10,
            "metrics_granularity": "1Minute",
            "min_elb_capacity": null,
            "min_size": 1,
            "mixed_instances_policy": [],
            "name": "jenkins-prod-agents-asg",
            "name_prefix": "",
            "placement_group": "",
            "predicted_capacity": 0,
            "protect_from_scale_in": false,
            "service_linked_role_arn": "arn:aws:iam::762595429056:role/aws-service-role/autoscaling.amazonaws.com/AWSServiceRoleForAutoScaling",
            "suspended_processes": [],
            "tag": [
              {
                "key": "Name",
                "propagate_at_launch": true,
                "value": "jenkins-prod-agent"
              },
              {
                "key": "Role",
                "propagate_at_launch": true,
                "value": "JenkinsAgent"
              },
              {
                "key": "auto-delete",
                "propagate_at_launch": true,
                "value": "no"
              }
            ],
            "target_group_arns": [],
            "termination_policies": [],
            "timeouts": null,
            "traffic_source": [],
            "vpc_zone_identifier": [
              "subnet-018890c4453c54967",
              "subnet-09ca90d1bbf45c5e2"
            ],
            "wait_for_capacity_timeout": "15m",
            "wait_for_elb_capacity": null,
            "warm_pool": [],
            "warm_pool_size": 0
          },
          "sensitive_attributes": [],
          "identity_schema_version": 0,
          "private": "eyJlMmJmYjczMC1lY2FhLTExZTYtOGY4OC0zNDM2M2JjN2M0YzAiOnsiZGVsZXRlIjo2MDAwMDAwMDAwMDAsInVwZGF0ZSI6NjAwMDAwMDAwMDAwfSwic2NoZW1hX3ZlcnNpb24iOiIxIn0=",
          "dependencies": [
            "aws_efs_file_system.jenkins",
            "aws_eip.nat",
            "aws_iam_instance_profile.jenkins_agent",
            "aws_iam_instance_profile.jenkins_controller",
            "aws_iam_role.jenkins_agent",
            "aws_iam_role.jenkins_controller",
            "aws_instance.efs_samba",
            "aws_internet_gateway.main",
            "aws_launch_template.jenkins_agent",
            "aws_nat_gateway.main",
            "aws_security_group.alb",
            "aws_security_group.efs",
            "aws_security_group.efs_samba",
            "aws_security_group.jenkins_agent",
            "aws_security_group.jenkins_controller",
            "aws_subnet.private_agent",
            "aws_subnet.private_controller",
            "aws_subnet.public",
            "aws_vpc.main",
            "data.aws_ami.ubuntu",
            "data.aws_efs_file_system.jenkins",
            "data.aws_iam_instance_profile.jenkins_agent",
            "data.aws_iam_instance_profile.jenkins_controller",
            "data.aws_iam_policy_document.ec2_assume_role",
            "data.aws_iam_role.jenkins_agent",
            "data.aws_iam_role.jenkins_controller"
          ]
        }
      ]
    },
    {
      "mode": "managed",
      "type": "aws_autoscaling_group",
      "name": "jenkins_controllers",
      "provider": "provider[\"registry.terraform.io/hashicorp/aws\"]",
      "instances": [
        {
          "schema_version": 1,
          "attributes": {
            "arn": "arn:aws:autoscaling:us-east-1:762595429056:autoScalingGroup:d8133622-544b-49c4-b055-b64680224877:autoScalingGroupName/jenkins-prod-controllers-asg",
            "availability_zone_distribution": [
              {
                "capacity_distribution_strategy": "balanced-best-effort"
              }
            ],
            "availability_zones": [
              "us-east-1a",
              "us-east-1b"
            ],
            "capacity_rebalance": false,
            "capacity_reservation_specification": [
              {
                "capacity_reservation_preference": "default",
                "capacity_reservation_target": []
              }
            ],
            "context": "",
            "default_cooldown": 300,
            "default_instance_warmup": 0,
            "desired_capacity": 1,
            "desired_capacity_type": "",
            "enabled_metrics": [],
            "force_delete": false,
            "force_delete_warm_pool": false,
            "health_check_grace_period": 900,
            "health_check_type": "ELB",
            "id": "jenkins-prod-controllers-asg",
            "ignore_failed_scaling_activities": false,
            "initial_lifecycle_hook": [],
            "instance_maintenance_policy": [],
            "instance_refresh": [],
            "launch_configuration": "",
            "launch_template": [
              {
                "id": "lt-0f5e96737f866a605",
                "name": "jenkins-prod-controller-20260531072150641900000007",
                "version": "$Latest"
              }
            ],
            "load_balancers": [],
            "max_instance_lifetime": 0,
            "max_size": 2,
            "metrics_granularity": "1Minute",
            "min_elb_capacity": null,
            "min_size": 1,
            "mixed_instances_policy": [],
            "name": "jenkins-prod-controllers-asg",
            "name_prefix": "",
            "placement_group": "",
            "predicted_capacity": 0,
            "protect_from_scale_in": false,
            "service_linked_role_arn": "arn:aws:iam::762595429056:role/aws-service-role/autoscaling.amazonaws.com/AWSServiceRoleForAutoScaling",
            "suspended_processes": [],
            "tag": [
              {
                "key": "Name",
                "propagate_at_launch": true,
                "value": "jenkins-prod-controller"
              },
              {
                "key": "Role",
                "propagate_at_launch": true,
                "value": "JenkinsController"
              },
              {
                "key": "auto-delete",
                "propagate_at_launch": true,
                "value": "no"
              }
            ],
            "target_group_arns": [
              "arn:aws:elasticloadbalancing:us-east-1:762595429056:targetgroup/jenkins-prod-tg/d2401418bdf0e4ef"
            ],
            "termination_policies": [],
            "timeouts": null,
            "traffic_source": [
              {
                "identifier": "arn:aws:elasticloadbalancing:us-east-1:762595429056:targetgroup/jenkins-prod-tg/d2401418bdf0e4ef",
                "type": "elbv2"
              }
            ],
            "vpc_zone_identifier": [
              "subnet-0306c47444e87d799",
              "subnet-0ecadcc5d4cda8394"
            ],
            "wait_for_capacity_timeout": "15m",
            "wait_for_elb_capacity": null,
            "warm_pool": [],
            "warm_pool_size": 0
          },
          "sensitive_attributes": [],
          "identity_schema_version": 0,
          "private": "eyJlMmJmYjczMC1lY2FhLTExZTYtOGY4OC0zNDM2M2JjN2M0YzAiOnsiZGVsZXRlIjo2MDAwMDAwMDAwMDAsInVwZGF0ZSI6NjAwMDAwMDAwMDAwfSwic2NoZW1hX3ZlcnNpb24iOiIxIn0=",
          "dependencies": [
            "aws_efs_file_system.jenkins",
            "aws_eip.nat",
            "aws_iam_instance_profile.jenkins_controller",
            "aws_iam_role.jenkins_controller",
            "aws_instance.efs_samba",
            "aws_internet_gateway.main",
            "aws_launch_template.jenkins_controller",
            "aws_lb_target_group.jenkins",
            "aws_nat_gateway.main",
            "aws_security_group.alb",
            "aws_security_group.efs",
            "aws_security_group.efs_samba",
            "aws_security_group.jenkins_agent",
            "aws_security_group.jenkins_controller",
            "aws_subnet.private_controller",
            "aws_subnet.public",
            "aws_vpc.main",
            "data.aws_ami.ubuntu",
            "data.aws_efs_file_system.jenkins",
            "data.aws_iam_instance_profile.jenkins_controller",
            "data.aws_iam_policy_document.ec2_assume_role",
            "data.aws_iam_role.jenkins_controller"
          ]
        }
      ]
    },
    {
      "mode": "managed",
      "type": "aws_cloudfront_distribution",
      "name": "jenkins",
      "provider": "provider[\"registry.terraform.io/hashicorp/aws\"]",
      "instances": [
        {
          "schema_version": 1,
          "attributes": {
            "aliases": [],
            "arn": "arn:aws:cloudfront::762595429056:distribution/E3CGXHO37SBO3B",
            "caller_reference": "terraform-2026053107243439150000000d",
            "comment": "Jenkins UI - jenkins-prod",
            "continuous_deployment_policy_id": "",
            "custom_error_response": [],
            "default_cache_behavior": [
              {
                "allowed_methods": [
                  "DELETE",
                  "GET",
                  "HEAD",
                  "OPTIONS",
                  "PATCH",
                  "POST",
                  "PUT"
                ],
                "cache_policy_id": "",
                "cached_methods": [
                  "GET",
                  "HEAD"
                ],
                "compress": false,
                "default_ttl": 0,
                "field_level_encryption_id": "",
                "forwarded_values": [
                  {
                    "cookies": [
                      {
                        "forward": "all",
                        "whitelisted_names": []
                      }
                    ],
                    "headers": [
                      "Authorization",
                      "Host",
                      "Origin"
                    ],
                    "query_string": true,
                    "query_string_cache_keys": []
                  }
                ],
                "function_association": [],
                "grpc_config": [
                  {
                    "enabled": false
                  }
                ],
                "lambda_function_association": [],
                "max_ttl": 0,
                "min_ttl": 0,
                "origin_request_policy_id": "",
                "realtime_log_config_arn": "",
                "response_headers_policy_id": "",
                "smooth_streaming": false,
                "target_origin_id": "alb-origin",
                "trusted_key_groups": [],
                "trusted_signers": [],
                "viewer_protocol_policy": "redirect-to-https"
              }
            ],
            "default_root_object": "",
            "domain_name": "d2o34yb4eednc5.cloudfront.net",
            "enabled": true,
            "etag": "E23ZP02F085DFQ",
            "hosted_zone_id": "Z2FDTNDATAQYW2",
            "http_version": "http2",
            "id": "E3CGXHO37SBO3B",
            "in_progress_validation_batches": 0,
            "is_ipv6_enabled": false,
            "last_modified_time": "2026-05-31 07:24:34.649 +0000 UTC",
            "logging_config": [],
            "ordered_cache_behavior": [],
            "origin": [
              {
                "connection_attempts": 3,
                "connection_timeout": 10,
                "custom_header": [],
                "custom_origin_config": [
                  {
                    "http_port": 80,
                    "https_port": 443,
                    "origin_keepalive_timeout": 5,
                    "origin_protocol_policy": "http-only",
                    "origin_read_timeout": 30,
                    "origin_ssl_protocols": [
                      "TLSv1.2"
                    ]
                  }
                ],
                "domain_name": "jenkins-prod-alb-591334353.us-east-1.elb.amazonaws.com",
                "origin_access_control_id": "",
                "origin_id": "alb-origin",
                "origin_path": "",
                "origin_shield": [],
                "s3_origin_config": [],
                "vpc_origin_config": []
              }
            ],
            "origin_group": [],
            "price_class": "PriceClass_200",
            "restrictions": [
              {
                "geo_restriction": [
                  {
                    "locations": [],
                    "restriction_type": "none"
                  }
                ]
              }
            ],
            "retain_on_delete": false,
            "staging": false,
            "status": "Deployed",
            "tags": {
              "Environment": "prod",
              "ManagedBy": "Terraform",
              "Name": "jenkins-prod-cloudfront",
              "Project": "jenkins",
              "auto-delete": "no"
            },
            "tags_all": {
              "Environment": "prod",
              "ManagedBy": "Terraform",
              "Name": "jenkins-prod-cloudfront",
              "Project": "jenkins",
              "auto-delete": "no"
            },
            "trusted_key_groups": [
              {
                "enabled": false,
                "items": []
              }
            ],
            "trusted_signers": [
              {
                "enabled": false,
                "items": []
              }
            ],
            "viewer_certificate": [
              {
                "acm_certificate_arn": "",
                "cloudfront_default_certificate": true,
                "iam_certificate_id": "",
                "minimum_protocol_version": "TLSv1",
                "ssl_support_method": ""
              }
            ],
            "wait_for_deployment": true,
            "web_acl_id": ""
          },
          "sensitive_attributes": [],
          "identity_schema_version": 0,
          "private": "eyJzY2hlbWFfdmVyc2lvbiI6IjEifQ==",
          "dependencies": [
            "aws_lb.jenkins",
            "aws_security_group.alb",
            "aws_subnet.public",
            "aws_vpc.main"
          ]
        }
      ]
    },
    {
      "mode": "managed",
      "type": "aws_efs_file_system",
      "name": "jenkins",
      "provider": "provider[\"registry.terraform.io/hashicorp/aws\"]",
      "instances": [
        {
          "index_key": 0,
          "schema_version": 0,
          "attributes": {
            "arn": "arn:aws:elasticfilesystem:us-east-1:762595429056:file-system/fs-04107675d986de79e",
            "availability_zone_id": "",
            "availability_zone_name": "",
            "creation_token": "jenkins-prod-efs",
            "dns_name": "fs-04107675d986de79e.efs.us-east-1.amazonaws.com",
            "encrypted": true,
            "id": "fs-04107675d986de79e",
            "kms_key_id": "arn:aws:kms:us-east-1:762595429056:key/90366bd8-8711-4274-b4d6-b643b6e0873d",
            "lifecycle_policy": [],
            "name": "jenkins-prod-efs",
            "number_of_mount_targets": 2,
            "owner_id": "762595429056",
            "performance_mode": "generalPurpose",
            "protection": [
              {
                "replication_overwrite": "ENABLED"
              }
            ],
            "provisioned_throughput_in_mibps": 0,
            "size_in_bytes": [
              {
                "value": 6144,
                "value_in_ia": 0,
                "value_in_standard": 6144
              }
            ],
            "tags": {
              "Environment": "prod",
              "ManagedBy": "Terraform",
              "Name": "jenkins-prod-efs",
              "Project": "jenkins",
              "auto-delete": "no"
            },
            "tags_all": {
              "Environment": "prod",
              "ManagedBy": "Terraform",
              "Name": "jenkins-prod-efs",
              "Project": "jenkins",
              "auto-delete": "no"
            },
            "throughput_mode": "bursting"
          },
          "sensitive_attributes": [],
          "identity_schema_version": 0,
          "private": "bnVsbA==",
          "create_before_destroy": true
        }
      ]
    },
    {
      "mode": "managed",
      "type": "aws_efs_mount_target",
      "name": "controller",
      "provider": "provider[\"registry.terraform.io/hashicorp/aws\"]",
      "instances": [
        {
          "index_key": 0,
          "schema_version": 0,
          "attributes": {
            "availability_zone_id": "use1-az6",
            "availability_zone_name": "us-east-1a",
            "dns_name": "fs-04107675d986de79e.efs.us-east-1.amazonaws.com",
            "file_system_arn": "arn:aws:elasticfilesystem:us-east-1:762595429056:file-system/fs-04107675d986de79e",
            "file_system_id": "fs-04107675d986de79e",
            "id": "fsmt-0ffc66dd8e0e30afb",
            "ip_address": "172.168.11.211",
            "mount_target_dns_name": "us-east-1a.fs-04107675d986de79e.efs.us-east-1.amazonaws.com",
            "network_interface_id": "eni-0e400841bc749e915",
            "owner_id": "762595429056",
            "security_groups": [
              "sg-0d504475327fad3ff"
            ],
            "subnet_id": "subnet-0306c47444e87d799",
            "timeouts": null
          },
          "sensitive_attributes": [],
          "identity_schema_version": 0,
          "private": "eyJlMmJmYjczMC1lY2FhLTExZTYtOGY4OC0zNDM2M2JjN2M0YzAiOnsiY3JlYXRlIjoxODAwMDAwMDAwMDAwLCJkZWxldGUiOjYwMDAwMDAwMDAwMH19",
          "dependencies": [
            "aws_efs_file_system.jenkins",
            "aws_security_group.alb",
            "aws_security_group.efs",
            "aws_security_group.efs_samba",
            "aws_security_group.jenkins_agent",
            "aws_security_group.jenkins_controller",
            "aws_subnet.private_controller",
            "aws_vpc.main",
            "data.aws_efs_file_system.jenkins"
          ]
        },
        {
          "index_key": 1,
          "schema_version": 0,
          "attributes": {
            "availability_zone_id": "use1-az1",
            "availability_zone_name": "us-east-1b",
            "dns_name": "fs-04107675d986de79e.efs.us-east-1.amazonaws.com",
            "file_system_arn": "arn:aws:elasticfilesystem:us-east-1:762595429056:file-system/fs-04107675d986de79e",
            "file_system_id": "fs-04107675d986de79e",
            "id": "fsmt-05f607443e2030b08",
            "ip_address": "172.168.12.62",
            "mount_target_dns_name": "us-east-1b.fs-04107675d986de79e.efs.us-east-1.amazonaws.com",
            "network_interface_id": "eni-09bd0f0eed5e37275",
            "owner_id": "762595429056",
            "security_groups": [
              "sg-0d504475327fad3ff"
            ],
            "subnet_id": "subnet-0ecadcc5d4cda8394",
            "timeouts": null
          },
          "sensitive_attributes": [],
          "identity_schema_version": 0,
          "private": "eyJlMmJmYjczMC1lY2FhLTExZTYtOGY4OC0zNDM2M2JjN2M0YzAiOnsiY3JlYXRlIjoxODAwMDAwMDAwMDAwLCJkZWxldGUiOjYwMDAwMDAwMDAwMH19",
          "dependencies": [
            "aws_efs_file_system.jenkins",
            "aws_security_group.alb",
            "aws_security_group.efs",
            "aws_security_group.efs_samba",
            "aws_security_group.jenkins_agent",
            "aws_security_group.jenkins_controller",
            "aws_subnet.private_controller",
            "aws_vpc.main",
            "data.aws_efs_file_system.jenkins"
          ]
        }
      ]
    },
    {
      "mode": "managed",
      "type": "aws_eip",
      "name": "nat",
      "provider": "provider[\"registry.terraform.io/hashicorp/aws\"]",
      "instances": [
        {
          "index_key": 0,
          "schema_version": 0,
          "attributes": {
            "address": null,
            "allocation_id": "eipalloc-06f871f86b8603db6",
            "arn": "arn:aws:ec2:us-east-1:762595429056:elastic-ip/eipalloc-06f871f86b8603db6",
            "associate_with_private_ip": null,
            "association_id": "eipassoc-033aaba197a65224c",
            "carrier_ip": "",
            "customer_owned_ip": "",
            "customer_owned_ipv4_pool": "",
            "domain": "vpc",
            "id": "eipalloc-06f871f86b8603db6",
            "instance": "",
            "ipam_pool_id": null,
            "network_border_group": "us-east-1",
            "network_interface": "eni-02aa0f555878c2162",
            "private_dns": "ip-172-168-1-53.ec2.internal",
            "private_ip": "172.168.1.53",
            "ptr_record": "",
            "public_dns": "ec2-34-237-65-248.compute-1.amazonaws.com",
            "public_ip": "34.237.65.248",
            "public_ipv4_pool": "amazon",
            "tags": {
              "Environment": "prod",
              "ManagedBy": "Terraform",
              "Name": "jenkins-prod-nat-eip-1",
              "Project": "jenkins",
              "auto-delete": "no"
            },
            "tags_all": {
              "Environment": "prod",
              "ManagedBy": "Terraform",
              "Name": "jenkins-prod-nat-eip-1",
              "Project": "jenkins",
              "auto-delete": "no"
            },
            "timeouts": null,
            "vpc": true
          },
          "sensitive_attributes": [],
          "identity_schema_version": 0,
          "private": "eyJlMmJmYjczMC1lY2FhLTExZTYtOGY4OC0zNDM2M2JjN2M0YzAiOnsiZGVsZXRlIjoxODAwMDAwMDAwMDAsInJlYWQiOjkwMDAwMDAwMDAwMCwidXBkYXRlIjozMDAwMDAwMDAwMDB9fQ==",
          "dependencies": [
            "aws_internet_gateway.main",
            "aws_vpc.main"
          ]
        },
        {
          "index_key": 1,
          "schema_version": 0,
          "attributes": {
            "address": null,
            "allocation_id": "eipalloc-0b02034c0d98fa835",
            "arn": "arn:aws:ec2:us-east-1:762595429056:elastic-ip/eipalloc-0b02034c0d98fa835",
            "associate_with_private_ip": null,
            "association_id": "eipassoc-03a5e4349fb515b94",
            "carrier_ip": "",
            "customer_owned_ip": "",
            "customer_owned_ipv4_pool": "",
            "domain": "vpc",
            "id": "eipalloc-0b02034c0d98fa835",
            "instance": "",
            "ipam_pool_id": null,
            "network_border_group": "us-east-1",
            "network_interface": "eni-0c8e8f65ef9ae7b8d",
            "private_dns": "ip-172-168-2-87.ec2.internal",
            "private_ip": "172.168.2.87",
            "ptr_record": "",
            "public_dns": "ec2-44-216-107-93.compute-1.amazonaws.com",
            "public_ip": "44.216.107.93",
            "public_ipv4_pool": "amazon",
            "tags": {
              "Environment": "prod",
              "ManagedBy": "Terraform",
              "Name": "jenkins-prod-nat-eip-2",
              "Project": "jenkins",
              "auto-delete": "no"
            },
            "tags_all": {
              "Environment": "prod",
              "ManagedBy": "Terraform",
              "Name": "jenkins-prod-nat-eip-2",
              "Project": "jenkins",
              "auto-delete": "no"
            },
            "timeouts": null,
            "vpc": true
          },
          "sensitive_attributes": [],
          "identity_schema_version": 0,
          "private": "eyJlMmJmYjczMC1lY2FhLTExZTYtOGY4OC0zNDM2M2JjN2M0YzAiOnsiZGVsZXRlIjoxODAwMDAwMDAwMDAsInJlYWQiOjkwMDAwMDAwMDAwMCwidXBkYXRlIjozMDAwMDAwMDAwMDB9fQ==",
          "dependencies": [
            "aws_internet_gateway.main",
            "aws_vpc.main"
          ]
        }
      ]
    },
    {
      "mode": "managed",
      "type": "aws_instance",
      "name": "efs_samba",
      "provider": "provider[\"registry.terraform.io/hashicorp/aws\"]",
      "instances": [
        {
          "schema_version": 1,
          "attributes": {
            "ami": "ami-0fbcf351e82d18381",
            "arn": "arn:aws:ec2:us-east-1:762595429056:instance/i-0d270c02e36894474",
            "associate_public_ip_address": false,
            "availability_zone": "us-east-1a",
            "capacity_reservation_specification": [
              {
                "capacity_reservation_preference": "open",
                "capacity_reservation_target": []
              }
            ],
            "cpu_core_count": 1,
            "cpu_options": [
              {
                "amd_sev_snp": "",
                "core_count": 1,
                "threads_per_core": 2
              }
            ],
            "cpu_threads_per_core": 2,
            "credit_specification": [
              {
                "cpu_credits": "unlimited"
              }
            ],
            "disable_api_stop": false,
            "disable_api_termination": false,
            "ebs_block_device": [],
            "ebs_optimized": false,
            "enable_primary_ipv6": null,
            "enclave_options": [
              {
                "enabled": false
              }
            ],
            "ephemeral_block_device": [],
            "get_password_data": false,
            "hibernation": false,
            "host_id": "",
            "host_resource_group_arn": null,
            "iam_instance_profile": "jenkins-prod-profile-controller",
            "id": "i-0d270c02e36894474",
            "instance_initiated_shutdown_behavior": "stop",
            "instance_lifecycle": "",
            "instance_market_options": [],
            "instance_state": "running",
            "instance_type": "t3.micro",
            "ipv6_address_count": 0,
            "ipv6_addresses": [],
            "key_name": "",
            "launch_template": [],
            "maintenance_options": [
              {
                "auto_recovery": "default"
              }
            ],
            "metadata_options": [
              {
                "http_endpoint": "enabled",
                "http_protocol_ipv6": "disabled",
                "http_put_response_hop_limit": 2,
                "http_tokens": "required",
                "instance_metadata_tags": "disabled"
              }
            ],
            "monitoring": false,
            "network_interface": [],
            "outpost_arn": "",
            "password_data": "",
            "placement_group": "",
            "placement_partition_number": 0,
            "primary_network_interface_id": "eni-0f602c8475b0110bc",
            "private_dns": "ip-172-168-11-26.ec2.internal",
            "private_dns_name_options": [
              {
                "enable_resource_name_dns_a_record": false,
                "enable_resource_name_dns_aaaa_record": false,
                "hostname_type": "ip-name"
              }
            ],
            "private_ip": "172.168.11.26",
            "public_dns": "",
            "public_ip": "",
            "root_block_device": [
              {
                "delete_on_termination": true,
                "device_name": "/dev/sda1",
                "encrypted": false,
                "iops": 3000,
                "kms_key_id": "",
                "tags": {},
                "tags_all": {},
                "throughput": 125,
                "volume_id": "vol-09de9fc4773e06056",
                "volume_size": 8,
                "volume_type": "gp3"
              }
            ],
            "secondary_private_ips": [],
            "security_groups": [],
            "source_dest_check": true,
            "spot_instance_request_id": "",
            "subnet_id": "subnet-0306c47444e87d799",
            "tags": {
              "Environment": "prod",
              "ManagedBy": "Terraform",
              "Name": "jenkins-prod-efs-samba",
              "Project": "jenkins",
              "Role": "EFS-Samba-Bridge",
              "auto-delete": "no"
            },
            "tags_all": {
              "Environment": "prod",
              "ManagedBy": "Terraform",
              "Name": "jenkins-prod-efs-samba",
              "Project": "jenkins",
              "Role": "EFS-Samba-Bridge",
              "auto-delete": "no"
            },
            "tenancy": "default",
            "timeouts": null,
            "user_data": "17bbb74c03e76c30a2b87797230768724fc5c7d2",
            "user_data_base64": null,
            "user_data_replace_on_change": false,
            "volume_tags": null,
            "vpc_security_group_ids": [
              "sg-09046143a2ba120b4",
              "sg-0d504475327fad3ff"
            ]
          },
          "sensitive_attributes": [],
          "identity_schema_version": 0,
          "private": "eyJlMmJmYjczMC1lY2FhLTExZTYtOGY4OC0zNDM2M2JjN2M0YzAiOnsiY3JlYXRlIjo2MDAwMDAwMDAwMDAsImRlbGV0ZSI6MTIwMDAwMDAwMDAwMCwicmVhZCI6OTAwMDAwMDAwMDAwLCJ1cGRhdGUiOjYwMDAwMDAwMDAwMH0sInNjaGVtYV92ZXJzaW9uIjoiMSJ9",
          "dependencies": [
            "aws_efs_file_system.jenkins",
            "aws_iam_instance_profile.jenkins_controller",
            "aws_iam_role.jenkins_controller",
            "aws_security_group.alb",
            "aws_security_group.efs",
            "aws_security_group.efs_samba",
            "aws_security_group.jenkins_agent",
            "aws_security_group.jenkins_controller",
            "aws_subnet.private_controller",
            "aws_vpc.main",
            "data.aws_ami.ubuntu",
            "data.aws_efs_file_system.jenkins",
            "data.aws_iam_instance_profile.jenkins_controller",
            "data.aws_iam_policy_document.ec2_assume_role",
            "data.aws_iam_role.jenkins_controller"
          ],
          "create_before_destroy": true
        }
      ]
    },
    {
      "mode": "managed",
      "type": "aws_internet_gateway",
      "name": "main",
      "provider": "provider[\"registry.terraform.io/hashicorp/aws\"]",
      "instances": [
        {
          "schema_version": 0,
          "attributes": {
            "arn": "arn:aws:ec2:us-east-1:762595429056:internet-gateway/igw-093677084be3d2679",
            "id": "igw-093677084be3d2679",
            "owner_id": "762595429056",
            "tags": {
              "Environment": "prod",
              "ManagedBy": "Terraform",
              "Name": "jenkins-prod-igw",
              "Project": "jenkins",
              "auto-delete": "no"
            },
            "tags_all": {
              "Environment": "prod",
              "ManagedBy": "Terraform",
              "Name": "jenkins-prod-igw",
              "Project": "jenkins",
              "auto-delete": "no"
            },
            "timeouts": null,
            "vpc_id": "vpc-06f35da97bb2a5b83"
          },
          "sensitive_attributes": [],
          "identity_schema_version": 0,
          "private": "eyJlMmJmYjczMC1lY2FhLTExZTYtOGY4OC0zNDM2M2JjN2M0YzAiOnsiY3JlYXRlIjoxMjAwMDAwMDAwMDAwLCJkZWxldGUiOjEyMDAwMDAwMDAwMDAsInVwZGF0ZSI6MTIwMDAwMDAwMDAwMH19",
          "dependencies": [
            "aws_vpc.main"
          ]
        }
      ]
    },
    {
      "mode": "managed",
      "type": "aws_launch_template",
      "name": "jenkins_agent",
      "provider": "provider[\"registry.terraform.io/hashicorp/aws\"]",
      "instances": [
        {
          "schema_version": 0,
          "attributes": {
            "arn": "arn:aws:ec2:us-east-1:762595429056:launch-template/lt-098ef8ff99c330292",
            "block_device_mappings": [],
            "capacity_reservation_specification": [],
            "cpu_options": [],
            "credit_specification": [],
            "default_version": 1,
            "description": "",
            "disable_api_stop": false,
            "disable_api_termination": false,
            "ebs_optimized": "",
            "elastic_gpu_specifications": [],
            "elastic_inference_accelerator": [],
            "enclave_options": [],
            "hibernation_options": [],
            "iam_instance_profile": [
              {
                "arn": "",
                "name": "jenkins-prod-profile-agent"
              }
            ],
            "id": "lt-098ef8ff99c330292",
            "image_id": "ami-0ca7038e6ff499fc0",
            "instance_initiated_shutdown_behavior": "",
            "instance_market_options": [],
            "instance_requirements": [],
            "instance_type": "t3.medium",
            "kernel_id": "",
            "key_name": "",
            "latest_version": 1,
            "license_specification": [],
            "maintenance_options": [],
            "metadata_options": [
              {
                "http_endpoint": "enabled",
                "http_protocol_ipv6": "",
                "http_put_response_hop_limit": 2,
                "http_tokens": "required",
                "instance_metadata_tags": ""
              }
            ],
            "monitoring": [],
            "name": "jenkins-prod-agent-20260531072150641700000005",
            "name_prefix": "jenkins-prod-agent-",
            "network_interfaces": [],
            "placement": [],
            "private_dns_name_options": [],
            "ram_disk_id": "",
            "security_group_names": [],
            "tag_specifications": [
              {
                "resource_type": "instance",
                "tags": {
                  "Environment": "prod",
                  "ManagedBy": "Terraform",
                  "Name": "jenkins-prod-agent",
                  "Project": "jenkins",
                  "Role": "JenkinsAgent",
                  "auto-delete": "no"
                }
              },
              {
                "resource_type": "volume",
                "tags": {
                  "Environment": "prod",
                  "ManagedBy": "Terraform",
                  "Name": "jenkins-prod-agent-vol",
                  "Project": "jenkins",
                  "auto-delete": "no"
                }
              }
            ],
            "tags": {
              "Environment": "prod",
              "ManagedBy": "Terraform",
              "Name": "jenkins-prod-agent-lt",
              "Project": "jenkins",
              "auto-delete": "no"
            },
            "tags_all": {
              "Environment": "prod",
              "ManagedBy": "Terraform",
              "Name": "jenkins-prod-agent-lt",
              "Project": "jenkins",
              "auto-delete": "no"
            },
            "update_default_version": null,
            "user_data": "PHBvd2Vyc2hlbGw+CiMgLS0tIFNTTSBBZ2VudCAtLS0KU3RhcnQtU2VydmljZSBBbWF6b25TU01BZ2VudApTZXQtU2VydmljZSBBbWF6b25TU01BZ2VudCAtU3RhcnR1cFR5cGUgQXV0b21hdGljCgojIC0tLSBJbnN0YWxsIE5GUyBjbGllbnQgZm9yIEVGUyAtLS0KSW5zdGFsbC1XaW5kb3dzRmVhdHVyZSAtTmFtZSBORlMtQ2xpZW50CgojIC0tLSBJbnN0YWxsIENob2NvbGF0ZXkgLS0tClNldC1FeGVjdXRpb25Qb2xpY3kgQnlwYXNzIC1TY29wZSBQcm9jZXNzIC1Gb3JjZQpbU3lzdGVtLk5ldC5TZXJ2aWNlUG9pbnRNYW5hZ2VyXTo6U2VjdXJpdHlQcm90b2NvbCA9IFtTeXN0ZW0uTmV0LlNlcnZpY2VQb2ludE1hbmFnZXJdOjpTZWN1cml0eVByb3RvY29sIC1ib3IgMzA3MgpJbnZva2UtRXhwcmVzc2lvbiAoKE5ldy1PYmplY3QgU3lzdGVtLk5ldC5XZWJDbGllbnQpLkRvd25sb2FkU3RyaW5nKCdodHRwczovL2NvbW11bml0eS5jaG9jb2xhdGV5Lm9yZy9pbnN0YWxsLnBzMScpKQokZW52OlBBVEggPSAiJGVudjpQQVRIO0M6XFByb2dyYW1EYXRhXGNob2NvbGF0ZXlcYmluIgoKIyAtLS0gSW5zdGFsbCBKYXZhIDIxIChyZXF1aXJlZCBmb3IgSmVua2lucyBKTkxQIGFnZW50KSAtLS0KY2hvY28gaW5zdGFsbCBjb3JyZXR0bzIxamRrIC15CiRKYXZhUGF0aCA9IChHZXQtQ2hpbGRJdGVtICJDOlxQcm9ncmFtIEZpbGVzXEFtYXpvbiBDb3JyZXR0byIgLURpcmVjdG9yeSB8IFdoZXJlLU9iamVjdCB7ICRfLk5hbWUgLWxpa2UgImpkazIxKiIgfSB8IFNlbGVjdC1PYmplY3QgLUZpcnN0IDEpLkZ1bGxOYW1lCltTeXN0ZW0uRW52aXJvbm1lbnRdOjpTZXRFbnZpcm9ubWVudFZhcmlhYmxlKCJKQVZBX0hPTUUiLCAkSmF2YVBhdGgsICJNYWNoaW5lIikKJGVudjpKQVZBX0hPTUUgPSAkSmF2YVBhdGgKJGVudjpQQVRIID0gIiRKYXZhUGF0aFxiaW47JGVudjpQQVRIIgoKIyAtLS0gTW91bnQgRUZTIHZpYSBTYW1iYSBicmlkZ2UgKFNNQikgLS0tCm5ldCB1c2UgWjogIlxcMTcyLjE2OC4xMS4yNlxlZnNoYXJlIiAvcGVyc2lzdGVudDp5ZXMKCldyaXRlLU91dHB1dCAiQWdlbnQgYm9vdHN0cmFwIGNvbXBsZXRlLiBKYXZhIDIxIGluc3RhbGxlZCBmb3IgSk5MUCBjb25uZWN0aW9uLiIKPC9wb3dlcnNoZWxsPgo=",
            "vpc_security_group_ids": [
              "sg-0e41343d8accd2ffc"
            ]
          },
          "sensitive_attributes": [],
          "identity_schema_version": 0,
          "private": "bnVsbA==",
          "dependencies": [
            "aws_efs_file_system.jenkins",
            "aws_iam_instance_profile.jenkins_agent",
            "aws_iam_instance_profile.jenkins_controller",
            "aws_iam_role.jenkins_agent",
            "aws_iam_role.jenkins_controller",
            "aws_instance.efs_samba",
            "aws_security_group.alb",
            "aws_security_group.efs",
            "aws_security_group.efs_samba",
            "aws_security_group.jenkins_agent",
            "aws_security_group.jenkins_controller",
            "aws_subnet.private_controller",
            "aws_vpc.main",
            "data.aws_ami.ubuntu",
            "data.aws_efs_file_system.jenkins",
            "data.aws_iam_instance_profile.jenkins_agent",
            "data.aws_iam_instance_profile.jenkins_controller",
            "data.aws_iam_policy_document.ec2_assume_role",
            "data.aws_iam_role.jenkins_agent",
            "data.aws_iam_role.jenkins_controller"
          ],
          "create_before_destroy": true
        }
      ]
    },
    {
      "mode": "managed",
      "type": "aws_launch_template",
      "name": "jenkins_controller",
      "provider": "provider[\"registry.terraform.io/hashicorp/aws\"]",
      "instances": [
        {
          "schema_version": 0,
          "attributes": {
            "arn": "arn:aws:ec2:us-east-1:762595429056:launch-template/lt-0f5e96737f866a605",
            "block_device_mappings": [],
            "capacity_reservation_specification": [],
            "cpu_options": [],
            "credit_specification": [],
            "default_version": 1,
            "description": "",
            "disable_api_stop": false,
            "disable_api_termination": false,
            "ebs_optimized": "",
            "elastic_gpu_specifications": [],
            "elastic_inference_accelerator": [],
            "enclave_options": [],
            "hibernation_options": [],
            "iam_instance_profile": [
              {
                "arn": "",
                "name": "jenkins-prod-profile-controller"
              }
            ],
            "id": "lt-0f5e96737f866a605",
            "image_id": "ami-0ca7038e6ff499fc0",
            "instance_initiated_shutdown_behavior": "",
            "instance_market_options": [],
            "instance_requirements": [],
            "instance_type": "t3.large",
            "kernel_id": "",
            "key_name": "",
            "latest_version": 1,
            "license_specification": [],
            "maintenance_options": [],
            "metadata_options": [
              {
                "http_endpoint": "enabled",
                "http_protocol_ipv6": "",
                "http_put_response_hop_limit": 2,
                "http_tokens": "required",
                "instance_metadata_tags": ""
              }
            ],
            "monitoring": [],
            "name": "jenkins-prod-controller-20260531072150641900000007",
            "name_prefix": "jenkins-prod-controller-",
            "network_interfaces": [],
            "placement": [],
            "private_dns_name_options": [],
            "ram_disk_id": "",
            "security_group_names": [],
            "tag_specifications": [
              {
                "resource_type": "instance",
                "tags": {
                  "Environment": "prod",
                  "ManagedBy": "Terraform",
                  "Name": "jenkins-prod-controller",
                  "Project": "jenkins",
                  "Role": "JenkinsController",
                  "auto-delete": "no"
                }
              },
              {
                "resource_type": "volume",
                "tags": {
                  "Environment": "prod",
                  "ManagedBy": "Terraform",
                  "Name": "jenkins-prod-controller-vol",
                  "Project": "jenkins",
                  "auto-delete": "no"
                }
              }
            ],
            "tags": {
              "Environment": "prod",
              "ManagedBy": "Terraform",
              "Name": "jenkins-prod-controller-lt",
              "Project": "jenkins",
              "auto-delete": "no"
            },
            "tags_all": {
              "Environment": "prod",
              "ManagedBy": "Terraform",
              "Name": "jenkins-prod-controller-lt",
              "Project": "jenkins",
              "auto-delete": "no"
            },
            "update_default_version": null,
            "user_data": "PHBvd2Vyc2hlbGw+CiMgLS0tIFNTTSBBZ2VudCAtLS0KU3RhcnQtU2VydmljZSBBbWF6b25TU01BZ2VudApTZXQtU2VydmljZSBBbWF6b25TU01BZ2VudCAtU3RhcnR1cFR5cGUgQXV0b21hdGljCgojIC0tLSBJbnN0YWxsIE5GUyBjbGllbnQgZm9yIEVGUyAtLS0KSW5zdGFsbC1XaW5kb3dzRmVhdHVyZSAtTmFtZSBORlMtQ2xpZW50CgojIC0tLSBJbnN0YWxsIENob2NvbGF0ZXkgLS0tClNldC1FeGVjdXRpb25Qb2xpY3kgQnlwYXNzIC1TY29wZSBQcm9jZXNzIC1Gb3JjZQpbU3lzdGVtLk5ldC5TZXJ2aWNlUG9pbnRNYW5hZ2VyXTo6U2VjdXJpdHlQcm90b2NvbCA9IFtTeXN0ZW0uTmV0LlNlcnZpY2VQb2ludE1hbmFnZXJdOjpTZWN1cml0eVByb3RvY29sIC1ib3IgMzA3MgpJbnZva2UtRXhwcmVzc2lvbiAoKE5ldy1PYmplY3QgU3lzdGVtLk5ldC5XZWJDbGllbnQpLkRvd25sb2FkU3RyaW5nKCdodHRwczovL2NvbW11bml0eS5jaG9jb2xhdGV5Lm9yZy9pbnN0YWxsLnBzMScpKQokZW52OlBBVEggPSAiJGVudjpQQVRIO0M6XFByb2dyYW1EYXRhXGNob2NvbGF0ZXlcYmluIgoKIyAtLS0gSW5zdGFsbCBKYXZhIDIxIChKZW5raW5zIHJlcXVpcmVzIDIxKykgLS0tCmNob2NvIGluc3RhbGwgY29ycmV0dG8yMWpkayAteQokSmF2YVBhdGggPSAoR2V0LUNoaWxkSXRlbSAiQzpcUHJvZ3JhbSBGaWxlc1xBbWF6b24gQ29ycmV0dG8iIC1EaXJlY3RvcnkgfCBXaGVyZS1PYmplY3QgeyAkXy5OYW1lIC1saWtlICJqZGsyMSoiIH0gfCBTZWxlY3QtT2JqZWN0IC1GaXJzdCAxKS5GdWxsTmFtZQpbU3lzdGVtLkVudmlyb25tZW50XTo6U2V0RW52aXJvbm1lbnRWYXJpYWJsZSgiSkFWQV9IT01FIiwgJEphdmFQYXRoLCAiTWFjaGluZSIpCiRlbnY6SkFWQV9IT01FID0gJEphdmFQYXRoCiRlbnY6UEFUSCA9ICIkSmF2YVBhdGhcYmluOyRlbnY6UEFUSCIKCiMgLS0tIEluc3RhbGwgSmVua2lucyAtLS0KY2hvY28gaW5zdGFsbCBqZW5raW5zIC15CgojIC0tLSBQb2ludCBKZW5raW5zIHRvIEphdmEgMjEgaW4gamVua2lucy54bWwgLS0tClN0YXJ0LVNsZWVwIC1TZWNvbmRzIDEwCiRqZW5raW5zWG1sID0gIkM6XFByb2dyYW0gRmlsZXNcSmVua2luc1xqZW5raW5zLnhtbCIKaWYgKFRlc3QtUGF0aCAkamVua2luc1htbCkgewogICRjb250ZW50ID0gR2V0LUNvbnRlbnQgJGplbmtpbnNYbWwgLVJhdwogICRjb250ZW50ID0gJGNvbnRlbnQgLXJlcGxhY2UgJyg/aSk8ZXhlY3V0YWJsZT5bXjxdKzwvZXhlY3V0YWJsZT4nLCAiPGV4ZWN1dGFibGU+JEphdmFQYXRoXGJpblxqYXZhLmV4ZTwvZXhlY3V0YWJsZT4iCiAgU2V0LUNvbnRlbnQgJGplbmtpbnNYbWwgLVZhbHVlICRjb250ZW50Cn0KCiMgLS0tIFN0YXJ0IEplbmtpbnMgLS0tClNldC1TZXJ2aWNlIEplbmtpbnMgLVN0YXJ0dXBUeXBlIEF1dG9tYXRpYwpSZXN0YXJ0LVNlcnZpY2UgSmVua2lucyAtRm9yY2UKU3RhcnQtU2xlZXAgLVNlY29uZHMgMzAKCiMgLS0tIFZlcmlmeSBKZW5raW5zIG9uIHBvcnQgODA4MCAtLS0KJHJldHJpZXMgPSAwCndoaWxlICgkcmV0cmllcyAtbHQgMTApIHsKICAkbGlzdGVuaW5nID0gbmV0c3RhdCAtYW4gfCBTZWxlY3QtU3RyaW5nICI6ODA4MC4qTElTVEVOSU5HIgogIGlmICgkbGlzdGVuaW5nKSB7IGJyZWFrIH0KICBTdGFydC1TbGVlcCAtU2Vjb25kcyAxNQogIFJlc3RhcnQtU2VydmljZSBKZW5raW5zIC1Gb3JjZSAtRXJyb3JBY3Rpb24gU2lsZW50bHlDb250aW51ZQogICRyZXRyaWVzKysKfQoKIyAtLS0gTW91bnQgRUZTIHZpYSBTYW1iYSBicmlkZ2UgKFNNQikgLS0tCm5ldCB1c2UgWjogIlxcMTcyLjE2OC4xMS4yNlxlZnNoYXJlIiAvcGVyc2lzdGVudDp5ZXMKCldyaXRlLU91dHB1dCAiQ29udHJvbGxlciBib290c3RyYXAgY29tcGxldGUuIEplbmtpbnMgb24gcG9ydCA4MDgwLiIKTmV3LU5ldEZpcmV3YWxsUnVsZSAtRGlzcGxheU5hbWUgIkplbmtpbnMgODA4MCIgLURpcmVjdGlvbiBJbmJvdW5kIC1Mb2NhbFBvcnQgODA4MCAtUHJvdG9jb2wgVENQIC1BY3Rpb24gQWxsb3cKPC9wb3dlcnNoZWxsPgo=",
            "vpc_security_group_ids": [
              "sg-06ddfdc635072727a"
            ]
          },
          "sensitive_attributes": [],
          "identity_schema_version": 0,
          "private": "bnVsbA==",
          "dependencies": [
            "aws_efs_file_system.jenkins",
            "aws_iam_instance_profile.jenkins_controller",
            "aws_iam_role.jenkins_controller",
            "aws_instance.efs_samba",
            "aws_security_group.alb",
            "aws_security_group.efs",
            "aws_security_group.efs_samba",
            "aws_security_group.jenkins_agent",
            "aws_security_group.jenkins_controller",
            "aws_subnet.private_controller",
            "aws_vpc.main",
            "data.aws_ami.ubuntu",
            "data.aws_efs_file_system.jenkins",
            "data.aws_iam_instance_profile.jenkins_controller",
            "data.aws_iam_policy_document.ec2_assume_role",
            "data.aws_iam_role.jenkins_controller"
          ],
          "create_before_destroy": true
        }
      ]
    },
    {
      "mode": "managed",
      "type": "aws_lb",
      "name": "jenkins",
      "provider": "provider[\"registry.terraform.io/hashicorp/aws\"]",
      "instances": [
        {
          "schema_version": 0,
          "attributes": {
            "access_logs": [
              {
                "bucket": "",
                "enabled": false,
                "prefix": ""
              }
            ],
            "arn": "arn:aws:elasticloadbalancing:us-east-1:762595429056:loadbalancer/app/jenkins-prod-alb/c5c3edbc6cf025d3",
            "arn_suffix": "app/jenkins-prod-alb/c5c3edbc6cf025d3",
            "client_keep_alive": 3600,
            "connection_logs": [
              {
                "bucket": "",
                "enabled": false,
                "prefix": ""
              }
            ],
            "customer_owned_ipv4_pool": "",
            "desync_mitigation_mode": "defensive",
            "dns_name": "jenkins-prod-alb-591334353.us-east-1.elb.amazonaws.com",
            "dns_record_client_routing_policy": null,
            "drop_invalid_header_fields": false,
            "enable_cross_zone_load_balancing": true,
            "enable_deletion_protection": false,
            "enable_http2": true,
            "enable_tls_version_and_cipher_suite_headers": false,
            "enable_waf_fail_open": false,
            "enable_xff_client_port": false,
            "enable_zonal_shift": false,
            "enforce_security_group_inbound_rules_on_private_link_traffic": "",
            "id": "arn:aws:elasticloadbalancing:us-east-1:762595429056:loadbalancer/app/jenkins-prod-alb/c5c3edbc6cf025d3",
            "idle_timeout": 60,
            "internal": false,
            "ip_address_type": "ipv4",
            "ipam_pools": [],
            "load_balancer_type": "application",
            "minimum_load_balancer_capacity": [],
            "name": "jenkins-prod-alb",
            "name_prefix": "",
            "preserve_host_header": false,
            "security_groups": [
              "sg-0e045510cdfbac99f"
            ],
            "subnet_mapping": [
              {
                "allocation_id": "",
                "ipv6_address": "",
                "outpost_id": "",
                "private_ipv4_address": "",
                "subnet_id": "subnet-021faaeaf02e88356"
              },
              {
                "allocation_id": "",
                "ipv6_address": "",
                "outpost_id": "",
                "private_ipv4_address": "",
                "subnet_id": "subnet-052268811ca0f6b93"
              }
            ],
            "subnets": [
              "subnet-021faaeaf02e88356",
              "subnet-052268811ca0f6b93"
            ],
            "tags": {
              "Environment": "prod",
              "ManagedBy": "Terraform",
              "Name": "jenkins-prod-alb",
              "Project": "jenkins",
              "auto-delete": "no"
            },
            "tags_all": {
              "Environment": "prod",
              "ManagedBy": "Terraform",
              "Name": "jenkins-prod-alb",
              "Project": "jenkins",
              "auto-delete": "no"
            },
            "timeouts": null,
            "vpc_id": "vpc-06f35da97bb2a5b83",
            "xff_header_processing_mode": "append",
            "zone_id": "Z35SXDOTRQ7X7K"
          },
          "sensitive_attributes": [],
          "identity_schema_version": 0,
          "private": "eyJlMmJmYjczMC1lY2FhLTExZTYtOGY4OC0zNDM2M2JjN2M0YzAiOnsiY3JlYXRlIjo2MDAwMDAwMDAwMDAsImRlbGV0ZSI6NjAwMDAwMDAwMDAwLCJ1cGRhdGUiOjYwMDAwMDAwMDAwMH19",
          "dependencies": [
            "aws_security_group.alb",
            "aws_subnet.public",
            "aws_vpc.main"
          ]
        }
      ]
    },
    {
      "mode": "managed",
      "type": "aws_lb_listener",
      "name": "http",
      "provider": "provider[\"registry.terraform.io/hashicorp/aws\"]",
      "instances": [
        {
          "schema_version": 0,
          "attributes": {
            "alpn_policy": null,
            "arn": "arn:aws:elasticloadbalancing:us-east-1:762595429056:listener/app/jenkins-prod-alb/c5c3edbc6cf025d3/ed44c747f2122d95",
            "certificate_arn": null,
            "default_action": [
              {
                "authenticate_cognito": [],
                "authenticate_oidc": [],
                "fixed_response": [],
                "forward": [],
                "order": 1,
                "redirect": [],
                "target_group_arn": "arn:aws:elasticloadbalancing:us-east-1:762595429056:targetgroup/jenkins-prod-tg/d2401418bdf0e4ef",
                "type": "forward"
              }
            ],
            "id": "arn:aws:elasticloadbalancing:us-east-1:762595429056:listener/app/jenkins-prod-alb/c5c3edbc6cf025d3/ed44c747f2122d95",
            "load_balancer_arn": "arn:aws:elasticloadbalancing:us-east-1:762595429056:loadbalancer/app/jenkins-prod-alb/c5c3edbc6cf025d3",
            "mutual_authentication": [],
            "port": 80,
            "protocol": "HTTP",
            "routing_http_request_x_amzn_mtls_clientcert_header_name": null,
            "routing_http_request_x_amzn_mtls_clientcert_issuer_header_name": null,
            "routing_http_request_x_amzn_mtls_clientcert_leaf_header_name": null,
            "routing_http_request_x_amzn_mtls_clientcert_serial_number_header_name": null,
            "routing_http_request_x_amzn_mtls_clientcert_subject_header_name": null,
            "routing_http_request_x_amzn_mtls_clientcert_validity_header_name": null,
            "routing_http_request_x_amzn_tls_cipher_suite_header_name": null,
            "routing_http_request_x_amzn_tls_version_header_name": null,
            "routing_http_response_access_control_allow_credentials_header_value": "",
            "routing_http_response_access_control_allow_headers_header_value": "",
            "routing_http_response_access_control_allow_methods_header_value": "",
            "routing_http_response_access_control_allow_origin_header_value": "",
            "routing_http_response_access_control_expose_headers_header_value": "",
            "routing_http_response_access_control_max_age_header_value": "",
            "routing_http_response_content_security_policy_header_value": "",
            "routing_http_response_server_enabled": true,
            "routing_http_response_strict_transport_security_header_value": "",
            "routing_http_response_x_content_type_options_header_value": "",
            "routing_http_response_x_frame_options_header_value": "",
            "ssl_policy": "",
            "tags": null,
            "tags_all": {},
            "tcp_idle_timeout_seconds": null,
            "timeouts": null
          },
          "sensitive_attributes": [],
          "identity_schema_version": 0,
          "private": "eyJlMmJmYjczMC1lY2FhLTExZTYtOGY4OC0zNDM2M2JjN2M0YzAiOnsiY3JlYXRlIjozMDAwMDAwMDAwMDAsInVwZGF0ZSI6MzAwMDAwMDAwMDAwfX0=",
          "dependencies": [
            "aws_lb.jenkins",
            "aws_lb_target_group.jenkins",
            "aws_security_group.alb",
            "aws_subnet.public",
            "aws_vpc.main"
          ]
        }
      ]
    },
    {
      "mode": "managed",
      "type": "aws_lb_target_group",
      "name": "jenkins",
      "provider": "provider[\"registry.terraform.io/hashicorp/aws\"]",
      "instances": [
        {
          "schema_version": 0,
          "attributes": {
            "arn": "arn:aws:elasticloadbalancing:us-east-1:762595429056:targetgroup/jenkins-prod-tg/d2401418bdf0e4ef",
            "arn_suffix": "targetgroup/jenkins-prod-tg/d2401418bdf0e4ef",
            "connection_termination": null,
            "deregistration_delay": "300",
            "health_check": [
              {
                "enabled": true,
                "healthy_threshold": 3,
                "interval": 30,
                "matcher": "200,302",
                "path": "/login",
                "port": "8080",
                "protocol": "HTTP",
                "timeout": 10,
                "unhealthy_threshold": 3
              }
            ],
            "id": "arn:aws:elasticloadbalancing:us-east-1:762595429056:targetgroup/jenkins-prod-tg/d2401418bdf0e4ef",
            "ip_address_type": "ipv4",
            "lambda_multi_value_headers_enabled": false,
            "load_balancer_arns": [],
            "load_balancing_algorithm_type": "round_robin",
            "load_balancing_anomaly_mitigation": "off",
            "load_balancing_cross_zone_enabled": "use_load_balancer_configuration",
            "name": "jenkins-prod-tg",
            "name_prefix": "",
            "port": 8080,
            "preserve_client_ip": null,
            "protocol": "HTTP",
            "protocol_version": "HTTP1",
            "proxy_protocol_v2": false,
            "slow_start": 0,
            "stickiness": [
              {
                "cookie_duration": 86400,
                "cookie_name": "",
                "enabled": false,
                "type": "lb_cookie"
              }
            ],
            "tags": {
              "Environment": "prod",
              "ManagedBy": "Terraform",
              "Name": "jenkins-prod-tg",
              "Project": "jenkins",
              "auto-delete": "no"
            },
            "tags_all": {
              "Environment": "prod",
              "ManagedBy": "Terraform",
              "Name": "jenkins-prod-tg",
              "Project": "jenkins",
              "auto-delete": "no"
            },
            "target_failover": [
              {
                "on_deregistration": null,
                "on_unhealthy": null
              }
            ],
            "target_group_health": [
              {
                "dns_failover": [
                  {
                    "minimum_healthy_targets_count": "1",
                    "minimum_healthy_targets_percentage": "off"
                  }
                ],
                "unhealthy_state_routing": [
                  {
                    "minimum_healthy_targets_count": 1,
                    "minimum_healthy_targets_percentage": "off"
                  }
                ]
              }
            ],
            "target_health_state": [
              {
                "enable_unhealthy_connection_termination": null,
                "unhealthy_draining_interval": null
              }
            ],
            "target_type": "instance",
            "vpc_id": "vpc-06f35da97bb2a5b83"
          },
          "sensitive_attributes": [],
          "identity_schema_version": 0,
          "private": "bnVsbA==",
          "dependencies": [
            "aws_vpc.main"
          ]
        }
      ]
    },
    {
      "mode": "managed",
      "type": "aws_nat_gateway",
      "name": "main",
      "provider": "provider[\"registry.terraform.io/hashicorp/aws\"]",
      "instances": [
        {
          "index_key": 0,
          "schema_version": 0,
          "attributes": {
            "allocation_id": "eipalloc-06f871f86b8603db6",
            "association_id": "eipassoc-033aaba197a65224c",
            "connectivity_type": "public",
            "id": "nat-00cd32b39ca413f18",
            "network_interface_id": "eni-02aa0f555878c2162",
            "private_ip": "172.168.1.53",
            "public_ip": "34.237.65.248",
            "secondary_allocation_ids": [],
            "secondary_private_ip_address_count": 0,
            "secondary_private_ip_addresses": [],
            "subnet_id": "subnet-021faaeaf02e88356",
            "tags": {
              "Environment": "prod",
              "ManagedBy": "Terraform",
              "Name": "jenkins-prod-nat-1",
              "Project": "jenkins",
              "auto-delete": "no"
            },
            "tags_all": {
              "Environment": "prod",
              "ManagedBy": "Terraform",
              "Name": "jenkins-prod-nat-1",
              "Project": "jenkins",
              "auto-delete": "no"
            },
            "timeouts": null
          },
          "sensitive_attributes": [],
          "identity_schema_version": 0,
          "private": "eyJlMmJmYjczMC1lY2FhLTExZTYtOGY4OC0zNDM2M2JjN2M0YzAiOnsiY3JlYXRlIjo2MDAwMDAwMDAwMDAsImRlbGV0ZSI6MTgwMDAwMDAwMDAwMCwidXBkYXRlIjo2MDAwMDAwMDAwMDB9fQ==",
          "dependencies": [
            "aws_eip.nat",
            "aws_internet_gateway.main",
            "aws_subnet.public",
            "aws_vpc.main"
          ]
        },
        {
          "index_key": 1,
          "schema_version": 0,
          "attributes": {
            "allocation_id": "eipalloc-0b02034c0d98fa835",
            "association_id": "eipassoc-03a5e4349fb515b94",
            "connectivity_type": "public",
            "id": "nat-07bdada8ece7e4c95",
            "network_interface_id": "eni-0c8e8f65ef9ae7b8d",
            "private_ip": "172.168.2.87",
            "public_ip": "44.216.107.93",
            "secondary_allocation_ids": [],
            "secondary_private_ip_address_count": 0,
            "secondary_private_ip_addresses": [],
            "subnet_id": "subnet-052268811ca0f6b93",
            "tags": {
              "Environment": "prod",
              "ManagedBy": "Terraform",
              "Name": "jenkins-prod-nat-2",
              "Project": "jenkins",
              "auto-delete": "no"
            },
            "tags_all": {
              "Environment": "prod",
              "ManagedBy": "Terraform",
              "Name": "jenkins-prod-nat-2",
              "Project": "jenkins",
              "auto-delete": "no"
            },
            "timeouts": null
          },
          "sensitive_attributes": [],
          "identity_schema_version": 0,
          "private": "eyJlMmJmYjczMC1lY2FhLTExZTYtOGY4OC0zNDM2M2JjN2M0YzAiOnsiY3JlYXRlIjo2MDAwMDAwMDAwMDAsImRlbGV0ZSI6MTgwMDAwMDAwMDAwMCwidXBkYXRlIjo2MDAwMDAwMDAwMDB9fQ==",
          "dependencies": [
            "aws_eip.nat",
            "aws_internet_gateway.main",
            "aws_subnet.public",
            "aws_vpc.main"
          ]
        }
      ]
    },
    {
      "mode": "managed",
      "type": "aws_route_table",
      "name": "private_agent",
      "provider": "provider[\"registry.terraform.io/hashicorp/aws\"]",
      "instances": [
        {
          "index_key": 0,
          "schema_version": 0,
          "attributes": {
            "arn": "arn:aws:ec2:us-east-1:762595429056:route-table/rtb-0a0cdf3e413c56ea5",
            "id": "rtb-0a0cdf3e413c56ea5",
            "owner_id": "762595429056",
            "propagating_vgws": [],
            "route": [
              {
                "carrier_gateway_id": "",
                "cidr_block": "0.0.0.0/0",
                "core_network_arn": "",
                "destination_prefix_list_id": "",
                "egress_only_gateway_id": "",
                "gateway_id": "",
                "ipv6_cidr_block": "",
                "local_gateway_id": "",
                "nat_gateway_id": "nat-00cd32b39ca413f18",
                "network_interface_id": "",
                "transit_gateway_id": "",
                "vpc_endpoint_id": "",
                "vpc_peering_connection_id": ""
              }
            ],
            "tags": {
              "Environment": "prod",
              "ManagedBy": "Terraform",
              "Name": "jenkins-prod-rt-agent-1",
              "Project": "jenkins",
              "auto-delete": "no"
            },
            "tags_all": {
              "Environment": "prod",
              "ManagedBy": "Terraform",
              "Name": "jenkins-prod-rt-agent-1",
              "Project": "jenkins",
              "auto-delete": "no"
            },
            "timeouts": null,
            "vpc_id": "vpc-06f35da97bb2a5b83"
          },
          "sensitive_attributes": [],
          "identity_schema_version": 0,
          "private": "eyJlMmJmYjczMC1lY2FhLTExZTYtOGY4OC0zNDM2M2JjN2M0YzAiOnsiY3JlYXRlIjozMDAwMDAwMDAwMDAsImRlbGV0ZSI6MzAwMDAwMDAwMDAwLCJ1cGRhdGUiOjEyMDAwMDAwMDAwMH19",
          "dependencies": [
            "aws_eip.nat",
            "aws_internet_gateway.main",
            "aws_nat_gateway.main",
            "aws_subnet.public",
            "aws_vpc.main"
          ]
        },
        {
          "index_key": 1,
          "schema_version": 0,
          "attributes": {
            "arn": "arn:aws:ec2:us-east-1:762595429056:route-table/rtb-0b006507c96c0170e",
            "id": "rtb-0b006507c96c0170e",
            "owner_id": "762595429056",
            "propagating_vgws": [],
            "route": [
              {
                "carrier_gateway_id": "",
                "cidr_block": "0.0.0.0/0",
                "core_network_arn": "",
                "destination_prefix_list_id": "",
                "egress_only_gateway_id": "",
                "gateway_id": "",
                "ipv6_cidr_block": "",
                "local_gateway_id": "",
                "nat_gateway_id": "nat-07bdada8ece7e4c95",
                "network_interface_id": "",
                "transit_gateway_id": "",
                "vpc_endpoint_id": "",
                "vpc_peering_connection_id": ""
              }
            ],
            "tags": {
              "Environment": "prod",
              "ManagedBy": "Terraform",
              "Name": "jenkins-prod-rt-agent-2",
              "Project": "jenkins",
              "auto-delete": "no"
            },
            "tags_all": {
              "Environment": "prod",
              "ManagedBy": "Terraform",
              "Name": "jenkins-prod-rt-agent-2",
              "Project": "jenkins",
              "auto-delete": "no"
            },
            "timeouts": null,
            "vpc_id": "vpc-06f35da97bb2a5b83"
          },
          "sensitive_attributes": [],
          "identity_schema_version": 0,
          "private": "eyJlMmJmYjczMC1lY2FhLTExZTYtOGY4OC0zNDM2M2JjN2M0YzAiOnsiY3JlYXRlIjozMDAwMDAwMDAwMDAsImRlbGV0ZSI6MzAwMDAwMDAwMDAwLCJ1cGRhdGUiOjEyMDAwMDAwMDAwMH19",
          "dependencies": [
            "aws_eip.nat",
            "aws_internet_gateway.main",
            "aws_nat_gateway.main",
            "aws_subnet.public",
            "aws_vpc.main"
          ]
        }
      ]
    },
    {
      "mode": "managed",
      "type": "aws_route_table",
      "name": "private_controller",
      "provider": "provider[\"registry.terraform.io/hashicorp/aws\"]",
      "instances": [
        {
          "index_key": 0,
          "schema_version": 0,
          "attributes": {
            "arn": "arn:aws:ec2:us-east-1:762595429056:route-table/rtb-0229c0bff58ae0aaa",
            "id": "rtb-0229c0bff58ae0aaa",
            "owner_id": "762595429056",
            "propagating_vgws": [],
            "route": [
              {
                "carrier_gateway_id": "",
                "cidr_block": "0.0.0.0/0",
                "core_network_arn": "",
                "destination_prefix_list_id": "",
                "egress_only_gateway_id": "",
                "gateway_id": "",
                "ipv6_cidr_block": "",
                "local_gateway_id": "",
                "nat_gateway_id": "nat-00cd32b39ca413f18",
                "network_interface_id": "",
                "transit_gateway_id": "",
                "vpc_endpoint_id": "",
                "vpc_peering_connection_id": ""
              }
            ],
            "tags": {
              "Environment": "prod",
              "ManagedBy": "Terraform",
              "Name": "jenkins-prod-rt-controller-1",
              "Project": "jenkins",
              "auto-delete": "no"
            },
            "tags_all": {
              "Environment": "prod",
              "ManagedBy": "Terraform",
              "Name": "jenkins-prod-rt-controller-1",
              "Project": "jenkins",
              "auto-delete": "no"
            },
            "timeouts": null,
            "vpc_id": "vpc-06f35da97bb2a5b83"
          },
          "sensitive_attributes": [],
          "identity_schema_version": 0,
          "private": "eyJlMmJmYjczMC1lY2FhLTExZTYtOGY4OC0zNDM2M2JjN2M0YzAiOnsiY3JlYXRlIjozMDAwMDAwMDAwMDAsImRlbGV0ZSI6MzAwMDAwMDAwMDAwLCJ1cGRhdGUiOjEyMDAwMDAwMDAwMH19",
          "dependencies": [
            "aws_eip.nat",
            "aws_internet_gateway.main",
            "aws_nat_gateway.main",
            "aws_subnet.public",
            "aws_vpc.main"
          ]
        },
        {
          "index_key": 1,
          "schema_version": 0,
          "attributes": {
            "arn": "arn:aws:ec2:us-east-1:762595429056:route-table/rtb-0afbc509b7e8878a7",
            "id": "rtb-0afbc509b7e8878a7",
            "owner_id": "762595429056",
            "propagating_vgws": [],
            "route": [
              {
                "carrier_gateway_id": "",
                "cidr_block": "0.0.0.0/0",
                "core_network_arn": "",
                "destination_prefix_list_id": "",
                "egress_only_gateway_id": "",
                "gateway_id": "",
                "ipv6_cidr_block": "",
                "local_gateway_id": "",
                "nat_gateway_id": "nat-07bdada8ece7e4c95",
                "network_interface_id": "",
                "transit_gateway_id": "",
                "vpc_endpoint_id": "",
                "vpc_peering_connection_id": ""
              }
            ],
            "tags": {
              "Environment": "prod",
              "ManagedBy": "Terraform",
              "Name": "jenkins-prod-rt-controller-2",
              "Project": "jenkins",
              "auto-delete": "no"
            },
            "tags_all": {
              "Environment": "prod",
              "ManagedBy": "Terraform",
              "Name": "jenkins-prod-rt-controller-2",
              "Project": "jenkins",
              "auto-delete": "no"
            },
            "timeouts": null,
            "vpc_id": "vpc-06f35da97bb2a5b83"
          },
          "sensitive_attributes": [],
          "identity_schema_version": 0,
          "private": "eyJlMmJmYjczMC1lY2FhLTExZTYtOGY4OC0zNDM2M2JjN2M0YzAiOnsiY3JlYXRlIjozMDAwMDAwMDAwMDAsImRlbGV0ZSI6MzAwMDAwMDAwMDAwLCJ1cGRhdGUiOjEyMDAwMDAwMDAwMH19",
          "dependencies": [
            "aws_eip.nat",
            "aws_internet_gateway.main",
            "aws_nat_gateway.main",
            "aws_subnet.public",
            "aws_vpc.main"
          ]
        }
      ]
    },
    {
      "mode": "managed",
      "type": "aws_route_table",
      "name": "public",
      "provider": "provider[\"registry.terraform.io/hashicorp/aws\"]",
      "instances": [
        {
          "schema_version": 0,
          "attributes": {
            "arn": "arn:aws:ec2:us-east-1:762595429056:route-table/rtb-041428d29b99e99e0",
            "id": "rtb-041428d29b99e99e0",
            "owner_id": "762595429056",
            "propagating_vgws": [],
            "route": [
              {
                "carrier_gateway_id": "",
                "cidr_block": "0.0.0.0/0",
                "core_network_arn": "",
                "destination_prefix_list_id": "",
                "egress_only_gateway_id": "",
                "gateway_id": "igw-093677084be3d2679",
                "ipv6_cidr_block": "",
                "local_gateway_id": "",
                "nat_gateway_id": "",
                "network_interface_id": "",
                "transit_gateway_id": "",
                "vpc_endpoint_id": "",
                "vpc_peering_connection_id": ""
              }
            ],
            "tags": {
              "Environment": "prod",
              "ManagedBy": "Terraform",
              "Name": "jenkins-prod-rt-public",
              "Project": "jenkins",
              "auto-delete": "no"
            },
            "tags_all": {
              "Environment": "prod",
              "ManagedBy": "Terraform",
              "Name": "jenkins-prod-rt-public",
              "Project": "jenkins",
              "auto-delete": "no"
            },
            "timeouts": null,
            "vpc_id": "vpc-06f35da97bb2a5b83"
          },
          "sensitive_attributes": [],
          "identity_schema_version": 0,
          "private": "eyJlMmJmYjczMC1lY2FhLTExZTYtOGY4OC0zNDM2M2JjN2M0YzAiOnsiY3JlYXRlIjozMDAwMDAwMDAwMDAsImRlbGV0ZSI6MzAwMDAwMDAwMDAwLCJ1cGRhdGUiOjEyMDAwMDAwMDAwMH19",
          "dependencies": [
            "aws_internet_gateway.main",
            "aws_vpc.main"
          ]
        }
      ]
    },
    {
      "mode": "managed",
      "type": "aws_route_table_association",
      "name": "private_agent",
      "provider": "provider[\"registry.terraform.io/hashicorp/aws\"]",
      "instances": [
        {
          "index_key": 0,
          "schema_version": 0,
          "attributes": {
            "gateway_id": "",
            "id": "rtbassoc-03c833e39c8fe2713",
            "route_table_id": "rtb-0a0cdf3e413c56ea5",
            "subnet_id": "subnet-018890c4453c54967",
            "timeouts": null
          },
          "sensitive_attributes": [],
          "identity_schema_version": 0,
          "private": "eyJlMmJmYjczMC1lY2FhLTExZTYtOGY4OC0zNDM2M2JjN2M0YzAiOnsiY3JlYXRlIjozMDAwMDAwMDAwMDAsImRlbGV0ZSI6MzAwMDAwMDAwMDAwLCJ1cGRhdGUiOjEyMDAwMDAwMDAwMH19",
          "dependencies": [
            "aws_eip.nat",
            "aws_internet_gateway.main",
            "aws_nat_gateway.main",
            "aws_route_table.private_agent",
            "aws_subnet.private_agent",
            "aws_subnet.public",
            "aws_vpc.main"
          ]
        },
        {
          "index_key": 1,
          "schema_version": 0,
          "attributes": {
            "gateway_id": "",
            "id": "rtbassoc-003338d3f0616d728",
            "route_table_id": "rtb-0b006507c96c0170e",
            "subnet_id": "subnet-09ca90d1bbf45c5e2",
            "timeouts": null
          },
          "sensitive_attributes": [],
          "identity_schema_version": 0,
          "private": "eyJlMmJmYjczMC1lY2FhLTExZTYtOGY4OC0zNDM2M2JjN2M0YzAiOnsiY3JlYXRlIjozMDAwMDAwMDAwMDAsImRlbGV0ZSI6MzAwMDAwMDAwMDAwLCJ1cGRhdGUiOjEyMDAwMDAwMDAwMH19",
          "dependencies": [
            "aws_eip.nat",
            "aws_internet_gateway.main",
            "aws_nat_gateway.main",
            "aws_route_table.private_agent",
            "aws_subnet.private_agent",
            "aws_subnet.public",
            "aws_vpc.main"
          ]
        }
      ]
    },
    {
      "mode": "managed",
      "type": "aws_route_table_association",
      "name": "private_controller",
      "provider": "provider[\"registry.terraform.io/hashicorp/aws\"]",
      "instances": [
        {
          "index_key": 0,
          "schema_version": 0,
          "attributes": {
            "gateway_id": "",
            "id": "rtbassoc-0738aabcb2966cfdc",
            "route_table_id": "rtb-0229c0bff58ae0aaa",
            "subnet_id": "subnet-0306c47444e87d799",
            "timeouts": null
          },
          "sensitive_attributes": [],
          "identity_schema_version": 0,
          "private": "eyJlMmJmYjczMC1lY2FhLTExZTYtOGY4OC0zNDM2M2JjN2M0YzAiOnsiY3JlYXRlIjozMDAwMDAwMDAwMDAsImRlbGV0ZSI6MzAwMDAwMDAwMDAwLCJ1cGRhdGUiOjEyMDAwMDAwMDAwMH19",
          "dependencies": [
            "aws_eip.nat",
            "aws_internet_gateway.main",
            "aws_nat_gateway.main",
            "aws_route_table.private_controller",
            "aws_subnet.private_controller",
            "aws_subnet.public",
            "aws_vpc.main"
          ]
        },
        {
          "index_key": 1,
          "schema_version": 0,
          "attributes": {
            "gateway_id": "",
            "id": "rtbassoc-01930def83d81ed04",
            "route_table_id": "rtb-0afbc509b7e8878a7",
            "subnet_id": "subnet-0ecadcc5d4cda8394",
            "timeouts": null
          },
          "sensitive_attributes": [],
          "identity_schema_version": 0,
          "private": "eyJlMmJmYjczMC1lY2FhLTExZTYtOGY4OC0zNDM2M2JjN2M0YzAiOnsiY3JlYXRlIjozMDAwMDAwMDAwMDAsImRlbGV0ZSI6MzAwMDAwMDAwMDAwLCJ1cGRhdGUiOjEyMDAwMDAwMDAwMH19",
          "dependencies": [
            "aws_eip.nat",
            "aws_internet_gateway.main",
            "aws_nat_gateway.main",
            "aws_route_table.private_controller",
            "aws_subnet.private_controller",
            "aws_subnet.public",
            "aws_vpc.main"
          ]
        }
      ]
    },
    {
      "mode": "managed",
      "type": "aws_route_table_association",
      "name": "public",
      "provider": "provider[\"registry.terraform.io/hashicorp/aws\"]",
      "instances": [
        {
          "index_key": 0,
          "schema_version": 0,
          "attributes": {
            "gateway_id": "",
            "id": "rtbassoc-07c9196da723fa7a3",
            "route_table_id": "rtb-041428d29b99e99e0",
            "subnet_id": "subnet-021faaeaf02e88356",
            "timeouts": null
          },
          "sensitive_attributes": [],
          "identity_schema_version": 0,
          "private": "eyJlMmJmYjczMC1lY2FhLTExZTYtOGY4OC0zNDM2M2JjN2M0YzAiOnsiY3JlYXRlIjozMDAwMDAwMDAwMDAsImRlbGV0ZSI6MzAwMDAwMDAwMDAwLCJ1cGRhdGUiOjEyMDAwMDAwMDAwMH19",
          "dependencies": [
            "aws_internet_gateway.main",
            "aws_route_table.public",
            "aws_subnet.public",
            "aws_vpc.main"
          ]
        },
        {
          "index_key": 1,
          "schema_version": 0,
          "attributes": {
            "gateway_id": "",
            "id": "rtbassoc-0d70dc82c23503338",
            "route_table_id": "rtb-041428d29b99e99e0",
            "subnet_id": "subnet-052268811ca0f6b93",
            "timeouts": null
          },
          "sensitive_attributes": [],
          "identity_schema_version": 0,
          "private": "eyJlMmJmYjczMC1lY2FhLTExZTYtOGY4OC0zNDM2M2JjN2M0YzAiOnsiY3JlYXRlIjozMDAwMDAwMDAwMDAsImRlbGV0ZSI6MzAwMDAwMDAwMDAwLCJ1cGRhdGUiOjEyMDAwMDAwMDAwMH19",
          "dependencies": [
            "aws_internet_gateway.main",
            "aws_route_table.public",
            "aws_subnet.public",
            "aws_vpc.main"
          ]
        }
      ]
    },
    {
      "mode": "managed",
      "type": "aws_security_group",
      "name": "alb",
      "provider": "provider[\"registry.terraform.io/hashicorp/aws\"]",
      "instances": [
        {
          "schema_version": 1,
          "attributes": {
            "arn": "arn:aws:ec2:us-east-1:762595429056:security-group/sg-0e045510cdfbac99f",
            "description": "ALB - HTTPS from CloudFront",
            "egress": [
              {
                "cidr_blocks": [
                  "0.0.0.0/0"
                ],
                "description": "",
                "from_port": 0,
                "ipv6_cidr_blocks": [],
                "prefix_list_ids": [],
                "protocol": "-1",
                "security_groups": [],
                "self": false,
                "to_port": 0
              }
            ],
            "id": "sg-0e045510cdfbac99f",
            "ingress": [
              {
                "cidr_blocks": [
                  "0.0.0.0/0"
                ],
                "description": "HTTP redirect",
                "from_port": 80,
                "ipv6_cidr_blocks": [],
                "prefix_list_ids": [],
                "protocol": "tcp",
                "security_groups": [],
                "self": false,
                "to_port": 80
              },
              {
                "cidr_blocks": [
                  "0.0.0.0/0"
                ],
                "description": "HTTPS from internet (CloudFront)",
                "from_port": 443,
                "ipv6_cidr_blocks": [],
                "prefix_list_ids": [],
                "protocol": "tcp",
                "security_groups": [],
                "self": false,
                "to_port": 443
              }
            ],
            "name": "jenkins-prod-sg-alb",
            "name_prefix": "",
            "owner_id": "762595429056",
            "revoke_rules_on_delete": false,
            "tags": {
              "Environment": "prod",
              "ManagedBy": "Terraform",
              "Name": "jenkins-prod-sg-alb",
              "Project": "jenkins",
              "auto-delete": "no"
            },
            "tags_all": {
              "Environment": "prod",
              "ManagedBy": "Terraform",
              "Name": "jenkins-prod-sg-alb",
              "Project": "jenkins",
              "auto-delete": "no"
            },
            "timeouts": null,
            "vpc_id": "vpc-06f35da97bb2a5b83"
          },
          "sensitive_attributes": [],
          "identity_schema_version": 0,
          "private": "eyJlMmJmYjczMC1lY2FhLTExZTYtOGY4OC0zNDM2M2JjN2M0YzAiOnsiY3JlYXRlIjo2MDAwMDAwMDAwMDAsImRlbGV0ZSI6OTAwMDAwMDAwMDAwfSwic2NoZW1hX3ZlcnNpb24iOiIxIn0=",
          "dependencies": [
            "aws_vpc.main"
          ],
          "create_before_destroy": true
        }
      ]
    },
    {
      "mode": "managed",
      "type": "aws_security_group",
      "name": "efs",
      "provider": "provider[\"registry.terraform.io/hashicorp/aws\"]",
      "instances": [
        {
          "schema_version": 1,
          "attributes": {
            "arn": "arn:aws:ec2:us-east-1:762595429056:security-group/sg-0d504475327fad3ff",
            "description": "EFS - NFS from controllers and agents",
            "egress": [
              {
                "cidr_blocks": [
                  "0.0.0.0/0"
                ],
                "description": "",
                "from_port": 0,
                "ipv6_cidr_blocks": [],
                "prefix_list_ids": [],
                "protocol": "-1",
                "security_groups": [],
                "self": false,
                "to_port": 0
              }
            ],
            "id": "sg-0d504475327fad3ff",
            "ingress": [
              {
                "cidr_blocks": [],
                "description": "NFS from Agents",
                "from_port": 2049,
                "ipv6_cidr_blocks": [],
                "prefix_list_ids": [],
                "protocol": "tcp",
                "security_groups": [
                  "sg-0e41343d8accd2ffc"
                ],
                "self": false,
                "to_port": 2049
              },
              {
                "cidr_blocks": [],
                "description": "NFS from Controllers",
                "from_port": 2049,
                "ipv6_cidr_blocks": [],
                "prefix_list_ids": [],
                "protocol": "tcp",
                "security_groups": [
                  "sg-06ddfdc635072727a"
                ],
                "self": false,
                "to_port": 2049
              },
              {
                "cidr_blocks": [],
                "description": "NFS from Samba bridge",
                "from_port": 2049,
                "ipv6_cidr_blocks": [],
                "prefix_list_ids": [],
                "protocol": "tcp",
                "security_groups": [
                  "sg-09046143a2ba120b4"
                ],
                "self": false,
                "to_port": 2049
              }
            ],
            "name": "jenkins-prod-sg-efs",
            "name_prefix": "",
            "owner_id": "762595429056",
            "revoke_rules_on_delete": false,
            "tags": {
              "Environment": "prod",
              "ManagedBy": "Terraform",
              "Name": "jenkins-prod-sg-efs",
              "Project": "jenkins",
              "auto-delete": "no"
            },
            "tags_all": {
              "Environment": "prod",
              "ManagedBy": "Terraform",
              "Name": "jenkins-prod-sg-efs",
              "Project": "jenkins",
              "auto-delete": "no"
            },
            "timeouts": null,
            "vpc_id": "vpc-06f35da97bb2a5b83"
          },
          "sensitive_attributes": [],
          "identity_schema_version": 0,
          "private": "eyJlMmJmYjczMC1lY2FhLTExZTYtOGY4OC0zNDM2M2JjN2M0YzAiOnsiY3JlYXRlIjo2MDAwMDAwMDAwMDAsImRlbGV0ZSI6OTAwMDAwMDAwMDAwfSwic2NoZW1hX3ZlcnNpb24iOiIxIn0=",
          "dependencies": [
            "aws_security_group.alb",
            "aws_security_group.efs_samba",
            "aws_security_group.jenkins_agent",
            "aws_security_group.jenkins_controller",
            "aws_vpc.main"
          ],
          "create_before_destroy": true
        }
      ]
    },
    {
      "mode": "managed",
      "type": "aws_security_group",
      "name": "efs_samba",
      "provider": "provider[\"registry.terraform.io/hashicorp/aws\"]",
      "instances": [
        {
          "schema_version": 1,
          "attributes": {
            "arn": "arn:aws:ec2:us-east-1:762595429056:security-group/sg-09046143a2ba120b4",
            "description": "EFS Samba bridge - SMB from VPC, NFS to EFS",
            "egress": [
              {
                "cidr_blocks": [
                  "0.0.0.0/0"
                ],
                "description": "",
                "from_port": 0,
                "ipv6_cidr_blocks": [],
                "prefix_list_ids": [],
                "protocol": "-1",
                "security_groups": [],
                "self": false,
                "to_port": 0
              }
            ],
            "id": "sg-09046143a2ba120b4",
            "ingress": [
              {
                "cidr_blocks": [
                  "172.168.0.0/16"
                ],
                "description": "SMB from VPC (Windows instances)",
                "from_port": 445,
                "ipv6_cidr_blocks": [],
                "prefix_list_ids": [],
                "protocol": "tcp",
                "security_groups": [],
                "self": false,
                "to_port": 445
              }
            ],
            "name": "jenkins-prod-sg-efs-samba",
            "name_prefix": "",
            "owner_id": "762595429056",
            "revoke_rules_on_delete": false,
            "tags": {
              "Environment": "prod",
              "ManagedBy": "Terraform",
              "Name": "jenkins-prod-sg-efs-samba",
              "Project": "jenkins",
              "auto-delete": "no"
            },
            "tags_all": {
              "Environment": "prod",
              "ManagedBy": "Terraform",
              "Name": "jenkins-prod-sg-efs-samba",
              "Project": "jenkins",
              "auto-delete": "no"
            },
            "timeouts": null,
            "vpc_id": "vpc-06f35da97bb2a5b83"
          },
          "sensitive_attributes": [],
          "identity_schema_version": 0,
          "private": "eyJlMmJmYjczMC1lY2FhLTExZTYtOGY4OC0zNDM2M2JjN2M0YzAiOnsiY3JlYXRlIjo2MDAwMDAwMDAwMDAsImRlbGV0ZSI6OTAwMDAwMDAwMDAwfSwic2NoZW1hX3ZlcnNpb24iOiIxIn0=",
          "dependencies": [
            "aws_vpc.main"
          ],
          "create_before_destroy": true
        }
      ]
    },
    {
      "mode": "managed",
      "type": "aws_security_group",
      "name": "jenkins_agent",
      "provider": "provider[\"registry.terraform.io/hashicorp/aws\"]",
      "instances": [
        {
          "schema_version": 1,
          "attributes": {
            "arn": "arn:aws:ec2:us-east-1:762595429056:security-group/sg-0e41343d8accd2ffc",
            "description": "Jenkins Agents (ASG) - WinRM access",
            "egress": [
              {
                "cidr_blocks": [
                  "0.0.0.0/0"
                ],
                "description": "",
                "from_port": 0,
                "ipv6_cidr_blocks": [],
                "prefix_list_ids": [],
                "protocol": "-1",
                "security_groups": [],
                "self": false,
                "to_port": 0
              }
            ],
            "id": "sg-0e41343d8accd2ffc",
            "ingress": [
              {
                "cidr_blocks": [
                  "172.168.0.0/16"
                ],
                "description": "WinRM from within VPC",
                "from_port": 5985,
                "ipv6_cidr_blocks": [],
                "prefix_list_ids": [],
                "protocol": "tcp",
                "security_groups": [],
                "self": false,
                "to_port": 5986
              }
            ],
            "name": "jenkins-prod-sg-agent",
            "name_prefix": "",
            "owner_id": "762595429056",
            "revoke_rules_on_delete": false,
            "tags": {
              "Environment": "prod",
              "ManagedBy": "Terraform",
              "Name": "jenkins-prod-sg-agent",
              "Project": "jenkins",
              "auto-delete": "no"
            },
            "tags_all": {
              "Environment": "prod",
              "ManagedBy": "Terraform",
              "Name": "jenkins-prod-sg-agent",
              "Project": "jenkins",
              "auto-delete": "no"
            },
            "timeouts": null,
            "vpc_id": "vpc-06f35da97bb2a5b83"
          },
          "sensitive_attributes": [],
          "identity_schema_version": 0,
          "private": "eyJlMmJmYjczMC1lY2FhLTExZTYtOGY4OC0zNDM2M2JjN2M0YzAiOnsiY3JlYXRlIjo2MDAwMDAwMDAwMDAsImRlbGV0ZSI6OTAwMDAwMDAwMDAwfSwic2NoZW1hX3ZlcnNpb24iOiIxIn0=",
          "dependencies": [
            "aws_vpc.main"
          ],
          "create_before_destroy": true
        }
      ]
    },
    {
      "mode": "managed",
      "type": "aws_security_group",
      "name": "jenkins_controller",
      "provider": "provider[\"registry.terraform.io/hashicorp/aws\"]",
      "instances": [
        {
          "schema_version": 1,
          "attributes": {
            "arn": "arn:aws:ec2:us-east-1:762595429056:security-group/sg-06ddfdc635072727a",
            "description": "Jenkins Controllers - traffic from ALB and agents",
            "egress": [
              {
                "cidr_blocks": [
                  "0.0.0.0/0"
                ],
                "description": "",
                "from_port": 0,
                "ipv6_cidr_blocks": [],
                "prefix_list_ids": [],
                "protocol": "-1",
                "security_groups": [],
                "self": false,
                "to_port": 0
              }
            ],
            "id": "sg-06ddfdc635072727a",
            "ingress": [
              {
                "cidr_blocks": [
                  "172.168.0.0/16"
                ],
                "description": "EFS NFS",
                "from_port": 2049,
                "ipv6_cidr_blocks": [],
                "prefix_list_ids": [],
                "protocol": "tcp",
                "security_groups": [],
                "self": false,
                "to_port": 2049
              },
              {
                "cidr_blocks": [
                  "172.168.0.0/16"
                ],
                "description": "WinRM from within VPC",
                "from_port": 5985,
                "ipv6_cidr_blocks": [],
                "prefix_list_ids": [],
                "protocol": "tcp",
                "security_groups": [],
                "self": false,
                "to_port": 5986
              },
              {
                "cidr_blocks": [],
                "description": "Jenkins JNLP from Agents",
                "from_port": 50000,
                "ipv6_cidr_blocks": [],
                "prefix_list_ids": [],
                "protocol": "tcp",
                "security_groups": [
                  "sg-0e41343d8accd2ffc"
                ],
                "self": false,
                "to_port": 50000
              },
              {
                "cidr_blocks": [],
                "description": "Jenkins UI from ALB",
                "from_port": 8080,
                "ipv6_cidr_blocks": [],
                "prefix_list_ids": [],
                "protocol": "tcp",
                "security_groups": [
                  "sg-0e045510cdfbac99f"
                ],
                "self": false,
                "to_port": 8080
              }
            ],
            "name": "jenkins-prod-sg-controller",
            "name_prefix": "",
            "owner_id": "762595429056",
            "revoke_rules_on_delete": false,
            "tags": {
              "Environment": "prod",
              "ManagedBy": "Terraform",
              "Name": "jenkins-prod-sg-controller",
              "Project": "jenkins",
              "auto-delete": "no"
            },
            "tags_all": {
              "Environment": "prod",
              "ManagedBy": "Terraform",
              "Name": "jenkins-prod-sg-controller",
              "Project": "jenkins",
              "auto-delete": "no"
            },
            "timeouts": null,
            "vpc_id": "vpc-06f35da97bb2a5b83"
          },
          "sensitive_attributes": [],
          "identity_schema_version": 0,
          "private": "eyJlMmJmYjczMC1lY2FhLTExZTYtOGY4OC0zNDM2M2JjN2M0YzAiOnsiY3JlYXRlIjo2MDAwMDAwMDAwMDAsImRlbGV0ZSI6OTAwMDAwMDAwMDAwfSwic2NoZW1hX3ZlcnNpb24iOiIxIn0=",
          "dependencies": [
            "aws_security_group.alb",
            "aws_security_group.jenkins_agent",
            "aws_vpc.main"
          ],
          "create_before_destroy": true
        }
      ]
    },
    {
      "mode": "managed",
      "type": "aws_subnet",
      "name": "private_agent",
      "provider": "provider[\"registry.terraform.io/hashicorp/aws\"]",
      "instances": [
        {
          "index_key": 0,
          "schema_version": 1,
          "attributes": {
            "arn": "arn:aws:ec2:us-east-1:762595429056:subnet/subnet-018890c4453c54967",
            "assign_ipv6_address_on_creation": false,
            "availability_zone": "us-east-1a",
            "availability_zone_id": "use1-az6",
            "cidr_block": "172.168.21.0/24",
            "customer_owned_ipv4_pool": "",
            "enable_dns64": false,
            "enable_lni_at_device_index": 0,
            "enable_resource_name_dns_a_record_on_launch": false,
            "enable_resource_name_dns_aaaa_record_on_launch": false,
            "id": "subnet-018890c4453c54967",
            "ipv6_cidr_block": "",
            "ipv6_cidr_block_association_id": "",
            "ipv6_native": false,
            "map_customer_owned_ip_on_launch": false,
            "map_public_ip_on_launch": false,
            "outpost_arn": "",
            "owner_id": "762595429056",
            "private_dns_hostname_type_on_launch": "ip-name",
            "tags": {
              "Environment": "prod",
              "ManagedBy": "Terraform",
              "Name": "jenkins-prod-private-agent-1",
              "Project": "jenkins",
              "Tier": "Private-Agent",
              "auto-delete": "no"
            },
            "tags_all": {
              "Environment": "prod",
              "ManagedBy": "Terraform",
              "Name": "jenkins-prod-private-agent-1",
              "Project": "jenkins",
              "Tier": "Private-Agent",
              "auto-delete": "no"
            },
            "timeouts": null,
            "vpc_id": "vpc-06f35da97bb2a5b83"
          },
          "sensitive_attributes": [],
          "identity_schema_version": 0,
          "private": "eyJlMmJmYjczMC1lY2FhLTExZTYtOGY4OC0zNDM2M2JjN2M0YzAiOnsiY3JlYXRlIjo2MDAwMDAwMDAwMDAsImRlbGV0ZSI6MTIwMDAwMDAwMDAwMH0sInNjaGVtYV92ZXJzaW9uIjoiMSJ9",
          "dependencies": [
            "aws_vpc.main"
          ]
        },
        {
          "index_key": 1,
          "schema_version": 1,
          "attributes": {
            "arn": "arn:aws:ec2:us-east-1:762595429056:subnet/subnet-09ca90d1bbf45c5e2",
            "assign_ipv6_address_on_creation": false,
            "availability_zone": "us-east-1b",
            "availability_zone_id": "use1-az1",
            "cidr_block": "172.168.22.0/24",
            "customer_owned_ipv4_pool": "",
            "enable_dns64": false,
            "enable_lni_at_device_index": 0,
            "enable_resource_name_dns_a_record_on_launch": false,
            "enable_resource_name_dns_aaaa_record_on_launch": false,
            "id": "subnet-09ca90d1bbf45c5e2",
            "ipv6_cidr_block": "",
            "ipv6_cidr_block_association_id": "",
            "ipv6_native": false,
            "map_customer_owned_ip_on_launch": false,
            "map_public_ip_on_launch": false,
            "outpost_arn": "",
            "owner_id": "762595429056",
            "private_dns_hostname_type_on_launch": "ip-name",
            "tags": {
              "Environment": "prod",
              "ManagedBy": "Terraform",
              "Name": "jenkins-prod-private-agent-2",
              "Project": "jenkins",
              "Tier": "Private-Agent",
              "auto-delete": "no"
            },
            "tags_all": {
              "Environment": "prod",
              "ManagedBy": "Terraform",
              "Name": "jenkins-prod-private-agent-2",
              "Project": "jenkins",
              "Tier": "Private-Agent",
              "auto-delete": "no"
            },
            "timeouts": null,
            "vpc_id": "vpc-06f35da97bb2a5b83"
          },
          "sensitive_attributes": [],
          "identity_schema_version": 0,
          "private": "eyJlMmJmYjczMC1lY2FhLTExZTYtOGY4OC0zNDM2M2JjN2M0YzAiOnsiY3JlYXRlIjo2MDAwMDAwMDAwMDAsImRlbGV0ZSI6MTIwMDAwMDAwMDAwMH0sInNjaGVtYV92ZXJzaW9uIjoiMSJ9",
          "dependencies": [
            "aws_vpc.main"
          ]
        }
      ]
    },
    {
      "mode": "managed",
      "type": "aws_subnet",
      "name": "private_controller",
      "provider": "provider[\"registry.terraform.io/hashicorp/aws\"]",
      "instances": [
        {
          "index_key": 0,
          "schema_version": 1,
          "attributes": {
            "arn": "arn:aws:ec2:us-east-1:762595429056:subnet/subnet-0306c47444e87d799",
            "assign_ipv6_address_on_creation": false,
            "availability_zone": "us-east-1a",
            "availability_zone_id": "use1-az6",
            "cidr_block": "172.168.11.0/24",
            "customer_owned_ipv4_pool": "",
            "enable_dns64": false,
            "enable_lni_at_device_index": 0,
            "enable_resource_name_dns_a_record_on_launch": false,
            "enable_resource_name_dns_aaaa_record_on_launch": false,
            "id": "subnet-0306c47444e87d799",
            "ipv6_cidr_block": "",
            "ipv6_cidr_block_association_id": "",
            "ipv6_native": false,
            "map_customer_owned_ip_on_launch": false,
            "map_public_ip_on_launch": false,
            "outpost_arn": "",
            "owner_id": "762595429056",
            "private_dns_hostname_type_on_launch": "ip-name",
            "tags": {
              "Environment": "prod",
              "ManagedBy": "Terraform",
              "Name": "jenkins-prod-private-controller-1",
              "Project": "jenkins",
              "Tier": "Private-Controller",
              "auto-delete": "no"
            },
            "tags_all": {
              "Environment": "prod",
              "ManagedBy": "Terraform",
              "Name": "jenkins-prod-private-controller-1",
              "Project": "jenkins",
              "Tier": "Private-Controller",
              "auto-delete": "no"
            },
            "timeouts": null,
            "vpc_id": "vpc-06f35da97bb2a5b83"
          },
          "sensitive_attributes": [],
          "identity_schema_version": 0,
          "private": "eyJlMmJmYjczMC1lY2FhLTExZTYtOGY4OC0zNDM2M2JjN2M0YzAiOnsiY3JlYXRlIjo2MDAwMDAwMDAwMDAsImRlbGV0ZSI6MTIwMDAwMDAwMDAwMH0sInNjaGVtYV92ZXJzaW9uIjoiMSJ9",
          "dependencies": [
            "aws_vpc.main"
          ],
          "create_before_destroy": true
        },
        {
          "index_key": 1,
          "schema_version": 1,
          "attributes": {
            "arn": "arn:aws:ec2:us-east-1:762595429056:subnet/subnet-0ecadcc5d4cda8394",
            "assign_ipv6_address_on_creation": false,
            "availability_zone": "us-east-1b",
            "availability_zone_id": "use1-az1",
            "cidr_block": "172.168.12.0/24",
            "customer_owned_ipv4_pool": "",
            "enable_dns64": false,
            "enable_lni_at_device_index": 0,
            "enable_resource_name_dns_a_record_on_launch": false,
            "enable_resource_name_dns_aaaa_record_on_launch": false,
            "id": "subnet-0ecadcc5d4cda8394",
            "ipv6_cidr_block": "",
            "ipv6_cidr_block_association_id": "",
            "ipv6_native": false,
            "map_customer_owned_ip_on_launch": false,
            "map_public_ip_on_launch": false,
            "outpost_arn": "",
            "owner_id": "762595429056",
            "private_dns_hostname_type_on_launch": "ip-name",
            "tags": {
              "Environment": "prod",
              "ManagedBy": "Terraform",
              "Name": "jenkins-prod-private-controller-2",
              "Project": "jenkins",
              "Tier": "Private-Controller",
              "auto-delete": "no"
            },
            "tags_all": {
              "Environment": "prod",
              "ManagedBy": "Terraform",
              "Name": "jenkins-prod-private-controller-2",
              "Project": "jenkins",
              "Tier": "Private-Controller",
              "auto-delete": "no"
            },
            "timeouts": null,
            "vpc_id": "vpc-06f35da97bb2a5b83"
          },
          "sensitive_attributes": [],
          "identity_schema_version": 0,
          "private": "eyJlMmJmYjczMC1lY2FhLTExZTYtOGY4OC0zNDM2M2JjN2M0YzAiOnsiY3JlYXRlIjo2MDAwMDAwMDAwMDAsImRlbGV0ZSI6MTIwMDAwMDAwMDAwMH0sInNjaGVtYV92ZXJzaW9uIjoiMSJ9",
          "dependencies": [
            "aws_vpc.main"
          ],
          "create_before_destroy": true
        }
      ]
    },
    {
      "mode": "managed",
      "type": "aws_subnet",
      "name": "public",
      "provider": "provider[\"registry.terraform.io/hashicorp/aws\"]",
      "instances": [
        {
          "index_key": 0,
          "schema_version": 1,
          "attributes": {
            "arn": "arn:aws:ec2:us-east-1:762595429056:subnet/subnet-021faaeaf02e88356",
            "assign_ipv6_address_on_creation": false,
            "availability_zone": "us-east-1a",
            "availability_zone_id": "use1-az6",
            "cidr_block": "172.168.1.0/24",
            "customer_owned_ipv4_pool": "",
            "enable_dns64": false,
            "enable_lni_at_device_index": 0,
            "enable_resource_name_dns_a_record_on_launch": false,
            "enable_resource_name_dns_aaaa_record_on_launch": false,
            "id": "subnet-021faaeaf02e88356",
            "ipv6_cidr_block": "",
            "ipv6_cidr_block_association_id": "",
            "ipv6_native": false,
            "map_customer_owned_ip_on_launch": false,
            "map_public_ip_on_launch": false,
            "outpost_arn": "",
            "owner_id": "762595429056",
            "private_dns_hostname_type_on_launch": "ip-name",
            "tags": {
              "Environment": "prod",
              "ManagedBy": "Terraform",
              "Name": "jenkins-prod-public-1",
              "Project": "jenkins",
              "Tier": "Public",
              "auto-delete": "no"
            },
            "tags_all": {
              "Environment": "prod",
              "ManagedBy": "Terraform",
              "Name": "jenkins-prod-public-1",
              "Project": "jenkins",
              "Tier": "Public",
              "auto-delete": "no"
            },
            "timeouts": null,
            "vpc_id": "vpc-06f35da97bb2a5b83"
          },
          "sensitive_attributes": [],
          "identity_schema_version": 0,
          "private": "eyJlMmJmYjczMC1lY2FhLTExZTYtOGY4OC0zNDM2M2JjN2M0YzAiOnsiY3JlYXRlIjo2MDAwMDAwMDAwMDAsImRlbGV0ZSI6MTIwMDAwMDAwMDAwMH0sInNjaGVtYV92ZXJzaW9uIjoiMSJ9",
          "dependencies": [
            "aws_vpc.main"
          ]
        },
        {
          "index_key": 1,
          "schema_version": 1,
          "attributes": {
            "arn": "arn:aws:ec2:us-east-1:762595429056:subnet/subnet-052268811ca0f6b93",
            "assign_ipv6_address_on_creation": false,
            "availability_zone": "us-east-1b",
            "availability_zone_id": "use1-az1",
            "cidr_block": "172.168.2.0/24",
            "customer_owned_ipv4_pool": "",
            "enable_dns64": false,
            "enable_lni_at_device_index": 0,
            "enable_resource_name_dns_a_record_on_launch": false,
            "enable_resource_name_dns_aaaa_record_on_launch": false,
            "id": "subnet-052268811ca0f6b93",
            "ipv6_cidr_block": "",
            "ipv6_cidr_block_association_id": "",
            "ipv6_native": false,
            "map_customer_owned_ip_on_launch": false,
            "map_public_ip_on_launch": false,
            "outpost_arn": "",
            "owner_id": "762595429056",
            "private_dns_hostname_type_on_launch": "ip-name",
            "tags": {
              "Environment": "prod",
              "ManagedBy": "Terraform",
              "Name": "jenkins-prod-public-2",
              "Project": "jenkins",
              "Tier": "Public",
              "auto-delete": "no"
            },
            "tags_all": {
              "Environment": "prod",
              "ManagedBy": "Terraform",
              "Name": "jenkins-prod-public-2",
              "Project": "jenkins",
              "Tier": "Public",
              "auto-delete": "no"
            },
            "timeouts": null,
            "vpc_id": "vpc-06f35da97bb2a5b83"
          },
          "sensitive_attributes": [],
          "identity_schema_version": 0,
          "private": "eyJlMmJmYjczMC1lY2FhLTExZTYtOGY4OC0zNDM2M2JjN2M0YzAiOnsiY3JlYXRlIjo2MDAwMDAwMDAwMDAsImRlbGV0ZSI6MTIwMDAwMDAwMDAwMH0sInNjaGVtYV92ZXJzaW9uIjoiMSJ9",
          "dependencies": [
            "aws_vpc.main"
          ]
        }
      ]
    },
    {
      "mode": "managed",
      "type": "aws_vpc",
      "name": "main",
      "provider": "provider[\"registry.terraform.io/hashicorp/aws\"]",
      "instances": [
        {
          "schema_version": 1,
          "attributes": {
            "arn": "arn:aws:ec2:us-east-1:762595429056:vpc/vpc-06f35da97bb2a5b83",
            "assign_generated_ipv6_cidr_block": false,
            "cidr_block": "172.168.0.0/16",
            "default_network_acl_id": "acl-05b6b25eafa88d71b",
            "default_route_table_id": "rtb-0ede6680e2cbcd1e5",
            "default_security_group_id": "sg-04f5a0e417de3d08d",
            "dhcp_options_id": "dopt-015d302a35bf5e9c7",
            "enable_dns_hostnames": true,
            "enable_dns_support": true,
            "enable_network_address_usage_metrics": false,
            "id": "vpc-06f35da97bb2a5b83",
            "instance_tenancy": "default",
            "ipv4_ipam_pool_id": null,
            "ipv4_netmask_length": null,
            "ipv6_association_id": "",
            "ipv6_cidr_block": "",
            "ipv6_cidr_block_network_border_group": "",
            "ipv6_ipam_pool_id": "",
            "ipv6_netmask_length": 0,
            "main_route_table_id": "rtb-0ede6680e2cbcd1e5",
            "owner_id": "762595429056",
            "tags": {
              "Environment": "prod",
              "ManagedBy": "Terraform",
              "Name": "jenkins-prod-vpc",
              "Project": "jenkins",
              "auto-delete": "no"
            },
            "tags_all": {
              "Environment": "prod",
              "ManagedBy": "Terraform",
              "Name": "jenkins-prod-vpc",
              "Project": "jenkins",
              "auto-delete": "no"
            }
          },
          "sensitive_attributes": [],
          "identity_schema_version": 0,
          "private": "eyJzY2hlbWFfdmVyc2lvbiI6IjEifQ==",
          "create_before_destroy": true
        }
      ]
    }
  ],
  "check_results": null
}
