{
  "version": 4,
  "terraform_version": "1.15.6",
  "serial": 700,
  "lineage": "471dbb28-25ad-fbd4-6389-541f8f823fc9",
  "outputs": {
    "alb_arn": {
      "value": "arn:aws:elasticloadbalancing:us-east-1:762595429056:loadbalancer/app/learn-patch-asg-ad-alb/07496f5efc0c615f",
      "type": "string"
    },
    "alb_dns_name": {
      "value": "learn-patch-asg-ad-alb-1496864610.us-east-1.elb.amazonaws.com",
      "type": "string"
    },
    "alb_target_group_arn": {
      "value": "arn:aws:elasticloadbalancing:us-east-1:762595429056:targetgroup/learn-patch-asg-ad-tg/9adc25ff12bc747e",
      "type": "string"
    },
    "ami_id": {
      "value": "ami-075309a66c5dedf22",
      "type": "string"
    },
    "asg_name": {
      "value": "learn-patch-asg-ad-windows-asg",
      "type": "string"
    },
    "linux_ubuntu_instance_id": {
      "value": "i-022652ea4696561de",
      "type": "string"
    },
    "linux_ubuntu_private_ip": {
      "value": "172.16.2.63",
      "type": "string"
    },
    "maintenance_window_id": {
      "value": "mw-01e620e7fb695a8d7",
      "type": "string"
    },
    "managed_ad_dns_ips": {
      "value": [
        "172.16.2.126",
        "172.16.4.225"
      ],
      "type": [
        "set",
        "string"
      ]
    },
    "managed_ad_id": {
      "value": "d-90667340ff",
      "type": "string"
    },
    "patch_baseline_id": {
      "value": "pb-043f08d302d125731",
      "type": "string"
    },
    "ubuntu_patch_baseline_id": {
      "value": "pb-0c2d89facf7505758",
      "type": "string"
    },
    "vpc_id": {
      "value": "vpc-0cb7104be1e6fba2c",
      "type": "string"
    }
  },
  "resources": [
    {
      "mode": "data",
      "type": "aws_ami",
      "name": "ubuntu_2204",
      "provider": "provider[\"registry.terraform.io/hashicorp/aws\"]",
      "instances": [
        {
          "schema_version": 0,
          "attributes": {
            "allow_unsafe_filter": null,
            "architecture": "x86_64",
            "arn": "arn:aws:ec2:us-east-1::image/ami-0d7405d05f836d0d4",
            "block_device_mappings": [
              {
                "device_name": "/dev/sda1",
                "ebs": {
                  "delete_on_termination": "true",
                  "encrypted": "false",
                  "iops": "0",
                  "snapshot_id": "snap-0c02cbfa787a65f62",
                  "throughput": "0",
                  "volume_initialization_rate": "0",
                  "volume_size": "8",
                  "volume_type": "gp2"
                },
                "no_device": "",
                "virtual_name": ""
              },
              {
                "device_name": "/dev/sdb",
                "ebs": {},
                "no_device": "",
                "virtual_name": "ephemeral0"
              },
              {
                "device_name": "/dev/sdc",
                "ebs": {},
                "no_device": "",
                "virtual_name": "ephemeral1"
              }
            ],
            "boot_mode": "uefi-preferred",
            "creation_date": "2026-06-10T06:57:45.000Z",
            "deprecation_time": "2028-06-10T06:57:45.000Z",
            "description": "Canonical, Ubuntu, 22.04, amd64 jammy image",
            "ena_support": true,
            "executable_users": null,
            "filter": [
              {
                "name": "name",
                "values": [
                  "ubuntu/images/hvm-ssd/ubuntu-jammy-22.04-amd64-server-*"
                ]
              },
              {
                "name": "virtualization-type",
                "values": [
                  "hvm"
                ]
              }
            ],
            "hypervisor": "xen",
            "id": "ami-0d7405d05f836d0d4",
            "image_id": "ami-0d7405d05f836d0d4",
            "image_location": "amazon/ubuntu/images/hvm-ssd/ubuntu-jammy-22.04-amd64-server-20260610",
            "image_owner_alias": "amazon",
            "image_type": "machine",
            "imds_support": "",
            "include_deprecated": false,
            "kernel_id": "",
            "last_launched_time": "",
            "most_recent": true,
            "name": "ubuntu/images/hvm-ssd/ubuntu-jammy-22.04-amd64-server-20260610",
            "name_regex": null,
            "owner_id": "099720109477",
            "owners": [
              "099720109477"
            ],
            "platform": "",
            "platform_details": "Linux/UNIX",
            "product_codes": [],
            "public": true,
            "ramdisk_id": "",
            "region": "us-east-1",
            "root_device_name": "/dev/sda1",
            "root_device_type": "ebs",
            "root_snapshot_id": "snap-0c02cbfa787a65f62",
            "sriov_net_support": "simple",
            "state": "available",
            "state_reason": {
              "code": "UNSET",
              "message": "UNSET"
            },
            "tags": {},
            "timeouts": null,
            "tpm_support": "",
            "uefi_data": null,
            "usage_operation": "RunInstances",
            "virtualization_type": "hvm"
          },
          "sensitive_attributes": [],
          "identity_schema_version": 0
        }
      ]
    },
    {
      "mode": "managed",
      "type": "aws_autoscaling_attachment",
      "name": "alb",
      "provider": "provider[\"registry.terraform.io/hashicorp/aws\"]",
      "instances": [
        {
          "schema_version": 0,
          "attributes": {
            "autoscaling_group_name": "learn-patch-asg-ad-windows-asg",
            "elb": null,
            "id": "learn-patch-asg-ad-windows-asg-20260614103427138400000001",
            "lb_target_group_arn": "arn:aws:elasticloadbalancing:us-east-1:762595429056:targetgroup/learn-patch-asg-ad-tg/9adc25ff12bc747e",
            "region": "us-east-1"
          },
          "sensitive_attributes": [],
          "identity_schema_version": 0,
          "private": "bnVsbA==",
          "dependencies": [
            "aws_autoscaling_group.windows",
            "aws_eip.nat",
            "aws_iam_instance_profile.ec2_ssm_ad",
            "aws_iam_role.ec2_ssm_ad",
            "aws_internet_gateway.igw",
            "aws_launch_template.windows",
            "aws_lb_target_group.windows",
            "aws_nat_gateway.nat",
            "aws_security_group.alb",
            "aws_security_group.windows_asg",
            "aws_subnet.private",
            "aws_subnet.public",
            "aws_vpc.main",
            "data.aws_ami.windows_2019",
            "data.aws_vpc.existing"
          ]
        }
      ]
    },
    {
      "mode": "managed",
      "type": "aws_autoscaling_group",
      "name": "windows",
      "provider": "provider[\"registry.terraform.io/hashicorp/aws\"]",
      "instances": [
        {
          "schema_version": 1,
          "attributes": {
            "arn": "arn:aws:autoscaling:us-east-1:762595429056:autoScalingGroup:9fb0326f-ff7a-4620-8678-d0cc22c9f135:autoScalingGroupName/learn-patch-asg-ad-windows-asg",
            "availability_zone_distribution": [
              {
                "capacity_distribution_strategy": "balanced-best-effort"
              }
            ],
            "availability_zones": [
              "us-east-1a",
              "us-east-1b"
            ],
            "capacity_rebalance": false,
            "capacity_reservation_specification": [
              {
                "capacity_reservation_preference": "default",
                "capacity_reservation_target": []
              }
            ],
            "context": "",
            "default_cooldown": 300,
            "default_instance_warmup": 0,
            "desired_capacity": 2,
            "desired_capacity_type": "",
            "enabled_metrics": [],
            "force_delete": false,
            "force_delete_warm_pool": false,
            "health_check_grace_period": 300,
            "health_check_type": "EC2",
            "id": "learn-patch-asg-ad-windows-asg",
            "ignore_failed_scaling_activities": false,
            "initial_lifecycle_hook": [],
            "instance_maintenance_policy": [],
            "instance_refresh": [
              {
                "preferences": [
                  {
                    "alarm_specification": [],
                    "auto_rollback": false,
                    "checkpoint_delay": "",
                    "checkpoint_percentages": [],
                    "instance_warmup": "",
                    "max_healthy_percentage": 100,
                    "min_healthy_percentage": 50,
                    "scale_in_protected_instances": "Ignore",
                    "skip_matching": false,
                    "standby_instances": "Ignore"
                  }
                ],
                "strategy": "Rolling",
                "triggers": []
              }
            ],
            "launch_configuration": "",
            "launch_template": [
              {
                "id": "lt-034f4097217e10518",
                "name": "learn-patch-asg-ad-win-20260613022242853200000002",
                "version": "$Latest"
              }
            ],
            "load_balancers": [],
            "max_instance_lifetime": 0,
            "max_size": 4,
            "metrics_granularity": "1Minute",
            "min_elb_capacity": null,
            "min_size": 1,
            "mixed_instances_policy": [],
            "name": "learn-patch-asg-ad-windows-asg",
            "name_prefix": "",
            "placement_group": "",
            "predicted_capacity": 0,
            "protect_from_scale_in": false,
            "region": "us-east-1",
            "service_linked_role_arn": "arn:aws:iam::762595429056:role/aws-service-role/autoscaling.amazonaws.com/AWSServiceRoleForAutoScaling",
            "suspended_processes": [],
            "tag": [
              {
                "key": "Name",
                "propagate_at_launch": true,
                "value": "learn-patch-asg-ad-win-asg"
              },
              {
                "key": "PatchGroup",
                "propagate_at_launch": true,
                "value": "Windows-Production"
              },
              {
                "key": "auto-delete",
                "propagate_at_launch": true,
                "value": "no"
              }
            ],
            "target_group_arns": [
              "arn:aws:elasticloadbalancing:us-east-1:762595429056:targetgroup/learn-patch-asg-ad-tg/9adc25ff12bc747e"
            ],
            "termination_policies": [],
            "timeouts": null,
            "traffic_source": [
              {
                "identifier": "arn:aws:elasticloadbalancing:us-east-1:762595429056:targetgroup/learn-patch-asg-ad-tg/9adc25ff12bc747e",
                "type": "elbv2"
              }
            ],
            "vpc_zone_identifier": [
              "subnet-02df3bbce9e7f8eca",
              "subnet-03816795658c36d37"
            ],
            "wait_for_capacity_timeout": "15m",
            "wait_for_elb_capacity": null,
            "warm_pool": [],
            "warm_pool_size": 0
          },
          "sensitive_attributes": [],
          "identity_schema_version": 0,
          "identity": {
            "account_id": "762595429056",
            "name": "learn-patch-asg-ad-windows-asg",
            "region": "us-east-1"
          },
          "private": "eyJlMmJmYjczMC1lY2FhLTExZTYtOGY4OC0zNDM2M2JjN2M0YzAiOnsiZGVsZXRlIjo2MDAwMDAwMDAwMDAsInVwZGF0ZSI6NjAwMDAwMDAwMDAwfSwic2NoZW1hX3ZlcnNpb24iOiIxIn0=",
          "dependencies": [
            "aws_eip.nat",
            "aws_iam_instance_profile.ec2_ssm_ad",
            "aws_iam_role.ec2_ssm_ad",
            "aws_internet_gateway.igw",
            "aws_launch_template.windows",
            "aws_nat_gateway.nat",
            "aws_security_group.alb",
            "aws_security_group.windows_asg",
            "aws_subnet.private",
            "aws_subnet.public",
            "aws_vpc.main",
            "data.aws_ami.windows_2019",
            "data.aws_vpc.existing"
          ]
        }
      ]
    },
    {
      "mode": "managed",
      "type": "aws_directory_service_directory",
      "name": "managed_ad",
      "provider": "provider[\"registry.terraform.io/hashicorp/aws\"]",
      "instances": [
        {
          "schema_version": 0,
          "attributes": {
            "access_url": "d-90667340ff.awsapps.com",
            "alias": "d-90667340ff",
            "connect_settings": [],
            "description": "",
            "desired_number_of_domain_controllers": 2,
            "dns_ip_addresses": [
              "172.16.2.126",
              "172.16.4.225"
            ],
            "edition": "Standard",
            "enable_directory_data_access": false,
            "enable_sso": false,
            "id": "d-90667340ff",
            "name": "corp.learn-patch.local",
            "password": "YourP@ssw0rd!",
            "region": "us-east-1",
            "security_group_id": "sg-041f810d9b4385343",
            "short_name": "corp",
            "size": "Small",
            "tags": {
              "Name": "learn-patch-asg-ad-managed-ad",
              "auto-delete": "no"
            },
            "tags_all": {
              "Name": "learn-patch-asg-ad-managed-ad",
              "auto-delete": "no"
            },
            "timeouts": null,
            "type": "MicrosoftAD",
            "vpc_settings": [
              {
                "availability_zones": [
                  "us-east-1a",
                  "us-east-1b"
                ],
                "subnet_ids": [
                  "subnet-02df3bbce9e7f8eca",
                  "subnet-03816795658c36d37"
                ],
                "vpc_id": "vpc-0cb7104be1e6fba2c"
              }
            ]
          },
          "sensitive_attributes": [
            [
              {
                "type": "get_attr",
                "value": "password"
              }
            ]
          ],
          "identity_schema_version": 0,
          "private": "eyJlMmJmYjczMC1lY2FhLTExZTYtOGY4OC0zNDM2M2JjN2M0YzAiOnsiY3JlYXRlIjozNjAwMDAwMDAwMDAwLCJkZWxldGUiOjM2MDAwMDAwMDAwMDAsInVwZGF0ZSI6MzYwMDAwMDAwMDAwMH19",
          "dependencies": [
            "aws_subnet.private",
            "aws_vpc.main",
            "data.aws_vpc.existing"
          ]
        }
      ]
    },
    {
      "mode": "managed",
      "type": "aws_eip",
      "name": "nat",
      "provider": "provider[\"registry.terraform.io/hashicorp/aws\"]",
      "instances": [
        {
          "index_key": 0,
          "schema_version": 0,
          "attributes": {
            "address": null,
            "allocation_id": "eipalloc-0ed88bb27def2d329",
            "arn": "arn:aws:ec2:us-east-1:762595429056:elastic-ip/eipalloc-0ed88bb27def2d329",
            "associate_with_private_ip": null,
            "association_id": "eipassoc-02a487291c480cdf4",
            "carrier_ip": "",
            "customer_owned_ip": "",
            "customer_owned_ipv4_pool": "",
            "domain": "vpc",
            "id": "eipalloc-0ed88bb27def2d329",
            "instance": "",
            "ipam_pool_id": "",
            "network_border_group": "us-east-1",
            "network_interface": "eni-0224d8efa4bc55633",
            "private_dns": "ip-172-16-1-94.ec2.internal",
            "private_ip": "172.16.1.94",
            "ptr_record": "",
            "public_dns": "ec2-52-204-172-47.compute-1.amazonaws.com",
            "public_ip": "52.204.172.47",
            "public_ipv4_pool": "amazon",
            "region": "us-east-1",
            "tags": {
              "Name": "learn-patch-asg-ad-nat-eip"
            },
            "tags_all": {
              "Name": "learn-patch-asg-ad-nat-eip"
            },
            "timeouts": null
          },
          "sensitive_attributes": [],
          "identity_schema_version": 0,
          "identity": {
            "account_id": "762595429056",
            "id": "eipalloc-0ed88bb27def2d329",
            "region": "us-east-1"
          },
          "private": "eyJlMmJmYjczMC1lY2FhLTExZTYtOGY4OC0zNDM2M2JjN2M0YzAiOnsiZGVsZXRlIjoxODAwMDAwMDAwMDAsInJlYWQiOjkwMDAwMDAwMDAwMCwidXBkYXRlIjozMDAwMDAwMDAwMDB9fQ=="
        }
      ]
    },
    {
      "mode": "managed",
      "type": "aws_iam_instance_profile",
      "name": "ec2_ssm_ad",
      "provider": "provider[\"registry.terraform.io/hashicorp/aws\"]",
      "instances": [
        {
          "schema_version": 0,
          "attributes": {
            "arn": "arn:aws:iam::762595429056:instance-profile/learn-patch-asg-ad-ec2-ssm-ad-profile",
            "create_date": "2026-06-14T13:09:03Z",
            "id": "learn-patch-asg-ad-ec2-ssm-ad-profile",
            "name": "learn-patch-asg-ad-ec2-ssm-ad-profile",
            "name_prefix": "",
            "path": "/",
            "role": "learn-patch-asg-ad-ec2-ssm-ad-role",
            "tags": null,
            "tags_all": {},
            "unique_id": "AIPA3DDR2ZLAHZVIBFWM5"
          },
          "sensitive_attributes": [],
          "identity_schema_version": 0,
          "identity": {
            "account_id": "762595429056",
            "name": "learn-patch-asg-ad-ec2-ssm-ad-profile"
          },
          "private": "bnVsbA==",
          "dependencies": [
            "aws_iam_role.ec2_ssm_ad"
          ],
          "create_before_destroy": true
        }
      ]
    },
    {
      "mode": "managed",
      "type": "aws_iam_instance_profile",
      "name": "ec2_ssm_linux",
      "provider": "provider[\"registry.terraform.io/hashicorp/aws\"]",
      "instances": [
        {
          "schema_version": 0,
          "attributes": {
            "arn": "arn:aws:iam::762595429056:instance-profile/learn-patch-asg-ad-ec2-ssm-linux-profile",
            "create_date": "2026-06-14T13:09:33Z",
            "id": "learn-patch-asg-ad-ec2-ssm-linux-profile",
            "name": "learn-patch-asg-ad-ec2-ssm-linux-profile",
            "name_prefix": "",
            "path": "/",
            "role": "learn-patch-asg-ad-ec2-ssm-linux-role",
            "tags": null,
            "tags_all": {},
            "unique_id": "AIPA3DDR2ZLAEWDORQGAU"
          },
          "sensitive_attributes": [],
          "identity_schema_version": 0,
          "identity": {
            "account_id": "762595429056",
            "name": "learn-patch-asg-ad-ec2-ssm-linux-profile"
          },
          "private": "bnVsbA==",
          "dependencies": [
            "aws_iam_role.ec2_ssm_linux"
          ]
        }
      ]
    },
    {
      "mode": "managed",
      "type": "aws_iam_role",
      "name": "asg_state_change_lambda",
      "provider": "provider[\"registry.terraform.io/hashicorp/aws\"]",
      "instances": [
        {
          "schema_version": 0,
          "attributes": {
            "arn": "arn:aws:iam::762595429056:role/customer-asg-state-change-lambda-role",
            "assume_role_policy": "{\"Statement\":[{\"Action\":\"sts:AssumeRole\",\"Effect\":\"Allow\",\"Principal\":{\"Service\":\"lambda.amazonaws.com\"}}],\"Version\":\"2012-10-17\"}",
            "create_date": "2026-06-13T02:22:35Z",
            "description": "",
            "force_detach_policies": false,
            "id": "customer-asg-state-change-lambda-role",
            "inline_policy": [
              {
                "name": "asg-enter-exit-standby-policy",
                "policy": "{\"Version\":\"2012-10-17\",\"Statement\":[{\"Action\":[\"autoscaling:EnterStandby\",\"autoscaling:ExitStandby\",\"autoscaling:DescribeAutoScalingGroups\",\"autoscaling:DescribeAutoScalingInstances\",\"autoscaling:UpdateAutoScalingGroup\",\"autoscaling:SetDesiredCapacity\",\"ec2:DescribeInstances\",\"ec2:DescribeInstanceStatus\",\"ec2:CreateTags\"],\"Effect\":\"Allow\",\"Resource\":\"*\"}]}"
              }
            ],
            "managed_policy_arns": [
              "arn:aws:iam::aws:policy/service-role/AWSLambdaBasicExecutionRole"
            ],
            "max_session_duration": 3600,
            "name": "customer-asg-state-change-lambda-role",
            "name_prefix": "",
            "path": "/",
            "permissions_boundary": "",
            "tags": {
              "Name": "learn-patch-asg-ad-asg-state-change-lambda-role"
            },
            "tags_all": {
              "Name": "learn-patch-asg-ad-asg-state-change-lambda-role"
            },
            "unique_id": "AROA3DDR2ZLALB5LUD4FM"
          },
          "sensitive_attributes": [],
          "identity_schema_version": 0,
          "identity": {
            "account_id": "762595429056",
            "name": "customer-asg-state-change-lambda-role"
          },
          "private": "bnVsbA=="
        }
      ]
    },
    {
      "mode": "managed",
      "type": "aws_iam_role",
      "name": "ec2_ssm_ad",
      "provider": "provider[\"registry.terraform.io/hashicorp/aws\"]",
      "instances": [
        {
          "schema_version": 0,
          "attributes": {
            "arn": "arn:aws:iam::762595429056:role/learn-patch-asg-ad-ec2-ssm-ad-role",
            "assume_role_policy": "{\"Statement\":[{\"Action\":\"sts:AssumeRole\",\"Effect\":\"Allow\",\"Principal\":{\"Service\":\"ec2.amazonaws.com\"}}],\"Version\":\"2012-10-17\"}",
            "create_date": "2026-06-14T13:09:03Z",
            "description": "",
            "force_detach_policies": false,
            "id": "learn-patch-asg-ad-ec2-ssm-ad-role",
            "inline_policy": [],
            "managed_policy_arns": [],
            "max_session_duration": 3600,
            "name": "learn-patch-asg-ad-ec2-ssm-ad-role",
            "name_prefix": "",
            "path": "/",
            "permissions_boundary": "",
            "tags": {
              "Name": "learn-patch-asg-ad-ec2-ssm-ad-role"
            },
            "tags_all": {
              "Name": "learn-patch-asg-ad-ec2-ssm-ad-role"
            },
            "unique_id": "AROA3DDR2ZLAHPOT6G3ZF"
          },
          "sensitive_attributes": [],
          "identity_schema_version": 0,
          "identity": {
            "account_id": "762595429056",
            "name": "learn-patch-asg-ad-ec2-ssm-ad-role"
          },
          "private": "bnVsbA==",
          "create_before_destroy": true
        }
      ]
    },
    {
      "mode": "managed",
      "type": "aws_iam_role",
      "name": "ec2_ssm_linux",
      "provider": "provider[\"registry.terraform.io/hashicorp/aws\"]",
      "instances": [
        {
          "schema_version": 0,
          "attributes": {
            "arn": "arn:aws:iam::762595429056:role/learn-patch-asg-ad-ec2-ssm-linux-role",
            "assume_role_policy": "{\"Statement\":[{\"Action\":\"sts:AssumeRole\",\"Effect\":\"Allow\",\"Principal\":{\"Service\":\"ec2.amazonaws.com\"}}],\"Version\":\"2012-10-17\"}",
            "create_date": "2026-06-14T13:09:33Z",
            "description": "",
            "force_detach_policies": false,
            "id": "learn-patch-asg-ad-ec2-ssm-linux-role",
            "inline_policy": [],
            "managed_policy_arns": [],
            "max_session_duration": 3600,
            "name": "learn-patch-asg-ad-ec2-ssm-linux-role",
            "name_prefix": "",
            "path": "/",
            "permissions_boundary": "",
            "tags": {
              "Name": "learn-patch-asg-ad-ec2-ssm-linux-role"
            },
            "tags_all": {
              "Name": "learn-patch-asg-ad-ec2-ssm-linux-role"
            },
            "unique_id": "AROA3DDR2ZLANSEM4QNEG"
          },
          "sensitive_attributes": [],
          "identity_schema_version": 0,
          "identity": {
            "account_id": "762595429056",
            "name": "learn-patch-asg-ad-ec2-ssm-linux-role"
          },
          "private": "bnVsbA=="
        }
      ]
    },
    {
      "mode": "managed",
      "type": "aws_iam_role_policy",
      "name": "lambda_asg_access",
      "provider": "provider[\"registry.terraform.io/hashicorp/aws\"]",
      "instances": [
        {
          "schema_version": 0,
          "attributes": {
            "id": "customer-asg-state-change-lambda-role:asg-enter-exit-standby-policy",
            "name": "asg-enter-exit-standby-policy",
            "name_prefix": "",
            "policy": "{\"Version\":\"2012-10-17\",\"Statement\":[{\"Action\":[\"autoscaling:EnterStandby\",\"autoscaling:ExitStandby\",\"autoscaling:DescribeAutoScalingGroups\",\"autoscaling:DescribeAutoScalingInstances\",\"autoscaling:UpdateAutoScalingGroup\",\"autoscaling:SetDesiredCapacity\",\"ec2:DescribeInstances\",\"ec2:DescribeInstanceStatus\",\"ec2:CreateTags\"],\"Effect\":\"Allow\",\"Resource\":\"*\"}]}",
            "role": "customer-asg-state-change-lambda-role"
          },
          "sensitive_attributes": [],
          "identity_schema_version": 0,
          "identity": {
            "account_id": "762595429056",
            "name": "asg-enter-exit-standby-policy",
            "role": "customer-asg-state-change-lambda-role"
          },
          "private": "bnVsbA==",
          "dependencies": [
            "aws_iam_role.asg_state_change_lambda"
          ]
        }
      ]
    },
    {
      "mode": "managed",
      "type": "aws_iam_role_policy_attachment",
      "name": "lambda_basic",
      "provider": "provider[\"registry.terraform.io/hashicorp/aws\"]",
      "instances": [
        {
          "schema_version": 0,
          "attributes": {
            "id": "customer-asg-state-change-lambda-role/arn:aws:iam::aws:policy/service-role/AWSLambdaBasicExecutionRole",
            "policy_arn": "arn:aws:iam::aws:policy/service-role/AWSLambdaBasicExecutionRole",
            "role": "customer-asg-state-change-lambda-role"
          },
          "sensitive_attributes": [],
          "identity_schema_version": 0,
          "identity": {
            "account_id": "762595429056",
            "policy_arn": "arn:aws:iam::aws:policy/service-role/AWSLambdaBasicExecutionRole",
            "role": "customer-asg-state-change-lambda-role"
          },
          "private": "bnVsbA==",
          "dependencies": [
            "aws_iam_role.asg_state_change_lambda"
          ]
        }
      ]
    },
    {
      "mode": "managed",
      "type": "aws_iam_role_policy_attachment",
      "name": "ssm_core",
      "provider": "provider[\"registry.terraform.io/hashicorp/aws\"]",
      "instances": [
        {
          "schema_version": 0,
          "attributes": {
            "id": "learn-patch-asg-ad-ec2-ssm-ad-role/arn:aws:iam::aws:policy/AmazonSSMManagedInstanceCore",
            "policy_arn": "arn:aws:iam::aws:policy/AmazonSSMManagedInstanceCore",
            "role": "learn-patch-asg-ad-ec2-ssm-ad-role"
          },
          "sensitive_attributes": [],
          "identity_schema_version": 0,
          "identity": {
            "account_id": "762595429056",
            "policy_arn": "arn:aws:iam::aws:policy/AmazonSSMManagedInstanceCore",
            "role": "learn-patch-asg-ad-ec2-ssm-ad-role"
          },
          "private": "bnVsbA==",
          "dependencies": [
            "aws_iam_role.ec2_ssm_ad"
          ]
        }
      ]
    },
    {
      "mode": "managed",
      "type": "aws_iam_role_policy_attachment",
      "name": "ssm_core_linux",
      "provider": "provider[\"registry.terraform.io/hashicorp/aws\"]",
      "instances": [
        {
          "schema_version": 0,
          "attributes": {
            "id": "learn-patch-asg-ad-ec2-ssm-linux-role/arn:aws:iam::aws:policy/AmazonSSMManagedInstanceCore",
            "policy_arn": "arn:aws:iam::aws:policy/AmazonSSMManagedInstanceCore",
            "role": "learn-patch-asg-ad-ec2-ssm-linux-role"
          },
          "sensitive_attributes": [],
          "identity_schema_version": 0,
          "identity": {
            "account_id": "762595429056",
            "policy_arn": "arn:aws:iam::aws:policy/AmazonSSMManagedInstanceCore",
            "role": "learn-patch-asg-ad-ec2-ssm-linux-role"
          },
          "private": "bnVsbA==",
          "dependencies": [
            "aws_iam_role.ec2_ssm_linux"
          ]
        }
      ]
    },
    {
      "mode": "managed",
      "type": "aws_iam_role_policy_attachment",
      "name": "ssm_directory",
      "provider": "provider[\"registry.terraform.io/hashicorp/aws\"]",
      "instances": [
        {
          "schema_version": 0,
          "attributes": {
            "id": "learn-patch-asg-ad-ec2-ssm-ad-role/arn:aws:iam::aws:policy/AmazonSSMDirectoryServiceAccess",
            "policy_arn": "arn:aws:iam::aws:policy/AmazonSSMDirectoryServiceAccess",
            "role": "learn-patch-asg-ad-ec2-ssm-ad-role"
          },
          "sensitive_attributes": [],
          "identity_schema_version": 0,
          "identity": {
            "account_id": "762595429056",
            "policy_arn": "arn:aws:iam::aws:policy/AmazonSSMDirectoryServiceAccess",
            "role": "learn-patch-asg-ad-ec2-ssm-ad-role"
          },
          "private": "bnVsbA==",
          "dependencies": [
            "aws_iam_role.ec2_ssm_ad"
          ]
        }
      ]
    },
    {
      "mode": "managed",
      "type": "aws_instance",
      "name": "linux_ubuntu",
      "provider": "provider[\"registry.terraform.io/hashicorp/aws\"]",
      "instances": [
        {
          "schema_version": 2,
          "attributes": {
            "ami": "ami-02fd066b86800f60c",
            "arn": "arn:aws:ec2:us-east-1:762595429056:instance/i-022652ea4696561de",
            "associate_public_ip_address": false,
            "availability_zone": "us-east-1a",
            "capacity_reservation_specification": [
              {
                "capacity_reservation_preference": "open",
                "capacity_reservation_target": []
              }
            ],
            "cpu_options": [
              {
                "amd_sev_snp": "",
                "core_count": 1,
                "nested_virtualization": "",
                "threads_per_core": 2
              }
            ],
            "credit_specification": [
              {
                "cpu_credits": "unlimited"
              }
            ],
            "disable_api_stop": false,
            "disable_api_termination": false,
            "ebs_block_device": [],
            "ebs_optimized": false,
            "enable_primary_ipv6": null,
            "enclave_options": [
              {
                "enabled": false
              }
            ],
            "ephemeral_block_device": [],
            "force_destroy": false,
            "get_password_data": false,
            "hibernation": false,
            "host_id": "",
            "host_resource_group_arn": null,
            "iam_instance_profile": "learn-patch-asg-ad-ec2-ssm-linux-profile",
            "id": "i-022652ea4696561de",
            "instance_initiated_shutdown_behavior": "stop",
            "instance_lifecycle": "",
            "instance_market_options": [],
            "instance_state": "running",
            "instance_type": "t3.medium",
            "ipv6_address_count": 0,
            "ipv6_addresses": [],
            "key_name": "",
            "launch_template": [],
            "maintenance_options": [
              {
                "auto_recovery": "default"
              }
            ],
            "metadata_options": [
              {
                "http_endpoint": "enabled",
                "http_protocol_ipv6": "disabled",
                "http_put_response_hop_limit": 2,
                "http_tokens": "required",
                "instance_metadata_tags": "disabled"
              }
            ],
            "monitoring": false,
            "network_interface": [],
            "outpost_arn": "",
            "password_data": "",
            "placement_group": "",
            "placement_group_id": "",
            "placement_partition_number": 0,
            "primary_network_interface": [
              {
                "delete_on_termination": true,
                "network_interface_id": "eni-06ccabc192ec3c52f"
              }
            ],
            "primary_network_interface_id": "eni-06ccabc192ec3c52f",
            "private_dns": "ip-172-16-2-63.ec2.internal",
            "private_dns_name_options": [
              {
                "enable_resource_name_dns_a_record": false,
                "enable_resource_name_dns_aaaa_record": false,
                "hostname_type": "ip-name"
              }
            ],
            "private_ip": "172.16.2.63",
            "public_dns": "",
            "public_ip": "",
            "region": "us-east-1",
            "root_block_device": [
              {
                "delete_on_termination": true,
                "device_name": "/dev/sda1",
                "encrypted": false,
                "iops": 100,
                "kms_key_id": "",
                "tags": {},
                "tags_all": {},
                "throughput": 0,
                "volume_id": "vol-09c677c7d15972b47",
                "volume_size": 8,
                "volume_type": "gp2"
              }
            ],
            "secondary_network_interface": [],
            "secondary_private_ips": [],
            "security_groups": [],
            "source_dest_check": true,
            "spot_instance_request_id": "",
            "subnet_id": "subnet-03816795658c36d37",
            "tags": {
              "Name": "learn-patch-asg-ad-linux-ubuntu",
              "OS": "Ubuntu 22.04",
              "PatchGroup": "Linux-Production",
              "auto-delete": "no"
            },
            "tags_all": {
              "Name": "learn-patch-asg-ad-linux-ubuntu",
              "OS": "Ubuntu 22.04",
              "PatchGroup": "Linux-Production",
              "auto-delete": "no"
            },
            "tenancy": "default",
            "timeouts": null,
            "user_data": null,
            "user_data_base64": null,
            "user_data_replace_on_change": false,
            "volume_tags": null,
            "vpc_security_group_ids": [
              "sg-03baa3d57f6c0349d"
            ]
          },
          "sensitive_attributes": [],
          "identity_schema_version": 0,
          "identity": {
            "account_id": "762595429056",
            "id": "i-022652ea4696561de",
            "region": "us-east-1"
          },
          "private": "eyJlMmJmYjczMC1lY2FhLTExZTYtOGY4OC0zNDM2M2JjN2M0YzAiOnsiY3JlYXRlIjo2MDAwMDAwMDAwMDAsImRlbGV0ZSI6MTIwMDAwMDAwMDAwMCwicmVhZCI6OTAwMDAwMDAwMDAwLCJ1cGRhdGUiOjYwMDAwMDAwMDAwMH0sInNjaGVtYV92ZXJzaW9uIjoiMiJ9",
          "dependencies": [
            "aws_eip.nat",
            "aws_iam_instance_profile.ec2_ssm_linux",
            "aws_iam_role.ec2_ssm_linux",
            "aws_internet_gateway.igw",
            "aws_nat_gateway.nat",
            "aws_security_group.alb",
            "aws_security_group.linux_ubuntu",
            "aws_subnet.private",
            "aws_subnet.public",
            "aws_vpc.main",
            "data.aws_vpc.existing"
          ]
        }
      ]
    },
    {
      "mode": "managed",
      "type": "aws_internet_gateway",
      "name": "igw",
      "provider": "provider[\"registry.terraform.io/hashicorp/aws\"]",
      "instances": [
        {
          "index_key": 0,
          "schema_version": 0,
          "attributes": {
            "arn": "arn:aws:ec2:us-east-1:762595429056:internet-gateway/igw-055cf82b1dcdc0b66",
            "id": "igw-055cf82b1dcdc0b66",
            "owner_id": "762595429056",
            "region": "us-east-1",
            "tags": {
              "Name": "learn-patch-asg-ad-igw"
            },
            "tags_all": {
              "Name": "learn-patch-asg-ad-igw"
            },
            "timeouts": null,
            "vpc_id": "vpc-0cb7104be1e6fba2c"
          },
          "sensitive_attributes": [],
          "identity_schema_version": 0,
          "identity": {
            "account_id": "762595429056",
            "id": "igw-055cf82b1dcdc0b66",
            "region": "us-east-1"
          },
          "private": "eyJlMmJmYjczMC1lY2FhLTExZTYtOGY4OC0zNDM2M2JjN2M0YzAiOnsiY3JlYXRlIjoxMjAwMDAwMDAwMDAwLCJkZWxldGUiOjEyMDAwMDAwMDAwMDAsInVwZGF0ZSI6MTIwMDAwMDAwMDAwMH19",
          "dependencies": [
            "aws_vpc.main",
            "data.aws_vpc.existing"
          ]
        }
      ]
    },
    {
      "mode": "managed",
      "type": "aws_launch_template",
      "name": "windows",
      "provider": "provider[\"registry.terraform.io/hashicorp/aws\"]",
      "instances": [
        {
          "schema_version": 1,
          "attributes": {
            "arn": "arn:aws:ec2:us-east-1:762595429056:launch-template/lt-034f4097217e10518",
            "block_device_mappings": [],
            "capacity_reservation_specification": [],
            "cpu_options": [],
            "credit_specification": [],
            "default_version": 12,
            "description": "",
            "disable_api_stop": false,
            "disable_api_termination": false,
            "ebs_optimized": "",
            "enclave_options": [],
            "hibernation_options": [],
            "iam_instance_profile": [
              {
                "arn": "",
                "name": "learn-patch-asg-ad-ec2-ssm-ad-profile"
              }
            ],
            "id": "lt-034f4097217e10518",
            "image_id": "ami-075309a66c5dedf22",
            "instance_initiated_shutdown_behavior": "",
            "instance_market_options": [],
            "instance_requirements": [],
            "instance_type": "t3.medium",
            "kernel_id": "",
            "key_name": "",
            "latest_version": 16,
            "license_specification": [],
            "maintenance_options": [],
            "metadata_options": [
              {
                "http_endpoint": "enabled",
                "http_protocol_ipv6": "",
                "http_put_response_hop_limit": 2,
                "http_tokens": "required",
                "instance_metadata_tags": ""
              }
            ],
            "monitoring": [],
            "name": "learn-patch-asg-ad-win-20260613022242853200000002",
            "name_prefix": "learn-patch-asg-ad-win-",
            "network_interfaces": [],
            "network_performance_options": [],
            "placement": [],
            "private_dns_name_options": [],
            "ram_disk_id": "",
            "region": "us-east-1",
            "secondary_interfaces": [],
            "security_group_names": [],
            "tag_specifications": [
              {
                "resource_type": "instance",
                "tags": {
                  "ADJoin": "true",
                  "Name": "learn-patch-asg-ad-win-asg",
                  "OS": "Windows Server 2019",
                  "PatchGroup": "Windows-Production",
                  "auto-delete": "no"
                }
              },
              {
                "resource_type": "volume",
                "tags": {
                  "Name": "learn-patch-asg-ad-win-vol"
                }
              }
            ],
            "tags": {
              "Name": "learn-patch-asg-ad-win-launch-template"
            },
            "tags_all": {
              "Name": "learn-patch-asg-ad-win-launch-template"
            },
            "update_default_version": null,
            "user_data": "PHBvd2Vyc2hlbGw+Ckluc3RhbGwtV2luZG93c0ZlYXR1cmUgLU5hbWUgV2ViLVNlcnZlciAtSW5jbHVkZU1hbmFnZW1lbnRUb29scwpJbnN0YWxsLVdpbmRvd3NGZWF0dXJlIC1OYW1lIFdlYi1Bc3AtTmV0NDUKSW1wb3J0LU1vZHVsZSBXZWJBZG1pbmlzdHJhdGlvbgoKIyA9PT09PT09PT09PT09PT09PT09PT09PT09PT09PT09PT09PT09PT09PT09PT09PT09PT09PT09PT09PT0KIyBTaGFyZWQgaGVscGVyIC0gd3JpdHRlbiBpbmxpbmUgaW50byBlYWNoIHBhZ2UKIyA9PT09PT09PT09PT09PT09PT09PT09PT09PT09PT09PT09PT09PT09PT09PT09PT09PT09PT09PT09PT0KCiMgPT09PT09PT09PT09PT09PT09PT09PT09PT09PT09PT09PT09PT09PT09PT09PT09PT09PT09PT09PT09CiMgZGVmYXVsdC5hc3B4IC0ganVzdCByZWRpcmVjdHMgdG8gL2xvZ2luLmFzcHgKIyA9PT09PT09PT09PT09PT09PT09PT09PT09PT09PT09PT09PT09PT09PT09PT09PT09PT09PT09PT09PT0KJGRlZmF1bHRDb250ZW50ID0gQCIKPCVAIFBhZ2UgTGFuZ3VhZ2U9IkMjIiAlPgo8c2NyaXB0IHJ1bmF0PSJzZXJ2ZXIiPgpwcm90ZWN0ZWQgdm9pZCBQYWdlX0xvYWQob2JqZWN0IHNlbmRlciwgRXZlbnRBcmdzIGUpCnsKICAgIFJlc3BvbnNlLlJlZGlyZWN0KCIvbG9naW4uYXNweCIsIGZhbHNlKTsKICAgIENvbnRleHQuQXBwbGljYXRpb25JbnN0YW5jZS5Db21wbGV0ZVJlcXVlc3QoKTsKfQo8L3NjcmlwdD4KIkAKU2V0LUNvbnRlbnQgLVBhdGggIkM6XGluZXRwdWJcd3d3cm9vdFxkZWZhdWx0LmFzcHgiIC1WYWx1ZSAkZGVmYXVsdENvbnRlbnQgLUVuY29kaW5nIFVURjgKCiMgPT09PT09PT09PT09PT09PT09PT09PT09PT09PT09PT09PT09PT09PT09PT09PT09PT09PT09PT09PT09CiMgbG9naW4uYXNweCAtIGxvZ2luIGZvcm0gb25seSwgcmVkaXJlY3RzIHRvIC9kYXNoYm9hcmQuYXNweAojID09PT09PT09PT09PT09PT09PT09PT09PT09PT09PT09PT09PT09PT09PT09PT09PT09PT09PT09PT09PQokbG9naW5Db250ZW50ID0gQCIKPCVAIFBhZ2UgTGFuZ3VhZ2U9IkMjIiAlPgo8JUAgSW1wb3J0IE5hbWVzcGFjZT0iU3lzdGVtLk5ldCIgJT4KPCFET0NUWVBFIGh0bWw+CjxzY3JpcHQgcnVuYXQ9InNlcnZlciI+CnByb3RlY3RlZCBzdHJpbmcgR2V0SW5zdGFuY2VJZCgpCnsKICAgIHRyeQogICAgewogICAgICAgIHVzaW5nICh2YXIgY2xpZW50ID0gbmV3IFdlYkNsaWVudCgpKQogICAgICAgIHsKICAgICAgICAgICAgY2xpZW50LkhlYWRlcnMuQWRkKCJYLWF3cy1lYzItbWV0YWRhdGEtdG9rZW4tdHRsLXNlY29uZHMiLCAiMjE2MDAiKTsKICAgICAgICAgICAgc3RyaW5nIHRva2VuID0gY2xpZW50LlVwbG9hZFN0cmluZygiaHR0cDovLzE2OS4yNTQuMTY5LjI1NC9sYXRlc3QvYXBpL3Rva2VuIiwgIlBVVCIsICIiKTsKICAgICAgICAgICAgY2xpZW50LkhlYWRlcnMuQWRkKCJYLWF3cy1lYzItbWV0YWRhdGEtdG9rZW4iLCB0b2tlbik7CiAgICAgICAgICAgIHJldHVybiBjbGllbnQuRG93bmxvYWRTdHJpbmcoImh0dHA6Ly8xNjkuMjU0LjE2OS4yNTQvbGF0ZXN0L21ldGEtZGF0YS9pbnN0YW5jZS1pZCIpOwogICAgICAgIH0KICAgIH0KICAgIGNhdGNoIHsgcmV0dXJuICJOL0EiOyB9Cn0KCnByb3RlY3RlZCB2b2lkIFBhZ2VfTG9hZChvYmplY3Qgc2VuZGVyLCBFdmVudEFyZ3MgZSkKewogICAgLy8gQWxyZWFkeSBsb2dnZWQgaW4gLSBnbyBzdHJhaWdodCB0byBkYXNoYm9hcmQKICAgIGlmIChTZXNzaW9uWyJ1c2VyIl0gIT0gbnVsbCkKICAgIHsKICAgICAgICBSZXNwb25zZS5SZWRpcmVjdCgiL2Rhc2hib2FyZC5hc3B4IiwgZmFsc2UpOwogICAgICAgIENvbnRleHQuQXBwbGljYXRpb25JbnN0YW5jZS5Db21wbGV0ZVJlcXVlc3QoKTsgcmV0dXJuOwogICAgfQoKICAgIC8vIEhhbmRsZSBsb2dpbiBQT1NUCiAgICBpZiAoUmVxdWVzdC5Gb3JtWyJhY3Rpb24iXSA9PSAibG9naW4iKQogICAgewogICAgICAgIFNlc3Npb25bInVzZXIiXSAgICAgID0gUmVxdWVzdC5Gb3JtWyJ1c2VybmFtZSJdOwogICAgICAgIFNlc3Npb25bImxvZ2luVGltZSJdID0gRGF0ZVRpbWUuVXRjTm93LlRvU3RyaW5nKCJ5eXl5LU1NLWRkIEhIOm1tOnNzIFVUQyIpOwogICAgICAgIFNlc3Npb25bImxvZ2luSG9zdCJdID0gRW52aXJvbm1lbnQuTWFjaGluZU5hbWU7CiAgICAgICAgU2Vzc2lvblsiY291bnQiXSAgICAgPSAwOwogICAgICAgIFJlc3BvbnNlLlJlZGlyZWN0KCIvZGFzaGJvYXJkLmFzcHgiLCBmYWxzZSk7CiAgICAgICAgQ29udGV4dC5BcHBsaWNhdGlvbkluc3RhbmNlLkNvbXBsZXRlUmVxdWVzdCgpOyByZXR1cm47CiAgICB9Cn0KPC9zY3JpcHQ+CjxodG1sPgo8aGVhZD4KICA8dGl0bGU+TG9naW4gLSBBU0cgU2Vzc2lvbiBEZW1vPC90aXRsZT4KICA8c3R5bGU+CiAgICAqIHsgbWFyZ2luOiAwOyBwYWRkaW5nOiAwOyBib3gtc2l6aW5nOiBib3JkZXItYm94OyB9CiAgICBib2R5IHsgZm9udC1mYW1pbHk6IC1hcHBsZS1zeXN0ZW0sIEJsaW5rTWFjU3lzdGVtRm9udCwgIlNlZ29lIFVJIiwgUm9ib3RvLCBzYW5zLXNlcmlmOyBiYWNrZ3JvdW5kOiBsaW5lYXItZ3JhZGllbnQoMTM1ZGVnLCAjMWUzYTVmIDAlLCAjMGYyMDI3IDEwMCUpOyBtaW4taGVpZ2h0OiAxMDB2aDsgZGlzcGxheTogZmxleDsgZmxleC1kaXJlY3Rpb246IGNvbHVtbjsgYWxpZ24taXRlbXM6IGNlbnRlcjsganVzdGlmeS1jb250ZW50OiBjZW50ZXI7IHBhZGRpbmc6IDIwcHg7IH0KICAgIC50b3AtYmFyIHsgYmFja2dyb3VuZDogIzIyMjsgY29sb3I6ICNmZmY7IHBhZGRpbmc6IDEwcHggMjBweDsgcG9zaXRpb246IGZpeGVkOyB0b3A6IDA7IGxlZnQ6IDA7IHdpZHRoOiAxMDAlOyB6LWluZGV4OiA5OTk7IGZvbnQtc2l6ZTogMC44NWVtOyB0ZXh0LWFsaWduOiBjZW50ZXI7IH0KICAgIC50b3AtYmFyIHNwYW4geyBjb2xvcjogIzRhZGU4MDsgZm9udC13ZWlnaHQ6IDYwMDsgfQogICAgLmNhcmQgeyBiYWNrZ3JvdW5kOiAjZmZmOyBib3JkZXItcmFkaXVzOiAxNnB4OyBib3gtc2hhZG93OiAwIDIwcHggNjBweCByZ2JhKDAsMCwwLDAuMyk7IHBhZGRpbmc6IDQwcHg7IG1heC13aWR0aDogNDgwcHg7IHdpZHRoOiAxMDAlOyBtYXJnaW4tdG9wOiA1MHB4OyB9CiAgICAuaGVhZGVyIHsgdGV4dC1hbGlnbjogY2VudGVyOyBtYXJnaW4tYm90dG9tOiAyNHB4OyB9CiAgICAuaGVhZGVyIGgxIHsgZm9udC1zaXplOiAxLjVlbTsgY29sb3I6ICMxZTNhNWY7IG1hcmdpbi1ib3R0b206IDZweDsgfQogICAgLmhlYWRlciBwIHsgY29sb3I6ICM2YjcyODA7IGZvbnQtc2l6ZTogMC44NWVtOyB9CiAgICAuYWxlcnQgeyBib3JkZXItcmFkaXVzOiAxMHB4OyBwYWRkaW5nOiAxNHB4IDE4cHg7IG1hcmdpbjogMTJweCAwOyBmb250LXNpemU6IDAuODVlbTsgfQogICAgLmFsZXJ0LWJsdWUgeyBiYWNrZ3JvdW5kOiAjZGJlYWZlOyBib3JkZXI6IDFweCBzb2xpZCAjOTNjNWZkOyBjb2xvcjogIzFlNDBhZjsgfQogICAgLmxvZ2luLWZvcm0geyB0ZXh0LWFsaWduOiBjZW50ZXI7IHBhZGRpbmc6IDIwcHggMDsgfQogICAgLmxvZ2luLWZvcm0gaW5wdXRbdHlwZT0idGV4dCJdIHsgcGFkZGluZzogMTJweCAyMHB4OyBib3JkZXI6IDJweCBzb2xpZCAjZTJlOGYwOyBib3JkZXItcmFkaXVzOiA4cHg7IGZvbnQtc2l6ZTogMWVtOyB3aWR0aDogODAlOyBtYXJnaW4tYm90dG9tOiAxMnB4OyBkaXNwbGF5OiBibG9jazsgbWFyZ2luLWxlZnQ6IGF1dG87IG1hcmdpbi1yaWdodDogYXV0bzsgfQogICAgLmxvZ2luLWZvcm0gaW5wdXRbdHlwZT0idGV4dCJdOmZvY3VzIHsgb3V0bGluZTogbm9uZTsgYm9yZGVyLWNvbG9yOiAjM2I4MmY2OyB9CiAgICAuYnRuIHsgYmFja2dyb3VuZDogbGluZWFyLWdyYWRpZW50KDEzNWRlZywgIzNiODJmNiwgIzFkNGVkOCk7IGNvbG9yOiAjZmZmOyBib3JkZXI6IG5vbmU7IHBhZGRpbmc6IDEycHggMjhweDsgYm9yZGVyLXJhZGl1czogOHB4OyBmb250LXNpemU6IDAuOTVlbTsgY3Vyc29yOiBwb2ludGVyOyBmb250LXdlaWdodDogNjAwOyB3aWR0aDogODAlOyB9CiAgICAuYnRuOmhvdmVyIHsgb3BhY2l0eTogMC45OyB9CiAgICAuZm9vdGVyIHsgdGV4dC1hbGlnbjogY2VudGVyOyBtYXJnaW4tdG9wOiAyMHB4OyBwYWRkaW5nLXRvcDogMTZweDsgYm9yZGVyLXRvcDogMXB4IHNvbGlkICNlMmU4ZjA7IH0KICAgIC5mb290ZXIgcCB7IGNvbG9yOiAjOTRhM2I4OyBmb250LXNpemU6IDAuNzVlbTsgbGluZS1oZWlnaHQ6IDEuNjsgfQogIDwvc3R5bGU+CjwvaGVhZD4KPGJvZHk+CiAgPGRpdiBjbGFzcz0idG9wLWJhciI+CiAgICBSdW5uaW5nIG9uOiA8c3Bhbj48JSBSZXNwb25zZS5Xcml0ZShFbnZpcm9ubWVudC5NYWNoaW5lTmFtZSk7ICU+PC9zcGFuPgogICAgJm5ic3A7fCZuYnNwOyBJbnN0YW5jZTogPHNwYW4+PCUgUmVzcG9uc2UuV3JpdGUoR2V0SW5zdGFuY2VJZCgpKTsgJT48L3NwYW4+CiAgPC9kaXY+CgogIDxkaXYgY2xhc3M9ImNhcmQiPgogICAgPGRpdiBjbGFzcz0iaGVhZGVyIj4KICAgICAgPGgxPkFTRyBTZXNzaW9uIERlbW88L2gxPgogICAgICA8cD5Mb2dpbiB0byBzZWUgaG93IEluUHJvYyBzZXNzaW9ucyBicmVhayBkdXJpbmcgSW5zdGFuY2UgUmVmcmVzaDwvcD4KICAgIDwvZGl2PgoKICAgIDxkaXYgY2xhc3M9ImFsZXJ0IGFsZXJ0LWJsdWUiPgogICAgICA8c3Ryb25nPkRlbW86PC9zdHJvbmc+IExvZ2luIGJlbG93LCB0aGVuIHRyaWdnZXIgYW4gQVNHIEluc3RhbmNlIFJlZnJlc2guCiAgICAgIFlvdXIgc2Vzc2lvbiB3aWxsIGJlIGxvc3Qgd2hlbiB0aGlzIGluc3RhbmNlIGlzIHJlcGxhY2VkLgogICAgPC9kaXY+CgogICAgPGZvcm0gbWV0aG9kPSJwb3N0IiBjbGFzcz0ibG9naW4tZm9ybSI+CiAgICAgIDxpbnB1dCB0eXBlPSJoaWRkZW4iIG5hbWU9ImFjdGlvbiIgdmFsdWU9ImxvZ2luIiAvPgogICAgICA8aW5wdXQgdHlwZT0idGV4dCIgbmFtZT0idXNlcm5hbWUiIHBsYWNlaG9sZGVyPSJFbnRlciB5b3VyIG5hbWUiIHJlcXVpcmVkIC8+CiAgICAgIDxidXR0b24gdHlwZT0ic3VibWl0IiBjbGFzcz0iYnRuIj5Mb2dpbjwvYnV0dG9uPgogICAgPC9mb3JtPgoKICAgIDxkaXYgY2xhc3M9ImZvb3RlciI+CiAgICAgIDxwPlNlc3Npb24gTW9kZTogPHN0cm9uZz5JblByb2MgKFNlcnZlciBNZW1vcnkpPC9zdHJvbmc+PGJyLz4KICAgICAgU3RpY2t5IHNlc3Npb25zOiBlbmFibGVkIC0gcGlucyB5b3UgdG8gdGhpcyBpbnN0YW5jZTxici8+CiAgICAgIEluc3RhbmNlIFJlZnJlc2ggd2lsbCB0ZXJtaW5hdGUgdGhpcyBpbnN0YW5jZSBhbmQgYnJlYWsgeW91ciBzZXNzaW9uPC9wPgogICAgPC9kaXY+CiAgPC9kaXY+CjwvYm9keT4KPC9odG1sPgoiQApTZXQtQ29udGVudCAtUGF0aCAiQzpcaW5ldHB1Ylx3d3dyb290XGxvZ2luLmFzcHgiIC1WYWx1ZSAkbG9naW5Db250ZW50IC1FbmNvZGluZyBVVEY4CgojID09PT09PT09PT09PT09PT09PT09PT09PT09PT09PT09PT09PT09PT09PT09PT09PT09PT09PT09PT09PQojIGRhc2hib2FyZC5hc3B4IC0gbG9nZ2VkIGluIHZpZXcsIGxvZ291dCByZWRpcmVjdHMgdG8gL2xvZ2luLmFzcHgKIyA9PT09PT09PT09PT09PT09PT09PT09PT09PT09PT09PT09PT09PT09PT09PT09PT09PT09PT09PT09PT0KJGRhc2hib2FyZENvbnRlbnQgPSBAIgo8JUAgUGFnZSBMYW5ndWFnZT0iQyMiICU+CjwlQCBJbXBvcnQgTmFtZXNwYWNlPSJTeXN0ZW0uTmV0IiAlPgo8IURPQ1RZUEUgaHRtbD4KPHNjcmlwdCBydW5hdD0ic2VydmVyIj4KcHJvdGVjdGVkIHN0cmluZyBHZXRJbnN0YW5jZUlkKCkKewogICAgdHJ5CiAgICB7CiAgICAgICAgdXNpbmcgKHZhciBjbGllbnQgPSBuZXcgV2ViQ2xpZW50KCkpCiAgICAgICAgewogICAgICAgICAgICBjbGllbnQuSGVhZGVycy5BZGQoIlgtYXdzLWVjMi1tZXRhZGF0YS10b2tlbi10dGwtc2Vjb25kcyIsICIyMTYwMCIpOwogICAgICAgICAgICBzdHJpbmcgdG9rZW4gPSBjbGllbnQuVXBsb2FkU3RyaW5nKCJodHRwOi8vMTY5LjI1NC4xNjkuMjU0L2xhdGVzdC9hcGkvdG9rZW4iLCAiUFVUIiwgIiIpOwogICAgICAgICAgICBjbGllbnQuSGVhZGVycy5BZGQoIlgtYXdzLWVjMi1tZXRhZGF0YS10b2tlbiIsIHRva2VuKTsKICAgICAgICAgICAgcmV0dXJuIGNsaWVudC5Eb3dubG9hZFN0cmluZygiaHR0cDovLzE2OS4yNTQuMTY5LjI1NC9sYXRlc3QvbWV0YS1kYXRhL2luc3RhbmNlLWlkIik7CiAgICAgICAgfQogICAgfQogICAgY2F0Y2ggeyByZXR1cm4gIk4vQSI7IH0KfQoKcHJvdGVjdGVkIHZvaWQgUGFnZV9Mb2FkKG9iamVjdCBzZW5kZXIsIEV2ZW50QXJncyBlKQp7CiAgICAvLyBOb3QgbG9nZ2VkIGluIC0gc2VuZCB0byBsb2dpbiBwYWdlCiAgICBpZiAoU2Vzc2lvblsidXNlciJdID09IG51bGwpCiAgICB7CiAgICAgICAgUmVzcG9uc2UuUmVkaXJlY3QoIi9sb2dpbi5hc3B4IiwgZmFsc2UpOwogICAgICAgIENvbnRleHQuQXBwbGljYXRpb25JbnN0YW5jZS5Db21wbGV0ZVJlcXVlc3QoKTsgcmV0dXJuOwogICAgfQoKICAgIC8vIEhhbmRsZSBsb2dvdXQgUE9TVAogICAgaWYgKFJlcXVlc3QuRm9ybVsiYWN0aW9uIl0gPT0gImxvZ291dCIpCiAgICB7CiAgICAgICAgU2Vzc2lvbi5BYmFuZG9uKCk7CiAgICAgICAgUmVzcG9uc2UuUmVkaXJlY3QoIi9sb2dpbi5hc3B4IiwgZmFsc2UpOwogICAgICAgIENvbnRleHQuQXBwbGljYXRpb25JbnN0YW5jZS5Db21wbGV0ZVJlcXVlc3QoKTsgcmV0dXJuOwogICAgfQoKICAgIC8vIEluY3JlbWVudCBwYWdlIHZpZXcgY291bnRlciBvbiBldmVyeSBHRVQKICAgIFNlc3Npb25bImNvdW50Il0gPSAoaW50KVNlc3Npb25bImNvdW50Il0gKyAxOwp9Cjwvc2NyaXB0Pgo8aHRtbD4KPGhlYWQ+CiAgPHRpdGxlPkRhc2hib2FyZCAtIEFTRyBTZXNzaW9uIERlbW88L3RpdGxlPgogIDxzdHlsZT4KICAgICogeyBtYXJnaW46IDA7IHBhZGRpbmc6IDA7IGJveC1zaXppbmc6IGJvcmRlci1ib3g7IH0KICAgIGJvZHkgeyBmb250LWZhbWlseTogLWFwcGxlLXN5c3RlbSwgQmxpbmtNYWNTeXN0ZW1Gb250LCAiU2Vnb2UgVUkiLCBSb2JvdG8sIHNhbnMtc2VyaWY7IGJhY2tncm91bmQ6IGxpbmVhci1ncmFkaWVudCgxMzVkZWcsICMxZTNhNWYgMCUsICMwZjIwMjcgMTAwJSk7IG1pbi1oZWlnaHQ6IDEwMHZoOyBkaXNwbGF5OiBmbGV4OyBmbGV4LWRpcmVjdGlvbjogY29sdW1uOyBhbGlnbi1pdGVtczogY2VudGVyOyBqdXN0aWZ5LWNvbnRlbnQ6IGNlbnRlcjsgcGFkZGluZzogMjBweDsgfQogICAgLnRvcC1iYXIgeyBiYWNrZ3JvdW5kOiAjMjIyOyBjb2xvcjogI2ZmZjsgcGFkZGluZzogMTBweCAyMHB4OyBwb3NpdGlvbjogZml4ZWQ7IHRvcDogMDsgbGVmdDogMDsgd2lkdGg6IDEwMCU7IHotaW5kZXg6IDk5OTsgZm9udC1zaXplOiAwLjg1ZW07IHRleHQtYWxpZ246IGNlbnRlcjsgfQogICAgLnRvcC1iYXIgc3BhbiB7IGNvbG9yOiAjNGFkZTgwOyBmb250LXdlaWdodDogNjAwOyB9CiAgICAuY2FyZCB7IGJhY2tncm91bmQ6ICNmZmY7IGJvcmRlci1yYWRpdXM6IDE2cHg7IGJveC1zaGFkb3c6IDAgMjBweCA2MHB4IHJnYmEoMCwwLDAsMC4zKTsgcGFkZGluZzogNDBweDsgbWF4LXdpZHRoOiA2MDBweDsgd2lkdGg6IDEwMCU7IG1hcmdpbi10b3A6IDUwcHg7IH0KICAgIC5oZWFkZXIgeyB0ZXh0LWFsaWduOiBjZW50ZXI7IG1hcmdpbi1ib3R0b206IDI0cHg7IH0KICAgIC5oZWFkZXIgaDEgeyBmb250LXNpemU6IDEuNWVtOyBjb2xvcjogIzFlM2E1ZjsgbWFyZ2luLWJvdHRvbTogNnB4OyB9CiAgICAuaGVhZGVyIHAgeyBjb2xvcjogIzZiNzI4MDsgZm9udC1zaXplOiAwLjg1ZW07IH0KICAgIC5hbGVydCB7IGJvcmRlci1yYWRpdXM6IDEwcHg7IHBhZGRpbmc6IDE0cHggMThweDsgbWFyZ2luOiAxMnB4IDA7IGZvbnQtc2l6ZTogMC44NWVtOyB9CiAgICAuYWxlcnQtZ3JlZW4geyBiYWNrZ3JvdW5kOiAjZGNmY2U3OyBib3JkZXI6IDFweCBzb2xpZCAjODZlZmFjOyBjb2xvcjogIzE2NjUzNDsgfQogICAgLmFsZXJ0LXJlZCB7IGJhY2tncm91bmQ6ICNmZWUyZTI7IGJvcmRlcjogMXB4IHNvbGlkICNmY2E1YTU7IGNvbG9yOiAjOTkxYjFiOyB9CiAgICAuYWxlcnQtYmx1ZSB7IGJhY2tncm91bmQ6ICNkYmVhZmU7IGJvcmRlcjogMXB4IHNvbGlkICM5M2M1ZmQ7IGNvbG9yOiAjMWU0MGFmOyB9CiAgICAuaW5mby1ncmlkIHsgZGlzcGxheTogZ3JpZDsgZ2FwOiAxMHB4OyBtYXJnaW46IDIwcHggMDsgfQogICAgLmluZm8taXRlbSB7IGJhY2tncm91bmQ6ICNmOGZhZmM7IGJvcmRlcjogMXB4IHNvbGlkICNlMmU4ZjA7IGJvcmRlci1yYWRpdXM6IDEwcHg7IHBhZGRpbmc6IDE0cHggMThweDsgZGlzcGxheTogZmxleDsganVzdGlmeS1jb250ZW50OiBzcGFjZS1iZXR3ZWVuOyBhbGlnbi1pdGVtczogY2VudGVyOyB9CiAgICAuaW5mby1pdGVtIC5sYWJlbCB7IGZvbnQtc2l6ZTogMC44ZW07IGNvbG9yOiAjNjQ3NDhiOyBmb250LXdlaWdodDogNTAwOyB0ZXh0LXRyYW5zZm9ybTogdXBwZXJjYXNlOyBsZXR0ZXItc3BhY2luZzogMC41cHg7IH0KICAgIC5pbmZvLWl0ZW0gLnZhbHVlIHsgZm9udC1mYW1pbHk6IG1vbm9zcGFjZTsgZm9udC1zaXplOiAwLjg1ZW07IGNvbG9yOiAjMWUyOTNiOyBmb250LXdlaWdodDogNjAwOyB9CiAgICAuY291bnRlci1pdGVtIHsgYmFja2dyb3VuZDogbGluZWFyLWdyYWRpZW50KDEzNWRlZywgIzNiODJmNiwgIzFkNGVkOCk7IGJvcmRlcjogbm9uZTsgfQogICAgLmNvdW50ZXItaXRlbSAubGFiZWwgeyBjb2xvcjogcmdiYSgyNTUsMjU1LDI1NSwwLjgpOyB9CiAgICAuY291bnRlci1pdGVtIC52YWx1ZSB7IGNvbG9yOiAjZmZmOyBmb250LXNpemU6IDEuM2VtOyB9CiAgICAuc2VjdGlvbi10aXRsZSB7IGZvbnQtc2l6ZTogMC43NWVtOyBjb2xvcjogIzk0YTNiODsgdGV4dC10cmFuc2Zvcm06IHVwcGVyY2FzZTsgbGV0dGVyLXNwYWNpbmc6IDFweDsgbWFyZ2luOiAxNnB4IDAgOHB4OyBmb250LXdlaWdodDogNjAwOyB9CiAgICAuYnRuIHsgYmFja2dyb3VuZDogbGluZWFyLWdyYWRpZW50KDEzNWRlZywgI2VmNDQ0NCwgI2I5MWMxYyk7IGNvbG9yOiAjZmZmOyBib3JkZXI6IG5vbmU7IHBhZGRpbmc6IDEycHggMjhweDsgYm9yZGVyLXJhZGl1czogOHB4OyBmb250LXNpemU6IDAuOTVlbTsgY3Vyc29yOiBwb2ludGVyOyBmb250LXdlaWdodDogNjAwOyB9CiAgICAuYnRuOmhvdmVyIHsgb3BhY2l0eTogMC45OyB9CiAgICAuYmFkZ2UgeyBkaXNwbGF5OiBpbmxpbmUtYmxvY2s7IGZvbnQtc2l6ZTogMC43ZW07IHBhZGRpbmc6IDNweCAxMHB4OyBib3JkZXItcmFkaXVzOiAyMHB4OyBmb250LXdlaWdodDogNjAwOyB9CiAgICAuYmFkZ2UtZ3JlZW4geyBiYWNrZ3JvdW5kOiAjZGNmY2U3OyBjb2xvcjogIzE2NjUzNDsgfQogICAgLmJhZGdlLXllbGxvdyB7IGJhY2tncm91bmQ6ICNmZWYzYzc7IGNvbG9yOiAjOTI0MDBlOyB9CiAgICAuZm9vdGVyIHsgdGV4dC1hbGlnbjogY2VudGVyOyBtYXJnaW4tdG9wOiAyMHB4OyBwYWRkaW5nLXRvcDogMTZweDsgYm9yZGVyLXRvcDogMXB4IHNvbGlkICNlMmU4ZjA7IH0KICAgIC5mb290ZXIgcCB7IGNvbG9yOiAjOTRhM2I4OyBmb250LXNpemU6IDAuNzVlbTsgbGluZS1oZWlnaHQ6IDEuNjsgfQogIDwvc3R5bGU+CjwvaGVhZD4KPGJvZHk+CiAgPGRpdiBjbGFzcz0idG9wLWJhciI+CiAgICBSdW5uaW5nIG9uOiA8c3Bhbj48JSBSZXNwb25zZS5Xcml0ZShFbnZpcm9ubWVudC5NYWNoaW5lTmFtZSk7ICU+PC9zcGFuPgogICAgJm5ic3A7fCZuYnNwOyBJbnN0YW5jZTogPHNwYW4+PCUgUmVzcG9uc2UuV3JpdGUoR2V0SW5zdGFuY2VJZCgpKTsgJT48L3NwYW4+CiAgPC9kaXY+CgogIDxkaXYgY2xhc3M9ImNhcmQiPgogICAgPGRpdiBjbGFzcz0iaGVhZGVyIj4KICAgICAgPGgxPkRhc2hib2FyZDwvaDE+CiAgICAgIDxwPkFTRyBJbnN0YW5jZSBSZWZyZXNoICYgU2Vzc2lvbiBEZW1vPC9wPgogICAgPC9kaXY+CgogICAgPGRpdiBjbGFzcz0iYWxlcnQgYWxlcnQtZ3JlZW4iPgogICAgICBXZWxjb21lIGJhY2ssIDxzdHJvbmc+PCUgUmVzcG9uc2UuV3JpdGUoU2Vzc2lvblsidXNlciJdKTsgJT48L3N0cm9uZz4KICAgICAgPHNwYW4gY2xhc3M9ImJhZGdlIGJhZGdlLWdyZWVuIj5TRVNTSU9OIEFDVElWRTwvc3Bhbj4KICAgIDwvZGl2PgoKICAgIDxkaXYgY2xhc3M9InNlY3Rpb24tdGl0bGUiPkN1cnJlbnQgU2VydmVyPC9kaXY+CiAgICA8ZGl2IGNsYXNzPSJpbmZvLWdyaWQiPgogICAgICA8ZGl2IGNsYXNzPSJpbmZvLWl0ZW0iPgogICAgICAgIDxzcGFuIGNsYXNzPSJsYWJlbCI+SG9zdG5hbWU8L3NwYW4+CiAgICAgICAgPHNwYW4gY2xhc3M9InZhbHVlIj48JSBSZXNwb25zZS5Xcml0ZShFbnZpcm9ubWVudC5NYWNoaW5lTmFtZSk7ICU+PC9zcGFuPgogICAgICA8L2Rpdj4KICAgICAgPGRpdiBjbGFzcz0iaW5mby1pdGVtIj4KICAgICAgICA8c3BhbiBjbGFzcz0ibGFiZWwiPkluc3RhbmNlIElEPC9zcGFuPgogICAgICAgIDxzcGFuIGNsYXNzPSJ2YWx1ZSI+PCUgUmVzcG9uc2UuV3JpdGUoR2V0SW5zdGFuY2VJZCgpKTsgJT48L3NwYW4+CiAgICAgIDwvZGl2PgogICAgPC9kaXY+CgogICAgPGRpdiBjbGFzcz0ic2VjdGlvbi10aXRsZSI+U2Vzc2lvbiBTdGF0ZSAoSW5Qcm9jIC0gU2VydmVyIE1lbW9yeSk8L2Rpdj4KICAgIDxkaXYgY2xhc3M9ImluZm8tZ3JpZCI+CiAgICAgIDxkaXYgY2xhc3M9ImluZm8taXRlbSI+CiAgICAgICAgPHNwYW4gY2xhc3M9ImxhYmVsIj5TZXNzaW9uIElEPC9zcGFuPgogICAgICAgIDxzcGFuIGNsYXNzPSJ2YWx1ZSI+PCUgUmVzcG9uc2UuV3JpdGUoU2Vzc2lvbi5TZXNzaW9uSUQuU3Vic3RyaW5nKDAsIDE2KSArICIuLi4iKTsgJT48L3NwYW4+CiAgICAgIDwvZGl2PgogICAgICA8ZGl2IGNsYXNzPSJpbmZvLWl0ZW0iPgogICAgICAgIDxzcGFuIGNsYXNzPSJsYWJlbCI+TG9nZ2VkIGluIGF0PC9zcGFuPgogICAgICAgIDxzcGFuIGNsYXNzPSJ2YWx1ZSI+PCUgUmVzcG9uc2UuV3JpdGUoU2Vzc2lvblsibG9naW5UaW1lIl0pOyAlPjwvc3Bhbj4KICAgICAgPC9kaXY+CiAgICAgIDxkaXYgY2xhc3M9ImluZm8taXRlbSI+CiAgICAgICAgPHNwYW4gY2xhc3M9ImxhYmVsIj5PcmlnaW5hbCBIb3N0PC9zcGFuPgogICAgICAgIDxzcGFuIGNsYXNzPSJ2YWx1ZSI+PCUgUmVzcG9uc2UuV3JpdGUoU2Vzc2lvblsibG9naW5Ib3N0Il0pOyAlPjwvc3Bhbj4KICAgICAgPC9kaXY+CiAgICAgIDxkaXYgY2xhc3M9ImluZm8taXRlbSBjb3VudGVyLWl0ZW0iPgogICAgICAgIDxzcGFuIGNsYXNzPSJsYWJlbCI+UGFnZSBWaWV3cyBUaGlzIFNlc3Npb248L3NwYW4+CiAgICAgICAgPHNwYW4gY2xhc3M9InZhbHVlIj48JSBSZXNwb25zZS5Xcml0ZShTZXNzaW9uWyJjb3VudCJdKTsgJT48L3NwYW4+CiAgICAgIDwvZGl2PgogICAgPC9kaXY+CgogICAgPCUgaWYgKChzdHJpbmcpU2Vzc2lvblsibG9naW5Ib3N0Il0gIT0gRW52aXJvbm1lbnQuTWFjaGluZU5hbWUpIHsgJT4KICAgICAgPGRpdiBjbGFzcz0iYWxlcnQgYWxlcnQtcmVkIj4KICAgICAgICA8c3Ryb25nPlNFU1NJT04gTUlTTUFUQ0ghPC9zdHJvbmc+IFlvdSBsb2dnZWQgaW4gb24KICAgICAgICA8c3Ryb25nPjwlIFJlc3BvbnNlLldyaXRlKFNlc3Npb25bImxvZ2luSG9zdCJdKTsgJT48L3N0cm9uZz4gYnV0IGFyZSBub3cgb24KICAgICAgICA8c3Ryb25nPjwlIFJlc3BvbnNlLldyaXRlKEVudmlyb25tZW50Lk1hY2hpbmVOYW1lKTsgJT48L3N0cm9uZz4uCiAgICAgICAgWW91ciBvcmlnaW5hbCBpbnN0YW5jZSB3YXMgdGVybWluYXRlZCBkdXJpbmcgSW5zdGFuY2UgUmVmcmVzaCEKICAgICAgPC9kaXY+CiAgICA8JSB9IGVsc2UgeyAlPgogICAgICA8ZGl2IGNsYXNzPSJhbGVydCBhbGVydC1ibHVlIj4KICAgICAgICBTdGlsbCBvbiB0aGUgc2FtZSBob3N0LiBUcmlnZ2VyIGFuIEluc3RhbmNlIFJlZnJlc2ggdG8gc2VlIHNlc3Npb24gbG9zcy4KICAgICAgPC9kaXY+CiAgICA8JSB9ICU+CgogICAgPGRpdiBzdHlsZT0idGV4dC1hbGlnbjpjZW50ZXI7IG1hcmdpbi10b3A6MTZweDsiPgogICAgICA8Zm9ybSBtZXRob2Q9InBvc3QiPgogICAgICAgIDxpbnB1dCB0eXBlPSJoaWRkZW4iIG5hbWU9ImFjdGlvbiIgdmFsdWU9ImxvZ291dCIgLz4KICAgICAgICA8YnV0dG9uIHR5cGU9InN1Ym1pdCIgY2xhc3M9ImJ0biI+TG9nb3V0PC9idXR0b24+CiAgICAgIDwvZm9ybT4KICAgIDwvZGl2PgoKICAgIDxkaXYgY2xhc3M9ImZvb3RlciI+CiAgICAgIDxwPgogICAgICAgIDxzdHJvbmc+V2hhdCB0aGlzIGRlbW8gcHJvdmVzOjwvc3Ryb25nPjxici8+CiAgICAgICAgMS4gU3lzcHJlcCBnaXZlcyBlYWNoIEFTRyBpbnN0YW5jZSBhIHVuaXF1ZSBob3N0bmFtZTxici8+CiAgICAgICAgMi4gSW5Qcm9jIHNlc3Npb25zIGFyZSBsb3N0IHdoZW4gdGhlIGluc3RhbmNlIGlzIHRlcm1pbmF0ZWQ8YnIvPgogICAgICAgIDMuIFN0aWNreSBzZXNzaW9ucyBvbmx5IHdvcmsgd2hpbGUgdGhlIHNlcnZlciBpcyBhbGl2ZTxici8+CiAgICAgICAgNC4gU29sdXRpb246IFVzZSBSZWRpcy9EeW5hbW9EQiBmb3Igc2Vzc2lvbiBzdGF0ZSwgb3IgSldUIHRva2VucwogICAgICA8L3A+CiAgICAgIDxwIHN0eWxlPSJtYXJnaW4tdG9wOjhweDsiPgogICAgICAgIFNlc3Npb24gTW9kZTogPHNwYW4gY2xhc3M9ImJhZGdlIGJhZGdlLXllbGxvdyI+SW5Qcm9jIChTZXJ2ZXIgTWVtb3J5KTwvc3Bhbj4KICAgICAgPC9wPgogICAgPC9kaXY+CiAgPC9kaXY+CjwvYm9keT4KPC9odG1sPgoiQApTZXQtQ29udGVudCAtUGF0aCAiQzpcaW5ldHB1Ylx3d3dyb290XGRhc2hib2FyZC5hc3B4IiAtVmFsdWUgJGRhc2hib2FyZENvbnRlbnQgLUVuY29kaW5nIFVURjgKCiMgUmVtb3ZlIGRlZmF1bHQgSUlTIHBhZ2VzClJlbW92ZS1JdGVtIC1QYXRoICJDOlxpbmV0cHViXHd3d3Jvb3RcaWlzc3RhcnQuaHRtIiAtRXJyb3JBY3Rpb24gU2lsZW50bHlDb250aW51ZQpSZW1vdmUtSXRlbSAtUGF0aCAiQzpcaW5ldHB1Ylx3d3dyb290XGlpc3N0YXJ0LnBuZyIgLUVycm9yQWN0aW9uIFNpbGVudGx5Q29udGludWUKPC9wb3dlcnNoZWxsPgo=",
            "vpc_security_group_ids": [
              "sg-0ba007025fd6a5a08"
            ]
          },
          "sensitive_attributes": [],
          "identity_schema_version": 0,
          "identity": {
            "account_id": "762595429056",
            "id": "lt-034f4097217e10518",
            "region": "us-east-1"
          },
          "private": "eyJzY2hlbWFfdmVyc2lvbiI6IjEifQ==",
          "dependencies": [
            "aws_iam_instance_profile.ec2_ssm_ad",
            "aws_iam_role.ec2_ssm_ad",
            "aws_security_group.alb",
            "aws_security_group.windows_asg",
            "aws_vpc.main",
            "data.aws_ami.windows_2019",
            "data.aws_vpc.existing"
          ],
          "create_before_destroy": true
        }
      ]
    },
    {
      "mode": "managed",
      "type": "aws_lb",
      "name": "main",
      "provider": "provider[\"registry.terraform.io/hashicorp/aws\"]",
      "instances": [
        {
          "schema_version": 0,
          "attributes": {
            "access_logs": [
              {
                "bucket": "",
                "enabled": false,
                "prefix": ""
              }
            ],
            "arn": "arn:aws:elasticloadbalancing:us-east-1:762595429056:loadbalancer/app/learn-patch-asg-ad-alb/07496f5efc0c615f",
            "arn_suffix": "app/learn-patch-asg-ad-alb/07496f5efc0c615f",
            "client_keep_alive": 3600,
            "connection_logs": [
              {
                "bucket": "",
                "enabled": false,
                "prefix": ""
              }
            ],
            "customer_owned_ipv4_pool": "",
            "desync_mitigation_mode": "defensive",
            "dns_name": "learn-patch-asg-ad-alb-1496864610.us-east-1.elb.amazonaws.com",
            "dns_record_client_routing_policy": null,
            "drop_invalid_header_fields": false,
            "enable_cross_zone_load_balancing": true,
            "enable_deletion_protection": false,
            "enable_http2": true,
            "enable_prefix_for_ipv6_source_nat": "off",
            "enable_tls_version_and_cipher_suite_headers": false,
            "enable_waf_fail_open": false,
            "enable_xff_client_port": false,
            "enable_zonal_shift": false,
            "enforce_security_group_inbound_rules_on_private_link_traffic": "",
            "health_check_logs": [
              {
                "bucket": "",
                "enabled": false,
                "prefix": ""
              }
            ],
            "id": "arn:aws:elasticloadbalancing:us-east-1:762595429056:loadbalancer/app/learn-patch-asg-ad-alb/07496f5efc0c615f",
            "idle_timeout": 60,
            "internal": false,
            "ip_address_type": "ipv4",
            "ipam_pools": [],
            "load_balancer_type": "application",
            "minimum_load_balancer_capacity": [],
            "name": "learn-patch-asg-ad-alb",
            "name_prefix": "",
            "preserve_host_header": false,
            "region": "us-east-1",
            "secondary_ips_auto_assigned_per_subnet": null,
            "security_groups": [
              "sg-031f05f5d68d62a13"
            ],
            "subnet_mapping": [
              {
                "allocation_id": "",
                "ipv6_address": "",
                "outpost_id": "",
                "private_ipv4_address": "",
                "subnet_id": "subnet-0291de8ebdf8dba63"
              },
              {
                "allocation_id": "",
                "ipv6_address": "",
                "outpost_id": "",
                "private_ipv4_address": "",
                "subnet_id": "subnet-0fc77a13da537f452"
              }
            ],
            "subnets": [
              "subnet-0291de8ebdf8dba63",
              "subnet-0fc77a13da537f452"
            ],
            "tags": {
              "Name": "learn-patch-asg-ad-alb",
              "auto-delete": "no"
            },
            "tags_all": {
              "Name": "learn-patch-asg-ad-alb",
              "auto-delete": "no"
            },
            "timeouts": null,
            "vpc_id": "vpc-0cb7104be1e6fba2c",
            "xff_header_processing_mode": "append",
            "zone_id": "Z35SXDOTRQ7X7K"
          },
          "sensitive_attributes": [],
          "identity_schema_version": 0,
          "identity": {
            "arn": "arn:aws:elasticloadbalancing:us-east-1:762595429056:loadbalancer/app/learn-patch-asg-ad-alb/07496f5efc0c615f"
          },
          "private": "eyJlMmJmYjczMC1lY2FhLTExZTYtOGY4OC0zNDM2M2JjN2M0YzAiOnsiY3JlYXRlIjo2MDAwMDAwMDAwMDAsImRlbGV0ZSI6NjAwMDAwMDAwMDAwLCJ1cGRhdGUiOjYwMDAwMDAwMDAwMH19",
          "dependencies": [
            "aws_security_group.alb",
            "aws_subnet.public",
            "aws_vpc.main",
            "data.aws_vpc.existing"
          ]
        }
      ]
    },
    {
      "mode": "managed",
      "type": "aws_lb_listener",
      "name": "http",
      "provider": "provider[\"registry.terraform.io/hashicorp/aws\"]",
      "instances": [
        {
          "schema_version": 0,
          "attributes": {
            "alpn_policy": null,
            "arn": "arn:aws:elasticloadbalancing:us-east-1:762595429056:listener/app/learn-patch-asg-ad-alb/07496f5efc0c615f/f72f8c80390206d2",
            "certificate_arn": null,
            "default_action": [
              {
                "authenticate_cognito": [],
                "authenticate_oidc": [],
                "fixed_response": [],
                "forward": [],
                "jwt_validation": [],
                "order": 1,
                "redirect": [],
                "target_group_arn": "arn:aws:elasticloadbalancing:us-east-1:762595429056:targetgroup/learn-patch-asg-ad-tg/9adc25ff12bc747e",
                "type": "forward"
              }
            ],
            "id": "arn:aws:elasticloadbalancing:us-east-1:762595429056:listener/app/learn-patch-asg-ad-alb/07496f5efc0c615f/f72f8c80390206d2",
            "load_balancer_arn": "arn:aws:elasticloadbalancing:us-east-1:762595429056:loadbalancer/app/learn-patch-asg-ad-alb/07496f5efc0c615f",
            "mutual_authentication": [],
            "port": 80,
            "protocol": "HTTP",
            "region": "us-east-1",
            "routing_http_request_x_amzn_mtls_clientcert_header_name": null,
            "routing_http_request_x_amzn_mtls_clientcert_issuer_header_name": null,
            "routing_http_request_x_amzn_mtls_clientcert_leaf_header_name": null,
            "routing_http_request_x_amzn_mtls_clientcert_serial_number_header_name": null,
            "routing_http_request_x_amzn_mtls_clientcert_subject_header_name": null,
            "routing_http_request_x_amzn_mtls_clientcert_validity_header_name": null,
            "routing_http_request_x_amzn_tls_cipher_suite_header_name": null,
            "routing_http_request_x_amzn_tls_version_header_name": null,
            "routing_http_response_access_control_allow_credentials_header_value": "",
            "routing_http_response_access_control_allow_headers_header_value": "",
            "routing_http_response_access_control_allow_methods_header_value": "",
            "routing_http_response_access_control_allow_origin_header_value": "",
            "routing_http_response_access_control_expose_headers_header_value": "",
            "routing_http_response_access_control_max_age_header_value": "",
            "routing_http_response_content_security_policy_header_value": "",
            "routing_http_response_server_enabled": true,
            "routing_http_response_strict_transport_security_header_value": "",
            "routing_http_response_x_content_type_options_header_value": "",
            "routing_http_response_x_frame_options_header_value": "",
            "ssl_policy": "",
            "tags": {},
            "tags_all": {},
            "tcp_idle_timeout_seconds": null,
            "timeouts": null
          },
          "sensitive_attributes": [],
          "identity_schema_version": 0,
          "identity": {
            "arn": "arn:aws:elasticloadbalancing:us-east-1:762595429056:listener/app/learn-patch-asg-ad-alb/07496f5efc0c615f/f72f8c80390206d2"
          },
          "private": "eyJlMmJmYjczMC1lY2FhLTExZTYtOGY4OC0zNDM2M2JjN2M0YzAiOnsiY3JlYXRlIjozMDAwMDAwMDAwMDAsInVwZGF0ZSI6MzAwMDAwMDAwMDAwfX0=",
          "dependencies": [
            "aws_lb.main",
            "aws_lb_target_group.windows",
            "aws_security_group.alb",
            "aws_subnet.public",
            "aws_vpc.main",
            "data.aws_vpc.existing"
          ]
        }
      ]
    },
    {
      "mode": "managed",
      "type": "aws_lb_target_group",
      "name": "windows",
      "provider": "provider[\"registry.terraform.io/hashicorp/aws\"]",
      "instances": [
        {
          "schema_version": 0,
          "attributes": {
            "arn": "arn:aws:elasticloadbalancing:us-east-1:762595429056:targetgroup/learn-patch-asg-ad-tg/9adc25ff12bc747e",
            "arn_suffix": "targetgroup/learn-patch-asg-ad-tg/9adc25ff12bc747e",
            "connection_termination": null,
            "deregistration_delay": "300",
            "health_check": [
              {
                "enabled": true,
                "healthy_threshold": 3,
                "interval": 30,
                "matcher": "200-399",
                "path": "/login.aspx",
                "port": "traffic-port",
                "protocol": "HTTP",
                "timeout": 5,
                "unhealthy_threshold": 3
              }
            ],
            "id": "arn:aws:elasticloadbalancing:us-east-1:762595429056:targetgroup/learn-patch-asg-ad-tg/9adc25ff12bc747e",
            "ip_address_type": "ipv4",
            "lambda_multi_value_headers_enabled": false,
            "load_balancer_arns": [
              "arn:aws:elasticloadbalancing:us-east-1:762595429056:loadbalancer/app/learn-patch-asg-ad-alb/07496f5efc0c615f"
            ],
            "load_balancing_algorithm_type": "round_robin",
            "load_balancing_anomaly_mitigation": "off",
            "load_balancing_cross_zone_enabled": "use_load_balancer_configuration",
            "name": "learn-patch-asg-ad-tg",
            "name_prefix": "",
            "port": 80,
            "preserve_client_ip": null,
            "protocol": "HTTP",
            "protocol_version": "HTTP1",
            "proxy_protocol_v2": false,
            "region": "us-east-1",
            "slow_start": 0,
            "stickiness": [
              {
                "cookie_duration": 86400,
                "cookie_name": "",
                "enabled": false,
                "type": "lb_cookie"
              }
            ],
            "tags": {
              "Name": "learn-patch-asg-ad-tg"
            },
            "tags_all": {
              "Name": "learn-patch-asg-ad-tg"
            },
            "target_control_port": 0,
            "target_failover": [
              {
                "on_deregistration": null,
                "on_unhealthy": null
              }
            ],
            "target_group_health": [
              {
                "dns_failover": [
                  {
                    "minimum_healthy_targets_count": "1",
                    "minimum_healthy_targets_percentage": "off"
                  }
                ],
                "unhealthy_state_routing": [
                  {
                    "minimum_healthy_targets_count": 1,
                    "minimum_healthy_targets_percentage": "off"
                  }
                ]
              }
            ],
            "target_health_state": [
              {
                "enable_unhealthy_connection_termination": null,
                "unhealthy_draining_interval": null
              }
            ],
            "target_type": "instance",
            "vpc_id": "vpc-0cb7104be1e6fba2c"
          },
          "sensitive_attributes": [],
          "identity_schema_version": 0,
          "identity": {
            "arn": "arn:aws:elasticloadbalancing:us-east-1:762595429056:targetgroup/learn-patch-asg-ad-tg/9adc25ff12bc747e"
          },
          "private": "bnVsbA==",
          "dependencies": [
            "aws_vpc.main",
            "data.aws_vpc.existing"
          ]
        }
      ]
    },
    {
      "mode": "managed",
      "type": "aws_nat_gateway",
      "name": "nat",
      "provider": "provider[\"registry.terraform.io/hashicorp/aws\"]",
      "instances": [
        {
          "index_key": 0,
          "schema_version": 0,
          "attributes": {
            "allocation_id": "eipalloc-0ed88bb27def2d329",
            "association_id": "eipassoc-02a487291c480cdf4",
            "auto_provision_zones": null,
            "auto_scaling_ips": null,
            "availability_mode": "zonal",
            "availability_zone_address": [],
            "connectivity_type": "public",
            "id": "nat-052e666934023ad8b",
            "network_interface_id": "eni-0224d8efa4bc55633",
            "private_ip": "172.16.1.94",
            "public_ip": "52.204.172.47",
            "region": "us-east-1",
            "regional_nat_gateway_address": [],
            "regional_nat_gateway_auto_mode": null,
            "route_table_id": null,
            "secondary_allocation_ids": [],
            "secondary_private_ip_address_count": 0,
            "secondary_private_ip_addresses": [],
            "subnet_id": "subnet-0291de8ebdf8dba63",
            "tags": {
              "Name": "learn-patch-asg-ad-nat-gw",
              "auto-delete": "no"
            },
            "tags_all": {
              "Name": "learn-patch-asg-ad-nat-gw",
              "auto-delete": "no"
            },
            "timeouts": null,
            "vpc_id": "vpc-0cb7104be1e6fba2c"
          },
          "sensitive_attributes": [],
          "identity_schema_version": 0,
          "identity": {
            "account_id": "762595429056",
            "id": "nat-052e666934023ad8b",
            "region": "us-east-1"
          },
          "private": "eyJlMmJmYjczMC1lY2FhLTExZTYtOGY4OC0zNDM2M2JjN2M0YzAiOnsiY3JlYXRlIjo2MDAwMDAwMDAwMDAsImRlbGV0ZSI6MTgwMDAwMDAwMDAwMCwidXBkYXRlIjo2MDAwMDAwMDAwMDB9fQ==",
          "dependencies": [
            "aws_eip.nat",
            "aws_internet_gateway.igw",
            "aws_subnet.public",
            "aws_vpc.main",
            "data.aws_vpc.existing"
          ]
        }
      ]
    },
    {
      "mode": "managed",
      "type": "aws_route_table",
      "name": "private",
      "provider": "provider[\"registry.terraform.io/hashicorp/aws\"]",
      "instances": [
        {
          "index_key": 0,
          "schema_version": 0,
          "attributes": {
            "arn": "arn:aws:ec2:us-east-1:762595429056:route-table/rtb-00777ff3268b561c2",
            "id": "rtb-00777ff3268b561c2",
            "owner_id": "762595429056",
            "propagating_vgws": [],
            "region": "us-east-1",
            "route": [
              {
                "carrier_gateway_id": "",
                "cidr_block": "0.0.0.0/0",
                "core_network_arn": "",
                "destination_prefix_list_id": "",
                "egress_only_gateway_id": "",
                "gateway_id": "",
                "ipv6_cidr_block": "",
                "local_gateway_id": "",
                "nat_gateway_id": "nat-052e666934023ad8b",
                "network_interface_id": "",
                "odb_network_arn": "",
                "transit_gateway_id": "",
                "vpc_endpoint_id": "",
                "vpc_peering_connection_id": ""
              }
            ],
            "tags": {
              "Name": "learn-patch-asg-ad-private-rt"
            },
            "tags_all": {
              "Name": "learn-patch-asg-ad-private-rt"
            },
            "timeouts": null,
            "vpc_id": "vpc-0cb7104be1e6fba2c"
          },
          "sensitive_attributes": [],
          "identity_schema_version": 0,
          "identity": {
            "account_id": "762595429056",
            "id": "rtb-00777ff3268b561c2",
            "region": "us-east-1"
          },
          "private": "eyJlMmJmYjczMC1lY2FhLTExZTYtOGY4OC0zNDM2M2JjN2M0YzAiOnsiY3JlYXRlIjozMDAwMDAwMDAwMDAsImRlbGV0ZSI6MzAwMDAwMDAwMDAwLCJ1cGRhdGUiOjEyMDAwMDAwMDAwMH19",
          "dependencies": [
            "aws_eip.nat",
            "aws_internet_gateway.igw",
            "aws_nat_gateway.nat",
            "aws_subnet.public",
            "aws_vpc.main",
            "data.aws_vpc.existing"
          ]
        }
      ]
    },
    {
      "mode": "managed",
      "type": "aws_route_table",
      "name": "public",
      "provider": "provider[\"registry.terraform.io/hashicorp/aws\"]",
      "instances": [
        {
          "index_key": 0,
          "schema_version": 0,
          "attributes": {
            "arn": "arn:aws:ec2:us-east-1:762595429056:route-table/rtb-03759407661819437",
            "id": "rtb-03759407661819437",
            "owner_id": "762595429056",
            "propagating_vgws": [],
            "region": "us-east-1",
            "route": [
              {
                "carrier_gateway_id": "",
                "cidr_block": "0.0.0.0/0",
                "core_network_arn": "",
                "destination_prefix_list_id": "",
                "egress_only_gateway_id": "",
                "gateway_id": "igw-055cf82b1dcdc0b66",
                "ipv6_cidr_block": "",
                "local_gateway_id": "",
                "nat_gateway_id": "",
                "network_interface_id": "",
                "odb_network_arn": "",
                "transit_gateway_id": "",
                "vpc_endpoint_id": "",
                "vpc_peering_connection_id": ""
              }
            ],
            "tags": {
              "Name": "learn-patch-asg-ad-public-rt"
            },
            "tags_all": {
              "Name": "learn-patch-asg-ad-public-rt"
            },
            "timeouts": null,
            "vpc_id": "vpc-0cb7104be1e6fba2c"
          },
          "sensitive_attributes": [],
          "identity_schema_version": 0,
          "identity": {
            "account_id": "762595429056",
            "id": "rtb-03759407661819437",
            "region": "us-east-1"
          },
          "private": "eyJlMmJmYjczMC1lY2FhLTExZTYtOGY4OC0zNDM2M2JjN2M0YzAiOnsiY3JlYXRlIjozMDAwMDAwMDAwMDAsImRlbGV0ZSI6MzAwMDAwMDAwMDAwLCJ1cGRhdGUiOjEyMDAwMDAwMDAwMH19",
          "dependencies": [
            "aws_internet_gateway.igw",
            "aws_vpc.main",
            "data.aws_vpc.existing"
          ]
        }
      ]
    },
    {
      "mode": "managed",
      "type": "aws_route_table_association",
      "name": "private",
      "provider": "provider[\"registry.terraform.io/hashicorp/aws\"]",
      "instances": [
        {
          "index_key": 0,
          "schema_version": 0,
          "attributes": {
            "gateway_id": "",
            "id": "rtbassoc-0a7c78c4991694d99",
            "region": "us-east-1",
            "route_table_id": "rtb-00777ff3268b561c2",
            "subnet_id": "subnet-03816795658c36d37",
            "timeouts": null
          },
          "sensitive_attributes": [],
          "identity_schema_version": 0,
          "identity": {
            "account_id": "762595429056",
            "id": "rtbassoc-0a7c78c4991694d99",
            "region": "us-east-1"
          },
          "private": "eyJlMmJmYjczMC1lY2FhLTExZTYtOGY4OC0zNDM2M2JjN2M0YzAiOnsiY3JlYXRlIjozMDAwMDAwMDAwMDAsImRlbGV0ZSI6MzAwMDAwMDAwMDAwLCJ1cGRhdGUiOjEyMDAwMDAwMDAwMH19",
          "dependencies": [
            "aws_eip.nat",
            "aws_internet_gateway.igw",
            "aws_nat_gateway.nat",
            "aws_route_table.private",
            "aws_subnet.private",
            "aws_subnet.public",
            "aws_vpc.main",
            "data.aws_vpc.existing"
          ]
        },
        {
          "index_key": 1,
          "schema_version": 0,
          "attributes": {
            "gateway_id": "",
            "id": "rtbassoc-0e443a4b2495df453",
            "region": "us-east-1",
            "route_table_id": "rtb-00777ff3268b561c2",
            "subnet_id": "subnet-02df3bbce9e7f8eca",
            "timeouts": null
          },
          "sensitive_attributes": [],
          "identity_schema_version": 0,
          "identity": {
            "account_id": "762595429056",
            "id": "rtbassoc-0e443a4b2495df453",
            "region": "us-east-1"
          },
          "private": "eyJlMmJmYjczMC1lY2FhLTExZTYtOGY4OC0zNDM2M2JjN2M0YzAiOnsiY3JlYXRlIjozMDAwMDAwMDAwMDAsImRlbGV0ZSI6MzAwMDAwMDAwMDAwLCJ1cGRhdGUiOjEyMDAwMDAwMDAwMH19",
          "dependencies": [
            "aws_eip.nat",
            "aws_internet_gateway.igw",
            "aws_nat_gateway.nat",
            "aws_route_table.private",
            "aws_subnet.private",
            "aws_subnet.public",
            "aws_vpc.main",
            "data.aws_vpc.existing"
          ]
        }
      ]
    },
    {
      "mode": "managed",
      "type": "aws_route_table_association",
      "name": "public",
      "provider": "provider[\"registry.terraform.io/hashicorp/aws\"]",
      "instances": [
        {
          "index_key": 0,
          "schema_version": 0,
          "attributes": {
            "gateway_id": "",
            "id": "rtbassoc-008e4ed41f95e95b7",
            "region": "us-east-1",
            "route_table_id": "rtb-03759407661819437",
            "subnet_id": "subnet-0291de8ebdf8dba63",
            "timeouts": null
          },
          "sensitive_attributes": [],
          "identity_schema_version": 0,
          "identity": {
            "account_id": "762595429056",
            "id": "rtbassoc-008e4ed41f95e95b7",
            "region": "us-east-1"
          },
          "private": "eyJlMmJmYjczMC1lY2FhLTExZTYtOGY4OC0zNDM2M2JjN2M0YzAiOnsiY3JlYXRlIjozMDAwMDAwMDAwMDAsImRlbGV0ZSI6MzAwMDAwMDAwMDAwLCJ1cGRhdGUiOjEyMDAwMDAwMDAwMH19",
          "dependencies": [
            "aws_internet_gateway.igw",
            "aws_route_table.public",
            "aws_subnet.public",
            "aws_vpc.main",
            "data.aws_vpc.existing"
          ]
        },
        {
          "index_key": 1,
          "schema_version": 0,
          "attributes": {
            "gateway_id": "",
            "id": "rtbassoc-0d59f07520089ef6b",
            "region": "us-east-1",
            "route_table_id": "rtb-03759407661819437",
            "subnet_id": "subnet-0fc77a13da537f452",
            "timeouts": null
          },
          "sensitive_attributes": [],
          "identity_schema_version": 0,
          "identity": {
            "account_id": "762595429056",
            "id": "rtbassoc-0d59f07520089ef6b",
            "region": "us-east-1"
          },
          "private": "eyJlMmJmYjczMC1lY2FhLTExZTYtOGY4OC0zNDM2M2JjN2M0YzAiOnsiY3JlYXRlIjozMDAwMDAwMDAwMDAsImRlbGV0ZSI6MzAwMDAwMDAwMDAwLCJ1cGRhdGUiOjEyMDAwMDAwMDAwMH19",
          "dependencies": [
            "aws_internet_gateway.igw",
            "aws_route_table.public",
            "aws_subnet.public",
            "aws_vpc.main",
            "data.aws_vpc.existing"
          ]
        }
      ]
    },
    {
      "mode": "managed",
      "type": "aws_security_group",
      "name": "alb",
      "provider": "provider[\"registry.terraform.io/hashicorp/aws\"]",
      "instances": [
        {
          "schema_version": 1,
          "attributes": {
            "arn": "arn:aws:ec2:us-east-1:762595429056:security-group/sg-031f05f5d68d62a13",
            "description": "ALB security group - allows HTTP/HTTPS from VPC CIDR",
            "egress": [
              {
                "cidr_blocks": [
                  "0.0.0.0/0"
                ],
                "description": "All outbound",
                "from_port": 0,
                "ipv6_cidr_blocks": [],
                "prefix_list_ids": [],
                "protocol": "-1",
                "security_groups": [],
                "self": false,
                "to_port": 0
              }
            ],
            "id": "sg-031f05f5d68d62a13",
            "ingress": [
              {
                "cidr_blocks": [
                  "172.16.0.0/16"
                ],
                "description": "HTTP from VPC",
                "from_port": 80,
                "ipv6_cidr_blocks": [],
                "prefix_list_ids": [],
                "protocol": "tcp",
                "security_groups": [],
                "self": false,
                "to_port": 80
              },
              {
                "cidr_blocks": [
                  "172.16.0.0/16"
                ],
                "description": "HTTPS from VPC",
                "from_port": 443,
                "ipv6_cidr_blocks": [],
                "prefix_list_ids": [],
                "protocol": "tcp",
                "security_groups": [],
                "self": false,
                "to_port": 443
              }
            ],
            "name": "learn-patch-asg-ad-alb-sg",
            "name_prefix": "",
            "owner_id": "762595429056",
            "region": "us-east-1",
            "revoke_rules_on_delete": false,
            "tags": {
              "Name": "learn-patch-asg-ad-alb-sg"
            },
            "tags_all": {
              "Name": "learn-patch-asg-ad-alb-sg"
            },
            "timeouts": null,
            "vpc_id": "vpc-0cb7104be1e6fba2c"
          },
          "sensitive_attributes": [],
          "identity_schema_version": 0,
          "identity": {
            "account_id": "762595429056",
            "id": "sg-031f05f5d68d62a13",
            "region": "us-east-1"
          },
          "private": "eyJlMmJmYjczMC1lY2FhLTExZTYtOGY4OC0zNDM2M2JjN2M0YzAiOnsiY3JlYXRlIjo2MDAwMDAwMDAwMDAsImRlbGV0ZSI6OTAwMDAwMDAwMDAwfSwic2NoZW1hX3ZlcnNpb24iOiIxIn0=",
          "dependencies": [
            "aws_vpc.main",
            "data.aws_vpc.existing"
          ],
          "create_before_destroy": true
        }
      ]
    },
    {
      "mode": "managed",
      "type": "aws_security_group",
      "name": "linux_ubuntu",
      "provider": "provider[\"registry.terraform.io/hashicorp/aws\"]",
      "instances": [
        {
          "schema_version": 1,
          "attributes": {
            "arn": "arn:aws:ec2:us-east-1:762595429056:security-group/sg-03baa3d57f6c0349d",
            "description": "Linux Ubuntu standalone instance: SSM patching",
            "egress": [
              {
                "cidr_blocks": [
                  "0.0.0.0/0"
                ],
                "description": "",
                "from_port": 0,
                "ipv6_cidr_blocks": [],
                "prefix_list_ids": [],
                "protocol": "-1",
                "security_groups": [],
                "self": false,
                "to_port": 0
              }
            ],
            "id": "sg-03baa3d57f6c0349d",
            "ingress": [
              {
                "cidr_blocks": [
                  "172.16.0.0/16"
                ],
                "description": "SSH from VPC",
                "from_port": 22,
                "ipv6_cidr_blocks": [],
                "prefix_list_ids": [],
                "protocol": "tcp",
                "security_groups": [],
                "self": false,
                "to_port": 22
              },
              {
                "cidr_blocks": [],
                "description": "HTTP from ALB",
                "from_port": 80,
                "ipv6_cidr_blocks": [],
                "prefix_list_ids": [],
                "protocol": "tcp",
                "security_groups": [
                  "sg-031f05f5d68d62a13"
                ],
                "self": false,
                "to_port": 80
              }
            ],
            "name": "learn-patch-asg-ad-linux-ubuntu-sg",
            "name_prefix": "",
            "owner_id": "762595429056",
            "region": "us-east-1",
            "revoke_rules_on_delete": false,
            "tags": {
              "Name": "learn-patch-asg-ad-linux-ubuntu-sg"
            },
            "tags_all": {
              "Name": "learn-patch-asg-ad-linux-ubuntu-sg"
            },
            "timeouts": null,
            "vpc_id": "vpc-0cb7104be1e6fba2c"
          },
          "sensitive_attributes": [],
          "identity_schema_version": 0,
          "identity": {
            "account_id": "762595429056",
            "id": "sg-03baa3d57f6c0349d",
            "region": "us-east-1"
          },
          "private": "eyJlMmJmYjczMC1lY2FhLTExZTYtOGY4OC0zNDM2M2JjN2M0YzAiOnsiY3JlYXRlIjo2MDAwMDAwMDAwMDAsImRlbGV0ZSI6OTAwMDAwMDAwMDAwfSwic2NoZW1hX3ZlcnNpb24iOiIxIn0=",
          "dependencies": [
            "aws_security_group.alb",
            "aws_vpc.main",
            "data.aws_vpc.existing"
          ]
        }
      ]
    },
    {
      "mode": "managed",
      "type": "aws_security_group",
      "name": "windows_asg",
      "provider": "provider[\"registry.terraform.io/hashicorp/aws\"]",
      "instances": [
        {
          "schema_version": 1,
          "attributes": {
            "arn": "arn:aws:ec2:us-east-1:762595429056:security-group/sg-0ba007025fd6a5a08",
            "description": "Windows ASG instances: AD-joined, SSM patching",
            "egress": [
              {
                "cidr_blocks": [
                  "0.0.0.0/0"
                ],
                "description": "",
                "from_port": 0,
                "ipv6_cidr_blocks": [],
                "prefix_list_ids": [],
                "protocol": "-1",
                "security_groups": [],
                "self": false,
                "to_port": 0
              }
            ],
            "id": "sg-0ba007025fd6a5a08",
            "ingress": [
              {
                "cidr_blocks": [
                  "172.16.0.0/16"
                ],
                "description": "DNS TCP",
                "from_port": 53,
                "ipv6_cidr_blocks": [],
                "prefix_list_ids": [],
                "protocol": "tcp",
                "security_groups": [],
                "self": false,
                "to_port": 53
              },
              {
                "cidr_blocks": [
                  "172.16.0.0/16"
                ],
                "description": "DNS UDP",
                "from_port": 53,
                "ipv6_cidr_blocks": [],
                "prefix_list_ids": [],
                "protocol": "udp",
                "security_groups": [],
                "self": false,
                "to_port": 53
              },
              {
                "cidr_blocks": [
                  "172.16.0.0/16"
                ],
                "description": "Kerberos",
                "from_port": 88,
                "ipv6_cidr_blocks": [],
                "prefix_list_ids": [],
                "protocol": "tcp",
                "security_groups": [],
                "self": false,
                "to_port": 88
              },
              {
                "cidr_blocks": [
                  "172.16.0.0/16"
                ],
                "description": "LDAP",
                "from_port": 389,
                "ipv6_cidr_blocks": [],
                "prefix_list_ids": [],
                "protocol": "tcp",
                "security_groups": [],
                "self": false,
                "to_port": 389
              },
              {
                "cidr_blocks": [
                  "172.16.0.0/16"
                ],
                "description": "LDAPS",
                "from_port": 636,
                "ipv6_cidr_blocks": [],
                "prefix_list_ids": [],
                "protocol": "tcp",
                "security_groups": [],
                "self": false,
                "to_port": 636
              },
              {
                "cidr_blocks": [
                  "172.16.0.0/16"
                ],
                "description": "RDP from VPC",
                "from_port": 3389,
                "ipv6_cidr_blocks": [],
                "prefix_list_ids": [],
                "protocol": "tcp",
                "security_groups": [],
                "self": false,
                "to_port": 3389
              },
              {
                "cidr_blocks": [
                  "172.16.0.0/16"
                ],
                "description": "SMB",
                "from_port": 445,
                "ipv6_cidr_blocks": [],
                "prefix_list_ids": [],
                "protocol": "tcp",
                "security_groups": [],
                "self": false,
                "to_port": 445
              },
              {
                "cidr_blocks": [
                  "172.16.0.0/16"
                ],
                "description": "WinRM",
                "from_port": 5985,
                "ipv6_cidr_blocks": [],
                "prefix_list_ids": [],
                "protocol": "tcp",
                "security_groups": [],
                "self": false,
                "to_port": 5986
              },
              {
                "cidr_blocks": [],
                "description": "HTTP from ALB",
                "from_port": 80,
                "ipv6_cidr_blocks": [],
                "prefix_list_ids": [],
                "protocol": "tcp",
                "security_groups": [
                  "sg-031f05f5d68d62a13"
                ],
                "self": false,
                "to_port": 80
              }
            ],
            "name": "learn-patch-asg-ad-windows-asg-sg",
            "name_prefix": "",
            "owner_id": "762595429056",
            "region": "us-east-1",
            "revoke_rules_on_delete": false,
            "tags": {
              "Name": "learn-patch-asg-ad-windows-asg-sg"
            },
            "tags_all": {
              "Name": "learn-patch-asg-ad-windows-asg-sg"
            },
            "timeouts": null,
            "vpc_id": "vpc-0cb7104be1e6fba2c"
          },
          "sensitive_attributes": [],
          "identity_schema_version": 0,
          "identity": {
            "account_id": "762595429056",
            "id": "sg-0ba007025fd6a5a08",
            "region": "us-east-1"
          },
          "private": "eyJlMmJmYjczMC1lY2FhLTExZTYtOGY4OC0zNDM2M2JjN2M0YzAiOnsiY3JlYXRlIjo2MDAwMDAwMDAwMDAsImRlbGV0ZSI6OTAwMDAwMDAwMDAwfSwic2NoZW1hX3ZlcnNpb24iOiIxIn0=",
          "dependencies": [
            "aws_security_group.alb",
            "aws_vpc.main",
            "data.aws_vpc.existing"
          ],
          "create_before_destroy": true
        }
      ]
    },
    {
      "mode": "managed",
      "type": "aws_ssm_association",
      "name": "ad_join",
      "provider": "provider[\"registry.terraform.io/hashicorp/aws\"]",
      "instances": [
        {
          "schema_version": 1,
          "attributes": {
            "apply_only_at_cron_interval": false,
            "arn": "arn:aws:ssm:us-east-1:762595429056:association/b8d65ade-5de7-4c58-a2e4-1c400a54d7de",
            "association_id": "b8d65ade-5de7-4c58-a2e4-1c400a54d7de",
            "association_name": "",
            "automation_target_parameter_name": "",
            "calendar_names": [],
            "compliance_severity": "",
            "document_version": "$DEFAULT",
            "id": "b8d65ade-5de7-4c58-a2e4-1c400a54d7de",
            "max_concurrency": "",
            "max_errors": "",
            "name": "learn-patch-asg-ad-ad-domain-join",
            "output_location": [],
            "parameters": {},
            "region": "us-east-1",
            "schedule_expression": "",
            "sync_compliance": "",
            "tags": {},
            "tags_all": {},
            "targets": [
              {
                "key": "tag:ADJoin",
                "values": [
                  "true"
                ]
              }
            ],
            "wait_for_success_timeout_seconds": null
          },
          "sensitive_attributes": [],
          "identity_schema_version": 0,
          "identity": {
            "account_id": "762595429056",
            "association_id": "b8d65ade-5de7-4c58-a2e4-1c400a54d7de",
            "region": "us-east-1"
          },
          "private": "eyJzY2hlbWFfdmVyc2lvbiI6IjEifQ==",
          "dependencies": [
            "aws_directory_service_directory.managed_ad",
            "aws_ssm_document.ad_join",
            "aws_subnet.private",
            "aws_vpc.main",
            "data.aws_vpc.existing"
          ]
        }
      ]
    },
    {
      "mode": "managed",
      "type": "aws_ssm_document",
      "name": "ad_join",
      "provider": "provider[\"registry.terraform.io/hashicorp/aws\"]",
      "instances": [
        {
          "schema_version": 0,
          "attributes": {
            "arn": "arn:aws:ssm:us-east-1:762595429056:document/learn-patch-asg-ad-ad-domain-join",
            "attachments_source": [],
            "content": "{\"description\":\"Join Windows instance to AWS Managed AD\",\"mainSteps\":[{\"action\":\"aws:domainJoin\",\"inputs\":{\"directoryId\":\"d-90667340ff\",\"directoryName\":\"corp.learn-patch.local\",\"dnsIpAddresses\":[\"172.16.2.126\",\"172.16.4.225\"]},\"name\":\"domainJoin\"}],\"schemaVersion\":\"2.2\"}",
            "created_date": "2026-06-14T10:59:08Z",
            "default_version": "2",
            "description": "Join Windows instance to AWS Managed AD",
            "document_format": "JSON",
            "document_type": "Command",
            "document_version": "2",
            "hash": "8884fc695bfd474b989387d3a2121b24e3fade635866900ca887419c56c26776",
            "hash_type": "Sha256",
            "id": "learn-patch-asg-ad-ad-domain-join",
            "latest_version": "2",
            "name": "learn-patch-asg-ad-ad-domain-join",
            "owner": "762595429056",
            "parameter": [],
            "permissions": {},
            "platform_types": [
              "Windows",
              "Linux"
            ],
            "region": "us-east-1",
            "schema_version": "2.2",
            "status": "Active",
            "tags": {
              "Name": "learn-patch-asg-ad-ad-join-doc"
            },
            "tags_all": {
              "Name": "learn-patch-asg-ad-ad-join-doc"
            },
            "target_type": "",
            "version_name": ""
          },
          "sensitive_attributes": [],
          "identity_schema_version": 0,
          "identity": {
            "account_id": "762595429056",
            "name": "learn-patch-asg-ad-ad-domain-join",
            "region": "us-east-1"
          },
          "private": "bnVsbA==",
          "dependencies": [
            "aws_directory_service_directory.managed_ad",
            "aws_subnet.private",
            "aws_vpc.main",
            "data.aws_vpc.existing"
          ]
        }
      ]
    },
    {
      "mode": "managed",
      "type": "aws_ssm_maintenance_window",
      "name": "patch",
      "provider": "provider[\"registry.terraform.io/hashicorp/aws\"]",
      "instances": [
        {
          "schema_version": 0,
          "attributes": {
            "allow_unassociated_targets": false,
            "cutoff": 1,
            "description": "",
            "duration": 3,
            "enabled": true,
            "end_date": "",
            "id": "mw-01e620e7fb695a8d7",
            "name": "learn-patch-asg-ad-patch-window",
            "region": "us-east-1",
            "schedule": "cron(0 2 ? * SUN *)",
            "schedule_offset": 0,
            "schedule_timezone": "",
            "start_date": "",
            "tags": {
              "Name": "learn-patch-asg-ad-patch-window"
            },
            "tags_all": {
              "Name": "learn-patch-asg-ad-patch-window"
            }
          },
          "sensitive_attributes": [],
          "identity_schema_version": 0,
          "identity": {
            "account_id": "762595429056",
            "id": "mw-01e620e7fb695a8d7",
            "region": "us-east-1"
          },
          "private": "bnVsbA=="
        }
      ]
    },
    {
      "mode": "managed",
      "type": "aws_ssm_maintenance_window_target",
      "name": "patch",
      "provider": "provider[\"registry.terraform.io/hashicorp/aws\"]",
      "instances": [
        {
          "schema_version": 0,
          "attributes": {
            "description": "",
            "id": "877db737-2143-4d76-a7e0-a54b0e0568ad",
            "name": "learn-patch-asg-ad-patch-targets",
            "owner_information": "",
            "region": "us-east-1",
            "resource_type": "INSTANCE",
            "targets": [
              {
                "key": "tag:PatchGroup",
                "values": [
                  "Windows-Production"
                ]
              }
            ],
            "window_id": "mw-01e620e7fb695a8d7"
          },
          "sensitive_attributes": [],
          "identity_schema_version": 0,
          "identity": {
            "account_id": "762595429056",
            "id": "877db737-2143-4d76-a7e0-a54b0e0568ad",
            "region": "us-east-1",
            "window_id": "mw-01e620e7fb695a8d7"
          },
          "private": "bnVsbA==",
          "dependencies": [
            "aws_ssm_maintenance_window.patch"
          ]
        }
      ]
    },
    {
      "mode": "managed",
      "type": "aws_ssm_maintenance_window_target",
      "name": "patch_linux",
      "provider": "provider[\"registry.terraform.io/hashicorp/aws\"]",
      "instances": [
        {
          "schema_version": 0,
          "attributes": {
            "description": "",
            "id": "513c89fb-9a52-4b7d-be39-15cfa4c0f43a",
            "name": "learn-patch-asg-ad-patch-targets-linux",
            "owner_information": "",
            "region": "us-east-1",
            "resource_type": "INSTANCE",
            "targets": [
              {
                "key": "tag:PatchGroup",
                "values": [
                  "Linux-Production"
                ]
              }
            ],
            "window_id": "mw-01e620e7fb695a8d7"
          },
          "sensitive_attributes": [],
          "identity_schema_version": 0,
          "identity": {
            "account_id": "762595429056",
            "id": "513c89fb-9a52-4b7d-be39-15cfa4c0f43a",
            "region": "us-east-1",
            "window_id": "mw-01e620e7fb695a8d7"
          },
          "private": "bnVsbA==",
          "dependencies": [
            "aws_ssm_maintenance_window.patch"
          ]
        }
      ]
    },
    {
      "mode": "managed",
      "type": "aws_ssm_maintenance_window_task",
      "name": "patch",
      "provider": "provider[\"registry.terraform.io/hashicorp/aws\"]",
      "instances": [
        {
          "schema_version": 0,
          "attributes": {
            "arn": "arn:aws:ssm:us-east-1:762595429056:windowtask/7930468e-adf9-43df-892b-dffe7fe8ad64",
            "cutoff_behavior": "",
            "description": "",
            "id": "7930468e-adf9-43df-892b-dffe7fe8ad64",
            "max_concurrency": "50%",
            "max_errors": "25%",
            "name": "learn-patch-asg-ad-run-patch-baseline",
            "priority": 1,
            "region": "us-east-1",
            "service_role_arn": "arn:aws:iam::762595429056:role/aws-service-role/ssm.amazonaws.com/AWSServiceRoleForAmazonSSM",
            "targets": [
              {
                "key": "WindowTargetIds",
                "values": [
                  "877db737-2143-4d76-a7e0-a54b0e0568ad"
                ]
              }
            ],
            "task_arn": "AWS-RunPatchBaseline",
            "task_invocation_parameters": [
              {
                "automation_parameters": [],
                "lambda_parameters": [],
                "run_command_parameters": [
                  {
                    "cloudwatch_config": [],
                    "comment": "",
                    "document_hash": "",
                    "document_hash_type": "",
                    "document_version": "",
                    "notification_config": [],
                    "output_s3_bucket": "",
                    "output_s3_key_prefix": "",
                    "parameter": [
                      {
                        "name": "Operation",
                        "values": [
                          "Install"
                        ]
                      },
                      {
                        "name": "RebootOption",
                        "values": [
                          "RebootIfNeeded"
                        ]
                      }
                    ],
                    "service_role_arn": "",
                    "timeout_seconds": 3600
                  }
                ],
                "step_functions_parameters": []
              }
            ],
            "task_type": "RUN_COMMAND",
            "window_id": "mw-01e620e7fb695a8d7",
            "window_task_id": "7930468e-adf9-43df-892b-dffe7fe8ad64"
          },
          "sensitive_attributes": [],
          "identity_schema_version": 0,
          "identity": {
            "account_id": "762595429056",
            "id": "7930468e-adf9-43df-892b-dffe7fe8ad64",
            "region": "us-east-1",
            "window_id": "mw-01e620e7fb695a8d7"
          },
          "private": "bnVsbA==",
          "dependencies": [
            "aws_ssm_maintenance_window.patch",
            "aws_ssm_maintenance_window_target.patch"
          ]
        }
      ]
    },
    {
      "mode": "managed",
      "type": "aws_ssm_maintenance_window_task",
      "name": "patch_linux",
      "provider": "provider[\"registry.terraform.io/hashicorp/aws\"]",
      "instances": [
        {
          "schema_version": 0,
          "attributes": {
            "arn": "arn:aws:ssm:us-east-1:762595429056:windowtask/d3acd4a1-0b68-4d5b-ae4e-5187867fa9d3",
            "cutoff_behavior": "",
            "description": "",
            "id": "d3acd4a1-0b68-4d5b-ae4e-5187867fa9d3",
            "max_concurrency": "50%",
            "max_errors": "25%",
            "name": "learn-patch-asg-ad-run-patch-baseline-linux",
            "priority": 2,
            "region": "us-east-1",
            "service_role_arn": "arn:aws:iam::762595429056:role/aws-service-role/ssm.amazonaws.com/AWSServiceRoleForAmazonSSM",
            "targets": [
              {
                "key": "WindowTargetIds",
                "values": [
                  "513c89fb-9a52-4b7d-be39-15cfa4c0f43a"
                ]
              }
            ],
            "task_arn": "AWS-RunPatchBaseline",
            "task_invocation_parameters": [
              {
                "automation_parameters": [],
                "lambda_parameters": [],
                "run_command_parameters": [
                  {
                    "cloudwatch_config": [],
                    "comment": "",
                    "document_hash": "",
                    "document_hash_type": "",
                    "document_version": "",
                    "notification_config": [],
                    "output_s3_bucket": "",
                    "output_s3_key_prefix": "",
                    "parameter": [
                      {
                        "name": "Operation",
                        "values": [
                          "Install"
                        ]
                      },
                      {
                        "name": "RebootOption",
                        "values": [
                          "RebootIfNeeded"
                        ]
                      }
                    ],
                    "service_role_arn": "",
                    "timeout_seconds": 3600
                  }
                ],
                "step_functions_parameters": []
              }
            ],
            "task_type": "RUN_COMMAND",
            "window_id": "mw-01e620e7fb695a8d7",
            "window_task_id": "d3acd4a1-0b68-4d5b-ae4e-5187867fa9d3"
          },
          "sensitive_attributes": [],
          "identity_schema_version": 0,
          "identity": {
            "account_id": "762595429056",
            "id": "d3acd4a1-0b68-4d5b-ae4e-5187867fa9d3",
            "region": "us-east-1",
            "window_id": "mw-01e620e7fb695a8d7"
          },
          "private": "bnVsbA==",
          "dependencies": [
            "aws_ssm_maintenance_window.patch",
            "aws_ssm_maintenance_window_target.patch_linux"
          ]
        }
      ]
    },
    {
      "mode": "managed",
      "type": "aws_ssm_patch_baseline",
      "name": "ubuntu",
      "provider": "provider[\"registry.terraform.io/hashicorp/aws\"]",
      "instances": [
        {
          "schema_version": 0,
          "attributes": {
            "approval_rule": [
              {
                "approve_after_days": 0,
                "approve_until_date": "",
                "compliance_level": "CRITICAL",
                "enable_non_security": false,
                "patch_filter": [
                  {
                    "key": "PRIORITY",
                    "values": [
                      "Required",
                      "Important"
                    ]
                  }
                ]
              },
              {
                "approve_after_days": 0,
                "approve_until_date": "",
                "compliance_level": "HIGH",
                "enable_non_security": false,
                "patch_filter": [
                  {
                    "key": "PRIORITY",
                    "values": [
                      "Standard",
                      "Optional"
                    ]
                  }
                ]
              }
            ],
            "approved_patches": [],
            "approved_patches_compliance_level": "UNSPECIFIED",
            "approved_patches_enable_non_security": false,
            "arn": "arn:aws:ssm:us-east-1:762595429056:patchbaseline/pb-0c2d89facf7505758",
            "available_security_updates_compliance_status": "",
            "description": "",
            "global_filter": [],
            "id": "pb-0c2d89facf7505758",
            "json": "{\"ApprovalRules\":{\"PatchRules\":[{\"PatchFilterGroup\":{\"PatchFilters\":[{\"Key\":\"PRIORITY\",\"Values\":[\"Required\",\"Important\"]}]},\"ApproveAfterDays\":0,\"ComplianceLevel\":\"CRITICAL\",\"EnableNonSecurity\":false},{\"PatchFilterGroup\":{\"PatchFilters\":[{\"Key\":\"PRIORITY\",\"Values\":[\"Standard\",\"Optional\"]}]},\"ApproveAfterDays\":0,\"ComplianceLevel\":\"HIGH\",\"EnableNonSecurity\":false}]},\"ApprovedPatchesComplianceLevel\":\"UNSPECIFIED\",\"ApprovedPatchesEnableNonSecurity\":false,\"AvailableSecurityUpdatesComplianceStatus\":\"\",\"BaselineId\":\"pb-0c2d89facf7505758\",\"CreatedDate\":\"2026-06-13T02:22:35.682Z\",\"ModifiedDate\":\"2026-06-14T12:59:23.402Z\",\"Name\":\"learn-patch-asg-ad-ubuntu-baseline\",\"OperatingSystem\":\"UBUNTU\",\"PatchGroups\":[\"Linux-Production\"],\"RejectedPatchesAction\":\"ALLOW_AS_DEPENDENCY\"}",
            "name": "learn-patch-asg-ad-ubuntu-baseline",
            "operating_system": "UBUNTU",
            "region": "us-east-1",
            "rejected_patches": [],
            "rejected_patches_action": "ALLOW_AS_DEPENDENCY",
            "source": [],
            "tags": {
              "Name": "learn-patch-asg-ad-ubuntu-patch-baseline"
            },
            "tags_all": {
              "Name": "learn-patch-asg-ad-ubuntu-patch-baseline"
            }
          },
          "sensitive_attributes": [],
          "identity_schema_version": 0,
          "identity": {
            "account_id": "762595429056",
            "id": "pb-0c2d89facf7505758",
            "region": "us-east-1"
          },
          "private": "bnVsbA=="
        }
      ]
    },
    {
      "mode": "managed",
      "type": "aws_ssm_patch_baseline",
      "name": "windows",
      "provider": "provider[\"registry.terraform.io/hashicorp/aws\"]",
      "instances": [
        {
          "schema_version": 0,
          "attributes": {
            "approval_rule": [
              {
                "approve_after_days": 7,
                "approve_until_date": "",
                "compliance_level": "CRITICAL",
                "enable_non_security": false,
                "patch_filter": [
                  {
                    "key": "CLASSIFICATION",
                    "values": [
                      "CriticalUpdates",
                      "SecurityUpdates"
                    ]
                  },
                  {
                    "key": "MSRC_SEVERITY",
                    "values": [
                      "Critical",
                      "Important"
                    ]
                  }
                ]
              },
              {
                "approve_after_days": 14,
                "approve_until_date": "",
                "compliance_level": "HIGH",
                "enable_non_security": false,
                "patch_filter": [
                  {
                    "key": "CLASSIFICATION",
                    "values": [
                      "UpdateRollups",
                      "Updates"
                    ]
                  }
                ]
              }
            ],
            "approved_patches": [],
            "approved_patches_compliance_level": "UNSPECIFIED",
            "approved_patches_enable_non_security": false,
            "arn": "arn:aws:ssm:us-east-1:762595429056:patchbaseline/pb-043f08d302d125731",
            "available_security_updates_compliance_status": "NON_COMPLIANT",
            "description": "",
            "global_filter": [],
            "id": "pb-043f08d302d125731",
            "json": "{\"ApprovalRules\":{\"PatchRules\":[{\"PatchFilterGroup\":{\"PatchFilters\":[{\"Key\":\"CLASSIFICATION\",\"Values\":[\"CriticalUpdates\",\"SecurityUpdates\"]},{\"Key\":\"MSRC_SEVERITY\",\"Values\":[\"Critical\",\"Important\"]}]},\"ApproveAfterDays\":7,\"ComplianceLevel\":\"CRITICAL\",\"EnableNonSecurity\":false},{\"PatchFilterGroup\":{\"PatchFilters\":[{\"Key\":\"CLASSIFICATION\",\"Values\":[\"UpdateRollups\",\"Updates\"]}]},\"ApproveAfterDays\":14,\"ComplianceLevel\":\"HIGH\",\"EnableNonSecurity\":false}]},\"ApprovedPatchesComplianceLevel\":\"UNSPECIFIED\",\"ApprovedPatchesEnableNonSecurity\":false,\"AvailableSecurityUpdatesComplianceStatus\":\"NON_COMPLIANT\",\"BaselineId\":\"pb-043f08d302d125731\",\"CreatedDate\":\"2026-06-13T02:22:35.685Z\",\"ModifiedDate\":\"2026-06-14T08:54:55.296Z\",\"Name\":\"learn-patch-asg-ad-windows-baseline\",\"OperatingSystem\":\"WINDOWS\",\"PatchGroups\":[\"Windows-Production\"],\"RejectedPatchesAction\":\"ALLOW_AS_DEPENDENCY\"}",
            "name": "learn-patch-asg-ad-windows-baseline",
            "operating_system": "WINDOWS",
            "region": "us-east-1",
            "rejected_patches": [],
            "rejected_patches_action": "ALLOW_AS_DEPENDENCY",
            "source": [],
            "tags": {
              "Name": "learn-patch-asg-ad-windows-patch-baseline"
            },
            "tags_all": {
              "Name": "learn-patch-asg-ad-windows-patch-baseline"
            }
          },
          "sensitive_attributes": [],
          "identity_schema_version": 0,
          "identity": {
            "account_id": "762595429056",
            "id": "pb-043f08d302d125731",
            "region": "us-east-1"
          },
          "private": "bnVsbA=="
        }
      ]
    },
    {
      "mode": "managed",
      "type": "aws_ssm_patch_group",
      "name": "ubuntu",
      "provider": "provider[\"registry.terraform.io/hashicorp/aws\"]",
      "instances": [
        {
          "schema_version": 1,
          "attributes": {
            "baseline_id": "pb-0c2d89facf7505758",
            "id": "Linux-Production,pb-0c2d89facf7505758",
            "patch_group": "Linux-Production",
            "region": "us-east-1"
          },
          "sensitive_attributes": [],
          "identity_schema_version": 0,
          "identity": {
            "account_id": "762595429056",
            "baseline_id": "pb-0c2d89facf7505758",
            "patch_group": "Linux-Production",
            "region": "us-east-1"
          },
          "private": "eyJzY2hlbWFfdmVyc2lvbiI6IjEifQ==",
          "dependencies": [
            "aws_ssm_patch_baseline.ubuntu"
          ]
        }
      ]
    },
    {
      "mode": "managed",
      "type": "aws_ssm_patch_group",
      "name": "windows",
      "provider": "provider[\"registry.terraform.io/hashicorp/aws\"]",
      "instances": [
        {
          "schema_version": 1,
          "attributes": {
            "baseline_id": "pb-043f08d302d125731",
            "id": "Windows-Production,pb-043f08d302d125731",
            "patch_group": "Windows-Production",
            "region": "us-east-1"
          },
          "sensitive_attributes": [],
          "identity_schema_version": 0,
          "identity": {
            "account_id": "762595429056",
            "baseline_id": "pb-043f08d302d125731",
            "patch_group": "Windows-Production",
            "region": "us-east-1"
          },
          "private": "eyJzY2hlbWFfdmVyc2lvbiI6IjEifQ==",
          "dependencies": [
            "aws_ssm_patch_baseline.windows"
          ]
        }
      ]
    },
    {
      "mode": "managed",
      "type": "aws_subnet",
      "name": "private",
      "provider": "provider[\"registry.terraform.io/hashicorp/aws\"]",
      "instances": [
        {
          "index_key": 0,
          "schema_version": 1,
          "attributes": {
            "arn": "arn:aws:ec2:us-east-1:762595429056:subnet/subnet-03816795658c36d37",
            "assign_ipv6_address_on_creation": false,
            "availability_zone": "us-east-1a",
            "availability_zone_id": "use1-az6",
            "cidr_block": "172.16.2.0/24",
            "customer_owned_ipv4_pool": "",
            "enable_dns64": false,
            "enable_lni_at_device_index": 0,
            "enable_resource_name_dns_a_record_on_launch": false,
            "enable_resource_name_dns_aaaa_record_on_launch": false,
            "id": "subnet-03816795658c36d37",
            "ipv4_ipam_pool_id": null,
            "ipv4_netmask_length": null,
            "ipv6_cidr_block": "",
            "ipv6_cidr_block_association_id": "",
            "ipv6_ipam_pool_id": null,
            "ipv6_native": false,
            "ipv6_netmask_length": null,
            "map_customer_owned_ip_on_launch": false,
            "map_public_ip_on_launch": false,
            "outpost_arn": "",
            "owner_id": "762595429056",
            "private_dns_hostname_type_on_launch": "ip-name",
            "region": "us-east-1",
            "tags": {
              "Name": "learn-patch-asg-ad-private-us-east-1a"
            },
            "tags_all": {
              "Name": "learn-patch-asg-ad-private-us-east-1a"
            },
            "timeouts": null,
            "vpc_id": "vpc-0cb7104be1e6fba2c"
          },
          "sensitive_attributes": [],
          "identity_schema_version": 0,
          "identity": {
            "account_id": "762595429056",
            "id": "subnet-03816795658c36d37",
            "region": "us-east-1"
          },
          "private": "eyJlMmJmYjczMC1lY2FhLTExZTYtOGY4OC0zNDM2M2JjN2M0YzAiOnsiY3JlYXRlIjo2MDAwMDAwMDAwMDAsImRlbGV0ZSI6MTIwMDAwMDAwMDAwMH0sInNjaGVtYV92ZXJzaW9uIjoiMSJ9",
          "dependencies": [
            "aws_vpc.main",
            "data.aws_vpc.existing"
          ]
        },
        {
          "index_key": 1,
          "schema_version": 1,
          "attributes": {
            "arn": "arn:aws:ec2:us-east-1:762595429056:subnet/subnet-02df3bbce9e7f8eca",
            "assign_ipv6_address_on_creation": false,
            "availability_zone": "us-east-1b",
            "availability_zone_id": "use1-az1",
            "cidr_block": "172.16.4.0/24",
            "customer_owned_ipv4_pool": "",
            "enable_dns64": false,
            "enable_lni_at_device_index": 0,
            "enable_resource_name_dns_a_record_on_launch": false,
            "enable_resource_name_dns_aaaa_record_on_launch": false,
            "id": "subnet-02df3bbce9e7f8eca",
            "ipv4_ipam_pool_id": null,
            "ipv4_netmask_length": null,
            "ipv6_cidr_block": "",
            "ipv6_cidr_block_association_id": "",
            "ipv6_ipam_pool_id": null,
            "ipv6_native": false,
            "ipv6_netmask_length": null,
            "map_customer_owned_ip_on_launch": false,
            "map_public_ip_on_launch": false,
            "outpost_arn": "",
            "owner_id": "762595429056",
            "private_dns_hostname_type_on_launch": "ip-name",
            "region": "us-east-1",
            "tags": {
              "Name": "learn-patch-asg-ad-private-us-east-1b"
            },
            "tags_all": {
              "Name": "learn-patch-asg-ad-private-us-east-1b"
            },
            "timeouts": null,
            "vpc_id": "vpc-0cb7104be1e6fba2c"
          },
          "sensitive_attributes": [],
          "identity_schema_version": 0,
          "identity": {
            "account_id": "762595429056",
            "id": "subnet-02df3bbce9e7f8eca",
            "region": "us-east-1"
          },
          "private": "eyJlMmJmYjczMC1lY2FhLTExZTYtOGY4OC0zNDM2M2JjN2M0YzAiOnsiY3JlYXRlIjo2MDAwMDAwMDAwMDAsImRlbGV0ZSI6MTIwMDAwMDAwMDAwMH0sInNjaGVtYV92ZXJzaW9uIjoiMSJ9",
          "dependencies": [
            "aws_vpc.main",
            "data.aws_vpc.existing"
          ]
        }
      ]
    },
    {
      "mode": "managed",
      "type": "aws_subnet",
      "name": "public",
      "provider": "provider[\"registry.terraform.io/hashicorp/aws\"]",
      "instances": [
        {
          "index_key": 0,
          "schema_version": 1,
          "attributes": {
            "arn": "arn:aws:ec2:us-east-1:762595429056:subnet/subnet-0291de8ebdf8dba63",
            "assign_ipv6_address_on_creation": false,
            "availability_zone": "us-east-1a",
            "availability_zone_id": "use1-az6",
            "cidr_block": "172.16.1.0/24",
            "customer_owned_ipv4_pool": "",
            "enable_dns64": false,
            "enable_lni_at_device_index": 0,
            "enable_resource_name_dns_a_record_on_launch": false,
            "enable_resource_name_dns_aaaa_record_on_launch": false,
            "id": "subnet-0291de8ebdf8dba63",
            "ipv4_ipam_pool_id": null,
            "ipv4_netmask_length": null,
            "ipv6_cidr_block": "",
            "ipv6_cidr_block_association_id": "",
            "ipv6_ipam_pool_id": null,
            "ipv6_native": false,
            "ipv6_netmask_length": null,
            "map_customer_owned_ip_on_launch": false,
            "map_public_ip_on_launch": true,
            "outpost_arn": "",
            "owner_id": "762595429056",
            "private_dns_hostname_type_on_launch": "ip-name",
            "region": "us-east-1",
            "tags": {
              "Name": "learn-patch-asg-ad-public-us-east-1a"
            },
            "tags_all": {
              "Name": "learn-patch-asg-ad-public-us-east-1a"
            },
            "timeouts": null,
            "vpc_id": "vpc-0cb7104be1e6fba2c"
          },
          "sensitive_attributes": [],
          "identity_schema_version": 0,
          "identity": {
            "account_id": "762595429056",
            "id": "subnet-0291de8ebdf8dba63",
            "region": "us-east-1"
          },
          "private": "eyJlMmJmYjczMC1lY2FhLTExZTYtOGY4OC0zNDM2M2JjN2M0YzAiOnsiY3JlYXRlIjo2MDAwMDAwMDAwMDAsImRlbGV0ZSI6MTIwMDAwMDAwMDAwMH0sInNjaGVtYV92ZXJzaW9uIjoiMSJ9",
          "dependencies": [
            "aws_vpc.main",
            "data.aws_vpc.existing"
          ]
        },
        {
          "index_key": 1,
          "schema_version": 1,
          "attributes": {
            "arn": "arn:aws:ec2:us-east-1:762595429056:subnet/subnet-0fc77a13da537f452",
            "assign_ipv6_address_on_creation": false,
            "availability_zone": "us-east-1b",
            "availability_zone_id": "use1-az1",
            "cidr_block": "172.16.3.0/24",
            "customer_owned_ipv4_pool": "",
            "enable_dns64": false,
            "enable_lni_at_device_index": 0,
            "enable_resource_name_dns_a_record_on_launch": false,
            "enable_resource_name_dns_aaaa_record_on_launch": false,
            "id": "subnet-0fc77a13da537f452",
            "ipv4_ipam_pool_id": null,
            "ipv4_netmask_length": null,
            "ipv6_cidr_block": "",
            "ipv6_cidr_block_association_id": "",
            "ipv6_ipam_pool_id": null,
            "ipv6_native": false,
            "ipv6_netmask_length": null,
            "map_customer_owned_ip_on_launch": false,
            "map_public_ip_on_launch": true,
            "outpost_arn": "",
            "owner_id": "762595429056",
            "private_dns_hostname_type_on_launch": "ip-name",
            "region": "us-east-1",
            "tags": {
              "Name": "learn-patch-asg-ad-public-us-east-1b"
            },
            "tags_all": {
              "Name": "learn-patch-asg-ad-public-us-east-1b"
            },
            "timeouts": null,
            "vpc_id": "vpc-0cb7104be1e6fba2c"
          },
          "sensitive_attributes": [],
          "identity_schema_version": 0,
          "identity": {
            "account_id": "762595429056",
            "id": "subnet-0fc77a13da537f452",
            "region": "us-east-1"
          },
          "private": "eyJlMmJmYjczMC1lY2FhLTExZTYtOGY4OC0zNDM2M2JjN2M0YzAiOnsiY3JlYXRlIjo2MDAwMDAwMDAwMDAsImRlbGV0ZSI6MTIwMDAwMDAwMDAwMH0sInNjaGVtYV92ZXJzaW9uIjoiMSJ9",
          "dependencies": [
            "aws_vpc.main",
            "data.aws_vpc.existing"
          ]
        }
      ]
    },
    {
      "mode": "managed",
      "type": "aws_vpc",
      "name": "main",
      "provider": "provider[\"registry.terraform.io/hashicorp/aws\"]",
      "instances": [
        {
          "index_key": 0,
          "schema_version": 1,
          "attributes": {
            "arn": "arn:aws:ec2:us-east-1:762595429056:vpc/vpc-0cb7104be1e6fba2c",
            "assign_generated_ipv6_cidr_block": false,
            "cidr_block": "172.16.0.0/16",
            "default_network_acl_id": "acl-06894873bf8b8151d",
            "default_route_table_id": "rtb-0b60099e20f1fbbc2",
            "default_security_group_id": "sg-056f4c9748e98f913",
            "dhcp_options_id": "dopt-0d14127cd1b74aa3c",
            "enable_dns_hostnames": true,
            "enable_dns_support": true,
            "enable_network_address_usage_metrics": false,
            "id": "vpc-0cb7104be1e6fba2c",
            "instance_tenancy": "default",
            "ipv4_ipam_pool_id": null,
            "ipv4_netmask_length": null,
            "ipv6_association_id": "",
            "ipv6_cidr_block": "",
            "ipv6_cidr_block_network_border_group": "",
            "ipv6_ipam_pool_id": "",
            "ipv6_netmask_length": 0,
            "main_route_table_id": "rtb-0b60099e20f1fbbc2",
            "owner_id": "762595429056",
            "region": "us-east-1",
            "tags": {
              "Name": "learn-patch-asg-ad"
            },
            "tags_all": {
              "Name": "learn-patch-asg-ad"
            }
          },
          "sensitive_attributes": [],
          "identity_schema_version": 0,
          "identity": {
            "account_id": "762595429056",
            "id": "vpc-0cb7104be1e6fba2c",
            "region": "us-east-1"
          },
          "private": "eyJzY2hlbWFfdmVyc2lvbiI6IjEifQ==",
          "create_before_destroy": true
        }
      ]
    },
    {
      "mode": "managed",
      "type": "aws_vpc_dhcp_options",
      "name": "ad_dns",
      "provider": "provider[\"registry.terraform.io/hashicorp/aws\"]",
      "instances": [
        {
          "schema_version": 0,
          "attributes": {
            "arn": "arn:aws:ec2:us-east-1:762595429056:dhcp-options/dopt-0d14127cd1b74aa3c",
            "domain_name": "corp.learn-patch.local",
            "domain_name_servers": [
              "172.16.2.126",
              "172.16.4.225"
            ],
            "id": "dopt-0d14127cd1b74aa3c",
            "ipv6_address_preferred_lease_time": "",
            "netbios_name_servers": [],
            "netbios_node_type": "",
            "ntp_servers": [],
            "owner_id": "762595429056",
            "region": "us-east-1",
            "tags": {
              "Name": "learn-patch-asg-ad-ad-dhcp"
            },
            "tags_all": {
              "Name": "learn-patch-asg-ad-ad-dhcp"
            }
          },
          "sensitive_attributes": [],
          "identity_schema_version": 0,
          "private": "bnVsbA==",
          "dependencies": [
            "aws_directory_service_directory.managed_ad",
            "aws_subnet.private",
            "aws_vpc.main",
            "data.aws_vpc.existing"
          ]
        }
      ]
    },
    {
      "mode": "managed",
      "type": "aws_vpc_dhcp_options_association",
      "name": "ad_dns",
      "provider": "provider[\"registry.terraform.io/hashicorp/aws\"]",
      "instances": [
        {
          "schema_version": 0,
          "attributes": {
            "dhcp_options_id": "dopt-0d14127cd1b74aa3c",
            "id": "dopt-0d14127cd1b74aa3c-vpc-0cb7104be1e6fba2c",
            "region": "us-east-1",
            "vpc_id": "vpc-0cb7104be1e6fba2c"
          },
          "sensitive_attributes": [],
          "identity_schema_version": 0,
          "private": "bnVsbA==",
          "dependencies": [
            "aws_directory_service_directory.managed_ad",
            "aws_subnet.private",
            "aws_vpc.main",
            "aws_vpc_dhcp_options.ad_dns",
            "data.aws_vpc.existing"
          ]
        }
      ]
    }
  ],
  "check_results": null
}
