{
  "version": 4,
  "terraform_version": "1.15.6",
  "serial": 606,
  "lineage": "471dbb28-25ad-fbd4-6389-541f8f823fc9",
  "outputs": {
    "alb_arn": {
      "value": "arn:aws:elasticloadbalancing:us-east-1:762595429056:loadbalancer/app/learn-patch-asg-ad-alb/b1ae0284a484adaf",
      "type": "string"
    },
    "alb_dns_name": {
      "value": "learn-patch-asg-ad-alb-620770808.us-east-1.elb.amazonaws.com",
      "type": "string"
    },
    "alb_target_group_arn": {
      "value": "arn:aws:elasticloadbalancing:us-east-1:762595429056:targetgroup/learn-patch-asg-ad-tg/9b8e21328d01cc09",
      "type": "string"
    },
    "ami_id": {
      "value": "ami-075309a66c5dedf22",
      "type": "string"
    },
    "asg_name": {
      "value": "learn-patch-asg-ad-windows-asg",
      "type": "string"
    },
    "linux_ubuntu_instance_id": {
      "value": "i-0de58d839dfa5c85b",
      "type": "string"
    },
    "linux_ubuntu_private_ip": {
      "value": "172.16.2.91",
      "type": "string"
    },
    "maintenance_window_id": {
      "value": "mw-01e620e7fb695a8d7",
      "type": "string"
    },
    "managed_ad_dns_ips": {
      "value": [
        "172.16.2.183",
        "172.16.4.56"
      ],
      "type": [
        "set",
        "string"
      ]
    },
    "managed_ad_id": {
      "value": "d-9066738165",
      "type": "string"
    },
    "patch_baseline_id": {
      "value": "pb-043f08d302d125731",
      "type": "string"
    },
    "ubuntu_patch_baseline_id": {
      "value": "pb-0c2d89facf7505758",
      "type": "string"
    },
    "vpc_id": {
      "value": "vpc-0b1b81ccdc28453be",
      "type": "string"
    }
  },
  "resources": [
    {
      "mode": "data",
      "type": "aws_ami",
      "name": "ubuntu_2204",
      "provider": "provider[\"registry.terraform.io/hashicorp/aws\"]",
      "instances": [
        {
          "schema_version": 0,
          "attributes": {
            "allow_unsafe_filter": null,
            "architecture": "x86_64",
            "arn": "arn:aws:ec2:us-east-1::image/ami-0d7405d05f836d0d4",
            "block_device_mappings": [
              {
                "device_name": "/dev/sda1",
                "ebs": {
                  "delete_on_termination": "true",
                  "encrypted": "false",
                  "iops": "0",
                  "snapshot_id": "snap-0c02cbfa787a65f62",
                  "throughput": "0",
                  "volume_initialization_rate": "0",
                  "volume_size": "8",
                  "volume_type": "gp2"
                },
                "no_device": "",
                "virtual_name": ""
              },
              {
                "device_name": "/dev/sdb",
                "ebs": {},
                "no_device": "",
                "virtual_name": "ephemeral0"
              },
              {
                "device_name": "/dev/sdc",
                "ebs": {},
                "no_device": "",
                "virtual_name": "ephemeral1"
              }
            ],
            "boot_mode": "uefi-preferred",
            "creation_date": "2026-06-10T06:57:45.000Z",
            "deprecation_time": "2028-06-10T06:57:45.000Z",
            "description": "Canonical, Ubuntu, 22.04, amd64 jammy image",
            "ena_support": true,
            "executable_users": null,
            "filter": [
              {
                "name": "name",
                "values": [
                  "ubuntu/images/hvm-ssd/ubuntu-jammy-22.04-amd64-server-*"
                ]
              },
              {
                "name": "virtualization-type",
                "values": [
                  "hvm"
                ]
              }
            ],
            "hypervisor": "xen",
            "id": "ami-0d7405d05f836d0d4",
            "image_id": "ami-0d7405d05f836d0d4",
            "image_location": "amazon/ubuntu/images/hvm-ssd/ubuntu-jammy-22.04-amd64-server-20260610",
            "image_owner_alias": "amazon",
            "image_type": "machine",
            "imds_support": "",
            "include_deprecated": false,
            "kernel_id": "",
            "last_launched_time": "",
            "most_recent": true,
            "name": "ubuntu/images/hvm-ssd/ubuntu-jammy-22.04-amd64-server-20260610",
            "name_regex": null,
            "owner_id": "099720109477",
            "owners": [
              "099720109477"
            ],
            "platform": "",
            "platform_details": "Linux/UNIX",
            "product_codes": [],
            "public": true,
            "ramdisk_id": "",
            "region": "us-east-1",
            "root_device_name": "/dev/sda1",
            "root_device_type": "ebs",
            "root_snapshot_id": "snap-0c02cbfa787a65f62",
            "sriov_net_support": "simple",
            "state": "available",
            "state_reason": {
              "code": "UNSET",
              "message": "UNSET"
            },
            "tags": {},
            "timeouts": null,
            "tpm_support": "",
            "uefi_data": null,
            "usage_operation": "RunInstances",
            "virtualization_type": "hvm"
          },
          "sensitive_attributes": [],
          "identity_schema_version": 0
        }
      ]
    },
    {
      "mode": "managed",
      "type": "aws_autoscaling_attachment",
      "name": "alb",
      "provider": "provider[\"registry.terraform.io/hashicorp/aws\"]",
      "instances": [
        {
          "schema_version": 0,
          "attributes": {
            "autoscaling_group_name": "learn-patch-asg-ad-windows-asg",
            "elb": null,
            "id": "learn-patch-asg-ad-windows-asg-20260613022521205900000001",
            "lb_target_group_arn": "arn:aws:elasticloadbalancing:us-east-1:762595429056:targetgroup/learn-patch-asg-ad-tg/9b8e21328d01cc09",
            "region": "us-east-1"
          },
          "sensitive_attributes": [],
          "identity_schema_version": 0,
          "private": "bnVsbA==",
          "dependencies": [
            "aws_autoscaling_group.windows",
            "aws_eip.nat",
            "aws_iam_instance_profile.ec2_ssm_ad",
            "aws_iam_role.ec2_ssm_ad",
            "aws_internet_gateway.igw",
            "aws_launch_template.windows",
            "aws_lb_target_group.windows",
            "aws_nat_gateway.nat",
            "aws_security_group.alb",
            "aws_security_group.windows_asg",
            "aws_subnet.private",
            "aws_subnet.public",
            "aws_vpc.main",
            "data.aws_ami.windows_2019",
            "data.aws_vpc.existing"
          ]
        }
      ]
    },
    {
      "mode": "managed",
      "type": "aws_autoscaling_group",
      "name": "windows",
      "provider": "provider[\"registry.terraform.io/hashicorp/aws\"]",
      "instances": [
        {
          "schema_version": 1,
          "attributes": {
            "arn": "arn:aws:autoscaling:us-east-1:762595429056:autoScalingGroup:1c2fd24e-974f-427e-8bfa-5245c71165b8:autoScalingGroupName/learn-patch-asg-ad-windows-asg",
            "availability_zone_distribution": [
              {
                "capacity_distribution_strategy": "balanced-best-effort"
              }
            ],
            "availability_zones": [
              "us-east-1a",
              "us-east-1b"
            ],
            "capacity_rebalance": false,
            "capacity_reservation_specification": [
              {
                "capacity_reservation_preference": "default",
                "capacity_reservation_target": []
              }
            ],
            "context": "",
            "default_cooldown": 300,
            "default_instance_warmup": 0,
            "desired_capacity": 2,
            "desired_capacity_type": "",
            "enabled_metrics": [],
            "force_delete": false,
            "force_delete_warm_pool": false,
            "health_check_grace_period": 300,
            "health_check_type": "EC2",
            "id": "learn-patch-asg-ad-windows-asg",
            "ignore_failed_scaling_activities": false,
            "initial_lifecycle_hook": [],
            "instance_maintenance_policy": [],
            "instance_refresh": [
              {
                "preferences": [
                  {
                    "alarm_specification": [],
                    "auto_rollback": false,
                    "checkpoint_delay": "",
                    "checkpoint_percentages": [],
                    "instance_warmup": "",
                    "max_healthy_percentage": 100,
                    "min_healthy_percentage": 50,
                    "scale_in_protected_instances": "Ignore",
                    "skip_matching": false,
                    "standby_instances": "Ignore"
                  }
                ],
                "strategy": "Rolling",
                "triggers": []
              }
            ],
            "launch_configuration": "",
            "launch_template": [
              {
                "id": "lt-034f4097217e10518",
                "name": "learn-patch-asg-ad-win-20260613022242853200000002",
                "version": "$Latest"
              }
            ],
            "load_balancers": [],
            "max_instance_lifetime": 0,
            "max_size": 4,
            "metrics_granularity": "1Minute",
            "min_elb_capacity": null,
            "min_size": 1,
            "mixed_instances_policy": [],
            "name": "learn-patch-asg-ad-windows-asg",
            "name_prefix": "",
            "placement_group": "",
            "predicted_capacity": 0,
            "protect_from_scale_in": false,
            "region": "us-east-1",
            "service_linked_role_arn": "arn:aws:iam::762595429056:role/aws-service-role/autoscaling.amazonaws.com/AWSServiceRoleForAutoScaling",
            "suspended_processes": [],
            "tag": [
              {
                "key": "Name",
                "propagate_at_launch": true,
                "value": "learn-patch-asg-ad-win-asg"
              },
              {
                "key": "PatchGroup",
                "propagate_at_launch": true,
                "value": "Windows-Production"
              },
              {
                "key": "auto-delete",
                "propagate_at_launch": true,
                "value": "no"
              }
            ],
            "target_group_arns": [
              "arn:aws:elasticloadbalancing:us-east-1:762595429056:targetgroup/learn-patch-asg-ad-tg/9b8e21328d01cc09"
            ],
            "termination_policies": [],
            "timeouts": null,
            "traffic_source": [
              {
                "identifier": "arn:aws:elasticloadbalancing:us-east-1:762595429056:targetgroup/learn-patch-asg-ad-tg/9b8e21328d01cc09",
                "type": "elbv2"
              }
            ],
            "vpc_zone_identifier": [
              "subnet-00a4a8599b5cac336",
              "subnet-06c6112a2756529d8"
            ],
            "wait_for_capacity_timeout": "15m",
            "wait_for_elb_capacity": null,
            "warm_pool": [],
            "warm_pool_size": 0
          },
          "sensitive_attributes": [],
          "identity_schema_version": 0,
          "identity": {
            "account_id": "762595429056",
            "name": "learn-patch-asg-ad-windows-asg",
            "region": "us-east-1"
          },
          "private": "eyJlMmJmYjczMC1lY2FhLTExZTYtOGY4OC0zNDM2M2JjN2M0YzAiOnsiZGVsZXRlIjo2MDAwMDAwMDAwMDAsInVwZGF0ZSI6NjAwMDAwMDAwMDAwfSwic2NoZW1hX3ZlcnNpb24iOiIxIn0=",
          "dependencies": [
            "aws_eip.nat",
            "aws_iam_instance_profile.ec2_ssm_ad",
            "aws_iam_role.ec2_ssm_ad",
            "aws_internet_gateway.igw",
            "aws_launch_template.windows",
            "aws_nat_gateway.nat",
            "aws_security_group.alb",
            "aws_security_group.windows_asg",
            "aws_subnet.private",
            "aws_subnet.public",
            "aws_vpc.main",
            "data.aws_ami.windows_2019",
            "data.aws_vpc.existing"
          ]
        }
      ]
    },
    {
      "mode": "managed",
      "type": "aws_directory_service_directory",
      "name": "managed_ad",
      "provider": "provider[\"registry.terraform.io/hashicorp/aws\"]",
      "instances": [
        {
          "schema_version": 0,
          "attributes": {
            "access_url": "d-9066738165.awsapps.com",
            "alias": "d-9066738165",
            "connect_settings": [],
            "description": "",
            "desired_number_of_domain_controllers": 2,
            "dns_ip_addresses": [
              "172.16.2.183",
              "172.16.4.56"
            ],
            "edition": "Standard",
            "enable_directory_data_access": false,
            "enable_sso": false,
            "id": "d-9066738165",
            "name": "corp.learn-patch.local",
            "password": "YourP@ssw0rd!",
            "region": "us-east-1",
            "security_group_id": "sg-0689422394bcd6cc3",
            "short_name": "corp",
            "size": "Small",
            "tags": {
              "Name": "learn-patch-asg-ad-managed-ad",
              "auto-delete": "no"
            },
            "tags_all": {
              "Name": "learn-patch-asg-ad-managed-ad",
              "auto-delete": "no"
            },
            "timeouts": null,
            "type": "MicrosoftAD",
            "vpc_settings": [
              {
                "availability_zones": [
                  "us-east-1a",
                  "us-east-1b"
                ],
                "subnet_ids": [
                  "subnet-00a4a8599b5cac336",
                  "subnet-06c6112a2756529d8"
                ],
                "vpc_id": "vpc-0b1b81ccdc28453be"
              }
            ]
          },
          "sensitive_attributes": [
            [
              {
                "type": "get_attr",
                "value": "password"
              }
            ]
          ],
          "identity_schema_version": 0,
          "private": "eyJlMmJmYjczMC1lY2FhLTExZTYtOGY4OC0zNDM2M2JjN2M0YzAiOnsiY3JlYXRlIjozNjAwMDAwMDAwMDAwLCJkZWxldGUiOjM2MDAwMDAwMDAwMDAsInVwZGF0ZSI6MzYwMDAwMDAwMDAwMH19",
          "dependencies": [
            "aws_subnet.private",
            "aws_vpc.main",
            "data.aws_vpc.existing"
          ]
        }
      ]
    },
    {
      "mode": "managed",
      "type": "aws_eip",
      "name": "nat",
      "provider": "provider[\"registry.terraform.io/hashicorp/aws\"]",
      "instances": [
        {
          "index_key": 0,
          "schema_version": 0,
          "attributes": {
            "address": null,
            "allocation_id": "eipalloc-0ed88bb27def2d329",
            "arn": "arn:aws:ec2:us-east-1:762595429056:elastic-ip/eipalloc-0ed88bb27def2d329",
            "associate_with_private_ip": null,
            "association_id": "eipassoc-0a48355e377804713",
            "carrier_ip": "",
            "customer_owned_ip": "",
            "customer_owned_ipv4_pool": "",
            "domain": "vpc",
            "id": "eipalloc-0ed88bb27def2d329",
            "instance": "",
            "ipam_pool_id": "",
            "network_border_group": "us-east-1",
            "network_interface": "eni-052a5477d7cccf091",
            "private_dns": "ip-172-16-1-251.ec2.internal",
            "private_ip": "172.16.1.251",
            "ptr_record": "",
            "public_dns": "ec2-52-204-172-47.compute-1.amazonaws.com",
            "public_ip": "52.204.172.47",
            "public_ipv4_pool": "amazon",
            "region": "us-east-1",
            "tags": {
              "Name": "learn-patch-asg-ad-nat-eip"
            },
            "tags_all": {
              "Name": "learn-patch-asg-ad-nat-eip"
            },
            "timeouts": null
          },
          "sensitive_attributes": [],
          "identity_schema_version": 0,
          "identity": {
            "account_id": "762595429056",
            "id": "eipalloc-0ed88bb27def2d329",
            "region": "us-east-1"
          },
          "private": "eyJlMmJmYjczMC1lY2FhLTExZTYtOGY4OC0zNDM2M2JjN2M0YzAiOnsiZGVsZXRlIjoxODAwMDAwMDAwMDAsInJlYWQiOjkwMDAwMDAwMDAwMCwidXBkYXRlIjozMDAwMDAwMDAwMDB9fQ=="
        }
      ]
    },
    {
      "mode": "managed",
      "type": "aws_iam_instance_profile",
      "name": "ec2_ssm_ad",
      "provider": "provider[\"registry.terraform.io/hashicorp/aws\"]",
      "instances": [
        {
          "schema_version": 0,
          "attributes": {
            "arn": "arn:aws:iam::762595429056:instance-profile/learn-patch-asg-ad-ec2-ssm-ad-profile",
            "create_date": "2026-06-14T06:21:02Z",
            "id": "learn-patch-asg-ad-ec2-ssm-ad-profile",
            "name": "learn-patch-asg-ad-ec2-ssm-ad-profile",
            "name_prefix": "",
            "path": "/",
            "role": "learn-patch-asg-ad-ec2-ssm-ad-role",
            "tags": null,
            "tags_all": {},
            "unique_id": "AIPA3DDR2ZLAEAMXYKFTG"
          },
          "sensitive_attributes": [],
          "identity_schema_version": 0,
          "identity": {
            "account_id": "762595429056",
            "name": "learn-patch-asg-ad-ec2-ssm-ad-profile"
          },
          "private": "bnVsbA==",
          "dependencies": [
            "aws_iam_role.ec2_ssm_ad"
          ],
          "create_before_destroy": true
        }
      ]
    },
    {
      "mode": "managed",
      "type": "aws_iam_instance_profile",
      "name": "ec2_ssm_linux",
      "provider": "provider[\"registry.terraform.io/hashicorp/aws\"]",
      "instances": [
        {
          "schema_version": 0,
          "attributes": {
            "arn": "arn:aws:iam::762595429056:instance-profile/learn-patch-asg-ad-ec2-ssm-linux-profile",
            "create_date": "2026-06-14T06:21:02Z",
            "id": "learn-patch-asg-ad-ec2-ssm-linux-profile",
            "name": "learn-patch-asg-ad-ec2-ssm-linux-profile",
            "name_prefix": "",
            "path": "/",
            "role": "learn-patch-asg-ad-ec2-ssm-linux-role",
            "tags": null,
            "tags_all": {},
            "unique_id": "AIPA3DDR2ZLALHOXNHAMJ"
          },
          "sensitive_attributes": [],
          "identity_schema_version": 0,
          "identity": {
            "account_id": "762595429056",
            "name": "learn-patch-asg-ad-ec2-ssm-linux-profile"
          },
          "private": "bnVsbA==",
          "dependencies": [
            "aws_iam_role.ec2_ssm_linux"
          ]
        }
      ]
    },
    {
      "mode": "managed",
      "type": "aws_iam_role",
      "name": "asg_state_change_lambda",
      "provider": "provider[\"registry.terraform.io/hashicorp/aws\"]",
      "instances": [
        {
          "schema_version": 0,
          "attributes": {
            "arn": "arn:aws:iam::762595429056:role/customer-asg-state-change-lambda-role",
            "assume_role_policy": "{\"Statement\":[{\"Action\":\"sts:AssumeRole\",\"Effect\":\"Allow\",\"Principal\":{\"Service\":\"lambda.amazonaws.com\"}}],\"Version\":\"2012-10-17\"}",
            "create_date": "2026-06-13T02:22:35Z",
            "description": "",
            "force_detach_policies": false,
            "id": "customer-asg-state-change-lambda-role",
            "inline_policy": [
              {
                "name": "asg-enter-exit-standby-policy",
                "policy": "{\"Version\":\"2012-10-17\",\"Statement\":[{\"Action\":[\"autoscaling:EnterStandby\",\"autoscaling:ExitStandby\",\"autoscaling:DescribeAutoScalingGroups\",\"autoscaling:DescribeAutoScalingInstances\",\"autoscaling:UpdateAutoScalingGroup\",\"autoscaling:SetDesiredCapacity\",\"ec2:DescribeInstances\",\"ec2:DescribeInstanceStatus\",\"ec2:CreateTags\"],\"Effect\":\"Allow\",\"Resource\":\"*\"}]}"
              }
            ],
            "managed_policy_arns": [
              "arn:aws:iam::aws:policy/service-role/AWSLambdaBasicExecutionRole"
            ],
            "max_session_duration": 3600,
            "name": "customer-asg-state-change-lambda-role",
            "name_prefix": "",
            "path": "/",
            "permissions_boundary": "",
            "tags": {
              "Name": "learn-patch-asg-ad-asg-state-change-lambda-role"
            },
            "tags_all": {
              "Name": "learn-patch-asg-ad-asg-state-change-lambda-role"
            },
            "unique_id": "AROA3DDR2ZLALB5LUD4FM"
          },
          "sensitive_attributes": [],
          "identity_schema_version": 0,
          "identity": {
            "account_id": "762595429056",
            "name": "customer-asg-state-change-lambda-role"
          },
          "private": "bnVsbA=="
        }
      ]
    },
    {
      "mode": "managed",
      "type": "aws_iam_role",
      "name": "ec2_ssm_ad",
      "provider": "provider[\"registry.terraform.io/hashicorp/aws\"]",
      "instances": [
        {
          "schema_version": 0,
          "attributes": {
            "arn": "arn:aws:iam::762595429056:role/learn-patch-asg-ad-ec2-ssm-ad-role",
            "assume_role_policy": "{\"Statement\":[{\"Action\":\"sts:AssumeRole\",\"Effect\":\"Allow\",\"Principal\":{\"Service\":\"ec2.amazonaws.com\"}}],\"Version\":\"2012-10-17\"}",
            "create_date": "2026-06-14T06:21:02Z",
            "description": "",
            "force_detach_policies": false,
            "id": "learn-patch-asg-ad-ec2-ssm-ad-role",
            "inline_policy": [],
            "managed_policy_arns": [],
            "max_session_duration": 3600,
            "name": "learn-patch-asg-ad-ec2-ssm-ad-role",
            "name_prefix": "",
            "path": "/",
            "permissions_boundary": "",
            "tags": {
              "Name": "learn-patch-asg-ad-ec2-ssm-ad-role"
            },
            "tags_all": {
              "Name": "learn-patch-asg-ad-ec2-ssm-ad-role"
            },
            "unique_id": "AROA3DDR2ZLAGOOMUHUGP"
          },
          "sensitive_attributes": [],
          "identity_schema_version": 0,
          "identity": {
            "account_id": "762595429056",
            "name": "learn-patch-asg-ad-ec2-ssm-ad-role"
          },
          "private": "bnVsbA==",
          "create_before_destroy": true
        }
      ]
    },
    {
      "mode": "managed",
      "type": "aws_iam_role",
      "name": "ec2_ssm_linux",
      "provider": "provider[\"registry.terraform.io/hashicorp/aws\"]",
      "instances": [
        {
          "schema_version": 0,
          "attributes": {
            "arn": "arn:aws:iam::762595429056:role/learn-patch-asg-ad-ec2-ssm-linux-role",
            "assume_role_policy": "{\"Statement\":[{\"Action\":\"sts:AssumeRole\",\"Effect\":\"Allow\",\"Principal\":{\"Service\":\"ec2.amazonaws.com\"}}],\"Version\":\"2012-10-17\"}",
            "create_date": "2026-06-14T06:21:02Z",
            "description": "",
            "force_detach_policies": false,
            "id": "learn-patch-asg-ad-ec2-ssm-linux-role",
            "inline_policy": [],
            "managed_policy_arns": [],
            "max_session_duration": 3600,
            "name": "learn-patch-asg-ad-ec2-ssm-linux-role",
            "name_prefix": "",
            "path": "/",
            "permissions_boundary": "",
            "tags": {
              "Name": "learn-patch-asg-ad-ec2-ssm-linux-role"
            },
            "tags_all": {
              "Name": "learn-patch-asg-ad-ec2-ssm-linux-role"
            },
            "unique_id": "AROA3DDR2ZLAOWD5LZZ6E"
          },
          "sensitive_attributes": [],
          "identity_schema_version": 0,
          "identity": {
            "account_id": "762595429056",
            "name": "learn-patch-asg-ad-ec2-ssm-linux-role"
          },
          "private": "bnVsbA=="
        }
      ]
    },
    {
      "mode": "managed",
      "type": "aws_iam_role_policy",
      "name": "lambda_asg_access",
      "provider": "provider[\"registry.terraform.io/hashicorp/aws\"]",
      "instances": [
        {
          "schema_version": 0,
          "attributes": {
            "id": "customer-asg-state-change-lambda-role:asg-enter-exit-standby-policy",
            "name": "asg-enter-exit-standby-policy",
            "name_prefix": "",
            "policy": "{\"Version\":\"2012-10-17\",\"Statement\":[{\"Action\":[\"autoscaling:EnterStandby\",\"autoscaling:ExitStandby\",\"autoscaling:DescribeAutoScalingGroups\",\"autoscaling:DescribeAutoScalingInstances\",\"autoscaling:UpdateAutoScalingGroup\",\"autoscaling:SetDesiredCapacity\",\"ec2:DescribeInstances\",\"ec2:DescribeInstanceStatus\",\"ec2:CreateTags\"],\"Effect\":\"Allow\",\"Resource\":\"*\"}]}",
            "role": "customer-asg-state-change-lambda-role"
          },
          "sensitive_attributes": [],
          "identity_schema_version": 0,
          "identity": {
            "account_id": "762595429056",
            "name": "asg-enter-exit-standby-policy",
            "role": "customer-asg-state-change-lambda-role"
          },
          "private": "bnVsbA==",
          "dependencies": [
            "aws_iam_role.asg_state_change_lambda"
          ]
        }
      ]
    },
    {
      "mode": "managed",
      "type": "aws_iam_role_policy_attachment",
      "name": "lambda_basic",
      "provider": "provider[\"registry.terraform.io/hashicorp/aws\"]",
      "instances": [
        {
          "schema_version": 0,
          "attributes": {
            "id": "customer-asg-state-change-lambda-role/arn:aws:iam::aws:policy/service-role/AWSLambdaBasicExecutionRole",
            "policy_arn": "arn:aws:iam::aws:policy/service-role/AWSLambdaBasicExecutionRole",
            "role": "customer-asg-state-change-lambda-role"
          },
          "sensitive_attributes": [],
          "identity_schema_version": 0,
          "identity": {
            "account_id": "762595429056",
            "policy_arn": "arn:aws:iam::aws:policy/service-role/AWSLambdaBasicExecutionRole",
            "role": "customer-asg-state-change-lambda-role"
          },
          "private": "bnVsbA==",
          "dependencies": [
            "aws_iam_role.asg_state_change_lambda"
          ]
        }
      ]
    },
    {
      "mode": "managed",
      "type": "aws_iam_role_policy_attachment",
      "name": "ssm_core",
      "provider": "provider[\"registry.terraform.io/hashicorp/aws\"]",
      "instances": [
        {
          "schema_version": 0,
          "attributes": {
            "id": "learn-patch-asg-ad-ec2-ssm-ad-role/arn:aws:iam::aws:policy/AmazonSSMManagedInstanceCore",
            "policy_arn": "arn:aws:iam::aws:policy/AmazonSSMManagedInstanceCore",
            "role": "learn-patch-asg-ad-ec2-ssm-ad-role"
          },
          "sensitive_attributes": [],
          "identity_schema_version": 0,
          "identity": {
            "account_id": "762595429056",
            "policy_arn": "arn:aws:iam::aws:policy/AmazonSSMManagedInstanceCore",
            "role": "learn-patch-asg-ad-ec2-ssm-ad-role"
          },
          "private": "bnVsbA==",
          "dependencies": [
            "aws_iam_role.ec2_ssm_ad"
          ]
        }
      ]
    },
    {
      "mode": "managed",
      "type": "aws_iam_role_policy_attachment",
      "name": "ssm_core_linux",
      "provider": "provider[\"registry.terraform.io/hashicorp/aws\"]",
      "instances": [
        {
          "schema_version": 0,
          "attributes": {
            "id": "learn-patch-asg-ad-ec2-ssm-linux-role/arn:aws:iam::aws:policy/AmazonSSMManagedInstanceCore",
            "policy_arn": "arn:aws:iam::aws:policy/AmazonSSMManagedInstanceCore",
            "role": "learn-patch-asg-ad-ec2-ssm-linux-role"
          },
          "sensitive_attributes": [],
          "identity_schema_version": 0,
          "identity": {
            "account_id": "762595429056",
            "policy_arn": "arn:aws:iam::aws:policy/AmazonSSMManagedInstanceCore",
            "role": "learn-patch-asg-ad-ec2-ssm-linux-role"
          },
          "private": "bnVsbA==",
          "dependencies": [
            "aws_iam_role.ec2_ssm_linux"
          ]
        }
      ]
    },
    {
      "mode": "managed",
      "type": "aws_iam_role_policy_attachment",
      "name": "ssm_directory",
      "provider": "provider[\"registry.terraform.io/hashicorp/aws\"]",
      "instances": [
        {
          "schema_version": 0,
          "attributes": {
            "id": "learn-patch-asg-ad-ec2-ssm-ad-role/arn:aws:iam::aws:policy/AmazonSSMDirectoryServiceAccess",
            "policy_arn": "arn:aws:iam::aws:policy/AmazonSSMDirectoryServiceAccess",
            "role": "learn-patch-asg-ad-ec2-ssm-ad-role"
          },
          "sensitive_attributes": [],
          "identity_schema_version": 0,
          "identity": {
            "account_id": "762595429056",
            "policy_arn": "arn:aws:iam::aws:policy/AmazonSSMDirectoryServiceAccess",
            "role": "learn-patch-asg-ad-ec2-ssm-ad-role"
          },
          "private": "bnVsbA==",
          "dependencies": [
            "aws_iam_role.ec2_ssm_ad"
          ]
        }
      ]
    },
    {
      "mode": "managed",
      "type": "aws_instance",
      "name": "linux_ubuntu",
      "provider": "provider[\"registry.terraform.io/hashicorp/aws\"]",
      "instances": [
        {
          "schema_version": 2,
          "attributes": {
            "ami": "ami-0d7405d05f836d0d4",
            "arn": "arn:aws:ec2:us-east-1:762595429056:instance/i-0de58d839dfa5c85b",
            "associate_public_ip_address": false,
            "availability_zone": "us-east-1a",
            "capacity_reservation_specification": [
              {
                "capacity_reservation_preference": "open",
                "capacity_reservation_target": []
              }
            ],
            "cpu_options": [
              {
                "amd_sev_snp": "",
                "core_count": 1,
                "nested_virtualization": "",
                "threads_per_core": 2
              }
            ],
            "credit_specification": [
              {
                "cpu_credits": "unlimited"
              }
            ],
            "disable_api_stop": false,
            "disable_api_termination": false,
            "ebs_block_device": [],
            "ebs_optimized": false,
            "enable_primary_ipv6": null,
            "enclave_options": [
              {
                "enabled": false
              }
            ],
            "ephemeral_block_device": [],
            "force_destroy": false,
            "get_password_data": false,
            "hibernation": false,
            "host_id": "",
            "host_resource_group_arn": null,
            "iam_instance_profile": "learn-patch-asg-ad-ec2-ssm-linux-profile",
            "id": "i-0de58d839dfa5c85b",
            "instance_initiated_shutdown_behavior": "stop",
            "instance_lifecycle": "",
            "instance_market_options": [],
            "instance_state": "running",
            "instance_type": "t3.medium",
            "ipv6_address_count": 0,
            "ipv6_addresses": [],
            "key_name": "",
            "launch_template": [],
            "maintenance_options": [
              {
                "auto_recovery": "default"
              }
            ],
            "metadata_options": [
              {
                "http_endpoint": "enabled",
                "http_protocol_ipv6": "disabled",
                "http_put_response_hop_limit": 2,
                "http_tokens": "required",
                "instance_metadata_tags": "disabled"
              }
            ],
            "monitoring": false,
            "network_interface": [],
            "outpost_arn": "",
            "password_data": "",
            "placement_group": "",
            "placement_group_id": "",
            "placement_partition_number": 0,
            "primary_network_interface": [
              {
                "delete_on_termination": true,
                "network_interface_id": "eni-00c46d0c5d19a8a30"
              }
            ],
            "primary_network_interface_id": "eni-00c46d0c5d19a8a30",
            "private_dns": "ip-172-16-2-91.ec2.internal",
            "private_dns_name_options": [
              {
                "enable_resource_name_dns_a_record": false,
                "enable_resource_name_dns_aaaa_record": false,
                "hostname_type": "ip-name"
              }
            ],
            "private_ip": "172.16.2.91",
            "public_dns": "",
            "public_ip": "",
            "region": "us-east-1",
            "root_block_device": [
              {
                "delete_on_termination": true,
                "device_name": "/dev/sda1",
                "encrypted": false,
                "iops": 100,
                "kms_key_id": "",
                "tags": {},
                "tags_all": {},
                "throughput": 0,
                "volume_id": "vol-0384e1f00d77ff0f5",
                "volume_size": 8,
                "volume_type": "gp2"
              }
            ],
            "secondary_network_interface": [],
            "secondary_private_ips": [],
            "security_groups": [],
            "source_dest_check": true,
            "spot_instance_request_id": "",
            "subnet_id": "subnet-06c6112a2756529d8",
            "tags": {
              "Name": "learn-patch-asg-ad-linux-ubuntu",
              "OS": "Ubuntu 22.04",
              "PatchGroup": "Linux-Production",
              "auto-delete": "no"
            },
            "tags_all": {
              "Name": "learn-patch-asg-ad-linux-ubuntu",
              "OS": "Ubuntu 22.04",
              "PatchGroup": "Linux-Production",
              "auto-delete": "no"
            },
            "tenancy": "default",
            "timeouts": null,
            "user_data": null,
            "user_data_base64": null,
            "user_data_replace_on_change": false,
            "volume_tags": null,
            "vpc_security_group_ids": [
              "sg-0b6b7b59dfd6875a4"
            ]
          },
          "sensitive_attributes": [],
          "identity_schema_version": 0,
          "identity": {
            "account_id": "762595429056",
            "id": "i-0de58d839dfa5c85b",
            "region": "us-east-1"
          },
          "private": "eyJlMmJmYjczMC1lY2FhLTExZTYtOGY4OC0zNDM2M2JjN2M0YzAiOnsiY3JlYXRlIjo2MDAwMDAwMDAwMDAsImRlbGV0ZSI6MTIwMDAwMDAwMDAwMCwicmVhZCI6OTAwMDAwMDAwMDAwLCJ1cGRhdGUiOjYwMDAwMDAwMDAwMH0sInNjaGVtYV92ZXJzaW9uIjoiMiJ9",
          "dependencies": [
            "aws_eip.nat",
            "aws_iam_instance_profile.ec2_ssm_linux",
            "aws_iam_role.ec2_ssm_linux",
            "aws_internet_gateway.igw",
            "aws_nat_gateway.nat",
            "aws_security_group.alb",
            "aws_security_group.linux_ubuntu",
            "aws_subnet.private",
            "aws_subnet.public",
            "aws_vpc.main",
            "data.aws_ami.ubuntu_2204",
            "data.aws_vpc.existing"
          ]
        }
      ]
    },
    {
      "mode": "managed",
      "type": "aws_internet_gateway",
      "name": "igw",
      "provider": "provider[\"registry.terraform.io/hashicorp/aws\"]",
      "instances": [
        {
          "index_key": 0,
          "schema_version": 0,
          "attributes": {
            "arn": "arn:aws:ec2:us-east-1:762595429056:internet-gateway/igw-0a90b91493c11285e",
            "id": "igw-0a90b91493c11285e",
            "owner_id": "762595429056",
            "region": "us-east-1",
            "tags": {
              "Name": "learn-patch-asg-ad-igw"
            },
            "tags_all": {
              "Name": "learn-patch-asg-ad-igw"
            },
            "timeouts": null,
            "vpc_id": "vpc-0b1b81ccdc28453be"
          },
          "sensitive_attributes": [],
          "identity_schema_version": 0,
          "identity": {
            "account_id": "762595429056",
            "id": "igw-0a90b91493c11285e",
            "region": "us-east-1"
          },
          "private": "eyJlMmJmYjczMC1lY2FhLTExZTYtOGY4OC0zNDM2M2JjN2M0YzAiOnsiY3JlYXRlIjoxMjAwMDAwMDAwMDAwLCJkZWxldGUiOjEyMDAwMDAwMDAwMDAsInVwZGF0ZSI6MTIwMDAwMDAwMDAwMH19",
          "dependencies": [
            "aws_vpc.main",
            "data.aws_vpc.existing"
          ]
        }
      ]
    },
    {
      "mode": "managed",
      "type": "aws_launch_template",
      "name": "windows",
      "provider": "provider[\"registry.terraform.io/hashicorp/aws\"]",
      "instances": [
        {
          "schema_version": 1,
          "attributes": {
            "arn": "arn:aws:ec2:us-east-1:762595429056:launch-template/lt-034f4097217e10518",
            "block_device_mappings": [],
            "capacity_reservation_specification": [],
            "cpu_options": [],
            "credit_specification": [],
            "default_version": 7,
            "description": "",
            "disable_api_stop": false,
            "disable_api_termination": false,
            "ebs_optimized": "",
            "enclave_options": [],
            "hibernation_options": [],
            "iam_instance_profile": [
              {
                "arn": "",
                "name": "learn-patch-asg-ad-ec2-ssm-ad-profile"
              }
            ],
            "id": "lt-034f4097217e10518",
            "image_id": "ami-075309a66c5dedf22",
            "instance_initiated_shutdown_behavior": "",
            "instance_market_options": [],
            "instance_requirements": [],
            "instance_type": "t3.medium",
            "kernel_id": "",
            "key_name": "",
            "latest_version": 9,
            "license_specification": [],
            "maintenance_options": [],
            "metadata_options": [
              {
                "http_endpoint": "enabled",
                "http_protocol_ipv6": "",
                "http_put_response_hop_limit": 2,
                "http_tokens": "required",
                "instance_metadata_tags": ""
              }
            ],
            "monitoring": [],
            "name": "learn-patch-asg-ad-win-20260613022242853200000002",
            "name_prefix": "learn-patch-asg-ad-win-",
            "network_interfaces": [],
            "network_performance_options": [],
            "placement": [],
            "private_dns_name_options": [],
            "ram_disk_id": "",
            "region": "us-east-1",
            "secondary_interfaces": [],
            "security_group_names": [],
            "tag_specifications": [
              {
                "resource_type": "instance",
                "tags": {
                  "ADJoin": "true",
                  "Name": "learn-patch-asg-ad-win-asg",
                  "OS": "Windows Server 2019",
                  "PatchGroup": "Windows-Production",
                  "auto-delete": "no"
                }
              },
              {
                "resource_type": "volume",
                "tags": {
                  "Name": "learn-patch-asg-ad-win-vol"
                }
              }
            ],
            "tags": {
              "Name": "learn-patch-asg-ad-win-launch-template"
            },
            "tags_all": {
              "Name": "learn-patch-asg-ad-win-launch-template"
            },
            "update_default_version": null,
            "user_data": "PHBvd2Vyc2hlbGw+Ckluc3RhbGwtV2luZG93c0ZlYXR1cmUgLU5hbWUgV2ViLVNlcnZlciAtSW5jbHVkZU1hbmFnZW1lbnRUb29scwpJbnN0YWxsLVdpbmRvd3NGZWF0dXJlIC1OYW1lIFdlYi1Bc3AtTmV0NDUKCiMgRW5hYmxlIEFTUC5ORVQgc2Vzc2lvbiBzdGF0ZQpJbXBvcnQtTW9kdWxlIFdlYkFkbWluaXN0cmF0aW9uCgojIENyZWF0ZSBkZWZhdWx0LmFzcHggLSBTZXNzaW9uIExvc3MgRGVtbyB3aXRoIExvZ2luCiRhc3B4Q29udGVudCA9IEAiCjwlQCBQYWdlIExhbmd1YWdlPSJDIyIgJT4KPCVAIEltcG9ydCBOYW1lc3BhY2U9IlN5c3RlbS5OZXQiICU+CjwhRE9DVFlQRSBodG1sPgo8c2NyaXB0IHJ1bmF0PSJzZXJ2ZXIiPgpwcm90ZWN0ZWQgc3RyaW5nIEdldEluc3RhbmNlSWQoKQp7CiAgICB0cnkKICAgIHsKICAgICAgICB1c2luZyAodmFyIGNsaWVudCA9IG5ldyBXZWJDbGllbnQoKSkKICAgICAgICB7CiAgICAgICAgICAgIGNsaWVudC5IZWFkZXJzLkFkZCgiWC1hd3MtZWMyLW1ldGFkYXRhLXRva2VuLXR0bC1zZWNvbmRzIiwgIjIxNjAwIik7CiAgICAgICAgICAgIHN0cmluZyB0b2tlbiA9IGNsaWVudC5VcGxvYWRTdHJpbmcoImh0dHA6Ly8xNjkuMjU0LjE2OS4yNTQvbGF0ZXN0L2FwaS90b2tlbiIsICJQVVQiLCAiIik7CiAgICAgICAgICAgIGNsaWVudC5IZWFkZXJzLkFkZCgiWC1hd3MtZWMyLW1ldGFkYXRhLXRva2VuIiwgdG9rZW4pOwogICAgICAgICAgICByZXR1cm4gY2xpZW50LkRvd25sb2FkU3RyaW5nKCJodHRwOi8vMTY5LjI1NC4xNjkuMjU0L2xhdGVzdC9tZXRhLWRhdGEvaW5zdGFuY2UtaWQiKTsKICAgICAgICB9CiAgICB9CiAgICBjYXRjaCB7IHJldHVybiAiTi9BIjsgfQp9Cgpwcm90ZWN0ZWQgdm9pZCBQYWdlX0xvYWQob2JqZWN0IHNlbmRlciwgRXZlbnRBcmdzIGUpCnsKICAgIC8vIEhhbmRsZSBsb2dpbgogICAgaWYgKFJlcXVlc3QuRm9ybVsiYWN0aW9uIl0gPT0gImxvZ2luIikKICAgIHsKICAgICAgICBTZXNzaW9uWyJ1c2VyIl0gPSBSZXF1ZXN0LkZvcm1bInVzZXJuYW1lIl07CiAgICAgICAgU2Vzc2lvblsibG9naW5UaW1lIl0gPSBEYXRlVGltZS5VdGNOb3cuVG9TdHJpbmcoInl5eXktTU0tZGQgSEg6bW06c3MgVVRDIik7CiAgICAgICAgU2Vzc2lvblsibG9naW5Ib3N0Il0gPSBFbnZpcm9ubWVudC5NYWNoaW5lTmFtZTsKICAgICAgICBTZXNzaW9uWyJjb3VudCJdID0gMDsKICAgICAgICBSZXNwb25zZS5SZWRpcmVjdChSZXF1ZXN0LlVybC5BYnNvbHV0ZVBhdGgsIGZhbHNlKTsKICAgICAgICBDb250ZXh0LkFwcGxpY2F0aW9uSW5zdGFuY2UuQ29tcGxldGVSZXF1ZXN0KCk7IHJldHVybjsKICAgIH0KICAgIC8vIEhhbmRsZSBsb2dvdXQKICAgIGlmIChSZXF1ZXN0LkZvcm1bImFjdGlvbiJdID09ICJsb2dvdXQiKQogICAgewogICAgICAgIFNlc3Npb24uQWJhbmRvbigpOwogICAgICAgIFJlc3BvbnNlLlJlZGlyZWN0KFJlcXVlc3QuVXJsLkFic29sdXRlUGF0aCwgZmFsc2UpOwogICAgICAgIENvbnRleHQuQXBwbGljYXRpb25JbnN0YW5jZS5Db21wbGV0ZVJlcXVlc3QoKTsgcmV0dXJuOwogICAgfQogICAgLy8gSW5jcmVtZW50IGNvdW50ZXIgaWYgbG9nZ2VkIGluCiAgICBpZiAoU2Vzc2lvblsidXNlciJdICE9IG51bGwpCiAgICB7CiAgICAgICAgU2Vzc2lvblsiY291bnQiXSA9IChpbnQpU2Vzc2lvblsiY291bnQiXSArIDE7CiAgICB9Cn0KPC9zY3JpcHQ+CjxodG1sPgo8aGVhZD4KICA8dGl0bGU+QVNHIFNlc3Npb24gRGVtbyAtIFdoeSBTeXNwcmVwIE1hdHRlcnM8L3RpdGxlPgogIDxzdHlsZT4KICAgICogeyBtYXJnaW46IDA7IHBhZGRpbmc6IDA7IGJveC1zaXppbmc6IGJvcmRlci1ib3g7IH0KICAgIGJvZHkgeyBmb250LWZhbWlseTogLWFwcGxlLXN5c3RlbSwgQmxpbmtNYWNTeXN0ZW1Gb250LCAiU2Vnb2UgVUkiLCBSb2JvdG8sIHNhbnMtc2VyaWY7IGJhY2tncm91bmQ6IGxpbmVhci1ncmFkaWVudCgxMzVkZWcsICMxZTNhNWYgMCUsICMwZjIwMjcgMTAwJSk7IG1pbi1oZWlnaHQ6IDEwMHZoOyBkaXNwbGF5OiBmbGV4OyBmbGV4LWRpcmVjdGlvbjogY29sdW1uOyBhbGlnbi1pdGVtczogY2VudGVyOyBqdXN0aWZ5LWNvbnRlbnQ6IGNlbnRlcjsgcGFkZGluZzogMjBweDsgfQogICAgLnRvcC1iYXIgeyBiYWNrZ3JvdW5kOiAjMjIyOyBjb2xvcjogI2ZmZjsgcGFkZGluZzogMTBweCAyMHB4OyBwb3NpdGlvbjogZml4ZWQ7IHRvcDogMDsgbGVmdDogMDsgd2lkdGg6IDEwMCU7IHotaW5kZXg6IDk5OTsgZm9udC1zaXplOiAwLjg1ZW07IHRleHQtYWxpZ246IGNlbnRlcjsgfQogICAgLnRvcC1iYXIgc3BhbiB7IGNvbG9yOiAjNGFkZTgwOyBmb250LXdlaWdodDogNjAwOyB9CiAgICAuY2FyZCB7IGJhY2tncm91bmQ6ICNmZmY7IGJvcmRlci1yYWRpdXM6IDE2cHg7IGJveC1zaGFkb3c6IDAgMjBweCA2MHB4IHJnYmEoMCwwLDAsMC4zKTsgcGFkZGluZzogNDBweDsgbWF4LXdpZHRoOiA2MDBweDsgd2lkdGg6IDEwMCU7IG1hcmdpbi10b3A6IDUwcHg7IH0KICAgIC5oZWFkZXIgeyB0ZXh0LWFsaWduOiBjZW50ZXI7IG1hcmdpbi1ib3R0b206IDI0cHg7IH0KICAgIC5oZWFkZXIgaDEgeyBmb250LXNpemU6IDEuNWVtOyBjb2xvcjogIzFlM2E1ZjsgbWFyZ2luLWJvdHRvbTogNnB4OyB9CiAgICAuaGVhZGVyIHAgeyBjb2xvcjogIzZiNzI4MDsgZm9udC1zaXplOiAwLjg1ZW07IH0KICAgIC5sb2dpbi1mb3JtIHsgdGV4dC1hbGlnbjogY2VudGVyOyBwYWRkaW5nOiAzMHB4IDA7IH0KICAgIC5sb2dpbi1mb3JtIGlucHV0W3R5cGU9InRleHQiXSB7IHBhZGRpbmc6IDEycHggMjBweDsgYm9yZGVyOiAycHggc29saWQgI2UyZThmMDsgYm9yZGVyLXJhZGl1czogOHB4OyBmb250LXNpemU6IDFlbTsgd2lkdGg6IDYwJTsgbWFyZ2luLWJvdHRvbTogMTJweDsgfQogICAgLmxvZ2luLWZvcm0gYnV0dG9uLCAuYnRuIHsgYmFja2dyb3VuZDogbGluZWFyLWdyYWRpZW50KDEzNWRlZywgIzNiODJmNiwgIzFkNGVkOCk7IGNvbG9yOiAjZmZmOyBib3JkZXI6IG5vbmU7IHBhZGRpbmc6IDEycHggMjhweDsgYm9yZGVyLXJhZGl1czogOHB4OyBmb250LXNpemU6IDAuOTVlbTsgY3Vyc29yOiBwb2ludGVyOyBmb250LXdlaWdodDogNjAwOyB9CiAgICAubG9naW4tZm9ybSBidXR0b246aG92ZXIsIC5idG46aG92ZXIgeyBvcGFjaXR5OiAwLjk7IH0KICAgIC5idG4tcmVkIHsgYmFja2dyb3VuZDogbGluZWFyLWdyYWRpZW50KDEzNWRlZywgI2VmNDQ0NCwgI2I5MWMxYyk7IH0KICAgIC5pbmZvLWdyaWQgeyBkaXNwbGF5OiBncmlkOyBnYXA6IDEwcHg7IG1hcmdpbjogMjBweCAwOyB9CiAgICAuaW5mby1pdGVtIHsgYmFja2dyb3VuZDogI2Y4ZmFmYzsgYm9yZGVyOiAxcHggc29saWQgI2UyZThmMDsgYm9yZGVyLXJhZGl1czogMTBweDsgcGFkZGluZzogMTRweCAxOHB4OyBkaXNwbGF5OiBmbGV4OyBqdXN0aWZ5LWNvbnRlbnQ6IHNwYWNlLWJldHdlZW47IGFsaWduLWl0ZW1zOiBjZW50ZXI7IH0KICAgIC5pbmZvLWl0ZW0gLmxhYmVsIHsgZm9udC1zaXplOiAwLjhlbTsgY29sb3I6ICM2NDc0OGI7IGZvbnQtd2VpZ2h0OiA1MDA7IHRleHQtdHJhbnNmb3JtOiB1cHBlcmNhc2U7IGxldHRlci1zcGFjaW5nOiAwLjVweDsgfQogICAgLmluZm8taXRlbSAudmFsdWUgeyBmb250LWZhbWlseTogIkNhc2NhZGlhIENvZGUiLCAiRmlyYSBDb2RlIiwgbW9ub3NwYWNlOyBmb250LXNpemU6IDAuODVlbTsgY29sb3I6ICMxZTI5M2I7IGZvbnQtd2VpZ2h0OiA2MDA7IH0KICAgIC5hbGVydCB7IGJvcmRlci1yYWRpdXM6IDEwcHg7IHBhZGRpbmc6IDE0cHggMThweDsgbWFyZ2luOiAxMnB4IDA7IGZvbnQtc2l6ZTogMC44NWVtOyB9CiAgICAuYWxlcnQtZ3JlZW4geyBiYWNrZ3JvdW5kOiAjZGNmY2U3OyBib3JkZXI6IDFweCBzb2xpZCAjODZlZmFjOyBjb2xvcjogIzE2NjUzNDsgfQogICAgLmFsZXJ0LXJlZCB7IGJhY2tncm91bmQ6ICNmZWUyZTI7IGJvcmRlcjogMXB4IHNvbGlkICNmY2E1YTU7IGNvbG9yOiAjOTkxYjFiOyB9CiAgICAuYWxlcnQtYmx1ZSB7IGJhY2tncm91bmQ6ICNkYmVhZmU7IGJvcmRlcjogMXB4IHNvbGlkICM5M2M1ZmQ7IGNvbG9yOiAjMWU0MGFmOyB9CiAgICAuY291bnRlci1pdGVtIHsgYmFja2dyb3VuZDogbGluZWFyLWdyYWRpZW50KDEzNWRlZywgIzNiODJmNiwgIzFkNGVkOCk7IGJvcmRlcjogbm9uZTsgfQogICAgLmNvdW50ZXItaXRlbSAubGFiZWwgeyBjb2xvcjogcmdiYSgyNTUsMjU1LDI1NSwwLjgpOyB9CiAgICAuY291bnRlci1pdGVtIC52YWx1ZSB7IGNvbG9yOiAjZmZmOyBmb250LXNpemU6IDEuM2VtOyB9CiAgICAuc2VjdGlvbi10aXRsZSB7IGZvbnQtc2l6ZTogMC43NWVtOyBjb2xvcjogIzk0YTNiODsgdGV4dC10cmFuc2Zvcm06IHVwcGVyY2FzZTsgbGV0dGVyLXNwYWNpbmc6IDFweDsgbWFyZ2luOiAxNnB4IDAgOHB4OyBmb250LXdlaWdodDogNjAwOyB9CiAgICAuZm9vdGVyIHsgdGV4dC1hbGlnbjogY2VudGVyOyBtYXJnaW4tdG9wOiAyMHB4OyBwYWRkaW5nLXRvcDogMTZweDsgYm9yZGVyLXRvcDogMXB4IHNvbGlkICNlMmU4ZjA7IH0KICAgIC5mb290ZXIgcCB7IGNvbG9yOiAjOTRhM2I4OyBmb250LXNpemU6IDAuNzVlbTsgbGluZS1oZWlnaHQ6IDEuNjsgfQogICAgLmJhZGdlIHsgZGlzcGxheTogaW5saW5lLWJsb2NrOyBmb250LXNpemU6IDAuN2VtOyBwYWRkaW5nOiAzcHggMTBweDsgYm9yZGVyLXJhZGl1czogMjBweDsgZm9udC13ZWlnaHQ6IDYwMDsgfQogICAgLmJhZGdlLWdyZWVuIHsgYmFja2dyb3VuZDogI2RjZmNlNzsgY29sb3I6ICMxNjY1MzQ7IH0KICAgIC5iYWRnZS15ZWxsb3cgeyBiYWNrZ3JvdW5kOiAjZmVmM2M3OyBjb2xvcjogIzkyNDAwZTsgfQogIDwvc3R5bGU+CjwvaGVhZD4KPGJvZHk+CiAgPGRpdiBjbGFzcz0idG9wLWJhciI+CiAgICBSdW5uaW5nIG9uOiA8c3Bhbj48JSBSZXNwb25zZS5Xcml0ZShFbnZpcm9ubWVudC5NYWNoaW5lTmFtZSk7ICU+PC9zcGFuPgogICAgJm5ic3A7fCZuYnNwOyBJbnN0YW5jZTogPHNwYW4+PCUgUmVzcG9uc2UuV3JpdGUoR2V0SW5zdGFuY2VJZCgpKTsgJT48L3NwYW4+CiAgICAmbmJzcDt8Jm5ic3A7IFN5c3ByZXAgYXNzaWducyB1bmlxdWUgaG9zdG5hbWUgcGVyIGluc3RhbmNlIGZyb20gQU1JCiAgPC9kaXY+CgogIDxkaXYgY2xhc3M9ImNhcmQiPgogICAgPGRpdiBjbGFzcz0iaGVhZGVyIj4KICAgICAgPGgxPkFTRyBJbnN0YW5jZSBSZWZyZXNoICYgU2Vzc2lvbiBEZW1vPC9oMT4KICAgICAgPHA+RGVtb25zdHJhdGVzIHdoeSBJblByb2Mgc2Vzc2lvbnMgYnJlYWsgZHVyaW5nIEFTRyBJbnN0YW5jZSBSZWZyZXNoPC9wPgogICAgPC9kaXY+CgogICAgPCUgaWYgKFNlc3Npb25bInVzZXIiXSA9PSBudWxsKSB7ICU+CiAgICAgIDwhLS0gTE9HSU4gRk9STSAtLT4KICAgICAgPGRpdiBjbGFzcz0iYWxlcnQgYWxlcnQtYmx1ZSI+CiAgICAgICAgPHN0cm9uZz5EZW1vOjwvc3Ryb25nPiBMb2dpbiBiZWxvdywgdGhlbiB0cmlnZ2VyIGFuIEFTRyBJbnN0YW5jZSBSZWZyZXNoLgogICAgICAgIFlvdXIgc2Vzc2lvbiAoc3RvcmVkIGluIHNlcnZlciBtZW1vcnkpIHdpbGwgYmUgbG9zdCB3aGVuIHRoaXMgaW5zdGFuY2UgaXMgcmVwbGFjZWQuCiAgICAgIDwvZGl2PgogICAgICA8Zm9ybSBtZXRob2Q9InBvc3QiIGNsYXNzPSJsb2dpbi1mb3JtIj4KICAgICAgICA8aW5wdXQgdHlwZT0iaGlkZGVuIiBuYW1lPSJhY3Rpb24iIHZhbHVlPSJsb2dpbiIgLz4KICAgICAgICA8aW5wdXQgdHlwZT0idGV4dCIgbmFtZT0idXNlcm5hbWUiIHBsYWNlaG9sZGVyPSJFbnRlciB5b3VyIG5hbWUiIHJlcXVpcmVkIC8+PGJyLz4KICAgICAgICA8YnV0dG9uIHR5cGU9InN1Ym1pdCI+TG9naW48L2J1dHRvbj4KICAgICAgPC9mb3JtPgoKICAgIDwlIH0gZWxzZSB7ICU+CiAgICAgIDwhLS0gTE9HR0VEIElOIFZJRVcgLS0+CiAgICAgIDxkaXYgY2xhc3M9ImFsZXJ0IGFsZXJ0LWdyZWVuIj4KICAgICAgICBMb2dnZWQgaW4gYXMgPHN0cm9uZz48JSBSZXNwb25zZS5Xcml0ZShTZXNzaW9uWyJ1c2VyIl0pOyAlPjwvc3Ryb25nPgogICAgICAgIDxzcGFuIGNsYXNzPSJiYWRnZSBiYWRnZS1ncmVlbiI+U0VTU0lPTiBBQ1RJVkU8L3NwYW4+CiAgICAgIDwvZGl2PgoKICAgICAgPGRpdiBjbGFzcz0ic2VjdGlvbi10aXRsZSI+Q3VycmVudCBTZXJ2ZXI8L2Rpdj4KICAgICAgPGRpdiBjbGFzcz0iaW5mby1ncmlkIj4KICAgICAgICA8ZGl2IGNsYXNzPSJpbmZvLWl0ZW0iPgogICAgICAgICAgPHNwYW4gY2xhc3M9ImxhYmVsIj5Ib3N0bmFtZSAoYWZ0ZXIgU3lzcHJlcCk8L3NwYW4+CiAgICAgICAgICA8c3BhbiBjbGFzcz0idmFsdWUiPjwlIFJlc3BvbnNlLldyaXRlKEVudmlyb25tZW50Lk1hY2hpbmVOYW1lKTsgJT48L3NwYW4+CiAgICAgICAgPC9kaXY+CiAgICAgICAgPGRpdiBjbGFzcz0iaW5mby1pdGVtIj4KICAgICAgICAgIDxzcGFuIGNsYXNzPSJsYWJlbCI+SW5zdGFuY2UgSUQ8L3NwYW4+CiAgICAgICAgICA8c3BhbiBjbGFzcz0idmFsdWUiPjwlIFJlc3BvbnNlLldyaXRlKEdldEluc3RhbmNlSWQoKSk7ICU+PC9zcGFuPgogICAgICAgIDwvZGl2PgogICAgICA8L2Rpdj4KCiAgICAgIDxkaXYgY2xhc3M9InNlY3Rpb24tdGl0bGUiPlNlc3Npb24gU3RhdGUgKEluUHJvYyAtIFNlcnZlciBNZW1vcnkpPC9kaXY+CiAgICAgIDxkaXYgY2xhc3M9ImluZm8tZ3JpZCI+CiAgICAgICAgPGRpdiBjbGFzcz0iaW5mby1pdGVtIj4KICAgICAgICAgIDxzcGFuIGNsYXNzPSJsYWJlbCI+U2Vzc2lvbiBJRDwvc3Bhbj4KICAgICAgICAgIDxzcGFuIGNsYXNzPSJ2YWx1ZSI+PCUgUmVzcG9uc2UuV3JpdGUoU2Vzc2lvbi5TZXNzaW9uSUQuU3Vic3RyaW5nKDAsIDE2KSArICIuLi4iKTsgJT48L3NwYW4+CiAgICAgICAgPC9kaXY+CiAgICAgICAgPGRpdiBjbGFzcz0iaW5mby1pdGVtIj4KICAgICAgICAgIDxzcGFuIGNsYXNzPSJsYWJlbCI+TG9nZ2VkIGluIGF0PC9zcGFuPgogICAgICAgICAgPHNwYW4gY2xhc3M9InZhbHVlIj48JSBSZXNwb25zZS5Xcml0ZShTZXNzaW9uWyJsb2dpblRpbWUiXSk7ICU+PC9zcGFuPgogICAgICAgIDwvZGl2PgogICAgICAgIDxkaXYgY2xhc3M9ImluZm8taXRlbSI+CiAgICAgICAgICA8c3BhbiBjbGFzcz0ibGFiZWwiPk9yaWdpbmFsIEhvc3Q8L3NwYW4+CiAgICAgICAgICA8c3BhbiBjbGFzcz0idmFsdWUiPjwlIFJlc3BvbnNlLldyaXRlKFNlc3Npb25bImxvZ2luSG9zdCJdKTsgJT48L3NwYW4+CiAgICAgICAgPC9kaXY+CiAgICAgICAgPGRpdiBjbGFzcz0iaW5mby1pdGVtIGNvdW50ZXItaXRlbSI+CiAgICAgICAgICA8c3BhbiBjbGFzcz0ibGFiZWwiPlBhZ2UgVmlld3MgVGhpcyBTZXNzaW9uPC9zcGFuPgogICAgICAgICAgPHNwYW4gY2xhc3M9InZhbHVlIj48JSBSZXNwb25zZS5Xcml0ZShTZXNzaW9uWyJjb3VudCJdKTsgJT48L3NwYW4+CiAgICAgICAgPC9kaXY+CiAgICAgIDwvZGl2PgoKICAgICAgPCUgaWYgKChzdHJpbmcpU2Vzc2lvblsibG9naW5Ib3N0Il0gIT0gRW52aXJvbm1lbnQuTWFjaGluZU5hbWUpIHsgJT4KICAgICAgICA8ZGl2IGNsYXNzPSJhbGVydCBhbGVydC1yZWQiPgogICAgICAgICAgPHN0cm9uZz5TRVNTSU9OIE1JU01BVENIITwvc3Ryb25nPiBZb3UgbG9nZ2VkIGluIG9uCiAgICAgICAgICA8c3Ryb25nPjwlIFJlc3BvbnNlLldyaXRlKFNlc3Npb25bImxvZ2luSG9zdCJdKTsgJT48L3N0cm9uZz4gYnV0IGFyZSBub3cgb24KICAgICAgICAgIDxzdHJvbmc+PCUgUmVzcG9uc2UuV3JpdGUoRW52aXJvbm1lbnQuTWFjaGluZU5hbWUpOyAlPjwvc3Ryb25nPi4KICAgICAgICAgIFRoaXMgbWVhbnMgeW91ciBvcmlnaW5hbCBpbnN0YW5jZSB3YXMgdGVybWluYXRlZCBkdXJpbmcgSW5zdGFuY2UgUmVmcmVzaCEKICAgICAgICA8L2Rpdj4KICAgICAgPCUgfSBlbHNlIHsgJT4KICAgICAgICA8ZGl2IGNsYXNzPSJhbGVydCBhbGVydC1ibHVlIj4KICAgICAgICAgIDxzdHJvbmc+U3RpY2t5Ojwvc3Ryb25nPiBZb3UgYXJlIHN0aWxsIG9uIHRoZSBzYW1lIGhvc3QuIFRyaWdnZXIgYW4gSW5zdGFuY2UgUmVmcmVzaAogICAgICAgICAgdG8gc2VlIHdoYXQgaGFwcGVucyB3aGVuIHRoaXMgaW5zdGFuY2UgaXMgcmVwbGFjZWQuCiAgICAgICAgPC9kaXY+CiAgICAgIDwlIH0gJT4KCiAgICAgIDxkaXYgc3R5bGU9InRleHQtYWxpZ246Y2VudGVyOyBtYXJnaW4tdG9wOjE2cHg7Ij4KICAgICAgICA8Zm9ybSBtZXRob2Q9InBvc3QiIHN0eWxlPSJkaXNwbGF5OmlubGluZTsiPgogICAgICAgICAgPGlucHV0IHR5cGU9ImhpZGRlbiIgbmFtZT0iYWN0aW9uIiB2YWx1ZT0ibG9nb3V0IiAvPgogICAgICAgICAgPGJ1dHRvbiB0eXBlPSJzdWJtaXQiIGNsYXNzPSJidG4gYnRuLXJlZCI+TG9nb3V0PC9idXR0b24+CiAgICAgICAgPC9mb3JtPgogICAgICA8L2Rpdj4KCiAgICA8JSB9ICU+CgogICAgPGRpdiBjbGFzcz0iZm9vdGVyIj4KICAgICAgPHA+CiAgICAgICAgPHN0cm9uZz5XaGF0IHRoaXMgZGVtbyBwcm92ZXM6PC9zdHJvbmc+PGJyLz4KICAgICAgICAxLiBTeXNwcmVwIGdpdmVzIGVhY2ggQVNHIGluc3RhbmNlIGEgdW5pcXVlIGhvc3RuYW1lIChubyBTSUQgY29uZmxpY3RzIGluIEFEKTxici8+CiAgICAgICAgMi4gSW5Qcm9jIHNlc3Npb25zIGFyZSBsb3N0IHdoZW4gdGhlIGluc3RhbmNlIGlzIHRlcm1pbmF0ZWQgZHVyaW5nIHJlZnJlc2g8YnIvPgogICAgICAgIDMuIFN0aWNreSBzZXNzaW9ucyBvbmx5IHdvcmsgd2hpbGUgdGhlIHNlcnZlciBpcyBhbGl2ZTxici8+CiAgICAgICAgNC4gU29sdXRpb246IFVzZSBSZWRpcy9EeW5hbW9EQi9TUUwgZm9yIHNlc3Npb24gc3RhdGUsIG9yIEpXVCB0b2tlbnMKICAgICAgPC9wPgogICAgICA8cCBzdHlsZT0ibWFyZ2luLXRvcDo4cHg7Ij4KICAgICAgICBTZXNzaW9uIE1vZGU6IDxzcGFuIGNsYXNzPSJiYWRnZSBiYWRnZS15ZWxsb3ciPkluUHJvYyAoU2VydmVyIE1lbW9yeSk8L3NwYW4+CiAgICAgIDwvcD4KICAgIDwvZGl2PgogIDwvZGl2Pgo8L2JvZHk+CjwvaHRtbD4KIkAKU2V0LUNvbnRlbnQgLVBhdGggIkM6XGluZXRwdWJcd3d3cm9vdFxkZWZhdWx0LmFzcHgiIC1WYWx1ZSAkYXNweENvbnRlbnQgLUVuY29kaW5nIFVURjgKCiMgUmVtb3ZlIGRlZmF1bHQgSUlTIHBhZ2VzClJlbW92ZS1JdGVtIC1QYXRoICJDOlxpbmV0cHViXHd3d3Jvb3RcaWlzc3RhcnQuaHRtIiAtRXJyb3JBY3Rpb24gU2lsZW50bHlDb250aW51ZQpSZW1vdmUtSXRlbSAtUGF0aCAiQzpcaW5ldHB1Ylx3d3dyb290XGlpc3N0YXJ0LnBuZyIgLUVycm9yQWN0aW9uIFNpbGVudGx5Q29udGludWUKPC9wb3dlcnNoZWxsPgo=",
            "vpc_security_group_ids": [
              "sg-09910d3c7a392b3a2"
            ]
          },
          "sensitive_attributes": [],
          "identity_schema_version": 0,
          "identity": {
            "account_id": "762595429056",
            "id": "lt-034f4097217e10518",
            "region": "us-east-1"
          },
          "private": "eyJzY2hlbWFfdmVyc2lvbiI6IjEifQ==",
          "dependencies": [
            "aws_iam_instance_profile.ec2_ssm_ad",
            "aws_iam_role.ec2_ssm_ad",
            "aws_security_group.alb",
            "aws_security_group.windows_asg",
            "aws_vpc.main",
            "data.aws_ami.windows_2019",
            "data.aws_vpc.existing"
          ],
          "create_before_destroy": true
        }
      ]
    },
    {
      "mode": "managed",
      "type": "aws_lb",
      "name": "main",
      "provider": "provider[\"registry.terraform.io/hashicorp/aws\"]",
      "instances": [
        {
          "schema_version": 0,
          "attributes": {
            "access_logs": [
              {
                "bucket": "",
                "enabled": false,
                "prefix": ""
              }
            ],
            "arn": "arn:aws:elasticloadbalancing:us-east-1:762595429056:loadbalancer/app/learn-patch-asg-ad-alb/b1ae0284a484adaf",
            "arn_suffix": "app/learn-patch-asg-ad-alb/b1ae0284a484adaf",
            "client_keep_alive": 3600,
            "connection_logs": [
              {
                "bucket": "",
                "enabled": false,
                "prefix": ""
              }
            ],
            "customer_owned_ipv4_pool": "",
            "desync_mitigation_mode": "defensive",
            "dns_name": "learn-patch-asg-ad-alb-620770808.us-east-1.elb.amazonaws.com",
            "dns_record_client_routing_policy": null,
            "drop_invalid_header_fields": false,
            "enable_cross_zone_load_balancing": true,
            "enable_deletion_protection": false,
            "enable_http2": true,
            "enable_prefix_for_ipv6_source_nat": "off",
            "enable_tls_version_and_cipher_suite_headers": false,
            "enable_waf_fail_open": false,
            "enable_xff_client_port": false,
            "enable_zonal_shift": false,
            "enforce_security_group_inbound_rules_on_private_link_traffic": "",
            "health_check_logs": [
              {
                "bucket": "",
                "enabled": false,
                "prefix": ""
              }
            ],
            "id": "arn:aws:elasticloadbalancing:us-east-1:762595429056:loadbalancer/app/learn-patch-asg-ad-alb/b1ae0284a484adaf",
            "idle_timeout": 60,
            "internal": false,
            "ip_address_type": "ipv4",
            "ipam_pools": [],
            "load_balancer_type": "application",
            "minimum_load_balancer_capacity": [],
            "name": "learn-patch-asg-ad-alb",
            "name_prefix": "",
            "preserve_host_header": false,
            "region": "us-east-1",
            "secondary_ips_auto_assigned_per_subnet": null,
            "security_groups": [
              "sg-00c3836511d5064f9"
            ],
            "subnet_mapping": [
              {
                "allocation_id": "",
                "ipv6_address": "",
                "outpost_id": "",
                "private_ipv4_address": "",
                "subnet_id": "subnet-00ffcced53d68dde4"
              },
              {
                "allocation_id": "",
                "ipv6_address": "",
                "outpost_id": "",
                "private_ipv4_address": "",
                "subnet_id": "subnet-08b0f161d04c31d2a"
              }
            ],
            "subnets": [
              "subnet-00ffcced53d68dde4",
              "subnet-08b0f161d04c31d2a"
            ],
            "tags": {
              "Name": "learn-patch-asg-ad-alb",
              "auto-delete": "no"
            },
            "tags_all": {
              "Name": "learn-patch-asg-ad-alb",
              "auto-delete": "no"
            },
            "timeouts": null,
            "vpc_id": "vpc-0b1b81ccdc28453be",
            "xff_header_processing_mode": "append",
            "zone_id": "Z35SXDOTRQ7X7K"
          },
          "sensitive_attributes": [],
          "identity_schema_version": 0,
          "identity": {
            "arn": "arn:aws:elasticloadbalancing:us-east-1:762595429056:loadbalancer/app/learn-patch-asg-ad-alb/b1ae0284a484adaf"
          },
          "private": "eyJlMmJmYjczMC1lY2FhLTExZTYtOGY4OC0zNDM2M2JjN2M0YzAiOnsiY3JlYXRlIjo2MDAwMDAwMDAwMDAsImRlbGV0ZSI6NjAwMDAwMDAwMDAwLCJ1cGRhdGUiOjYwMDAwMDAwMDAwMH19",
          "dependencies": [
            "aws_security_group.alb",
            "aws_subnet.public",
            "aws_vpc.main",
            "data.aws_vpc.existing"
          ]
        }
      ]
    },
    {
      "mode": "managed",
      "type": "aws_lb_listener",
      "name": "http",
      "provider": "provider[\"registry.terraform.io/hashicorp/aws\"]",
      "instances": [
        {
          "schema_version": 0,
          "attributes": {
            "alpn_policy": null,
            "arn": "arn:aws:elasticloadbalancing:us-east-1:762595429056:listener/app/learn-patch-asg-ad-alb/b1ae0284a484adaf/6099484daeb796f3",
            "certificate_arn": null,
            "default_action": [
              {
                "authenticate_cognito": [],
                "authenticate_oidc": [],
                "fixed_response": [],
                "forward": [],
                "jwt_validation": [],
                "order": 1,
                "redirect": [],
                "target_group_arn": "arn:aws:elasticloadbalancing:us-east-1:762595429056:targetgroup/learn-patch-asg-ad-tg/9b8e21328d01cc09",
                "type": "forward"
              }
            ],
            "id": "arn:aws:elasticloadbalancing:us-east-1:762595429056:listener/app/learn-patch-asg-ad-alb/b1ae0284a484adaf/6099484daeb796f3",
            "load_balancer_arn": "arn:aws:elasticloadbalancing:us-east-1:762595429056:loadbalancer/app/learn-patch-asg-ad-alb/b1ae0284a484adaf",
            "mutual_authentication": [],
            "port": 80,
            "protocol": "HTTP",
            "region": "us-east-1",
            "routing_http_request_x_amzn_mtls_clientcert_header_name": null,
            "routing_http_request_x_amzn_mtls_clientcert_issuer_header_name": null,
            "routing_http_request_x_amzn_mtls_clientcert_leaf_header_name": null,
            "routing_http_request_x_amzn_mtls_clientcert_serial_number_header_name": null,
            "routing_http_request_x_amzn_mtls_clientcert_subject_header_name": null,
            "routing_http_request_x_amzn_mtls_clientcert_validity_header_name": null,
            "routing_http_request_x_amzn_tls_cipher_suite_header_name": null,
            "routing_http_request_x_amzn_tls_version_header_name": null,
            "routing_http_response_access_control_allow_credentials_header_value": "",
            "routing_http_response_access_control_allow_headers_header_value": "",
            "routing_http_response_access_control_allow_methods_header_value": "",
            "routing_http_response_access_control_allow_origin_header_value": "",
            "routing_http_response_access_control_expose_headers_header_value": "",
            "routing_http_response_access_control_max_age_header_value": "",
            "routing_http_response_content_security_policy_header_value": "",
            "routing_http_response_server_enabled": true,
            "routing_http_response_strict_transport_security_header_value": "",
            "routing_http_response_x_content_type_options_header_value": "",
            "routing_http_response_x_frame_options_header_value": "",
            "ssl_policy": "",
            "tags": {},
            "tags_all": {},
            "tcp_idle_timeout_seconds": null,
            "timeouts": null
          },
          "sensitive_attributes": [],
          "identity_schema_version": 0,
          "identity": {
            "arn": "arn:aws:elasticloadbalancing:us-east-1:762595429056:listener/app/learn-patch-asg-ad-alb/b1ae0284a484adaf/6099484daeb796f3"
          },
          "private": "eyJlMmJmYjczMC1lY2FhLTExZTYtOGY4OC0zNDM2M2JjN2M0YzAiOnsiY3JlYXRlIjozMDAwMDAwMDAwMDAsInVwZGF0ZSI6MzAwMDAwMDAwMDAwfX0=",
          "dependencies": [
            "aws_lb.main",
            "aws_lb_target_group.windows",
            "aws_security_group.alb",
            "aws_subnet.public",
            "aws_vpc.main",
            "data.aws_vpc.existing"
          ]
        }
      ]
    },
    {
      "mode": "managed",
      "type": "aws_lb_target_group",
      "name": "windows",
      "provider": "provider[\"registry.terraform.io/hashicorp/aws\"]",
      "instances": [
        {
          "schema_version": 0,
          "attributes": {
            "arn": "arn:aws:elasticloadbalancing:us-east-1:762595429056:targetgroup/learn-patch-asg-ad-tg/9b8e21328d01cc09",
            "arn_suffix": "targetgroup/learn-patch-asg-ad-tg/9b8e21328d01cc09",
            "connection_termination": null,
            "deregistration_delay": "300",
            "health_check": [
              {
                "enabled": true,
                "healthy_threshold": 3,
                "interval": 30,
                "matcher": "200-399",
                "path": "/",
                "port": "traffic-port",
                "protocol": "HTTP",
                "timeout": 5,
                "unhealthy_threshold": 3
              }
            ],
            "id": "arn:aws:elasticloadbalancing:us-east-1:762595429056:targetgroup/learn-patch-asg-ad-tg/9b8e21328d01cc09",
            "ip_address_type": "ipv4",
            "lambda_multi_value_headers_enabled": false,
            "load_balancer_arns": [
              "arn:aws:elasticloadbalancing:us-east-1:762595429056:loadbalancer/app/learn-patch-asg-ad-alb/b1ae0284a484adaf"
            ],
            "load_balancing_algorithm_type": "round_robin",
            "load_balancing_anomaly_mitigation": "off",
            "load_balancing_cross_zone_enabled": "use_load_balancer_configuration",
            "name": "learn-patch-asg-ad-tg",
            "name_prefix": "",
            "port": 80,
            "preserve_client_ip": null,
            "protocol": "HTTP",
            "protocol_version": "HTTP1",
            "proxy_protocol_v2": false,
            "region": "us-east-1",
            "slow_start": 0,
            "stickiness": [
              {
                "cookie_duration": 86400,
                "cookie_name": "",
                "enabled": true,
                "type": "lb_cookie"
              }
            ],
            "tags": {
              "Name": "learn-patch-asg-ad-tg"
            },
            "tags_all": {
              "Name": "learn-patch-asg-ad-tg"
            },
            "target_control_port": 0,
            "target_failover": [
              {
                "on_deregistration": null,
                "on_unhealthy": null
              }
            ],
            "target_group_health": [
              {
                "dns_failover": [
                  {
                    "minimum_healthy_targets_count": "1",
                    "minimum_healthy_targets_percentage": "off"
                  }
                ],
                "unhealthy_state_routing": [
                  {
                    "minimum_healthy_targets_count": 1,
                    "minimum_healthy_targets_percentage": "off"
                  }
                ]
              }
            ],
            "target_health_state": [
              {
                "enable_unhealthy_connection_termination": null,
                "unhealthy_draining_interval": null
              }
            ],
            "target_type": "instance",
            "vpc_id": "vpc-0b1b81ccdc28453be"
          },
          "sensitive_attributes": [],
          "identity_schema_version": 0,
          "identity": {
            "arn": "arn:aws:elasticloadbalancing:us-east-1:762595429056:targetgroup/learn-patch-asg-ad-tg/9b8e21328d01cc09"
          },
          "private": "bnVsbA==",
          "dependencies": [
            "aws_vpc.main",
            "data.aws_vpc.existing"
          ]
        }
      ]
    },
    {
      "mode": "managed",
      "type": "aws_nat_gateway",
      "name": "nat",
      "provider": "provider[\"registry.terraform.io/hashicorp/aws\"]",
      "instances": [
        {
          "index_key": 0,
          "schema_version": 0,
          "attributes": {
            "allocation_id": "eipalloc-0ed88bb27def2d329",
            "association_id": "eipassoc-0a48355e377804713",
            "auto_provision_zones": null,
            "auto_scaling_ips": null,
            "availability_mode": "zonal",
            "availability_zone_address": [],
            "connectivity_type": "public",
            "id": "nat-0fd69e8003f64550b",
            "network_interface_id": "eni-052a5477d7cccf091",
            "private_ip": "172.16.1.251",
            "public_ip": "52.204.172.47",
            "region": "us-east-1",
            "regional_nat_gateway_address": [],
            "regional_nat_gateway_auto_mode": null,
            "route_table_id": null,
            "secondary_allocation_ids": [],
            "secondary_private_ip_address_count": 0,
            "secondary_private_ip_addresses": [],
            "subnet_id": "subnet-00ffcced53d68dde4",
            "tags": {
              "Name": "learn-patch-asg-ad-nat-gw",
              "auto-delete": "no"
            },
            "tags_all": {
              "Name": "learn-patch-asg-ad-nat-gw",
              "auto-delete": "no"
            },
            "timeouts": null,
            "vpc_id": "vpc-0b1b81ccdc28453be"
          },
          "sensitive_attributes": [],
          "identity_schema_version": 0,
          "identity": {
            "account_id": "762595429056",
            "id": "nat-0fd69e8003f64550b",
            "region": "us-east-1"
          },
          "private": "eyJlMmJmYjczMC1lY2FhLTExZTYtOGY4OC0zNDM2M2JjN2M0YzAiOnsiY3JlYXRlIjo2MDAwMDAwMDAwMDAsImRlbGV0ZSI6MTgwMDAwMDAwMDAwMCwidXBkYXRlIjo2MDAwMDAwMDAwMDB9fQ==",
          "dependencies": [
            "aws_eip.nat",
            "aws_internet_gateway.igw",
            "aws_subnet.public",
            "aws_vpc.main",
            "data.aws_vpc.existing"
          ]
        }
      ]
    },
    {
      "mode": "managed",
      "type": "aws_route_table",
      "name": "private",
      "provider": "provider[\"registry.terraform.io/hashicorp/aws\"]",
      "instances": [
        {
          "index_key": 0,
          "schema_version": 0,
          "attributes": {
            "arn": "arn:aws:ec2:us-east-1:762595429056:route-table/rtb-052315912509de344",
            "id": "rtb-052315912509de344",
            "owner_id": "762595429056",
            "propagating_vgws": [],
            "region": "us-east-1",
            "route": [
              {
                "carrier_gateway_id": "",
                "cidr_block": "0.0.0.0/0",
                "core_network_arn": "",
                "destination_prefix_list_id": "",
                "egress_only_gateway_id": "",
                "gateway_id": "",
                "ipv6_cidr_block": "",
                "local_gateway_id": "",
                "nat_gateway_id": "nat-0fd69e8003f64550b",
                "network_interface_id": "",
                "odb_network_arn": "",
                "transit_gateway_id": "",
                "vpc_endpoint_id": "",
                "vpc_peering_connection_id": ""
              }
            ],
            "tags": {
              "Name": "learn-patch-asg-ad-private-rt"
            },
            "tags_all": {
              "Name": "learn-patch-asg-ad-private-rt"
            },
            "timeouts": null,
            "vpc_id": "vpc-0b1b81ccdc28453be"
          },
          "sensitive_attributes": [],
          "identity_schema_version": 0,
          "identity": {
            "account_id": "762595429056",
            "id": "rtb-052315912509de344",
            "region": "us-east-1"
          },
          "private": "eyJlMmJmYjczMC1lY2FhLTExZTYtOGY4OC0zNDM2M2JjN2M0YzAiOnsiY3JlYXRlIjozMDAwMDAwMDAwMDAsImRlbGV0ZSI6MzAwMDAwMDAwMDAwLCJ1cGRhdGUiOjEyMDAwMDAwMDAwMH19",
          "dependencies": [
            "aws_eip.nat",
            "aws_internet_gateway.igw",
            "aws_nat_gateway.nat",
            "aws_subnet.public",
            "aws_vpc.main",
            "data.aws_vpc.existing"
          ]
        }
      ]
    },
    {
      "mode": "managed",
      "type": "aws_route_table",
      "name": "public",
      "provider": "provider[\"registry.terraform.io/hashicorp/aws\"]",
      "instances": [
        {
          "index_key": 0,
          "schema_version": 0,
          "attributes": {
            "arn": "arn:aws:ec2:us-east-1:762595429056:route-table/rtb-05614e53bf7df1aca",
            "id": "rtb-05614e53bf7df1aca",
            "owner_id": "762595429056",
            "propagating_vgws": [],
            "region": "us-east-1",
            "route": [
              {
                "carrier_gateway_id": "",
                "cidr_block": "0.0.0.0/0",
                "core_network_arn": "",
                "destination_prefix_list_id": "",
                "egress_only_gateway_id": "",
                "gateway_id": "igw-0a90b91493c11285e",
                "ipv6_cidr_block": "",
                "local_gateway_id": "",
                "nat_gateway_id": "",
                "network_interface_id": "",
                "odb_network_arn": "",
                "transit_gateway_id": "",
                "vpc_endpoint_id": "",
                "vpc_peering_connection_id": ""
              }
            ],
            "tags": {
              "Name": "learn-patch-asg-ad-public-rt"
            },
            "tags_all": {
              "Name": "learn-patch-asg-ad-public-rt"
            },
            "timeouts": null,
            "vpc_id": "vpc-0b1b81ccdc28453be"
          },
          "sensitive_attributes": [],
          "identity_schema_version": 0,
          "identity": {
            "account_id": "762595429056",
            "id": "rtb-05614e53bf7df1aca",
            "region": "us-east-1"
          },
          "private": "eyJlMmJmYjczMC1lY2FhLTExZTYtOGY4OC0zNDM2M2JjN2M0YzAiOnsiY3JlYXRlIjozMDAwMDAwMDAwMDAsImRlbGV0ZSI6MzAwMDAwMDAwMDAwLCJ1cGRhdGUiOjEyMDAwMDAwMDAwMH19",
          "dependencies": [
            "aws_internet_gateway.igw",
            "aws_vpc.main",
            "data.aws_vpc.existing"
          ]
        }
      ]
    },
    {
      "mode": "managed",
      "type": "aws_route_table_association",
      "name": "private",
      "provider": "provider[\"registry.terraform.io/hashicorp/aws\"]",
      "instances": [
        {
          "index_key": 0,
          "schema_version": 0,
          "attributes": {
            "gateway_id": "",
            "id": "rtbassoc-06c28e85fea1acb30",
            "region": "us-east-1",
            "route_table_id": "rtb-052315912509de344",
            "subnet_id": "subnet-06c6112a2756529d8",
            "timeouts": null
          },
          "sensitive_attributes": [],
          "identity_schema_version": 0,
          "identity": {
            "account_id": "762595429056",
            "id": "rtbassoc-06c28e85fea1acb30",
            "region": "us-east-1"
          },
          "private": "eyJlMmJmYjczMC1lY2FhLTExZTYtOGY4OC0zNDM2M2JjN2M0YzAiOnsiY3JlYXRlIjozMDAwMDAwMDAwMDAsImRlbGV0ZSI6MzAwMDAwMDAwMDAwLCJ1cGRhdGUiOjEyMDAwMDAwMDAwMH19",
          "dependencies": [
            "aws_eip.nat",
            "aws_internet_gateway.igw",
            "aws_nat_gateway.nat",
            "aws_route_table.private",
            "aws_subnet.private",
            "aws_subnet.public",
            "aws_vpc.main",
            "data.aws_vpc.existing"
          ]
        },
        {
          "index_key": 1,
          "schema_version": 0,
          "attributes": {
            "gateway_id": "",
            "id": "rtbassoc-0a6a22cecd0caa50b",
            "region": "us-east-1",
            "route_table_id": "rtb-052315912509de344",
            "subnet_id": "subnet-00a4a8599b5cac336",
            "timeouts": null
          },
          "sensitive_attributes": [],
          "identity_schema_version": 0,
          "identity": {
            "account_id": "762595429056",
            "id": "rtbassoc-0a6a22cecd0caa50b",
            "region": "us-east-1"
          },
          "private": "eyJlMmJmYjczMC1lY2FhLTExZTYtOGY4OC0zNDM2M2JjN2M0YzAiOnsiY3JlYXRlIjozMDAwMDAwMDAwMDAsImRlbGV0ZSI6MzAwMDAwMDAwMDAwLCJ1cGRhdGUiOjEyMDAwMDAwMDAwMH19",
          "dependencies": [
            "aws_eip.nat",
            "aws_internet_gateway.igw",
            "aws_nat_gateway.nat",
            "aws_route_table.private",
            "aws_subnet.private",
            "aws_subnet.public",
            "aws_vpc.main",
            "data.aws_vpc.existing"
          ]
        }
      ]
    },
    {
      "mode": "managed",
      "type": "aws_route_table_association",
      "name": "public",
      "provider": "provider[\"registry.terraform.io/hashicorp/aws\"]",
      "instances": [
        {
          "index_key": 0,
          "schema_version": 0,
          "attributes": {
            "gateway_id": "",
            "id": "rtbassoc-00cc8de9c27051902",
            "region": "us-east-1",
            "route_table_id": "rtb-05614e53bf7df1aca",
            "subnet_id": "subnet-00ffcced53d68dde4",
            "timeouts": null
          },
          "sensitive_attributes": [],
          "identity_schema_version": 0,
          "identity": {
            "account_id": "762595429056",
            "id": "rtbassoc-00cc8de9c27051902",
            "region": "us-east-1"
          },
          "private": "eyJlMmJmYjczMC1lY2FhLTExZTYtOGY4OC0zNDM2M2JjN2M0YzAiOnsiY3JlYXRlIjozMDAwMDAwMDAwMDAsImRlbGV0ZSI6MzAwMDAwMDAwMDAwLCJ1cGRhdGUiOjEyMDAwMDAwMDAwMH19",
          "dependencies": [
            "aws_internet_gateway.igw",
            "aws_route_table.public",
            "aws_subnet.public",
            "aws_vpc.main",
            "data.aws_vpc.existing"
          ]
        },
        {
          "index_key": 1,
          "schema_version": 0,
          "attributes": {
            "gateway_id": "",
            "id": "rtbassoc-05eff55154e1d73ef",
            "region": "us-east-1",
            "route_table_id": "rtb-05614e53bf7df1aca",
            "subnet_id": "subnet-08b0f161d04c31d2a",
            "timeouts": null
          },
          "sensitive_attributes": [],
          "identity_schema_version": 0,
          "identity": {
            "account_id": "762595429056",
            "id": "rtbassoc-05eff55154e1d73ef",
            "region": "us-east-1"
          },
          "private": "eyJlMmJmYjczMC1lY2FhLTExZTYtOGY4OC0zNDM2M2JjN2M0YzAiOnsiY3JlYXRlIjozMDAwMDAwMDAwMDAsImRlbGV0ZSI6MzAwMDAwMDAwMDAwLCJ1cGRhdGUiOjEyMDAwMDAwMDAwMH19",
          "dependencies": [
            "aws_internet_gateway.igw",
            "aws_route_table.public",
            "aws_subnet.public",
            "aws_vpc.main",
            "data.aws_vpc.existing"
          ]
        }
      ]
    },
    {
      "mode": "managed",
      "type": "aws_security_group",
      "name": "alb",
      "provider": "provider[\"registry.terraform.io/hashicorp/aws\"]",
      "instances": [
        {
          "schema_version": 1,
          "attributes": {
            "arn": "arn:aws:ec2:us-east-1:762595429056:security-group/sg-00c3836511d5064f9",
            "description": "ALB security group - allows HTTP/HTTPS from VPC CIDR",
            "egress": [
              {
                "cidr_blocks": [
                  "0.0.0.0/0"
                ],
                "description": "All outbound",
                "from_port": 0,
                "ipv6_cidr_blocks": [],
                "prefix_list_ids": [],
                "protocol": "-1",
                "security_groups": [],
                "self": false,
                "to_port": 0
              }
            ],
            "id": "sg-00c3836511d5064f9",
            "ingress": [
              {
                "cidr_blocks": [
                  "172.16.0.0/16"
                ],
                "description": "HTTP from VPC",
                "from_port": 80,
                "ipv6_cidr_blocks": [],
                "prefix_list_ids": [],
                "protocol": "tcp",
                "security_groups": [],
                "self": false,
                "to_port": 80
              },
              {
                "cidr_blocks": [
                  "172.16.0.0/16"
                ],
                "description": "HTTPS from VPC",
                "from_port": 443,
                "ipv6_cidr_blocks": [],
                "prefix_list_ids": [],
                "protocol": "tcp",
                "security_groups": [],
                "self": false,
                "to_port": 443
              }
            ],
            "name": "learn-patch-asg-ad-alb-sg",
            "name_prefix": "",
            "owner_id": "762595429056",
            "region": "us-east-1",
            "revoke_rules_on_delete": false,
            "tags": {
              "Name": "learn-patch-asg-ad-alb-sg"
            },
            "tags_all": {
              "Name": "learn-patch-asg-ad-alb-sg"
            },
            "timeouts": null,
            "vpc_id": "vpc-0b1b81ccdc28453be"
          },
          "sensitive_attributes": [],
          "identity_schema_version": 0,
          "identity": {
            "account_id": "762595429056",
            "id": "sg-00c3836511d5064f9",
            "region": "us-east-1"
          },
          "private": "eyJlMmJmYjczMC1lY2FhLTExZTYtOGY4OC0zNDM2M2JjN2M0YzAiOnsiY3JlYXRlIjo2MDAwMDAwMDAwMDAsImRlbGV0ZSI6OTAwMDAwMDAwMDAwfSwic2NoZW1hX3ZlcnNpb24iOiIxIn0=",
          "dependencies": [
            "aws_vpc.main",
            "data.aws_vpc.existing"
          ],
          "create_before_destroy": true
        }
      ]
    },
    {
      "mode": "managed",
      "type": "aws_security_group",
      "name": "linux_ubuntu",
      "provider": "provider[\"registry.terraform.io/hashicorp/aws\"]",
      "instances": [
        {
          "schema_version": 1,
          "attributes": {
            "arn": "arn:aws:ec2:us-east-1:762595429056:security-group/sg-0b6b7b59dfd6875a4",
            "description": "Linux Ubuntu standalone instance: SSM patching",
            "egress": [
              {
                "cidr_blocks": [
                  "0.0.0.0/0"
                ],
                "description": "",
                "from_port": 0,
                "ipv6_cidr_blocks": [],
                "prefix_list_ids": [],
                "protocol": "-1",
                "security_groups": [],
                "self": false,
                "to_port": 0
              }
            ],
            "id": "sg-0b6b7b59dfd6875a4",
            "ingress": [
              {
                "cidr_blocks": [
                  "172.16.0.0/16"
                ],
                "description": "SSH from VPC",
                "from_port": 22,
                "ipv6_cidr_blocks": [],
                "prefix_list_ids": [],
                "protocol": "tcp",
                "security_groups": [],
                "self": false,
                "to_port": 22
              },
              {
                "cidr_blocks": [],
                "description": "HTTP from ALB",
                "from_port": 80,
                "ipv6_cidr_blocks": [],
                "prefix_list_ids": [],
                "protocol": "tcp",
                "security_groups": [
                  "sg-00c3836511d5064f9"
                ],
                "self": false,
                "to_port": 80
              }
            ],
            "name": "learn-patch-asg-ad-linux-ubuntu-sg",
            "name_prefix": "",
            "owner_id": "762595429056",
            "region": "us-east-1",
            "revoke_rules_on_delete": false,
            "tags": {
              "Name": "learn-patch-asg-ad-linux-ubuntu-sg"
            },
            "tags_all": {
              "Name": "learn-patch-asg-ad-linux-ubuntu-sg"
            },
            "timeouts": null,
            "vpc_id": "vpc-0b1b81ccdc28453be"
          },
          "sensitive_attributes": [],
          "identity_schema_version": 0,
          "identity": {
            "account_id": "762595429056",
            "id": "sg-0b6b7b59dfd6875a4",
            "region": "us-east-1"
          },
          "private": "eyJlMmJmYjczMC1lY2FhLTExZTYtOGY4OC0zNDM2M2JjN2M0YzAiOnsiY3JlYXRlIjo2MDAwMDAwMDAwMDAsImRlbGV0ZSI6OTAwMDAwMDAwMDAwfSwic2NoZW1hX3ZlcnNpb24iOiIxIn0=",
          "dependencies": [
            "aws_security_group.alb",
            "aws_vpc.main",
            "data.aws_vpc.existing"
          ]
        }
      ]
    },
    {
      "mode": "managed",
      "type": "aws_security_group",
      "name": "windows_asg",
      "provider": "provider[\"registry.terraform.io/hashicorp/aws\"]",
      "instances": [
        {
          "schema_version": 1,
          "attributes": {
            "arn": "arn:aws:ec2:us-east-1:762595429056:security-group/sg-09910d3c7a392b3a2",
            "description": "Windows ASG instances: AD-joined, SSM patching",
            "egress": [
              {
                "cidr_blocks": [
                  "0.0.0.0/0"
                ],
                "description": "",
                "from_port": 0,
                "ipv6_cidr_blocks": [],
                "prefix_list_ids": [],
                "protocol": "-1",
                "security_groups": [],
                "self": false,
                "to_port": 0
              }
            ],
            "id": "sg-09910d3c7a392b3a2",
            "ingress": [
              {
                "cidr_blocks": [
                  "172.16.0.0/16"
                ],
                "description": "DNS TCP",
                "from_port": 53,
                "ipv6_cidr_blocks": [],
                "prefix_list_ids": [],
                "protocol": "tcp",
                "security_groups": [],
                "self": false,
                "to_port": 53
              },
              {
                "cidr_blocks": [
                  "172.16.0.0/16"
                ],
                "description": "DNS UDP",
                "from_port": 53,
                "ipv6_cidr_blocks": [],
                "prefix_list_ids": [],
                "protocol": "udp",
                "security_groups": [],
                "self": false,
                "to_port": 53
              },
              {
                "cidr_blocks": [
                  "172.16.0.0/16"
                ],
                "description": "Kerberos",
                "from_port": 88,
                "ipv6_cidr_blocks": [],
                "prefix_list_ids": [],
                "protocol": "tcp",
                "security_groups": [],
                "self": false,
                "to_port": 88
              },
              {
                "cidr_blocks": [
                  "172.16.0.0/16"
                ],
                "description": "LDAP",
                "from_port": 389,
                "ipv6_cidr_blocks": [],
                "prefix_list_ids": [],
                "protocol": "tcp",
                "security_groups": [],
                "self": false,
                "to_port": 389
              },
              {
                "cidr_blocks": [
                  "172.16.0.0/16"
                ],
                "description": "LDAPS",
                "from_port": 636,
                "ipv6_cidr_blocks": [],
                "prefix_list_ids": [],
                "protocol": "tcp",
                "security_groups": [],
                "self": false,
                "to_port": 636
              },
              {
                "cidr_blocks": [
                  "172.16.0.0/16"
                ],
                "description": "RDP from VPC",
                "from_port": 3389,
                "ipv6_cidr_blocks": [],
                "prefix_list_ids": [],
                "protocol": "tcp",
                "security_groups": [],
                "self": false,
                "to_port": 3389
              },
              {
                "cidr_blocks": [
                  "172.16.0.0/16"
                ],
                "description": "SMB",
                "from_port": 445,
                "ipv6_cidr_blocks": [],
                "prefix_list_ids": [],
                "protocol": "tcp",
                "security_groups": [],
                "self": false,
                "to_port": 445
              },
              {
                "cidr_blocks": [
                  "172.16.0.0/16"
                ],
                "description": "WinRM",
                "from_port": 5985,
                "ipv6_cidr_blocks": [],
                "prefix_list_ids": [],
                "protocol": "tcp",
                "security_groups": [],
                "self": false,
                "to_port": 5986
              },
              {
                "cidr_blocks": [],
                "description": "HTTP from ALB",
                "from_port": 80,
                "ipv6_cidr_blocks": [],
                "prefix_list_ids": [],
                "protocol": "tcp",
                "security_groups": [
                  "sg-00c3836511d5064f9"
                ],
                "self": false,
                "to_port": 80
              }
            ],
            "name": "learn-patch-asg-ad-windows-asg-sg",
            "name_prefix": "",
            "owner_id": "762595429056",
            "region": "us-east-1",
            "revoke_rules_on_delete": false,
            "tags": {
              "Name": "learn-patch-asg-ad-windows-asg-sg"
            },
            "tags_all": {
              "Name": "learn-patch-asg-ad-windows-asg-sg"
            },
            "timeouts": null,
            "vpc_id": "vpc-0b1b81ccdc28453be"
          },
          "sensitive_attributes": [],
          "identity_schema_version": 0,
          "identity": {
            "account_id": "762595429056",
            "id": "sg-09910d3c7a392b3a2",
            "region": "us-east-1"
          },
          "private": "eyJlMmJmYjczMC1lY2FhLTExZTYtOGY4OC0zNDM2M2JjN2M0YzAiOnsiY3JlYXRlIjo2MDAwMDAwMDAwMDAsImRlbGV0ZSI6OTAwMDAwMDAwMDAwfSwic2NoZW1hX3ZlcnNpb24iOiIxIn0=",
          "dependencies": [
            "aws_security_group.alb",
            "aws_vpc.main",
            "data.aws_vpc.existing"
          ],
          "create_before_destroy": true
        }
      ]
    },
    {
      "mode": "managed",
      "type": "aws_ssm_association",
      "name": "ad_join",
      "provider": "provider[\"registry.terraform.io/hashicorp/aws\"]",
      "instances": [
        {
          "schema_version": 1,
          "attributes": {
            "apply_only_at_cron_interval": false,
            "arn": "arn:aws:ssm:us-east-1:762595429056:association/b8d65ade-5de7-4c58-a2e4-1c400a54d7de",
            "association_id": "b8d65ade-5de7-4c58-a2e4-1c400a54d7de",
            "association_name": "",
            "automation_target_parameter_name": "",
            "calendar_names": [],
            "compliance_severity": "",
            "document_version": "$DEFAULT",
            "id": "b8d65ade-5de7-4c58-a2e4-1c400a54d7de",
            "max_concurrency": "",
            "max_errors": "",
            "name": "learn-patch-asg-ad-ad-domain-join",
            "output_location": [],
            "parameters": {},
            "region": "us-east-1",
            "schedule_expression": "",
            "sync_compliance": "",
            "tags": {},
            "tags_all": {},
            "targets": [
              {
                "key": "tag:ADJoin",
                "values": [
                  "true"
                ]
              }
            ],
            "wait_for_success_timeout_seconds": null
          },
          "sensitive_attributes": [],
          "identity_schema_version": 0,
          "identity": {
            "account_id": "762595429056",
            "association_id": "b8d65ade-5de7-4c58-a2e4-1c400a54d7de",
            "region": "us-east-1"
          },
          "private": "eyJzY2hlbWFfdmVyc2lvbiI6IjEifQ==",
          "dependencies": [
            "aws_directory_service_directory.managed_ad",
            "aws_ssm_document.ad_join",
            "aws_subnet.private",
            "aws_vpc.main",
            "data.aws_vpc.existing"
          ]
        }
      ]
    },
    {
      "mode": "managed",
      "type": "aws_ssm_document",
      "name": "ad_join",
      "provider": "provider[\"registry.terraform.io/hashicorp/aws\"]",
      "instances": [
        {
          "schema_version": 0,
          "attributes": {
            "arn": "arn:aws:ssm:us-east-1:762595429056:document/learn-patch-asg-ad-ad-domain-join",
            "attachments_source": [],
            "content": "{\"description\":\"Join Windows instance to AWS Managed AD\",\"mainSteps\":[{\"action\":\"aws:domainJoin\",\"inputs\":{\"directoryId\":\"d-9066738165\",\"directoryName\":\"corp.learn-patch.local\",\"dnsIpAddresses\":[\"172.16.2.183\",\"172.16.4.56\"]},\"name\":\"domainJoin\"}],\"schemaVersion\":\"2.2\"}",
            "created_date": "2026-06-13T02:49:31Z",
            "default_version": "1",
            "description": "Join Windows instance to AWS Managed AD",
            "document_format": "JSON",
            "document_type": "Command",
            "document_version": "1",
            "hash": "ba15d4f0d4beaa34a2918dba7685bb56f9216d054818f7ee01c71b86e2ec6a20",
            "hash_type": "Sha256",
            "id": "learn-patch-asg-ad-ad-domain-join",
            "latest_version": "1",
            "name": "learn-patch-asg-ad-ad-domain-join",
            "owner": "762595429056",
            "parameter": [],
            "permissions": {},
            "platform_types": [
              "Windows",
              "Linux"
            ],
            "region": "us-east-1",
            "schema_version": "2.2",
            "status": "Active",
            "tags": {
              "Name": "learn-patch-asg-ad-ad-join-doc"
            },
            "tags_all": {
              "Name": "learn-patch-asg-ad-ad-join-doc"
            },
            "target_type": "",
            "version_name": ""
          },
          "sensitive_attributes": [],
          "identity_schema_version": 0,
          "identity": {
            "account_id": "762595429056",
            "name": "learn-patch-asg-ad-ad-domain-join",
            "region": "us-east-1"
          },
          "private": "bnVsbA==",
          "dependencies": [
            "aws_directory_service_directory.managed_ad",
            "aws_subnet.private",
            "aws_vpc.main",
            "data.aws_vpc.existing"
          ]
        }
      ]
    },
    {
      "mode": "managed",
      "type": "aws_ssm_maintenance_window",
      "name": "patch",
      "provider": "provider[\"registry.terraform.io/hashicorp/aws\"]",
      "instances": [
        {
          "schema_version": 0,
          "attributes": {
            "allow_unassociated_targets": false,
            "cutoff": 1,
            "description": "",
            "duration": 3,
            "enabled": true,
            "end_date": "",
            "id": "mw-01e620e7fb695a8d7",
            "name": "learn-patch-asg-ad-patch-window",
            "region": "us-east-1",
            "schedule": "cron(0 2 ? * SUN *)",
            "schedule_offset": 0,
            "schedule_timezone": "",
            "start_date": "",
            "tags": {
              "Name": "learn-patch-asg-ad-patch-window"
            },
            "tags_all": {
              "Name": "learn-patch-asg-ad-patch-window"
            }
          },
          "sensitive_attributes": [],
          "identity_schema_version": 0,
          "identity": {
            "account_id": "762595429056",
            "id": "mw-01e620e7fb695a8d7",
            "region": "us-east-1"
          },
          "private": "bnVsbA=="
        }
      ]
    },
    {
      "mode": "managed",
      "type": "aws_ssm_maintenance_window_target",
      "name": "patch",
      "provider": "provider[\"registry.terraform.io/hashicorp/aws\"]",
      "instances": [
        {
          "schema_version": 0,
          "attributes": {
            "description": "",
            "id": "877db737-2143-4d76-a7e0-a54b0e0568ad",
            "name": "learn-patch-asg-ad-patch-targets",
            "owner_information": "",
            "region": "us-east-1",
            "resource_type": "INSTANCE",
            "targets": [
              {
                "key": "tag:PatchGroup",
                "values": [
                  "Windows-Production"
                ]
              }
            ],
            "window_id": "mw-01e620e7fb695a8d7"
          },
          "sensitive_attributes": [],
          "identity_schema_version": 0,
          "identity": {
            "account_id": "762595429056",
            "id": "877db737-2143-4d76-a7e0-a54b0e0568ad",
            "region": "us-east-1",
            "window_id": "mw-01e620e7fb695a8d7"
          },
          "private": "bnVsbA==",
          "dependencies": [
            "aws_ssm_maintenance_window.patch"
          ]
        }
      ]
    },
    {
      "mode": "managed",
      "type": "aws_ssm_maintenance_window_target",
      "name": "patch_linux",
      "provider": "provider[\"registry.terraform.io/hashicorp/aws\"]",
      "instances": [
        {
          "schema_version": 0,
          "attributes": {
            "description": "",
            "id": "513c89fb-9a52-4b7d-be39-15cfa4c0f43a",
            "name": "learn-patch-asg-ad-patch-targets-linux",
            "owner_information": "",
            "region": "us-east-1",
            "resource_type": "INSTANCE",
            "targets": [
              {
                "key": "tag:PatchGroup",
                "values": [
                  "Linux-Production"
                ]
              }
            ],
            "window_id": "mw-01e620e7fb695a8d7"
          },
          "sensitive_attributes": [],
          "identity_schema_version": 0,
          "identity": {
            "account_id": "762595429056",
            "id": "513c89fb-9a52-4b7d-be39-15cfa4c0f43a",
            "region": "us-east-1",
            "window_id": "mw-01e620e7fb695a8d7"
          },
          "private": "bnVsbA==",
          "dependencies": [
            "aws_ssm_maintenance_window.patch"
          ]
        }
      ]
    },
    {
      "mode": "managed",
      "type": "aws_ssm_maintenance_window_task",
      "name": "patch",
      "provider": "provider[\"registry.terraform.io/hashicorp/aws\"]",
      "instances": [
        {
          "schema_version": 0,
          "attributes": {
            "arn": "arn:aws:ssm:us-east-1:762595429056:windowtask/7930468e-adf9-43df-892b-dffe7fe8ad64",
            "cutoff_behavior": "",
            "description": "",
            "id": "7930468e-adf9-43df-892b-dffe7fe8ad64",
            "max_concurrency": "50%",
            "max_errors": "25%",
            "name": "learn-patch-asg-ad-run-patch-baseline",
            "priority": 1,
            "region": "us-east-1",
            "service_role_arn": "arn:aws:iam::762595429056:role/aws-service-role/ssm.amazonaws.com/AWSServiceRoleForAmazonSSM",
            "targets": [
              {
                "key": "WindowTargetIds",
                "values": [
                  "877db737-2143-4d76-a7e0-a54b0e0568ad"
                ]
              }
            ],
            "task_arn": "AWS-RunPatchBaseline",
            "task_invocation_parameters": [
              {
                "automation_parameters": [],
                "lambda_parameters": [],
                "run_command_parameters": [
                  {
                    "cloudwatch_config": [],
                    "comment": "",
                    "document_hash": "",
                    "document_hash_type": "",
                    "document_version": "",
                    "notification_config": [],
                    "output_s3_bucket": "",
                    "output_s3_key_prefix": "",
                    "parameter": [
                      {
                        "name": "Operation",
                        "values": [
                          "Install"
                        ]
                      },
                      {
                        "name": "RebootOption",
                        "values": [
                          "RebootIfNeeded"
                        ]
                      }
                    ],
                    "service_role_arn": "",
                    "timeout_seconds": 3600
                  }
                ],
                "step_functions_parameters": []
              }
            ],
            "task_type": "RUN_COMMAND",
            "window_id": "mw-01e620e7fb695a8d7",
            "window_task_id": "7930468e-adf9-43df-892b-dffe7fe8ad64"
          },
          "sensitive_attributes": [],
          "identity_schema_version": 0,
          "identity": {
            "account_id": "762595429056",
            "id": "7930468e-adf9-43df-892b-dffe7fe8ad64",
            "region": "us-east-1",
            "window_id": "mw-01e620e7fb695a8d7"
          },
          "private": "bnVsbA==",
          "dependencies": [
            "aws_ssm_maintenance_window.patch",
            "aws_ssm_maintenance_window_target.patch"
          ]
        }
      ]
    },
    {
      "mode": "managed",
      "type": "aws_ssm_maintenance_window_task",
      "name": "patch_linux",
      "provider": "provider[\"registry.terraform.io/hashicorp/aws\"]",
      "instances": [
        {
          "schema_version": 0,
          "attributes": {
            "arn": "arn:aws:ssm:us-east-1:762595429056:windowtask/d3acd4a1-0b68-4d5b-ae4e-5187867fa9d3",
            "cutoff_behavior": "",
            "description": "",
            "id": "d3acd4a1-0b68-4d5b-ae4e-5187867fa9d3",
            "max_concurrency": "50%",
            "max_errors": "25%",
            "name": "learn-patch-asg-ad-run-patch-baseline-linux",
            "priority": 2,
            "region": "us-east-1",
            "service_role_arn": "arn:aws:iam::762595429056:role/aws-service-role/ssm.amazonaws.com/AWSServiceRoleForAmazonSSM",
            "targets": [
              {
                "key": "WindowTargetIds",
                "values": [
                  "513c89fb-9a52-4b7d-be39-15cfa4c0f43a"
                ]
              }
            ],
            "task_arn": "AWS-RunPatchBaseline",
            "task_invocation_parameters": [
              {
                "automation_parameters": [],
                "lambda_parameters": [],
                "run_command_parameters": [
                  {
                    "cloudwatch_config": [],
                    "comment": "",
                    "document_hash": "",
                    "document_hash_type": "",
                    "document_version": "",
                    "notification_config": [],
                    "output_s3_bucket": "",
                    "output_s3_key_prefix": "",
                    "parameter": [
                      {
                        "name": "Operation",
                        "values": [
                          "Install"
                        ]
                      },
                      {
                        "name": "RebootOption",
                        "values": [
                          "RebootIfNeeded"
                        ]
                      }
                    ],
                    "service_role_arn": "",
                    "timeout_seconds": 3600
                  }
                ],
                "step_functions_parameters": []
              }
            ],
            "task_type": "RUN_COMMAND",
            "window_id": "mw-01e620e7fb695a8d7",
            "window_task_id": "d3acd4a1-0b68-4d5b-ae4e-5187867fa9d3"
          },
          "sensitive_attributes": [],
          "identity_schema_version": 0,
          "identity": {
            "account_id": "762595429056",
            "id": "d3acd4a1-0b68-4d5b-ae4e-5187867fa9d3",
            "region": "us-east-1",
            "window_id": "mw-01e620e7fb695a8d7"
          },
          "private": "bnVsbA==",
          "dependencies": [
            "aws_ssm_maintenance_window.patch",
            "aws_ssm_maintenance_window_target.patch_linux"
          ]
        }
      ]
    },
    {
      "mode": "managed",
      "type": "aws_ssm_patch_baseline",
      "name": "ubuntu",
      "provider": "provider[\"registry.terraform.io/hashicorp/aws\"]",
      "instances": [
        {
          "schema_version": 0,
          "attributes": {
            "approval_rule": [
              {
                "approve_after_days": 7,
                "approve_until_date": "",
                "compliance_level": "CRITICAL",
                "enable_non_security": false,
                "patch_filter": [
                  {
                    "key": "PRIORITY",
                    "values": [
                      "Required",
                      "Important"
                    ]
                  }
                ]
              },
              {
                "approve_after_days": 14,
                "approve_until_date": "",
                "compliance_level": "HIGH",
                "enable_non_security": false,
                "patch_filter": [
                  {
                    "key": "PRIORITY",
                    "values": [
                      "Standard",
                      "Optional"
                    ]
                  }
                ]
              }
            ],
            "approved_patches": [],
            "approved_patches_compliance_level": "UNSPECIFIED",
            "approved_patches_enable_non_security": false,
            "arn": "arn:aws:ssm:us-east-1:762595429056:patchbaseline/pb-0c2d89facf7505758",
            "available_security_updates_compliance_status": "",
            "description": "",
            "global_filter": [],
            "id": "pb-0c2d89facf7505758",
            "json": "{\"ApprovalRules\":{\"PatchRules\":[{\"PatchFilterGroup\":{\"PatchFilters\":[{\"Key\":\"PRIORITY\",\"Values\":[\"Required\",\"Important\"]}]},\"ApproveAfterDays\":7,\"ComplianceLevel\":\"CRITICAL\",\"EnableNonSecurity\":false},{\"PatchFilterGroup\":{\"PatchFilters\":[{\"Key\":\"PRIORITY\",\"Values\":[\"Standard\",\"Optional\"]}]},\"ApproveAfterDays\":14,\"ComplianceLevel\":\"HIGH\",\"EnableNonSecurity\":false}]},\"ApprovedPatchesComplianceLevel\":\"UNSPECIFIED\",\"ApprovedPatchesEnableNonSecurity\":false,\"AvailableSecurityUpdatesComplianceStatus\":\"\",\"BaselineId\":\"pb-0c2d89facf7505758\",\"CreatedDate\":\"2026-06-13T02:22:35.682Z\",\"ModifiedDate\":\"2026-06-13T02:22:35.682Z\",\"Name\":\"learn-patch-asg-ad-ubuntu-baseline\",\"OperatingSystem\":\"UBUNTU\",\"PatchGroups\":[\"Linux-Production\"],\"RejectedPatchesAction\":\"ALLOW_AS_DEPENDENCY\"}",
            "name": "learn-patch-asg-ad-ubuntu-baseline",
            "operating_system": "UBUNTU",
            "region": "us-east-1",
            "rejected_patches": [],
            "rejected_patches_action": "ALLOW_AS_DEPENDENCY",
            "source": [],
            "tags": {
              "Name": "learn-patch-asg-ad-ubuntu-patch-baseline"
            },
            "tags_all": {
              "Name": "learn-patch-asg-ad-ubuntu-patch-baseline"
            }
          },
          "sensitive_attributes": [],
          "identity_schema_version": 0,
          "identity": {
            "account_id": "762595429056",
            "id": "pb-0c2d89facf7505758",
            "region": "us-east-1"
          },
          "private": "bnVsbA=="
        }
      ]
    },
    {
      "mode": "managed",
      "type": "aws_ssm_patch_baseline",
      "name": "windows",
      "provider": "provider[\"registry.terraform.io/hashicorp/aws\"]",
      "instances": [
        {
          "schema_version": 0,
          "attributes": {
            "approval_rule": [
              {
                "approve_after_days": 7,
                "approve_until_date": "",
                "compliance_level": "CRITICAL",
                "enable_non_security": false,
                "patch_filter": [
                  {
                    "key": "CLASSIFICATION",
                    "values": [
                      "CriticalUpdates",
                      "SecurityUpdates"
                    ]
                  },
                  {
                    "key": "MSRC_SEVERITY",
                    "values": [
                      "Critical",
                      "Important"
                    ]
                  }
                ]
              },
              {
                "approve_after_days": 14,
                "approve_until_date": "",
                "compliance_level": "HIGH",
                "enable_non_security": false,
                "patch_filter": [
                  {
                    "key": "CLASSIFICATION",
                    "values": [
                      "UpdateRollups",
                      "Updates"
                    ]
                  }
                ]
              }
            ],
            "approved_patches": [],
            "approved_patches_compliance_level": "UNSPECIFIED",
            "approved_patches_enable_non_security": false,
            "arn": "arn:aws:ssm:us-east-1:762595429056:patchbaseline/pb-043f08d302d125731",
            "available_security_updates_compliance_status": "NON_COMPLIANT",
            "description": "",
            "global_filter": [],
            "id": "pb-043f08d302d125731",
            "json": "{\"ApprovalRules\":{\"PatchRules\":[{\"PatchFilterGroup\":{\"PatchFilters\":[{\"Key\":\"CLASSIFICATION\",\"Values\":[\"CriticalUpdates\",\"SecurityUpdates\"]},{\"Key\":\"MSRC_SEVERITY\",\"Values\":[\"Critical\",\"Important\"]}]},\"ApproveAfterDays\":7,\"ComplianceLevel\":\"CRITICAL\",\"EnableNonSecurity\":false},{\"PatchFilterGroup\":{\"PatchFilters\":[{\"Key\":\"CLASSIFICATION\",\"Values\":[\"UpdateRollups\",\"Updates\"]}]},\"ApproveAfterDays\":14,\"ComplianceLevel\":\"HIGH\",\"EnableNonSecurity\":false}]},\"ApprovedPatchesComplianceLevel\":\"UNSPECIFIED\",\"ApprovedPatchesEnableNonSecurity\":false,\"AvailableSecurityUpdatesComplianceStatus\":\"NON_COMPLIANT\",\"BaselineId\":\"pb-043f08d302d125731\",\"CreatedDate\":\"2026-06-13T02:22:35.685Z\",\"ModifiedDate\":\"2026-06-13T02:22:35.685Z\",\"Name\":\"learn-patch-asg-ad-windows-baseline\",\"OperatingSystem\":\"WINDOWS\",\"PatchGroups\":[\"Windows-Production\"],\"RejectedPatchesAction\":\"ALLOW_AS_DEPENDENCY\"}",
            "name": "learn-patch-asg-ad-windows-baseline",
            "operating_system": "WINDOWS",
            "region": "us-east-1",
            "rejected_patches": [],
            "rejected_patches_action": "ALLOW_AS_DEPENDENCY",
            "source": [],
            "tags": {
              "Name": "learn-patch-asg-ad-windows-patch-baseline"
            },
            "tags_all": {
              "Name": "learn-patch-asg-ad-windows-patch-baseline"
            }
          },
          "sensitive_attributes": [],
          "identity_schema_version": 0,
          "identity": {
            "account_id": "762595429056",
            "id": "pb-043f08d302d125731",
            "region": "us-east-1"
          },
          "private": "bnVsbA=="
        }
      ]
    },
    {
      "mode": "managed",
      "type": "aws_ssm_patch_group",
      "name": "ubuntu",
      "provider": "provider[\"registry.terraform.io/hashicorp/aws\"]",
      "instances": [
        {
          "schema_version": 1,
          "attributes": {
            "baseline_id": "pb-0c2d89facf7505758",
            "id": "Linux-Production,pb-0c2d89facf7505758",
            "patch_group": "Linux-Production",
            "region": "us-east-1"
          },
          "sensitive_attributes": [],
          "identity_schema_version": 0,
          "identity": {
            "account_id": "762595429056",
            "baseline_id": "pb-0c2d89facf7505758",
            "patch_group": "Linux-Production",
            "region": "us-east-1"
          },
          "private": "eyJzY2hlbWFfdmVyc2lvbiI6IjEifQ==",
          "dependencies": [
            "aws_ssm_patch_baseline.ubuntu"
          ]
        }
      ]
    },
    {
      "mode": "managed",
      "type": "aws_ssm_patch_group",
      "name": "windows",
      "provider": "provider[\"registry.terraform.io/hashicorp/aws\"]",
      "instances": [
        {
          "schema_version": 1,
          "attributes": {
            "baseline_id": "pb-043f08d302d125731",
            "id": "Windows-Production,pb-043f08d302d125731",
            "patch_group": "Windows-Production",
            "region": "us-east-1"
          },
          "sensitive_attributes": [],
          "identity_schema_version": 0,
          "identity": {
            "account_id": "762595429056",
            "baseline_id": "pb-043f08d302d125731",
            "patch_group": "Windows-Production",
            "region": "us-east-1"
          },
          "private": "eyJzY2hlbWFfdmVyc2lvbiI6IjEifQ==",
          "dependencies": [
            "aws_ssm_patch_baseline.windows"
          ]
        }
      ]
    },
    {
      "mode": "managed",
      "type": "aws_subnet",
      "name": "private",
      "provider": "provider[\"registry.terraform.io/hashicorp/aws\"]",
      "instances": [
        {
          "index_key": 0,
          "schema_version": 1,
          "attributes": {
            "arn": "arn:aws:ec2:us-east-1:762595429056:subnet/subnet-06c6112a2756529d8",
            "assign_ipv6_address_on_creation": false,
            "availability_zone": "us-east-1a",
            "availability_zone_id": "use1-az6",
            "cidr_block": "172.16.2.0/24",
            "customer_owned_ipv4_pool": "",
            "enable_dns64": false,
            "enable_lni_at_device_index": 0,
            "enable_resource_name_dns_a_record_on_launch": false,
            "enable_resource_name_dns_aaaa_record_on_launch": false,
            "id": "subnet-06c6112a2756529d8",
            "ipv4_ipam_pool_id": null,
            "ipv4_netmask_length": null,
            "ipv6_cidr_block": "",
            "ipv6_cidr_block_association_id": "",
            "ipv6_ipam_pool_id": null,
            "ipv6_native": false,
            "ipv6_netmask_length": null,
            "map_customer_owned_ip_on_launch": false,
            "map_public_ip_on_launch": false,
            "outpost_arn": "",
            "owner_id": "762595429056",
            "private_dns_hostname_type_on_launch": "ip-name",
            "region": "us-east-1",
            "tags": {
              "Name": "learn-patch-asg-ad-private-us-east-1a"
            },
            "tags_all": {
              "Name": "learn-patch-asg-ad-private-us-east-1a"
            },
            "timeouts": null,
            "vpc_id": "vpc-0b1b81ccdc28453be"
          },
          "sensitive_attributes": [],
          "identity_schema_version": 0,
          "identity": {
            "account_id": "762595429056",
            "id": "subnet-06c6112a2756529d8",
            "region": "us-east-1"
          },
          "private": "eyJlMmJmYjczMC1lY2FhLTExZTYtOGY4OC0zNDM2M2JjN2M0YzAiOnsiY3JlYXRlIjo2MDAwMDAwMDAwMDAsImRlbGV0ZSI6MTIwMDAwMDAwMDAwMH0sInNjaGVtYV92ZXJzaW9uIjoiMSJ9",
          "dependencies": [
            "aws_vpc.main",
            "data.aws_vpc.existing"
          ]
        },
        {
          "index_key": 1,
          "schema_version": 1,
          "attributes": {
            "arn": "arn:aws:ec2:us-east-1:762595429056:subnet/subnet-00a4a8599b5cac336",
            "assign_ipv6_address_on_creation": false,
            "availability_zone": "us-east-1b",
            "availability_zone_id": "use1-az1",
            "cidr_block": "172.16.4.0/24",
            "customer_owned_ipv4_pool": "",
            "enable_dns64": false,
            "enable_lni_at_device_index": 0,
            "enable_resource_name_dns_a_record_on_launch": false,
            "enable_resource_name_dns_aaaa_record_on_launch": false,
            "id": "subnet-00a4a8599b5cac336",
            "ipv4_ipam_pool_id": null,
            "ipv4_netmask_length": null,
            "ipv6_cidr_block": "",
            "ipv6_cidr_block_association_id": "",
            "ipv6_ipam_pool_id": null,
            "ipv6_native": false,
            "ipv6_netmask_length": null,
            "map_customer_owned_ip_on_launch": false,
            "map_public_ip_on_launch": false,
            "outpost_arn": "",
            "owner_id": "762595429056",
            "private_dns_hostname_type_on_launch": "ip-name",
            "region": "us-east-1",
            "tags": {
              "Name": "learn-patch-asg-ad-private-us-east-1b"
            },
            "tags_all": {
              "Name": "learn-patch-asg-ad-private-us-east-1b"
            },
            "timeouts": null,
            "vpc_id": "vpc-0b1b81ccdc28453be"
          },
          "sensitive_attributes": [],
          "identity_schema_version": 0,
          "identity": {
            "account_id": "762595429056",
            "id": "subnet-00a4a8599b5cac336",
            "region": "us-east-1"
          },
          "private": "eyJlMmJmYjczMC1lY2FhLTExZTYtOGY4OC0zNDM2M2JjN2M0YzAiOnsiY3JlYXRlIjo2MDAwMDAwMDAwMDAsImRlbGV0ZSI6MTIwMDAwMDAwMDAwMH0sInNjaGVtYV92ZXJzaW9uIjoiMSJ9",
          "dependencies": [
            "aws_vpc.main",
            "data.aws_vpc.existing"
          ]
        }
      ]
    },
    {
      "mode": "managed",
      "type": "aws_subnet",
      "name": "public",
      "provider": "provider[\"registry.terraform.io/hashicorp/aws\"]",
      "instances": [
        {
          "index_key": 0,
          "schema_version": 1,
          "attributes": {
            "arn": "arn:aws:ec2:us-east-1:762595429056:subnet/subnet-00ffcced53d68dde4",
            "assign_ipv6_address_on_creation": false,
            "availability_zone": "us-east-1a",
            "availability_zone_id": "use1-az6",
            "cidr_block": "172.16.1.0/24",
            "customer_owned_ipv4_pool": "",
            "enable_dns64": false,
            "enable_lni_at_device_index": 0,
            "enable_resource_name_dns_a_record_on_launch": false,
            "enable_resource_name_dns_aaaa_record_on_launch": false,
            "id": "subnet-00ffcced53d68dde4",
            "ipv4_ipam_pool_id": null,
            "ipv4_netmask_length": null,
            "ipv6_cidr_block": "",
            "ipv6_cidr_block_association_id": "",
            "ipv6_ipam_pool_id": null,
            "ipv6_native": false,
            "ipv6_netmask_length": null,
            "map_customer_owned_ip_on_launch": false,
            "map_public_ip_on_launch": true,
            "outpost_arn": "",
            "owner_id": "762595429056",
            "private_dns_hostname_type_on_launch": "ip-name",
            "region": "us-east-1",
            "tags": {
              "Name": "learn-patch-asg-ad-public-us-east-1a"
            },
            "tags_all": {
              "Name": "learn-patch-asg-ad-public-us-east-1a"
            },
            "timeouts": null,
            "vpc_id": "vpc-0b1b81ccdc28453be"
          },
          "sensitive_attributes": [],
          "identity_schema_version": 0,
          "identity": {
            "account_id": "762595429056",
            "id": "subnet-00ffcced53d68dde4",
            "region": "us-east-1"
          },
          "private": "eyJlMmJmYjczMC1lY2FhLTExZTYtOGY4OC0zNDM2M2JjN2M0YzAiOnsiY3JlYXRlIjo2MDAwMDAwMDAwMDAsImRlbGV0ZSI6MTIwMDAwMDAwMDAwMH0sInNjaGVtYV92ZXJzaW9uIjoiMSJ9",
          "dependencies": [
            "aws_vpc.main",
            "data.aws_vpc.existing"
          ]
        },
        {
          "index_key": 1,
          "schema_version": 1,
          "attributes": {
            "arn": "arn:aws:ec2:us-east-1:762595429056:subnet/subnet-08b0f161d04c31d2a",
            "assign_ipv6_address_on_creation": false,
            "availability_zone": "us-east-1b",
            "availability_zone_id": "use1-az1",
            "cidr_block": "172.16.3.0/24",
            "customer_owned_ipv4_pool": "",
            "enable_dns64": false,
            "enable_lni_at_device_index": 0,
            "enable_resource_name_dns_a_record_on_launch": false,
            "enable_resource_name_dns_aaaa_record_on_launch": false,
            "id": "subnet-08b0f161d04c31d2a",
            "ipv4_ipam_pool_id": null,
            "ipv4_netmask_length": null,
            "ipv6_cidr_block": "",
            "ipv6_cidr_block_association_id": "",
            "ipv6_ipam_pool_id": null,
            "ipv6_native": false,
            "ipv6_netmask_length": null,
            "map_customer_owned_ip_on_launch": false,
            "map_public_ip_on_launch": true,
            "outpost_arn": "",
            "owner_id": "762595429056",
            "private_dns_hostname_type_on_launch": "ip-name",
            "region": "us-east-1",
            "tags": {
              "Name": "learn-patch-asg-ad-public-us-east-1b"
            },
            "tags_all": {
              "Name": "learn-patch-asg-ad-public-us-east-1b"
            },
            "timeouts": null,
            "vpc_id": "vpc-0b1b81ccdc28453be"
          },
          "sensitive_attributes": [],
          "identity_schema_version": 0,
          "identity": {
            "account_id": "762595429056",
            "id": "subnet-08b0f161d04c31d2a",
            "region": "us-east-1"
          },
          "private": "eyJlMmJmYjczMC1lY2FhLTExZTYtOGY4OC0zNDM2M2JjN2M0YzAiOnsiY3JlYXRlIjo2MDAwMDAwMDAwMDAsImRlbGV0ZSI6MTIwMDAwMDAwMDAwMH0sInNjaGVtYV92ZXJzaW9uIjoiMSJ9",
          "dependencies": [
            "aws_vpc.main",
            "data.aws_vpc.existing"
          ]
        }
      ]
    },
    {
      "mode": "managed",
      "type": "aws_vpc",
      "name": "main",
      "provider": "provider[\"registry.terraform.io/hashicorp/aws\"]",
      "instances": [
        {
          "index_key": 0,
          "schema_version": 1,
          "attributes": {
            "arn": "arn:aws:ec2:us-east-1:762595429056:vpc/vpc-0b1b81ccdc28453be",
            "assign_generated_ipv6_cidr_block": false,
            "cidr_block": "172.16.0.0/16",
            "default_network_acl_id": "acl-0d873f3b93eca8c4f",
            "default_route_table_id": "rtb-0b0c74bc48751e090",
            "default_security_group_id": "sg-0254267274f500713",
            "dhcp_options_id": "dopt-0391fdc25b2353854",
            "enable_dns_hostnames": true,
            "enable_dns_support": true,
            "enable_network_address_usage_metrics": false,
            "id": "vpc-0b1b81ccdc28453be",
            "instance_tenancy": "default",
            "ipv4_ipam_pool_id": null,
            "ipv4_netmask_length": null,
            "ipv6_association_id": "",
            "ipv6_cidr_block": "",
            "ipv6_cidr_block_network_border_group": "",
            "ipv6_ipam_pool_id": "",
            "ipv6_netmask_length": 0,
            "main_route_table_id": "rtb-0b0c74bc48751e090",
            "owner_id": "762595429056",
            "region": "us-east-1",
            "tags": {
              "Name": "learn-patch-asg-ad"
            },
            "tags_all": {
              "Name": "learn-patch-asg-ad"
            }
          },
          "sensitive_attributes": [],
          "identity_schema_version": 0,
          "identity": {
            "account_id": "762595429056",
            "id": "vpc-0b1b81ccdc28453be",
            "region": "us-east-1"
          },
          "private": "eyJzY2hlbWFfdmVyc2lvbiI6IjEifQ==",
          "create_before_destroy": true
        }
      ]
    },
    {
      "mode": "managed",
      "type": "aws_vpc_dhcp_options",
      "name": "ad_dns",
      "provider": "provider[\"registry.terraform.io/hashicorp/aws\"]",
      "instances": [
        {
          "schema_version": 0,
          "attributes": {
            "arn": "arn:aws:ec2:us-east-1:762595429056:dhcp-options/dopt-0391fdc25b2353854",
            "domain_name": "corp.learn-patch.local",
            "domain_name_servers": [
              "172.16.2.183",
              "172.16.4.56"
            ],
            "id": "dopt-0391fdc25b2353854",
            "ipv6_address_preferred_lease_time": "",
            "netbios_name_servers": [],
            "netbios_node_type": "",
            "ntp_servers": [],
            "owner_id": "762595429056",
            "region": "us-east-1",
            "tags": {
              "Name": "learn-patch-asg-ad-ad-dhcp"
            },
            "tags_all": {
              "Name": "learn-patch-asg-ad-ad-dhcp"
            }
          },
          "sensitive_attributes": [],
          "identity_schema_version": 0,
          "private": "bnVsbA==",
          "dependencies": [
            "aws_directory_service_directory.managed_ad",
            "aws_subnet.private",
            "aws_vpc.main",
            "data.aws_vpc.existing"
          ]
        }
      ]
    },
    {
      "mode": "managed",
      "type": "aws_vpc_dhcp_options_association",
      "name": "ad_dns",
      "provider": "provider[\"registry.terraform.io/hashicorp/aws\"]",
      "instances": [
        {
          "schema_version": 0,
          "attributes": {
            "dhcp_options_id": "dopt-0391fdc25b2353854",
            "id": "dopt-0391fdc25b2353854-vpc-0b1b81ccdc28453be",
            "region": "us-east-1",
            "vpc_id": "vpc-0b1b81ccdc28453be"
          },
          "sensitive_attributes": [],
          "identity_schema_version": 0,
          "private": "bnVsbA==",
          "dependencies": [
            "aws_directory_service_directory.managed_ad",
            "aws_subnet.private",
            "aws_vpc.main",
            "aws_vpc_dhcp_options.ad_dns",
            "data.aws_vpc.existing"
          ]
        }
      ]
    }
  ],
  "check_results": null
}
