{
  "version": 4,
  "terraform_version": "1.15.2",
  "serial": 2661,
  "lineage": "645f21b4-d321-9e67-e502-7c2a41b4e239",
  "outputs": {
    "aws_subnet_rhel_private": {
      "value": [
        "subnet-0a2c51c84a22b9c24",
        "subnet-0a1798834e04d21e1",
        "subnet-02ad76dd83d6e3b20"
      ],
      "type": [
        "tuple",
        [
          "string",
          "string",
          "string"
        ]
      ]
    },
    "aws_subnet_rhel_public": {
      "value": [
        "subnet-0ab8fe238267bd6c6",
        "subnet-0f8d97bd7e0de3a68",
        "subnet-029176c3a4159fef5"
      ],
      "type": [
        "tuple",
        [
          "string",
          "string",
          "string"
        ]
      ]
    },
    "aws_subnet_windows_private": {
      "value": [
        "subnet-0738086c772deaa51",
        "subnet-0a7d31fd84b0b135d",
        "subnet-0f182f25c0be0ce0d"
      ],
      "type": [
        "tuple",
        [
          "string",
          "string",
          "string"
        ]
      ]
    },
    "aws_subnet_windows_public": {
      "value": [
        "subnet-0a93a895a363c6ac2",
        "subnet-0383ef917df5fdcc0",
        "subnet-023cfd51f8dd6ced0"
      ],
      "type": [
        "tuple",
        [
          "string",
          "string",
          "string"
        ]
      ]
    },
    "aws_vpc_rhel": {
      "value": "vpc-076844a3b9c8edd52",
      "type": "string"
    },
    "aws_vpc_windows": {
      "value": "vpc-0ecd5ff4b37edd192",
      "type": "string"
    },
    "maintenance_window_role_arn": {
      "value": "arn:aws:iam::421041021814:role/learn-tf-aws-vpc-mw-20260509063732513200000001",
      "type": "string"
    },
    "maintenance_window_role_name": {
      "value": "learn-tf-aws-vpc-mw-20260509063732513200000001",
      "type": "string"
    },
    "tgw_inbound_id": {
      "value": "tgw-0220ee32c3d0c8c13",
      "type": "string"
    },
    "tgw_inbound_route_table_id": {
      "value": "tgw-rtb-0e8df72c366cb2135",
      "type": "string"
    },
    "tgw_outbound_id": {
      "value": "tgw-0b14fd93a97852f45",
      "type": "string"
    },
    "tgw_outbound_route_table_id": {
      "value": "tgw-rtb-09c1bc7a7807b0b87",
      "type": "string"
    },
    "wsus_server_private_ip": {
      "value": "172.17.1.164",
      "type": "string"
    },
    "wsus_server_public_ip": {
      "value": "98.80.201.228",
      "type": "string"
    }
  },
  "resources": [
    {
      "mode": "data",
      "type": "aws_ami",
      "name": "windows_2019",
      "provider": "provider[\"registry.terraform.io/hashicorp/aws\"]",
      "instances": [
        {
          "index_key": 0,
          "schema_version": 0,
          "attributes": {
            "allow_unsafe_filter": null,
            "architecture": "x86_64",
            "arn": "arn:aws:ec2:us-east-1::image/ami-075309a66c5dedf22",
            "block_device_mappings": [
              {
                "device_name": "/dev/sda1",
                "ebs": {
                  "delete_on_termination": "true",
                  "encrypted": "false",
                  "iops": "0",
                  "snapshot_id": "snap-07499eef95e051cfe",
                  "throughput": "0",
                  "volume_initialization_rate": "0",
                  "volume_size": "30",
                  "volume_type": "gp2"
                },
                "no_device": "",
                "virtual_name": ""
              },
              {
                "device_name": "xvdca",
                "ebs": {},
                "no_device": "",
                "virtual_name": "ephemeral0"
              },
              {
                "device_name": "xvdcb",
                "ebs": {},
                "no_device": "",
                "virtual_name": "ephemeral1"
              },
              {
                "device_name": "xvdcc",
                "ebs": {},
                "no_device": "",
                "virtual_name": "ephemeral2"
              },
              {
                "device_name": "xvdcd",
                "ebs": {},
                "no_device": "",
                "virtual_name": "ephemeral3"
              },
              {
                "device_name": "xvdce",
                "ebs": {},
                "no_device": "",
                "virtual_name": "ephemeral4"
              },
              {
                "device_name": "xvdcf",
                "ebs": {},
                "no_device": "",
                "virtual_name": "ephemeral5"
              },
              {
                "device_name": "xvdcg",
                "ebs": {},
                "no_device": "",
                "virtual_name": "ephemeral6"
              },
              {
                "device_name": "xvdch",
                "ebs": {},
                "no_device": "",
                "virtual_name": "ephemeral7"
              },
              {
                "device_name": "xvdci",
                "ebs": {},
                "no_device": "",
                "virtual_name": "ephemeral8"
              },
              {
                "device_name": "xvdcj",
                "ebs": {},
                "no_device": "",
                "virtual_name": "ephemeral9"
              },
              {
                "device_name": "xvdck",
                "ebs": {},
                "no_device": "",
                "virtual_name": "ephemeral10"
              },
              {
                "device_name": "xvdcl",
                "ebs": {},
                "no_device": "",
                "virtual_name": "ephemeral11"
              },
              {
                "device_name": "xvdcm",
                "ebs": {},
                "no_device": "",
                "virtual_name": "ephemeral12"
              },
              {
                "device_name": "xvdcn",
                "ebs": {},
                "no_device": "",
                "virtual_name": "ephemeral13"
              },
              {
                "device_name": "xvdco",
                "ebs": {},
                "no_device": "",
                "virtual_name": "ephemeral14"
              },
              {
                "device_name": "xvdcp",
                "ebs": {},
                "no_device": "",
                "virtual_name": "ephemeral15"
              },
              {
                "device_name": "xvdcq",
                "ebs": {},
                "no_device": "",
                "virtual_name": "ephemeral16"
              },
              {
                "device_name": "xvdcr",
                "ebs": {},
                "no_device": "",
                "virtual_name": "ephemeral17"
              },
              {
                "device_name": "xvdcs",
                "ebs": {},
                "no_device": "",
                "virtual_name": "ephemeral18"
              },
              {
                "device_name": "xvdct",
                "ebs": {},
                "no_device": "",
                "virtual_name": "ephemeral19"
              },
              {
                "device_name": "xvdcu",
                "ebs": {},
                "no_device": "",
                "virtual_name": "ephemeral20"
              },
              {
                "device_name": "xvdcv",
                "ebs": {},
                "no_device": "",
                "virtual_name": "ephemeral21"
              },
              {
                "device_name": "xvdcw",
                "ebs": {},
                "no_device": "",
                "virtual_name": "ephemeral22"
              },
              {
                "device_name": "xvdcx",
                "ebs": {},
                "no_device": "",
                "virtual_name": "ephemeral23"
              },
              {
                "device_name": "xvdcy",
                "ebs": {},
                "no_device": "",
                "virtual_name": "ephemeral24"
              },
              {
                "device_name": "xvdcz",
                "ebs": {},
                "no_device": "",
                "virtual_name": "ephemeral25"
              }
            ],
            "boot_mode": "",
            "creation_date": "2026-04-16T01:39:19.000Z",
            "deprecation_time": "2028-04-16T01:39:19.000Z",
            "description": "Microsoft Windows Server 2019 with Desktop Experience Locale English AMI provided by Amazon",
            "ena_support": true,
            "executable_users": null,
            "filter": [
              {
                "name": "name",
                "values": [
                  "Windows_Server-2019-English-Full-Base-*"
                ]
              }
            ],
            "hypervisor": "xen",
            "id": "ami-075309a66c5dedf22",
            "image_id": "ami-075309a66c5dedf22",
            "image_location": "amazon/Windows_Server-2019-English-Full-Base-2026.04.15",
            "image_owner_alias": "amazon",
            "image_type": "machine",
            "imds_support": "",
            "include_deprecated": false,
            "kernel_id": "",
            "last_launched_time": "",
            "most_recent": true,
            "name": "Windows_Server-2019-English-Full-Base-2026.04.15",
            "name_regex": null,
            "owner_id": "801119661308",
            "owners": [
              "amazon"
            ],
            "platform": "windows",
            "platform_details": "Windows",
            "product_codes": [],
            "public": true,
            "ramdisk_id": "",
            "region": "us-east-1",
            "root_device_name": "/dev/sda1",
            "root_device_type": "ebs",
            "root_snapshot_id": "snap-07499eef95e051cfe",
            "sriov_net_support": "simple",
            "state": "available",
            "state_reason": {
              "code": "UNSET",
              "message": "UNSET"
            },
            "tags": {},
            "timeouts": null,
            "tpm_support": "",
            "uefi_data": null,
            "usage_operation": "RunInstances:0002",
            "virtualization_type": "hvm"
          },
          "sensitive_attributes": [],
          "identity_schema_version": 0
        }
      ]
    },
    {
      "mode": "data",
      "type": "aws_caller_identity",
      "name": "current",
      "provider": "provider[\"registry.terraform.io/hashicorp/aws\"]",
      "instances": [
        {
          "schema_version": 0,
          "attributes": {
            "account_id": "421041021814",
            "arn": "arn:aws:sts::421041021814:assumed-role/GithubActions/GitHub_to_AWS_via_FederatedOIDC",
            "id": "421041021814",
            "user_id": "AROAWECAAEN3CYJVYT6RY:GitHub_to_AWS_via_FederatedOIDC"
          },
          "sensitive_attributes": [],
          "identity_schema_version": 0
        }
      ]
    },
    {
      "mode": "data",
      "type": "aws_region",
      "name": "current",
      "provider": "provider[\"registry.terraform.io/hashicorp/aws\"]",
      "instances": [
        {
          "schema_version": 0,
          "attributes": {
            "description": "US East (N. Virginia)",
            "endpoint": "ec2.us-east-1.amazonaws.com",
            "id": "us-east-1",
            "name": "us-east-1",
            "region": "us-east-1"
          },
          "sensitive_attributes": [],
          "identity_schema_version": 0
        }
      ]
    },
    {
      "mode": "managed",
      "type": "aws_cloudwatch_log_group",
      "name": "vpc_flow_logs",
      "provider": "provider[\"registry.terraform.io/hashicorp/aws\"]",
      "instances": [
        {
          "index_key": 0,
          "schema_version": 0,
          "attributes": {
            "arn": "arn:aws:logs:us-east-1:421041021814:log-group:/aws/vpc/flow-logs/learn-tf-aws-vpc",
            "deletion_protection_enabled": false,
            "id": "/aws/vpc/flow-logs/learn-tf-aws-vpc",
            "kms_key_id": "",
            "log_group_class": "STANDARD",
            "name": "/aws/vpc/flow-logs/learn-tf-aws-vpc",
            "name_prefix": "",
            "region": "us-east-1",
            "retention_in_days": 30,
            "skip_destroy": false,
            "tags": null,
            "tags_all": {}
          },
          "sensitive_attributes": [],
          "identity_schema_version": 0,
          "identity": {
            "account_id": "421041021814",
            "name": "/aws/vpc/flow-logs/learn-tf-aws-vpc",
            "region": "us-east-1"
          },
          "private": "bnVsbA=="
        }
      ]
    },
    {
      "mode": "managed",
      "type": "aws_cloudwatch_metric_alarm",
      "name": "high_rejected_packets",
      "provider": "provider[\"registry.terraform.io/hashicorp/aws\"]",
      "instances": [
        {
          "schema_version": 1,
          "attributes": {
            "actions_enabled": true,
            "alarm_actions": [
              "arn:aws:sns:us-east-1:421041021814:learn-tf-aws-vpc-alarm-notifications"
            ],
            "alarm_description": "Alert when rejected packets \u003e= 100 over 2 evaluation periods",
            "alarm_name": "learn-tf-aws-vpc-high-rejected-packets",
            "arn": "arn:aws:cloudwatch:us-east-1:421041021814:alarm:learn-tf-aws-vpc-high-rejected-packets",
            "comparison_operator": "GreaterThanOrEqualToThreshold",
            "datapoints_to_alarm": 0,
            "dimensions": {
              "VpcId": "test-rhel-vpc"
            },
            "evaluate_low_sample_count_percentiles": "",
            "evaluation_criteria": [],
            "evaluation_interval": 0,
            "evaluation_periods": 2,
            "extended_statistic": "",
            "id": "learn-tf-aws-vpc-high-rejected-packets",
            "insufficient_data_actions": null,
            "metric_name": "RejectedPackets",
            "metric_query": [],
            "namespace": "CustomVPC/FlowMetrics",
            "ok_actions": null,
            "period": 60,
            "region": "us-east-1",
            "statistic": "Sum",
            "tags": {
              "Name": "learn-tf-aws-vpc-rejected-packets-alarm"
            },
            "tags_all": {
              "Name": "learn-tf-aws-vpc-rejected-packets-alarm"
            },
            "threshold": 100,
            "threshold_metric_id": "",
            "treat_missing_data": "missing",
            "unit": ""
          },
          "sensitive_attributes": [],
          "identity_schema_version": 0,
          "identity": {
            "account_id": "421041021814",
            "alarm_name": "learn-tf-aws-vpc-high-rejected-packets",
            "region": "us-east-1"
          },
          "private": "eyJzY2hlbWFfdmVyc2lvbiI6IjEifQ==",
          "dependencies": [
            "aws_sns_topic.alarm_notifications"
          ]
        }
      ]
    },
    {
      "mode": "managed",
      "type": "aws_cloudwatch_metric_alarm",
      "name": "tgw_bytes_out",
      "provider": "provider[\"registry.terraform.io/hashicorp/aws\"]",
      "instances": [
        {
          "schema_version": 1,
          "attributes": {
            "actions_enabled": true,
            "alarm_actions": [
              "arn:aws:sns:us-east-1:421041021814:learn-tf-aws-vpc-alarm-notifications"
            ],
            "alarm_description": "Alert when TGW outbound bytes exceed 500MB avg over 15 min",
            "alarm_name": "learn-tf-aws-vpc-tgw-bytes-out",
            "arn": "arn:aws:cloudwatch:us-east-1:421041021814:alarm:learn-tf-aws-vpc-tgw-bytes-out",
            "comparison_operator": "GreaterThanThreshold",
            "datapoints_to_alarm": 0,
            "dimensions": null,
            "evaluate_low_sample_count_percentiles": "",
            "evaluation_criteria": [],
            "evaluation_interval": 0,
            "evaluation_periods": 3,
            "extended_statistic": "",
            "id": "learn-tf-aws-vpc-tgw-bytes-out",
            "insufficient_data_actions": null,
            "metric_name": "BytesOut",
            "metric_query": [],
            "namespace": "AWS/TransitGateway",
            "ok_actions": null,
            "period": 300,
            "region": "us-east-1",
            "statistic": "Average",
            "tags": {
              "Name": "learn-tf-aws-vpc-tgw-bytes-out-alarm"
            },
            "tags_all": {
              "Name": "learn-tf-aws-vpc-tgw-bytes-out-alarm"
            },
            "threshold": 500000000,
            "threshold_metric_id": "",
            "treat_missing_data": "missing",
            "unit": ""
          },
          "sensitive_attributes": [],
          "identity_schema_version": 0,
          "identity": {
            "account_id": "421041021814",
            "alarm_name": "learn-tf-aws-vpc-tgw-bytes-out",
            "region": "us-east-1"
          },
          "private": "eyJzY2hlbWFfdmVyc2lvbiI6IjEifQ==",
          "dependencies": [
            "aws_sns_topic.alarm_notifications"
          ]
        }
      ]
    },
    {
      "mode": "managed",
      "type": "aws_cloudwatch_metric_alarm",
      "name": "vpc_flow_log_bytes",
      "provider": "provider[\"registry.terraform.io/hashicorp/aws\"]",
      "instances": [
        {
          "index_key": 0,
          "schema_version": 1,
          "attributes": {
            "actions_enabled": true,
            "alarm_actions": [
              "arn:aws:sns:us-east-1:421041021814:learn-tf-aws-vpc-alarm-notifications"
            ],
            "alarm_description": "Alert when VPC flow log incoming bytes exceed 1MB in 5 min",
            "alarm_name": "learn-tf-aws-vpc-vpc-flow-log-incoming-bytes",
            "arn": "arn:aws:cloudwatch:us-east-1:421041021814:alarm:learn-tf-aws-vpc-vpc-flow-log-incoming-bytes",
            "comparison_operator": "GreaterThanThreshold",
            "datapoints_to_alarm": 0,
            "dimensions": {
              "LogGroupName": "/aws/vpc/flow-logs/learn-tf-aws-vpc"
            },
            "evaluate_low_sample_count_percentiles": "",
            "evaluation_criteria": [],
            "evaluation_interval": 0,
            "evaluation_periods": 1,
            "extended_statistic": "",
            "id": "learn-tf-aws-vpc-vpc-flow-log-incoming-bytes",
            "insufficient_data_actions": null,
            "metric_name": "IncomingBytes",
            "metric_query": [],
            "namespace": "AWS/Logs",
            "ok_actions": null,
            "period": 300,
            "region": "us-east-1",
            "statistic": "Sum",
            "tags": {
              "Name": "learn-tf-aws-vpc-vpc-flow-log-bytes-alarm"
            },
            "tags_all": {
              "Name": "learn-tf-aws-vpc-vpc-flow-log-bytes-alarm"
            },
            "threshold": 1000000,
            "threshold_metric_id": "",
            "treat_missing_data": "missing",
            "unit": ""
          },
          "sensitive_attributes": [],
          "identity_schema_version": 0,
          "identity": {
            "account_id": "421041021814",
            "alarm_name": "learn-tf-aws-vpc-vpc-flow-log-incoming-bytes",
            "region": "us-east-1"
          },
          "private": "eyJzY2hlbWFfdmVyc2lvbiI6IjEifQ==",
          "dependencies": [
            "aws_sns_topic.alarm_notifications"
          ]
        }
      ]
    },
    {
      "mode": "managed",
      "type": "aws_ec2_transit_gateway",
      "name": "tgw_inbound",
      "provider": "provider[\"registry.terraform.io/hashicorp/aws\"]",
      "instances": [
        {
          "index_key": 0,
          "schema_version": 0,
          "attributes": {
            "amazon_side_asn": 64512,
            "arn": "arn:aws:ec2:us-east-1:421041021814:transit-gateway/tgw-0220ee32c3d0c8c13",
            "association_default_route_table_id": "tgw-rtb-0e8df72c366cb2135",
            "auto_accept_shared_attachments": "disable",
            "default_route_table_association": "enable",
            "default_route_table_propagation": "enable",
            "description": "Inbound Transit Gateway",
            "dns_support": "enable",
            "encryption_support": "disable",
            "id": "tgw-0220ee32c3d0c8c13",
            "multicast_support": "disable",
            "owner_id": "421041021814",
            "propagation_default_route_table_id": "tgw-rtb-0e8df72c366cb2135",
            "region": "us-east-1",
            "security_group_referencing_support": "disable",
            "tags": {
              "Name": "learn-tf-aws-vpc-tgw-inbound"
            },
            "tags_all": {
              "Name": "learn-tf-aws-vpc-tgw-inbound"
            },
            "timeouts": null,
            "transit_gateway_cidr_blocks": null,
            "vpn_ecmp_support": "enable"
          },
          "sensitive_attributes": [],
          "identity_schema_version": 0,
          "private": "eyJlMmJmYjczMC1lY2FhLTExZTYtOGY4OC0zNDM2M2JjN2M0YzAiOnsiY3JlYXRlIjo2MDAwMDAwMDAwMDAsImRlbGV0ZSI6NjAwMDAwMDAwMDAwLCJ1cGRhdGUiOjYwMDAwMDAwMDAwMH19"
        }
      ]
    },
    {
      "mode": "managed",
      "type": "aws_ec2_transit_gateway",
      "name": "tgw_outbound",
      "provider": "provider[\"registry.terraform.io/hashicorp/aws\"]",
      "instances": [
        {
          "index_key": 0,
          "schema_version": 0,
          "attributes": {
            "amazon_side_asn": 64512,
            "arn": "arn:aws:ec2:us-east-1:421041021814:transit-gateway/tgw-0b14fd93a97852f45",
            "association_default_route_table_id": "tgw-rtb-09c1bc7a7807b0b87",
            "auto_accept_shared_attachments": "disable",
            "default_route_table_association": "enable",
            "default_route_table_propagation": "enable",
            "description": "Outbound Transit Gateway",
            "dns_support": "enable",
            "encryption_support": "disable",
            "id": "tgw-0b14fd93a97852f45",
            "multicast_support": "disable",
            "owner_id": "421041021814",
            "propagation_default_route_table_id": "tgw-rtb-09c1bc7a7807b0b87",
            "region": "us-east-1",
            "security_group_referencing_support": "disable",
            "tags": {
              "Name": "learn-tf-aws-vpc-tgw-outbound"
            },
            "tags_all": {
              "Name": "learn-tf-aws-vpc-tgw-outbound"
            },
            "timeouts": null,
            "transit_gateway_cidr_blocks": null,
            "vpn_ecmp_support": "enable"
          },
          "sensitive_attributes": [],
          "identity_schema_version": 0,
          "private": "eyJlMmJmYjczMC1lY2FhLTExZTYtOGY4OC0zNDM2M2JjN2M0YzAiOnsiY3JlYXRlIjo2MDAwMDAwMDAwMDAsImRlbGV0ZSI6NjAwMDAwMDAwMDAwLCJ1cGRhdGUiOjYwMDAwMDAwMDAwMH19"
        }
      ]
    },
    {
      "mode": "managed",
      "type": "aws_ec2_transit_gateway_route",
      "name": "tgw_inbound_rhel_to_windows",
      "provider": "provider[\"registry.terraform.io/hashicorp/aws\"]",
      "instances": [
        {
          "index_key": 0,
          "schema_version": 0,
          "attributes": {
            "blackhole": false,
            "destination_cidr_block": "172.17.1.0/24",
            "id": "tgw-rtb-0e8df72c366cb2135_172.17.1.0/24",
            "region": "us-east-1",
            "transit_gateway_attachment_id": "tgw-attach-0fec0eb2b8475dab2",
            "transit_gateway_route_table_id": "tgw-rtb-0e8df72c366cb2135"
          },
          "sensitive_attributes": [],
          "identity_schema_version": 0,
          "private": "bnVsbA==",
          "dependencies": [
            "aws_ec2_transit_gateway.tgw_inbound",
            "aws_ec2_transit_gateway_vpc_attachment.tgw_inbound_windows",
            "aws_subnet.windows_public_subnet",
            "aws_vpc.windows_vpc"
          ]
        }
      ]
    },
    {
      "mode": "managed",
      "type": "aws_ec2_transit_gateway_route",
      "name": "tgw_inbound_windows_to_rhel",
      "provider": "provider[\"registry.terraform.io/hashicorp/aws\"]",
      "instances": [
        {
          "index_key": 0,
          "schema_version": 0,
          "attributes": {
            "blackhole": false,
            "destination_cidr_block": "172.16.1.0/24",
            "id": "tgw-rtb-0e8df72c366cb2135_172.16.1.0/24",
            "region": "us-east-1",
            "transit_gateway_attachment_id": "tgw-attach-0f7324fd7f55aaa68",
            "transit_gateway_route_table_id": "tgw-rtb-0e8df72c366cb2135"
          },
          "sensitive_attributes": [],
          "identity_schema_version": 0,
          "private": "bnVsbA==",
          "dependencies": [
            "aws_ec2_transit_gateway.tgw_inbound",
            "aws_ec2_transit_gateway_vpc_attachment.tgw_inbound_rhel",
            "aws_subnet.public_subnet_01",
            "aws_vpc.demo_main_vpc"
          ]
        }
      ]
    },
    {
      "mode": "managed",
      "type": "aws_ec2_transit_gateway_route",
      "name": "tgw_outbound_rhel_to_windows",
      "provider": "provider[\"registry.terraform.io/hashicorp/aws\"]",
      "instances": [
        {
          "index_key": 0,
          "schema_version": 0,
          "attributes": {
            "blackhole": false,
            "destination_cidr_block": "172.17.1.0/24",
            "id": "tgw-rtb-09c1bc7a7807b0b87_172.17.1.0/24",
            "region": "us-east-1",
            "transit_gateway_attachment_id": "tgw-attach-0fb5e0c1ed1210c29",
            "transit_gateway_route_table_id": "tgw-rtb-09c1bc7a7807b0b87"
          },
          "sensitive_attributes": [],
          "identity_schema_version": 0,
          "private": "bnVsbA==",
          "dependencies": [
            "aws_ec2_transit_gateway.tgw_outbound",
            "aws_ec2_transit_gateway_vpc_attachment.tgw_outbound_windows",
            "aws_subnet.windows_public_subnet",
            "aws_vpc.windows_vpc"
          ]
        }
      ]
    },
    {
      "mode": "managed",
      "type": "aws_ec2_transit_gateway_route",
      "name": "tgw_outbound_windows_to_rhel",
      "provider": "provider[\"registry.terraform.io/hashicorp/aws\"]",
      "instances": [
        {
          "index_key": 0,
          "schema_version": 0,
          "attributes": {
            "blackhole": false,
            "destination_cidr_block": "172.16.1.0/24",
            "id": "tgw-rtb-09c1bc7a7807b0b87_172.16.1.0/24",
            "region": "us-east-1",
            "transit_gateway_attachment_id": "tgw-attach-01ea53c8e15d06b97",
            "transit_gateway_route_table_id": "tgw-rtb-09c1bc7a7807b0b87"
          },
          "sensitive_attributes": [],
          "identity_schema_version": 0,
          "private": "bnVsbA==",
          "dependencies": [
            "aws_ec2_transit_gateway.tgw_outbound",
            "aws_ec2_transit_gateway_vpc_attachment.tgw_outbound_rhel",
            "aws_subnet.public_subnet_01",
            "aws_vpc.demo_main_vpc"
          ]
        }
      ]
    },
    {
      "mode": "managed",
      "type": "aws_ec2_transit_gateway_vpc_attachment",
      "name": "tgw_inbound_rhel",
      "provider": "provider[\"registry.terraform.io/hashicorp/aws\"]",
      "instances": [
        {
          "index_key": 0,
          "schema_version": 0,
          "attributes": {
            "appliance_mode_support": "disable",
            "arn": "arn:aws:ec2:us-east-1:421041021814:transit-gateway-attachment/tgw-attach-0f7324fd7f55aaa68",
            "dns_support": "enable",
            "id": "tgw-attach-0f7324fd7f55aaa68",
            "ipv6_support": "disable",
            "region": "us-east-1",
            "security_group_referencing_support": "enable",
            "subnet_ids": [
              "subnet-029176c3a4159fef5",
              "subnet-0ab8fe238267bd6c6",
              "subnet-0f8d97bd7e0de3a68"
            ],
            "tags": {
              "Name": "learn-tf-aws-vpc-tgw-inbound-rhel-attach"
            },
            "tags_all": {
              "Name": "learn-tf-aws-vpc-tgw-inbound-rhel-attach"
            },
            "transit_gateway_default_route_table_association": true,
            "transit_gateway_default_route_table_propagation": true,
            "transit_gateway_id": "tgw-0220ee32c3d0c8c13",
            "vpc_id": "vpc-076844a3b9c8edd52",
            "vpc_owner_id": "421041021814"
          },
          "sensitive_attributes": [],
          "identity_schema_version": 0,
          "private": "bnVsbA==",
          "dependencies": [
            "aws_ec2_transit_gateway.tgw_inbound",
            "aws_subnet.public_subnet_01",
            "aws_vpc.demo_main_vpc"
          ]
        }
      ]
    },
    {
      "mode": "managed",
      "type": "aws_ec2_transit_gateway_vpc_attachment",
      "name": "tgw_inbound_windows",
      "provider": "provider[\"registry.terraform.io/hashicorp/aws\"]",
      "instances": [
        {
          "index_key": 0,
          "schema_version": 0,
          "attributes": {
            "appliance_mode_support": "disable",
            "arn": "arn:aws:ec2:us-east-1:421041021814:transit-gateway-attachment/tgw-attach-0fec0eb2b8475dab2",
            "dns_support": "enable",
            "id": "tgw-attach-0fec0eb2b8475dab2",
            "ipv6_support": "disable",
            "region": "us-east-1",
            "security_group_referencing_support": "enable",
            "subnet_ids": [
              "subnet-023cfd51f8dd6ced0",
              "subnet-0383ef917df5fdcc0",
              "subnet-0a93a895a363c6ac2"
            ],
            "tags": {
              "Name": "learn-tf-aws-vpc-tgw-inbound-windows-attach"
            },
            "tags_all": {
              "Name": "learn-tf-aws-vpc-tgw-inbound-windows-attach"
            },
            "transit_gateway_default_route_table_association": true,
            "transit_gateway_default_route_table_propagation": true,
            "transit_gateway_id": "tgw-0220ee32c3d0c8c13",
            "vpc_id": "vpc-0ecd5ff4b37edd192",
            "vpc_owner_id": "421041021814"
          },
          "sensitive_attributes": [],
          "identity_schema_version": 0,
          "private": "bnVsbA==",
          "dependencies": [
            "aws_ec2_transit_gateway.tgw_inbound",
            "aws_subnet.windows_public_subnet",
            "aws_vpc.windows_vpc"
          ]
        }
      ]
    },
    {
      "mode": "managed",
      "type": "aws_ec2_transit_gateway_vpc_attachment",
      "name": "tgw_outbound_rhel",
      "provider": "provider[\"registry.terraform.io/hashicorp/aws\"]",
      "instances": [
        {
          "index_key": 0,
          "schema_version": 0,
          "attributes": {
            "appliance_mode_support": "disable",
            "arn": "arn:aws:ec2:us-east-1:421041021814:transit-gateway-attachment/tgw-attach-01ea53c8e15d06b97",
            "dns_support": "enable",
            "id": "tgw-attach-01ea53c8e15d06b97",
            "ipv6_support": "disable",
            "region": "us-east-1",
            "security_group_referencing_support": "enable",
            "subnet_ids": [
              "subnet-029176c3a4159fef5",
              "subnet-0ab8fe238267bd6c6",
              "subnet-0f8d97bd7e0de3a68"
            ],
            "tags": {
              "Name": "learn-tf-aws-vpc-tgw-outbound-rhel-attach"
            },
            "tags_all": {
              "Name": "learn-tf-aws-vpc-tgw-outbound-rhel-attach"
            },
            "transit_gateway_default_route_table_association": true,
            "transit_gateway_default_route_table_propagation": true,
            "transit_gateway_id": "tgw-0b14fd93a97852f45",
            "vpc_id": "vpc-076844a3b9c8edd52",
            "vpc_owner_id": "421041021814"
          },
          "sensitive_attributes": [],
          "identity_schema_version": 0,
          "private": "bnVsbA==",
          "dependencies": [
            "aws_ec2_transit_gateway.tgw_outbound",
            "aws_subnet.public_subnet_01",
            "aws_vpc.demo_main_vpc"
          ]
        }
      ]
    },
    {
      "mode": "managed",
      "type": "aws_ec2_transit_gateway_vpc_attachment",
      "name": "tgw_outbound_windows",
      "provider": "provider[\"registry.terraform.io/hashicorp/aws\"]",
      "instances": [
        {
          "index_key": 0,
          "schema_version": 0,
          "attributes": {
            "appliance_mode_support": "disable",
            "arn": "arn:aws:ec2:us-east-1:421041021814:transit-gateway-attachment/tgw-attach-0fb5e0c1ed1210c29",
            "dns_support": "enable",
            "id": "tgw-attach-0fb5e0c1ed1210c29",
            "ipv6_support": "disable",
            "region": "us-east-1",
            "security_group_referencing_support": "enable",
            "subnet_ids": [
              "subnet-023cfd51f8dd6ced0",
              "subnet-0383ef917df5fdcc0",
              "subnet-0a93a895a363c6ac2"
            ],
            "tags": {
              "Name": "learn-tf-aws-vpc-tgw-outbound-windows-attach"
            },
            "tags_all": {
              "Name": "learn-tf-aws-vpc-tgw-outbound-windows-attach"
            },
            "transit_gateway_default_route_table_association": true,
            "transit_gateway_default_route_table_propagation": true,
            "transit_gateway_id": "tgw-0b14fd93a97852f45",
            "vpc_id": "vpc-0ecd5ff4b37edd192",
            "vpc_owner_id": "421041021814"
          },
          "sensitive_attributes": [],
          "identity_schema_version": 0,
          "private": "bnVsbA==",
          "dependencies": [
            "aws_ec2_transit_gateway.tgw_outbound",
            "aws_subnet.windows_public_subnet",
            "aws_vpc.windows_vpc"
          ]
        }
      ]
    },
    {
      "mode": "managed",
      "type": "aws_flow_log",
      "name": "rhel_vpc",
      "provider": "provider[\"registry.terraform.io/hashicorp/aws\"]",
      "instances": [
        {
          "index_key": 0,
          "schema_version": 1,
          "attributes": {
            "arn": "arn:aws:ec2:us-east-1:421041021814:vpc-flow-log/fl-0e1fda5580e4383e7",
            "deliver_cross_account_role": "",
            "destination_options": [],
            "eni_id": null,
            "iam_role_arn": "arn:aws:iam::421041021814:role/learn-tf-aws-vpc-vpc-flow-log-role",
            "id": "fl-0e1fda5580e4383e7",
            "log_destination": "arn:aws:logs:us-east-1:421041021814:log-group:/aws/vpc/flow-logs/learn-tf-aws-vpc",
            "log_destination_type": "cloud-watch-logs",
            "log_format": "${version} ${account-id} ${interface-id} ${srcaddr} ${dstaddr} ${srcport} ${dstport} ${protocol} ${packets} ${bytes} ${start} ${end} ${action} ${log-status}",
            "max_aggregation_interval": 600,
            "region": "us-east-1",
            "regional_nat_gateway_id": null,
            "subnet_id": null,
            "tags": {
              "Name": "learn-tf-aws-vpc-rhel-vpc-flow-log"
            },
            "tags_all": {
              "Name": "learn-tf-aws-vpc-rhel-vpc-flow-log"
            },
            "traffic_type": "ALL",
            "transit_gateway_attachment_id": null,
            "transit_gateway_id": null,
            "vpc_id": "vpc-076844a3b9c8edd52"
          },
          "sensitive_attributes": [],
          "identity_schema_version": 0,
          "private": "eyJzY2hlbWFfdmVyc2lvbiI6IjEifQ==",
          "dependencies": [
            "aws_cloudwatch_log_group.vpc_flow_logs",
            "aws_iam_role.vpc_flow_log_role",
            "aws_vpc.demo_main_vpc"
          ]
        }
      ]
    },
    {
      "mode": "managed",
      "type": "aws_flow_log",
      "name": "windows_vpc",
      "provider": "provider[\"registry.terraform.io/hashicorp/aws\"]",
      "instances": [
        {
          "index_key": 0,
          "schema_version": 1,
          "attributes": {
            "arn": "arn:aws:ec2:us-east-1:421041021814:vpc-flow-log/fl-0c4498641437c040e",
            "deliver_cross_account_role": "",
            "destination_options": [],
            "eni_id": null,
            "iam_role_arn": "arn:aws:iam::421041021814:role/learn-tf-aws-vpc-vpc-flow-log-role",
            "id": "fl-0c4498641437c040e",
            "log_destination": "arn:aws:logs:us-east-1:421041021814:log-group:/aws/vpc/flow-logs/learn-tf-aws-vpc",
            "log_destination_type": "cloud-watch-logs",
            "log_format": "${version} ${account-id} ${interface-id} ${srcaddr} ${dstaddr} ${srcport} ${dstport} ${protocol} ${packets} ${bytes} ${start} ${end} ${action} ${log-status}",
            "max_aggregation_interval": 600,
            "region": "us-east-1",
            "regional_nat_gateway_id": null,
            "subnet_id": null,
            "tags": {
              "Name": "learn-tf-aws-vpc-windows-vpc-flow-log"
            },
            "tags_all": {
              "Name": "learn-tf-aws-vpc-windows-vpc-flow-log"
            },
            "traffic_type": "ALL",
            "transit_gateway_attachment_id": null,
            "transit_gateway_id": null,
            "vpc_id": "vpc-0ecd5ff4b37edd192"
          },
          "sensitive_attributes": [],
          "identity_schema_version": 0,
          "private": "eyJzY2hlbWFfdmVyc2lvbiI6IjEifQ==",
          "dependencies": [
            "aws_cloudwatch_log_group.vpc_flow_logs",
            "aws_iam_role.vpc_flow_log_role",
            "aws_vpc.windows_vpc"
          ]
        }
      ]
    },
    {
      "mode": "managed",
      "type": "aws_iam_instance_profile",
      "name": "ssm_profile",
      "provider": "provider[\"registry.terraform.io/hashicorp/aws\"]",
      "instances": [
        {
          "schema_version": 0,
          "attributes": {
            "arn": "arn:aws:iam::421041021814:instance-profile/learn-tf-aws-vpc-ssm-profile",
            "create_date": "2026-05-09T06:37:32Z",
            "id": "learn-tf-aws-vpc-ssm-profile",
            "name": "learn-tf-aws-vpc-ssm-profile",
            "name_prefix": "",
            "path": "/",
            "role": "learn-tf-aws-vpc-ssm-role",
            "tags": null,
            "tags_all": {},
            "unique_id": "AIPAWECAAEN3D3G34QP6D"
          },
          "sensitive_attributes": [],
          "identity_schema_version": 0,
          "identity": {
            "account_id": "421041021814",
            "name": "learn-tf-aws-vpc-ssm-profile"
          },
          "private": "bnVsbA==",
          "dependencies": [
            "aws_iam_role.ssm_role"
          ]
        }
      ]
    },
    {
      "mode": "managed",
      "type": "aws_iam_role",
      "name": "maintenance_window_role",
      "provider": "provider[\"registry.terraform.io/hashicorp/aws\"]",
      "instances": [
        {
          "schema_version": 0,
          "attributes": {
            "arn": "arn:aws:iam::421041021814:role/learn-tf-aws-vpc-mw-20260509063732513200000001",
            "assume_role_policy": "{\"Statement\":[{\"Action\":\"sts:AssumeRole\",\"Effect\":\"Allow\",\"Principal\":{\"Service\":\"ssm.amazonaws.com\"}}],\"Version\":\"2012-10-17\"}",
            "create_date": "2026-05-09T06:37:32Z",
            "description": "Role for Systems Manager Maintenance Window to run patch baselines and PowerShell",
            "force_detach_policies": false,
            "id": "learn-tf-aws-vpc-mw-20260509063732513200000001",
            "inline_policy": [],
            "managed_policy_arns": [],
            "max_session_duration": 3600,
            "name": "learn-tf-aws-vpc-mw-20260509063732513200000001",
            "name_prefix": "learn-tf-aws-vpc-mw-",
            "path": "/",
            "permissions_boundary": "",
            "tags": {
              "Name": "learn-tf-aws-vpc-maintenance-window-role"
            },
            "tags_all": {
              "Name": "learn-tf-aws-vpc-maintenance-window-role"
            },
            "unique_id": "AROAWECAAEN3KQFRDFYIJ"
          },
          "sensitive_attributes": [],
          "identity_schema_version": 0,
          "identity": {
            "account_id": "421041021814",
            "name": "learn-tf-aws-vpc-mw-20260509063732513200000001"
          },
          "private": "bnVsbA=="
        }
      ]
    },
    {
      "mode": "managed",
      "type": "aws_iam_role",
      "name": "ssm_role",
      "provider": "provider[\"registry.terraform.io/hashicorp/aws\"]",
      "instances": [
        {
          "schema_version": 0,
          "attributes": {
            "arn": "arn:aws:iam::421041021814:role/learn-tf-aws-vpc-ssm-role",
            "assume_role_policy": "{\"Statement\":[{\"Action\":\"sts:AssumeRole\",\"Effect\":\"Allow\",\"Principal\":{\"Service\":\"ec2.amazonaws.com\"}}],\"Version\":\"2012-10-17\"}",
            "create_date": "2026-05-09T06:37:32Z",
            "description": "",
            "force_detach_policies": false,
            "id": "learn-tf-aws-vpc-ssm-role",
            "inline_policy": [],
            "managed_policy_arns": [],
            "max_session_duration": 3600,
            "name": "learn-tf-aws-vpc-ssm-role",
            "name_prefix": "",
            "path": "/",
            "permissions_boundary": "",
            "tags": null,
            "tags_all": {},
            "unique_id": "AROAWECAAEN3N4KWPFUVY"
          },
          "sensitive_attributes": [],
          "identity_schema_version": 0,
          "identity": {
            "account_id": "421041021814",
            "name": "learn-tf-aws-vpc-ssm-role"
          },
          "private": "bnVsbA=="
        }
      ]
    },
    {
      "mode": "managed",
      "type": "aws_iam_role",
      "name": "vpc_flow_log_role",
      "provider": "provider[\"registry.terraform.io/hashicorp/aws\"]",
      "instances": [
        {
          "index_key": 0,
          "schema_version": 0,
          "attributes": {
            "arn": "arn:aws:iam::421041021814:role/learn-tf-aws-vpc-vpc-flow-log-role",
            "assume_role_policy": "{\"Statement\":[{\"Action\":\"sts:AssumeRole\",\"Effect\":\"Allow\",\"Principal\":{\"Service\":\"vpc-flow-logs.amazonaws.com\"}}],\"Version\":\"2012-10-17\"}",
            "create_date": "2026-05-09T06:37:32Z",
            "description": "",
            "force_detach_policies": false,
            "id": "learn-tf-aws-vpc-vpc-flow-log-role",
            "inline_policy": [],
            "managed_policy_arns": [],
            "max_session_duration": 3600,
            "name": "learn-tf-aws-vpc-vpc-flow-log-role",
            "name_prefix": "",
            "path": "/",
            "permissions_boundary": "",
            "tags": null,
            "tags_all": {},
            "unique_id": "AROAWECAAEN3ND2N2SMXV"
          },
          "sensitive_attributes": [],
          "identity_schema_version": 0,
          "identity": {
            "account_id": "421041021814",
            "name": "learn-tf-aws-vpc-vpc-flow-log-role"
          },
          "private": "bnVsbA=="
        }
      ]
    },
    {
      "mode": "managed",
      "type": "aws_iam_role_policy",
      "name": "maintenance_window_ec2messages_policy",
      "provider": "provider[\"registry.terraform.io/hashicorp/aws\"]",
      "instances": [
        {
          "schema_version": 0,
          "attributes": {
            "id": "learn-tf-aws-vpc-mw-20260509063732513200000001:learn-tf-aws-vpc-mw-ec2msg-20260509063732901900000004",
            "name": "learn-tf-aws-vpc-mw-ec2msg-20260509063732901900000004",
            "name_prefix": "learn-tf-aws-vpc-mw-ec2msg-",
            "policy": "{\"Version\":\"2012-10-17\",\"Statement\":[{\"Action\":[\"ec2messages:AcknowledgeMessage\",\"ec2messages:DeleteMessage\",\"ec2messages:FailMessage\",\"ec2messages:GetEndpoint\",\"ec2messages:GetMessages\"],\"Effect\":\"Allow\",\"Resource\":\"*\",\"Sid\":\"AllowEC2MessagesService\"}]}",
            "role": "learn-tf-aws-vpc-mw-20260509063732513200000001"
          },
          "sensitive_attributes": [],
          "identity_schema_version": 0,
          "identity": {
            "account_id": "421041021814",
            "name": "learn-tf-aws-vpc-mw-ec2msg-20260509063732901900000004",
            "role": "learn-tf-aws-vpc-mw-20260509063732513200000001"
          },
          "private": "bnVsbA==",
          "dependencies": [
            "aws_iam_role.maintenance_window_role"
          ]
        }
      ]
    },
    {
      "mode": "managed",
      "type": "aws_iam_role_policy",
      "name": "maintenance_window_logs_policy",
      "provider": "provider[\"registry.terraform.io/hashicorp/aws\"]",
      "instances": [
        {
          "schema_version": 0,
          "attributes": {
            "id": "learn-tf-aws-vpc-mw-20260509063732513200000001:learn-tf-aws-vpc-mw-logs-20260509063733041600000006",
            "name": "learn-tf-aws-vpc-mw-logs-20260509063733041600000006",
            "name_prefix": "learn-tf-aws-vpc-mw-logs-",
            "policy": "{\"Version\":\"2012-10-17\",\"Statement\":[{\"Action\":[\"logs:CreateLogGroup\",\"logs:CreateLogStream\",\"logs:DescribeLogGroups\",\"logs:DescribeLogStreams\",\"logs:PutLogEvents\"],\"Effect\":\"Allow\",\"Resource\":\"arn:aws:logs:us-east-1:421041021814:log-group:/aws/ssm/learn-tf-aws-vpc*\",\"Sid\":\"AllowLogsOperations\"}]}",
            "role": "learn-tf-aws-vpc-mw-20260509063732513200000001"
          },
          "sensitive_attributes": [],
          "identity_schema_version": 0,
          "identity": {
            "account_id": "421041021814",
            "name": "learn-tf-aws-vpc-mw-logs-20260509063733041600000006",
            "role": "learn-tf-aws-vpc-mw-20260509063732513200000001"
          },
          "private": "bnVsbA==",
          "dependencies": [
            "aws_iam_role.maintenance_window_role",
            "data.aws_caller_identity.current",
            "data.aws_region.current"
          ]
        }
      ]
    },
    {
      "mode": "managed",
      "type": "aws_iam_role_policy",
      "name": "maintenance_window_patch_policy",
      "provider": "provider[\"registry.terraform.io/hashicorp/aws\"]",
      "instances": [
        {
          "schema_version": 0,
          "attributes": {
            "id": "learn-tf-aws-vpc-mw-20260509063732513200000001:learn-tf-aws-vpc-mw-patch-20260509063732957200000005",
            "name": "learn-tf-aws-vpc-mw-patch-20260509063732957200000005",
            "name_prefix": "learn-tf-aws-vpc-mw-patch-",
            "policy": "{\"Version\":\"2012-10-17\",\"Statement\":[{\"Action\":[\"ssm:DescribeInstanceInformation\",\"ssm:ListAssociations\",\"ssm:GetAutomationExecution\",\"ssm:StartAutomationExecution\",\"ssm:GetCommandInvocation\",\"ssm:ListCommandInvocations\",\"ssm:GetDeployablePatchSnapshotForInstance\",\"ssm:DescribePatchGroupState\",\"ssm:DescribePatchBaselines\",\"ssm:DescribePatchGroups\",\"ssm:GetPatchBaseline\",\"ssm:DescribeInstancePatchStates\",\"ssm:DescribeInstancePatches\"],\"Effect\":\"Allow\",\"Resource\":\"*\",\"Sid\":\"AllowSSMCoreOperations\"},{\"Action\":[\"ssm:SendCommand\"],\"Effect\":\"Allow\",\"Resource\":[\"arn:aws:ssm:us-east-1::document/AWS-RunPatchBaseline\",\"arn:aws:ec2:us-east-1:421041021814:instance/*\"],\"Sid\":\"AllowSendCommandRunPatchBaseline\"},{\"Action\":[\"ssm:SendCommand\"],\"Effect\":\"Allow\",\"Resource\":[\"arn:aws:ssm:us-east-1::document/AWS-RunPowerShellScript\",\"arn:aws:ssm:us-east-1::document/AWS-RunShellScript\",\"arn:aws:ec2:us-east-1:421041021814:instance/*\"],\"Sid\":\"AllowSendCommandPowerShell\"},{\"Action\":[\"ec2:DescribeInstances\",\"ec2:DescribeTags\",\"ec2:DescribeSecurityGroups\"],\"Effect\":\"Allow\",\"Resource\":\"*\",\"Sid\":\"AllowEC2Describe\"},{\"Action\":[\"s3:GetObject\",\"s3:PutObject\"],\"Effect\":\"Allow\",\"Resource\":\"arn:aws:s3:::aws-ssm-421041021814-*/*\",\"Sid\":\"AllowS3Access\"},{\"Action\":[\"iam:PassRole\"],\"Effect\":\"Allow\",\"Resource\":[\"arn:aws:iam::421041021814:role/learn-tf-aws-vpc-ssm-role\"],\"Sid\":\"AllowPassRoleToEC2\"}]}",
            "role": "learn-tf-aws-vpc-mw-20260509063732513200000001"
          },
          "sensitive_attributes": [],
          "identity_schema_version": 0,
          "identity": {
            "account_id": "421041021814",
            "name": "learn-tf-aws-vpc-mw-patch-20260509063732957200000005",
            "role": "learn-tf-aws-vpc-mw-20260509063732513200000001"
          },
          "private": "bnVsbA==",
          "dependencies": [
            "aws_iam_role.maintenance_window_role",
            "aws_iam_role.ssm_role",
            "data.aws_caller_identity.current",
            "data.aws_region.current"
          ]
        }
      ]
    },
    {
      "mode": "managed",
      "type": "aws_iam_role_policy",
      "name": "maintenance_window_ssmmessages_policy",
      "provider": "provider[\"registry.terraform.io/hashicorp/aws\"]",
      "instances": [
        {
          "schema_version": 0,
          "attributes": {
            "id": "learn-tf-aws-vpc-mw-20260509063732513200000001:learn-tf-aws-vpc-mw-ssmmsg-20260509063732901800000003",
            "name": "learn-tf-aws-vpc-mw-ssmmsg-20260509063732901800000003",
            "name_prefix": "learn-tf-aws-vpc-mw-ssmmsg-",
            "policy": "{\"Version\":\"2012-10-17\",\"Statement\":[{\"Action\":[\"ssmmessages:CreateControlChannel\",\"ssmmessages:CreateDataChannel\",\"ssmmessages:OpenControlChannel\",\"ssmmessages:OpenDataChannel\"],\"Effect\":\"Allow\",\"Resource\":\"*\",\"Sid\":\"AllowSSMMessagesService\"}]}",
            "role": "learn-tf-aws-vpc-mw-20260509063732513200000001"
          },
          "sensitive_attributes": [],
          "identity_schema_version": 0,
          "identity": {
            "account_id": "421041021814",
            "name": "learn-tf-aws-vpc-mw-ssmmsg-20260509063732901800000003",
            "role": "learn-tf-aws-vpc-mw-20260509063732513200000001"
          },
          "private": "bnVsbA==",
          "dependencies": [
            "aws_iam_role.maintenance_window_role"
          ]
        }
      ]
    },
    {
      "mode": "managed",
      "type": "aws_iam_role_policy",
      "name": "vpc_flow_log_policy",
      "provider": "provider[\"registry.terraform.io/hashicorp/aws\"]",
      "instances": [
        {
          "index_key": 0,
          "schema_version": 0,
          "attributes": {
            "id": "learn-tf-aws-vpc-vpc-flow-log-role:terraform-20260509063732851400000002",
            "name": "terraform-20260509063732851400000002",
            "name_prefix": "terraform-",
            "policy": "{\"Version\":\"2012-10-17\",\"Statement\":[{\"Action\":[\"logs:CreateLogStream\",\"logs:PutLogEvents\",\"logs:DescribeLogGroups\",\"logs:DescribeLogStreams\"],\"Effect\":\"Allow\",\"Resource\":\"*\"}]}",
            "role": "learn-tf-aws-vpc-vpc-flow-log-role"
          },
          "sensitive_attributes": [],
          "identity_schema_version": 0,
          "identity": {
            "account_id": "421041021814",
            "name": "terraform-20260509063732851400000002",
            "role": "learn-tf-aws-vpc-vpc-flow-log-role"
          },
          "private": "bnVsbA==",
          "dependencies": [
            "aws_iam_role.vpc_flow_log_role"
          ]
        }
      ]
    },
    {
      "mode": "managed",
      "type": "aws_iam_role_policy_attachment",
      "name": "maintenance_window_ssm_mw_role",
      "provider": "provider[\"registry.terraform.io/hashicorp/aws\"]",
      "instances": [
        {
          "schema_version": 0,
          "attributes": {
            "id": "learn-tf-aws-vpc-mw-20260509063732513200000001/arn:aws:iam::aws:policy/service-role/AmazonSSMMaintenanceWindowRole",
            "policy_arn": "arn:aws:iam::aws:policy/service-role/AmazonSSMMaintenanceWindowRole",
            "role": "learn-tf-aws-vpc-mw-20260509063732513200000001"
          },
          "sensitive_attributes": [],
          "identity_schema_version": 0,
          "identity": {
            "account_id": "421041021814",
            "policy_arn": "arn:aws:iam::aws:policy/service-role/AmazonSSMMaintenanceWindowRole",
            "role": "learn-tf-aws-vpc-mw-20260509063732513200000001"
          },
          "private": "bnVsbA==",
          "dependencies": [
            "aws_iam_role.maintenance_window_role"
          ]
        }
      ]
    },
    {
      "mode": "managed",
      "type": "aws_iam_role_policy_attachment",
      "name": "ssm_managed_instance_core",
      "provider": "provider[\"registry.terraform.io/hashicorp/aws\"]",
      "instances": [
        {
          "schema_version": 0,
          "attributes": {
            "id": "learn-tf-aws-vpc-ssm-role/arn:aws:iam::aws:policy/AmazonSSMManagedInstanceCore",
            "policy_arn": "arn:aws:iam::aws:policy/AmazonSSMManagedInstanceCore",
            "role": "learn-tf-aws-vpc-ssm-role"
          },
          "sensitive_attributes": [],
          "identity_schema_version": 0,
          "identity": {
            "account_id": "421041021814",
            "policy_arn": "arn:aws:iam::aws:policy/AmazonSSMManagedInstanceCore",
            "role": "learn-tf-aws-vpc-ssm-role"
          },
          "private": "bnVsbA==",
          "dependencies": [
            "aws_iam_role.ssm_role"
          ]
        }
      ]
    },
    {
      "mode": "managed",
      "type": "aws_instance",
      "name": "win_server_2019",
      "provider": "provider[\"registry.terraform.io/hashicorp/aws\"]",
      "instances": [
        {
          "index_key": 0,
          "schema_version": 2,
          "attributes": {
            "ami": "ami-0ca7038e6ff499fc0",
            "arn": "arn:aws:ec2:us-east-1:421041021814:instance/i-09a1a61f9c25d27f1",
            "associate_public_ip_address": true,
            "availability_zone": "us-east-1a",
            "capacity_reservation_specification": [
              {
                "capacity_reservation_preference": "open",
                "capacity_reservation_target": []
              }
            ],
            "cpu_options": [
              {
                "amd_sev_snp": "",
                "core_count": 1,
                "nested_virtualization": "",
                "threads_per_core": 2
              }
            ],
            "credit_specification": [
              {
                "cpu_credits": "unlimited"
              }
            ],
            "disable_api_stop": false,
            "disable_api_termination": false,
            "ebs_block_device": [],
            "ebs_optimized": false,
            "enable_primary_ipv6": null,
            "enclave_options": [
              {
                "enabled": false
              }
            ],
            "ephemeral_block_device": [],
            "force_destroy": false,
            "get_password_data": false,
            "hibernation": false,
            "host_id": "",
            "host_resource_group_arn": null,
            "iam_instance_profile": "learn-tf-aws-vpc-ssm-profile",
            "id": "i-09a1a61f9c25d27f1",
            "instance_initiated_shutdown_behavior": "stop",
            "instance_lifecycle": "",
            "instance_market_options": [],
            "instance_state": "running",
            "instance_type": "t3.medium",
            "ipv6_address_count": 0,
            "ipv6_addresses": [],
            "key_name": "",
            "launch_template": [],
            "maintenance_options": [
              {
                "auto_recovery": "default"
              }
            ],
            "metadata_options": [
              {
                "http_endpoint": "enabled",
                "http_protocol_ipv6": "disabled",
                "http_put_response_hop_limit": 1,
                "http_tokens": "optional",
                "instance_metadata_tags": "disabled"
              }
            ],
            "monitoring": false,
            "network_interface": [],
            "outpost_arn": "",
            "password_data": "",
            "placement_group": "",
            "placement_group_id": "",
            "placement_partition_number": 0,
            "primary_network_interface": [
              {
                "delete_on_termination": true,
                "network_interface_id": "eni-032877b9ee52752ee"
              }
            ],
            "primary_network_interface_id": "eni-032877b9ee52752ee",
            "private_dns": "ip-172-17-1-71.ec2.internal",
            "private_dns_name_options": [
              {
                "enable_resource_name_dns_a_record": false,
                "enable_resource_name_dns_aaaa_record": false,
                "hostname_type": "ip-name"
              }
            ],
            "private_ip": "172.17.1.71",
            "public_dns": "ec2-34-200-233-28.compute-1.amazonaws.com",
            "public_ip": "34.200.233.28",
            "region": "us-east-1",
            "root_block_device": [
              {
                "delete_on_termination": true,
                "device_name": "/dev/sda1",
                "encrypted": false,
                "iops": 100,
                "kms_key_id": "",
                "tags": {},
                "tags_all": {},
                "throughput": 0,
                "volume_id": "vol-0da0ddaf7abd10901",
                "volume_size": 30,
                "volume_type": "gp2"
              }
            ],
            "secondary_network_interface": [],
            "secondary_private_ips": [],
            "security_groups": [],
            "source_dest_check": true,
            "spot_instance_request_id": "",
            "subnet_id": "subnet-0a93a895a363c6ac2",
            "tags": {
              "Name": "learn-tf-aws-vpc-win-2019",
              "OS": "Windows Server 2019",
              "PatchGroup": "Windows-Critical",
              "Role": "WSUS"
            },
            "tags_all": {
              "Name": "learn-tf-aws-vpc-win-2019",
              "OS": "Windows Server 2019",
              "PatchGroup": "Windows-Critical",
              "Role": "WSUS"
            },
            "tenancy": "default",
            "timeouts": null,
            "user_data": "\u003cscript\u003e\nnet user ec2-user P@ssw0rd123! /add /fullname:\"EC2 User\" /comment:\"Local admin user\"\nnet localgroup administrators ec2-user /add\n\u003c/powershell\u003e\n",
            "user_data_base64": null,
            "user_data_replace_on_change": false,
            "volume_tags": null,
            "vpc_security_group_ids": [
              "sg-057bdfeb71825ab04"
            ]
          },
          "sensitive_attributes": [],
          "identity_schema_version": 0,
          "identity": {
            "account_id": "421041021814",
            "id": "i-09a1a61f9c25d27f1",
            "region": "us-east-1"
          },
          "private": "eyJlMmJmYjczMC1lY2FhLTExZTYtOGY4OC0zNDM2M2JjN2M0YzAiOnsiY3JlYXRlIjo2MDAwMDAwMDAwMDAsImRlbGV0ZSI6MTIwMDAwMDAwMDAwMCwicmVhZCI6OTAwMDAwMDAwMDAwLCJ1cGRhdGUiOjYwMDAwMDAwMDAwMH0sInNjaGVtYV92ZXJzaW9uIjoiMiJ9",
          "dependencies": [
            "aws_iam_instance_profile.ssm_profile",
            "aws_iam_role.ssm_role",
            "aws_security_group.windows_sg",
            "aws_subnet.windows_public_subnet",
            "aws_vpc.windows_vpc"
          ]
        }
      ]
    },
    {
      "mode": "managed",
      "type": "aws_instance",
      "name": "wsus_server_2019",
      "provider": "provider[\"registry.terraform.io/hashicorp/aws\"]",
      "instances": [
        {
          "index_key": 0,
          "schema_version": 2,
          "attributes": {
            "ami": "ami-0ca7038e6ff499fc0",
            "arn": "arn:aws:ec2:us-east-1:421041021814:instance/i-0e800b4a130645d69",
            "associate_public_ip_address": true,
            "availability_zone": "us-east-1a",
            "capacity_reservation_specification": [
              {
                "capacity_reservation_preference": "open",
                "capacity_reservation_target": []
              }
            ],
            "cpu_options": [
              {
                "amd_sev_snp": "",
                "core_count": 1,
                "nested_virtualization": "",
                "threads_per_core": 2
              }
            ],
            "credit_specification": [
              {
                "cpu_credits": "unlimited"
              }
            ],
            "disable_api_stop": false,
            "disable_api_termination": false,
            "ebs_block_device": [],
            "ebs_optimized": false,
            "enable_primary_ipv6": null,
            "enclave_options": [
              {
                "enabled": false
              }
            ],
            "ephemeral_block_device": [],
            "force_destroy": false,
            "get_password_data": false,
            "hibernation": false,
            "host_id": "",
            "host_resource_group_arn": null,
            "iam_instance_profile": "learn-tf-aws-vpc-ssm-profile",
            "id": "i-0e800b4a130645d69",
            "instance_initiated_shutdown_behavior": "stop",
            "instance_lifecycle": "",
            "instance_market_options": [],
            "instance_state": "running",
            "instance_type": "t3.medium",
            "ipv6_address_count": 0,
            "ipv6_addresses": [],
            "key_name": "",
            "launch_template": [],
            "maintenance_options": [
              {
                "auto_recovery": "default"
              }
            ],
            "metadata_options": [
              {
                "http_endpoint": "enabled",
                "http_protocol_ipv6": "disabled",
                "http_put_response_hop_limit": 1,
                "http_tokens": "optional",
                "instance_metadata_tags": "disabled"
              }
            ],
            "monitoring": false,
            "network_interface": [],
            "outpost_arn": "",
            "password_data": "",
            "placement_group": "",
            "placement_group_id": "",
            "placement_partition_number": 0,
            "primary_network_interface": [
              {
                "delete_on_termination": true,
                "network_interface_id": "eni-09c0ea7ad5d0db76e"
              }
            ],
            "primary_network_interface_id": "eni-09c0ea7ad5d0db76e",
            "private_dns": "ip-172-17-1-164.ec2.internal",
            "private_dns_name_options": [
              {
                "enable_resource_name_dns_a_record": false,
                "enable_resource_name_dns_aaaa_record": false,
                "hostname_type": "ip-name"
              }
            ],
            "private_ip": "172.17.1.164",
            "public_dns": "ec2-98-80-201-228.compute-1.amazonaws.com",
            "public_ip": "98.80.201.228",
            "region": "us-east-1",
            "root_block_device": [
              {
                "delete_on_termination": true,
                "device_name": "/dev/sda1",
                "encrypted": false,
                "iops": 100,
                "kms_key_id": "",
                "tags": {},
                "tags_all": {},
                "throughput": 0,
                "volume_id": "vol-00a9579c0bd568fa3",
                "volume_size": 30,
                "volume_type": "gp2"
              }
            ],
            "secondary_network_interface": [],
            "secondary_private_ips": [],
            "security_groups": [],
            "source_dest_check": true,
            "spot_instance_request_id": "",
            "subnet_id": "subnet-0a93a895a363c6ac2",
            "tags": {
              "Name": "learn-tf-aws-vpc-wsus-2019",
              "OS": "Windows Server 2019",
              "PatchGroup": "Windows-Critical",
              "Role": "WSUS"
            },
            "tags_all": {
              "Name": "learn-tf-aws-vpc-wsus-2019",
              "OS": "Windows Server 2019",
              "PatchGroup": "Windows-Critical",
              "Role": "WSUS"
            },
            "tenancy": "default",
            "timeouts": null,
            "user_data": "\u003cscript\u003e\nnet user ec2-user P@ssw0rd123! /add /fullname:\"EC2 User\" /comment:\"Local admin user\"\nnet localgroup administrators ec2-user /add\nmkdir C:\\WSUS\\WsusContent\ncd C:\\WSUS\\WsusContent\ncurl -LO https://catalog.s.download.windowsupdate.com/c/msdownload/update/software/secu/2025/11/windows10.0-kb5068791-x64_a8b1b1b6c7b6b673c5a5f32772749eb2bb80c88b.msu\n\u003c/script\u003e\n\u003cpowershell\u003e    \n# Install WSUS role with content directory specification\nInstall-WindowsFeature -Name UpdateServices -IncludeManagementTools\n    \n# Create WSUS content directory\nNew-Item -Path \"C:\\WSUS\\WsusContent\" -ItemType Directory -Force\n    \n# Run post-installation configuration with the content path\n# This is the critical step that was missing\n\u0026 \"C:\\Program Files\\Update Services\\Tools\\wsusutil.exe\" postinstall CONTENT_DIR=C:\\WSUS\\WsusContent\n    \n# Wait for post-installation to complete\nStart-Sleep -Seconds 30\n    \n# Now configure WSUS\nImport-Module UpdateServices\n    \n# Get WSUS server instance\n$wsusServer = Get-WsusServer\n    \n# Start WSUS services\nStart-Service WsusService\nSet-Service WsusService -StartupType Automatic\n    \n# Configure Windows Firewall\nNew-NetFirewallRule -DisplayName \"WSUS HTTP\" -Direction Inbound -Protocol TCP -LocalPort 8530 -Action Allow\nNew-NetFirewallRule -DisplayName \"WSUS HTTPS\" -Direction Inbound -Protocol TCP -LocalPort 8531 -Action Allow\n\u003c/powershell\u003e\n",
            "user_data_base64": null,
            "user_data_replace_on_change": false,
            "volume_tags": null,
            "vpc_security_group_ids": [
              "sg-057bdfeb71825ab04"
            ]
          },
          "sensitive_attributes": [],
          "identity_schema_version": 0,
          "identity": {
            "account_id": "421041021814",
            "id": "i-0e800b4a130645d69",
            "region": "us-east-1"
          },
          "private": "eyJlMmJmYjczMC1lY2FhLTExZTYtOGY4OC0zNDM2M2JjN2M0YzAiOnsiY3JlYXRlIjo2MDAwMDAwMDAwMDAsImRlbGV0ZSI6MTIwMDAwMDAwMDAwMCwicmVhZCI6OTAwMDAwMDAwMDAwLCJ1cGRhdGUiOjYwMDAwMDAwMDAwMH0sInNjaGVtYV92ZXJzaW9uIjoiMiJ9",
          "dependencies": [
            "aws_iam_instance_profile.ssm_profile",
            "aws_iam_role.ssm_role",
            "aws_security_group.windows_sg",
            "aws_subnet.windows_public_subnet",
            "aws_vpc.windows_vpc"
          ]
        }
      ]
    },
    {
      "mode": "managed",
      "type": "aws_internet_gateway",
      "name": "demo_igw",
      "provider": "provider[\"registry.terraform.io/hashicorp/aws\"]",
      "instances": [
        {
          "index_key": 0,
          "schema_version": 0,
          "attributes": {
            "arn": "arn:aws:ec2:us-east-1:421041021814:internet-gateway/igw-058fc846c8ed47724",
            "id": "igw-058fc846c8ed47724",
            "owner_id": "421041021814",
            "region": "us-east-1",
            "tags": {
              "Name": "learn-tf-aws-vpc-rhel-igw"
            },
            "tags_all": {
              "Name": "learn-tf-aws-vpc-rhel-igw"
            },
            "timeouts": null,
            "vpc_id": "vpc-076844a3b9c8edd52"
          },
          "sensitive_attributes": [],
          "identity_schema_version": 0,
          "identity": {
            "account_id": "421041021814",
            "id": "igw-058fc846c8ed47724",
            "region": "us-east-1"
          },
          "private": "eyJlMmJmYjczMC1lY2FhLTExZTYtOGY4OC0zNDM2M2JjN2M0YzAiOnsiY3JlYXRlIjoxMjAwMDAwMDAwMDAwLCJkZWxldGUiOjEyMDAwMDAwMDAwMDAsInVwZGF0ZSI6MTIwMDAwMDAwMDAwMH19",
          "dependencies": [
            "aws_vpc.demo_main_vpc"
          ]
        }
      ]
    },
    {
      "mode": "managed",
      "type": "aws_internet_gateway",
      "name": "windows_igw",
      "provider": "provider[\"registry.terraform.io/hashicorp/aws\"]",
      "instances": [
        {
          "index_key": 0,
          "schema_version": 0,
          "attributes": {
            "arn": "arn:aws:ec2:us-east-1:421041021814:internet-gateway/igw-052824fe6a0af78dd",
            "id": "igw-052824fe6a0af78dd",
            "owner_id": "421041021814",
            "region": "us-east-1",
            "tags": {
              "Name": "learn-tf-aws-vpc-windows-igw"
            },
            "tags_all": {
              "Name": "learn-tf-aws-vpc-windows-igw"
            },
            "timeouts": null,
            "vpc_id": "vpc-0ecd5ff4b37edd192"
          },
          "sensitive_attributes": [],
          "identity_schema_version": 0,
          "identity": {
            "account_id": "421041021814",
            "id": "igw-052824fe6a0af78dd",
            "region": "us-east-1"
          },
          "private": "eyJlMmJmYjczMC1lY2FhLTExZTYtOGY4OC0zNDM2M2JjN2M0YzAiOnsiY3JlYXRlIjoxMjAwMDAwMDAwMDAwLCJkZWxldGUiOjEyMDAwMDAwMDAwMDAsInVwZGF0ZSI6MTIwMDAwMDAwMDAwMH19",
          "dependencies": [
            "aws_vpc.windows_vpc"
          ]
        }
      ]
    },
    {
      "mode": "managed",
      "type": "aws_network_acl",
      "name": "rhel_nacl",
      "provider": "provider[\"registry.terraform.io/hashicorp/aws\"]",
      "instances": [
        {
          "index_key": 0,
          "schema_version": 0,
          "attributes": {
            "arn": "arn:aws:ec2:us-east-1:421041021814:network-acl/acl-0d5d6840a4041628d",
            "egress": [],
            "id": "acl-0d5d6840a4041628d",
            "ingress": [],
            "owner_id": "421041021814",
            "region": "us-east-1",
            "subnet_ids": [],
            "tags": {
              "Name": "learn-tf-aws-vpc-rhel-nacl"
            },
            "tags_all": {
              "Name": "learn-tf-aws-vpc-rhel-nacl"
            },
            "vpc_id": "vpc-076844a3b9c8edd52"
          },
          "sensitive_attributes": [],
          "identity_schema_version": 0,
          "private": "bnVsbA==",
          "dependencies": [
            "aws_vpc.demo_main_vpc"
          ]
        }
      ]
    },
    {
      "mode": "managed",
      "type": "aws_network_acl",
      "name": "windows_nacl",
      "provider": "provider[\"registry.terraform.io/hashicorp/aws\"]",
      "instances": [
        {
          "index_key": 0,
          "schema_version": 0,
          "attributes": {
            "arn": "arn:aws:ec2:us-east-1:421041021814:network-acl/acl-05d5374cf392bfb53",
            "egress": [],
            "id": "acl-05d5374cf392bfb53",
            "ingress": [],
            "owner_id": "421041021814",
            "region": "us-east-1",
            "subnet_ids": [],
            "tags": {
              "Name": "learn-tf-aws-vpc-windows-nacl"
            },
            "tags_all": {
              "Name": "learn-tf-aws-vpc-windows-nacl"
            },
            "vpc_id": "vpc-0ecd5ff4b37edd192"
          },
          "sensitive_attributes": [],
          "identity_schema_version": 0,
          "private": "bnVsbA==",
          "dependencies": [
            "aws_vpc.windows_vpc"
          ]
        }
      ]
    },
    {
      "mode": "managed",
      "type": "aws_network_acl_association",
      "name": "rhel_private",
      "provider": "provider[\"registry.terraform.io/hashicorp/aws\"]",
      "instances": [
        {
          "index_key": 0,
          "schema_version": 0,
          "attributes": {
            "id": "aclassoc-076f99213b5c33b28",
            "network_acl_id": "acl-0d5d6840a4041628d",
            "region": "us-east-1",
            "subnet_id": "subnet-0a2c51c84a22b9c24"
          },
          "sensitive_attributes": [],
          "identity_schema_version": 0,
          "private": "bnVsbA==",
          "dependencies": [
            "aws_network_acl.rhel_nacl",
            "aws_subnet.private_subnet_01",
            "aws_vpc.demo_main_vpc"
          ]
        },
        {
          "index_key": 1,
          "schema_version": 0,
          "attributes": {
            "id": "aclassoc-0422e958534bb2079",
            "network_acl_id": "acl-0d5d6840a4041628d",
            "region": "us-east-1",
            "subnet_id": "subnet-0a1798834e04d21e1"
          },
          "sensitive_attributes": [],
          "identity_schema_version": 0,
          "private": "bnVsbA==",
          "dependencies": [
            "aws_network_acl.rhel_nacl",
            "aws_subnet.private_subnet_01",
            "aws_vpc.demo_main_vpc"
          ]
        },
        {
          "index_key": 2,
          "schema_version": 0,
          "attributes": {
            "id": "aclassoc-0cc0f6eb1379a682b",
            "network_acl_id": "acl-0d5d6840a4041628d",
            "region": "us-east-1",
            "subnet_id": "subnet-02ad76dd83d6e3b20"
          },
          "sensitive_attributes": [],
          "identity_schema_version": 0,
          "private": "bnVsbA==",
          "dependencies": [
            "aws_network_acl.rhel_nacl",
            "aws_subnet.private_subnet_01",
            "aws_vpc.demo_main_vpc"
          ]
        }
      ]
    },
    {
      "mode": "managed",
      "type": "aws_network_acl_association",
      "name": "rhel_public",
      "provider": "provider[\"registry.terraform.io/hashicorp/aws\"]",
      "instances": [
        {
          "index_key": 0,
          "schema_version": 0,
          "attributes": {
            "id": "aclassoc-00bd9a26fd425a955",
            "network_acl_id": "acl-0d5d6840a4041628d",
            "region": "us-east-1",
            "subnet_id": "subnet-0ab8fe238267bd6c6"
          },
          "sensitive_attributes": [],
          "identity_schema_version": 0,
          "private": "bnVsbA==",
          "dependencies": [
            "aws_network_acl.rhel_nacl",
            "aws_subnet.public_subnet_01",
            "aws_vpc.demo_main_vpc"
          ]
        },
        {
          "index_key": 1,
          "schema_version": 0,
          "attributes": {
            "id": "aclassoc-0880b96d7763e90af",
            "network_acl_id": "acl-0d5d6840a4041628d",
            "region": "us-east-1",
            "subnet_id": "subnet-0f8d97bd7e0de3a68"
          },
          "sensitive_attributes": [],
          "identity_schema_version": 0,
          "private": "bnVsbA==",
          "dependencies": [
            "aws_network_acl.rhel_nacl",
            "aws_subnet.public_subnet_01",
            "aws_vpc.demo_main_vpc"
          ]
        },
        {
          "index_key": 2,
          "schema_version": 0,
          "attributes": {
            "id": "aclassoc-03d026419cb701531",
            "network_acl_id": "acl-0d5d6840a4041628d",
            "region": "us-east-1",
            "subnet_id": "subnet-029176c3a4159fef5"
          },
          "sensitive_attributes": [],
          "identity_schema_version": 0,
          "private": "bnVsbA==",
          "dependencies": [
            "aws_network_acl.rhel_nacl",
            "aws_subnet.public_subnet_01",
            "aws_vpc.demo_main_vpc"
          ]
        }
      ]
    },
    {
      "mode": "managed",
      "type": "aws_network_acl_association",
      "name": "windows_private",
      "provider": "provider[\"registry.terraform.io/hashicorp/aws\"]",
      "instances": [
        {
          "index_key": 0,
          "schema_version": 0,
          "attributes": {
            "id": "aclassoc-05f0866753d3f5efa",
            "network_acl_id": "acl-05d5374cf392bfb53",
            "region": "us-east-1",
            "subnet_id": "subnet-0738086c772deaa51"
          },
          "sensitive_attributes": [],
          "identity_schema_version": 0,
          "private": "bnVsbA==",
          "dependencies": [
            "aws_network_acl.windows_nacl",
            "aws_subnet.windows_private_subnet",
            "aws_vpc.windows_vpc"
          ]
        },
        {
          "index_key": 1,
          "schema_version": 0,
          "attributes": {
            "id": "aclassoc-081aa18ec35faf3c3",
            "network_acl_id": "acl-05d5374cf392bfb53",
            "region": "us-east-1",
            "subnet_id": "subnet-0a7d31fd84b0b135d"
          },
          "sensitive_attributes": [],
          "identity_schema_version": 0,
          "private": "bnVsbA==",
          "dependencies": [
            "aws_network_acl.windows_nacl",
            "aws_subnet.windows_private_subnet",
            "aws_vpc.windows_vpc"
          ]
        },
        {
          "index_key": 2,
          "schema_version": 0,
          "attributes": {
            "id": "aclassoc-0f95ecd40a32d2f4c",
            "network_acl_id": "acl-05d5374cf392bfb53",
            "region": "us-east-1",
            "subnet_id": "subnet-0f182f25c0be0ce0d"
          },
          "sensitive_attributes": [],
          "identity_schema_version": 0,
          "private": "bnVsbA==",
          "dependencies": [
            "aws_network_acl.windows_nacl",
            "aws_subnet.windows_private_subnet",
            "aws_vpc.windows_vpc"
          ]
        }
      ]
    },
    {
      "mode": "managed",
      "type": "aws_network_acl_association",
      "name": "windows_public",
      "provider": "provider[\"registry.terraform.io/hashicorp/aws\"]",
      "instances": [
        {
          "index_key": 0,
          "schema_version": 0,
          "attributes": {
            "id": "aclassoc-0e8f14e2a16e7b993",
            "network_acl_id": "acl-05d5374cf392bfb53",
            "region": "us-east-1",
            "subnet_id": "subnet-0a93a895a363c6ac2"
          },
          "sensitive_attributes": [],
          "identity_schema_version": 0,
          "private": "bnVsbA==",
          "dependencies": [
            "aws_network_acl.windows_nacl",
            "aws_subnet.windows_public_subnet",
            "aws_vpc.windows_vpc"
          ]
        },
        {
          "index_key": 1,
          "schema_version": 0,
          "attributes": {
            "id": "aclassoc-0983f6cdd13e7b20f",
            "network_acl_id": "acl-05d5374cf392bfb53",
            "region": "us-east-1",
            "subnet_id": "subnet-0383ef917df5fdcc0"
          },
          "sensitive_attributes": [],
          "identity_schema_version": 0,
          "private": "bnVsbA==",
          "dependencies": [
            "aws_network_acl.windows_nacl",
            "aws_subnet.windows_public_subnet",
            "aws_vpc.windows_vpc"
          ]
        },
        {
          "index_key": 2,
          "schema_version": 0,
          "attributes": {
            "id": "aclassoc-00febfae6ebc8d756",
            "network_acl_id": "acl-05d5374cf392bfb53",
            "region": "us-east-1",
            "subnet_id": "subnet-023cfd51f8dd6ced0"
          },
          "sensitive_attributes": [],
          "identity_schema_version": 0,
          "private": "bnVsbA==",
          "dependencies": [
            "aws_network_acl.windows_nacl",
            "aws_subnet.windows_public_subnet",
            "aws_vpc.windows_vpc"
          ]
        }
      ]
    },
    {
      "mode": "managed",
      "type": "aws_network_acl_rule",
      "name": "rhel_inbound_ephemeral",
      "provider": "provider[\"registry.terraform.io/hashicorp/aws\"]",
      "instances": [
        {
          "index_key": 0,
          "schema_version": 0,
          "attributes": {
            "cidr_block": "0.0.0.0/0",
            "egress": false,
            "from_port": 1024,
            "icmp_code": null,
            "icmp_type": null,
            "id": "nacl-4263646642",
            "ipv6_cidr_block": "",
            "network_acl_id": "acl-0d5d6840a4041628d",
            "protocol": "6",
            "region": "us-east-1",
            "rule_action": "allow",
            "rule_number": 120,
            "to_port": 65535
          },
          "sensitive_attributes": [],
          "identity_schema_version": 0,
          "identity": {
            "account_id": "421041021814",
            "egress": false,
            "network_acl_id": "acl-0d5d6840a4041628d",
            "protocol": "6",
            "region": "us-east-1",
            "rule_number": 120
          },
          "private": "bnVsbA==",
          "dependencies": [
            "aws_network_acl.rhel_nacl",
            "aws_vpc.demo_main_vpc"
          ]
        }
      ]
    },
    {
      "mode": "managed",
      "type": "aws_network_acl_rule",
      "name": "rhel_inbound_http",
      "provider": "provider[\"registry.terraform.io/hashicorp/aws\"]",
      "instances": [
        {
          "index_key": 0,
          "schema_version": 0,
          "attributes": {
            "cidr_block": "0.0.0.0/0",
            "egress": false,
            "from_port": 80,
            "icmp_code": null,
            "icmp_type": null,
            "id": "nacl-2659098873",
            "ipv6_cidr_block": "",
            "network_acl_id": "acl-0d5d6840a4041628d",
            "protocol": "6",
            "region": "us-east-1",
            "rule_action": "allow",
            "rule_number": 100,
            "to_port": 80
          },
          "sensitive_attributes": [],
          "identity_schema_version": 0,
          "identity": {
            "account_id": "421041021814",
            "egress": false,
            "network_acl_id": "acl-0d5d6840a4041628d",
            "protocol": "6",
            "region": "us-east-1",
            "rule_number": 100
          },
          "private": "bnVsbA==",
          "dependencies": [
            "aws_network_acl.rhel_nacl",
            "aws_vpc.demo_main_vpc"
          ]
        }
      ]
    },
    {
      "mode": "managed",
      "type": "aws_network_acl_rule",
      "name": "rhel_inbound_https",
      "provider": "provider[\"registry.terraform.io/hashicorp/aws\"]",
      "instances": [
        {
          "index_key": 0,
          "schema_version": 0,
          "attributes": {
            "cidr_block": "0.0.0.0/0",
            "egress": false,
            "from_port": 443,
            "icmp_code": null,
            "icmp_type": null,
            "id": "nacl-1139308924",
            "ipv6_cidr_block": "",
            "network_acl_id": "acl-0d5d6840a4041628d",
            "protocol": "6",
            "region": "us-east-1",
            "rule_action": "allow",
            "rule_number": 110,
            "to_port": 443
          },
          "sensitive_attributes": [],
          "identity_schema_version": 0,
          "identity": {
            "account_id": "421041021814",
            "egress": false,
            "network_acl_id": "acl-0d5d6840a4041628d",
            "protocol": "6",
            "region": "us-east-1",
            "rule_number": 110
          },
          "private": "bnVsbA==",
          "dependencies": [
            "aws_network_acl.rhel_nacl",
            "aws_vpc.demo_main_vpc"
          ]
        }
      ]
    },
    {
      "mode": "managed",
      "type": "aws_network_acl_rule",
      "name": "rhel_outbound_ephemeral",
      "provider": "provider[\"registry.terraform.io/hashicorp/aws\"]",
      "instances": [
        {
          "index_key": 0,
          "schema_version": 0,
          "attributes": {
            "cidr_block": "0.0.0.0/0",
            "egress": true,
            "from_port": 1024,
            "icmp_code": null,
            "icmp_type": null,
            "id": "nacl-494230201",
            "ipv6_cidr_block": "",
            "network_acl_id": "acl-0d5d6840a4041628d",
            "protocol": "6",
            "region": "us-east-1",
            "rule_action": "allow",
            "rule_number": 120,
            "to_port": 65535
          },
          "sensitive_attributes": [],
          "identity_schema_version": 0,
          "identity": {
            "account_id": "421041021814",
            "egress": true,
            "network_acl_id": "acl-0d5d6840a4041628d",
            "protocol": "6",
            "region": "us-east-1",
            "rule_number": 120
          },
          "private": "bnVsbA==",
          "dependencies": [
            "aws_network_acl.rhel_nacl",
            "aws_vpc.demo_main_vpc"
          ]
        }
      ]
    },
    {
      "mode": "managed",
      "type": "aws_network_acl_rule",
      "name": "rhel_outbound_http",
      "provider": "provider[\"registry.terraform.io/hashicorp/aws\"]",
      "instances": [
        {
          "index_key": 0,
          "schema_version": 0,
          "attributes": {
            "cidr_block": "0.0.0.0/0",
            "egress": true,
            "from_port": 80,
            "icmp_code": null,
            "icmp_type": null,
            "id": "nacl-4048471078",
            "ipv6_cidr_block": "",
            "network_acl_id": "acl-0d5d6840a4041628d",
            "protocol": "6",
            "region": "us-east-1",
            "rule_action": "allow",
            "rule_number": 100,
            "to_port": 80
          },
          "sensitive_attributes": [],
          "identity_schema_version": 0,
          "identity": {
            "account_id": "421041021814",
            "egress": true,
            "network_acl_id": "acl-0d5d6840a4041628d",
            "protocol": "6",
            "region": "us-east-1",
            "rule_number": 100
          },
          "private": "bnVsbA==",
          "dependencies": [
            "aws_network_acl.rhel_nacl",
            "aws_vpc.demo_main_vpc"
          ]
        }
      ]
    },
    {
      "mode": "managed",
      "type": "aws_network_acl_rule",
      "name": "rhel_outbound_https",
      "provider": "provider[\"registry.terraform.io/hashicorp/aws\"]",
      "instances": [
        {
          "index_key": 0,
          "schema_version": 0,
          "attributes": {
            "cidr_block": "0.0.0.0/0",
            "egress": true,
            "from_port": 443,
            "icmp_code": null,
            "icmp_type": null,
            "id": "nacl-1793820745",
            "ipv6_cidr_block": "",
            "network_acl_id": "acl-0d5d6840a4041628d",
            "protocol": "6",
            "region": "us-east-1",
            "rule_action": "allow",
            "rule_number": 110,
            "to_port": 443
          },
          "sensitive_attributes": [],
          "identity_schema_version": 0,
          "identity": {
            "account_id": "421041021814",
            "egress": true,
            "network_acl_id": "acl-0d5d6840a4041628d",
            "protocol": "6",
            "region": "us-east-1",
            "rule_number": 110
          },
          "private": "bnVsbA==",
          "dependencies": [
            "aws_network_acl.rhel_nacl",
            "aws_vpc.demo_main_vpc"
          ]
        }
      ]
    },
    {
      "mode": "managed",
      "type": "aws_network_acl_rule",
      "name": "windows_inbound_ephemeral",
      "provider": "provider[\"registry.terraform.io/hashicorp/aws\"]",
      "instances": [
        {
          "index_key": 0,
          "schema_version": 0,
          "attributes": {
            "cidr_block": "0.0.0.0/0",
            "egress": false,
            "from_port": 1024,
            "icmp_code": null,
            "icmp_type": null,
            "id": "nacl-2674417370",
            "ipv6_cidr_block": "",
            "network_acl_id": "acl-05d5374cf392bfb53",
            "protocol": "6",
            "region": "us-east-1",
            "rule_action": "allow",
            "rule_number": 120,
            "to_port": 65535
          },
          "sensitive_attributes": [],
          "identity_schema_version": 0,
          "identity": {
            "account_id": "421041021814",
            "egress": false,
            "network_acl_id": "acl-05d5374cf392bfb53",
            "protocol": "6",
            "region": "us-east-1",
            "rule_number": 120
          },
          "private": "bnVsbA==",
          "dependencies": [
            "aws_network_acl.windows_nacl",
            "aws_vpc.windows_vpc"
          ]
        }
      ]
    },
    {
      "mode": "managed",
      "type": "aws_network_acl_rule",
      "name": "windows_inbound_http",
      "provider": "provider[\"registry.terraform.io/hashicorp/aws\"]",
      "instances": [
        {
          "index_key": 0,
          "schema_version": 0,
          "attributes": {
            "cidr_block": "0.0.0.0/0",
            "egress": false,
            "from_port": 80,
            "icmp_code": null,
            "icmp_type": null,
            "id": "nacl-4281658257",
            "ipv6_cidr_block": "",
            "network_acl_id": "acl-05d5374cf392bfb53",
            "protocol": "6",
            "region": "us-east-1",
            "rule_action": "allow",
            "rule_number": 100,
            "to_port": 80
          },
          "sensitive_attributes": [],
          "identity_schema_version": 0,
          "identity": {
            "account_id": "421041021814",
            "egress": false,
            "network_acl_id": "acl-05d5374cf392bfb53",
            "protocol": "6",
            "region": "us-east-1",
            "rule_number": 100
          },
          "private": "bnVsbA==",
          "dependencies": [
            "aws_network_acl.windows_nacl",
            "aws_vpc.windows_vpc"
          ]
        }
      ]
    },
    {
      "mode": "managed",
      "type": "aws_network_acl_rule",
      "name": "windows_inbound_https",
      "provider": "provider[\"registry.terraform.io/hashicorp/aws\"]",
      "instances": [
        {
          "index_key": 0,
          "schema_version": 0,
          "attributes": {
            "cidr_block": "0.0.0.0/0",
            "egress": false,
            "from_port": 443,
            "icmp_code": null,
            "icmp_type": null,
            "id": "nacl-581054996",
            "ipv6_cidr_block": "",
            "network_acl_id": "acl-05d5374cf392bfb53",
            "protocol": "6",
            "region": "us-east-1",
            "rule_action": "allow",
            "rule_number": 110,
            "to_port": 443
          },
          "sensitive_attributes": [],
          "identity_schema_version": 0,
          "identity": {
            "account_id": "421041021814",
            "egress": false,
            "network_acl_id": "acl-05d5374cf392bfb53",
            "protocol": "6",
            "region": "us-east-1",
            "rule_number": 110
          },
          "private": "bnVsbA==",
          "dependencies": [
            "aws_network_acl.windows_nacl",
            "aws_vpc.windows_vpc"
          ]
        }
      ]
    },
    {
      "mode": "managed",
      "type": "aws_network_acl_rule",
      "name": "windows_outbound_ephemeral",
      "provider": "provider[\"registry.terraform.io/hashicorp/aws\"]",
      "instances": [
        {
          "index_key": 0,
          "schema_version": 0,
          "attributes": {
            "cidr_block": "0.0.0.0/0",
            "egress": true,
            "from_port": 1024,
            "icmp_code": null,
            "icmp_type": null,
            "id": "nacl-1019339111",
            "ipv6_cidr_block": "",
            "network_acl_id": "acl-05d5374cf392bfb53",
            "protocol": "6",
            "region": "us-east-1",
            "rule_action": "allow",
            "rule_number": 120,
            "to_port": 65535
          },
          "sensitive_attributes": [],
          "identity_schema_version": 0,
          "identity": {
            "account_id": "421041021814",
            "egress": true,
            "network_acl_id": "acl-05d5374cf392bfb53",
            "protocol": "6",
            "region": "us-east-1",
            "rule_number": 120
          },
          "private": "bnVsbA==",
          "dependencies": [
            "aws_network_acl.windows_nacl",
            "aws_vpc.windows_vpc"
          ]
        }
      ]
    },
    {
      "mode": "managed",
      "type": "aws_network_acl_rule",
      "name": "windows_outbound_http",
      "provider": "provider[\"registry.terraform.io/hashicorp/aws\"]",
      "instances": [
        {
          "index_key": 0,
          "schema_version": 0,
          "attributes": {
            "cidr_block": "0.0.0.0/0",
            "egress": true,
            "from_port": 80,
            "icmp_code": null,
            "icmp_type": null,
            "id": "nacl-3506077688",
            "ipv6_cidr_block": "",
            "network_acl_id": "acl-05d5374cf392bfb53",
            "protocol": "6",
            "region": "us-east-1",
            "rule_action": "allow",
            "rule_number": 100,
            "to_port": 80
          },
          "sensitive_attributes": [],
          "identity_schema_version": 0,
          "identity": {
            "account_id": "421041021814",
            "egress": true,
            "network_acl_id": "acl-05d5374cf392bfb53",
            "protocol": "6",
            "region": "us-east-1",
            "rule_number": 100
          },
          "private": "bnVsbA==",
          "dependencies": [
            "aws_network_acl.windows_nacl",
            "aws_vpc.windows_vpc"
          ]
        }
      ]
    },
    {
      "mode": "managed",
      "type": "aws_network_acl_rule",
      "name": "windows_outbound_https",
      "provider": "provider[\"registry.terraform.io/hashicorp/aws\"]",
      "instances": [
        {
          "index_key": 0,
          "schema_version": 0,
          "attributes": {
            "cidr_block": "0.0.0.0/0",
            "egress": true,
            "from_port": 443,
            "icmp_code": null,
            "icmp_type": null,
            "id": "nacl-1264530327",
            "ipv6_cidr_block": "",
            "network_acl_id": "acl-05d5374cf392bfb53",
            "protocol": "6",
            "region": "us-east-1",
            "rule_action": "allow",
            "rule_number": 110,
            "to_port": 443
          },
          "sensitive_attributes": [],
          "identity_schema_version": 0,
          "identity": {
            "account_id": "421041021814",
            "egress": true,
            "network_acl_id": "acl-05d5374cf392bfb53",
            "protocol": "6",
            "region": "us-east-1",
            "rule_number": 110
          },
          "private": "bnVsbA==",
          "dependencies": [
            "aws_network_acl.windows_nacl",
            "aws_vpc.windows_vpc"
          ]
        }
      ]
    },
    {
      "mode": "managed",
      "type": "aws_route53_record",
      "name": "wsus",
      "provider": "provider[\"registry.terraform.io/hashicorp/aws\"]",
      "instances": [
        {
          "index_key": 0,
          "schema_version": 2,
          "attributes": {
            "alias": [],
            "allow_overwrite": null,
            "cidr_routing_policy": [],
            "failover_routing_policy": [],
            "fqdn": "wsus.davidawcloudsecurity.com",
            "geolocation_routing_policy": [],
            "geoproximity_routing_policy": [],
            "health_check_id": "",
            "id": "Z10255051K38TMNCW9WYN_wsus.davidawcloudsecurity.com_A",
            "latency_routing_policy": [],
            "multivalue_answer_routing_policy": false,
            "name": "wsus.davidawcloudsecurity.com",
            "records": [
              "172.17.1.164"
            ],
            "set_identifier": "",
            "timeouts": null,
            "ttl": 300,
            "type": "A",
            "weighted_routing_policy": [],
            "zone_id": "Z10255051K38TMNCW9WYN"
          },
          "sensitive_attributes": [],
          "identity_schema_version": 0,
          "identity": {
            "account_id": "421041021814",
            "name": "wsus.davidawcloudsecurity.com",
            "set_identifier": null,
            "type": "A",
            "zone_id": "Z10255051K38TMNCW9WYN"
          },
          "private": "eyJlMmJmYjczMC1lY2FhLTExZTYtOGY4OC0zNDM2M2JjN2M0YzAiOnsiY3JlYXRlIjoxODAwMDAwMDAwMDAwLCJkZWxldGUiOjE4MDAwMDAwMDAwMDAsInVwZGF0ZSI6MTgwMDAwMDAwMDAwMH0sInNjaGVtYV92ZXJzaW9uIjoiMiJ9",
          "dependencies": [
            "aws_iam_instance_profile.ssm_profile",
            "aws_iam_role.ssm_role",
            "aws_instance.wsus_server_2019",
            "aws_route53_zone.private",
            "aws_security_group.windows_sg",
            "aws_subnet.windows_public_subnet",
            "aws_vpc.windows_vpc"
          ]
        }
      ]
    },
    {
      "mode": "managed",
      "type": "aws_route53_zone",
      "name": "private",
      "provider": "provider[\"registry.terraform.io/hashicorp/aws\"]",
      "instances": [
        {
          "index_key": 0,
          "schema_version": 0,
          "attributes": {
            "arn": "arn:aws:route53:::hostedzone/Z10255051K38TMNCW9WYN",
            "comment": "Managed by Terraform",
            "delegation_set_id": "",
            "enable_accelerated_recovery": false,
            "force_destroy": false,
            "id": "Z10255051K38TMNCW9WYN",
            "name": "davidawcloudsecurity.com",
            "name_servers": [
              "ns-0.awsdns-00.com.",
              "ns-1024.awsdns-00.org.",
              "ns-1536.awsdns-00.co.uk.",
              "ns-512.awsdns-00.net."
            ],
            "primary_name_server": "ns-0.awsdns-00.com.",
            "tags": {
              "Name": "learn-tf-aws-vpc-private-zone"
            },
            "tags_all": {
              "Name": "learn-tf-aws-vpc-private-zone"
            },
            "timeouts": null,
            "vpc": [
              {
                "vpc_id": "vpc-0ecd5ff4b37edd192",
                "vpc_region": "us-east-1"
              }
            ],
            "zone_id": "Z10255051K38TMNCW9WYN"
          },
          "sensitive_attributes": [],
          "identity_schema_version": 0,
          "identity": {
            "account_id": "421041021814",
            "zone_id": "Z10255051K38TMNCW9WYN"
          },
          "private": "eyJlMmJmYjczMC1lY2FhLTExZTYtOGY4OC0zNDM2M2JjN2M0YzAiOnsiY3JlYXRlIjoxODAwMDAwMDAwMDAwLCJkZWxldGUiOjE4MDAwMDAwMDAwMDAsInVwZGF0ZSI6MTgwMDAwMDAwMDAwMH19",
          "dependencies": [
            "aws_vpc.windows_vpc"
          ]
        }
      ]
    },
    {
      "mode": "managed",
      "type": "aws_route_table",
      "name": "public_rt",
      "provider": "provider[\"registry.terraform.io/hashicorp/aws\"]",
      "instances": [
        {
          "index_key": 0,
          "schema_version": 0,
          "attributes": {
            "arn": "arn:aws:ec2:us-east-1:421041021814:route-table/rtb-06f8fd00f701f4f1e",
            "id": "rtb-06f8fd00f701f4f1e",
            "owner_id": "421041021814",
            "propagating_vgws": [],
            "region": "us-east-1",
            "route": [
              {
                "carrier_gateway_id": "",
                "cidr_block": "0.0.0.0/0",
                "core_network_arn": "",
                "destination_prefix_list_id": "",
                "egress_only_gateway_id": "",
                "gateway_id": "igw-058fc846c8ed47724",
                "ipv6_cidr_block": "",
                "local_gateway_id": "",
                "nat_gateway_id": "",
                "network_interface_id": "",
                "transit_gateway_id": "",
                "vpc_endpoint_id": "",
                "vpc_peering_connection_id": ""
              },
              {
                "carrier_gateway_id": "",
                "cidr_block": "172.17.1.0/24",
                "core_network_arn": "",
                "destination_prefix_list_id": "",
                "egress_only_gateway_id": "",
                "gateway_id": "",
                "ipv6_cidr_block": "",
                "local_gateway_id": "",
                "nat_gateway_id": "",
                "network_interface_id": "",
                "transit_gateway_id": "tgw-0220ee32c3d0c8c13",
                "vpc_endpoint_id": "",
                "vpc_peering_connection_id": ""
              }
            ],
            "tags": {
              "Name": "learn-tf-aws-vpc-rhel-public-rt"
            },
            "tags_all": {
              "Name": "learn-tf-aws-vpc-rhel-public-rt"
            },
            "timeouts": null,
            "vpc_id": "vpc-076844a3b9c8edd52"
          },
          "sensitive_attributes": [],
          "identity_schema_version": 0,
          "identity": {
            "account_id": "421041021814",
            "id": "rtb-06f8fd00f701f4f1e",
            "region": "us-east-1"
          },
          "private": "eyJlMmJmYjczMC1lY2FhLTExZTYtOGY4OC0zNDM2M2JjN2M0YzAiOnsiY3JlYXRlIjozMDAwMDAwMDAwMDAsImRlbGV0ZSI6MzAwMDAwMDAwMDAwLCJ1cGRhdGUiOjEyMDAwMDAwMDAwMH19",
          "dependencies": [
            "aws_ec2_transit_gateway.tgw_inbound",
            "aws_internet_gateway.demo_igw",
            "aws_vpc.demo_main_vpc"
          ]
        }
      ]
    },
    {
      "mode": "managed",
      "type": "aws_route_table",
      "name": "rhel_private_tgw",
      "provider": "provider[\"registry.terraform.io/hashicorp/aws\"]",
      "instances": [
        {
          "index_key": 0,
          "schema_version": 0,
          "attributes": {
            "arn": "arn:aws:ec2:us-east-1:421041021814:route-table/rtb-03b28b72823827b90",
            "id": "rtb-03b28b72823827b90",
            "owner_id": "421041021814",
            "propagating_vgws": [],
            "region": "us-east-1",
            "route": [
              {
                "carrier_gateway_id": "",
                "cidr_block": "0.0.0.0/0",
                "core_network_arn": "",
                "destination_prefix_list_id": "",
                "egress_only_gateway_id": "",
                "gateway_id": "igw-058fc846c8ed47724",
                "ipv6_cidr_block": "",
                "local_gateway_id": "",
                "nat_gateway_id": "",
                "network_interface_id": "",
                "transit_gateway_id": "",
                "vpc_endpoint_id": "",
                "vpc_peering_connection_id": ""
              },
              {
                "carrier_gateway_id": "",
                "cidr_block": "172.17.0.0/16",
                "core_network_arn": "",
                "destination_prefix_list_id": "",
                "egress_only_gateway_id": "",
                "gateway_id": "",
                "ipv6_cidr_block": "",
                "local_gateway_id": "",
                "nat_gateway_id": "",
                "network_interface_id": "",
                "transit_gateway_id": "tgw-0220ee32c3d0c8c13",
                "vpc_endpoint_id": "",
                "vpc_peering_connection_id": ""
              }
            ],
            "tags": {
              "Name": "learn-tf-aws-vpc-rhel-private-tgw-rt"
            },
            "tags_all": {
              "Name": "learn-tf-aws-vpc-rhel-private-tgw-rt"
            },
            "timeouts": null,
            "vpc_id": "vpc-076844a3b9c8edd52"
          },
          "sensitive_attributes": [],
          "identity_schema_version": 0,
          "identity": {
            "account_id": "421041021814",
            "id": "rtb-03b28b72823827b90",
            "region": "us-east-1"
          },
          "private": "eyJlMmJmYjczMC1lY2FhLTExZTYtOGY4OC0zNDM2M2JjN2M0YzAiOnsiY3JlYXRlIjozMDAwMDAwMDAwMDAsImRlbGV0ZSI6MzAwMDAwMDAwMDAwLCJ1cGRhdGUiOjEyMDAwMDAwMDAwMH19",
          "dependencies": [
            "aws_ec2_transit_gateway.tgw_inbound",
            "aws_internet_gateway.demo_igw",
            "aws_vpc.demo_main_vpc"
          ]
        }
      ]
    },
    {
      "mode": "managed",
      "type": "aws_route_table",
      "name": "windows_private_tgw",
      "provider": "provider[\"registry.terraform.io/hashicorp/aws\"]",
      "instances": [
        {
          "index_key": 0,
          "schema_version": 0,
          "attributes": {
            "arn": "arn:aws:ec2:us-east-1:421041021814:route-table/rtb-059b90f1c037ca44a",
            "id": "rtb-059b90f1c037ca44a",
            "owner_id": "421041021814",
            "propagating_vgws": [],
            "region": "us-east-1",
            "route": [
              {
                "carrier_gateway_id": "",
                "cidr_block": "0.0.0.0/0",
                "core_network_arn": "",
                "destination_prefix_list_id": "",
                "egress_only_gateway_id": "",
                "gateway_id": "igw-052824fe6a0af78dd",
                "ipv6_cidr_block": "",
                "local_gateway_id": "",
                "nat_gateway_id": "",
                "network_interface_id": "",
                "transit_gateway_id": "",
                "vpc_endpoint_id": "",
                "vpc_peering_connection_id": ""
              },
              {
                "carrier_gateway_id": "",
                "cidr_block": "172.16.0.0/16",
                "core_network_arn": "",
                "destination_prefix_list_id": "",
                "egress_only_gateway_id": "",
                "gateway_id": "",
                "ipv6_cidr_block": "",
                "local_gateway_id": "",
                "nat_gateway_id": "",
                "network_interface_id": "",
                "transit_gateway_id": "tgw-0220ee32c3d0c8c13",
                "vpc_endpoint_id": "",
                "vpc_peering_connection_id": ""
              }
            ],
            "tags": {
              "Name": "learn-tf-aws-vpc-windows-private-tgw-rt"
            },
            "tags_all": {
              "Name": "learn-tf-aws-vpc-windows-private-tgw-rt"
            },
            "timeouts": null,
            "vpc_id": "vpc-0ecd5ff4b37edd192"
          },
          "sensitive_attributes": [],
          "identity_schema_version": 0,
          "identity": {
            "account_id": "421041021814",
            "id": "rtb-059b90f1c037ca44a",
            "region": "us-east-1"
          },
          "private": "eyJlMmJmYjczMC1lY2FhLTExZTYtOGY4OC0zNDM2M2JjN2M0YzAiOnsiY3JlYXRlIjozMDAwMDAwMDAwMDAsImRlbGV0ZSI6MzAwMDAwMDAwMDAwLCJ1cGRhdGUiOjEyMDAwMDAwMDAwMH19",
          "dependencies": [
            "aws_ec2_transit_gateway.tgw_inbound",
            "aws_internet_gateway.windows_igw",
            "aws_vpc.windows_vpc"
          ]
        }
      ]
    },
    {
      "mode": "managed",
      "type": "aws_route_table",
      "name": "windows_public_rt",
      "provider": "provider[\"registry.terraform.io/hashicorp/aws\"]",
      "instances": [
        {
          "index_key": 0,
          "schema_version": 0,
          "attributes": {
            "arn": "arn:aws:ec2:us-east-1:421041021814:route-table/rtb-0c49bfa1770295c43",
            "id": "rtb-0c49bfa1770295c43",
            "owner_id": "421041021814",
            "propagating_vgws": [],
            "region": "us-east-1",
            "route": [
              {
                "carrier_gateway_id": "",
                "cidr_block": "0.0.0.0/0",
                "core_network_arn": "",
                "destination_prefix_list_id": "",
                "egress_only_gateway_id": "",
                "gateway_id": "igw-052824fe6a0af78dd",
                "ipv6_cidr_block": "",
                "local_gateway_id": "",
                "nat_gateway_id": "",
                "network_interface_id": "",
                "transit_gateway_id": "",
                "vpc_endpoint_id": "",
                "vpc_peering_connection_id": ""
              },
              {
                "carrier_gateway_id": "",
                "cidr_block": "172.16.1.0/24",
                "core_network_arn": "",
                "destination_prefix_list_id": "",
                "egress_only_gateway_id": "",
                "gateway_id": "",
                "ipv6_cidr_block": "",
                "local_gateway_id": "",
                "nat_gateway_id": "",
                "network_interface_id": "",
                "transit_gateway_id": "tgw-0220ee32c3d0c8c13",
                "vpc_endpoint_id": "",
                "vpc_peering_connection_id": ""
              }
            ],
            "tags": {
              "Name": "learn-tf-aws-vpc-windows-public-rt"
            },
            "tags_all": {
              "Name": "learn-tf-aws-vpc-windows-public-rt"
            },
            "timeouts": null,
            "vpc_id": "vpc-0ecd5ff4b37edd192"
          },
          "sensitive_attributes": [],
          "identity_schema_version": 0,
          "identity": {
            "account_id": "421041021814",
            "id": "rtb-0c49bfa1770295c43",
            "region": "us-east-1"
          },
          "private": "eyJlMmJmYjczMC1lY2FhLTExZTYtOGY4OC0zNDM2M2JjN2M0YzAiOnsiY3JlYXRlIjozMDAwMDAwMDAwMDAsImRlbGV0ZSI6MzAwMDAwMDAwMDAwLCJ1cGRhdGUiOjEyMDAwMDAwMDAwMH19",
          "dependencies": [
            "aws_ec2_transit_gateway.tgw_inbound",
            "aws_internet_gateway.windows_igw",
            "aws_vpc.windows_vpc"
          ]
        }
      ]
    },
    {
      "mode": "managed",
      "type": "aws_route_table_association",
      "name": "public_rta",
      "provider": "provider[\"registry.terraform.io/hashicorp/aws\"]",
      "instances": [
        {
          "index_key": 0,
          "schema_version": 0,
          "attributes": {
            "gateway_id": "",
            "id": "rtbassoc-0514156e9d41012ef",
            "region": "us-east-1",
            "route_table_id": "rtb-06f8fd00f701f4f1e",
            "subnet_id": "subnet-0ab8fe238267bd6c6",
            "timeouts": null
          },
          "sensitive_attributes": [],
          "identity_schema_version": 0,
          "identity": {
            "account_id": "421041021814",
            "id": "rtbassoc-0514156e9d41012ef",
            "region": "us-east-1"
          },
          "private": "eyJlMmJmYjczMC1lY2FhLTExZTYtOGY4OC0zNDM2M2JjN2M0YzAiOnsiY3JlYXRlIjozMDAwMDAwMDAwMDAsImRlbGV0ZSI6MzAwMDAwMDAwMDAwLCJ1cGRhdGUiOjEyMDAwMDAwMDAwMH19",
          "dependencies": [
            "aws_ec2_transit_gateway.tgw_inbound",
            "aws_internet_gateway.demo_igw",
            "aws_route_table.public_rt",
            "aws_subnet.public_subnet_01",
            "aws_vpc.demo_main_vpc"
          ]
        },
        {
          "index_key": 1,
          "schema_version": 0,
          "attributes": {
            "gateway_id": "",
            "id": "rtbassoc-0aa36d108f16456ba",
            "region": "us-east-1",
            "route_table_id": "rtb-06f8fd00f701f4f1e",
            "subnet_id": "subnet-0f8d97bd7e0de3a68",
            "timeouts": null
          },
          "sensitive_attributes": [],
          "identity_schema_version": 0,
          "identity": {
            "account_id": "421041021814",
            "id": "rtbassoc-0aa36d108f16456ba",
            "region": "us-east-1"
          },
          "private": "eyJlMmJmYjczMC1lY2FhLTExZTYtOGY4OC0zNDM2M2JjN2M0YzAiOnsiY3JlYXRlIjozMDAwMDAwMDAwMDAsImRlbGV0ZSI6MzAwMDAwMDAwMDAwLCJ1cGRhdGUiOjEyMDAwMDAwMDAwMH19",
          "dependencies": [
            "aws_ec2_transit_gateway.tgw_inbound",
            "aws_internet_gateway.demo_igw",
            "aws_route_table.public_rt",
            "aws_subnet.public_subnet_01",
            "aws_vpc.demo_main_vpc"
          ]
        },
        {
          "index_key": 2,
          "schema_version": 0,
          "attributes": {
            "gateway_id": "",
            "id": "rtbassoc-05d5bee00ba18f143",
            "region": "us-east-1",
            "route_table_id": "rtb-06f8fd00f701f4f1e",
            "subnet_id": "subnet-029176c3a4159fef5",
            "timeouts": null
          },
          "sensitive_attributes": [],
          "identity_schema_version": 0,
          "identity": {
            "account_id": "421041021814",
            "id": "rtbassoc-05d5bee00ba18f143",
            "region": "us-east-1"
          },
          "private": "eyJlMmJmYjczMC1lY2FhLTExZTYtOGY4OC0zNDM2M2JjN2M0YzAiOnsiY3JlYXRlIjozMDAwMDAwMDAwMDAsImRlbGV0ZSI6MzAwMDAwMDAwMDAwLCJ1cGRhdGUiOjEyMDAwMDAwMDAwMH19",
          "dependencies": [
            "aws_ec2_transit_gateway.tgw_inbound",
            "aws_internet_gateway.demo_igw",
            "aws_route_table.public_rt",
            "aws_subnet.public_subnet_01",
            "aws_vpc.demo_main_vpc"
          ]
        }
      ]
    },
    {
      "mode": "managed",
      "type": "aws_route_table_association",
      "name": "rhel_private_tgw_assoc",
      "provider": "provider[\"registry.terraform.io/hashicorp/aws\"]",
      "instances": [
        {
          "index_key": 0,
          "schema_version": 0,
          "attributes": {
            "gateway_id": "",
            "id": "rtbassoc-06ee232c482511586",
            "region": "us-east-1",
            "route_table_id": "rtb-03b28b72823827b90",
            "subnet_id": "subnet-0a2c51c84a22b9c24",
            "timeouts": null
          },
          "sensitive_attributes": [],
          "identity_schema_version": 0,
          "identity": {
            "account_id": "421041021814",
            "id": "rtbassoc-06ee232c482511586",
            "region": "us-east-1"
          },
          "private": "eyJlMmJmYjczMC1lY2FhLTExZTYtOGY4OC0zNDM2M2JjN2M0YzAiOnsiY3JlYXRlIjozMDAwMDAwMDAwMDAsImRlbGV0ZSI6MzAwMDAwMDAwMDAwLCJ1cGRhdGUiOjEyMDAwMDAwMDAwMH19",
          "dependencies": [
            "aws_ec2_transit_gateway.tgw_inbound",
            "aws_internet_gateway.demo_igw",
            "aws_route_table.rhel_private_tgw",
            "aws_subnet.private_subnet_01",
            "aws_vpc.demo_main_vpc"
          ]
        },
        {
          "index_key": 1,
          "schema_version": 0,
          "attributes": {
            "gateway_id": "",
            "id": "rtbassoc-0d4e38e96d270cfed",
            "region": "us-east-1",
            "route_table_id": "rtb-03b28b72823827b90",
            "subnet_id": "subnet-0a1798834e04d21e1",
            "timeouts": null
          },
          "sensitive_attributes": [],
          "identity_schema_version": 0,
          "identity": {
            "account_id": "421041021814",
            "id": "rtbassoc-0d4e38e96d270cfed",
            "region": "us-east-1"
          },
          "private": "eyJlMmJmYjczMC1lY2FhLTExZTYtOGY4OC0zNDM2M2JjN2M0YzAiOnsiY3JlYXRlIjozMDAwMDAwMDAwMDAsImRlbGV0ZSI6MzAwMDAwMDAwMDAwLCJ1cGRhdGUiOjEyMDAwMDAwMDAwMH19",
          "dependencies": [
            "aws_ec2_transit_gateway.tgw_inbound",
            "aws_internet_gateway.demo_igw",
            "aws_route_table.rhel_private_tgw",
            "aws_subnet.private_subnet_01",
            "aws_vpc.demo_main_vpc"
          ]
        },
        {
          "index_key": 2,
          "schema_version": 0,
          "attributes": {
            "gateway_id": "",
            "id": "rtbassoc-063e2bf34fed946e9",
            "region": "us-east-1",
            "route_table_id": "rtb-03b28b72823827b90",
            "subnet_id": "subnet-02ad76dd83d6e3b20",
            "timeouts": null
          },
          "sensitive_attributes": [],
          "identity_schema_version": 0,
          "identity": {
            "account_id": "421041021814",
            "id": "rtbassoc-063e2bf34fed946e9",
            "region": "us-east-1"
          },
          "private": "eyJlMmJmYjczMC1lY2FhLTExZTYtOGY4OC0zNDM2M2JjN2M0YzAiOnsiY3JlYXRlIjozMDAwMDAwMDAwMDAsImRlbGV0ZSI6MzAwMDAwMDAwMDAwLCJ1cGRhdGUiOjEyMDAwMDAwMDAwMH19",
          "dependencies": [
            "aws_ec2_transit_gateway.tgw_inbound",
            "aws_internet_gateway.demo_igw",
            "aws_route_table.rhel_private_tgw",
            "aws_subnet.private_subnet_01",
            "aws_vpc.demo_main_vpc"
          ]
        }
      ]
    },
    {
      "mode": "managed",
      "type": "aws_route_table_association",
      "name": "windows_private_tgw_assoc",
      "provider": "provider[\"registry.terraform.io/hashicorp/aws\"]",
      "instances": [
        {
          "index_key": 0,
          "schema_version": 0,
          "attributes": {
            "gateway_id": "",
            "id": "rtbassoc-073f8d1c0f9fcc35f",
            "region": "us-east-1",
            "route_table_id": "rtb-059b90f1c037ca44a",
            "subnet_id": "subnet-0738086c772deaa51",
            "timeouts": null
          },
          "sensitive_attributes": [],
          "identity_schema_version": 0,
          "identity": {
            "account_id": "421041021814",
            "id": "rtbassoc-073f8d1c0f9fcc35f",
            "region": "us-east-1"
          },
          "private": "eyJlMmJmYjczMC1lY2FhLTExZTYtOGY4OC0zNDM2M2JjN2M0YzAiOnsiY3JlYXRlIjozMDAwMDAwMDAwMDAsImRlbGV0ZSI6MzAwMDAwMDAwMDAwLCJ1cGRhdGUiOjEyMDAwMDAwMDAwMH19",
          "dependencies": [
            "aws_ec2_transit_gateway.tgw_inbound",
            "aws_internet_gateway.windows_igw",
            "aws_route_table.windows_private_tgw",
            "aws_subnet.windows_private_subnet",
            "aws_vpc.windows_vpc"
          ]
        },
        {
          "index_key": 1,
          "schema_version": 0,
          "attributes": {
            "gateway_id": "",
            "id": "rtbassoc-08c173da6eedd4e3f",
            "region": "us-east-1",
            "route_table_id": "rtb-059b90f1c037ca44a",
            "subnet_id": "subnet-0a7d31fd84b0b135d",
            "timeouts": null
          },
          "sensitive_attributes": [],
          "identity_schema_version": 0,
          "identity": {
            "account_id": "421041021814",
            "id": "rtbassoc-08c173da6eedd4e3f",
            "region": "us-east-1"
          },
          "private": "eyJlMmJmYjczMC1lY2FhLTExZTYtOGY4OC0zNDM2M2JjN2M0YzAiOnsiY3JlYXRlIjozMDAwMDAwMDAwMDAsImRlbGV0ZSI6MzAwMDAwMDAwMDAwLCJ1cGRhdGUiOjEyMDAwMDAwMDAwMH19",
          "dependencies": [
            "aws_ec2_transit_gateway.tgw_inbound",
            "aws_internet_gateway.windows_igw",
            "aws_route_table.windows_private_tgw",
            "aws_subnet.windows_private_subnet",
            "aws_vpc.windows_vpc"
          ]
        },
        {
          "index_key": 2,
          "schema_version": 0,
          "attributes": {
            "gateway_id": "",
            "id": "rtbassoc-095f7edd64d54f003",
            "region": "us-east-1",
            "route_table_id": "rtb-059b90f1c037ca44a",
            "subnet_id": "subnet-0f182f25c0be0ce0d",
            "timeouts": null
          },
          "sensitive_attributes": [],
          "identity_schema_version": 0,
          "identity": {
            "account_id": "421041021814",
            "id": "rtbassoc-095f7edd64d54f003",
            "region": "us-east-1"
          },
          "private": "eyJlMmJmYjczMC1lY2FhLTExZTYtOGY4OC0zNDM2M2JjN2M0YzAiOnsiY3JlYXRlIjozMDAwMDAwMDAwMDAsImRlbGV0ZSI6MzAwMDAwMDAwMDAwLCJ1cGRhdGUiOjEyMDAwMDAwMDAwMH19",
          "dependencies": [
            "aws_ec2_transit_gateway.tgw_inbound",
            "aws_internet_gateway.windows_igw",
            "aws_route_table.windows_private_tgw",
            "aws_subnet.windows_private_subnet",
            "aws_vpc.windows_vpc"
          ]
        }
      ]
    },
    {
      "mode": "managed",
      "type": "aws_route_table_association",
      "name": "windows_public_rta",
      "provider": "provider[\"registry.terraform.io/hashicorp/aws\"]",
      "instances": [
        {
          "index_key": 0,
          "schema_version": 0,
          "attributes": {
            "gateway_id": "",
            "id": "rtbassoc-0f7ca6b87ab392b33",
            "region": "us-east-1",
            "route_table_id": "rtb-0c49bfa1770295c43",
            "subnet_id": "subnet-0a93a895a363c6ac2",
            "timeouts": null
          },
          "sensitive_attributes": [],
          "identity_schema_version": 0,
          "identity": {
            "account_id": "421041021814",
            "id": "rtbassoc-0f7ca6b87ab392b33",
            "region": "us-east-1"
          },
          "private": "eyJlMmJmYjczMC1lY2FhLTExZTYtOGY4OC0zNDM2M2JjN2M0YzAiOnsiY3JlYXRlIjozMDAwMDAwMDAwMDAsImRlbGV0ZSI6MzAwMDAwMDAwMDAwLCJ1cGRhdGUiOjEyMDAwMDAwMDAwMH19",
          "dependencies": [
            "aws_ec2_transit_gateway.tgw_inbound",
            "aws_internet_gateway.windows_igw",
            "aws_route_table.windows_public_rt",
            "aws_subnet.windows_public_subnet",
            "aws_vpc.windows_vpc"
          ]
        },
        {
          "index_key": 1,
          "schema_version": 0,
          "attributes": {
            "gateway_id": "",
            "id": "rtbassoc-0ebc76cf8b2391165",
            "region": "us-east-1",
            "route_table_id": "rtb-0c49bfa1770295c43",
            "subnet_id": "subnet-0383ef917df5fdcc0",
            "timeouts": null
          },
          "sensitive_attributes": [],
          "identity_schema_version": 0,
          "identity": {
            "account_id": "421041021814",
            "id": "rtbassoc-0ebc76cf8b2391165",
            "region": "us-east-1"
          },
          "private": "eyJlMmJmYjczMC1lY2FhLTExZTYtOGY4OC0zNDM2M2JjN2M0YzAiOnsiY3JlYXRlIjozMDAwMDAwMDAwMDAsImRlbGV0ZSI6MzAwMDAwMDAwMDAwLCJ1cGRhdGUiOjEyMDAwMDAwMDAwMH19",
          "dependencies": [
            "aws_ec2_transit_gateway.tgw_inbound",
            "aws_internet_gateway.windows_igw",
            "aws_route_table.windows_public_rt",
            "aws_subnet.windows_public_subnet",
            "aws_vpc.windows_vpc"
          ]
        },
        {
          "index_key": 2,
          "schema_version": 0,
          "attributes": {
            "gateway_id": "",
            "id": "rtbassoc-03e5ded733143bbfd",
            "region": "us-east-1",
            "route_table_id": "rtb-0c49bfa1770295c43",
            "subnet_id": "subnet-023cfd51f8dd6ced0",
            "timeouts": null
          },
          "sensitive_attributes": [],
          "identity_schema_version": 0,
          "identity": {
            "account_id": "421041021814",
            "id": "rtbassoc-03e5ded733143bbfd",
            "region": "us-east-1"
          },
          "private": "eyJlMmJmYjczMC1lY2FhLTExZTYtOGY4OC0zNDM2M2JjN2M0YzAiOnsiY3JlYXRlIjozMDAwMDAwMDAwMDAsImRlbGV0ZSI6MzAwMDAwMDAwMDAwLCJ1cGRhdGUiOjEyMDAwMDAwMDAwMH19",
          "dependencies": [
            "aws_ec2_transit_gateway.tgw_inbound",
            "aws_internet_gateway.windows_igw",
            "aws_route_table.windows_public_rt",
            "aws_subnet.windows_public_subnet",
            "aws_vpc.windows_vpc"
          ]
        }
      ]
    },
    {
      "mode": "managed",
      "type": "aws_security_group",
      "name": "windows_sg",
      "provider": "provider[\"registry.terraform.io/hashicorp/aws\"]",
      "instances": [
        {
          "index_key": 0,
          "schema_version": 1,
          "attributes": {
            "arn": "arn:aws:ec2:us-east-1:421041021814:security-group/sg-057bdfeb71825ab04",
            "description": "Security group for Windows EC2 instances",
            "egress": [
              {
                "cidr_blocks": [
                  "0.0.0.0/0"
                ],
                "description": "",
                "from_port": 0,
                "ipv6_cidr_blocks": [],
                "prefix_list_ids": [],
                "protocol": "-1",
                "security_groups": [],
                "self": false,
                "to_port": 0
              }
            ],
            "id": "sg-057bdfeb71825ab04",
            "ingress": [
              {
                "cidr_blocks": [
                  "172.16.0.0/16"
                ],
                "description": "",
                "from_port": 8530,
                "ipv6_cidr_blocks": [],
                "prefix_list_ids": [],
                "protocol": "tcp",
                "security_groups": [],
                "self": false,
                "to_port": 8531
              },
              {
                "cidr_blocks": [],
                "description": "",
                "from_port": 0,
                "ipv6_cidr_blocks": [],
                "prefix_list_ids": [],
                "protocol": "-1",
                "security_groups": [],
                "self": true,
                "to_port": 0
              }
            ],
            "name": "windows-instances-sg",
            "name_prefix": "",
            "owner_id": "421041021814",
            "region": "us-east-1",
            "revoke_rules_on_delete": false,
            "tags": {
              "Name": "learn-tf-aws-vpc-windows-sg"
            },
            "tags_all": {
              "Name": "learn-tf-aws-vpc-windows-sg"
            },
            "timeouts": null,
            "vpc_id": "vpc-0ecd5ff4b37edd192"
          },
          "sensitive_attributes": [],
          "identity_schema_version": 0,
          "identity": {
            "account_id": "421041021814",
            "id": "sg-057bdfeb71825ab04",
            "region": "us-east-1"
          },
          "private": "eyJlMmJmYjczMC1lY2FhLTExZTYtOGY4OC0zNDM2M2JjN2M0YzAiOnsiY3JlYXRlIjo2MDAwMDAwMDAwMDAsImRlbGV0ZSI6OTAwMDAwMDAwMDAwfSwic2NoZW1hX3ZlcnNpb24iOiIxIn0=",
          "dependencies": [
            "aws_vpc.windows_vpc"
          ]
        }
      ]
    },
    {
      "mode": "managed",
      "type": "aws_sns_topic",
      "name": "alarm_notifications",
      "provider": "provider[\"registry.terraform.io/hashicorp/aws\"]",
      "instances": [
        {
          "schema_version": 0,
          "attributes": {
            "application_failure_feedback_role_arn": "",
            "application_success_feedback_role_arn": "",
            "application_success_feedback_sample_rate": 0,
            "archive_policy": "",
            "arn": "arn:aws:sns:us-east-1:421041021814:learn-tf-aws-vpc-alarm-notifications",
            "beginning_archive_time": "",
            "content_based_deduplication": false,
            "delivery_policy": "",
            "display_name": "",
            "fifo_throughput_scope": "",
            "fifo_topic": false,
            "firehose_failure_feedback_role_arn": "",
            "firehose_success_feedback_role_arn": "",
            "firehose_success_feedback_sample_rate": 0,
            "http_failure_feedback_role_arn": "",
            "http_success_feedback_role_arn": "",
            "http_success_feedback_sample_rate": 0,
            "id": "arn:aws:sns:us-east-1:421041021814:learn-tf-aws-vpc-alarm-notifications",
            "kms_master_key_id": "",
            "lambda_failure_feedback_role_arn": "",
            "lambda_success_feedback_role_arn": "",
            "lambda_success_feedback_sample_rate": 0,
            "name": "learn-tf-aws-vpc-alarm-notifications",
            "name_prefix": "",
            "owner": "421041021814",
            "policy": "{\"Id\":\"__default_policy_ID\",\"Statement\":[{\"Action\":[\"SNS:GetTopicAttributes\",\"SNS:SetTopicAttributes\",\"SNS:AddPermission\",\"SNS:RemovePermission\",\"SNS:DeleteTopic\",\"SNS:Subscribe\",\"SNS:ListSubscriptionsByTopic\",\"SNS:Publish\"],\"Condition\":{\"StringEquals\":{\"AWS:SourceOwner\":\"421041021814\"}},\"Effect\":\"Allow\",\"Principal\":{\"AWS\":\"*\"},\"Resource\":\"arn:aws:sns:us-east-1:421041021814:learn-tf-aws-vpc-alarm-notifications\",\"Sid\":\"__default_statement_ID\"}],\"Version\":\"2008-10-17\"}",
            "region": "us-east-1",
            "signature_version": 0,
            "sqs_failure_feedback_role_arn": "",
            "sqs_success_feedback_role_arn": "",
            "sqs_success_feedback_sample_rate": 0,
            "tags": {
              "Name": "learn-tf-aws-vpc-alarm-notifications"
            },
            "tags_all": {
              "Name": "learn-tf-aws-vpc-alarm-notifications"
            },
            "tracing_config": ""
          },
          "sensitive_attributes": [],
          "identity_schema_version": 0,
          "identity": {
            "arn": "arn:aws:sns:us-east-1:421041021814:learn-tf-aws-vpc-alarm-notifications"
          },
          "private": "bnVsbA=="
        }
      ]
    },
    {
      "mode": "managed",
      "type": "aws_subnet",
      "name": "private_subnet_01",
      "provider": "provider[\"registry.terraform.io/hashicorp/aws\"]",
      "instances": [
        {
          "index_key": 0,
          "schema_version": 1,
          "attributes": {
            "arn": "arn:aws:ec2:us-east-1:421041021814:subnet/subnet-0a2c51c84a22b9c24",
            "assign_ipv6_address_on_creation": false,
            "availability_zone": "us-east-1a",
            "availability_zone_id": "use1-az1",
            "cidr_block": "172.16.2.0/24",
            "customer_owned_ipv4_pool": "",
            "enable_dns64": false,
            "enable_lni_at_device_index": 0,
            "enable_resource_name_dns_a_record_on_launch": false,
            "enable_resource_name_dns_aaaa_record_on_launch": false,
            "id": "subnet-0a2c51c84a22b9c24",
            "ipv4_ipam_pool_id": null,
            "ipv4_netmask_length": null,
            "ipv6_cidr_block": "",
            "ipv6_cidr_block_association_id": "",
            "ipv6_ipam_pool_id": null,
            "ipv6_native": false,
            "ipv6_netmask_length": null,
            "map_customer_owned_ip_on_launch": false,
            "map_public_ip_on_launch": false,
            "outpost_arn": "",
            "owner_id": "421041021814",
            "private_dns_hostname_type_on_launch": "ip-name",
            "region": "us-east-1",
            "tags": {
              "Name": "learn-tf-aws-vpc-rhel-pv-sub-01"
            },
            "tags_all": {
              "Name": "learn-tf-aws-vpc-rhel-pv-sub-01"
            },
            "timeouts": null,
            "vpc_id": "vpc-076844a3b9c8edd52"
          },
          "sensitive_attributes": [],
          "identity_schema_version": 0,
          "identity": {
            "account_id": "421041021814",
            "id": "subnet-0a2c51c84a22b9c24",
            "region": "us-east-1"
          },
          "private": "eyJlMmJmYjczMC1lY2FhLTExZTYtOGY4OC0zNDM2M2JjN2M0YzAiOnsiY3JlYXRlIjo2MDAwMDAwMDAwMDAsImRlbGV0ZSI6MTIwMDAwMDAwMDAwMH0sInNjaGVtYV92ZXJzaW9uIjoiMSJ9",
          "dependencies": [
            "aws_vpc.demo_main_vpc"
          ]
        },
        {
          "index_key": 1,
          "schema_version": 1,
          "attributes": {
            "arn": "arn:aws:ec2:us-east-1:421041021814:subnet/subnet-0a1798834e04d21e1",
            "assign_ipv6_address_on_creation": false,
            "availability_zone": "us-east-1b",
            "availability_zone_id": "use1-az2",
            "cidr_block": "172.16.4.0/24",
            "customer_owned_ipv4_pool": "",
            "enable_dns64": false,
            "enable_lni_at_device_index": 0,
            "enable_resource_name_dns_a_record_on_launch": false,
            "enable_resource_name_dns_aaaa_record_on_launch": false,
            "id": "subnet-0a1798834e04d21e1",
            "ipv4_ipam_pool_id": null,
            "ipv4_netmask_length": null,
            "ipv6_cidr_block": "",
            "ipv6_cidr_block_association_id": "",
            "ipv6_ipam_pool_id": null,
            "ipv6_native": false,
            "ipv6_netmask_length": null,
            "map_customer_owned_ip_on_launch": false,
            "map_public_ip_on_launch": false,
            "outpost_arn": "",
            "owner_id": "421041021814",
            "private_dns_hostname_type_on_launch": "ip-name",
            "region": "us-east-1",
            "tags": {
              "Name": "learn-tf-aws-vpc-rhel-pv-sub-01"
            },
            "tags_all": {
              "Name": "learn-tf-aws-vpc-rhel-pv-sub-01"
            },
            "timeouts": null,
            "vpc_id": "vpc-076844a3b9c8edd52"
          },
          "sensitive_attributes": [],
          "identity_schema_version": 0,
          "identity": {
            "account_id": "421041021814",
            "id": "subnet-0a1798834e04d21e1",
            "region": "us-east-1"
          },
          "private": "eyJlMmJmYjczMC1lY2FhLTExZTYtOGY4OC0zNDM2M2JjN2M0YzAiOnsiY3JlYXRlIjo2MDAwMDAwMDAwMDAsImRlbGV0ZSI6MTIwMDAwMDAwMDAwMH0sInNjaGVtYV92ZXJzaW9uIjoiMSJ9",
          "dependencies": [
            "aws_vpc.demo_main_vpc"
          ]
        },
        {
          "index_key": 2,
          "schema_version": 1,
          "attributes": {
            "arn": "arn:aws:ec2:us-east-1:421041021814:subnet/subnet-02ad76dd83d6e3b20",
            "assign_ipv6_address_on_creation": false,
            "availability_zone": "us-east-1c",
            "availability_zone_id": "use1-az4",
            "cidr_block": "172.16.6.0/24",
            "customer_owned_ipv4_pool": "",
            "enable_dns64": false,
            "enable_lni_at_device_index": 0,
            "enable_resource_name_dns_a_record_on_launch": false,
            "enable_resource_name_dns_aaaa_record_on_launch": false,
            "id": "subnet-02ad76dd83d6e3b20",
            "ipv4_ipam_pool_id": null,
            "ipv4_netmask_length": null,
            "ipv6_cidr_block": "",
            "ipv6_cidr_block_association_id": "",
            "ipv6_ipam_pool_id": null,
            "ipv6_native": false,
            "ipv6_netmask_length": null,
            "map_customer_owned_ip_on_launch": false,
            "map_public_ip_on_launch": false,
            "outpost_arn": "",
            "owner_id": "421041021814",
            "private_dns_hostname_type_on_launch": "ip-name",
            "region": "us-east-1",
            "tags": {
              "Name": "learn-tf-aws-vpc-rhel-pv-sub-01"
            },
            "tags_all": {
              "Name": "learn-tf-aws-vpc-rhel-pv-sub-01"
            },
            "timeouts": null,
            "vpc_id": "vpc-076844a3b9c8edd52"
          },
          "sensitive_attributes": [],
          "identity_schema_version": 0,
          "identity": {
            "account_id": "421041021814",
            "id": "subnet-02ad76dd83d6e3b20",
            "region": "us-east-1"
          },
          "private": "eyJlMmJmYjczMC1lY2FhLTExZTYtOGY4OC0zNDM2M2JjN2M0YzAiOnsiY3JlYXRlIjo2MDAwMDAwMDAwMDAsImRlbGV0ZSI6MTIwMDAwMDAwMDAwMH0sInNjaGVtYV92ZXJzaW9uIjoiMSJ9",
          "dependencies": [
            "aws_vpc.demo_main_vpc"
          ]
        }
      ]
    },
    {
      "mode": "managed",
      "type": "aws_subnet",
      "name": "public_subnet_01",
      "provider": "provider[\"registry.terraform.io/hashicorp/aws\"]",
      "instances": [
        {
          "index_key": 0,
          "schema_version": 1,
          "attributes": {
            "arn": "arn:aws:ec2:us-east-1:421041021814:subnet/subnet-0ab8fe238267bd6c6",
            "assign_ipv6_address_on_creation": false,
            "availability_zone": "us-east-1a",
            "availability_zone_id": "use1-az1",
            "cidr_block": "172.16.1.0/24",
            "customer_owned_ipv4_pool": "",
            "enable_dns64": false,
            "enable_lni_at_device_index": 0,
            "enable_resource_name_dns_a_record_on_launch": false,
            "enable_resource_name_dns_aaaa_record_on_launch": false,
            "id": "subnet-0ab8fe238267bd6c6",
            "ipv4_ipam_pool_id": null,
            "ipv4_netmask_length": null,
            "ipv6_cidr_block": "",
            "ipv6_cidr_block_association_id": "",
            "ipv6_ipam_pool_id": null,
            "ipv6_native": false,
            "ipv6_netmask_length": null,
            "map_customer_owned_ip_on_launch": false,
            "map_public_ip_on_launch": true,
            "outpost_arn": "",
            "owner_id": "421041021814",
            "private_dns_hostname_type_on_launch": "ip-name",
            "region": "us-east-1",
            "tags": {
              "Name": "learn-tf-aws-vpc-rhel-pb-sub-01"
            },
            "tags_all": {
              "Name": "learn-tf-aws-vpc-rhel-pb-sub-01"
            },
            "timeouts": null,
            "vpc_id": "vpc-076844a3b9c8edd52"
          },
          "sensitive_attributes": [],
          "identity_schema_version": 0,
          "identity": {
            "account_id": "421041021814",
            "id": "subnet-0ab8fe238267bd6c6",
            "region": "us-east-1"
          },
          "private": "eyJlMmJmYjczMC1lY2FhLTExZTYtOGY4OC0zNDM2M2JjN2M0YzAiOnsiY3JlYXRlIjo2MDAwMDAwMDAwMDAsImRlbGV0ZSI6MTIwMDAwMDAwMDAwMH0sInNjaGVtYV92ZXJzaW9uIjoiMSJ9",
          "dependencies": [
            "aws_vpc.demo_main_vpc"
          ]
        },
        {
          "index_key": 1,
          "schema_version": 1,
          "attributes": {
            "arn": "arn:aws:ec2:us-east-1:421041021814:subnet/subnet-0f8d97bd7e0de3a68",
            "assign_ipv6_address_on_creation": false,
            "availability_zone": "us-east-1b",
            "availability_zone_id": "use1-az2",
            "cidr_block": "172.16.3.0/24",
            "customer_owned_ipv4_pool": "",
            "enable_dns64": false,
            "enable_lni_at_device_index": 0,
            "enable_resource_name_dns_a_record_on_launch": false,
            "enable_resource_name_dns_aaaa_record_on_launch": false,
            "id": "subnet-0f8d97bd7e0de3a68",
            "ipv4_ipam_pool_id": null,
            "ipv4_netmask_length": null,
            "ipv6_cidr_block": "",
            "ipv6_cidr_block_association_id": "",
            "ipv6_ipam_pool_id": null,
            "ipv6_native": false,
            "ipv6_netmask_length": null,
            "map_customer_owned_ip_on_launch": false,
            "map_public_ip_on_launch": true,
            "outpost_arn": "",
            "owner_id": "421041021814",
            "private_dns_hostname_type_on_launch": "ip-name",
            "region": "us-east-1",
            "tags": {
              "Name": "learn-tf-aws-vpc-rhel-pb-sub-01"
            },
            "tags_all": {
              "Name": "learn-tf-aws-vpc-rhel-pb-sub-01"
            },
            "timeouts": null,
            "vpc_id": "vpc-076844a3b9c8edd52"
          },
          "sensitive_attributes": [],
          "identity_schema_version": 0,
          "identity": {
            "account_id": "421041021814",
            "id": "subnet-0f8d97bd7e0de3a68",
            "region": "us-east-1"
          },
          "private": "eyJlMmJmYjczMC1lY2FhLTExZTYtOGY4OC0zNDM2M2JjN2M0YzAiOnsiY3JlYXRlIjo2MDAwMDAwMDAwMDAsImRlbGV0ZSI6MTIwMDAwMDAwMDAwMH0sInNjaGVtYV92ZXJzaW9uIjoiMSJ9",
          "dependencies": [
            "aws_vpc.demo_main_vpc"
          ]
        },
        {
          "index_key": 2,
          "schema_version": 1,
          "attributes": {
            "arn": "arn:aws:ec2:us-east-1:421041021814:subnet/subnet-029176c3a4159fef5",
            "assign_ipv6_address_on_creation": false,
            "availability_zone": "us-east-1c",
            "availability_zone_id": "use1-az4",
            "cidr_block": "172.16.5.0/24",
            "customer_owned_ipv4_pool": "",
            "enable_dns64": false,
            "enable_lni_at_device_index": 0,
            "enable_resource_name_dns_a_record_on_launch": false,
            "enable_resource_name_dns_aaaa_record_on_launch": false,
            "id": "subnet-029176c3a4159fef5",
            "ipv4_ipam_pool_id": null,
            "ipv4_netmask_length": null,
            "ipv6_cidr_block": "",
            "ipv6_cidr_block_association_id": "",
            "ipv6_ipam_pool_id": null,
            "ipv6_native": false,
            "ipv6_netmask_length": null,
            "map_customer_owned_ip_on_launch": false,
            "map_public_ip_on_launch": true,
            "outpost_arn": "",
            "owner_id": "421041021814",
            "private_dns_hostname_type_on_launch": "ip-name",
            "region": "us-east-1",
            "tags": {
              "Name": "learn-tf-aws-vpc-rhel-pb-sub-01"
            },
            "tags_all": {
              "Name": "learn-tf-aws-vpc-rhel-pb-sub-01"
            },
            "timeouts": null,
            "vpc_id": "vpc-076844a3b9c8edd52"
          },
          "sensitive_attributes": [],
          "identity_schema_version": 0,
          "identity": {
            "account_id": "421041021814",
            "id": "subnet-029176c3a4159fef5",
            "region": "us-east-1"
          },
          "private": "eyJlMmJmYjczMC1lY2FhLTExZTYtOGY4OC0zNDM2M2JjN2M0YzAiOnsiY3JlYXRlIjo2MDAwMDAwMDAwMDAsImRlbGV0ZSI6MTIwMDAwMDAwMDAwMH0sInNjaGVtYV92ZXJzaW9uIjoiMSJ9",
          "dependencies": [
            "aws_vpc.demo_main_vpc"
          ]
        }
      ]
    },
    {
      "mode": "managed",
      "type": "aws_subnet",
      "name": "windows_private_subnet",
      "provider": "provider[\"registry.terraform.io/hashicorp/aws\"]",
      "instances": [
        {
          "index_key": 0,
          "schema_version": 1,
          "attributes": {
            "arn": "arn:aws:ec2:us-east-1:421041021814:subnet/subnet-0738086c772deaa51",
            "assign_ipv6_address_on_creation": false,
            "availability_zone": "us-east-1a",
            "availability_zone_id": "use1-az1",
            "cidr_block": "172.17.2.0/24",
            "customer_owned_ipv4_pool": "",
            "enable_dns64": false,
            "enable_lni_at_device_index": 0,
            "enable_resource_name_dns_a_record_on_launch": false,
            "enable_resource_name_dns_aaaa_record_on_launch": false,
            "id": "subnet-0738086c772deaa51",
            "ipv4_ipam_pool_id": null,
            "ipv4_netmask_length": null,
            "ipv6_cidr_block": "",
            "ipv6_cidr_block_association_id": "",
            "ipv6_ipam_pool_id": null,
            "ipv6_native": false,
            "ipv6_netmask_length": null,
            "map_customer_owned_ip_on_launch": false,
            "map_public_ip_on_launch": false,
            "outpost_arn": "",
            "owner_id": "421041021814",
            "private_dns_hostname_type_on_launch": "ip-name",
            "region": "us-east-1",
            "tags": {
              "Name": "learn-tf-aws-vpc-windows-pv-sub-01"
            },
            "tags_all": {
              "Name": "learn-tf-aws-vpc-windows-pv-sub-01"
            },
            "timeouts": null,
            "vpc_id": "vpc-0ecd5ff4b37edd192"
          },
          "sensitive_attributes": [],
          "identity_schema_version": 0,
          "identity": {
            "account_id": "421041021814",
            "id": "subnet-0738086c772deaa51",
            "region": "us-east-1"
          },
          "private": "eyJlMmJmYjczMC1lY2FhLTExZTYtOGY4OC0zNDM2M2JjN2M0YzAiOnsiY3JlYXRlIjo2MDAwMDAwMDAwMDAsImRlbGV0ZSI6MTIwMDAwMDAwMDAwMH0sInNjaGVtYV92ZXJzaW9uIjoiMSJ9",
          "dependencies": [
            "aws_vpc.windows_vpc"
          ]
        },
        {
          "index_key": 1,
          "schema_version": 1,
          "attributes": {
            "arn": "arn:aws:ec2:us-east-1:421041021814:subnet/subnet-0a7d31fd84b0b135d",
            "assign_ipv6_address_on_creation": false,
            "availability_zone": "us-east-1b",
            "availability_zone_id": "use1-az2",
            "cidr_block": "172.17.4.0/24",
            "customer_owned_ipv4_pool": "",
            "enable_dns64": false,
            "enable_lni_at_device_index": 0,
            "enable_resource_name_dns_a_record_on_launch": false,
            "enable_resource_name_dns_aaaa_record_on_launch": false,
            "id": "subnet-0a7d31fd84b0b135d",
            "ipv4_ipam_pool_id": null,
            "ipv4_netmask_length": null,
            "ipv6_cidr_block": "",
            "ipv6_cidr_block_association_id": "",
            "ipv6_ipam_pool_id": null,
            "ipv6_native": false,
            "ipv6_netmask_length": null,
            "map_customer_owned_ip_on_launch": false,
            "map_public_ip_on_launch": false,
            "outpost_arn": "",
            "owner_id": "421041021814",
            "private_dns_hostname_type_on_launch": "ip-name",
            "region": "us-east-1",
            "tags": {
              "Name": "learn-tf-aws-vpc-windows-pv-sub-01"
            },
            "tags_all": {
              "Name": "learn-tf-aws-vpc-windows-pv-sub-01"
            },
            "timeouts": null,
            "vpc_id": "vpc-0ecd5ff4b37edd192"
          },
          "sensitive_attributes": [],
          "identity_schema_version": 0,
          "identity": {
            "account_id": "421041021814",
            "id": "subnet-0a7d31fd84b0b135d",
            "region": "us-east-1"
          },
          "private": "eyJlMmJmYjczMC1lY2FhLTExZTYtOGY4OC0zNDM2M2JjN2M0YzAiOnsiY3JlYXRlIjo2MDAwMDAwMDAwMDAsImRlbGV0ZSI6MTIwMDAwMDAwMDAwMH0sInNjaGVtYV92ZXJzaW9uIjoiMSJ9",
          "dependencies": [
            "aws_vpc.windows_vpc"
          ]
        },
        {
          "index_key": 2,
          "schema_version": 1,
          "attributes": {
            "arn": "arn:aws:ec2:us-east-1:421041021814:subnet/subnet-0f182f25c0be0ce0d",
            "assign_ipv6_address_on_creation": false,
            "availability_zone": "us-east-1c",
            "availability_zone_id": "use1-az4",
            "cidr_block": "172.17.6.0/24",
            "customer_owned_ipv4_pool": "",
            "enable_dns64": false,
            "enable_lni_at_device_index": 0,
            "enable_resource_name_dns_a_record_on_launch": false,
            "enable_resource_name_dns_aaaa_record_on_launch": false,
            "id": "subnet-0f182f25c0be0ce0d",
            "ipv4_ipam_pool_id": null,
            "ipv4_netmask_length": null,
            "ipv6_cidr_block": "",
            "ipv6_cidr_block_association_id": "",
            "ipv6_ipam_pool_id": null,
            "ipv6_native": false,
            "ipv6_netmask_length": null,
            "map_customer_owned_ip_on_launch": false,
            "map_public_ip_on_launch": false,
            "outpost_arn": "",
            "owner_id": "421041021814",
            "private_dns_hostname_type_on_launch": "ip-name",
            "region": "us-east-1",
            "tags": {
              "Name": "learn-tf-aws-vpc-windows-pv-sub-01"
            },
            "tags_all": {
              "Name": "learn-tf-aws-vpc-windows-pv-sub-01"
            },
            "timeouts": null,
            "vpc_id": "vpc-0ecd5ff4b37edd192"
          },
          "sensitive_attributes": [],
          "identity_schema_version": 0,
          "identity": {
            "account_id": "421041021814",
            "id": "subnet-0f182f25c0be0ce0d",
            "region": "us-east-1"
          },
          "private": "eyJlMmJmYjczMC1lY2FhLTExZTYtOGY4OC0zNDM2M2JjN2M0YzAiOnsiY3JlYXRlIjo2MDAwMDAwMDAwMDAsImRlbGV0ZSI6MTIwMDAwMDAwMDAwMH0sInNjaGVtYV92ZXJzaW9uIjoiMSJ9",
          "dependencies": [
            "aws_vpc.windows_vpc"
          ]
        }
      ]
    },
    {
      "mode": "managed",
      "type": "aws_subnet",
      "name": "windows_public_subnet",
      "provider": "provider[\"registry.terraform.io/hashicorp/aws\"]",
      "instances": [
        {
          "index_key": 0,
          "schema_version": 1,
          "attributes": {
            "arn": "arn:aws:ec2:us-east-1:421041021814:subnet/subnet-0a93a895a363c6ac2",
            "assign_ipv6_address_on_creation": false,
            "availability_zone": "us-east-1a",
            "availability_zone_id": "use1-az1",
            "cidr_block": "172.17.1.0/24",
            "customer_owned_ipv4_pool": "",
            "enable_dns64": false,
            "enable_lni_at_device_index": 0,
            "enable_resource_name_dns_a_record_on_launch": false,
            "enable_resource_name_dns_aaaa_record_on_launch": false,
            "id": "subnet-0a93a895a363c6ac2",
            "ipv4_ipam_pool_id": null,
            "ipv4_netmask_length": null,
            "ipv6_cidr_block": "",
            "ipv6_cidr_block_association_id": "",
            "ipv6_ipam_pool_id": null,
            "ipv6_native": false,
            "ipv6_netmask_length": null,
            "map_customer_owned_ip_on_launch": false,
            "map_public_ip_on_launch": true,
            "outpost_arn": "",
            "owner_id": "421041021814",
            "private_dns_hostname_type_on_launch": "ip-name",
            "region": "us-east-1",
            "tags": {
              "Name": "learn-tf-aws-vpc-windows-pb-sub-01"
            },
            "tags_all": {
              "Name": "learn-tf-aws-vpc-windows-pb-sub-01"
            },
            "timeouts": null,
            "vpc_id": "vpc-0ecd5ff4b37edd192"
          },
          "sensitive_attributes": [],
          "identity_schema_version": 0,
          "identity": {
            "account_id": "421041021814",
            "id": "subnet-0a93a895a363c6ac2",
            "region": "us-east-1"
          },
          "private": "eyJlMmJmYjczMC1lY2FhLTExZTYtOGY4OC0zNDM2M2JjN2M0YzAiOnsiY3JlYXRlIjo2MDAwMDAwMDAwMDAsImRlbGV0ZSI6MTIwMDAwMDAwMDAwMH0sInNjaGVtYV92ZXJzaW9uIjoiMSJ9",
          "dependencies": [
            "aws_vpc.windows_vpc"
          ]
        },
        {
          "index_key": 1,
          "schema_version": 1,
          "attributes": {
            "arn": "arn:aws:ec2:us-east-1:421041021814:subnet/subnet-0383ef917df5fdcc0",
            "assign_ipv6_address_on_creation": false,
            "availability_zone": "us-east-1b",
            "availability_zone_id": "use1-az2",
            "cidr_block": "172.17.3.0/24",
            "customer_owned_ipv4_pool": "",
            "enable_dns64": false,
            "enable_lni_at_device_index": 0,
            "enable_resource_name_dns_a_record_on_launch": false,
            "enable_resource_name_dns_aaaa_record_on_launch": false,
            "id": "subnet-0383ef917df5fdcc0",
            "ipv4_ipam_pool_id": null,
            "ipv4_netmask_length": null,
            "ipv6_cidr_block": "",
            "ipv6_cidr_block_association_id": "",
            "ipv6_ipam_pool_id": null,
            "ipv6_native": false,
            "ipv6_netmask_length": null,
            "map_customer_owned_ip_on_launch": false,
            "map_public_ip_on_launch": true,
            "outpost_arn": "",
            "owner_id": "421041021814",
            "private_dns_hostname_type_on_launch": "ip-name",
            "region": "us-east-1",
            "tags": {
              "Name": "learn-tf-aws-vpc-windows-pb-sub-01"
            },
            "tags_all": {
              "Name": "learn-tf-aws-vpc-windows-pb-sub-01"
            },
            "timeouts": null,
            "vpc_id": "vpc-0ecd5ff4b37edd192"
          },
          "sensitive_attributes": [],
          "identity_schema_version": 0,
          "identity": {
            "account_id": "421041021814",
            "id": "subnet-0383ef917df5fdcc0",
            "region": "us-east-1"
          },
          "private": "eyJlMmJmYjczMC1lY2FhLTExZTYtOGY4OC0zNDM2M2JjN2M0YzAiOnsiY3JlYXRlIjo2MDAwMDAwMDAwMDAsImRlbGV0ZSI6MTIwMDAwMDAwMDAwMH0sInNjaGVtYV92ZXJzaW9uIjoiMSJ9",
          "dependencies": [
            "aws_vpc.windows_vpc"
          ]
        },
        {
          "index_key": 2,
          "schema_version": 1,
          "attributes": {
            "arn": "arn:aws:ec2:us-east-1:421041021814:subnet/subnet-023cfd51f8dd6ced0",
            "assign_ipv6_address_on_creation": false,
            "availability_zone": "us-east-1c",
            "availability_zone_id": "use1-az4",
            "cidr_block": "172.17.5.0/24",
            "customer_owned_ipv4_pool": "",
            "enable_dns64": false,
            "enable_lni_at_device_index": 0,
            "enable_resource_name_dns_a_record_on_launch": false,
            "enable_resource_name_dns_aaaa_record_on_launch": false,
            "id": "subnet-023cfd51f8dd6ced0",
            "ipv4_ipam_pool_id": null,
            "ipv4_netmask_length": null,
            "ipv6_cidr_block": "",
            "ipv6_cidr_block_association_id": "",
            "ipv6_ipam_pool_id": null,
            "ipv6_native": false,
            "ipv6_netmask_length": null,
            "map_customer_owned_ip_on_launch": false,
            "map_public_ip_on_launch": true,
            "outpost_arn": "",
            "owner_id": "421041021814",
            "private_dns_hostname_type_on_launch": "ip-name",
            "region": "us-east-1",
            "tags": {
              "Name": "learn-tf-aws-vpc-windows-pb-sub-01"
            },
            "tags_all": {
              "Name": "learn-tf-aws-vpc-windows-pb-sub-01"
            },
            "timeouts": null,
            "vpc_id": "vpc-0ecd5ff4b37edd192"
          },
          "sensitive_attributes": [],
          "identity_schema_version": 0,
          "identity": {
            "account_id": "421041021814",
            "id": "subnet-023cfd51f8dd6ced0",
            "region": "us-east-1"
          },
          "private": "eyJlMmJmYjczMC1lY2FhLTExZTYtOGY4OC0zNDM2M2JjN2M0YzAiOnsiY3JlYXRlIjo2MDAwMDAwMDAwMDAsImRlbGV0ZSI6MTIwMDAwMDAwMDAwMH0sInNjaGVtYV92ZXJzaW9uIjoiMSJ9",
          "dependencies": [
            "aws_vpc.windows_vpc"
          ]
        }
      ]
    },
    {
      "mode": "managed",
      "type": "aws_vpc",
      "name": "demo_main_vpc",
      "provider": "provider[\"registry.terraform.io/hashicorp/aws\"]",
      "instances": [
        {
          "index_key": 0,
          "schema_version": 1,
          "attributes": {
            "arn": "arn:aws:ec2:us-east-1:421041021814:vpc/vpc-076844a3b9c8edd52",
            "assign_generated_ipv6_cidr_block": false,
            "cidr_block": "172.16.0.0/16",
            "default_network_acl_id": "acl-0aae01d11f9d4a87c",
            "default_route_table_id": "rtb-01269feb5f2508fe3",
            "default_security_group_id": "sg-0f1c46e3a38922800",
            "dhcp_options_id": "dopt-0a4ef7ea8055a7aac",
            "enable_dns_hostnames": true,
            "enable_dns_support": true,
            "enable_network_address_usage_metrics": false,
            "id": "vpc-076844a3b9c8edd52",
            "instance_tenancy": "default",
            "ipv4_ipam_pool_id": null,
            "ipv4_netmask_length": null,
            "ipv6_association_id": "",
            "ipv6_cidr_block": "",
            "ipv6_cidr_block_network_border_group": "",
            "ipv6_ipam_pool_id": "",
            "ipv6_netmask_length": 0,
            "main_route_table_id": "rtb-01269feb5f2508fe3",
            "owner_id": "421041021814",
            "region": "us-east-1",
            "tags": {
              "Name": "learn-tf-aws-vpc-rhel-vpc"
            },
            "tags_all": {
              "Name": "learn-tf-aws-vpc-rhel-vpc"
            }
          },
          "sensitive_attributes": [],
          "identity_schema_version": 0,
          "identity": {
            "account_id": "421041021814",
            "id": "vpc-076844a3b9c8edd52",
            "region": "us-east-1"
          },
          "private": "eyJzY2hlbWFfdmVyc2lvbiI6IjEifQ=="
        }
      ]
    },
    {
      "mode": "managed",
      "type": "aws_vpc",
      "name": "windows_vpc",
      "provider": "provider[\"registry.terraform.io/hashicorp/aws\"]",
      "instances": [
        {
          "index_key": 0,
          "schema_version": 1,
          "attributes": {
            "arn": "arn:aws:ec2:us-east-1:421041021814:vpc/vpc-0ecd5ff4b37edd192",
            "assign_generated_ipv6_cidr_block": false,
            "cidr_block": "172.17.0.0/16",
            "default_network_acl_id": "acl-02e334c4f4e04b03a",
            "default_route_table_id": "rtb-0d09c2208615ef11f",
            "default_security_group_id": "sg-0787c9099751902bb",
            "dhcp_options_id": "dopt-0a4ef7ea8055a7aac",
            "enable_dns_hostnames": true,
            "enable_dns_support": true,
            "enable_network_address_usage_metrics": false,
            "id": "vpc-0ecd5ff4b37edd192",
            "instance_tenancy": "default",
            "ipv4_ipam_pool_id": null,
            "ipv4_netmask_length": null,
            "ipv6_association_id": "",
            "ipv6_cidr_block": "",
            "ipv6_cidr_block_network_border_group": "",
            "ipv6_ipam_pool_id": "",
            "ipv6_netmask_length": 0,
            "main_route_table_id": "rtb-0d09c2208615ef11f",
            "owner_id": "421041021814",
            "region": "us-east-1",
            "tags": {
              "Name": "learn-tf-aws-vpc-windows-vpc"
            },
            "tags_all": {
              "Name": "learn-tf-aws-vpc-windows-vpc"
            }
          },
          "sensitive_attributes": [],
          "identity_schema_version": 0,
          "identity": {
            "account_id": "421041021814",
            "id": "vpc-0ecd5ff4b37edd192",
            "region": "us-east-1"
          },
          "private": "eyJzY2hlbWFfdmVyc2lvbiI6IjEifQ=="
        }
      ]
    }
  ],
  "check_results": null
}
