{
  "version": 4,
  "terraform_version": "1.15.2",
  "serial": 2086,
  "lineage": "645f21b4-d321-9e67-e502-7c2a41b4e239",
  "outputs": {
    "aws_subnet_rhel_private": {
      "value": [
        "subnet-03ee2c02dd1fad784",
        "subnet-0ea710535abb82d5f",
        "subnet-0a9e95f3914cdd0a7"
      ],
      "type": [
        "tuple",
        [
          "string",
          "string",
          "string"
        ]
      ]
    },
    "aws_subnet_rhel_public": {
      "value": [
        "subnet-0152e247b80b84303",
        "subnet-0eb094cf0de357237",
        "subnet-06af061654cd7e25b"
      ],
      "type": [
        "tuple",
        [
          "string",
          "string",
          "string"
        ]
      ]
    },
    "aws_subnet_windows_private": {
      "value": [
        "subnet-01193a17ddc6938c3",
        "subnet-088a7028c0c831e6b",
        "subnet-077bd6c7ea8e491ea"
      ],
      "type": [
        "tuple",
        [
          "string",
          "string",
          "string"
        ]
      ]
    },
    "aws_subnet_windows_public": {
      "value": [
        "subnet-04f7688255b089461",
        "subnet-0543e97ed97061562",
        "subnet-0f15f47d4bf61c99c"
      ],
      "type": [
        "tuple",
        [
          "string",
          "string",
          "string"
        ]
      ]
    },
    "aws_vpc_rhel": {
      "value": "vpc-0f0ec10d8b58bbf34",
      "type": "string"
    },
    "aws_vpc_windows": {
      "value": "vpc-01c9d15b98d748a8f",
      "type": "string"
    },
    "tgw_inbound_id": {
      "value": "tgw-0386af6b12d7fdfff",
      "type": "string"
    },
    "tgw_inbound_route_table_id": {
      "value": "tgw-rtb-07f0201e9bc0a5adb",
      "type": "string"
    },
    "tgw_outbound_id": {
      "value": "tgw-09bfe0a326ef1d8c8",
      "type": "string"
    },
    "tgw_outbound_route_table_id": {
      "value": "tgw-rtb-01b032b9959c2f106",
      "type": "string"
    },
    "wsus_server_private_ip": {
      "value": "172.17.1.33",
      "type": "string"
    },
    "wsus_server_public_ip": {
      "value": "54.225.34.151",
      "type": "string"
    }
  },
  "resources": [
    {
      "mode": "data",
      "type": "aws_ami",
      "name": "windows_2019",
      "provider": "provider[\"registry.terraform.io/hashicorp/aws\"]",
      "instances": [
        {
          "index_key": 0,
          "schema_version": 0,
          "attributes": {
            "allow_unsafe_filter": null,
            "architecture": "x86_64",
            "arn": "arn:aws:ec2:us-east-1::image/ami-075309a66c5dedf22",
            "block_device_mappings": [
              {
                "device_name": "/dev/sda1",
                "ebs": {
                  "delete_on_termination": "true",
                  "encrypted": "false",
                  "iops": "0",
                  "snapshot_id": "snap-07499eef95e051cfe",
                  "throughput": "0",
                  "volume_initialization_rate": "0",
                  "volume_size": "30",
                  "volume_type": "gp2"
                },
                "no_device": "",
                "virtual_name": ""
              },
              {
                "device_name": "xvdca",
                "ebs": {},
                "no_device": "",
                "virtual_name": "ephemeral0"
              },
              {
                "device_name": "xvdcb",
                "ebs": {},
                "no_device": "",
                "virtual_name": "ephemeral1"
              },
              {
                "device_name": "xvdcc",
                "ebs": {},
                "no_device": "",
                "virtual_name": "ephemeral2"
              },
              {
                "device_name": "xvdcd",
                "ebs": {},
                "no_device": "",
                "virtual_name": "ephemeral3"
              },
              {
                "device_name": "xvdce",
                "ebs": {},
                "no_device": "",
                "virtual_name": "ephemeral4"
              },
              {
                "device_name": "xvdcf",
                "ebs": {},
                "no_device": "",
                "virtual_name": "ephemeral5"
              },
              {
                "device_name": "xvdcg",
                "ebs": {},
                "no_device": "",
                "virtual_name": "ephemeral6"
              },
              {
                "device_name": "xvdch",
                "ebs": {},
                "no_device": "",
                "virtual_name": "ephemeral7"
              },
              {
                "device_name": "xvdci",
                "ebs": {},
                "no_device": "",
                "virtual_name": "ephemeral8"
              },
              {
                "device_name": "xvdcj",
                "ebs": {},
                "no_device": "",
                "virtual_name": "ephemeral9"
              },
              {
                "device_name": "xvdck",
                "ebs": {},
                "no_device": "",
                "virtual_name": "ephemeral10"
              },
              {
                "device_name": "xvdcl",
                "ebs": {},
                "no_device": "",
                "virtual_name": "ephemeral11"
              },
              {
                "device_name": "xvdcm",
                "ebs": {},
                "no_device": "",
                "virtual_name": "ephemeral12"
              },
              {
                "device_name": "xvdcn",
                "ebs": {},
                "no_device": "",
                "virtual_name": "ephemeral13"
              },
              {
                "device_name": "xvdco",
                "ebs": {},
                "no_device": "",
                "virtual_name": "ephemeral14"
              },
              {
                "device_name": "xvdcp",
                "ebs": {},
                "no_device": "",
                "virtual_name": "ephemeral15"
              },
              {
                "device_name": "xvdcq",
                "ebs": {},
                "no_device": "",
                "virtual_name": "ephemeral16"
              },
              {
                "device_name": "xvdcr",
                "ebs": {},
                "no_device": "",
                "virtual_name": "ephemeral17"
              },
              {
                "device_name": "xvdcs",
                "ebs": {},
                "no_device": "",
                "virtual_name": "ephemeral18"
              },
              {
                "device_name": "xvdct",
                "ebs": {},
                "no_device": "",
                "virtual_name": "ephemeral19"
              },
              {
                "device_name": "xvdcu",
                "ebs": {},
                "no_device": "",
                "virtual_name": "ephemeral20"
              },
              {
                "device_name": "xvdcv",
                "ebs": {},
                "no_device": "",
                "virtual_name": "ephemeral21"
              },
              {
                "device_name": "xvdcw",
                "ebs": {},
                "no_device": "",
                "virtual_name": "ephemeral22"
              },
              {
                "device_name": "xvdcx",
                "ebs": {},
                "no_device": "",
                "virtual_name": "ephemeral23"
              },
              {
                "device_name": "xvdcy",
                "ebs": {},
                "no_device": "",
                "virtual_name": "ephemeral24"
              },
              {
                "device_name": "xvdcz",
                "ebs": {},
                "no_device": "",
                "virtual_name": "ephemeral25"
              }
            ],
            "boot_mode": "",
            "creation_date": "2026-04-16T01:39:19.000Z",
            "deprecation_time": "2028-04-16T01:39:19.000Z",
            "description": "Microsoft Windows Server 2019 with Desktop Experience Locale English AMI provided by Amazon",
            "ena_support": true,
            "executable_users": null,
            "filter": [
              {
                "name": "name",
                "values": [
                  "Windows_Server-2019-English-Full-Base-*"
                ]
              }
            ],
            "hypervisor": "xen",
            "id": "ami-075309a66c5dedf22",
            "image_id": "ami-075309a66c5dedf22",
            "image_location": "amazon/Windows_Server-2019-English-Full-Base-2026.04.15",
            "image_owner_alias": "amazon",
            "image_type": "machine",
            "imds_support": "",
            "include_deprecated": false,
            "kernel_id": "",
            "last_launched_time": "",
            "most_recent": true,
            "name": "Windows_Server-2019-English-Full-Base-2026.04.15",
            "name_regex": null,
            "owner_id": "801119661308",
            "owners": [
              "amazon"
            ],
            "platform": "windows",
            "platform_details": "Windows",
            "product_codes": [],
            "public": true,
            "ramdisk_id": "",
            "region": "us-east-1",
            "root_device_name": "/dev/sda1",
            "root_device_type": "ebs",
            "root_snapshot_id": "snap-07499eef95e051cfe",
            "sriov_net_support": "simple",
            "state": "available",
            "state_reason": {
              "code": "UNSET",
              "message": "UNSET"
            },
            "tags": {},
            "timeouts": null,
            "tpm_support": "",
            "uefi_data": null,
            "usage_operation": "RunInstances:0002",
            "virtualization_type": "hvm"
          },
          "sensitive_attributes": [],
          "identity_schema_version": 0
        }
      ]
    },
    {
      "mode": "managed",
      "type": "aws_cloudwatch_log_group",
      "name": "vpc_flow_logs",
      "provider": "provider[\"registry.terraform.io/hashicorp/aws\"]",
      "instances": [
        {
          "index_key": 0,
          "schema_version": 0,
          "attributes": {
            "arn": "arn:aws:logs:us-east-1:762595429056:log-group:/aws/vpc/flow-logs/learn-tf-aws-vpc",
            "deletion_protection_enabled": false,
            "id": "/aws/vpc/flow-logs/learn-tf-aws-vpc",
            "kms_key_id": "",
            "log_group_class": "STANDARD",
            "name": "/aws/vpc/flow-logs/learn-tf-aws-vpc",
            "name_prefix": "",
            "region": "us-east-1",
            "retention_in_days": 30,
            "skip_destroy": false,
            "tags": null,
            "tags_all": {}
          },
          "sensitive_attributes": [],
          "identity_schema_version": 0,
          "identity": {
            "account_id": "762595429056",
            "name": "/aws/vpc/flow-logs/learn-tf-aws-vpc",
            "region": "us-east-1"
          },
          "private": "bnVsbA=="
        }
      ]
    },
    {
      "mode": "managed",
      "type": "aws_cloudwatch_metric_alarm",
      "name": "high_rejected_packets",
      "provider": "provider[\"registry.terraform.io/hashicorp/aws\"]",
      "instances": [
        {
          "schema_version": 1,
          "attributes": {
            "actions_enabled": true,
            "alarm_actions": [
              "arn:aws:sns:us-east-1:762595429056:learn-tf-aws-vpc-alarm-notifications"
            ],
            "alarm_description": "Alert when rejected packets \u003e= 100 over 2 evaluation periods",
            "alarm_name": "learn-tf-aws-vpc-high-rejected-packets",
            "arn": "arn:aws:cloudwatch:us-east-1:762595429056:alarm:learn-tf-aws-vpc-high-rejected-packets",
            "comparison_operator": "GreaterThanOrEqualToThreshold",
            "datapoints_to_alarm": 0,
            "dimensions": {
              "VpcId": "test-rhel-vpc"
            },
            "evaluate_low_sample_count_percentiles": "",
            "evaluation_criteria": [],
            "evaluation_interval": 0,
            "evaluation_periods": 2,
            "extended_statistic": "",
            "id": "learn-tf-aws-vpc-high-rejected-packets",
            "insufficient_data_actions": null,
            "metric_name": "RejectedPackets",
            "metric_query": [],
            "namespace": "CustomVPC/FlowMetrics",
            "ok_actions": null,
            "period": 60,
            "region": "us-east-1",
            "statistic": "Sum",
            "tags": {
              "Name": "learn-tf-aws-vpc-rejected-packets-alarm"
            },
            "tags_all": {
              "Name": "learn-tf-aws-vpc-rejected-packets-alarm"
            },
            "threshold": 100,
            "threshold_metric_id": "",
            "treat_missing_data": "missing",
            "unit": ""
          },
          "sensitive_attributes": [],
          "identity_schema_version": 0,
          "identity": {
            "account_id": "762595429056",
            "alarm_name": "learn-tf-aws-vpc-high-rejected-packets",
            "region": "us-east-1"
          },
          "private": "eyJzY2hlbWFfdmVyc2lvbiI6IjEifQ==",
          "dependencies": [
            "aws_sns_topic.alarm_notifications"
          ]
        }
      ]
    },
    {
      "mode": "managed",
      "type": "aws_cloudwatch_metric_alarm",
      "name": "tgw_bytes_out",
      "provider": "provider[\"registry.terraform.io/hashicorp/aws\"]",
      "instances": [
        {
          "schema_version": 1,
          "attributes": {
            "actions_enabled": true,
            "alarm_actions": [
              "arn:aws:sns:us-east-1:762595429056:learn-tf-aws-vpc-alarm-notifications"
            ],
            "alarm_description": "Alert when TGW outbound bytes exceed 500MB avg over 15 min",
            "alarm_name": "learn-tf-aws-vpc-tgw-bytes-out",
            "arn": "arn:aws:cloudwatch:us-east-1:762595429056:alarm:learn-tf-aws-vpc-tgw-bytes-out",
            "comparison_operator": "GreaterThanThreshold",
            "datapoints_to_alarm": 0,
            "dimensions": null,
            "evaluate_low_sample_count_percentiles": "",
            "evaluation_criteria": [],
            "evaluation_interval": 0,
            "evaluation_periods": 3,
            "extended_statistic": "",
            "id": "learn-tf-aws-vpc-tgw-bytes-out",
            "insufficient_data_actions": null,
            "metric_name": "BytesOut",
            "metric_query": [],
            "namespace": "AWS/TransitGateway",
            "ok_actions": null,
            "period": 300,
            "region": "us-east-1",
            "statistic": "Average",
            "tags": {
              "Name": "learn-tf-aws-vpc-tgw-bytes-out-alarm"
            },
            "tags_all": {
              "Name": "learn-tf-aws-vpc-tgw-bytes-out-alarm"
            },
            "threshold": 500000000,
            "threshold_metric_id": "",
            "treat_missing_data": "missing",
            "unit": ""
          },
          "sensitive_attributes": [],
          "identity_schema_version": 0,
          "identity": {
            "account_id": "762595429056",
            "alarm_name": "learn-tf-aws-vpc-tgw-bytes-out",
            "region": "us-east-1"
          },
          "private": "eyJzY2hlbWFfdmVyc2lvbiI6IjEifQ==",
          "dependencies": [
            "aws_sns_topic.alarm_notifications"
          ]
        }
      ]
    },
    {
      "mode": "managed",
      "type": "aws_cloudwatch_metric_alarm",
      "name": "vpc_flow_log_bytes",
      "provider": "provider[\"registry.terraform.io/hashicorp/aws\"]",
      "instances": [
        {
          "index_key": 0,
          "schema_version": 1,
          "attributes": {
            "actions_enabled": true,
            "alarm_actions": [
              "arn:aws:sns:us-east-1:762595429056:learn-tf-aws-vpc-alarm-notifications"
            ],
            "alarm_description": "Alert when VPC flow log incoming bytes exceed 1MB in 5 min",
            "alarm_name": "learn-tf-aws-vpc-vpc-flow-log-incoming-bytes",
            "arn": "arn:aws:cloudwatch:us-east-1:762595429056:alarm:learn-tf-aws-vpc-vpc-flow-log-incoming-bytes",
            "comparison_operator": "GreaterThanThreshold",
            "datapoints_to_alarm": 0,
            "dimensions": {
              "LogGroupName": "/aws/vpc/flow-logs/learn-tf-aws-vpc"
            },
            "evaluate_low_sample_count_percentiles": "",
            "evaluation_criteria": [],
            "evaluation_interval": 0,
            "evaluation_periods": 1,
            "extended_statistic": "",
            "id": "learn-tf-aws-vpc-vpc-flow-log-incoming-bytes",
            "insufficient_data_actions": null,
            "metric_name": "IncomingBytes",
            "metric_query": [],
            "namespace": "AWS/Logs",
            "ok_actions": null,
            "period": 300,
            "region": "us-east-1",
            "statistic": "Sum",
            "tags": {
              "Name": "learn-tf-aws-vpc-vpc-flow-log-bytes-alarm"
            },
            "tags_all": {
              "Name": "learn-tf-aws-vpc-vpc-flow-log-bytes-alarm"
            },
            "threshold": 1000000,
            "threshold_metric_id": "",
            "treat_missing_data": "missing",
            "unit": ""
          },
          "sensitive_attributes": [],
          "identity_schema_version": 0,
          "identity": {
            "account_id": "762595429056",
            "alarm_name": "learn-tf-aws-vpc-vpc-flow-log-incoming-bytes",
            "region": "us-east-1"
          },
          "private": "eyJzY2hlbWFfdmVyc2lvbiI6IjEifQ==",
          "dependencies": [
            "aws_sns_topic.alarm_notifications"
          ]
        }
      ]
    },
    {
      "mode": "managed",
      "type": "aws_ec2_transit_gateway",
      "name": "tgw_inbound",
      "provider": "provider[\"registry.terraform.io/hashicorp/aws\"]",
      "instances": [
        {
          "index_key": 0,
          "schema_version": 0,
          "attributes": {
            "amazon_side_asn": 64512,
            "arn": "arn:aws:ec2:us-east-1:762595429056:transit-gateway/tgw-0386af6b12d7fdfff",
            "association_default_route_table_id": "tgw-rtb-07f0201e9bc0a5adb",
            "auto_accept_shared_attachments": "disable",
            "default_route_table_association": "enable",
            "default_route_table_propagation": "enable",
            "description": "Inbound Transit Gateway",
            "dns_support": "enable",
            "encryption_support": "disable",
            "id": "tgw-0386af6b12d7fdfff",
            "multicast_support": "disable",
            "owner_id": "762595429056",
            "propagation_default_route_table_id": "tgw-rtb-07f0201e9bc0a5adb",
            "region": "us-east-1",
            "security_group_referencing_support": "disable",
            "tags": {
              "Name": "learn-tf-aws-vpc-tgw-inbound"
            },
            "tags_all": {
              "Name": "learn-tf-aws-vpc-tgw-inbound"
            },
            "timeouts": null,
            "transit_gateway_cidr_blocks": null,
            "vpn_ecmp_support": "enable"
          },
          "sensitive_attributes": [],
          "identity_schema_version": 0,
          "private": "eyJlMmJmYjczMC1lY2FhLTExZTYtOGY4OC0zNDM2M2JjN2M0YzAiOnsiY3JlYXRlIjo2MDAwMDAwMDAwMDAsImRlbGV0ZSI6NjAwMDAwMDAwMDAwLCJ1cGRhdGUiOjYwMDAwMDAwMDAwMH19"
        }
      ]
    },
    {
      "mode": "managed",
      "type": "aws_ec2_transit_gateway",
      "name": "tgw_outbound",
      "provider": "provider[\"registry.terraform.io/hashicorp/aws\"]",
      "instances": [
        {
          "index_key": 0,
          "schema_version": 0,
          "attributes": {
            "amazon_side_asn": 64512,
            "arn": "arn:aws:ec2:us-east-1:762595429056:transit-gateway/tgw-09bfe0a326ef1d8c8",
            "association_default_route_table_id": "tgw-rtb-01b032b9959c2f106",
            "auto_accept_shared_attachments": "disable",
            "default_route_table_association": "enable",
            "default_route_table_propagation": "enable",
            "description": "Outbound Transit Gateway",
            "dns_support": "enable",
            "encryption_support": "disable",
            "id": "tgw-09bfe0a326ef1d8c8",
            "multicast_support": "disable",
            "owner_id": "762595429056",
            "propagation_default_route_table_id": "tgw-rtb-01b032b9959c2f106",
            "region": "us-east-1",
            "security_group_referencing_support": "disable",
            "tags": {
              "Name": "learn-tf-aws-vpc-tgw-outbound"
            },
            "tags_all": {
              "Name": "learn-tf-aws-vpc-tgw-outbound"
            },
            "timeouts": null,
            "transit_gateway_cidr_blocks": null,
            "vpn_ecmp_support": "enable"
          },
          "sensitive_attributes": [],
          "identity_schema_version": 0,
          "private": "eyJlMmJmYjczMC1lY2FhLTExZTYtOGY4OC0zNDM2M2JjN2M0YzAiOnsiY3JlYXRlIjo2MDAwMDAwMDAwMDAsImRlbGV0ZSI6NjAwMDAwMDAwMDAwLCJ1cGRhdGUiOjYwMDAwMDAwMDAwMH19"
        }
      ]
    },
    {
      "mode": "managed",
      "type": "aws_ec2_transit_gateway_route",
      "name": "tgw_inbound_rhel_to_windows",
      "provider": "provider[\"registry.terraform.io/hashicorp/aws\"]",
      "instances": [
        {
          "index_key": 0,
          "schema_version": 0,
          "attributes": {
            "blackhole": false,
            "destination_cidr_block": "172.17.1.0/24",
            "id": "tgw-rtb-07f0201e9bc0a5adb_172.17.1.0/24",
            "region": "us-east-1",
            "transit_gateway_attachment_id": "tgw-attach-062a8a9bb928d6f16",
            "transit_gateway_route_table_id": "tgw-rtb-07f0201e9bc0a5adb"
          },
          "sensitive_attributes": [],
          "identity_schema_version": 0,
          "private": "bnVsbA==",
          "dependencies": [
            "aws_ec2_transit_gateway.tgw_inbound",
            "aws_ec2_transit_gateway_vpc_attachment.tgw_inbound_windows",
            "aws_subnet.windows_public_subnet",
            "aws_vpc.windows_vpc"
          ]
        }
      ]
    },
    {
      "mode": "managed",
      "type": "aws_ec2_transit_gateway_route",
      "name": "tgw_inbound_windows_to_rhel",
      "provider": "provider[\"registry.terraform.io/hashicorp/aws\"]",
      "instances": [
        {
          "index_key": 0,
          "schema_version": 0,
          "attributes": {
            "blackhole": false,
            "destination_cidr_block": "172.16.1.0/24",
            "id": "tgw-rtb-07f0201e9bc0a5adb_172.16.1.0/24",
            "region": "us-east-1",
            "transit_gateway_attachment_id": "tgw-attach-0633caa819bff9926",
            "transit_gateway_route_table_id": "tgw-rtb-07f0201e9bc0a5adb"
          },
          "sensitive_attributes": [],
          "identity_schema_version": 0,
          "private": "bnVsbA==",
          "dependencies": [
            "aws_ec2_transit_gateway.tgw_inbound",
            "aws_ec2_transit_gateway_vpc_attachment.tgw_inbound_rhel",
            "aws_subnet.public_subnet_01",
            "aws_vpc.demo_main_vpc"
          ]
        }
      ]
    },
    {
      "mode": "managed",
      "type": "aws_ec2_transit_gateway_route",
      "name": "tgw_outbound_rhel_to_windows",
      "provider": "provider[\"registry.terraform.io/hashicorp/aws\"]",
      "instances": [
        {
          "index_key": 0,
          "schema_version": 0,
          "attributes": {
            "blackhole": false,
            "destination_cidr_block": "172.17.1.0/24",
            "id": "tgw-rtb-01b032b9959c2f106_172.17.1.0/24",
            "region": "us-east-1",
            "transit_gateway_attachment_id": "tgw-attach-0d6fd1f2776beb467",
            "transit_gateway_route_table_id": "tgw-rtb-01b032b9959c2f106"
          },
          "sensitive_attributes": [],
          "identity_schema_version": 0,
          "private": "bnVsbA==",
          "dependencies": [
            "aws_ec2_transit_gateway.tgw_outbound",
            "aws_ec2_transit_gateway_vpc_attachment.tgw_outbound_windows",
            "aws_subnet.windows_public_subnet",
            "aws_vpc.windows_vpc"
          ]
        }
      ]
    },
    {
      "mode": "managed",
      "type": "aws_ec2_transit_gateway_route",
      "name": "tgw_outbound_windows_to_rhel",
      "provider": "provider[\"registry.terraform.io/hashicorp/aws\"]",
      "instances": [
        {
          "index_key": 0,
          "schema_version": 0,
          "attributes": {
            "blackhole": false,
            "destination_cidr_block": "172.16.1.0/24",
            "id": "tgw-rtb-01b032b9959c2f106_172.16.1.0/24",
            "region": "us-east-1",
            "transit_gateway_attachment_id": "tgw-attach-0f8b37b07ddbe43ee",
            "transit_gateway_route_table_id": "tgw-rtb-01b032b9959c2f106"
          },
          "sensitive_attributes": [],
          "identity_schema_version": 0,
          "private": "bnVsbA==",
          "dependencies": [
            "aws_ec2_transit_gateway.tgw_outbound",
            "aws_ec2_transit_gateway_vpc_attachment.tgw_outbound_rhel",
            "aws_subnet.public_subnet_01",
            "aws_vpc.demo_main_vpc"
          ]
        }
      ]
    },
    {
      "mode": "managed",
      "type": "aws_ec2_transit_gateway_vpc_attachment",
      "name": "tgw_inbound_rhel",
      "provider": "provider[\"registry.terraform.io/hashicorp/aws\"]",
      "instances": [
        {
          "index_key": 0,
          "schema_version": 0,
          "attributes": {
            "appliance_mode_support": "disable",
            "arn": "arn:aws:ec2:us-east-1:762595429056:transit-gateway-attachment/tgw-attach-0633caa819bff9926",
            "dns_support": "enable",
            "id": "tgw-attach-0633caa819bff9926",
            "ipv6_support": "disable",
            "region": "us-east-1",
            "security_group_referencing_support": "enable",
            "subnet_ids": [
              "subnet-0152e247b80b84303",
              "subnet-06af061654cd7e25b",
              "subnet-0eb094cf0de357237"
            ],
            "tags": {
              "Name": "learn-tf-aws-vpc-tgw-inbound-rhel-attach"
            },
            "tags_all": {
              "Name": "learn-tf-aws-vpc-tgw-inbound-rhel-attach"
            },
            "transit_gateway_default_route_table_association": true,
            "transit_gateway_default_route_table_propagation": true,
            "transit_gateway_id": "tgw-0386af6b12d7fdfff",
            "vpc_id": "vpc-0f0ec10d8b58bbf34",
            "vpc_owner_id": "762595429056"
          },
          "sensitive_attributes": [],
          "identity_schema_version": 0,
          "private": "bnVsbA==",
          "dependencies": [
            "aws_ec2_transit_gateway.tgw_inbound",
            "aws_subnet.public_subnet_01",
            "aws_vpc.demo_main_vpc"
          ]
        }
      ]
    },
    {
      "mode": "managed",
      "type": "aws_ec2_transit_gateway_vpc_attachment",
      "name": "tgw_inbound_windows",
      "provider": "provider[\"registry.terraform.io/hashicorp/aws\"]",
      "instances": [
        {
          "index_key": 0,
          "schema_version": 0,
          "attributes": {
            "appliance_mode_support": "disable",
            "arn": "arn:aws:ec2:us-east-1:762595429056:transit-gateway-attachment/tgw-attach-062a8a9bb928d6f16",
            "dns_support": "enable",
            "id": "tgw-attach-062a8a9bb928d6f16",
            "ipv6_support": "disable",
            "region": "us-east-1",
            "security_group_referencing_support": "enable",
            "subnet_ids": [
              "subnet-04f7688255b089461",
              "subnet-0543e97ed97061562",
              "subnet-0f15f47d4bf61c99c"
            ],
            "tags": {
              "Name": "learn-tf-aws-vpc-tgw-inbound-windows-attach"
            },
            "tags_all": {
              "Name": "learn-tf-aws-vpc-tgw-inbound-windows-attach"
            },
            "transit_gateway_default_route_table_association": true,
            "transit_gateway_default_route_table_propagation": true,
            "transit_gateway_id": "tgw-0386af6b12d7fdfff",
            "vpc_id": "vpc-01c9d15b98d748a8f",
            "vpc_owner_id": "762595429056"
          },
          "sensitive_attributes": [],
          "identity_schema_version": 0,
          "private": "bnVsbA==",
          "dependencies": [
            "aws_ec2_transit_gateway.tgw_inbound",
            "aws_subnet.windows_public_subnet",
            "aws_vpc.windows_vpc"
          ]
        }
      ]
    },
    {
      "mode": "managed",
      "type": "aws_ec2_transit_gateway_vpc_attachment",
      "name": "tgw_outbound_rhel",
      "provider": "provider[\"registry.terraform.io/hashicorp/aws\"]",
      "instances": [
        {
          "index_key": 0,
          "schema_version": 0,
          "attributes": {
            "appliance_mode_support": "disable",
            "arn": "arn:aws:ec2:us-east-1:762595429056:transit-gateway-attachment/tgw-attach-0f8b37b07ddbe43ee",
            "dns_support": "enable",
            "id": "tgw-attach-0f8b37b07ddbe43ee",
            "ipv6_support": "disable",
            "region": "us-east-1",
            "security_group_referencing_support": "enable",
            "subnet_ids": [
              "subnet-0152e247b80b84303",
              "subnet-06af061654cd7e25b",
              "subnet-0eb094cf0de357237"
            ],
            "tags": {
              "Name": "learn-tf-aws-vpc-tgw-outbound-rhel-attach"
            },
            "tags_all": {
              "Name": "learn-tf-aws-vpc-tgw-outbound-rhel-attach"
            },
            "transit_gateway_default_route_table_association": true,
            "transit_gateway_default_route_table_propagation": true,
            "transit_gateway_id": "tgw-09bfe0a326ef1d8c8",
            "vpc_id": "vpc-0f0ec10d8b58bbf34",
            "vpc_owner_id": "762595429056"
          },
          "sensitive_attributes": [],
          "identity_schema_version": 0,
          "private": "bnVsbA==",
          "dependencies": [
            "aws_ec2_transit_gateway.tgw_outbound",
            "aws_subnet.public_subnet_01",
            "aws_vpc.demo_main_vpc"
          ]
        }
      ]
    },
    {
      "mode": "managed",
      "type": "aws_ec2_transit_gateway_vpc_attachment",
      "name": "tgw_outbound_windows",
      "provider": "provider[\"registry.terraform.io/hashicorp/aws\"]",
      "instances": [
        {
          "index_key": 0,
          "schema_version": 0,
          "attributes": {
            "appliance_mode_support": "disable",
            "arn": "arn:aws:ec2:us-east-1:762595429056:transit-gateway-attachment/tgw-attach-0d6fd1f2776beb467",
            "dns_support": "enable",
            "id": "tgw-attach-0d6fd1f2776beb467",
            "ipv6_support": "disable",
            "region": "us-east-1",
            "security_group_referencing_support": "enable",
            "subnet_ids": [
              "subnet-04f7688255b089461",
              "subnet-0543e97ed97061562",
              "subnet-0f15f47d4bf61c99c"
            ],
            "tags": {
              "Name": "learn-tf-aws-vpc-tgw-outbound-windows-attach"
            },
            "tags_all": {
              "Name": "learn-tf-aws-vpc-tgw-outbound-windows-attach"
            },
            "transit_gateway_default_route_table_association": true,
            "transit_gateway_default_route_table_propagation": true,
            "transit_gateway_id": "tgw-09bfe0a326ef1d8c8",
            "vpc_id": "vpc-01c9d15b98d748a8f",
            "vpc_owner_id": "762595429056"
          },
          "sensitive_attributes": [],
          "identity_schema_version": 0,
          "private": "bnVsbA==",
          "dependencies": [
            "aws_ec2_transit_gateway.tgw_outbound",
            "aws_subnet.windows_public_subnet",
            "aws_vpc.windows_vpc"
          ]
        }
      ]
    },
    {
      "mode": "managed",
      "type": "aws_flow_log",
      "name": "rhel_vpc",
      "provider": "provider[\"registry.terraform.io/hashicorp/aws\"]",
      "instances": [
        {
          "index_key": 0,
          "schema_version": 1,
          "attributes": {
            "arn": "arn:aws:ec2:us-east-1:762595429056:vpc-flow-log/fl-04d2a64326609dd87",
            "deliver_cross_account_role": "",
            "destination_options": [],
            "eni_id": null,
            "iam_role_arn": "arn:aws:iam::762595429056:role/learn-tf-aws-vpc-vpc-flow-log-role",
            "id": "fl-04d2a64326609dd87",
            "log_destination": "arn:aws:logs:us-east-1:762595429056:log-group:/aws/vpc/flow-logs/learn-tf-aws-vpc",
            "log_destination_type": "cloud-watch-logs",
            "log_format": "${version} ${account-id} ${interface-id} ${srcaddr} ${dstaddr} ${srcport} ${dstport} ${protocol} ${packets} ${bytes} ${start} ${end} ${action} ${log-status}",
            "max_aggregation_interval": 600,
            "region": "us-east-1",
            "regional_nat_gateway_id": null,
            "subnet_id": null,
            "tags": {
              "Name": "learn-tf-aws-vpc-rhel-vpc-flow-log"
            },
            "tags_all": {
              "Name": "learn-tf-aws-vpc-rhel-vpc-flow-log"
            },
            "traffic_type": "ALL",
            "transit_gateway_attachment_id": null,
            "transit_gateway_id": null,
            "vpc_id": "vpc-0f0ec10d8b58bbf34"
          },
          "sensitive_attributes": [],
          "identity_schema_version": 0,
          "private": "eyJzY2hlbWFfdmVyc2lvbiI6IjEifQ==",
          "dependencies": [
            "aws_cloudwatch_log_group.vpc_flow_logs",
            "aws_iam_role.vpc_flow_log_role",
            "aws_vpc.demo_main_vpc"
          ]
        }
      ]
    },
    {
      "mode": "managed",
      "type": "aws_flow_log",
      "name": "windows_vpc",
      "provider": "provider[\"registry.terraform.io/hashicorp/aws\"]",
      "instances": [
        {
          "index_key": 0,
          "schema_version": 1,
          "attributes": {
            "arn": "arn:aws:ec2:us-east-1:762595429056:vpc-flow-log/fl-0b97a7f834f5bcce8",
            "deliver_cross_account_role": "",
            "destination_options": [],
            "eni_id": null,
            "iam_role_arn": "arn:aws:iam::762595429056:role/learn-tf-aws-vpc-vpc-flow-log-role",
            "id": "fl-0b97a7f834f5bcce8",
            "log_destination": "arn:aws:logs:us-east-1:762595429056:log-group:/aws/vpc/flow-logs/learn-tf-aws-vpc",
            "log_destination_type": "cloud-watch-logs",
            "log_format": "${version} ${account-id} ${interface-id} ${srcaddr} ${dstaddr} ${srcport} ${dstport} ${protocol} ${packets} ${bytes} ${start} ${end} ${action} ${log-status}",
            "max_aggregation_interval": 600,
            "region": "us-east-1",
            "regional_nat_gateway_id": null,
            "subnet_id": null,
            "tags": {
              "Name": "learn-tf-aws-vpc-windows-vpc-flow-log"
            },
            "tags_all": {
              "Name": "learn-tf-aws-vpc-windows-vpc-flow-log"
            },
            "traffic_type": "ALL",
            "transit_gateway_attachment_id": null,
            "transit_gateway_id": null,
            "vpc_id": "vpc-01c9d15b98d748a8f"
          },
          "sensitive_attributes": [],
          "identity_schema_version": 0,
          "private": "eyJzY2hlbWFfdmVyc2lvbiI6IjEifQ==",
          "dependencies": [
            "aws_cloudwatch_log_group.vpc_flow_logs",
            "aws_iam_role.vpc_flow_log_role",
            "aws_vpc.windows_vpc"
          ]
        }
      ]
    },
    {
      "mode": "managed",
      "type": "aws_iam_instance_profile",
      "name": "ssm_profile",
      "provider": "provider[\"registry.terraform.io/hashicorp/aws\"]",
      "instances": [
        {
          "schema_version": 0,
          "attributes": {
            "arn": "arn:aws:iam::762595429056:instance-profile/learn-tf-aws-vpc-ssm-profile",
            "create_date": "2026-05-07T12:48:32Z",
            "id": "learn-tf-aws-vpc-ssm-profile",
            "name": "learn-tf-aws-vpc-ssm-profile",
            "name_prefix": "",
            "path": "/",
            "role": "learn-tf-aws-vpc-ssm-role",
            "tags": null,
            "tags_all": {},
            "unique_id": "AIPA3DDR2ZLAL25XSLMLU"
          },
          "sensitive_attributes": [],
          "identity_schema_version": 0,
          "identity": {
            "account_id": "762595429056",
            "name": "learn-tf-aws-vpc-ssm-profile"
          },
          "private": "bnVsbA==",
          "dependencies": [
            "aws_iam_role.ssm_role"
          ]
        }
      ]
    },
    {
      "mode": "managed",
      "type": "aws_iam_role",
      "name": "ssm_role",
      "provider": "provider[\"registry.terraform.io/hashicorp/aws\"]",
      "instances": [
        {
          "schema_version": 0,
          "attributes": {
            "arn": "arn:aws:iam::762595429056:role/learn-tf-aws-vpc-ssm-role",
            "assume_role_policy": "{\"Statement\":[{\"Action\":\"sts:AssumeRole\",\"Effect\":\"Allow\",\"Principal\":{\"Service\":\"ec2.amazonaws.com\"}}],\"Version\":\"2012-10-17\"}",
            "create_date": "2026-05-07T12:48:31Z",
            "description": "",
            "force_detach_policies": false,
            "id": "learn-tf-aws-vpc-ssm-role",
            "inline_policy": [],
            "managed_policy_arns": [],
            "max_session_duration": 3600,
            "name": "learn-tf-aws-vpc-ssm-role",
            "name_prefix": "",
            "path": "/",
            "permissions_boundary": "",
            "tags": null,
            "tags_all": {},
            "unique_id": "AROA3DDR2ZLADOBC7QM5M"
          },
          "sensitive_attributes": [],
          "identity_schema_version": 0,
          "identity": {
            "account_id": "762595429056",
            "name": "learn-tf-aws-vpc-ssm-role"
          },
          "private": "bnVsbA=="
        }
      ]
    },
    {
      "mode": "managed",
      "type": "aws_iam_role",
      "name": "vpc_flow_log_role",
      "provider": "provider[\"registry.terraform.io/hashicorp/aws\"]",
      "instances": [
        {
          "index_key": 0,
          "schema_version": 0,
          "attributes": {
            "arn": "arn:aws:iam::762595429056:role/learn-tf-aws-vpc-vpc-flow-log-role",
            "assume_role_policy": "{\"Statement\":[{\"Action\":\"sts:AssumeRole\",\"Effect\":\"Allow\",\"Principal\":{\"Service\":\"vpc-flow-logs.amazonaws.com\"}}],\"Version\":\"2012-10-17\"}",
            "create_date": "2026-05-07T12:48:31Z",
            "description": "",
            "force_detach_policies": false,
            "id": "learn-tf-aws-vpc-vpc-flow-log-role",
            "inline_policy": [],
            "managed_policy_arns": [],
            "max_session_duration": 3600,
            "name": "learn-tf-aws-vpc-vpc-flow-log-role",
            "name_prefix": "",
            "path": "/",
            "permissions_boundary": "",
            "tags": null,
            "tags_all": {},
            "unique_id": "AROA3DDR2ZLAF5AL5TRY3"
          },
          "sensitive_attributes": [],
          "identity_schema_version": 0,
          "identity": {
            "account_id": "762595429056",
            "name": "learn-tf-aws-vpc-vpc-flow-log-role"
          },
          "private": "bnVsbA=="
        }
      ]
    },
    {
      "mode": "managed",
      "type": "aws_iam_role_policy",
      "name": "vpc_flow_log_policy",
      "provider": "provider[\"registry.terraform.io/hashicorp/aws\"]",
      "instances": [
        {
          "index_key": 0,
          "schema_version": 0,
          "attributes": {
            "id": "learn-tf-aws-vpc-vpc-flow-log-role:terraform-20260507124832205100000001",
            "name": "terraform-20260507124832205100000001",
            "name_prefix": "terraform-",
            "policy": "{\"Version\":\"2012-10-17\",\"Statement\":[{\"Action\":[\"logs:CreateLogStream\",\"logs:PutLogEvents\",\"logs:DescribeLogGroups\",\"logs:DescribeLogStreams\"],\"Effect\":\"Allow\",\"Resource\":\"*\"}]}",
            "role": "learn-tf-aws-vpc-vpc-flow-log-role"
          },
          "sensitive_attributes": [],
          "identity_schema_version": 0,
          "identity": {
            "account_id": "762595429056",
            "name": "terraform-20260507124832205100000001",
            "role": "learn-tf-aws-vpc-vpc-flow-log-role"
          },
          "private": "bnVsbA==",
          "dependencies": [
            "aws_iam_role.vpc_flow_log_role"
          ]
        }
      ]
    },
    {
      "mode": "managed",
      "type": "aws_iam_role_policy_attachment",
      "name": "ssm_managed_instance_core",
      "provider": "provider[\"registry.terraform.io/hashicorp/aws\"]",
      "instances": [
        {
          "schema_version": 0,
          "attributes": {
            "id": "learn-tf-aws-vpc-ssm-role/arn:aws:iam::aws:policy/AmazonSSMManagedInstanceCore",
            "policy_arn": "arn:aws:iam::aws:policy/AmazonSSMManagedInstanceCore",
            "role": "learn-tf-aws-vpc-ssm-role"
          },
          "sensitive_attributes": [],
          "identity_schema_version": 0,
          "identity": {
            "account_id": "762595429056",
            "policy_arn": "arn:aws:iam::aws:policy/AmazonSSMManagedInstanceCore",
            "role": "learn-tf-aws-vpc-ssm-role"
          },
          "private": "bnVsbA==",
          "dependencies": [
            "aws_iam_role.ssm_role"
          ]
        }
      ]
    },
    {
      "mode": "managed",
      "type": "aws_instance",
      "name": "win_server_2019",
      "provider": "provider[\"registry.terraform.io/hashicorp/aws\"]",
      "instances": [
        {
          "index_key": 0,
          "schema_version": 2,
          "attributes": {
            "ami": "ami-0ca7038e6ff499fc0",
            "arn": "arn:aws:ec2:us-east-1:762595429056:instance/i-0f4f21c918cfbcff3",
            "associate_public_ip_address": true,
            "availability_zone": "us-east-1a",
            "capacity_reservation_specification": [
              {
                "capacity_reservation_preference": "open",
                "capacity_reservation_target": []
              }
            ],
            "cpu_options": [
              {
                "amd_sev_snp": "",
                "core_count": 1,
                "nested_virtualization": "",
                "threads_per_core": 2
              }
            ],
            "credit_specification": [
              {
                "cpu_credits": "unlimited"
              }
            ],
            "disable_api_stop": false,
            "disable_api_termination": false,
            "ebs_block_device": [],
            "ebs_optimized": false,
            "enable_primary_ipv6": null,
            "enclave_options": [
              {
                "enabled": false
              }
            ],
            "ephemeral_block_device": [],
            "force_destroy": false,
            "get_password_data": false,
            "hibernation": false,
            "host_id": "",
            "host_resource_group_arn": null,
            "iam_instance_profile": "learn-tf-aws-vpc-ssm-profile",
            "id": "i-0f4f21c918cfbcff3",
            "instance_initiated_shutdown_behavior": "stop",
            "instance_lifecycle": "",
            "instance_market_options": [],
            "instance_state": "running",
            "instance_type": "t3.medium",
            "ipv6_address_count": 0,
            "ipv6_addresses": [],
            "key_name": "",
            "launch_template": [],
            "maintenance_options": [
              {
                "auto_recovery": "default"
              }
            ],
            "metadata_options": [
              {
                "http_endpoint": "enabled",
                "http_protocol_ipv6": "disabled",
                "http_put_response_hop_limit": 2,
                "http_tokens": "required",
                "instance_metadata_tags": "disabled"
              }
            ],
            "monitoring": false,
            "network_interface": [],
            "outpost_arn": "",
            "password_data": "",
            "placement_group": "",
            "placement_group_id": "",
            "placement_partition_number": 0,
            "primary_network_interface": [
              {
                "delete_on_termination": true,
                "network_interface_id": "eni-00f049e603b5140fe"
              }
            ],
            "primary_network_interface_id": "eni-00f049e603b5140fe",
            "private_dns": "ip-172-17-1-9.ec2.internal",
            "private_dns_name_options": [
              {
                "enable_resource_name_dns_a_record": false,
                "enable_resource_name_dns_aaaa_record": false,
                "hostname_type": "ip-name"
              }
            ],
            "private_ip": "172.17.1.9",
            "public_dns": "ec2-34-204-98-236.compute-1.amazonaws.com",
            "public_ip": "34.204.98.236",
            "region": "us-east-1",
            "root_block_device": [
              {
                "delete_on_termination": true,
                "device_name": "/dev/sda1",
                "encrypted": false,
                "iops": 100,
                "kms_key_id": "",
                "tags": {},
                "tags_all": {},
                "throughput": 0,
                "volume_id": "vol-0347849cc9e652fb1",
                "volume_size": 30,
                "volume_type": "gp2"
              }
            ],
            "secondary_network_interface": [],
            "secondary_private_ips": [],
            "security_groups": [],
            "source_dest_check": true,
            "spot_instance_request_id": "",
            "subnet_id": "subnet-04f7688255b089461",
            "tags": {
              "Name": "learn-tf-aws-vpc-win-2019",
              "OS": "Windows Server 2019",
              "PatchGroup": "Windows-Critical",
              "Role": "WSUS"
            },
            "tags_all": {
              "Name": "learn-tf-aws-vpc-win-2019",
              "OS": "Windows Server 2019",
              "PatchGroup": "Windows-Critical",
              "Role": "WSUS"
            },
            "tenancy": "default",
            "timeouts": null,
            "user_data": "\u003cscript\u003e\nnet user ec2-user P@ssw0rd123! /add /fullname:\"EC2 User\" /comment:\"Local admin user\"\nnet localgroup administrators ec2-user /add\n\u003c/powershell\u003e\n",
            "user_data_base64": null,
            "user_data_replace_on_change": false,
            "volume_tags": null,
            "vpc_security_group_ids": [
              "sg-062741b80d48cf4ca"
            ]
          },
          "sensitive_attributes": [],
          "identity_schema_version": 0,
          "identity": {
            "account_id": "762595429056",
            "id": "i-0f4f21c918cfbcff3",
            "region": "us-east-1"
          },
          "private": "eyJlMmJmYjczMC1lY2FhLTExZTYtOGY4OC0zNDM2M2JjN2M0YzAiOnsiY3JlYXRlIjo2MDAwMDAwMDAwMDAsImRlbGV0ZSI6MTIwMDAwMDAwMDAwMCwicmVhZCI6OTAwMDAwMDAwMDAwLCJ1cGRhdGUiOjYwMDAwMDAwMDAwMH0sInNjaGVtYV92ZXJzaW9uIjoiMiJ9",
          "dependencies": [
            "aws_iam_instance_profile.ssm_profile",
            "aws_iam_role.ssm_role",
            "aws_security_group.windows_sg",
            "aws_subnet.windows_public_subnet",
            "aws_vpc.windows_vpc"
          ]
        }
      ]
    },
    {
      "mode": "managed",
      "type": "aws_instance",
      "name": "wsus_server_2019",
      "provider": "provider[\"registry.terraform.io/hashicorp/aws\"]",
      "instances": [
        {
          "index_key": 0,
          "schema_version": 2,
          "attributes": {
            "ami": "ami-0ca7038e6ff499fc0",
            "arn": "arn:aws:ec2:us-east-1:762595429056:instance/i-0b168a775a8810be0",
            "associate_public_ip_address": true,
            "availability_zone": "us-east-1a",
            "capacity_reservation_specification": [
              {
                "capacity_reservation_preference": "open",
                "capacity_reservation_target": []
              }
            ],
            "cpu_options": [
              {
                "amd_sev_snp": "",
                "core_count": 1,
                "nested_virtualization": "",
                "threads_per_core": 2
              }
            ],
            "credit_specification": [
              {
                "cpu_credits": "unlimited"
              }
            ],
            "disable_api_stop": false,
            "disable_api_termination": false,
            "ebs_block_device": [],
            "ebs_optimized": false,
            "enable_primary_ipv6": null,
            "enclave_options": [
              {
                "enabled": false
              }
            ],
            "ephemeral_block_device": [],
            "force_destroy": false,
            "get_password_data": false,
            "hibernation": false,
            "host_id": "",
            "host_resource_group_arn": null,
            "iam_instance_profile": "learn-tf-aws-vpc-ssm-profile",
            "id": "i-0b168a775a8810be0",
            "instance_initiated_shutdown_behavior": "stop",
            "instance_lifecycle": "",
            "instance_market_options": [],
            "instance_state": "running",
            "instance_type": "t3.medium",
            "ipv6_address_count": 0,
            "ipv6_addresses": [],
            "key_name": "",
            "launch_template": [],
            "maintenance_options": [
              {
                "auto_recovery": "default"
              }
            ],
            "metadata_options": [
              {
                "http_endpoint": "enabled",
                "http_protocol_ipv6": "disabled",
                "http_put_response_hop_limit": 2,
                "http_tokens": "required",
                "instance_metadata_tags": "disabled"
              }
            ],
            "monitoring": false,
            "network_interface": [],
            "outpost_arn": "",
            "password_data": "",
            "placement_group": "",
            "placement_group_id": "",
            "placement_partition_number": 0,
            "primary_network_interface": [
              {
                "delete_on_termination": true,
                "network_interface_id": "eni-00da9d86385966b7b"
              }
            ],
            "primary_network_interface_id": "eni-00da9d86385966b7b",
            "private_dns": "ip-172-17-1-33.ec2.internal",
            "private_dns_name_options": [
              {
                "enable_resource_name_dns_a_record": false,
                "enable_resource_name_dns_aaaa_record": false,
                "hostname_type": "ip-name"
              }
            ],
            "private_ip": "172.17.1.33",
            "public_dns": "ec2-54-225-34-151.compute-1.amazonaws.com",
            "public_ip": "54.225.34.151",
            "region": "us-east-1",
            "root_block_device": [
              {
                "delete_on_termination": true,
                "device_name": "/dev/sda1",
                "encrypted": false,
                "iops": 100,
                "kms_key_id": "",
                "tags": {},
                "tags_all": {},
                "throughput": 0,
                "volume_id": "vol-0c21c753b880b2e6d",
                "volume_size": 30,
                "volume_type": "gp2"
              }
            ],
            "secondary_network_interface": [],
            "secondary_private_ips": [],
            "security_groups": [],
            "source_dest_check": true,
            "spot_instance_request_id": "",
            "subnet_id": "subnet-04f7688255b089461",
            "tags": {
              "Name": "learn-tf-aws-vpc-wsus-2019",
              "OS": "Windows Server 2019",
              "PatchGroup": "Windows-Critical",
              "Role": "WSUS"
            },
            "tags_all": {
              "Name": "learn-tf-aws-vpc-wsus-2019",
              "OS": "Windows Server 2019",
              "PatchGroup": "Windows-Critical",
              "Role": "WSUS"
            },
            "tenancy": "default",
            "timeouts": null,
            "user_data": "\u003cscript\u003e\nnet user ec2-user P@ssw0rd123! /add /fullname:\"EC2 User\" /comment:\"Local admin user\"\nnet localgroup administrators ec2-user /add\nmkdir C:\\WSUS\\WsusContent\ncd C:\\WSUS\\WsusContent\ncurl -LO https://catalog.s.download.windowsupdate.com/c/msdownload/update/software/secu/2025/11/windows10.0-kb5068791-x64_a8b1b1b6c7b6b673c5a5f32772749eb2bb80c88b.msu\n\u003c/script\u003e\n\u003cpowershell\u003e    \n# Install WSUS role with content directory specification\nInstall-WindowsFeature -Name UpdateServices -IncludeManagementTools\n    \n# Create WSUS content directory\nNew-Item -Path \"C:\\WSUS\\WsusContent\" -ItemType Directory -Force\n    \n# Run post-installation configuration with the content path\n# This is the critical step that was missing\n\u0026 \"C:\\Program Files\\Update Services\\Tools\\wsusutil.exe\" postinstall CONTENT_DIR=C:\\WSUS\\WsusContent\n    \n# Wait for post-installation to complete\nStart-Sleep -Seconds 30\n    \n# Now configure WSUS\nImport-Module UpdateServices\n    \n# Get WSUS server instance\n$wsusServer = Get-WsusServer\n    \n# Start WSUS services\nStart-Service WsusService\nSet-Service WsusService -StartupType Automatic\n    \n# Configure Windows Firewall\nNew-NetFirewallRule -DisplayName \"WSUS HTTP\" -Direction Inbound -Protocol TCP -LocalPort 8530 -Action Allow\nNew-NetFirewallRule -DisplayName \"WSUS HTTPS\" -Direction Inbound -Protocol TCP -LocalPort 8531 -Action Allow\n\u003c/powershell\u003e\n",
            "user_data_base64": null,
            "user_data_replace_on_change": false,
            "volume_tags": null,
            "vpc_security_group_ids": [
              "sg-062741b80d48cf4ca"
            ]
          },
          "sensitive_attributes": [],
          "identity_schema_version": 0,
          "identity": {
            "account_id": "762595429056",
            "id": "i-0b168a775a8810be0",
            "region": "us-east-1"
          },
          "private": "eyJlMmJmYjczMC1lY2FhLTExZTYtOGY4OC0zNDM2M2JjN2M0YzAiOnsiY3JlYXRlIjo2MDAwMDAwMDAwMDAsImRlbGV0ZSI6MTIwMDAwMDAwMDAwMCwicmVhZCI6OTAwMDAwMDAwMDAwLCJ1cGRhdGUiOjYwMDAwMDAwMDAwMH0sInNjaGVtYV92ZXJzaW9uIjoiMiJ9",
          "dependencies": [
            "aws_iam_instance_profile.ssm_profile",
            "aws_iam_role.ssm_role",
            "aws_security_group.windows_sg",
            "aws_subnet.windows_public_subnet",
            "aws_vpc.windows_vpc"
          ]
        }
      ]
    },
    {
      "mode": "managed",
      "type": "aws_internet_gateway",
      "name": "demo_igw",
      "provider": "provider[\"registry.terraform.io/hashicorp/aws\"]",
      "instances": [
        {
          "index_key": 0,
          "schema_version": 0,
          "attributes": {
            "arn": "arn:aws:ec2:us-east-1:762595429056:internet-gateway/igw-0b750d6345378e6df",
            "id": "igw-0b750d6345378e6df",
            "owner_id": "762595429056",
            "region": "us-east-1",
            "tags": {
              "Name": "learn-tf-aws-vpc-rhel-igw"
            },
            "tags_all": {
              "Name": "learn-tf-aws-vpc-rhel-igw"
            },
            "timeouts": null,
            "vpc_id": "vpc-0f0ec10d8b58bbf34"
          },
          "sensitive_attributes": [],
          "identity_schema_version": 0,
          "identity": {
            "account_id": "762595429056",
            "id": "igw-0b750d6345378e6df",
            "region": "us-east-1"
          },
          "private": "eyJlMmJmYjczMC1lY2FhLTExZTYtOGY4OC0zNDM2M2JjN2M0YzAiOnsiY3JlYXRlIjoxMjAwMDAwMDAwMDAwLCJkZWxldGUiOjEyMDAwMDAwMDAwMDAsInVwZGF0ZSI6MTIwMDAwMDAwMDAwMH19",
          "dependencies": [
            "aws_vpc.demo_main_vpc"
          ]
        }
      ]
    },
    {
      "mode": "managed",
      "type": "aws_internet_gateway",
      "name": "windows_igw",
      "provider": "provider[\"registry.terraform.io/hashicorp/aws\"]",
      "instances": [
        {
          "index_key": 0,
          "schema_version": 0,
          "attributes": {
            "arn": "arn:aws:ec2:us-east-1:762595429056:internet-gateway/igw-0261cdd7bf20c75d4",
            "id": "igw-0261cdd7bf20c75d4",
            "owner_id": "762595429056",
            "region": "us-east-1",
            "tags": {
              "Name": "learn-tf-aws-vpc-windows-igw"
            },
            "tags_all": {
              "Name": "learn-tf-aws-vpc-windows-igw"
            },
            "timeouts": null,
            "vpc_id": "vpc-01c9d15b98d748a8f"
          },
          "sensitive_attributes": [],
          "identity_schema_version": 0,
          "identity": {
            "account_id": "762595429056",
            "id": "igw-0261cdd7bf20c75d4",
            "region": "us-east-1"
          },
          "private": "eyJlMmJmYjczMC1lY2FhLTExZTYtOGY4OC0zNDM2M2JjN2M0YzAiOnsiY3JlYXRlIjoxMjAwMDAwMDAwMDAwLCJkZWxldGUiOjEyMDAwMDAwMDAwMDAsInVwZGF0ZSI6MTIwMDAwMDAwMDAwMH19",
          "dependencies": [
            "aws_vpc.windows_vpc"
          ]
        }
      ]
    },
    {
      "mode": "managed",
      "type": "aws_network_acl",
      "name": "rhel_nacl",
      "provider": "provider[\"registry.terraform.io/hashicorp/aws\"]",
      "instances": [
        {
          "index_key": 0,
          "schema_version": 0,
          "attributes": {
            "arn": "arn:aws:ec2:us-east-1:762595429056:network-acl/acl-09fa61a0ac119d978",
            "egress": [],
            "id": "acl-09fa61a0ac119d978",
            "ingress": [],
            "owner_id": "762595429056",
            "region": "us-east-1",
            "subnet_ids": [],
            "tags": {
              "Name": "learn-tf-aws-vpc-rhel-nacl"
            },
            "tags_all": {
              "Name": "learn-tf-aws-vpc-rhel-nacl"
            },
            "vpc_id": "vpc-0f0ec10d8b58bbf34"
          },
          "sensitive_attributes": [],
          "identity_schema_version": 0,
          "private": "bnVsbA==",
          "dependencies": [
            "aws_vpc.demo_main_vpc"
          ]
        }
      ]
    },
    {
      "mode": "managed",
      "type": "aws_network_acl",
      "name": "windows_nacl",
      "provider": "provider[\"registry.terraform.io/hashicorp/aws\"]",
      "instances": [
        {
          "index_key": 0,
          "schema_version": 0,
          "attributes": {
            "arn": "arn:aws:ec2:us-east-1:762595429056:network-acl/acl-029365cda977ad54b",
            "egress": [],
            "id": "acl-029365cda977ad54b",
            "ingress": [],
            "owner_id": "762595429056",
            "region": "us-east-1",
            "subnet_ids": [],
            "tags": {
              "Name": "learn-tf-aws-vpc-windows-nacl"
            },
            "tags_all": {
              "Name": "learn-tf-aws-vpc-windows-nacl"
            },
            "vpc_id": "vpc-01c9d15b98d748a8f"
          },
          "sensitive_attributes": [],
          "identity_schema_version": 0,
          "private": "bnVsbA==",
          "dependencies": [
            "aws_vpc.windows_vpc"
          ]
        }
      ]
    },
    {
      "mode": "managed",
      "type": "aws_network_acl_association",
      "name": "rhel_private",
      "provider": "provider[\"registry.terraform.io/hashicorp/aws\"]",
      "instances": [
        {
          "index_key": 0,
          "schema_version": 0,
          "attributes": {
            "id": "aclassoc-04ad7841368ee8968",
            "network_acl_id": "acl-09fa61a0ac119d978",
            "region": "us-east-1",
            "subnet_id": "subnet-03ee2c02dd1fad784"
          },
          "sensitive_attributes": [],
          "identity_schema_version": 0,
          "private": "bnVsbA==",
          "dependencies": [
            "aws_network_acl.rhel_nacl",
            "aws_subnet.private_subnet_01",
            "aws_vpc.demo_main_vpc"
          ]
        },
        {
          "index_key": 1,
          "schema_version": 0,
          "attributes": {
            "id": "aclassoc-020e1b39495550287",
            "network_acl_id": "acl-09fa61a0ac119d978",
            "region": "us-east-1",
            "subnet_id": "subnet-0ea710535abb82d5f"
          },
          "sensitive_attributes": [],
          "identity_schema_version": 0,
          "private": "bnVsbA==",
          "dependencies": [
            "aws_network_acl.rhel_nacl",
            "aws_subnet.private_subnet_01",
            "aws_vpc.demo_main_vpc"
          ]
        },
        {
          "index_key": 2,
          "schema_version": 0,
          "attributes": {
            "id": "aclassoc-0048bdb4e7c85d55e",
            "network_acl_id": "acl-09fa61a0ac119d978",
            "region": "us-east-1",
            "subnet_id": "subnet-0a9e95f3914cdd0a7"
          },
          "sensitive_attributes": [],
          "identity_schema_version": 0,
          "private": "bnVsbA==",
          "dependencies": [
            "aws_network_acl.rhel_nacl",
            "aws_subnet.private_subnet_01",
            "aws_vpc.demo_main_vpc"
          ]
        }
      ]
    },
    {
      "mode": "managed",
      "type": "aws_network_acl_association",
      "name": "rhel_public",
      "provider": "provider[\"registry.terraform.io/hashicorp/aws\"]",
      "instances": [
        {
          "index_key": 0,
          "schema_version": 0,
          "attributes": {
            "id": "aclassoc-0a18f7fad3cd3a885",
            "network_acl_id": "acl-09fa61a0ac119d978",
            "region": "us-east-1",
            "subnet_id": "subnet-0152e247b80b84303"
          },
          "sensitive_attributes": [],
          "identity_schema_version": 0,
          "private": "bnVsbA==",
          "dependencies": [
            "aws_network_acl.rhel_nacl",
            "aws_subnet.public_subnet_01",
            "aws_vpc.demo_main_vpc"
          ]
        },
        {
          "index_key": 1,
          "schema_version": 0,
          "attributes": {
            "id": "aclassoc-09458fec4f5456eb2",
            "network_acl_id": "acl-09fa61a0ac119d978",
            "region": "us-east-1",
            "subnet_id": "subnet-0eb094cf0de357237"
          },
          "sensitive_attributes": [],
          "identity_schema_version": 0,
          "private": "bnVsbA==",
          "dependencies": [
            "aws_network_acl.rhel_nacl",
            "aws_subnet.public_subnet_01",
            "aws_vpc.demo_main_vpc"
          ]
        },
        {
          "index_key": 2,
          "schema_version": 0,
          "attributes": {
            "id": "aclassoc-0b03a14e49b2d1a2d",
            "network_acl_id": "acl-09fa61a0ac119d978",
            "region": "us-east-1",
            "subnet_id": "subnet-06af061654cd7e25b"
          },
          "sensitive_attributes": [],
          "identity_schema_version": 0,
          "private": "bnVsbA==",
          "dependencies": [
            "aws_network_acl.rhel_nacl",
            "aws_subnet.public_subnet_01",
            "aws_vpc.demo_main_vpc"
          ]
        }
      ]
    },
    {
      "mode": "managed",
      "type": "aws_network_acl_association",
      "name": "windows_private",
      "provider": "provider[\"registry.terraform.io/hashicorp/aws\"]",
      "instances": [
        {
          "index_key": 0,
          "schema_version": 0,
          "attributes": {
            "id": "aclassoc-0112079636da6ff67",
            "network_acl_id": "acl-029365cda977ad54b",
            "region": "us-east-1",
            "subnet_id": "subnet-01193a17ddc6938c3"
          },
          "sensitive_attributes": [],
          "identity_schema_version": 0,
          "private": "bnVsbA==",
          "dependencies": [
            "aws_network_acl.windows_nacl",
            "aws_subnet.windows_private_subnet",
            "aws_vpc.windows_vpc"
          ]
        },
        {
          "index_key": 1,
          "schema_version": 0,
          "attributes": {
            "id": "aclassoc-0137757b2bf5fbd3e",
            "network_acl_id": "acl-029365cda977ad54b",
            "region": "us-east-1",
            "subnet_id": "subnet-088a7028c0c831e6b"
          },
          "sensitive_attributes": [],
          "identity_schema_version": 0,
          "private": "bnVsbA==",
          "dependencies": [
            "aws_network_acl.windows_nacl",
            "aws_subnet.windows_private_subnet",
            "aws_vpc.windows_vpc"
          ]
        },
        {
          "index_key": 2,
          "schema_version": 0,
          "attributes": {
            "id": "aclassoc-04fb4d43a3654056e",
            "network_acl_id": "acl-029365cda977ad54b",
            "region": "us-east-1",
            "subnet_id": "subnet-077bd6c7ea8e491ea"
          },
          "sensitive_attributes": [],
          "identity_schema_version": 0,
          "private": "bnVsbA==",
          "dependencies": [
            "aws_network_acl.windows_nacl",
            "aws_subnet.windows_private_subnet",
            "aws_vpc.windows_vpc"
          ]
        }
      ]
    },
    {
      "mode": "managed",
      "type": "aws_network_acl_association",
      "name": "windows_public",
      "provider": "provider[\"registry.terraform.io/hashicorp/aws\"]",
      "instances": [
        {
          "index_key": 0,
          "schema_version": 0,
          "attributes": {
            "id": "aclassoc-0138f31a2038756a5",
            "network_acl_id": "acl-029365cda977ad54b",
            "region": "us-east-1",
            "subnet_id": "subnet-04f7688255b089461"
          },
          "sensitive_attributes": [],
          "identity_schema_version": 0,
          "private": "bnVsbA==",
          "dependencies": [
            "aws_network_acl.windows_nacl",
            "aws_subnet.windows_public_subnet",
            "aws_vpc.windows_vpc"
          ]
        },
        {
          "index_key": 1,
          "schema_version": 0,
          "attributes": {
            "id": "aclassoc-0880ec0f959e3f3ee",
            "network_acl_id": "acl-029365cda977ad54b",
            "region": "us-east-1",
            "subnet_id": "subnet-0543e97ed97061562"
          },
          "sensitive_attributes": [],
          "identity_schema_version": 0,
          "private": "bnVsbA==",
          "dependencies": [
            "aws_network_acl.windows_nacl",
            "aws_subnet.windows_public_subnet",
            "aws_vpc.windows_vpc"
          ]
        },
        {
          "index_key": 2,
          "schema_version": 0,
          "attributes": {
            "id": "aclassoc-017039afada6497d5",
            "network_acl_id": "acl-029365cda977ad54b",
            "region": "us-east-1",
            "subnet_id": "subnet-0f15f47d4bf61c99c"
          },
          "sensitive_attributes": [],
          "identity_schema_version": 0,
          "private": "bnVsbA==",
          "dependencies": [
            "aws_network_acl.windows_nacl",
            "aws_subnet.windows_public_subnet",
            "aws_vpc.windows_vpc"
          ]
        }
      ]
    },
    {
      "mode": "managed",
      "type": "aws_network_acl_rule",
      "name": "rhel_inbound_ephemeral",
      "provider": "provider[\"registry.terraform.io/hashicorp/aws\"]",
      "instances": [
        {
          "index_key": 0,
          "schema_version": 0,
          "attributes": {
            "cidr_block": "0.0.0.0/0",
            "egress": false,
            "from_port": 1024,
            "icmp_code": null,
            "icmp_type": null,
            "id": "nacl-1105756227",
            "ipv6_cidr_block": "",
            "network_acl_id": "acl-09fa61a0ac119d978",
            "protocol": "6",
            "region": "us-east-1",
            "rule_action": "allow",
            "rule_number": 120,
            "to_port": 65535
          },
          "sensitive_attributes": [],
          "identity_schema_version": 0,
          "identity": {
            "account_id": "762595429056",
            "egress": false,
            "network_acl_id": "acl-09fa61a0ac119d978",
            "protocol": "6",
            "region": "us-east-1",
            "rule_number": 120
          },
          "private": "bnVsbA==",
          "dependencies": [
            "aws_network_acl.rhel_nacl",
            "aws_vpc.demo_main_vpc"
          ]
        }
      ]
    },
    {
      "mode": "managed",
      "type": "aws_network_acl_rule",
      "name": "rhel_inbound_http",
      "provider": "provider[\"registry.terraform.io/hashicorp/aws\"]",
      "instances": [
        {
          "index_key": 0,
          "schema_version": 0,
          "attributes": {
            "cidr_block": "0.0.0.0/0",
            "egress": false,
            "from_port": 80,
            "icmp_code": null,
            "icmp_type": null,
            "id": "nacl-565458184",
            "ipv6_cidr_block": "",
            "network_acl_id": "acl-09fa61a0ac119d978",
            "protocol": "6",
            "region": "us-east-1",
            "rule_action": "allow",
            "rule_number": 100,
            "to_port": 80
          },
          "sensitive_attributes": [],
          "identity_schema_version": 0,
          "identity": {
            "account_id": "762595429056",
            "egress": false,
            "network_acl_id": "acl-09fa61a0ac119d978",
            "protocol": "6",
            "region": "us-east-1",
            "rule_number": 100
          },
          "private": "bnVsbA==",
          "dependencies": [
            "aws_network_acl.rhel_nacl",
            "aws_vpc.demo_main_vpc"
          ]
        }
      ]
    },
    {
      "mode": "managed",
      "type": "aws_network_acl_rule",
      "name": "rhel_inbound_https",
      "provider": "provider[\"registry.terraform.io/hashicorp/aws\"]",
      "instances": [
        {
          "index_key": 0,
          "schema_version": 0,
          "attributes": {
            "cidr_block": "0.0.0.0/0",
            "egress": false,
            "from_port": 443,
            "icmp_code": null,
            "icmp_type": null,
            "id": "nacl-4230147213",
            "ipv6_cidr_block": "",
            "network_acl_id": "acl-09fa61a0ac119d978",
            "protocol": "6",
            "region": "us-east-1",
            "rule_action": "allow",
            "rule_number": 110,
            "to_port": 443
          },
          "sensitive_attributes": [],
          "identity_schema_version": 0,
          "identity": {
            "account_id": "762595429056",
            "egress": false,
            "network_acl_id": "acl-09fa61a0ac119d978",
            "protocol": "6",
            "region": "us-east-1",
            "rule_number": 110
          },
          "private": "bnVsbA==",
          "dependencies": [
            "aws_network_acl.rhel_nacl",
            "aws_vpc.demo_main_vpc"
          ]
        }
      ]
    },
    {
      "mode": "managed",
      "type": "aws_network_acl_rule",
      "name": "rhel_outbound_ephemeral",
      "provider": "provider[\"registry.terraform.io/hashicorp/aws\"]",
      "instances": [
        {
          "index_key": 0,
          "schema_version": 0,
          "attributes": {
            "cidr_block": "0.0.0.0/0",
            "egress": true,
            "from_port": 1024,
            "icmp_code": null,
            "icmp_type": null,
            "id": "nacl-125943178",
            "ipv6_cidr_block": "",
            "network_acl_id": "acl-09fa61a0ac119d978",
            "protocol": "6",
            "region": "us-east-1",
            "rule_action": "allow",
            "rule_number": 120,
            "to_port": 65535
          },
          "sensitive_attributes": [],
          "identity_schema_version": 0,
          "identity": {
            "account_id": "762595429056",
            "egress": true,
            "network_acl_id": "acl-09fa61a0ac119d978",
            "protocol": "6",
            "region": "us-east-1",
            "rule_number": 120
          },
          "private": "bnVsbA==",
          "dependencies": [
            "aws_network_acl.rhel_nacl",
            "aws_vpc.demo_main_vpc"
          ]
        }
      ]
    },
    {
      "mode": "managed",
      "type": "aws_network_acl_rule",
      "name": "rhel_outbound_http",
      "provider": "provider[\"registry.terraform.io/hashicorp/aws\"]",
      "instances": [
        {
          "index_key": 0,
          "schema_version": 0,
          "attributes": {
            "cidr_block": "0.0.0.0/0",
            "egress": true,
            "from_port": 80,
            "icmp_code": null,
            "icmp_type": null,
            "id": "nacl-3954844437",
            "ipv6_cidr_block": "",
            "network_acl_id": "acl-09fa61a0ac119d978",
            "protocol": "6",
            "region": "us-east-1",
            "rule_action": "allow",
            "rule_number": 100,
            "to_port": 80
          },
          "sensitive_attributes": [],
          "identity_schema_version": 0,
          "identity": {
            "account_id": "762595429056",
            "egress": true,
            "network_acl_id": "acl-09fa61a0ac119d978",
            "protocol": "6",
            "region": "us-east-1",
            "rule_number": 100
          },
          "private": "bnVsbA==",
          "dependencies": [
            "aws_network_acl.rhel_nacl",
            "aws_vpc.demo_main_vpc"
          ]
        }
      ]
    },
    {
      "mode": "managed",
      "type": "aws_network_acl_rule",
      "name": "rhel_outbound_https",
      "provider": "provider[\"registry.terraform.io/hashicorp/aws\"]",
      "instances": [
        {
          "index_key": 0,
          "schema_version": 0,
          "attributes": {
            "cidr_block": "0.0.0.0/0",
            "egress": true,
            "from_port": 443,
            "icmp_code": null,
            "icmp_type": null,
            "id": "nacl-1881108346",
            "ipv6_cidr_block": "",
            "network_acl_id": "acl-09fa61a0ac119d978",
            "protocol": "6",
            "region": "us-east-1",
            "rule_action": "allow",
            "rule_number": 110,
            "to_port": 443
          },
          "sensitive_attributes": [],
          "identity_schema_version": 0,
          "identity": {
            "account_id": "762595429056",
            "egress": true,
            "network_acl_id": "acl-09fa61a0ac119d978",
            "protocol": "6",
            "region": "us-east-1",
            "rule_number": 110
          },
          "private": "bnVsbA==",
          "dependencies": [
            "aws_network_acl.rhel_nacl",
            "aws_vpc.demo_main_vpc"
          ]
        }
      ]
    },
    {
      "mode": "managed",
      "type": "aws_network_acl_rule",
      "name": "windows_inbound_ephemeral",
      "provider": "provider[\"registry.terraform.io/hashicorp/aws\"]",
      "instances": [
        {
          "index_key": 0,
          "schema_version": 0,
          "attributes": {
            "cidr_block": "0.0.0.0/0",
            "egress": false,
            "from_port": 1024,
            "icmp_code": null,
            "icmp_type": null,
            "id": "nacl-3427502244",
            "ipv6_cidr_block": "",
            "network_acl_id": "acl-029365cda977ad54b",
            "protocol": "6",
            "region": "us-east-1",
            "rule_action": "allow",
            "rule_number": 120,
            "to_port": 65535
          },
          "sensitive_attributes": [],
          "identity_schema_version": 0,
          "identity": {
            "account_id": "762595429056",
            "egress": false,
            "network_acl_id": "acl-029365cda977ad54b",
            "protocol": "6",
            "region": "us-east-1",
            "rule_number": 120
          },
          "private": "bnVsbA==",
          "dependencies": [
            "aws_network_acl.windows_nacl",
            "aws_vpc.windows_vpc"
          ]
        }
      ]
    },
    {
      "mode": "managed",
      "type": "aws_network_acl_rule",
      "name": "windows_inbound_http",
      "provider": "provider[\"registry.terraform.io/hashicorp/aws\"]",
      "instances": [
        {
          "index_key": 0,
          "schema_version": 0,
          "attributes": {
            "cidr_block": "0.0.0.0/0",
            "egress": false,
            "from_port": 80,
            "icmp_code": null,
            "icmp_type": null,
            "id": "nacl-2887204335",
            "ipv6_cidr_block": "",
            "network_acl_id": "acl-029365cda977ad54b",
            "protocol": "6",
            "region": "us-east-1",
            "rule_action": "allow",
            "rule_number": 100,
            "to_port": 80
          },
          "sensitive_attributes": [],
          "identity_schema_version": 0,
          "identity": {
            "account_id": "762595429056",
            "egress": false,
            "network_acl_id": "acl-029365cda977ad54b",
            "protocol": "6",
            "region": "us-east-1",
            "rule_number": 100
          },
          "private": "bnVsbA==",
          "dependencies": [
            "aws_network_acl.windows_nacl",
            "aws_vpc.windows_vpc"
          ]
        }
      ]
    },
    {
      "mode": "managed",
      "type": "aws_network_acl_rule",
      "name": "windows_inbound_https",
      "provider": "provider[\"registry.terraform.io/hashicorp/aws\"]",
      "instances": [
        {
          "index_key": 0,
          "schema_version": 0,
          "attributes": {
            "cidr_block": "0.0.0.0/0",
            "egress": false,
            "from_port": 443,
            "icmp_code": null,
            "icmp_type": null,
            "id": "nacl-1904338026",
            "ipv6_cidr_block": "",
            "network_acl_id": "acl-029365cda977ad54b",
            "protocol": "6",
            "region": "us-east-1",
            "rule_action": "allow",
            "rule_number": 110,
            "to_port": 443
          },
          "sensitive_attributes": [],
          "identity_schema_version": 0,
          "identity": {
            "account_id": "762595429056",
            "egress": false,
            "network_acl_id": "acl-029365cda977ad54b",
            "protocol": "6",
            "region": "us-east-1",
            "rule_number": 110
          },
          "private": "bnVsbA==",
          "dependencies": [
            "aws_network_acl.windows_nacl",
            "aws_vpc.windows_vpc"
          ]
        }
      ]
    },
    {
      "mode": "managed",
      "type": "aws_network_acl_rule",
      "name": "windows_outbound_ephemeral",
      "provider": "provider[\"registry.terraform.io/hashicorp/aws\"]",
      "instances": [
        {
          "index_key": 0,
          "schema_version": 0,
          "attributes": {
            "cidr_block": "0.0.0.0/0",
            "egress": true,
            "from_port": 1024,
            "icmp_code": null,
            "icmp_type": null,
            "id": "nacl-2894376853",
            "ipv6_cidr_block": "",
            "network_acl_id": "acl-029365cda977ad54b",
            "protocol": "6",
            "region": "us-east-1",
            "rule_action": "allow",
            "rule_number": 120,
            "to_port": 65535
          },
          "sensitive_attributes": [],
          "identity_schema_version": 0,
          "identity": {
            "account_id": "762595429056",
            "egress": true,
            "network_acl_id": "acl-029365cda977ad54b",
            "protocol": "6",
            "region": "us-east-1",
            "rule_number": 120
          },
          "private": "bnVsbA==",
          "dependencies": [
            "aws_network_acl.windows_nacl",
            "aws_vpc.windows_vpc"
          ]
        }
      ]
    },
    {
      "mode": "managed",
      "type": "aws_network_acl_rule",
      "name": "windows_outbound_http",
      "provider": "provider[\"registry.terraform.io/hashicorp/aws\"]",
      "instances": [
        {
          "index_key": 0,
          "schema_version": 0,
          "attributes": {
            "cidr_block": "0.0.0.0/0",
            "egress": true,
            "from_port": 80,
            "icmp_code": null,
            "icmp_type": null,
            "id": "nacl-1086271754",
            "ipv6_cidr_block": "",
            "network_acl_id": "acl-029365cda977ad54b",
            "protocol": "6",
            "region": "us-east-1",
            "rule_action": "allow",
            "rule_number": 100,
            "to_port": 80
          },
          "sensitive_attributes": [],
          "identity_schema_version": 0,
          "identity": {
            "account_id": "762595429056",
            "egress": true,
            "network_acl_id": "acl-029365cda977ad54b",
            "protocol": "6",
            "region": "us-east-1",
            "rule_number": 100
          },
          "private": "bnVsbA==",
          "dependencies": [
            "aws_network_acl.windows_nacl",
            "aws_vpc.windows_vpc"
          ]
        }
      ]
    },
    {
      "mode": "managed",
      "type": "aws_network_acl_rule",
      "name": "windows_outbound_https",
      "provider": "provider[\"registry.terraform.io/hashicorp/aws\"]",
      "instances": [
        {
          "index_key": 0,
          "schema_version": 0,
          "attributes": {
            "cidr_block": "0.0.0.0/0",
            "egress": true,
            "from_port": 443,
            "icmp_code": null,
            "icmp_type": null,
            "id": "nacl-3675946341",
            "ipv6_cidr_block": "",
            "network_acl_id": "acl-029365cda977ad54b",
            "protocol": "6",
            "region": "us-east-1",
            "rule_action": "allow",
            "rule_number": 110,
            "to_port": 443
          },
          "sensitive_attributes": [],
          "identity_schema_version": 0,
          "identity": {
            "account_id": "762595429056",
            "egress": true,
            "network_acl_id": "acl-029365cda977ad54b",
            "protocol": "6",
            "region": "us-east-1",
            "rule_number": 110
          },
          "private": "bnVsbA==",
          "dependencies": [
            "aws_network_acl.windows_nacl",
            "aws_vpc.windows_vpc"
          ]
        }
      ]
    },
    {
      "mode": "managed",
      "type": "aws_route53_record",
      "name": "wsus",
      "provider": "provider[\"registry.terraform.io/hashicorp/aws\"]",
      "instances": [
        {
          "index_key": 0,
          "schema_version": 2,
          "attributes": {
            "alias": [],
            "allow_overwrite": null,
            "cidr_routing_policy": [],
            "failover_routing_policy": [],
            "fqdn": "wsus.davidawcloudsecurity.com",
            "geolocation_routing_policy": [],
            "geoproximity_routing_policy": [],
            "health_check_id": "",
            "id": "Z020323729YZRRAHQEQL4_wsus.davidawcloudsecurity.com_A",
            "latency_routing_policy": [],
            "multivalue_answer_routing_policy": false,
            "name": "wsus.davidawcloudsecurity.com",
            "records": [
              "172.17.1.33"
            ],
            "set_identifier": "",
            "timeouts": null,
            "ttl": 300,
            "type": "A",
            "weighted_routing_policy": [],
            "zone_id": "Z020323729YZRRAHQEQL4"
          },
          "sensitive_attributes": [],
          "identity_schema_version": 0,
          "identity": {
            "account_id": "762595429056",
            "name": "wsus.davidawcloudsecurity.com",
            "set_identifier": null,
            "type": "A",
            "zone_id": "Z020323729YZRRAHQEQL4"
          },
          "private": "eyJlMmJmYjczMC1lY2FhLTExZTYtOGY4OC0zNDM2M2JjN2M0YzAiOnsiY3JlYXRlIjoxODAwMDAwMDAwMDAwLCJkZWxldGUiOjE4MDAwMDAwMDAwMDAsInVwZGF0ZSI6MTgwMDAwMDAwMDAwMH0sInNjaGVtYV92ZXJzaW9uIjoiMiJ9",
          "dependencies": [
            "aws_iam_instance_profile.ssm_profile",
            "aws_iam_role.ssm_role",
            "aws_instance.wsus_server_2019",
            "aws_route53_zone.private",
            "aws_security_group.windows_sg",
            "aws_subnet.windows_public_subnet",
            "aws_vpc.windows_vpc"
          ]
        }
      ]
    },
    {
      "mode": "managed",
      "type": "aws_route53_zone",
      "name": "private",
      "provider": "provider[\"registry.terraform.io/hashicorp/aws\"]",
      "instances": [
        {
          "index_key": 0,
          "schema_version": 0,
          "attributes": {
            "arn": "arn:aws:route53:::hostedzone/Z020323729YZRRAHQEQL4",
            "comment": "Managed by Terraform",
            "delegation_set_id": "",
            "enable_accelerated_recovery": false,
            "force_destroy": false,
            "id": "Z020323729YZRRAHQEQL4",
            "name": "davidawcloudsecurity.com",
            "name_servers": [
              "ns-0.awsdns-00.com.",
              "ns-1024.awsdns-00.org.",
              "ns-1536.awsdns-00.co.uk.",
              "ns-512.awsdns-00.net."
            ],
            "primary_name_server": "ns-0.awsdns-00.com.",
            "tags": {
              "Name": "learn-tf-aws-vpc-private-zone"
            },
            "tags_all": {
              "Name": "learn-tf-aws-vpc-private-zone"
            },
            "timeouts": null,
            "vpc": [
              {
                "vpc_id": "vpc-01c9d15b98d748a8f",
                "vpc_region": "us-east-1"
              }
            ],
            "zone_id": "Z020323729YZRRAHQEQL4"
          },
          "sensitive_attributes": [],
          "identity_schema_version": 0,
          "identity": {
            "account_id": "762595429056",
            "zone_id": "Z020323729YZRRAHQEQL4"
          },
          "private": "eyJlMmJmYjczMC1lY2FhLTExZTYtOGY4OC0zNDM2M2JjN2M0YzAiOnsiY3JlYXRlIjoxODAwMDAwMDAwMDAwLCJkZWxldGUiOjE4MDAwMDAwMDAwMDAsInVwZGF0ZSI6MTgwMDAwMDAwMDAwMH19",
          "dependencies": [
            "aws_vpc.windows_vpc"
          ]
        }
      ]
    },
    {
      "mode": "managed",
      "type": "aws_route_table",
      "name": "public_rt",
      "provider": "provider[\"registry.terraform.io/hashicorp/aws\"]",
      "instances": [
        {
          "index_key": 0,
          "schema_version": 0,
          "attributes": {
            "arn": "arn:aws:ec2:us-east-1:762595429056:route-table/rtb-013a1c05ee2452b0e",
            "id": "rtb-013a1c05ee2452b0e",
            "owner_id": "762595429056",
            "propagating_vgws": [],
            "region": "us-east-1",
            "route": [
              {
                "carrier_gateway_id": "",
                "cidr_block": "0.0.0.0/0",
                "core_network_arn": "",
                "destination_prefix_list_id": "",
                "egress_only_gateway_id": "",
                "gateway_id": "igw-0b750d6345378e6df",
                "ipv6_cidr_block": "",
                "local_gateway_id": "",
                "nat_gateway_id": "",
                "network_interface_id": "",
                "transit_gateway_id": "",
                "vpc_endpoint_id": "",
                "vpc_peering_connection_id": ""
              },
              {
                "carrier_gateway_id": "",
                "cidr_block": "172.17.1.0/24",
                "core_network_arn": "",
                "destination_prefix_list_id": "",
                "egress_only_gateway_id": "",
                "gateway_id": "",
                "ipv6_cidr_block": "",
                "local_gateway_id": "",
                "nat_gateway_id": "",
                "network_interface_id": "",
                "transit_gateway_id": "tgw-0386af6b12d7fdfff",
                "vpc_endpoint_id": "",
                "vpc_peering_connection_id": ""
              }
            ],
            "tags": {
              "Name": "learn-tf-aws-vpc-rhel-public-rt"
            },
            "tags_all": {
              "Name": "learn-tf-aws-vpc-rhel-public-rt"
            },
            "timeouts": null,
            "vpc_id": "vpc-0f0ec10d8b58bbf34"
          },
          "sensitive_attributes": [],
          "identity_schema_version": 0,
          "identity": {
            "account_id": "762595429056",
            "id": "rtb-013a1c05ee2452b0e",
            "region": "us-east-1"
          },
          "private": "eyJlMmJmYjczMC1lY2FhLTExZTYtOGY4OC0zNDM2M2JjN2M0YzAiOnsiY3JlYXRlIjozMDAwMDAwMDAwMDAsImRlbGV0ZSI6MzAwMDAwMDAwMDAwLCJ1cGRhdGUiOjEyMDAwMDAwMDAwMH19",
          "dependencies": [
            "aws_ec2_transit_gateway.tgw_inbound",
            "aws_internet_gateway.demo_igw",
            "aws_vpc.demo_main_vpc"
          ]
        }
      ]
    },
    {
      "mode": "managed",
      "type": "aws_route_table",
      "name": "rhel_private_tgw",
      "provider": "provider[\"registry.terraform.io/hashicorp/aws\"]",
      "instances": [
        {
          "index_key": 0,
          "schema_version": 0,
          "attributes": {
            "arn": "arn:aws:ec2:us-east-1:762595429056:route-table/rtb-0cfca3cb1b9f4759f",
            "id": "rtb-0cfca3cb1b9f4759f",
            "owner_id": "762595429056",
            "propagating_vgws": [],
            "region": "us-east-1",
            "route": [
              {
                "carrier_gateway_id": "",
                "cidr_block": "0.0.0.0/0",
                "core_network_arn": "",
                "destination_prefix_list_id": "",
                "egress_only_gateway_id": "",
                "gateway_id": "igw-0b750d6345378e6df",
                "ipv6_cidr_block": "",
                "local_gateway_id": "",
                "nat_gateway_id": "",
                "network_interface_id": "",
                "transit_gateway_id": "",
                "vpc_endpoint_id": "",
                "vpc_peering_connection_id": ""
              },
              {
                "carrier_gateway_id": "",
                "cidr_block": "172.17.0.0/16",
                "core_network_arn": "",
                "destination_prefix_list_id": "",
                "egress_only_gateway_id": "",
                "gateway_id": "",
                "ipv6_cidr_block": "",
                "local_gateway_id": "",
                "nat_gateway_id": "",
                "network_interface_id": "",
                "transit_gateway_id": "tgw-0386af6b12d7fdfff",
                "vpc_endpoint_id": "",
                "vpc_peering_connection_id": ""
              }
            ],
            "tags": {
              "Name": "learn-tf-aws-vpc-rhel-private-tgw-rt"
            },
            "tags_all": {
              "Name": "learn-tf-aws-vpc-rhel-private-tgw-rt"
            },
            "timeouts": null,
            "vpc_id": "vpc-0f0ec10d8b58bbf34"
          },
          "sensitive_attributes": [],
          "identity_schema_version": 0,
          "identity": {
            "account_id": "762595429056",
            "id": "rtb-0cfca3cb1b9f4759f",
            "region": "us-east-1"
          },
          "private": "eyJlMmJmYjczMC1lY2FhLTExZTYtOGY4OC0zNDM2M2JjN2M0YzAiOnsiY3JlYXRlIjozMDAwMDAwMDAwMDAsImRlbGV0ZSI6MzAwMDAwMDAwMDAwLCJ1cGRhdGUiOjEyMDAwMDAwMDAwMH19",
          "dependencies": [
            "aws_ec2_transit_gateway.tgw_inbound",
            "aws_internet_gateway.demo_igw",
            "aws_vpc.demo_main_vpc"
          ]
        }
      ]
    },
    {
      "mode": "managed",
      "type": "aws_route_table",
      "name": "windows_private_tgw",
      "provider": "provider[\"registry.terraform.io/hashicorp/aws\"]",
      "instances": [
        {
          "index_key": 0,
          "schema_version": 0,
          "attributes": {
            "arn": "arn:aws:ec2:us-east-1:762595429056:route-table/rtb-0c4508f47554c8649",
            "id": "rtb-0c4508f47554c8649",
            "owner_id": "762595429056",
            "propagating_vgws": [],
            "region": "us-east-1",
            "route": [
              {
                "carrier_gateway_id": "",
                "cidr_block": "0.0.0.0/0",
                "core_network_arn": "",
                "destination_prefix_list_id": "",
                "egress_only_gateway_id": "",
                "gateway_id": "igw-0261cdd7bf20c75d4",
                "ipv6_cidr_block": "",
                "local_gateway_id": "",
                "nat_gateway_id": "",
                "network_interface_id": "",
                "transit_gateway_id": "",
                "vpc_endpoint_id": "",
                "vpc_peering_connection_id": ""
              },
              {
                "carrier_gateway_id": "",
                "cidr_block": "172.16.0.0/16",
                "core_network_arn": "",
                "destination_prefix_list_id": "",
                "egress_only_gateway_id": "",
                "gateway_id": "",
                "ipv6_cidr_block": "",
                "local_gateway_id": "",
                "nat_gateway_id": "",
                "network_interface_id": "",
                "transit_gateway_id": "tgw-0386af6b12d7fdfff",
                "vpc_endpoint_id": "",
                "vpc_peering_connection_id": ""
              }
            ],
            "tags": {
              "Name": "learn-tf-aws-vpc-windows-private-tgw-rt"
            },
            "tags_all": {
              "Name": "learn-tf-aws-vpc-windows-private-tgw-rt"
            },
            "timeouts": null,
            "vpc_id": "vpc-01c9d15b98d748a8f"
          },
          "sensitive_attributes": [],
          "identity_schema_version": 0,
          "identity": {
            "account_id": "762595429056",
            "id": "rtb-0c4508f47554c8649",
            "region": "us-east-1"
          },
          "private": "eyJlMmJmYjczMC1lY2FhLTExZTYtOGY4OC0zNDM2M2JjN2M0YzAiOnsiY3JlYXRlIjozMDAwMDAwMDAwMDAsImRlbGV0ZSI6MzAwMDAwMDAwMDAwLCJ1cGRhdGUiOjEyMDAwMDAwMDAwMH19",
          "dependencies": [
            "aws_ec2_transit_gateway.tgw_inbound",
            "aws_internet_gateway.windows_igw",
            "aws_vpc.windows_vpc"
          ]
        }
      ]
    },
    {
      "mode": "managed",
      "type": "aws_route_table",
      "name": "windows_public_rt",
      "provider": "provider[\"registry.terraform.io/hashicorp/aws\"]",
      "instances": [
        {
          "index_key": 0,
          "schema_version": 0,
          "attributes": {
            "arn": "arn:aws:ec2:us-east-1:762595429056:route-table/rtb-0d5b41a1d2b3e333e",
            "id": "rtb-0d5b41a1d2b3e333e",
            "owner_id": "762595429056",
            "propagating_vgws": [],
            "region": "us-east-1",
            "route": [
              {
                "carrier_gateway_id": "",
                "cidr_block": "0.0.0.0/0",
                "core_network_arn": "",
                "destination_prefix_list_id": "",
                "egress_only_gateway_id": "",
                "gateway_id": "igw-0261cdd7bf20c75d4",
                "ipv6_cidr_block": "",
                "local_gateway_id": "",
                "nat_gateway_id": "",
                "network_interface_id": "",
                "transit_gateway_id": "",
                "vpc_endpoint_id": "",
                "vpc_peering_connection_id": ""
              },
              {
                "carrier_gateway_id": "",
                "cidr_block": "172.16.1.0/24",
                "core_network_arn": "",
                "destination_prefix_list_id": "",
                "egress_only_gateway_id": "",
                "gateway_id": "",
                "ipv6_cidr_block": "",
                "local_gateway_id": "",
                "nat_gateway_id": "",
                "network_interface_id": "",
                "transit_gateway_id": "tgw-0386af6b12d7fdfff",
                "vpc_endpoint_id": "",
                "vpc_peering_connection_id": ""
              }
            ],
            "tags": {
              "Name": "learn-tf-aws-vpc-windows-public-rt"
            },
            "tags_all": {
              "Name": "learn-tf-aws-vpc-windows-public-rt"
            },
            "timeouts": null,
            "vpc_id": "vpc-01c9d15b98d748a8f"
          },
          "sensitive_attributes": [],
          "identity_schema_version": 0,
          "identity": {
            "account_id": "762595429056",
            "id": "rtb-0d5b41a1d2b3e333e",
            "region": "us-east-1"
          },
          "private": "eyJlMmJmYjczMC1lY2FhLTExZTYtOGY4OC0zNDM2M2JjN2M0YzAiOnsiY3JlYXRlIjozMDAwMDAwMDAwMDAsImRlbGV0ZSI6MzAwMDAwMDAwMDAwLCJ1cGRhdGUiOjEyMDAwMDAwMDAwMH19",
          "dependencies": [
            "aws_ec2_transit_gateway.tgw_inbound",
            "aws_internet_gateway.windows_igw",
            "aws_vpc.windows_vpc"
          ]
        }
      ]
    },
    {
      "mode": "managed",
      "type": "aws_route_table_association",
      "name": "public_rta",
      "provider": "provider[\"registry.terraform.io/hashicorp/aws\"]",
      "instances": [
        {
          "index_key": 0,
          "schema_version": 0,
          "attributes": {
            "gateway_id": "",
            "id": "rtbassoc-0ad4ad6731d5cdf4c",
            "region": "us-east-1",
            "route_table_id": "rtb-013a1c05ee2452b0e",
            "subnet_id": "subnet-0152e247b80b84303",
            "timeouts": null
          },
          "sensitive_attributes": [],
          "identity_schema_version": 0,
          "identity": {
            "account_id": "762595429056",
            "id": "rtbassoc-0ad4ad6731d5cdf4c",
            "region": "us-east-1"
          },
          "private": "eyJlMmJmYjczMC1lY2FhLTExZTYtOGY4OC0zNDM2M2JjN2M0YzAiOnsiY3JlYXRlIjozMDAwMDAwMDAwMDAsImRlbGV0ZSI6MzAwMDAwMDAwMDAwLCJ1cGRhdGUiOjEyMDAwMDAwMDAwMH19",
          "dependencies": [
            "aws_ec2_transit_gateway.tgw_inbound",
            "aws_internet_gateway.demo_igw",
            "aws_route_table.public_rt",
            "aws_subnet.public_subnet_01",
            "aws_vpc.demo_main_vpc"
          ]
        },
        {
          "index_key": 1,
          "schema_version": 0,
          "attributes": {
            "gateway_id": "",
            "id": "rtbassoc-0f04ed27ea12bdf35",
            "region": "us-east-1",
            "route_table_id": "rtb-013a1c05ee2452b0e",
            "subnet_id": "subnet-0eb094cf0de357237",
            "timeouts": null
          },
          "sensitive_attributes": [],
          "identity_schema_version": 0,
          "identity": {
            "account_id": "762595429056",
            "id": "rtbassoc-0f04ed27ea12bdf35",
            "region": "us-east-1"
          },
          "private": "eyJlMmJmYjczMC1lY2FhLTExZTYtOGY4OC0zNDM2M2JjN2M0YzAiOnsiY3JlYXRlIjozMDAwMDAwMDAwMDAsImRlbGV0ZSI6MzAwMDAwMDAwMDAwLCJ1cGRhdGUiOjEyMDAwMDAwMDAwMH19",
          "dependencies": [
            "aws_ec2_transit_gateway.tgw_inbound",
            "aws_internet_gateway.demo_igw",
            "aws_route_table.public_rt",
            "aws_subnet.public_subnet_01",
            "aws_vpc.demo_main_vpc"
          ]
        },
        {
          "index_key": 2,
          "schema_version": 0,
          "attributes": {
            "gateway_id": "",
            "id": "rtbassoc-073d7c9872c006f8a",
            "region": "us-east-1",
            "route_table_id": "rtb-013a1c05ee2452b0e",
            "subnet_id": "subnet-06af061654cd7e25b",
            "timeouts": null
          },
          "sensitive_attributes": [],
          "identity_schema_version": 0,
          "identity": {
            "account_id": "762595429056",
            "id": "rtbassoc-073d7c9872c006f8a",
            "region": "us-east-1"
          },
          "private": "eyJlMmJmYjczMC1lY2FhLTExZTYtOGY4OC0zNDM2M2JjN2M0YzAiOnsiY3JlYXRlIjozMDAwMDAwMDAwMDAsImRlbGV0ZSI6MzAwMDAwMDAwMDAwLCJ1cGRhdGUiOjEyMDAwMDAwMDAwMH19",
          "dependencies": [
            "aws_ec2_transit_gateway.tgw_inbound",
            "aws_internet_gateway.demo_igw",
            "aws_route_table.public_rt",
            "aws_subnet.public_subnet_01",
            "aws_vpc.demo_main_vpc"
          ]
        }
      ]
    },
    {
      "mode": "managed",
      "type": "aws_route_table_association",
      "name": "rhel_private_tgw_assoc",
      "provider": "provider[\"registry.terraform.io/hashicorp/aws\"]",
      "instances": [
        {
          "index_key": 0,
          "schema_version": 0,
          "attributes": {
            "gateway_id": "",
            "id": "rtbassoc-0fdefce4872951ebd",
            "region": "us-east-1",
            "route_table_id": "rtb-0cfca3cb1b9f4759f",
            "subnet_id": "subnet-03ee2c02dd1fad784",
            "timeouts": null
          },
          "sensitive_attributes": [],
          "identity_schema_version": 0,
          "identity": {
            "account_id": "762595429056",
            "id": "rtbassoc-0fdefce4872951ebd",
            "region": "us-east-1"
          },
          "private": "eyJlMmJmYjczMC1lY2FhLTExZTYtOGY4OC0zNDM2M2JjN2M0YzAiOnsiY3JlYXRlIjozMDAwMDAwMDAwMDAsImRlbGV0ZSI6MzAwMDAwMDAwMDAwLCJ1cGRhdGUiOjEyMDAwMDAwMDAwMH19",
          "dependencies": [
            "aws_ec2_transit_gateway.tgw_inbound",
            "aws_internet_gateway.demo_igw",
            "aws_route_table.rhel_private_tgw",
            "aws_subnet.private_subnet_01",
            "aws_vpc.demo_main_vpc"
          ]
        },
        {
          "index_key": 1,
          "schema_version": 0,
          "attributes": {
            "gateway_id": "",
            "id": "rtbassoc-07260b5b2faeb488a",
            "region": "us-east-1",
            "route_table_id": "rtb-0cfca3cb1b9f4759f",
            "subnet_id": "subnet-0ea710535abb82d5f",
            "timeouts": null
          },
          "sensitive_attributes": [],
          "identity_schema_version": 0,
          "identity": {
            "account_id": "762595429056",
            "id": "rtbassoc-07260b5b2faeb488a",
            "region": "us-east-1"
          },
          "private": "eyJlMmJmYjczMC1lY2FhLTExZTYtOGY4OC0zNDM2M2JjN2M0YzAiOnsiY3JlYXRlIjozMDAwMDAwMDAwMDAsImRlbGV0ZSI6MzAwMDAwMDAwMDAwLCJ1cGRhdGUiOjEyMDAwMDAwMDAwMH19",
          "dependencies": [
            "aws_ec2_transit_gateway.tgw_inbound",
            "aws_internet_gateway.demo_igw",
            "aws_route_table.rhel_private_tgw",
            "aws_subnet.private_subnet_01",
            "aws_vpc.demo_main_vpc"
          ]
        },
        {
          "index_key": 2,
          "schema_version": 0,
          "attributes": {
            "gateway_id": "",
            "id": "rtbassoc-0d5263c8d439833dc",
            "region": "us-east-1",
            "route_table_id": "rtb-0cfca3cb1b9f4759f",
            "subnet_id": "subnet-0a9e95f3914cdd0a7",
            "timeouts": null
          },
          "sensitive_attributes": [],
          "identity_schema_version": 0,
          "identity": {
            "account_id": "762595429056",
            "id": "rtbassoc-0d5263c8d439833dc",
            "region": "us-east-1"
          },
          "private": "eyJlMmJmYjczMC1lY2FhLTExZTYtOGY4OC0zNDM2M2JjN2M0YzAiOnsiY3JlYXRlIjozMDAwMDAwMDAwMDAsImRlbGV0ZSI6MzAwMDAwMDAwMDAwLCJ1cGRhdGUiOjEyMDAwMDAwMDAwMH19",
          "dependencies": [
            "aws_ec2_transit_gateway.tgw_inbound",
            "aws_internet_gateway.demo_igw",
            "aws_route_table.rhel_private_tgw",
            "aws_subnet.private_subnet_01",
            "aws_vpc.demo_main_vpc"
          ]
        }
      ]
    },
    {
      "mode": "managed",
      "type": "aws_route_table_association",
      "name": "windows_private_tgw_assoc",
      "provider": "provider[\"registry.terraform.io/hashicorp/aws\"]",
      "instances": [
        {
          "index_key": 0,
          "schema_version": 0,
          "attributes": {
            "gateway_id": "",
            "id": "rtbassoc-0c537ed04ec5b3bd8",
            "region": "us-east-1",
            "route_table_id": "rtb-0c4508f47554c8649",
            "subnet_id": "subnet-01193a17ddc6938c3",
            "timeouts": null
          },
          "sensitive_attributes": [],
          "identity_schema_version": 0,
          "identity": {
            "account_id": "762595429056",
            "id": "rtbassoc-0c537ed04ec5b3bd8",
            "region": "us-east-1"
          },
          "private": "eyJlMmJmYjczMC1lY2FhLTExZTYtOGY4OC0zNDM2M2JjN2M0YzAiOnsiY3JlYXRlIjozMDAwMDAwMDAwMDAsImRlbGV0ZSI6MzAwMDAwMDAwMDAwLCJ1cGRhdGUiOjEyMDAwMDAwMDAwMH19",
          "dependencies": [
            "aws_ec2_transit_gateway.tgw_inbound",
            "aws_internet_gateway.windows_igw",
            "aws_route_table.windows_private_tgw",
            "aws_subnet.windows_private_subnet",
            "aws_vpc.windows_vpc"
          ]
        },
        {
          "index_key": 1,
          "schema_version": 0,
          "attributes": {
            "gateway_id": "",
            "id": "rtbassoc-03b4e598f60ade56d",
            "region": "us-east-1",
            "route_table_id": "rtb-0c4508f47554c8649",
            "subnet_id": "subnet-088a7028c0c831e6b",
            "timeouts": null
          },
          "sensitive_attributes": [],
          "identity_schema_version": 0,
          "identity": {
            "account_id": "762595429056",
            "id": "rtbassoc-03b4e598f60ade56d",
            "region": "us-east-1"
          },
          "private": "eyJlMmJmYjczMC1lY2FhLTExZTYtOGY4OC0zNDM2M2JjN2M0YzAiOnsiY3JlYXRlIjozMDAwMDAwMDAwMDAsImRlbGV0ZSI6MzAwMDAwMDAwMDAwLCJ1cGRhdGUiOjEyMDAwMDAwMDAwMH19",
          "dependencies": [
            "aws_ec2_transit_gateway.tgw_inbound",
            "aws_internet_gateway.windows_igw",
            "aws_route_table.windows_private_tgw",
            "aws_subnet.windows_private_subnet",
            "aws_vpc.windows_vpc"
          ]
        },
        {
          "index_key": 2,
          "schema_version": 0,
          "attributes": {
            "gateway_id": "",
            "id": "rtbassoc-0c71de326c6129f5f",
            "region": "us-east-1",
            "route_table_id": "rtb-0c4508f47554c8649",
            "subnet_id": "subnet-077bd6c7ea8e491ea",
            "timeouts": null
          },
          "sensitive_attributes": [],
          "identity_schema_version": 0,
          "identity": {
            "account_id": "762595429056",
            "id": "rtbassoc-0c71de326c6129f5f",
            "region": "us-east-1"
          },
          "private": "eyJlMmJmYjczMC1lY2FhLTExZTYtOGY4OC0zNDM2M2JjN2M0YzAiOnsiY3JlYXRlIjozMDAwMDAwMDAwMDAsImRlbGV0ZSI6MzAwMDAwMDAwMDAwLCJ1cGRhdGUiOjEyMDAwMDAwMDAwMH19",
          "dependencies": [
            "aws_ec2_transit_gateway.tgw_inbound",
            "aws_internet_gateway.windows_igw",
            "aws_route_table.windows_private_tgw",
            "aws_subnet.windows_private_subnet",
            "aws_vpc.windows_vpc"
          ]
        }
      ]
    },
    {
      "mode": "managed",
      "type": "aws_route_table_association",
      "name": "windows_public_rta",
      "provider": "provider[\"registry.terraform.io/hashicorp/aws\"]",
      "instances": [
        {
          "index_key": 0,
          "schema_version": 0,
          "attributes": {
            "gateway_id": "",
            "id": "rtbassoc-0a88356ec3473a061",
            "region": "us-east-1",
            "route_table_id": "rtb-0d5b41a1d2b3e333e",
            "subnet_id": "subnet-04f7688255b089461",
            "timeouts": null
          },
          "sensitive_attributes": [],
          "identity_schema_version": 0,
          "identity": {
            "account_id": "762595429056",
            "id": "rtbassoc-0a88356ec3473a061",
            "region": "us-east-1"
          },
          "private": "eyJlMmJmYjczMC1lY2FhLTExZTYtOGY4OC0zNDM2M2JjN2M0YzAiOnsiY3JlYXRlIjozMDAwMDAwMDAwMDAsImRlbGV0ZSI6MzAwMDAwMDAwMDAwLCJ1cGRhdGUiOjEyMDAwMDAwMDAwMH19",
          "dependencies": [
            "aws_ec2_transit_gateway.tgw_inbound",
            "aws_internet_gateway.windows_igw",
            "aws_route_table.windows_public_rt",
            "aws_subnet.windows_public_subnet",
            "aws_vpc.windows_vpc"
          ]
        },
        {
          "index_key": 1,
          "schema_version": 0,
          "attributes": {
            "gateway_id": "",
            "id": "rtbassoc-0af2bb98ed9643ffe",
            "region": "us-east-1",
            "route_table_id": "rtb-0d5b41a1d2b3e333e",
            "subnet_id": "subnet-0543e97ed97061562",
            "timeouts": null
          },
          "sensitive_attributes": [],
          "identity_schema_version": 0,
          "identity": {
            "account_id": "762595429056",
            "id": "rtbassoc-0af2bb98ed9643ffe",
            "region": "us-east-1"
          },
          "private": "eyJlMmJmYjczMC1lY2FhLTExZTYtOGY4OC0zNDM2M2JjN2M0YzAiOnsiY3JlYXRlIjozMDAwMDAwMDAwMDAsImRlbGV0ZSI6MzAwMDAwMDAwMDAwLCJ1cGRhdGUiOjEyMDAwMDAwMDAwMH19",
          "dependencies": [
            "aws_ec2_transit_gateway.tgw_inbound",
            "aws_internet_gateway.windows_igw",
            "aws_route_table.windows_public_rt",
            "aws_subnet.windows_public_subnet",
            "aws_vpc.windows_vpc"
          ]
        },
        {
          "index_key": 2,
          "schema_version": 0,
          "attributes": {
            "gateway_id": "",
            "id": "rtbassoc-0999511c09cbda615",
            "region": "us-east-1",
            "route_table_id": "rtb-0d5b41a1d2b3e333e",
            "subnet_id": "subnet-0f15f47d4bf61c99c",
            "timeouts": null
          },
          "sensitive_attributes": [],
          "identity_schema_version": 0,
          "identity": {
            "account_id": "762595429056",
            "id": "rtbassoc-0999511c09cbda615",
            "region": "us-east-1"
          },
          "private": "eyJlMmJmYjczMC1lY2FhLTExZTYtOGY4OC0zNDM2M2JjN2M0YzAiOnsiY3JlYXRlIjozMDAwMDAwMDAwMDAsImRlbGV0ZSI6MzAwMDAwMDAwMDAwLCJ1cGRhdGUiOjEyMDAwMDAwMDAwMH19",
          "dependencies": [
            "aws_ec2_transit_gateway.tgw_inbound",
            "aws_internet_gateway.windows_igw",
            "aws_route_table.windows_public_rt",
            "aws_subnet.windows_public_subnet",
            "aws_vpc.windows_vpc"
          ]
        }
      ]
    },
    {
      "mode": "managed",
      "type": "aws_security_group",
      "name": "windows_sg",
      "provider": "provider[\"registry.terraform.io/hashicorp/aws\"]",
      "instances": [
        {
          "index_key": 0,
          "schema_version": 1,
          "attributes": {
            "arn": "arn:aws:ec2:us-east-1:762595429056:security-group/sg-062741b80d48cf4ca",
            "description": "Security group for Windows EC2 instances",
            "egress": [
              {
                "cidr_blocks": [
                  "0.0.0.0/0"
                ],
                "description": "",
                "from_port": 0,
                "ipv6_cidr_blocks": [],
                "prefix_list_ids": [],
                "protocol": "-1",
                "security_groups": [],
                "self": false,
                "to_port": 0
              }
            ],
            "id": "sg-062741b80d48cf4ca",
            "ingress": [
              {
                "cidr_blocks": [
                  "172.16.0.0/16"
                ],
                "description": "",
                "from_port": 8530,
                "ipv6_cidr_blocks": [],
                "prefix_list_ids": [],
                "protocol": "tcp",
                "security_groups": [],
                "self": false,
                "to_port": 8531
              },
              {
                "cidr_blocks": [],
                "description": "",
                "from_port": 0,
                "ipv6_cidr_blocks": [],
                "prefix_list_ids": [],
                "protocol": "-1",
                "security_groups": [],
                "self": true,
                "to_port": 0
              }
            ],
            "name": "windows-instances-sg",
            "name_prefix": "",
            "owner_id": "762595429056",
            "region": "us-east-1",
            "revoke_rules_on_delete": false,
            "tags": {
              "Name": "learn-tf-aws-vpc-windows-sg"
            },
            "tags_all": {
              "Name": "learn-tf-aws-vpc-windows-sg"
            },
            "timeouts": null,
            "vpc_id": "vpc-01c9d15b98d748a8f"
          },
          "sensitive_attributes": [],
          "identity_schema_version": 0,
          "identity": {
            "account_id": "762595429056",
            "id": "sg-062741b80d48cf4ca",
            "region": "us-east-1"
          },
          "private": "eyJlMmJmYjczMC1lY2FhLTExZTYtOGY4OC0zNDM2M2JjN2M0YzAiOnsiY3JlYXRlIjo2MDAwMDAwMDAwMDAsImRlbGV0ZSI6OTAwMDAwMDAwMDAwfSwic2NoZW1hX3ZlcnNpb24iOiIxIn0=",
          "dependencies": [
            "aws_vpc.windows_vpc"
          ]
        }
      ]
    },
    {
      "mode": "managed",
      "type": "aws_sns_topic",
      "name": "alarm_notifications",
      "provider": "provider[\"registry.terraform.io/hashicorp/aws\"]",
      "instances": [
        {
          "schema_version": 0,
          "attributes": {
            "application_failure_feedback_role_arn": "",
            "application_success_feedback_role_arn": "",
            "application_success_feedback_sample_rate": 0,
            "archive_policy": "",
            "arn": "arn:aws:sns:us-east-1:762595429056:learn-tf-aws-vpc-alarm-notifications",
            "beginning_archive_time": "",
            "content_based_deduplication": false,
            "delivery_policy": "",
            "display_name": "",
            "fifo_throughput_scope": "",
            "fifo_topic": false,
            "firehose_failure_feedback_role_arn": "",
            "firehose_success_feedback_role_arn": "",
            "firehose_success_feedback_sample_rate": 0,
            "http_failure_feedback_role_arn": "",
            "http_success_feedback_role_arn": "",
            "http_success_feedback_sample_rate": 0,
            "id": "arn:aws:sns:us-east-1:762595429056:learn-tf-aws-vpc-alarm-notifications",
            "kms_master_key_id": "",
            "lambda_failure_feedback_role_arn": "",
            "lambda_success_feedback_role_arn": "",
            "lambda_success_feedback_sample_rate": 0,
            "name": "learn-tf-aws-vpc-alarm-notifications",
            "name_prefix": "",
            "owner": "762595429056",
            "policy": "{\"Id\":\"__default_policy_ID\",\"Statement\":[{\"Action\":[\"SNS:GetTopicAttributes\",\"SNS:SetTopicAttributes\",\"SNS:AddPermission\",\"SNS:RemovePermission\",\"SNS:DeleteTopic\",\"SNS:Subscribe\",\"SNS:ListSubscriptionsByTopic\",\"SNS:Publish\"],\"Condition\":{\"StringEquals\":{\"AWS:SourceOwner\":\"762595429056\"}},\"Effect\":\"Allow\",\"Principal\":{\"AWS\":\"*\"},\"Resource\":\"arn:aws:sns:us-east-1:762595429056:learn-tf-aws-vpc-alarm-notifications\",\"Sid\":\"__default_statement_ID\"}],\"Version\":\"2008-10-17\"}",
            "region": "us-east-1",
            "signature_version": 0,
            "sqs_failure_feedback_role_arn": "",
            "sqs_success_feedback_role_arn": "",
            "sqs_success_feedback_sample_rate": 0,
            "tags": {
              "Name": "learn-tf-aws-vpc-alarm-notifications"
            },
            "tags_all": {
              "Name": "learn-tf-aws-vpc-alarm-notifications"
            },
            "tracing_config": ""
          },
          "sensitive_attributes": [],
          "identity_schema_version": 0,
          "identity": {
            "arn": "arn:aws:sns:us-east-1:762595429056:learn-tf-aws-vpc-alarm-notifications"
          },
          "private": "bnVsbA=="
        }
      ]
    },
    {
      "mode": "managed",
      "type": "aws_subnet",
      "name": "private_subnet_01",
      "provider": "provider[\"registry.terraform.io/hashicorp/aws\"]",
      "instances": [
        {
          "index_key": 0,
          "schema_version": 1,
          "attributes": {
            "arn": "arn:aws:ec2:us-east-1:762595429056:subnet/subnet-03ee2c02dd1fad784",
            "assign_ipv6_address_on_creation": false,
            "availability_zone": "us-east-1a",
            "availability_zone_id": "use1-az6",
            "cidr_block": "172.16.2.0/24",
            "customer_owned_ipv4_pool": "",
            "enable_dns64": false,
            "enable_lni_at_device_index": 0,
            "enable_resource_name_dns_a_record_on_launch": false,
            "enable_resource_name_dns_aaaa_record_on_launch": false,
            "id": "subnet-03ee2c02dd1fad784",
            "ipv4_ipam_pool_id": null,
            "ipv4_netmask_length": null,
            "ipv6_cidr_block": "",
            "ipv6_cidr_block_association_id": "",
            "ipv6_ipam_pool_id": null,
            "ipv6_native": false,
            "ipv6_netmask_length": null,
            "map_customer_owned_ip_on_launch": false,
            "map_public_ip_on_launch": false,
            "outpost_arn": "",
            "owner_id": "762595429056",
            "private_dns_hostname_type_on_launch": "ip-name",
            "region": "us-east-1",
            "tags": {
              "Name": "learn-tf-aws-vpc-rhel-pv-sub-01"
            },
            "tags_all": {
              "Name": "learn-tf-aws-vpc-rhel-pv-sub-01"
            },
            "timeouts": null,
            "vpc_id": "vpc-0f0ec10d8b58bbf34"
          },
          "sensitive_attributes": [],
          "identity_schema_version": 0,
          "identity": {
            "account_id": "762595429056",
            "id": "subnet-03ee2c02dd1fad784",
            "region": "us-east-1"
          },
          "private": "eyJlMmJmYjczMC1lY2FhLTExZTYtOGY4OC0zNDM2M2JjN2M0YzAiOnsiY3JlYXRlIjo2MDAwMDAwMDAwMDAsImRlbGV0ZSI6MTIwMDAwMDAwMDAwMH0sInNjaGVtYV92ZXJzaW9uIjoiMSJ9",
          "dependencies": [
            "aws_vpc.demo_main_vpc"
          ]
        },
        {
          "index_key": 1,
          "schema_version": 1,
          "attributes": {
            "arn": "arn:aws:ec2:us-east-1:762595429056:subnet/subnet-0ea710535abb82d5f",
            "assign_ipv6_address_on_creation": false,
            "availability_zone": "us-east-1b",
            "availability_zone_id": "use1-az1",
            "cidr_block": "172.16.4.0/24",
            "customer_owned_ipv4_pool": "",
            "enable_dns64": false,
            "enable_lni_at_device_index": 0,
            "enable_resource_name_dns_a_record_on_launch": false,
            "enable_resource_name_dns_aaaa_record_on_launch": false,
            "id": "subnet-0ea710535abb82d5f",
            "ipv4_ipam_pool_id": null,
            "ipv4_netmask_length": null,
            "ipv6_cidr_block": "",
            "ipv6_cidr_block_association_id": "",
            "ipv6_ipam_pool_id": null,
            "ipv6_native": false,
            "ipv6_netmask_length": null,
            "map_customer_owned_ip_on_launch": false,
            "map_public_ip_on_launch": false,
            "outpost_arn": "",
            "owner_id": "762595429056",
            "private_dns_hostname_type_on_launch": "ip-name",
            "region": "us-east-1",
            "tags": {
              "Name": "learn-tf-aws-vpc-rhel-pv-sub-01"
            },
            "tags_all": {
              "Name": "learn-tf-aws-vpc-rhel-pv-sub-01"
            },
            "timeouts": null,
            "vpc_id": "vpc-0f0ec10d8b58bbf34"
          },
          "sensitive_attributes": [],
          "identity_schema_version": 0,
          "identity": {
            "account_id": "762595429056",
            "id": "subnet-0ea710535abb82d5f",
            "region": "us-east-1"
          },
          "private": "eyJlMmJmYjczMC1lY2FhLTExZTYtOGY4OC0zNDM2M2JjN2M0YzAiOnsiY3JlYXRlIjo2MDAwMDAwMDAwMDAsImRlbGV0ZSI6MTIwMDAwMDAwMDAwMH0sInNjaGVtYV92ZXJzaW9uIjoiMSJ9",
          "dependencies": [
            "aws_vpc.demo_main_vpc"
          ]
        },
        {
          "index_key": 2,
          "schema_version": 1,
          "attributes": {
            "arn": "arn:aws:ec2:us-east-1:762595429056:subnet/subnet-0a9e95f3914cdd0a7",
            "assign_ipv6_address_on_creation": false,
            "availability_zone": "us-east-1c",
            "availability_zone_id": "use1-az2",
            "cidr_block": "172.16.6.0/24",
            "customer_owned_ipv4_pool": "",
            "enable_dns64": false,
            "enable_lni_at_device_index": 0,
            "enable_resource_name_dns_a_record_on_launch": false,
            "enable_resource_name_dns_aaaa_record_on_launch": false,
            "id": "subnet-0a9e95f3914cdd0a7",
            "ipv4_ipam_pool_id": null,
            "ipv4_netmask_length": null,
            "ipv6_cidr_block": "",
            "ipv6_cidr_block_association_id": "",
            "ipv6_ipam_pool_id": null,
            "ipv6_native": false,
            "ipv6_netmask_length": null,
            "map_customer_owned_ip_on_launch": false,
            "map_public_ip_on_launch": false,
            "outpost_arn": "",
            "owner_id": "762595429056",
            "private_dns_hostname_type_on_launch": "ip-name",
            "region": "us-east-1",
            "tags": {
              "Name": "learn-tf-aws-vpc-rhel-pv-sub-01"
            },
            "tags_all": {
              "Name": "learn-tf-aws-vpc-rhel-pv-sub-01"
            },
            "timeouts": null,
            "vpc_id": "vpc-0f0ec10d8b58bbf34"
          },
          "sensitive_attributes": [],
          "identity_schema_version": 0,
          "identity": {
            "account_id": "762595429056",
            "id": "subnet-0a9e95f3914cdd0a7",
            "region": "us-east-1"
          },
          "private": "eyJlMmJmYjczMC1lY2FhLTExZTYtOGY4OC0zNDM2M2JjN2M0YzAiOnsiY3JlYXRlIjo2MDAwMDAwMDAwMDAsImRlbGV0ZSI6MTIwMDAwMDAwMDAwMH0sInNjaGVtYV92ZXJzaW9uIjoiMSJ9",
          "dependencies": [
            "aws_vpc.demo_main_vpc"
          ]
        }
      ]
    },
    {
      "mode": "managed",
      "type": "aws_subnet",
      "name": "public_subnet_01",
      "provider": "provider[\"registry.terraform.io/hashicorp/aws\"]",
      "instances": [
        {
          "index_key": 0,
          "schema_version": 1,
          "attributes": {
            "arn": "arn:aws:ec2:us-east-1:762595429056:subnet/subnet-0152e247b80b84303",
            "assign_ipv6_address_on_creation": false,
            "availability_zone": "us-east-1a",
            "availability_zone_id": "use1-az6",
            "cidr_block": "172.16.1.0/24",
            "customer_owned_ipv4_pool": "",
            "enable_dns64": false,
            "enable_lni_at_device_index": 0,
            "enable_resource_name_dns_a_record_on_launch": false,
            "enable_resource_name_dns_aaaa_record_on_launch": false,
            "id": "subnet-0152e247b80b84303",
            "ipv4_ipam_pool_id": null,
            "ipv4_netmask_length": null,
            "ipv6_cidr_block": "",
            "ipv6_cidr_block_association_id": "",
            "ipv6_ipam_pool_id": null,
            "ipv6_native": false,
            "ipv6_netmask_length": null,
            "map_customer_owned_ip_on_launch": false,
            "map_public_ip_on_launch": true,
            "outpost_arn": "",
            "owner_id": "762595429056",
            "private_dns_hostname_type_on_launch": "ip-name",
            "region": "us-east-1",
            "tags": {
              "Name": "learn-tf-aws-vpc-rhel-pb-sub-01"
            },
            "tags_all": {
              "Name": "learn-tf-aws-vpc-rhel-pb-sub-01"
            },
            "timeouts": null,
            "vpc_id": "vpc-0f0ec10d8b58bbf34"
          },
          "sensitive_attributes": [],
          "identity_schema_version": 0,
          "identity": {
            "account_id": "762595429056",
            "id": "subnet-0152e247b80b84303",
            "region": "us-east-1"
          },
          "private": "eyJlMmJmYjczMC1lY2FhLTExZTYtOGY4OC0zNDM2M2JjN2M0YzAiOnsiY3JlYXRlIjo2MDAwMDAwMDAwMDAsImRlbGV0ZSI6MTIwMDAwMDAwMDAwMH0sInNjaGVtYV92ZXJzaW9uIjoiMSJ9",
          "dependencies": [
            "aws_vpc.demo_main_vpc"
          ]
        },
        {
          "index_key": 1,
          "schema_version": 1,
          "attributes": {
            "arn": "arn:aws:ec2:us-east-1:762595429056:subnet/subnet-0eb094cf0de357237",
            "assign_ipv6_address_on_creation": false,
            "availability_zone": "us-east-1b",
            "availability_zone_id": "use1-az1",
            "cidr_block": "172.16.3.0/24",
            "customer_owned_ipv4_pool": "",
            "enable_dns64": false,
            "enable_lni_at_device_index": 0,
            "enable_resource_name_dns_a_record_on_launch": false,
            "enable_resource_name_dns_aaaa_record_on_launch": false,
            "id": "subnet-0eb094cf0de357237",
            "ipv4_ipam_pool_id": null,
            "ipv4_netmask_length": null,
            "ipv6_cidr_block": "",
            "ipv6_cidr_block_association_id": "",
            "ipv6_ipam_pool_id": null,
            "ipv6_native": false,
            "ipv6_netmask_length": null,
            "map_customer_owned_ip_on_launch": false,
            "map_public_ip_on_launch": true,
            "outpost_arn": "",
            "owner_id": "762595429056",
            "private_dns_hostname_type_on_launch": "ip-name",
            "region": "us-east-1",
            "tags": {
              "Name": "learn-tf-aws-vpc-rhel-pb-sub-01"
            },
            "tags_all": {
              "Name": "learn-tf-aws-vpc-rhel-pb-sub-01"
            },
            "timeouts": null,
            "vpc_id": "vpc-0f0ec10d8b58bbf34"
          },
          "sensitive_attributes": [],
          "identity_schema_version": 0,
          "identity": {
            "account_id": "762595429056",
            "id": "subnet-0eb094cf0de357237",
            "region": "us-east-1"
          },
          "private": "eyJlMmJmYjczMC1lY2FhLTExZTYtOGY4OC0zNDM2M2JjN2M0YzAiOnsiY3JlYXRlIjo2MDAwMDAwMDAwMDAsImRlbGV0ZSI6MTIwMDAwMDAwMDAwMH0sInNjaGVtYV92ZXJzaW9uIjoiMSJ9",
          "dependencies": [
            "aws_vpc.demo_main_vpc"
          ]
        },
        {
          "index_key": 2,
          "schema_version": 1,
          "attributes": {
            "arn": "arn:aws:ec2:us-east-1:762595429056:subnet/subnet-06af061654cd7e25b",
            "assign_ipv6_address_on_creation": false,
            "availability_zone": "us-east-1c",
            "availability_zone_id": "use1-az2",
            "cidr_block": "172.16.5.0/24",
            "customer_owned_ipv4_pool": "",
            "enable_dns64": false,
            "enable_lni_at_device_index": 0,
            "enable_resource_name_dns_a_record_on_launch": false,
            "enable_resource_name_dns_aaaa_record_on_launch": false,
            "id": "subnet-06af061654cd7e25b",
            "ipv4_ipam_pool_id": null,
            "ipv4_netmask_length": null,
            "ipv6_cidr_block": "",
            "ipv6_cidr_block_association_id": "",
            "ipv6_ipam_pool_id": null,
            "ipv6_native": false,
            "ipv6_netmask_length": null,
            "map_customer_owned_ip_on_launch": false,
            "map_public_ip_on_launch": true,
            "outpost_arn": "",
            "owner_id": "762595429056",
            "private_dns_hostname_type_on_launch": "ip-name",
            "region": "us-east-1",
            "tags": {
              "Name": "learn-tf-aws-vpc-rhel-pb-sub-01"
            },
            "tags_all": {
              "Name": "learn-tf-aws-vpc-rhel-pb-sub-01"
            },
            "timeouts": null,
            "vpc_id": "vpc-0f0ec10d8b58bbf34"
          },
          "sensitive_attributes": [],
          "identity_schema_version": 0,
          "identity": {
            "account_id": "762595429056",
            "id": "subnet-06af061654cd7e25b",
            "region": "us-east-1"
          },
          "private": "eyJlMmJmYjczMC1lY2FhLTExZTYtOGY4OC0zNDM2M2JjN2M0YzAiOnsiY3JlYXRlIjo2MDAwMDAwMDAwMDAsImRlbGV0ZSI6MTIwMDAwMDAwMDAwMH0sInNjaGVtYV92ZXJzaW9uIjoiMSJ9",
          "dependencies": [
            "aws_vpc.demo_main_vpc"
          ]
        }
      ]
    },
    {
      "mode": "managed",
      "type": "aws_subnet",
      "name": "windows_private_subnet",
      "provider": "provider[\"registry.terraform.io/hashicorp/aws\"]",
      "instances": [
        {
          "index_key": 0,
          "schema_version": 1,
          "attributes": {
            "arn": "arn:aws:ec2:us-east-1:762595429056:subnet/subnet-01193a17ddc6938c3",
            "assign_ipv6_address_on_creation": false,
            "availability_zone": "us-east-1a",
            "availability_zone_id": "use1-az6",
            "cidr_block": "172.17.2.0/24",
            "customer_owned_ipv4_pool": "",
            "enable_dns64": false,
            "enable_lni_at_device_index": 0,
            "enable_resource_name_dns_a_record_on_launch": false,
            "enable_resource_name_dns_aaaa_record_on_launch": false,
            "id": "subnet-01193a17ddc6938c3",
            "ipv4_ipam_pool_id": null,
            "ipv4_netmask_length": null,
            "ipv6_cidr_block": "",
            "ipv6_cidr_block_association_id": "",
            "ipv6_ipam_pool_id": null,
            "ipv6_native": false,
            "ipv6_netmask_length": null,
            "map_customer_owned_ip_on_launch": false,
            "map_public_ip_on_launch": false,
            "outpost_arn": "",
            "owner_id": "762595429056",
            "private_dns_hostname_type_on_launch": "ip-name",
            "region": "us-east-1",
            "tags": {
              "Name": "learn-tf-aws-vpc-windows-pv-sub-01"
            },
            "tags_all": {
              "Name": "learn-tf-aws-vpc-windows-pv-sub-01"
            },
            "timeouts": null,
            "vpc_id": "vpc-01c9d15b98d748a8f"
          },
          "sensitive_attributes": [],
          "identity_schema_version": 0,
          "identity": {
            "account_id": "762595429056",
            "id": "subnet-01193a17ddc6938c3",
            "region": "us-east-1"
          },
          "private": "eyJlMmJmYjczMC1lY2FhLTExZTYtOGY4OC0zNDM2M2JjN2M0YzAiOnsiY3JlYXRlIjo2MDAwMDAwMDAwMDAsImRlbGV0ZSI6MTIwMDAwMDAwMDAwMH0sInNjaGVtYV92ZXJzaW9uIjoiMSJ9",
          "dependencies": [
            "aws_vpc.windows_vpc"
          ]
        },
        {
          "index_key": 1,
          "schema_version": 1,
          "attributes": {
            "arn": "arn:aws:ec2:us-east-1:762595429056:subnet/subnet-088a7028c0c831e6b",
            "assign_ipv6_address_on_creation": false,
            "availability_zone": "us-east-1b",
            "availability_zone_id": "use1-az1",
            "cidr_block": "172.17.4.0/24",
            "customer_owned_ipv4_pool": "",
            "enable_dns64": false,
            "enable_lni_at_device_index": 0,
            "enable_resource_name_dns_a_record_on_launch": false,
            "enable_resource_name_dns_aaaa_record_on_launch": false,
            "id": "subnet-088a7028c0c831e6b",
            "ipv4_ipam_pool_id": null,
            "ipv4_netmask_length": null,
            "ipv6_cidr_block": "",
            "ipv6_cidr_block_association_id": "",
            "ipv6_ipam_pool_id": null,
            "ipv6_native": false,
            "ipv6_netmask_length": null,
            "map_customer_owned_ip_on_launch": false,
            "map_public_ip_on_launch": false,
            "outpost_arn": "",
            "owner_id": "762595429056",
            "private_dns_hostname_type_on_launch": "ip-name",
            "region": "us-east-1",
            "tags": {
              "Name": "learn-tf-aws-vpc-windows-pv-sub-01"
            },
            "tags_all": {
              "Name": "learn-tf-aws-vpc-windows-pv-sub-01"
            },
            "timeouts": null,
            "vpc_id": "vpc-01c9d15b98d748a8f"
          },
          "sensitive_attributes": [],
          "identity_schema_version": 0,
          "identity": {
            "account_id": "762595429056",
            "id": "subnet-088a7028c0c831e6b",
            "region": "us-east-1"
          },
          "private": "eyJlMmJmYjczMC1lY2FhLTExZTYtOGY4OC0zNDM2M2JjN2M0YzAiOnsiY3JlYXRlIjo2MDAwMDAwMDAwMDAsImRlbGV0ZSI6MTIwMDAwMDAwMDAwMH0sInNjaGVtYV92ZXJzaW9uIjoiMSJ9",
          "dependencies": [
            "aws_vpc.windows_vpc"
          ]
        },
        {
          "index_key": 2,
          "schema_version": 1,
          "attributes": {
            "arn": "arn:aws:ec2:us-east-1:762595429056:subnet/subnet-077bd6c7ea8e491ea",
            "assign_ipv6_address_on_creation": false,
            "availability_zone": "us-east-1c",
            "availability_zone_id": "use1-az2",
            "cidr_block": "172.17.6.0/24",
            "customer_owned_ipv4_pool": "",
            "enable_dns64": false,
            "enable_lni_at_device_index": 0,
            "enable_resource_name_dns_a_record_on_launch": false,
            "enable_resource_name_dns_aaaa_record_on_launch": false,
            "id": "subnet-077bd6c7ea8e491ea",
            "ipv4_ipam_pool_id": null,
            "ipv4_netmask_length": null,
            "ipv6_cidr_block": "",
            "ipv6_cidr_block_association_id": "",
            "ipv6_ipam_pool_id": null,
            "ipv6_native": false,
            "ipv6_netmask_length": null,
            "map_customer_owned_ip_on_launch": false,
            "map_public_ip_on_launch": false,
            "outpost_arn": "",
            "owner_id": "762595429056",
            "private_dns_hostname_type_on_launch": "ip-name",
            "region": "us-east-1",
            "tags": {
              "Name": "learn-tf-aws-vpc-windows-pv-sub-01"
            },
            "tags_all": {
              "Name": "learn-tf-aws-vpc-windows-pv-sub-01"
            },
            "timeouts": null,
            "vpc_id": "vpc-01c9d15b98d748a8f"
          },
          "sensitive_attributes": [],
          "identity_schema_version": 0,
          "identity": {
            "account_id": "762595429056",
            "id": "subnet-077bd6c7ea8e491ea",
            "region": "us-east-1"
          },
          "private": "eyJlMmJmYjczMC1lY2FhLTExZTYtOGY4OC0zNDM2M2JjN2M0YzAiOnsiY3JlYXRlIjo2MDAwMDAwMDAwMDAsImRlbGV0ZSI6MTIwMDAwMDAwMDAwMH0sInNjaGVtYV92ZXJzaW9uIjoiMSJ9",
          "dependencies": [
            "aws_vpc.windows_vpc"
          ]
        }
      ]
    },
    {
      "mode": "managed",
      "type": "aws_subnet",
      "name": "windows_public_subnet",
      "provider": "provider[\"registry.terraform.io/hashicorp/aws\"]",
      "instances": [
        {
          "index_key": 0,
          "schema_version": 1,
          "attributes": {
            "arn": "arn:aws:ec2:us-east-1:762595429056:subnet/subnet-04f7688255b089461",
            "assign_ipv6_address_on_creation": false,
            "availability_zone": "us-east-1a",
            "availability_zone_id": "use1-az6",
            "cidr_block": "172.17.1.0/24",
            "customer_owned_ipv4_pool": "",
            "enable_dns64": false,
            "enable_lni_at_device_index": 0,
            "enable_resource_name_dns_a_record_on_launch": false,
            "enable_resource_name_dns_aaaa_record_on_launch": false,
            "id": "subnet-04f7688255b089461",
            "ipv4_ipam_pool_id": null,
            "ipv4_netmask_length": null,
            "ipv6_cidr_block": "",
            "ipv6_cidr_block_association_id": "",
            "ipv6_ipam_pool_id": null,
            "ipv6_native": false,
            "ipv6_netmask_length": null,
            "map_customer_owned_ip_on_launch": false,
            "map_public_ip_on_launch": true,
            "outpost_arn": "",
            "owner_id": "762595429056",
            "private_dns_hostname_type_on_launch": "ip-name",
            "region": "us-east-1",
            "tags": {
              "Name": "learn-tf-aws-vpc-windows-pb-sub-01"
            },
            "tags_all": {
              "Name": "learn-tf-aws-vpc-windows-pb-sub-01"
            },
            "timeouts": null,
            "vpc_id": "vpc-01c9d15b98d748a8f"
          },
          "sensitive_attributes": [],
          "identity_schema_version": 0,
          "identity": {
            "account_id": "762595429056",
            "id": "subnet-04f7688255b089461",
            "region": "us-east-1"
          },
          "private": "eyJlMmJmYjczMC1lY2FhLTExZTYtOGY4OC0zNDM2M2JjN2M0YzAiOnsiY3JlYXRlIjo2MDAwMDAwMDAwMDAsImRlbGV0ZSI6MTIwMDAwMDAwMDAwMH0sInNjaGVtYV92ZXJzaW9uIjoiMSJ9",
          "dependencies": [
            "aws_vpc.windows_vpc"
          ]
        },
        {
          "index_key": 1,
          "schema_version": 1,
          "attributes": {
            "arn": "arn:aws:ec2:us-east-1:762595429056:subnet/subnet-0543e97ed97061562",
            "assign_ipv6_address_on_creation": false,
            "availability_zone": "us-east-1b",
            "availability_zone_id": "use1-az1",
            "cidr_block": "172.17.3.0/24",
            "customer_owned_ipv4_pool": "",
            "enable_dns64": false,
            "enable_lni_at_device_index": 0,
            "enable_resource_name_dns_a_record_on_launch": false,
            "enable_resource_name_dns_aaaa_record_on_launch": false,
            "id": "subnet-0543e97ed97061562",
            "ipv4_ipam_pool_id": null,
            "ipv4_netmask_length": null,
            "ipv6_cidr_block": "",
            "ipv6_cidr_block_association_id": "",
            "ipv6_ipam_pool_id": null,
            "ipv6_native": false,
            "ipv6_netmask_length": null,
            "map_customer_owned_ip_on_launch": false,
            "map_public_ip_on_launch": true,
            "outpost_arn": "",
            "owner_id": "762595429056",
            "private_dns_hostname_type_on_launch": "ip-name",
            "region": "us-east-1",
            "tags": {
              "Name": "learn-tf-aws-vpc-windows-pb-sub-01"
            },
            "tags_all": {
              "Name": "learn-tf-aws-vpc-windows-pb-sub-01"
            },
            "timeouts": null,
            "vpc_id": "vpc-01c9d15b98d748a8f"
          },
          "sensitive_attributes": [],
          "identity_schema_version": 0,
          "identity": {
            "account_id": "762595429056",
            "id": "subnet-0543e97ed97061562",
            "region": "us-east-1"
          },
          "private": "eyJlMmJmYjczMC1lY2FhLTExZTYtOGY4OC0zNDM2M2JjN2M0YzAiOnsiY3JlYXRlIjo2MDAwMDAwMDAwMDAsImRlbGV0ZSI6MTIwMDAwMDAwMDAwMH0sInNjaGVtYV92ZXJzaW9uIjoiMSJ9",
          "dependencies": [
            "aws_vpc.windows_vpc"
          ]
        },
        {
          "index_key": 2,
          "schema_version": 1,
          "attributes": {
            "arn": "arn:aws:ec2:us-east-1:762595429056:subnet/subnet-0f15f47d4bf61c99c",
            "assign_ipv6_address_on_creation": false,
            "availability_zone": "us-east-1c",
            "availability_zone_id": "use1-az2",
            "cidr_block": "172.17.5.0/24",
            "customer_owned_ipv4_pool": "",
            "enable_dns64": false,
            "enable_lni_at_device_index": 0,
            "enable_resource_name_dns_a_record_on_launch": false,
            "enable_resource_name_dns_aaaa_record_on_launch": false,
            "id": "subnet-0f15f47d4bf61c99c",
            "ipv4_ipam_pool_id": null,
            "ipv4_netmask_length": null,
            "ipv6_cidr_block": "",
            "ipv6_cidr_block_association_id": "",
            "ipv6_ipam_pool_id": null,
            "ipv6_native": false,
            "ipv6_netmask_length": null,
            "map_customer_owned_ip_on_launch": false,
            "map_public_ip_on_launch": true,
            "outpost_arn": "",
            "owner_id": "762595429056",
            "private_dns_hostname_type_on_launch": "ip-name",
            "region": "us-east-1",
            "tags": {
              "Name": "learn-tf-aws-vpc-windows-pb-sub-01"
            },
            "tags_all": {
              "Name": "learn-tf-aws-vpc-windows-pb-sub-01"
            },
            "timeouts": null,
            "vpc_id": "vpc-01c9d15b98d748a8f"
          },
          "sensitive_attributes": [],
          "identity_schema_version": 0,
          "identity": {
            "account_id": "762595429056",
            "id": "subnet-0f15f47d4bf61c99c",
            "region": "us-east-1"
          },
          "private": "eyJlMmJmYjczMC1lY2FhLTExZTYtOGY4OC0zNDM2M2JjN2M0YzAiOnsiY3JlYXRlIjo2MDAwMDAwMDAwMDAsImRlbGV0ZSI6MTIwMDAwMDAwMDAwMH0sInNjaGVtYV92ZXJzaW9uIjoiMSJ9",
          "dependencies": [
            "aws_vpc.windows_vpc"
          ]
        }
      ]
    },
    {
      "mode": "managed",
      "type": "aws_vpc",
      "name": "demo_main_vpc",
      "provider": "provider[\"registry.terraform.io/hashicorp/aws\"]",
      "instances": [
        {
          "index_key": 0,
          "schema_version": 1,
          "attributes": {
            "arn": "arn:aws:ec2:us-east-1:762595429056:vpc/vpc-0f0ec10d8b58bbf34",
            "assign_generated_ipv6_cidr_block": false,
            "cidr_block": "172.16.0.0/16",
            "default_network_acl_id": "acl-05d2e13307129ff8b",
            "default_route_table_id": "rtb-0d02402e642b3515c",
            "default_security_group_id": "sg-01f511e906ffb40fb",
            "dhcp_options_id": "dopt-015d302a35bf5e9c7",
            "enable_dns_hostnames": true,
            "enable_dns_support": true,
            "enable_network_address_usage_metrics": false,
            "id": "vpc-0f0ec10d8b58bbf34",
            "instance_tenancy": "default",
            "ipv4_ipam_pool_id": null,
            "ipv4_netmask_length": null,
            "ipv6_association_id": "",
            "ipv6_cidr_block": "",
            "ipv6_cidr_block_network_border_group": "",
            "ipv6_ipam_pool_id": "",
            "ipv6_netmask_length": 0,
            "main_route_table_id": "rtb-0d02402e642b3515c",
            "owner_id": "762595429056",
            "region": "us-east-1",
            "tags": {
              "Name": "learn-tf-aws-vpc-rhel-vpc"
            },
            "tags_all": {
              "Name": "learn-tf-aws-vpc-rhel-vpc"
            }
          },
          "sensitive_attributes": [],
          "identity_schema_version": 0,
          "identity": {
            "account_id": "762595429056",
            "id": "vpc-0f0ec10d8b58bbf34",
            "region": "us-east-1"
          },
          "private": "eyJzY2hlbWFfdmVyc2lvbiI6IjEifQ=="
        }
      ]
    },
    {
      "mode": "managed",
      "type": "aws_vpc",
      "name": "windows_vpc",
      "provider": "provider[\"registry.terraform.io/hashicorp/aws\"]",
      "instances": [
        {
          "index_key": 0,
          "schema_version": 1,
          "attributes": {
            "arn": "arn:aws:ec2:us-east-1:762595429056:vpc/vpc-01c9d15b98d748a8f",
            "assign_generated_ipv6_cidr_block": false,
            "cidr_block": "172.17.0.0/16",
            "default_network_acl_id": "acl-06eaca9c2840fe0d4",
            "default_route_table_id": "rtb-0c0aaae6e2b3c52ef",
            "default_security_group_id": "sg-0e943750f93fe7f86",
            "dhcp_options_id": "dopt-015d302a35bf5e9c7",
            "enable_dns_hostnames": true,
            "enable_dns_support": true,
            "enable_network_address_usage_metrics": false,
            "id": "vpc-01c9d15b98d748a8f",
            "instance_tenancy": "default",
            "ipv4_ipam_pool_id": null,
            "ipv4_netmask_length": null,
            "ipv6_association_id": "",
            "ipv6_cidr_block": "",
            "ipv6_cidr_block_network_border_group": "",
            "ipv6_ipam_pool_id": "",
            "ipv6_netmask_length": 0,
            "main_route_table_id": "rtb-0c0aaae6e2b3c52ef",
            "owner_id": "762595429056",
            "region": "us-east-1",
            "tags": {
              "Name": "learn-tf-aws-vpc-windows-vpc"
            },
            "tags_all": {
              "Name": "learn-tf-aws-vpc-windows-vpc"
            }
          },
          "sensitive_attributes": [],
          "identity_schema_version": 0,
          "identity": {
            "account_id": "762595429056",
            "id": "vpc-01c9d15b98d748a8f",
            "region": "us-east-1"
          },
          "private": "eyJzY2hlbWFfdmVyc2lvbiI6IjEifQ=="
        }
      ]
    }
  ],
  "check_results": null
}
