{
  "version": 4,
  "terraform_version": "1.14.3",
  "serial": 106,
  "lineage": "645f21b4-d321-9e67-e502-7c2a41b4e239",
  "outputs": {
    "aws_subnet_private": {
      "value": [
        "subnet-03daa608cbe1dd3b5"
      ],
      "type": [
        "list",
        "string"
      ]
    },
    "aws_subnet_public": {
      "value": [
        "subnet-08ad33bf42c269bbf"
      ],
      "type": [
        "tuple",
        [
          "string"
        ]
      ]
    },
    "aws_vpc_main": {
      "value": "vpc-064c3a979c0d5ae82",
      "type": "string"
    },
    "windows_client_private_ip": {
      "value": "172.16.1.141",
      "type": "string"
    },
    "windows_client_public_ip": {
      "value": "3.227.245.242",
      "type": "string"
    },
    "wsus_server_private_ip": {
      "value": "172.16.1.125",
      "type": "string"
    },
    "wsus_server_public_ip": {
      "value": "44.211.55.25",
      "type": "string"
    }
  },
  "resources": [
    {
      "mode": "data",
      "type": "aws_ami",
      "name": "windows_2016",
      "provider": "provider[\"registry.terraform.io/hashicorp/aws\"]",
      "instances": [
        {
          "schema_version": 0,
          "attributes": {
            "allow_unsafe_filter": null,
            "architecture": "x86_64",
            "arn": "arn:aws:ec2:us-east-1::image/ami-0c6fdd9faf0d80ecb",
            "block_device_mappings": [
              {
                "device_name": "/dev/sda1",
                "ebs": {
                  "delete_on_termination": "true",
                  "encrypted": "false",
                  "iops": "0",
                  "snapshot_id": "snap-0bab0471644d2d801",
                  "throughput": "0",
                  "volume_initialization_rate": "0",
                  "volume_size": "30",
                  "volume_type": "gp2"
                },
                "no_device": "",
                "virtual_name": ""
              },
              {
                "device_name": "xvdca",
                "ebs": {},
                "no_device": "",
                "virtual_name": "ephemeral0"
              },
              {
                "device_name": "xvdcb",
                "ebs": {},
                "no_device": "",
                "virtual_name": "ephemeral1"
              },
              {
                "device_name": "xvdcc",
                "ebs": {},
                "no_device": "",
                "virtual_name": "ephemeral2"
              },
              {
                "device_name": "xvdcd",
                "ebs": {},
                "no_device": "",
                "virtual_name": "ephemeral3"
              },
              {
                "device_name": "xvdce",
                "ebs": {},
                "no_device": "",
                "virtual_name": "ephemeral4"
              },
              {
                "device_name": "xvdcf",
                "ebs": {},
                "no_device": "",
                "virtual_name": "ephemeral5"
              },
              {
                "device_name": "xvdcg",
                "ebs": {},
                "no_device": "",
                "virtual_name": "ephemeral6"
              },
              {
                "device_name": "xvdch",
                "ebs": {},
                "no_device": "",
                "virtual_name": "ephemeral7"
              },
              {
                "device_name": "xvdci",
                "ebs": {},
                "no_device": "",
                "virtual_name": "ephemeral8"
              },
              {
                "device_name": "xvdcj",
                "ebs": {},
                "no_device": "",
                "virtual_name": "ephemeral9"
              },
              {
                "device_name": "xvdck",
                "ebs": {},
                "no_device": "",
                "virtual_name": "ephemeral10"
              },
              {
                "device_name": "xvdcl",
                "ebs": {},
                "no_device": "",
                "virtual_name": "ephemeral11"
              },
              {
                "device_name": "xvdcm",
                "ebs": {},
                "no_device": "",
                "virtual_name": "ephemeral12"
              },
              {
                "device_name": "xvdcn",
                "ebs": {},
                "no_device": "",
                "virtual_name": "ephemeral13"
              },
              {
                "device_name": "xvdco",
                "ebs": {},
                "no_device": "",
                "virtual_name": "ephemeral14"
              },
              {
                "device_name": "xvdcp",
                "ebs": {},
                "no_device": "",
                "virtual_name": "ephemeral15"
              },
              {
                "device_name": "xvdcq",
                "ebs": {},
                "no_device": "",
                "virtual_name": "ephemeral16"
              },
              {
                "device_name": "xvdcr",
                "ebs": {},
                "no_device": "",
                "virtual_name": "ephemeral17"
              },
              {
                "device_name": "xvdcs",
                "ebs": {},
                "no_device": "",
                "virtual_name": "ephemeral18"
              },
              {
                "device_name": "xvdct",
                "ebs": {},
                "no_device": "",
                "virtual_name": "ephemeral19"
              },
              {
                "device_name": "xvdcu",
                "ebs": {},
                "no_device": "",
                "virtual_name": "ephemeral20"
              },
              {
                "device_name": "xvdcv",
                "ebs": {},
                "no_device": "",
                "virtual_name": "ephemeral21"
              },
              {
                "device_name": "xvdcw",
                "ebs": {},
                "no_device": "",
                "virtual_name": "ephemeral22"
              },
              {
                "device_name": "xvdcx",
                "ebs": {},
                "no_device": "",
                "virtual_name": "ephemeral23"
              },
              {
                "device_name": "xvdcy",
                "ebs": {},
                "no_device": "",
                "virtual_name": "ephemeral24"
              },
              {
                "device_name": "xvdcz",
                "ebs": {},
                "no_device": "",
                "virtual_name": "ephemeral25"
              }
            ],
            "boot_mode": "",
            "creation_date": "2025-12-10T21:00:33.000Z",
            "deprecation_time": "2027-12-10T21:00:33.000Z",
            "description": "Microsoft Windows Server 2016 with Desktop Experience Locale English AMI provided by Amazon",
            "ena_support": true,
            "executable_users": null,
            "filter": [
              {
                "name": "name",
                "values": [
                  "Windows_Server-2016-English-Full-Base-*"
                ]
              }
            ],
            "hypervisor": "xen",
            "id": "ami-0c6fdd9faf0d80ecb",
            "image_id": "ami-0c6fdd9faf0d80ecb",
            "image_location": "amazon/Windows_Server-2016-English-Full-Base-2025.12.10",
            "image_owner_alias": "amazon",
            "image_type": "machine",
            "imds_support": "",
            "include_deprecated": false,
            "kernel_id": "",
            "last_launched_time": "",
            "most_recent": true,
            "name": "Windows_Server-2016-English-Full-Base-2025.12.10",
            "name_regex": null,
            "owner_id": "801119661308",
            "owners": [
              "amazon"
            ],
            "platform": "windows",
            "platform_details": "Windows",
            "product_codes": [],
            "public": true,
            "ramdisk_id": "",
            "region": "us-east-1",
            "root_device_name": "/dev/sda1",
            "root_device_type": "ebs",
            "root_snapshot_id": "snap-0bab0471644d2d801",
            "sriov_net_support": "simple",
            "state": "available",
            "state_reason": {
              "code": "UNSET",
              "message": "UNSET"
            },
            "tags": {},
            "timeouts": null,
            "tpm_support": "",
            "uefi_data": null,
            "usage_operation": "RunInstances:0002",
            "virtualization_type": "hvm"
          },
          "sensitive_attributes": [],
          "identity_schema_version": 0
        }
      ]
    },
    {
      "mode": "data",
      "type": "aws_ami",
      "name": "windows_2019",
      "provider": "provider[\"registry.terraform.io/hashicorp/aws\"]",
      "instances": [
        {
          "schema_version": 0,
          "attributes": {
            "allow_unsafe_filter": null,
            "architecture": "x86_64",
            "arn": "arn:aws:ec2:us-east-1::image/ami-0f73246b6299f4858",
            "block_device_mappings": [
              {
                "device_name": "/dev/sda1",
                "ebs": {
                  "delete_on_termination": "true",
                  "encrypted": "false",
                  "iops": "0",
                  "snapshot_id": "snap-0e6dd0a414858a0d7",
                  "throughput": "0",
                  "volume_initialization_rate": "0",
                  "volume_size": "30",
                  "volume_type": "gp2"
                },
                "no_device": "",
                "virtual_name": ""
              },
              {
                "device_name": "xvdca",
                "ebs": {},
                "no_device": "",
                "virtual_name": "ephemeral0"
              },
              {
                "device_name": "xvdcb",
                "ebs": {},
                "no_device": "",
                "virtual_name": "ephemeral1"
              },
              {
                "device_name": "xvdcc",
                "ebs": {},
                "no_device": "",
                "virtual_name": "ephemeral2"
              },
              {
                "device_name": "xvdcd",
                "ebs": {},
                "no_device": "",
                "virtual_name": "ephemeral3"
              },
              {
                "device_name": "xvdce",
                "ebs": {},
                "no_device": "",
                "virtual_name": "ephemeral4"
              },
              {
                "device_name": "xvdcf",
                "ebs": {},
                "no_device": "",
                "virtual_name": "ephemeral5"
              },
              {
                "device_name": "xvdcg",
                "ebs": {},
                "no_device": "",
                "virtual_name": "ephemeral6"
              },
              {
                "device_name": "xvdch",
                "ebs": {},
                "no_device": "",
                "virtual_name": "ephemeral7"
              },
              {
                "device_name": "xvdci",
                "ebs": {},
                "no_device": "",
                "virtual_name": "ephemeral8"
              },
              {
                "device_name": "xvdcj",
                "ebs": {},
                "no_device": "",
                "virtual_name": "ephemeral9"
              },
              {
                "device_name": "xvdck",
                "ebs": {},
                "no_device": "",
                "virtual_name": "ephemeral10"
              },
              {
                "device_name": "xvdcl",
                "ebs": {},
                "no_device": "",
                "virtual_name": "ephemeral11"
              },
              {
                "device_name": "xvdcm",
                "ebs": {},
                "no_device": "",
                "virtual_name": "ephemeral12"
              },
              {
                "device_name": "xvdcn",
                "ebs": {},
                "no_device": "",
                "virtual_name": "ephemeral13"
              },
              {
                "device_name": "xvdco",
                "ebs": {},
                "no_device": "",
                "virtual_name": "ephemeral14"
              },
              {
                "device_name": "xvdcp",
                "ebs": {},
                "no_device": "",
                "virtual_name": "ephemeral15"
              },
              {
                "device_name": "xvdcq",
                "ebs": {},
                "no_device": "",
                "virtual_name": "ephemeral16"
              },
              {
                "device_name": "xvdcr",
                "ebs": {},
                "no_device": "",
                "virtual_name": "ephemeral17"
              },
              {
                "device_name": "xvdcs",
                "ebs": {},
                "no_device": "",
                "virtual_name": "ephemeral18"
              },
              {
                "device_name": "xvdct",
                "ebs": {},
                "no_device": "",
                "virtual_name": "ephemeral19"
              },
              {
                "device_name": "xvdcu",
                "ebs": {},
                "no_device": "",
                "virtual_name": "ephemeral20"
              },
              {
                "device_name": "xvdcv",
                "ebs": {},
                "no_device": "",
                "virtual_name": "ephemeral21"
              },
              {
                "device_name": "xvdcw",
                "ebs": {},
                "no_device": "",
                "virtual_name": "ephemeral22"
              },
              {
                "device_name": "xvdcx",
                "ebs": {},
                "no_device": "",
                "virtual_name": "ephemeral23"
              },
              {
                "device_name": "xvdcy",
                "ebs": {},
                "no_device": "",
                "virtual_name": "ephemeral24"
              },
              {
                "device_name": "xvdcz",
                "ebs": {},
                "no_device": "",
                "virtual_name": "ephemeral25"
              }
            ],
            "boot_mode": "",
            "creation_date": "2025-12-10T20:19:01.000Z",
            "deprecation_time": "2027-12-10T20:19:01.000Z",
            "description": "Microsoft Windows Server 2019 with Desktop Experience Locale English AMI provided by Amazon",
            "ena_support": true,
            "executable_users": null,
            "filter": [
              {
                "name": "name",
                "values": [
                  "Windows_Server-2019-English-Full-Base-*"
                ]
              }
            ],
            "hypervisor": "xen",
            "id": "ami-0f73246b6299f4858",
            "image_id": "ami-0f73246b6299f4858",
            "image_location": "amazon/Windows_Server-2019-English-Full-Base-2025.12.10",
            "image_owner_alias": "amazon",
            "image_type": "machine",
            "imds_support": "",
            "include_deprecated": false,
            "kernel_id": "",
            "last_launched_time": "",
            "most_recent": true,
            "name": "Windows_Server-2019-English-Full-Base-2025.12.10",
            "name_regex": null,
            "owner_id": "801119661308",
            "owners": [
              "amazon"
            ],
            "platform": "windows",
            "platform_details": "Windows",
            "product_codes": [],
            "public": true,
            "ramdisk_id": "",
            "region": "us-east-1",
            "root_device_name": "/dev/sda1",
            "root_device_type": "ebs",
            "root_snapshot_id": "snap-0e6dd0a414858a0d7",
            "sriov_net_support": "simple",
            "state": "available",
            "state_reason": {
              "code": "UNSET",
              "message": "UNSET"
            },
            "tags": {},
            "timeouts": null,
            "tpm_support": "",
            "uefi_data": null,
            "usage_operation": "RunInstances:0002",
            "virtualization_type": "hvm"
          },
          "sensitive_attributes": [],
          "identity_schema_version": 0
        }
      ]
    },
    {
      "mode": "data",
      "type": "aws_iam_instance_profile",
      "name": "existing_ssm_profile",
      "provider": "provider[\"registry.terraform.io/hashicorp/aws\"]",
      "instances": [
        {
          "index_key": 0,
          "schema_version": 0,
          "attributes": {
            "arn": "arn:aws:iam::233812220516:instance-profile/learn-tf-aws-vpc-ssm-profile",
            "create_date": "2026-01-02 11:56:23 +0000 UTC",
            "id": "AIPATM4CLLJSJKZANDLJE",
            "name": "learn-tf-aws-vpc-ssm-profile",
            "path": "/",
            "role_arn": "arn:aws:iam::233812220516:role/learn-tf-aws-vpc-ssm-role",
            "role_id": "AROATM4CLLJSHKM2FRR2L",
            "role_name": "learn-tf-aws-vpc-ssm-role"
          },
          "sensitive_attributes": [],
          "identity_schema_version": 0
        }
      ]
    },
    {
      "mode": "data",
      "type": "aws_iam_role",
      "name": "existing_ssm_role",
      "provider": "provider[\"registry.terraform.io/hashicorp/aws\"]",
      "instances": [
        {
          "index_key": 0,
          "schema_version": 0,
          "attributes": {
            "arn": "arn:aws:iam::233812220516:role/learn-tf-aws-vpc-ssm-role",
            "assume_role_policy": "{\"Version\":\"2012-10-17\",\"Statement\":[{\"Effect\":\"Allow\",\"Principal\":{\"Service\":\"ec2.amazonaws.com\"},\"Action\":\"sts:AssumeRole\"}]}",
            "create_date": "2026-01-02T11:56:23Z",
            "description": "",
            "id": "learn-tf-aws-vpc-ssm-role",
            "max_session_duration": 3600,
            "name": "learn-tf-aws-vpc-ssm-role",
            "path": "/",
            "permissions_boundary": "",
            "role_last_used": [
              {
                "last_used_date": "2026-01-02T12:04:32Z",
                "region": "us-east-1"
              }
            ],
            "tags": {},
            "unique_id": "AROATM4CLLJSHKM2FRR2L"
          },
          "sensitive_attributes": [],
          "identity_schema_version": 0
        }
      ]
    },
    {
      "mode": "managed",
      "type": "aws_instance",
      "name": "windows_client_2016",
      "provider": "provider[\"registry.terraform.io/hashicorp/aws\"]",
      "instances": [
        {
          "index_key": 0,
          "schema_version": 2,
          "attributes": {
            "ami": "ami-0d8940f0876d45867",
            "arn": "arn:aws:ec2:us-east-1:233812220516:instance/i-015da3cbd9c7e9291",
            "associate_public_ip_address": true,
            "availability_zone": "us-east-1a",
            "capacity_reservation_specification": [
              {
                "capacity_reservation_preference": "open",
                "capacity_reservation_target": []
              }
            ],
            "cpu_options": [
              {
                "amd_sev_snp": "",
                "core_count": 1,
                "threads_per_core": 2
              }
            ],
            "credit_specification": [
              {
                "cpu_credits": "unlimited"
              }
            ],
            "disable_api_stop": false,
            "disable_api_termination": false,
            "ebs_block_device": [],
            "ebs_optimized": false,
            "enable_primary_ipv6": null,
            "enclave_options": [
              {
                "enabled": false
              }
            ],
            "ephemeral_block_device": [],
            "force_destroy": false,
            "get_password_data": false,
            "hibernation": false,
            "host_id": "",
            "host_resource_group_arn": null,
            "iam_instance_profile": "learn-tf-aws-vpc-ssm-profile",
            "id": "i-015da3cbd9c7e9291",
            "instance_initiated_shutdown_behavior": "stop",
            "instance_lifecycle": "",
            "instance_market_options": [],
            "instance_state": "running",
            "instance_type": "t3.small",
            "ipv6_address_count": 0,
            "ipv6_addresses": [],
            "key_name": "",
            "launch_template": [],
            "maintenance_options": [
              {
                "auto_recovery": "default"
              }
            ],
            "metadata_options": [
              {
                "http_endpoint": "enabled",
                "http_protocol_ipv6": "disabled",
                "http_put_response_hop_limit": 1,
                "http_tokens": "optional",
                "instance_metadata_tags": "disabled"
              }
            ],
            "monitoring": false,
            "network_interface": [],
            "outpost_arn": "",
            "password_data": "",
            "placement_group": "",
            "placement_group_id": "",
            "placement_partition_number": 0,
            "primary_network_interface": [
              {
                "delete_on_termination": true,
                "network_interface_id": "eni-0acf36448af5bfa2a"
              }
            ],
            "primary_network_interface_id": "eni-0acf36448af5bfa2a",
            "private_dns": "ip-172-16-1-141.ec2.internal",
            "private_dns_name_options": [
              {
                "enable_resource_name_dns_a_record": false,
                "enable_resource_name_dns_aaaa_record": false,
                "hostname_type": "ip-name"
              }
            ],
            "private_ip": "172.16.1.141",
            "public_dns": "ec2-3-227-245-242.compute-1.amazonaws.com",
            "public_ip": "3.227.245.242",
            "region": "us-east-1",
            "root_block_device": [
              {
                "delete_on_termination": true,
                "device_name": "/dev/sda1",
                "encrypted": false,
                "iops": 100,
                "kms_key_id": "",
                "tags": {},
                "tags_all": {},
                "throughput": 0,
                "volume_id": "vol-017dadf2b10576f97",
                "volume_size": 30,
                "volume_type": "gp2"
              }
            ],
            "secondary_private_ips": [],
            "security_groups": [],
            "source_dest_check": true,
            "spot_instance_request_id": "",
            "subnet_id": "subnet-08ad33bf42c269bbf",
            "tags": {
              "Name": "learn-tf-aws-vpc-client-2016",
              "OS": "Windows Server 2016",
              "Role": "Client"
            },
            "tags_all": {
              "Name": "learn-tf-aws-vpc-client-2016",
              "OS": "Windows Server 2016",
              "Role": "Client"
            },
            "tenancy": "default",
            "timeouts": null,
            "user_data": "\u003cpowershell\u003e\n      \n# Set WSUS server URL\nSet-ItemProperty -Path \"HKLM:\\SOFTWARE\\Policies\\Microsoft\\Windows\\WindowsUpdate\" -Name \"WUServer\" -Value \"http://wsus.davidawcloudsecurity.com:8530\" -Force\nSet-ItemProperty -Path \"HKLM:\\SOFTWARE\\Policies\\Microsoft\\Windows\\WindowsUpdate\" -Name \"WUStatusServer\" -Value \"http://wsus.davidawcloudsecurity.com:8530\" -Force\n    \n# Enable WSUS\nSet-ItemProperty -Path \"HKLM:\\SOFTWARE\\Policies\\Microsoft\\Windows\\WindowsUpdate\\AU\" -Name \"UseWUServer\" -Value 1 -Force\n    \n# Configure automatic updates\nSet-ItemProperty -Path \"HKLM:\\SOFTWARE\\Policies\\Microsoft\\Windows\\WindowsUpdate\\AU\" -Name \"AUOptions\" -Value 4 -Force\nSet-ItemProperty -Path \"HKLM:\\SOFTWARE\\Policies\\Microsoft\\Windows\\WindowsUpdate\\AU\" -Name \"ScheduledInstallDay\" -Value 0 -Force\nSet-ItemProperty -Path \"HKLM:\\SOFTWARE\\Policies\\Microsoft\\Windows\\WindowsUpdate\\AU\" -Name \"ScheduledInstallTime\" -Value 3 -Force\n    \n# Restart Windows Update service\nRestart-Service wuauserv\n\u003c/powershell\u003e\n",
            "user_data_base64": null,
            "user_data_replace_on_change": false,
            "volume_tags": null,
            "vpc_security_group_ids": [
              "sg-0872618e961e0bca8"
            ]
          },
          "sensitive_attributes": [],
          "identity_schema_version": 0,
          "identity": {
            "account_id": "233812220516",
            "id": "i-015da3cbd9c7e9291",
            "region": "us-east-1"
          },
          "private": "eyJlMmJmYjczMC1lY2FhLTExZTYtOGY4OC0zNDM2M2JjN2M0YzAiOnsiY3JlYXRlIjo2MDAwMDAwMDAwMDAsImRlbGV0ZSI6MTIwMDAwMDAwMDAwMCwicmVhZCI6OTAwMDAwMDAwMDAwLCJ1cGRhdGUiOjYwMDAwMDAwMDAwMH0sInNjaGVtYV92ZXJzaW9uIjoiMiJ9",
          "dependencies": [
            "aws_iam_instance_profile.ssm_profile",
            "aws_iam_role.ssm_role",
            "aws_instance.wsus_server_2019",
            "aws_route53_record.wsus",
            "aws_route53_zone.private",
            "aws_security_group.windows_sg",
            "aws_subnet.public_subnet_01",
            "aws_vpc.demo_main_vpc",
            "data.aws_ami.windows_2019",
            "data.aws_iam_instance_profile.existing_ssm_profile",
            "data.aws_instance.existing_wsus",
            "data.aws_route53_zone.existing_private",
            "data.aws_security_group.existing_windows_sg",
            "data.aws_subnets.existing_public",
            "data.aws_vpc.existing",
            "data.aws_vpc.existing_vpc"
          ]
        }
      ]
    },
    {
      "mode": "managed",
      "type": "aws_instance",
      "name": "wsus_server_2019",
      "provider": "provider[\"registry.terraform.io/hashicorp/aws\"]",
      "instances": [
        {
          "index_key": 0,
          "schema_version": 2,
          "attributes": {
            "ami": "ami-0f73246b6299f4858",
            "arn": "arn:aws:ec2:us-east-1:233812220516:instance/i-0bea7ea565c0dccba",
            "associate_public_ip_address": true,
            "availability_zone": "us-east-1a",
            "capacity_reservation_specification": [
              {
                "capacity_reservation_preference": "open",
                "capacity_reservation_target": []
              }
            ],
            "cpu_options": [
              {
                "amd_sev_snp": "",
                "core_count": 1,
                "threads_per_core": 2
              }
            ],
            "credit_specification": [
              {
                "cpu_credits": "unlimited"
              }
            ],
            "disable_api_stop": false,
            "disable_api_termination": false,
            "ebs_block_device": [],
            "ebs_optimized": false,
            "enable_primary_ipv6": null,
            "enclave_options": [
              {
                "enabled": false
              }
            ],
            "ephemeral_block_device": [],
            "force_destroy": false,
            "get_password_data": false,
            "hibernation": false,
            "host_id": "",
            "host_resource_group_arn": null,
            "iam_instance_profile": "learn-tf-aws-vpc-ssm-profile",
            "id": "i-0bea7ea565c0dccba",
            "instance_initiated_shutdown_behavior": "stop",
            "instance_lifecycle": "",
            "instance_market_options": [],
            "instance_state": "running",
            "instance_type": "t3.medium",
            "ipv6_address_count": 0,
            "ipv6_addresses": [],
            "key_name": "",
            "launch_template": [],
            "maintenance_options": [
              {
                "auto_recovery": "default"
              }
            ],
            "metadata_options": [
              {
                "http_endpoint": "enabled",
                "http_protocol_ipv6": "disabled",
                "http_put_response_hop_limit": 1,
                "http_tokens": "optional",
                "instance_metadata_tags": "disabled"
              }
            ],
            "monitoring": false,
            "network_interface": [],
            "outpost_arn": "",
            "password_data": "",
            "placement_group": "",
            "placement_group_id": "",
            "placement_partition_number": 0,
            "primary_network_interface": [
              {
                "delete_on_termination": true,
                "network_interface_id": "eni-02eafd98e8b75e88c"
              }
            ],
            "primary_network_interface_id": "eni-02eafd98e8b75e88c",
            "private_dns": "ip-172-16-1-125.ec2.internal",
            "private_dns_name_options": [
              {
                "enable_resource_name_dns_a_record": false,
                "enable_resource_name_dns_aaaa_record": false,
                "hostname_type": "ip-name"
              }
            ],
            "private_ip": "172.16.1.125",
            "public_dns": "ec2-44-211-55-25.compute-1.amazonaws.com",
            "public_ip": "44.211.55.25",
            "region": "us-east-1",
            "root_block_device": [
              {
                "delete_on_termination": true,
                "device_name": "/dev/sda1",
                "encrypted": false,
                "iops": 100,
                "kms_key_id": "",
                "tags": {},
                "tags_all": {},
                "throughput": 0,
                "volume_id": "vol-0863efc41f701a2dc",
                "volume_size": 30,
                "volume_type": "gp2"
              }
            ],
            "secondary_private_ips": [],
            "security_groups": [],
            "source_dest_check": true,
            "spot_instance_request_id": "",
            "subnet_id": "subnet-08ad33bf42c269bbf",
            "tags": {
              "Name": "learn-tf-aws-vpc-wsus-2019",
              "OS": "Windows Server 2019",
              "Role": "WSUS"
            },
            "tags_all": {
              "Name": "learn-tf-aws-vpc-wsus-2019",
              "OS": "Windows Server 2019",
              "Role": "WSUS"
            },
            "tenancy": "default",
            "timeouts": null,
            "user_data": "\u003cscript\u003e\nnet user ec2-user P@ssw0rd123! /add /fullname:\"EC2 User\" /comment:\"Local admin user\"\nnet localgroup administrators ec2-user /add\nmkdir C:\\WSUS\\WsusContent\ncd C:\\WSUS\\WsusContent\ncurl -LO https://catalog.s.download.windowsupdate.com/c/msdownload/update/software/secu/2025/11/windows10.0-kb5068791-x64_a8b1b1b6c7b6b673c5a5f32772749eb2bb80c88b.msu\n\u003c/script\u003e\n\u003cpowershell\u003e    \n# Install WSUS role\nInstall-WindowsFeature -Name UpdateServices -IncludeManagementTools\n    \n# Create WSUS content directory\nNew-Item -Path \"C:\\WSUS\" -ItemType Directory -Force\n    \n# Configure WSUS using PowerShell cmdlets instead of wsusutil\nImport-Module UpdateServices\n    \n# Initialize WSUS configuration\n$wsusConfig = Get-WsusServer\n$wsusConfig.Configuration.SetContentPath(\"C:\\WSUS\")\n$wsusConfig.Configuration.Save()\n    \n# Start WSUS services\nStart-Service WsusService\nSet-Service WsusService -StartupType Automatic\n    \n# Configure Windows Firewall\nNew-NetFirewallRule -DisplayName \"WSUS HTTP\" -Direction Inbound -Protocol TCP -LocalPort 8530 -Action Allow\nNew-NetFirewallRule -DisplayName \"WSUS HTTPS\" -Direction Inbound -Protocol TCP -LocalPort 8531 -Action Allow\n\u003c/powershell\u003e\n",
            "user_data_base64": null,
            "user_data_replace_on_change": false,
            "volume_tags": null,
            "vpc_security_group_ids": [
              "sg-0872618e961e0bca8"
            ]
          },
          "sensitive_attributes": [],
          "identity_schema_version": 0,
          "identity": {
            "account_id": "233812220516",
            "id": "i-0bea7ea565c0dccba",
            "region": "us-east-1"
          },
          "private": "eyJlMmJmYjczMC1lY2FhLTExZTYtOGY4OC0zNDM2M2JjN2M0YzAiOnsiY3JlYXRlIjo2MDAwMDAwMDAwMDAsImRlbGV0ZSI6MTIwMDAwMDAwMDAwMCwicmVhZCI6OTAwMDAwMDAwMDAwLCJ1cGRhdGUiOjYwMDAwMDAwMDAwMH0sInNjaGVtYV92ZXJzaW9uIjoiMiJ9",
          "dependencies": [
            "aws_iam_instance_profile.ssm_profile",
            "aws_iam_role.ssm_role",
            "aws_security_group.windows_sg",
            "aws_subnet.public_subnet_01",
            "aws_vpc.demo_main_vpc",
            "data.aws_ami.windows_2019",
            "data.aws_iam_instance_profile.existing_ssm_profile",
            "data.aws_security_group.existing_windows_sg",
            "data.aws_subnets.existing_public",
            "data.aws_vpc.existing",
            "data.aws_vpc.existing_vpc"
          ]
        }
      ]
    },
    {
      "mode": "managed",
      "type": "aws_internet_gateway",
      "name": "demo_igw",
      "provider": "provider[\"registry.terraform.io/hashicorp/aws\"]",
      "instances": [
        {
          "index_key": 0,
          "schema_version": 0,
          "attributes": {
            "arn": "arn:aws:ec2:us-east-1:233812220516:internet-gateway/igw-0d492b67ca8644aba",
            "id": "igw-0d492b67ca8644aba",
            "owner_id": "233812220516",
            "region": "us-east-1",
            "tags": {
              "Name": "learn-tf-aws-vpc-igw"
            },
            "tags_all": {
              "Name": "learn-tf-aws-vpc-igw"
            },
            "timeouts": null,
            "vpc_id": "vpc-064c3a979c0d5ae82"
          },
          "sensitive_attributes": [],
          "identity_schema_version": 0,
          "private": "eyJlMmJmYjczMC1lY2FhLTExZTYtOGY4OC0zNDM2M2JjN2M0YzAiOnsiY3JlYXRlIjoxMjAwMDAwMDAwMDAwLCJkZWxldGUiOjEyMDAwMDAwMDAwMDAsInVwZGF0ZSI6MTIwMDAwMDAwMDAwMH19",
          "dependencies": [
            "aws_vpc.demo_main_vpc"
          ]
        }
      ]
    },
    {
      "mode": "managed",
      "type": "aws_route53_record",
      "name": "wsus",
      "provider": "provider[\"registry.terraform.io/hashicorp/aws\"]",
      "instances": [
        {
          "index_key": 0,
          "schema_version": 2,
          "attributes": {
            "alias": [],
            "allow_overwrite": null,
            "cidr_routing_policy": [],
            "failover_routing_policy": [],
            "fqdn": "wsus.davidawcloudsecurity.com",
            "geolocation_routing_policy": [],
            "geoproximity_routing_policy": [],
            "health_check_id": "",
            "id": "Z05593542393QZ75JHU96_wsus.davidawcloudsecurity.com_A",
            "latency_routing_policy": [],
            "multivalue_answer_routing_policy": false,
            "name": "wsus.davidawcloudsecurity.com",
            "records": [
              "172.16.1.125"
            ],
            "set_identifier": "",
            "timeouts": null,
            "ttl": 300,
            "type": "A",
            "weighted_routing_policy": [],
            "zone_id": "Z05593542393QZ75JHU96"
          },
          "sensitive_attributes": [],
          "identity_schema_version": 0,
          "identity": {
            "account_id": "233812220516",
            "name": "wsus.davidawcloudsecurity.com",
            "set_identifier": null,
            "type": "A",
            "zone_id": "Z05593542393QZ75JHU96"
          },
          "private": "eyJlMmJmYjczMC1lY2FhLTExZTYtOGY4OC0zNDM2M2JjN2M0YzAiOnsiY3JlYXRlIjoxODAwMDAwMDAwMDAwLCJkZWxldGUiOjE4MDAwMDAwMDAwMDAsInVwZGF0ZSI6MTgwMDAwMDAwMDAwMH0sInNjaGVtYV92ZXJzaW9uIjoiMiJ9",
          "dependencies": [
            "aws_iam_instance_profile.ssm_profile",
            "aws_iam_role.ssm_role",
            "aws_instance.wsus_server_2019",
            "aws_route53_zone.private",
            "aws_security_group.windows_sg",
            "aws_subnet.public_subnet_01",
            "aws_vpc.demo_main_vpc",
            "data.aws_ami.windows_2019",
            "data.aws_iam_instance_profile.existing_ssm_profile",
            "data.aws_instance.existing_wsus",
            "data.aws_route53_zone.existing_private",
            "data.aws_security_group.existing_windows_sg",
            "data.aws_subnets.existing_public",
            "data.aws_vpc.existing",
            "data.aws_vpc.existing_vpc"
          ]
        }
      ]
    },
    {
      "mode": "managed",
      "type": "aws_route53_zone",
      "name": "private",
      "provider": "provider[\"registry.terraform.io/hashicorp/aws\"]",
      "instances": [
        {
          "index_key": 0,
          "schema_version": 0,
          "attributes": {
            "arn": "arn:aws:route53:::hostedzone/Z05593542393QZ75JHU96",
            "comment": "Managed by Terraform",
            "delegation_set_id": "",
            "enable_accelerated_recovery": false,
            "force_destroy": false,
            "id": "Z05593542393QZ75JHU96",
            "name": "davidawcloudsecurity.com",
            "name_servers": [
              "ns-0.awsdns-00.com.",
              "ns-1024.awsdns-00.org.",
              "ns-1536.awsdns-00.co.uk.",
              "ns-512.awsdns-00.net."
            ],
            "primary_name_server": "ns-0.awsdns-00.com.",
            "tags": {
              "Name": "learn-tf-aws-vpc-private-zone"
            },
            "tags_all": {
              "Name": "learn-tf-aws-vpc-private-zone"
            },
            "timeouts": null,
            "vpc": [
              {
                "vpc_id": "vpc-064c3a979c0d5ae82",
                "vpc_region": "us-east-1"
              }
            ],
            "zone_id": "Z05593542393QZ75JHU96"
          },
          "sensitive_attributes": [],
          "identity_schema_version": 0,
          "private": "eyJlMmJmYjczMC1lY2FhLTExZTYtOGY4OC0zNDM2M2JjN2M0YzAiOnsiY3JlYXRlIjoxODAwMDAwMDAwMDAwLCJkZWxldGUiOjE4MDAwMDAwMDAwMDAsInVwZGF0ZSI6MTgwMDAwMDAwMDAwMH19",
          "dependencies": [
            "aws_vpc.demo_main_vpc",
            "data.aws_vpc.existing"
          ]
        }
      ]
    },
    {
      "mode": "managed",
      "type": "aws_route_table",
      "name": "public_rt",
      "provider": "provider[\"registry.terraform.io/hashicorp/aws\"]",
      "instances": [
        {
          "index_key": 0,
          "schema_version": 0,
          "attributes": {
            "arn": "arn:aws:ec2:us-east-1:233812220516:route-table/rtb-0d2cab88e748b5590",
            "id": "rtb-0d2cab88e748b5590",
            "owner_id": "233812220516",
            "propagating_vgws": [],
            "region": "us-east-1",
            "route": [
              {
                "carrier_gateway_id": "",
                "cidr_block": "0.0.0.0/0",
                "core_network_arn": "",
                "destination_prefix_list_id": "",
                "egress_only_gateway_id": "",
                "gateway_id": "igw-0d492b67ca8644aba",
                "ipv6_cidr_block": "",
                "local_gateway_id": "",
                "nat_gateway_id": "",
                "network_interface_id": "",
                "transit_gateway_id": "",
                "vpc_endpoint_id": "",
                "vpc_peering_connection_id": ""
              }
            ],
            "tags": {
              "Name": "learn-tf-aws-vpc-public-rt"
            },
            "tags_all": {
              "Name": "learn-tf-aws-vpc-public-rt"
            },
            "timeouts": null,
            "vpc_id": "vpc-064c3a979c0d5ae82"
          },
          "sensitive_attributes": [],
          "identity_schema_version": 0,
          "identity": {
            "account_id": "233812220516",
            "id": "rtb-0d2cab88e748b5590",
            "region": "us-east-1"
          },
          "private": "eyJlMmJmYjczMC1lY2FhLTExZTYtOGY4OC0zNDM2M2JjN2M0YzAiOnsiY3JlYXRlIjozMDAwMDAwMDAwMDAsImRlbGV0ZSI6MzAwMDAwMDAwMDAwLCJ1cGRhdGUiOjEyMDAwMDAwMDAwMH19",
          "dependencies": [
            "aws_internet_gateway.demo_igw",
            "aws_vpc.demo_main_vpc"
          ]
        }
      ]
    },
    {
      "mode": "managed",
      "type": "aws_route_table_association",
      "name": "public_rta",
      "provider": "provider[\"registry.terraform.io/hashicorp/aws\"]",
      "instances": [
        {
          "index_key": 0,
          "schema_version": 0,
          "attributes": {
            "gateway_id": "",
            "id": "rtbassoc-09dac0b0a251b96a7",
            "region": "us-east-1",
            "route_table_id": "rtb-0d2cab88e748b5590",
            "subnet_id": "subnet-08ad33bf42c269bbf",
            "timeouts": null
          },
          "sensitive_attributes": [],
          "identity_schema_version": 0,
          "private": "eyJlMmJmYjczMC1lY2FhLTExZTYtOGY4OC0zNDM2M2JjN2M0YzAiOnsiY3JlYXRlIjozMDAwMDAwMDAwMDAsImRlbGV0ZSI6MzAwMDAwMDAwMDAwLCJ1cGRhdGUiOjEyMDAwMDAwMDAwMH19",
          "dependencies": [
            "aws_internet_gateway.demo_igw",
            "aws_route_table.public_rt",
            "aws_subnet.public_subnet_01",
            "aws_vpc.demo_main_vpc"
          ]
        }
      ]
    },
    {
      "mode": "managed",
      "type": "aws_security_group",
      "name": "windows_sg",
      "provider": "provider[\"registry.terraform.io/hashicorp/aws\"]",
      "instances": [
        {
          "index_key": 0,
          "schema_version": 1,
          "attributes": {
            "arn": "arn:aws:ec2:us-east-1:233812220516:security-group/sg-0872618e961e0bca8",
            "description": "Security group for Windows EC2 instances",
            "egress": [
              {
                "cidr_blocks": [
                  "0.0.0.0/0"
                ],
                "description": "",
                "from_port": 0,
                "ipv6_cidr_blocks": [],
                "prefix_list_ids": [],
                "protocol": "-1",
                "security_groups": [],
                "self": false,
                "to_port": 0
              }
            ],
            "id": "sg-0872618e961e0bca8",
            "ingress": [
              {
                "cidr_blocks": [
                  "0.0.0.0/0"
                ],
                "description": "",
                "from_port": 3389,
                "ipv6_cidr_blocks": [],
                "prefix_list_ids": [],
                "protocol": "tcp",
                "security_groups": [],
                "self": false,
                "to_port": 3389
              },
              {
                "cidr_blocks": [
                  "172.16.0.0/16"
                ],
                "description": "",
                "from_port": 8530,
                "ipv6_cidr_blocks": [],
                "prefix_list_ids": [],
                "protocol": "tcp",
                "security_groups": [],
                "self": false,
                "to_port": 8531
              }
            ],
            "name": "windows-instances-sg",
            "name_prefix": "",
            "owner_id": "233812220516",
            "region": "us-east-1",
            "revoke_rules_on_delete": false,
            "tags": {
              "Name": "learn-tf-aws-vpc-windows-sg"
            },
            "tags_all": {
              "Name": "learn-tf-aws-vpc-windows-sg"
            },
            "timeouts": null,
            "vpc_id": "vpc-064c3a979c0d5ae82"
          },
          "sensitive_attributes": [],
          "identity_schema_version": 0,
          "identity": {
            "account_id": "233812220516",
            "id": "sg-0872618e961e0bca8",
            "region": "us-east-1"
          },
          "private": "eyJlMmJmYjczMC1lY2FhLTExZTYtOGY4OC0zNDM2M2JjN2M0YzAiOnsiY3JlYXRlIjo2MDAwMDAwMDAwMDAsImRlbGV0ZSI6OTAwMDAwMDAwMDAwfSwic2NoZW1hX3ZlcnNpb24iOiIxIn0=",
          "dependencies": [
            "aws_vpc.demo_main_vpc",
            "data.aws_vpc.existing_vpc"
          ]
        }
      ]
    },
    {
      "mode": "managed",
      "type": "aws_subnet",
      "name": "private_subnet_01",
      "provider": "provider[\"registry.terraform.io/hashicorp/aws\"]",
      "instances": [
        {
          "index_key": 0,
          "schema_version": 1,
          "attributes": {
            "arn": "arn:aws:ec2:us-east-1:233812220516:subnet/subnet-03daa608cbe1dd3b5",
            "assign_ipv6_address_on_creation": false,
            "availability_zone": "us-east-1a",
            "availability_zone_id": "use1-az1",
            "cidr_block": "172.16.2.0/24",
            "customer_owned_ipv4_pool": "",
            "enable_dns64": false,
            "enable_lni_at_device_index": 0,
            "enable_resource_name_dns_a_record_on_launch": false,
            "enable_resource_name_dns_aaaa_record_on_launch": false,
            "id": "subnet-03daa608cbe1dd3b5",
            "ipv6_cidr_block": "",
            "ipv6_cidr_block_association_id": "",
            "ipv6_native": false,
            "map_customer_owned_ip_on_launch": false,
            "map_public_ip_on_launch": false,
            "outpost_arn": "",
            "owner_id": "233812220516",
            "private_dns_hostname_type_on_launch": "ip-name",
            "region": "us-east-1",
            "tags": {
              "Name": "learn-tf-aws-vpc-pv-sub-01"
            },
            "tags_all": {
              "Name": "learn-tf-aws-vpc-pv-sub-01"
            },
            "timeouts": null,
            "vpc_id": "vpc-064c3a979c0d5ae82"
          },
          "sensitive_attributes": [],
          "identity_schema_version": 0,
          "identity": {
            "account_id": "233812220516",
            "id": "subnet-03daa608cbe1dd3b5",
            "region": "us-east-1"
          },
          "private": "eyJlMmJmYjczMC1lY2FhLTExZTYtOGY4OC0zNDM2M2JjN2M0YzAiOnsiY3JlYXRlIjo2MDAwMDAwMDAwMDAsImRlbGV0ZSI6MTIwMDAwMDAwMDAwMH0sInNjaGVtYV92ZXJzaW9uIjoiMSJ9",
          "dependencies": [
            "aws_vpc.demo_main_vpc"
          ]
        }
      ]
    },
    {
      "mode": "managed",
      "type": "aws_subnet",
      "name": "public_subnet_01",
      "provider": "provider[\"registry.terraform.io/hashicorp/aws\"]",
      "instances": [
        {
          "index_key": 0,
          "schema_version": 1,
          "attributes": {
            "arn": "arn:aws:ec2:us-east-1:233812220516:subnet/subnet-08ad33bf42c269bbf",
            "assign_ipv6_address_on_creation": false,
            "availability_zone": "us-east-1a",
            "availability_zone_id": "use1-az1",
            "cidr_block": "172.16.1.0/24",
            "customer_owned_ipv4_pool": "",
            "enable_dns64": false,
            "enable_lni_at_device_index": 0,
            "enable_resource_name_dns_a_record_on_launch": false,
            "enable_resource_name_dns_aaaa_record_on_launch": false,
            "id": "subnet-08ad33bf42c269bbf",
            "ipv6_cidr_block": "",
            "ipv6_cidr_block_association_id": "",
            "ipv6_native": false,
            "map_customer_owned_ip_on_launch": false,
            "map_public_ip_on_launch": true,
            "outpost_arn": "",
            "owner_id": "233812220516",
            "private_dns_hostname_type_on_launch": "ip-name",
            "region": "us-east-1",
            "tags": {
              "Name": "learn-tf-aws-vpc-pb-sub-01"
            },
            "tags_all": {
              "Name": "learn-tf-aws-vpc-pb-sub-01"
            },
            "timeouts": null,
            "vpc_id": "vpc-064c3a979c0d5ae82"
          },
          "sensitive_attributes": [],
          "identity_schema_version": 0,
          "identity": {
            "account_id": "233812220516",
            "id": "subnet-08ad33bf42c269bbf",
            "region": "us-east-1"
          },
          "private": "eyJlMmJmYjczMC1lY2FhLTExZTYtOGY4OC0zNDM2M2JjN2M0YzAiOnsiY3JlYXRlIjo2MDAwMDAwMDAwMDAsImRlbGV0ZSI6MTIwMDAwMDAwMDAwMH0sInNjaGVtYV92ZXJzaW9uIjoiMSJ9",
          "dependencies": [
            "aws_vpc.demo_main_vpc"
          ]
        }
      ]
    },
    {
      "mode": "managed",
      "type": "aws_vpc",
      "name": "demo_main_vpc",
      "provider": "provider[\"registry.terraform.io/hashicorp/aws\"]",
      "instances": [
        {
          "index_key": 0,
          "schema_version": 1,
          "attributes": {
            "arn": "arn:aws:ec2:us-east-1:233812220516:vpc/vpc-064c3a979c0d5ae82",
            "assign_generated_ipv6_cidr_block": false,
            "cidr_block": "172.16.0.0/16",
            "default_network_acl_id": "acl-0a046c99c973242fa",
            "default_route_table_id": "rtb-07a3603faca746c02",
            "default_security_group_id": "sg-00295e8bc8c498067",
            "dhcp_options_id": "dopt-006ba0e931a575e3b",
            "enable_dns_hostnames": true,
            "enable_dns_support": true,
            "enable_network_address_usage_metrics": false,
            "id": "vpc-064c3a979c0d5ae82",
            "instance_tenancy": "default",
            "ipv4_ipam_pool_id": null,
            "ipv4_netmask_length": null,
            "ipv6_association_id": "",
            "ipv6_cidr_block": "",
            "ipv6_cidr_block_network_border_group": "",
            "ipv6_ipam_pool_id": "",
            "ipv6_netmask_length": 0,
            "main_route_table_id": "rtb-07a3603faca746c02",
            "owner_id": "233812220516",
            "region": "us-east-1",
            "tags": {
              "Name": "learn-tf-aws-vpc"
            },
            "tags_all": {
              "Name": "learn-tf-aws-vpc"
            }
          },
          "sensitive_attributes": [],
          "identity_schema_version": 0,
          "identity": {
            "account_id": "233812220516",
            "id": "vpc-064c3a979c0d5ae82",
            "region": "us-east-1"
          },
          "private": "eyJzY2hlbWFfdmVyc2lvbiI6IjEifQ=="
        }
      ]
    }
  ],
  "check_results": null
}
